{
  "version": 4,
  "terraform_version": "1.13.1",
  "serial": 114,
  "lineage": "ccbca980-454a-4ac3-00af-534bc61b706f",
  "outputs": {
    "site24x7_agent_token": {
      "value": "s24x7_at_5030234a3fac0b907387a18f2ead0ed72a1182726277e3ebeb95691c2dad789b",
      "type": "string",
      "sensitive": true
    },
    "site24x7_chaos_agent_status": {
      "value": {
        "cloud_provider": "aws",
        "cluster_name": "AIops-Cluster",
        "environment_id": "4ca8628f-4933-4be8-bbe9-c25ed8d35298",
        "namespace": "site24x7-labs",
        "platform": "kubernetes",
        "server": "204.168.155.117"
      },
      "type": [
        "object",
        {
          "cloud_provider": "string",
          "cluster_name": "string",
          "environment_id": "string",
          "namespace": "string",
          "platform": "string",
          "server": "string"
        }
      ]
    }
  },
  "resources": [
    {
      "mode": "data",
      "type": "aws_availability_zones",
      "name": "available",
      "provider": "provider[\"registry.terraform.io/hashicorp/aws\"]",
      "instances": [
        {
          "index_key": 0,
          "schema_version": 0,
          "attributes": {
            "all_availability_zones": null,
            "exclude_names": null,
            "exclude_zone_ids": null,
            "filter": null,
            "group_names": [
              "us-east-2-zg-1"
            ],
            "id": "us-east-2",
            "names": [
              "us-east-2a",
              "us-east-2b",
              "us-east-2c"
            ],
            "state": "available",
            "timeouts": null,
            "zone_ids": [
              "use2-az1",
              "use2-az2",
              "use2-az3"
            ]
          },
          "sensitive_attributes": [],
          "identity_schema_version": 0
        }
      ]
    },
    {
      "mode": "data",
      "type": "external",
      "name": "site24x7_token",
      "provider": "provider[\"registry.terraform.io/hashicorp/external\"]",
      "instances": [
        {
          "index_key": 0,
          "schema_version": 0,
          "attributes": {
            "id": "-",
            "program": [
              "powershell",
              "-NoProfile",
              "-Command",
              "$body = @{\n  grant_type    = 'refresh_token'\n  client_id     = $env:SITE24X7_CLIENT_ID\n  client_secret = $env:SITE24X7_CLIENT_SECRET\n  refresh_token = $env:SITE24X7_REFRESH_TOKEN\n}\n$response = Invoke-RestMethod -Uri 'https://accounts.zoho.eu/oauth/v2/token' -Method POST -Body $body\n@{ access_token = $response.access_token } | ConvertTo-Json -Compress\n"
            ],
            "query": null,
            "result": {
              "access_token": "1000.b60d891b4f2ad9f560ba06e3c72958e5.5a7f7b6de135fe3717fa5e7176bf0ea9"
            },
            "working_dir": null
          },
          "sensitive_attributes": [],
          "identity_schema_version": 0
        }
      ]
    },
    {
      "mode": "data",
      "type": "http",
      "name": "apm_apps",
      "provider": "provider[\"registry.terraform.io/hashicorp/http\"]",
      "instances": [
        {
          "index_key": 0,
          "schema_version": 0,
          "attributes": {
            "body": "{\"code\":0,\"message\":\"success\",\"data\":[{\"availability_health_info\":{\"last_communication_time\":\"1775129054957\",\"status_change_time\":\"-1\",\"managed_state\":true,\"under_maintenance\":false,\"availability_url\":\"/home/reportsinfo.do?execute=getDetailsPageReport\u0026period=3\u0026reporttype=LocationDownReport\u0026urlid=91282000000009010\",\"health\":\"\",\"availability\":\"AVAILABLE\",\"status_reason\":\"\",\"has_health_attribute\":false,\"health_url\":\"\",\"status\":1},\"show_instance_port_number\":true,\"app_config\":{\"rumInjectionAllowed\":false,\"is_cloud_app\":true,\"autoScale\":false},\"count\":\"10\",\"application_info\":{\"application_name\":\"zylkerkart-common-data-service\",\"instance_ids\":[\"91282000000010171\",\"91282000000009435\",\"91282000000009370\",\"91282000000059161\",\"91282000000010197\",\"91282000000059187\",\"91282000000009396\",\"91282000000010184\",\"91282000000009448\",\"91282000000009067\",\"91282000000009422\",\"91282000000009409\",\"91282000000059174\",\"91282000000009024\",\"91282000000009383\"],\"host_license_applied_instances\":{},\"instances\":{\"91282000000010171\":{\"instance_name\":\"Instance_6\",\"ip_address\":\"192.168.12.38\",\"service_version\":\"0.0\",\"server_id\":\"-1\",\"application_id\":\"91282000000009010\",\"host_id\":\"0\",\"agent_version\":7.5,\"instance_id\":\"91282000000010171\",\"application_name\":\"zylkerkart-common-data-service\",\"cloud_type\":\"DOCKER\",\"port\":8080,\"is_cloud_ins\":true,\"host\":\"common-data-service-977cbcbf6-gjgzn\",\"vm_host\":\"\",\"ins_type\":\"JAVA\",\"agent_version_info\":\"7.5.0\",\"host_license\":false},\"91282000000009435\":{\"instance_name\":\"Instance_13\",\"ip_address\":\"192.168.6.45\",\"service_version\":\"0.0\",\"server_id\":\"-1\",\"application_id\":\"91282000000009010\",\"host_id\":\"0\",\"agent_version\":7.5,\"instance_id\":\"91282000000009435\",\"application_name\":\"zylkerkart-common-data-service\",\"cloud_type\":\"DOCKER\",\"port\":8080,\"is_cloud_ins\":true,\"host\":\"common-data-service-977cbcbf6-nzsk5\",\"vm_host\":\"\",\"ins_type\":\"JAVA\",\"agent_version_info\":\"7.5.0\",\"host_license\":false},\"91282000000009370\":{\"instance_name\":\"Instance_3\",\"ip_address\":\"192.168.40.69\",\"service_version\":\"0.0\",\"server_id\":\"-1\",\"application_id\":\"91282000000009010\",\"host_id\":\"0\",\"agent_version\":7.5,\"instance_id\":\"91282000000009370\",\"application_name\":\"zylkerkart-common-data-service\",\"cloud_type\":\"DOCKER\",\"port\":8080,\"is_cloud_ins\":true,\"host\":\"common-data-service-869b8d7554-5hnmw\",\"vm_host\":\"\",\"ins_type\":\"JAVA\",\"agent_version_info\":\"7.5.0\",\"host_license\":false},\"91282000000059161\":{\"instance_name\":\"Instance_10\",\"ip_address\":\"192.168.19.61\",\"service_version\":\"0.0\",\"server_id\":\"-1\",\"application_id\":\"91282000000009010\",\"host_id\":\"0\",\"agent_version\":7.5,\"instance_id\":\"91282000000059161\",\"application_name\":\"zylkerkart-common-data-service\",\"cloud_type\":\"DOCKER\",\"port\":8080,\"is_cloud_ins\":true,\"host\":\"common-data-service-77db7f86d6-v6d22\",\"vm_host\":\"\",\"ins_type\":\"JAVA\",\"agent_version_info\":\"7.5.0\",\"host_license\":false},\"91282000000010197\":{\"instance_name\":\"Instance_8\",\"ip_address\":\"192.168.19.61\",\"service_version\":\"0.0\",\"server_id\":\"-1\",\"application_id\":\"91282000000009010\",\"host_id\":\"0\",\"agent_version\":7.5,\"instance_id\":\"91282000000010197\",\"application_name\":\"zylkerkart-common-data-service\",\"cloud_type\":\"DOCKER\",\"port\":8080,\"is_cloud_ins\":true,\"host\":\"common-data-service-869b8d7554-h8lh7\",\"vm_host\":\"\",\"ins_type\":\"JAVA\",\"agent_version_info\":\"7.5.0\",\"host_license\":false},\"91282000000059187\":{\"instance_name\":\"Instance_14\",\"ip_address\":\"192.168.41.142\",\"service_version\":\"0.0\",\"server_id\":\"-1\",\"application_id\":\"91282000000009010\",\"host_id\":\"0\",\"agent_version\":7.5,\"instance_id\":\"91282000000059187\",\"application_name\":\"zylkerkart-common-data-service\",\"cloud_type\":\"DOCKER\",\"port\":8080,\"is_cloud_ins\":true,\"host\":\"common-data-service-869b8d7554-nrtlj\",\"vm_host\":\"\",\"ins_type\":\"JAVA\",\"agent_version_info\":\"7.5.0\",\"host_license\":false},\"91282000000009396\":{\"instance_name\":\"Instance_5\",\"ip_address\":\"192.168.9.205\",\"service_version\":\"0.0\",\"server_id\":\"-1\",\"application_id\":\"91282000000009010\",\"host_id\":\"0\",\"agent_version\":7.5,\"instance_id\":\"91282000000009396\",\"application_name\":\"zylkerkart-common-data-service\",\"cloud_type\":\"DOCKER\",\"port\":8080,\"is_cloud_ins\":true,\"host\":\"common-data-service-869b8d7554-frmc5\",\"vm_host\":\"\",\"ins_type\":\"JAVA\",\"agent_version_info\":\"7.5.0\",\"host_license\":false},\"91282000000010184\":{\"instance_name\":\"Instance_7\",\"ip_address\":\"192.168.59.151\",\"service_version\":\"0.0\",\"server_id\":\"-1\",\"application_id\":\"91282000000009010\",\"host_id\":\"0\",\"agent_version\":7.5,\"instance_id\":\"91282000000010184\",\"application_name\":\"zylkerkart-common-data-service\",\"cloud_type\":\"DOCKER\",\"port\":8080,\"is_cloud_ins\":true,\"host\":\"common-data-service-977cbcbf6-vnb45\",\"vm_host\":\"\",\"ins_type\":\"JAVA\",\"agent_version_info\":\"0\",\"host_license\":false},\"91282000000009448\":{\"instance_name\":\"Instance_15\",\"ip_address\":\"192.168.19.61\",\"service_version\":\"0.0\",\"server_id\":\"-1\",\"application_id\":\"91282000000009010\",\"host_id\":\"0\",\"agent_version\":7.5,\"instance_id\":\"91282000000009448\",\"application_name\":\"zylkerkart-common-data-service\",\"cloud_type\":\"DOCKER\",\"port\":8080,\"is_cloud_ins\":true,\"host\":\"common-data-service-869b8d7554-j7slt\",\"vm_host\":\"\",\"ins_type\":\"JAVA\",\"agent_version_info\":\"7.5.0\",\"host_license\":false},\"91282000000009067\":{\"instance_name\":\"Instance_2\",\"ip_address\":\"192.168.44.245\",\"service_version\":\"0.0\",\"server_id\":\"-1\",\"application_id\":\"91282000000009010\",\"host_id\":\"0\",\"agent_version\":7.5,\"instance_id\":\"91282000000009067\",\"application_name\":\"zylkerkart-common-data-service\",\"cloud_type\":\"DOCKER\",\"port\":8080,\"is_cloud_ins\":true,\"host\":\"common-data-service-977cbcbf6-q46zq\",\"vm_host\":\"\",\"ins_type\":\"JAVA\",\"agent_version_info\":\"7.5.0\",\"host_license\":false},\"91282000000009422\":{\"instance_name\":\"Instance_11\",\"ip_address\":\"192.168.59.151\",\"service_version\":\"0.0\",\"server_id\":\"-1\",\"application_id\":\"91282000000009010\",\"host_id\":\"0\",\"agent_version\":7.5,\"instance_id\":\"91282000000009422\",\"application_name\":\"zylkerkart-common-data-service\",\"cloud_type\":\"DOCKER\",\"port\":8080,\"is_cloud_ins\":true,\"host\":\"common-data-service-869b8d7554-2s2q8\",\"vm_host\":\"\",\"ins_type\":\"JAVA\",\"agent_version_info\":\"7.5.0\",\"host_license\":false},\"91282000000009409\":{\"instance_name\":\"Instance_9\",\"ip_address\":\"192.168.29.214\",\"service_version\":\"0.0\",\"server_id\":\"-1\",\"application_id\":\"91282000000009010\",\"host_id\":\"0\",\"agent_version\":7.5,\"instance_id\":\"91282000000009409\",\"application_name\":\"zylkerkart-common-data-service\",\"cloud_type\":\"DOCKER\",\"port\":8080,\"is_cloud_ins\":true,\"host\":\"common-data-service-869b8d7554-gkgmh\",\"vm_host\":\"\",\"ins_type\":\"JAVA\",\"agent_version_info\":\"7.5.0\",\"host_license\":false},\"91282000000059174\":{\"instance_name\":\"Instance_12\",\"ip_address\":\"192.168.19.61\",\"service_version\":\"0.0\",\"server_id\":\"-1\",\"application_id\":\"91282000000009010\",\"host_id\":\"0\",\"agent_version\":7.5,\"instance_id\":\"91282000000059174\",\"application_name\":\"zylkerkart-common-data-service\",\"cloud_type\":\"DOCKER\",\"port\":8080,\"is_cloud_ins\":true,\"host\":\"common-data-service-977cbcbf6-2fbs4\",\"vm_host\":\"\",\"ins_type\":\"JAVA\",\"agent_version_info\":\"7.5.0\",\"host_license\":false},\"91282000000009024\":{\"instance_name\":\"Instance_1\",\"ip_address\":\"192.168.12.38\",\"service_version\":\"0.0\",\"server_id\":\"-1\",\"application_id\":\"91282000000009010\",\"host_id\":\"0\",\"agent_version\":7.5,\"instance_id\":\"91282000000009024\",\"application_name\":\"zylkerkart-common-data-service\",\"cloud_type\":\"DOCKER\",\"port\":8080,\"is_cloud_ins\":true,\"host\":\"common-data-service-977cbcbf6-nzn5d\",\"vm_host\":\"\",\"ins_type\":\"JAVA\",\"agent_version_info\":\"7.5.0\",\"host_license\":false},\"91282000000009383\":{\"instance_name\":\"Instance_4\",\"ip_address\":\"192.168.8.249\",\"service_version\":\"0.0\",\"server_id\":\"-1\",\"application_id\":\"91282000000009010\",\"host_id\":\"0\",\"agent_version\":7.5,\"instance_id\":\"91282000000009383\",\"application_name\":\"zylkerkart-common-data-service\",\"cloud_type\":\"DOCKER\",\"port\":8080,\"is_cloud_ins\":true,\"host\":\"common-data-service-869b8d7554-2446l\",\"vm_host\":\"\",\"ins_type\":\"JAVA\",\"agent_version_info\":\"7.5.0\",\"host_license\":false}},\"hosts\":{\"common-data-service-977cbcbf6-gjgzn\":[\"91282000000010171\"],\"common-data-service-977cbcbf6-vnb45\":[\"91282000000010184\"],\"common-data-service-977cbcbf6-q46zq\":[\"91282000000009067\"],\"common-data-service-869b8d7554-2s2q8\":[\"91282000000009422\"],\"common-data-service-869b8d7554-nrtlj\":[\"91282000000059187\"],\"common-data-service-977cbcbf6-nzn5d\":[\"91282000000009024\"],\"common-data-service-977cbcbf6-nzsk5\":[\"91282000000009435\"],\"common-data-service-869b8d7554-2446l\":[\"91282000000009383\"],\"common-data-service-869b8d7554-frmc5\":[\"91282000000009396\"],\"common-data-service-869b8d7554-gkgmh\":[\"91282000000009409\"],\"common-data-service-77db7f86d6-v6d22\":[\"91282000000059161\"],\"common-data-service-977cbcbf6-2fbs4\":[\"91282000000059174\"],\"common-data-service-869b8d7554-5hnmw\":[\"91282000000009370\"],\"common-data-service-869b8d7554-j7slt\":[\"91282000000009448\"],\"common-data-service-869b8d7554-h8lh7\":[\"91282000000010197\"]},\"unmanaged_instance_count\":13,\"host_count\":15,\"managed_instance_count\":2,\"rum_info\":\"\",\"application_id\":\"91282000000009010\",\"instance_count\":15},\"cputime\":\"\",\"cpu_usage\":\"\",\"show_tls_warning\":false,\"tags\":[\"profile:dev\"]},{\"availability_health_info\":{\"last_communication_time\":\"1775129061799\",\"status_change_time\":\"-1\",\"managed_state\":true,\"under_maintenance\":false,\"availability_url\":\"/home/reportsinfo.do?execute=getDetailsPageReport\u0026period=3\u0026reporttype=LocationDownReport\u0026urlid=91282000000009097\",\"health\":\"\",\"availability\":\"AVAILABLE\",\"status_reason\":\"\",\"has_health_attribute\":false,\"health_url\":\"\",\"status\":1},\"show_instance_port_number\":true,\"app_config\":{\"rumInjectionAllowed\":false,\"is_cloud_app\":true,\"autoScale\":false},\"count\":\"10\",\"application_info\":{\"application_name\":\"zylkerkart-search-suggestion-service\",\"instance_ids\":[\"91282000000009529\",\"91282000000010250\",\"91282000000010237\",\"91282000000009357\",\"91282000000009516\",\"91282000000009568\",\"91282000000009555\",\"91282000000009109\",\"91282000000010263\",\"91282000000009542\"],\"host_license_applied_instances\":{},\"instances\":{\"91282000000009529\":{\"instance_name\":\"Instance_7\",\"ip_address\":\"192.168.7.154\",\"service_version\":\"0.0\",\"server_id\":\"-1\",\"application_id\":\"91282000000009097\",\"host_id\":\"0\",\"agent_version\":7.5,\"instance_id\":\"91282000000009529\",\"application_name\":\"zylkerkart-search-suggestion-service\",\"cloud_type\":\"DOCKER\",\"port\":8080,\"is_cloud_ins\":true,\"host\":\"search-suggestion-service-58bf4b5c85-22fc5\",\"vm_host\":\"\",\"ins_type\":\"JAVA\",\"agent_version_info\":\"0\",\"host_license\":false},\"91282000000010250\":{\"instance_name\":\"Instance_4\",\"ip_address\":\"192.168.59.151\",\"service_version\":\"0.0\",\"server_id\":\"-1\",\"application_id\":\"91282000000009097\",\"host_id\":\"0\",\"agent_version\":7.5,\"instance_id\":\"91282000000010250\",\"application_name\":\"zylkerkart-search-suggestion-service\",\"cloud_type\":\"DOCKER\",\"port\":8080,\"is_cloud_ins\":true,\"host\":\"search-suggestion-service-6777ffd845-8wg2p\",\"vm_host\":\"\",\"ins_type\":\"JAVA\",\"agent_version_info\":\"7.5.0\",\"host_license\":false},\"91282000000010237\":{\"instance_name\":\"Instance_3\",\"ip_address\":\"192.168.29.214\",\"service_version\":\"0.0\",\"server_id\":\"-1\",\"application_id\":\"91282000000009097\",\"host_id\":\"0\",\"agent_version\":7.5,\"instance_id\":\"91282000000010237\",\"application_name\":\"zylkerkart-search-suggestion-service\",\"cloud_type\":\"DOCKER\",\"port\":8080,\"is_cloud_ins\":true,\"host\":\"search-suggestion-service-58bf4b5c85-ffbh9\",\"vm_host\":\"\",\"ins_type\":\"JAVA\",\"agent_version_info\":\"7.5.0\",\"host_license\":false},\"91282000000009357\":{\"instance_name\":\"Instance_2\",\"ip_address\":\"192.168.29.124\",\"service_version\":\"0.0\",\"server_id\":\"-1\",\"application_id\":\"91282000000009097\",\"host_id\":\"0\",\"agent_version\":7.5,\"instance_id\":\"91282000000009357\",\"application_name\":\"zylkerkart-search-suggestion-service\",\"cloud_type\":\"DOCKER\",\"port\":8080,\"is_cloud_ins\":true,\"host\":\"search-suggestion-service-6dd75fd56d-8756r\",\"vm_host\":\"\",\"ins_type\":\"JAVA\",\"agent_version_info\":\"7.5.0\",\"host_license\":false},\"91282000000009516\":{\"instance_name\":\"Instance_6\",\"ip_address\":\"192.168.30.42\",\"service_version\":\"0.0\",\"server_id\":\"91282000000974077\",\"application_id\":\"91282000000009097\",\"host_id\":\"0\",\"agent_version\":7.5,\"instance_id\":\"91282000000009516\",\"application_name\":\"zylkerkart-search-suggestion-service\",\"cloud_type\":\"DOCKER\",\"port\":8080,\"is_cloud_ins\":true,\"host\":\"search-suggestion-service-6f666885d5-qxtgm\",\"vm_host\":\"\",\"ins_type\":\"JAVA\",\"agent_version_info\":\"7.5.0\",\"host_license\":false},\"91282000000009568\":{\"instance_name\":\"Instance_10\",\"ip_address\":\"192.168.2.12\",\"service_version\":\"0.0\",\"server_id\":\"-1\",\"application_id\":\"91282000000009097\",\"host_id\":\"0\",\"agent_version\":7.5,\"instance_id\":\"91282000000009568\",\"application_name\":\"zylkerkart-search-suggestion-service\",\"cloud_type\":\"DOCKER\",\"port\":8080,\"is_cloud_ins\":true,\"host\":\"search-suggestion-service-58bf4b5c85-7j6tl\",\"vm_host\":\"\",\"ins_type\":\"JAVA\",\"agent_version_info\":\"0\",\"host_license\":false},\"91282000000009555\":{\"instance_name\":\"Instance_9\",\"ip_address\":\"192.168.41.50\",\"service_version\":\"0.0\",\"server_id\":\"-1\",\"application_id\":\"91282000000009097\",\"host_id\":\"0\",\"agent_version\":7.5,\"instance_id\":\"91282000000009555\",\"application_name\":\"zylkerkart-search-suggestion-service\",\"cloud_type\":\"DOCKER\",\"port\":8080,\"is_cloud_ins\":true,\"host\":\"search-suggestion-service-58bf4b5c85-5dl4d\",\"vm_host\":\"\",\"ins_type\":\"JAVA\",\"agent_version_info\":\"0\",\"host_license\":false},\"91282000000009109\":{\"instance_name\":\"Instance_1\",\"ip_address\":\"192.168.41.50\",\"service_version\":\"0.0\",\"server_id\":\"-1\",\"application_id\":\"91282000000009097\",\"host_id\":\"0\",\"agent_version\":7.5,\"instance_id\":\"91282000000009109\",\"application_name\":\"zylkerkart-search-suggestion-service\",\"cloud_type\":\"DOCKER\",\"port\":8080,\"is_cloud_ins\":true,\"host\":\"search-suggestion-service-58bf4b5c85-6sdtz\",\"vm_host\":\"\",\"ins_type\":\"JAVA\",\"agent_version_info\":\"7.5.0\",\"host_license\":false},\"91282000000010263\":{\"instance_name\":\"Instance_5\",\"ip_address\":\"192.168.41.142\",\"service_version\":\"0.0\",\"server_id\":\"-1\",\"application_id\":\"91282000000009097\",\"host_id\":\"0\",\"agent_version\":7.5,\"instance_id\":\"91282000000010263\",\"application_name\":\"zylkerkart-search-suggestion-service\",\"cloud_type\":\"DOCKER\",\"port\":8080,\"is_cloud_ins\":true,\"host\":\"search-suggestion-service-58df955d7c-hc6gf\",\"vm_host\":\"\",\"ins_type\":\"JAVA\",\"agent_version_info\":\"7.5.0\",\"host_license\":false},\"91282000000009542\":{\"instance_name\":\"Instance_8\",\"ip_address\":\"192.168.44.245\",\"service_version\":\"0.0\",\"server_id\":\"-1\",\"application_id\":\"91282000000009097\",\"host_id\":\"0\",\"agent_version\":7.5,\"instance_id\":\"91282000000009542\",\"application_name\":\"zylkerkart-search-suggestion-service\",\"cloud_type\":\"DOCKER\",\"port\":8080,\"is_cloud_ins\":true,\"host\":\"search-suggestion-service-58bf4b5c85-fcstj\",\"vm_host\":\"\",\"ins_type\":\"JAVA\",\"agent_version_info\":\"0\",\"host_license\":false}},\"hosts\":{\"search-suggestion-service-58bf4b5c85-ffbh9\":[\"91282000000010237\"],\"search-suggestion-service-6dd75fd56d-8756r\":[\"91282000000009357\"],\"search-suggestion-service-58bf4b5c85-5dl4d\":[\"91282000000009555\"],\"search-suggestion-service-6f666885d5-qxtgm\":[\"91282000000009516\"],\"search-suggestion-service-58bf4b5c85-7j6tl\":[\"91282000000009568\"],\"search-suggestion-service-58bf4b5c85-6sdtz\":[\"91282000000009109\"],\"search-suggestion-service-58bf4b5c85-22fc5\":[\"91282000000009529\"],\"search-suggestion-service-58bf4b5c85-fcstj\":[\"91282000000009542\"],\"search-suggestion-service-58df955d7c-hc6gf\":[\"91282000000010263\"],\"search-suggestion-service-6777ffd845-8wg2p\":[\"91282000000010250\"]},\"unmanaged_instance_count\":9,\"host_count\":10,\"managed_instance_count\":1,\"rum_info\":\"\",\"application_id\":\"91282000000009097\",\"instance_count\":10},\"cputime\":\"\",\"cpu_usage\":\"\",\"show_tls_warning\":false,\"tags\":[\"profile:dev\"]},{\"availability_health_info\":{\"last_communication_time\":\"1775129062123\",\"status_change_time\":\"-1\",\"managed_state\":true,\"under_maintenance\":false,\"availability_url\":\"/home/reportsinfo.do?execute=getDetailsPageReport\u0026period=3\u0026reporttype=LocationDownReport\u0026urlid=91282000000010003\",\"health\":\"\",\"availability\":\"AVAILABLE\",\"status_reason\":\"\",\"has_health_attribute\":false,\"health_url\":\"\",\"status\":1},\"show_instance_port_number\":true,\"app_config\":{\"rumInjectionAllowed\":false,\"is_cloud_app\":true,\"autoScale\":false},\"count\":\"10\",\"application_info\":{\"application_name\":\"zylkerkart-authentication-service\",\"instance_ids\":[\"91282000000009464\",\"91282000000010024\",\"91282000000059148\",\"91282000000059213\",\"91282000000009503\",\"91282000000010224\",\"91282000000010211\",\"91282000000009490\",\"91282000000009477\",\"91282000000059200\"],\"host_license_applied_instances\":{},\"instances\":{\"91282000000009464\":{\"instance_name\":\"Instance_3\",\"ip_address\":\"192.168.40.107\",\"service_version\":\"0.0\",\"server_id\":\"-1\",\"application_id\":\"91282000000010003\",\"host_id\":\"0\",\"agent_version\":7.5,\"instance_id\":\"91282000000009464\",\"application_name\":\"zylkerkart-authentication-service\",\"cloud_type\":\"DOCKER\",\"port\":8080,\"is_cloud_ins\":true,\"host\":\"authentication-service-68597c4cf-m9vqc\",\"vm_host\":\"\",\"ins_type\":\"JAVA\",\"agent_version_info\":\"7.5.0\",\"host_license\":false},\"91282000000010024\":{\"instance_name\":\"Instance_1\",\"ip_address\":\"192.168.22.115\",\"service_version\":\"0.0\",\"server_id\":\"-1\",\"application_id\":\"91282000000010003\",\"host_id\":\"0\",\"agent_version\":7.5,\"instance_id\":\"91282000000010024\",\"application_name\":\"zylkerkart-authentication-service\",\"cloud_type\":\"DOCKER\",\"port\":8080,\"is_cloud_ins\":true,\"host\":\"authentication-service-68597c4cf-8svn4\",\"vm_host\":\"\",\"ins_type\":\"JAVA\",\"agent_version_info\":\"7.5.0\",\"host_license\":false},\"91282000000059148\":{\"instance_name\":\"Instance_2\",\"ip_address\":\"192.168.27.60\",\"service_version\":\"0.0\",\"server_id\":\"91282000000974031\",\"application_id\":\"91282000000010003\",\"host_id\":\"0\",\"agent_version\":7.5,\"instance_id\":\"91282000000059148\",\"application_name\":\"zylkerkart-authentication-service\",\"cloud_type\":\"DOCKER\",\"port\":8080,\"is_cloud_ins\":true,\"host\":\"authentication-service-67b4479b8-srg9z\",\"vm_host\":\"\",\"ins_type\":\"JAVA\",\"agent_version_info\":\"7.5.0\",\"host_license\":false},\"91282000000059213\":{\"instance_name\":\"Instance_6\",\"ip_address\":\"192.168.44.245\",\"service_version\":\"0.0\",\"server_id\":\"-1\",\"application_id\":\"91282000000010003\",\"host_id\":\"0\",\"agent_version\":7.5,\"instance_id\":\"91282000000059213\",\"application_name\":\"zylkerkart-authentication-service\",\"cloud_type\":\"DOCKER\",\"port\":8080,\"is_cloud_ins\":true,\"host\":\"authentication-service-68597c4cf-hzvxh\",\"vm_host\":\"\",\"ins_type\":\"JAVA\",\"agent_version_info\":\"0\",\"host_license\":false},\"91282000000009503\":{\"instance_name\":\"Instance_10\",\"ip_address\":\"192.168.6.45\",\"service_version\":\"0.0\",\"server_id\":\"-1\",\"application_id\":\"91282000000010003\",\"host_id\":\"0\",\"agent_version\":7.5,\"instance_id\":\"91282000000009503\",\"application_name\":\"zylkerkart-authentication-service\",\"cloud_type\":\"DOCKER\",\"port\":8080,\"is_cloud_ins\":true,\"host\":\"authentication-service-68597c4cf-6hnpq\",\"vm_host\":\"\",\"ins_type\":\"JAVA\",\"agent_version_info\":\"0\",\"host_license\":false},\"91282000000010224\":{\"instance_name\":\"Instance_8\",\"ip_address\":\"192.168.24.156\",\"service_version\":\"0.0\",\"server_id\":\"-1\",\"application_id\":\"91282000000010003\",\"host_id\":\"0\",\"agent_version\":7.5,\"instance_id\":\"91282000000010224\",\"application_name\":\"zylkerkart-authentication-service\",\"cloud_type\":\"DOCKER\",\"port\":8080,\"is_cloud_ins\":true,\"host\":\"authentication-service-68597c4cf-2j662\",\"vm_host\":\"\",\"ins_type\":\"JAVA\",\"agent_version_info\":\"0\",\"host_license\":false},\"91282000000010211\":{\"instance_name\":\"Instance_7\",\"ip_address\":\"192.168.6.45\",\"service_version\":\"0.0\",\"server_id\":\"-1\",\"application_id\":\"91282000000010003\",\"host_id\":\"0\",\"agent_version\":7.5,\"instance_id\":\"91282000000010211\",\"application_name\":\"zylkerkart-authentication-service\",\"cloud_type\":\"DOCKER\",\"port\":8080,\"is_cloud_ins\":true,\"host\":\"authentication-service-68597c4cf-gcxqf\",\"vm_host\":\"\",\"ins_type\":\"JAVA\",\"agent_version_info\":\"0\",\"host_license\":false},\"91282000000009490\":{\"instance_name\":\"Instance_9\",\"ip_address\":\"192.168.22.115\",\"service_version\":\"0.0\",\"server_id\":\"-1\",\"application_id\":\"91282000000010003\",\"host_id\":\"0\",\"agent_version\":7.5,\"instance_id\":\"91282000000009490\",\"application_name\":\"zylkerkart-authentication-service\",\"cloud_type\":\"DOCKER\",\"port\":8080,\"is_cloud_ins\":true,\"host\":\"authentication-service-68597c4cf-ftgsf\",\"vm_host\":\"\",\"ins_type\":\"JAVA\",\"agent_version_info\":\"0\",\"host_license\":false},\"91282000000009477\":{\"instance_name\":\"Instance_4\",\"ip_address\":\"192.168.19.61\",\"service_version\":\"0.0\",\"server_id\":\"-1\",\"application_id\":\"91282000000010003\",\"host_id\":\"0\",\"agent_version\":7.5,\"instance_id\":\"91282000000009477\",\"application_name\":\"zylkerkart-authentication-service\",\"cloud_type\":\"DOCKER\",\"port\":8080,\"is_cloud_ins\":true,\"host\":\"authentication-service-5f6ffdf796-2xs6g\",\"vm_host\":\"\",\"ins_type\":\"JAVA\",\"agent_version_info\":\"7.5.0\",\"host_license\":false},\"91282000000059200\":{\"instance_name\":\"Instance_5\",\"ip_address\":\"192.168.22.115\",\"service_version\":\"0.0\",\"server_id\":\"-1\",\"application_id\":\"91282000000010003\",\"host_id\":\"0\",\"agent_version\":7.5,\"instance_id\":\"91282000000059200\",\"application_name\":\"zylkerkart-authentication-service\",\"cloud_type\":\"DOCKER\",\"port\":8080,\"is_cloud_ins\":true,\"host\":\"authentication-service-68597c4cf-m8r9n\",\"vm_host\":\"\",\"ins_type\":\"JAVA\",\"agent_version_info\":\"0\",\"host_license\":false}},\"hosts\":{\"authentication-service-68597c4cf-2j662\":[\"91282000000010224\"],\"authentication-service-67b4479b8-srg9z\":[\"91282000000059148\"],\"authentication-service-68597c4cf-m9vqc\":[\"91282000000009464\"],\"authentication-service-68597c4cf-m8r9n\":[\"91282000000059200\"],\"authentication-service-68597c4cf-hzvxh\":[\"91282000000059213\"],\"authentication-service-68597c4cf-6hnpq\":[\"91282000000009503\"],\"authentication-service-5f6ffdf796-2xs6g\":[\"91282000000009477\"],\"authentication-service-68597c4cf-gcxqf\":[\"91282000000010211\"],\"authentication-service-68597c4cf-8svn4\":[\"91282000000010024\"],\"authentication-service-68597c4cf-ftgsf\":[\"91282000000009490\"]},\"unmanaged_instance_count\":9,\"host_count\":10,\"managed_instance_count\":1,\"rum_info\":\"\",\"application_id\":\"91282000000010003\",\"instance_count\":10},\"cputime\":\"\",\"cpu_usage\":\"\",\"show_tls_warning\":false,\"tags\":[\"profile:dev\"]},{\"show_instance_port_number\":true,\"count\":\"10\",\"httpbytesout\":0.0,\"httpbytesin\":0.0,\"show_tls_warning\":false,\"tags\":\"\",\"availability_health_info\":{\"last_communication_time\":\"1775129038550\",\"status_change_time\":\"-1\",\"managed_state\":true,\"under_maintenance\":false,\"availability_url\":\"/home/reportsinfo.do?execute=getDetailsPageReport\u0026period=3\u0026reporttype=LocationDownReport\u0026urlid=91282000000010067\",\"health\":\"\",\"availability\":\"AVAILABLE\",\"status_reason\":\"\",\"has_health_attribute\":false,\"health_url\":\"\",\"status\":1},\"exception_info\":{\"fatal_count\":\"0\",\"warning_count\":\"0\"},\"response_time_data\":{\"max_response_time\":63.0,\"cpu_time\":0.0,\"max_bytes_out\":0.0,\"total_http_bytes_out\":0.0,\"min_bytes_in\":0.0,\"error_count\":0.0,\"succ_perc\":100.0,\"max_bytes_in\":0.0,\"request_count\":28.0,\"avg_http_bytes_in\":0.0,\"min_response_time\":2.0,\"total_response_time\":0.0,\"avg_http_bytes_out\":0.0,\"min_bytes_out\":0.0,\"succ_count\":28.0,\"response_time\":4.54,\"total_http_bytes_in\":0.0,\"err_count\":0.0,\"throughput\":28.0},\"app_config\":{\"is_cloud_app\":true},\"application_info\":{\"application_name\":\"zylkerkart-payment-gateway-service\",\"instance_ids\":[\"91282000000009305\",\"91282000000009240\",\"91282000000010079\",\"91282000000059095\",\"91282000000010131\",\"91282000000059029\",\"91282000000059082\",\"91282000000009292\",\"91282000000059016\",\"91282000000009344\",\"91282000000010118\",\"91282000000059134\",\"91282000000010105\",\"91282000000059068\",\"91282000000059003\",\"91282000000009279\",\"91282000000009331\",\"91282000000009266\",\"91282000000059121\",\"91282000000059055\",\"91282000000010157\",\"91282000000010092\",\"91282000000010144\",\"91282000000059108\",\"91282000000009253\",\"91282000000059042\",\"91282000000009318\"],\"host_license_applied_instances\":{},\"instances\":{\"91282000000009305\":{\"instance_name\":\"Instance_17\",\"ip_address\":\"192.168.27.209\",\"service_version\":\"2.0.0\",\"server_id\":\"-1\",\"application_id\":\"91282000000010067\",\"host_id\":\"0\",\"agent_version\":1.7,\"instance_id\":\"91282000000009305\",\"application_name\":\"zylkerkart-payment-gateway-service\",\"cloud_type\":\"DOCKER\",\"port\":9050,\"is_cloud_ins\":true,\"host\":\"payment-gateway-service-5fd76689fd-f58g9\",\"vm_host\":\"payment-gateway-service-5fd76689fd-f58g9\",\"ins_type\":\"PYTHON\",\"agent_version_info\":\"1.7.2\",\"host_license\":false},\"91282000000009240\":{\"instance_name\":\"Instance_5\",\"ip_address\":\"192.168.30.215\",\"service_version\":\"2.0.0\",\"server_id\":\"-1\",\"application_id\":\"91282000000010067\",\"host_id\":\"0\",\"agent_version\":1.7,\"instance_id\":\"91282000000009240\",\"application_name\":\"zylkerkart-payment-gateway-service\",\"cloud_type\":\"DOCKER\",\"port\":9050,\"is_cloud_ins\":true,\"host\":\"payment-gateway-service-5fd76689fd-crgks\",\"vm_host\":\"payment-gateway-service-5fd76689fd-crgks\",\"ins_type\":\"PYTHON\",\"agent_version_info\":\"1.7.2\",\"host_license\":false},\"91282000000010079\":{\"instance_name\":\"Instance_1\",\"ip_address\":\"192.168.8.249\",\"service_version\":\"2.0.0\",\"server_id\":\"-1\",\"application_id\":\"91282000000010067\",\"host_id\":\"0\",\"agent_version\":1.7,\"instance_id\":\"91282000000010079\",\"application_name\":\"zylkerkart-payment-gateway-service\",\"cloud_type\":\"DOCKER\",\"port\":9050,\"is_cloud_ins\":true,\"host\":\"payment-gateway-service-5fd76689fd-hhd96\",\"vm_host\":\"payment-gateway-service-5fd76689fd-hhd96\",\"ins_type\":\"PYTHON\",\"agent_version_info\":\"1.7.2\",\"host_license\":false},\"91282000000059095\":{\"instance_name\":\"Instance_21\",\"ip_address\":\"192.168.40.69\",\"service_version\":\"2.0.0\",\"server_id\":\"-1\",\"application_id\":\"91282000000010067\",\"host_id\":\"0\",\"agent_version\":1.7,\"instance_id\":\"91282000000059095\",\"application_name\":\"zylkerkart-payment-gateway-service\",\"cloud_type\":\"DOCKER\",\"port\":9050,\"is_cloud_ins\":true,\"host\":\"payment-gateway-service-5fd76689fd-vzmjf\",\"vm_host\":\"payment-gateway-service-5fd76689fd-vzmjf\",\"ins_type\":\"PYTHON\",\"agent_version_info\":\"1.7.2\",\"host_license\":false},\"91282000000010131\":{\"instance_name\":\"Instance_13\",\"ip_address\":\"192.168.9.205\",\"service_version\":\"2.0.0\",\"server_id\":\"-1\",\"application_id\":\"91282000000010067\",\"host_id\":\"0\",\"agent_version\":1.7,\"instance_id\":\"91282000000010131\",\"application_name\":\"zylkerkart-payment-gateway-service\",\"cloud_type\":\"DOCKER\",\"port\":9050,\"is_cloud_ins\":true,\"host\":\"payment-gateway-service-5fd76689fd-nfz7g\",\"vm_host\":\"payment-gateway-service-5fd76689fd-nfz7g\",\"ins_type\":\"PYTHON\",\"agent_version_info\":\"1.7.2\",\"host_license\":false},\"91282000000059029\":{\"instance_name\":\"Instance_6\",\"ip_address\":\"192.168.19.61\",\"service_version\":\"2.0.0\",\"server_id\":\"-1\",\"application_id\":\"91282000000010067\",\"host_id\":\"0\",\"agent_version\":1.7,\"instance_id\":\"91282000000059029\",\"application_name\":\"zylkerkart-payment-gateway-service\",\"cloud_type\":\"DOCKER\",\"port\":9050,\"is_cloud_ins\":true,\"host\":\"payment-gateway-service-5fd76689fd-27w84\",\"vm_host\":\"payment-gateway-service-5fd76689fd-27w84\",\"ins_type\":\"PYTHON\",\"agent_version_info\":\"1.7.2\",\"host_license\":false},\"91282000000059082\":{\"instance_name\":\"Instance_20\",\"ip_address\":\"192.168.8.249\",\"service_version\":\"2.0.0\",\"server_id\":\"-1\",\"application_id\":\"91282000000010067\",\"host_id\":\"0\",\"agent_version\":1.7,\"instance_id\":\"91282000000059082\",\"application_name\":\"zylkerkart-payment-gateway-service\",\"cloud_type\":\"DOCKER\",\"port\":9050,\"is_cloud_ins\":true,\"host\":\"payment-gateway-service-5fd76689fd-c5n85\",\"vm_host\":\"payment-gateway-service-5fd76689fd-c5n85\",\"ins_type\":\"PYTHON\",\"agent_version_info\":\"1.7.2\",\"host_license\":false},\"91282000000009292\":{\"instance_name\":\"Instance_15\",\"ip_address\":\"192.168.19.61\",\"service_version\":\"2.0.0\",\"server_id\":\"-1\",\"application_id\":\"91282000000010067\",\"host_id\":\"0\",\"agent_version\":1.7,\"instance_id\":\"91282000000009292\",\"application_name\":\"zylkerkart-payment-gateway-service\",\"cloud_type\":\"DOCKER\",\"port\":9050,\"is_cloud_ins\":true,\"host\":\"payment-gateway-service-5fd76689fd-rx2fl\",\"vm_host\":\"payment-gateway-service-5fd76689fd-rx2fl\",\"ins_type\":\"PYTHON\",\"agent_version_info\":\"1.7.2\",\"host_license\":false},\"91282000000059016\":{\"instance_name\":\"Instance_4\",\"ip_address\":\"192.168.40.69\",\"service_version\":\"2.0.0\",\"server_id\":\"-1\",\"application_id\":\"91282000000010067\",\"host_id\":\"0\",\"agent_version\":1.7,\"instance_id\":\"91282000000059016\",\"application_name\":\"zylkerkart-payment-gateway-service\",\"cloud_type\":\"DOCKER\",\"port\":9050,\"is_cloud_ins\":true,\"host\":\"payment-gateway-service-5fd76689fd-s4b4z\",\"vm_host\":\"payment-gateway-service-5fd76689fd-s4b4z\",\"ins_type\":\"PYTHON\",\"agent_version_info\":\"1.7.2\",\"host_license\":false},\"91282000000009344\":{\"instance_name\":\"Instance_26\",\"ip_address\":\"192.168.40.69\",\"service_version\":\"2.0.0\",\"server_id\":\"-1\",\"application_id\":\"91282000000010067\",\"host_id\":\"0\",\"agent_version\":1.7,\"instance_id\":\"91282000000009344\",\"application_name\":\"zylkerkart-payment-gateway-service\",\"cloud_type\":\"DOCKER\",\"port\":9050,\"is_cloud_ins\":true,\"host\":\"payment-gateway-service-5fd76689fd-cvt9v\",\"vm_host\":\"payment-gateway-service-5fd76689fd-cvt9v\",\"ins_type\":\"PYTHON\",\"agent_version_info\":\"1.7.2\",\"host_license\":false},\"91282000000010118\":{\"instance_name\":\"Instance_10\",\"ip_address\":\"192.168.30.215\",\"service_version\":\"2.0.0\",\"server_id\":\"-1\",\"application_id\":\"91282000000010067\",\"host_id\":\"0\",\"agent_version\":1.7,\"instance_id\":\"91282000000010118\",\"application_name\":\"zylkerkart-payment-gateway-service\",\"cloud_type\":\"DOCKER\",\"port\":9050,\"is_cloud_ins\":true,\"host\":\"payment-gateway-service-5fd76689fd-l7k7j\",\"vm_host\":\"payment-gateway-service-5fd76689fd-l7k7j\",\"ins_type\":\"PYTHON\",\"agent_version_info\":\"1.7.2\",\"host_license\":false},\"91282000000059134\":{\"instance_name\":\"Instance_25\",\"ip_address\":\"192.168.40.107\",\"service_version\":\"2.0.0\",\"server_id\":\"-1\",\"application_id\":\"91282000000010067\",\"host_id\":\"0\",\"agent_version\":1.7,\"instance_id\":\"91282000000059134\",\"application_name\":\"zylkerkart-payment-gateway-service\",\"cloud_type\":\"DOCKER\",\"port\":9050,\"is_cloud_ins\":true,\"host\":\"payment-gateway-service-5fd76689fd-2dnnq\",\"vm_host\":\"payment-gateway-service-5fd76689fd-2dnnq\",\"ins_type\":\"PYTHON\",\"agent_version_info\":\"1.7.2\",\"host_license\":false},\"91282000000010105\":{\"instance_name\":\"Instance_7\",\"ip_address\":\"192.168.19.61\",\"service_version\":\"2.0.0\",\"server_id\":\"-1\",\"application_id\":\"91282000000010067\",\"host_id\":\"0\",\"agent_version\":1.7,\"instance_id\":\"91282000000010105\",\"application_name\":\"zylkerkart-payment-gateway-service\",\"cloud_type\":\"DOCKER\",\"port\":9050,\"is_cloud_ins\":true,\"host\":\"payment-gateway-service-5fd76689fd-dkdlt\",\"vm_host\":\"payment-gateway-service-5fd76689fd-dkdlt\",\"ins_type\":\"PYTHON\",\"agent_version_info\":\"1.7.2\",\"host_license\":false},\"91282000000059068\":{\"instance_name\":\"Instance_16\",\"ip_address\":\"192.168.8.249\",\"service_version\":\"2.0.0\",\"server_id\":\"-1\",\"application_id\":\"91282000000010067\",\"host_id\":\"0\",\"agent_version\":1.7,\"instance_id\":\"91282000000059068\",\"application_name\":\"zylkerkart-payment-gateway-service\",\"cloud_type\":\"DOCKER\",\"port\":9050,\"is_cloud_ins\":true,\"host\":\"payment-gateway-service-5fd76689fd-2thc6\",\"vm_host\":\"payment-gateway-service-5fd76689fd-2thc6\",\"ins_type\":\"PYTHON\",\"agent_version_info\":\"1.7.2\",\"host_license\":false},\"91282000000059003\":{\"instance_name\":\"Instance_2\",\"ip_address\":\"192.168.8.249\",\"service_version\":\"2.0.0\",\"server_id\":\"-1\",\"application_id\":\"91282000000010067\",\"host_id\":\"0\",\"agent_version\":1.7,\"instance_id\":\"91282000000059003\",\"application_name\":\"zylkerkart-payment-gateway-service\",\"cloud_type\":\"DOCKER\",\"port\":9050,\"is_cloud_ins\":true,\"host\":\"payment-gateway-service-5fd76689fd-qhw2v\",\"vm_host\":\"payment-gateway-service-5fd76689fd-qhw2v\",\"ins_type\":\"PYTHON\",\"agent_version_info\":\"1.7.2\",\"host_license\":false},\"91282000000009279\":{\"instance_name\":\"Instance_12\",\"ip_address\":\"192.168.30.215\",\"service_version\":\"2.0.0\",\"server_id\":\"-1\",\"application_id\":\"91282000000010067\",\"host_id\":\"0\",\"agent_version\":1.7,\"instance_id\":\"91282000000009279\",\"application_name\":\"zylkerkart-payment-gateway-service\",\"cloud_type\":\"DOCKER\",\"port\":9050,\"is_cloud_ins\":true,\"host\":\"payment-gateway-service-5fd76689fd-wd8b8\",\"vm_host\":\"payment-gateway-service-5fd76689fd-wd8b8\",\"ins_type\":\"PYTHON\",\"agent_version_info\":\"1.7.2\",\"host_license\":false},\"91282000000009331\":{\"instance_name\":\"Instance_23\",\"ip_address\":\"192.168.9.205\",\"service_version\":\"2.0.0\",\"server_id\":\"-1\",\"application_id\":\"91282000000010067\",\"host_id\":\"0\",\"agent_version\":1.7,\"instance_id\":\"91282000000009331\",\"application_name\":\"zylkerkart-payment-gateway-service\",\"cloud_type\":\"DOCKER\",\"port\":9050,\"is_cloud_ins\":true,\"host\":\"payment-gateway-service-5fd76689fd-chdjs\",\"vm_host\":\"payment-gateway-service-5fd76689fd-chdjs\",\"ins_type\":\"PYTHON\",\"agent_version_info\":\"1.7.2\",\"host_license\":false},\"91282000000009266\":{\"instance_name\":\"Instance_9\",\"ip_address\":\"192.168.41.142\",\"service_version\":\"2.0.0\",\"server_id\":\"-1\",\"application_id\":\"91282000000010067\",\"host_id\":\"0\",\"agent_version\":1.7,\"instance_id\":\"91282000000009266\",\"application_name\":\"zylkerkart-payment-gateway-service\",\"cloud_type\":\"DOCKER\",\"port\":9050,\"is_cloud_ins\":true,\"host\":\"payment-gateway-service-5fd76689fd-65bhh\",\"vm_host\":\"payment-gateway-service-5fd76689fd-65bhh\",\"ins_type\":\"PYTHON\",\"agent_version_info\":\"1.7.2\",\"host_license\":false},\"91282000000059121\":{\"instance_name\":\"Instance_24\",\"ip_address\":\"192.168.40.107\",\"service_version\":\"2.0.0\",\"server_id\":\"-1\",\"application_id\":\"91282000000010067\",\"host_id\":\"0\",\"agent_version\":1.7,\"instance_id\":\"91282000000059121\",\"application_name\":\"zylkerkart-payment-gateway-service\",\"cloud_type\":\"DOCKER\",\"port\":9050,\"is_cloud_ins\":true,\"host\":\"payment-gateway-service-5fd76689fd-mgzjw\",\"vm_host\":\"payment-gateway-service-5fd76689fd-mgzjw\",\"ins_type\":\"PYTHON\",\"agent_version_info\":\"1.7.2\",\"host_license\":false},\"91282000000059055\":{\"instance_name\":\"Instance_14\",\"ip_address\":\"192.168.8.249\",\"service_version\":\"2.0.0\",\"server_id\":\"-1\",\"application_id\":\"91282000000010067\",\"host_id\":\"0\",\"agent_version\":1.7,\"instance_id\":\"91282000000059055\",\"application_name\":\"zylkerkart-payment-gateway-service\",\"cloud_type\":\"DOCKER\",\"port\":9050,\"is_cloud_ins\":true,\"host\":\"payment-gateway-service-5fd76689fd-vm97s\",\"vm_host\":\"payment-gateway-service-5fd76689fd-vm97s\",\"ins_type\":\"PYTHON\",\"agent_version_info\":\"1.7.2\",\"host_license\":false},\"91282000000010157\":{\"instance_name\":\"Instance_27\",\"ip_address\":\"192.168.30.215\",\"service_version\":\"2.0.0\",\"server_id\":\"-1\",\"application_id\":\"91282000000010067\",\"host_id\":\"0\",\"agent_version\":1.7,\"instance_id\":\"91282000000010157\",\"application_name\":\"zylkerkart-payment-gateway-service\",\"cloud_type\":\"DOCKER\",\"port\":9050,\"is_cloud_ins\":true,\"host\":\"payment-gateway-service-d6d548ccd-gwrkf\",\"vm_host\":\"payment-gateway-service-d6d548ccd-gwrkf\",\"ins_type\":\"PYTHON\",\"agent_version_info\":\"1.7.2\",\"host_license\":false},\"91282000000010092\":{\"instance_name\":\"Instance_3\",\"ip_address\":\"192.168.19.61\",\"service_version\":\"2.0.0\",\"server_id\":\"-1\",\"application_id\":\"91282000000010067\",\"host_id\":\"0\",\"agent_version\":1.7,\"instance_id\":\"91282000000010092\",\"application_name\":\"zylkerkart-payment-gateway-service\",\"cloud_type\":\"DOCKER\",\"port\":9050,\"is_cloud_ins\":true,\"host\":\"payment-gateway-service-5fd76689fd-xq8pn\",\"vm_host\":\"payment-gateway-service-5fd76689fd-xq8pn\",\"ins_type\":\"PYTHON\",\"agent_version_info\":\"1.7.2\",\"host_license\":false},\"91282000000010144\":{\"instance_name\":\"Instance_18\",\"ip_address\":\"192.168.31.251\",\"service_version\":\"2.0.0\",\"server_id\":\"-1\",\"application_id\":\"91282000000010067\",\"host_id\":\"0\",\"agent_version\":1.7,\"instance_id\":\"91282000000010144\",\"application_name\":\"zylkerkart-payment-gateway-service\",\"cloud_type\":\"DOCKER\",\"port\":9050,\"is_cloud_ins\":true,\"host\":\"payment-gateway-service-d6d548ccd-pz777\",\"vm_host\":\"payment-gateway-service-d6d548ccd-pz777\",\"ins_type\":\"PYTHON\",\"agent_version_info\":\"1.7.2\",\"host_license\":false},\"91282000000059108\":{\"instance_name\":\"Instance_22\",\"ip_address\":\"192.168.19.61\",\"service_version\":\"2.0.0\",\"server_id\":\"-1\",\"application_id\":\"91282000000010067\",\"host_id\":\"0\",\"agent_version\":1.7,\"instance_id\":\"91282000000059108\",\"application_name\":\"zylkerkart-payment-gateway-service\",\"cloud_type\":\"DOCKER\",\"port\":9050,\"is_cloud_ins\":true,\"host\":\"payment-gateway-service-5fd76689fd-mkl2g\",\"vm_host\":\"payment-gateway-service-5fd76689fd-mkl2g\",\"ins_type\":\"PYTHON\",\"agent_version_info\":\"1.7.2\",\"host_license\":false},\"91282000000009253\":{\"instance_name\":\"Instance_8\",\"ip_address\":\"192.168.40.107\",\"service_version\":\"2.0.0\",\"server_id\":\"-1\",\"application_id\":\"91282000000010067\",\"host_id\":\"0\",\"agent_version\":1.7,\"instance_id\":\"91282000000009253\",\"application_name\":\"zylkerkart-payment-gateway-service\",\"cloud_type\":\"DOCKER\",\"port\":9050,\"is_cloud_ins\":true,\"host\":\"payment-gateway-service-5fd76689fd-slnqg\",\"vm_host\":\"payment-gateway-service-5fd76689fd-slnqg\",\"ins_type\":\"PYTHON\",\"agent_version_info\":\"1.7.2\",\"host_license\":false},\"91282000000059042\":{\"instance_name\":\"Instance_11\",\"ip_address\":\"192.168.40.107\",\"service_version\":\"2.0.0\",\"server_id\":\"91282000000104311\",\"application_id\":\"91282000000010067\",\"host_id\":\"0\",\"agent_version\":1.7,\"instance_id\":\"91282000000059042\",\"application_name\":\"zylkerkart-payment-gateway-service\",\"cloud_type\":\"DOCKER\",\"port\":9050,\"is_cloud_ins\":true,\"host\":\"payment-gateway-service-5fd76689fd-rvxfq\",\"vm_host\":\"payment-gateway-service-5fd76689fd-rvxfq\",\"ins_type\":\"PYTHON\",\"agent_version_info\":\"1.7.2\",\"host_license\":false},\"91282000000009318\":{\"instance_name\":\"Instance_19\",\"ip_address\":\"192.168.41.142\",\"service_version\":\"2.0.0\",\"server_id\":\"-1\",\"application_id\":\"91282000000010067\",\"host_id\":\"0\",\"agent_version\":1.7,\"instance_id\":\"91282000000009318\",\"application_name\":\"zylkerkart-payment-gateway-service\",\"cloud_type\":\"DOCKER\",\"port\":9050,\"is_cloud_ins\":true,\"host\":\"payment-gateway-service-5fd76689fd-k7dkr\",\"vm_host\":\"payment-gateway-service-5fd76689fd-k7dkr\",\"ins_type\":\"PYTHON\",\"agent_version_info\":\"1.7.2\",\"host_license\":false}},\"hosts\":{\"payment-gateway-service-5fd76689fd-rx2fl\":[\"91282000000009292\"],\"payment-gateway-service-d6d548ccd-pz777\":[\"91282000000010144\"],\"payment-gateway-service-5fd76689fd-27w84\":[\"91282000000059029\"],\"payment-gateway-service-5fd76689fd-s4b4z\":[\"91282000000059016\"],\"payment-gateway-service-5fd76689fd-65bhh\":[\"91282000000009266\"],\"payment-gateway-service-5fd76689fd-rvxfq\":[\"91282000000059042\"],\"payment-gateway-service-5fd76689fd-vzmjf\":[\"91282000000059095\"],\"payment-gateway-service-5fd76689fd-mgzjw\":[\"91282000000059121\"],\"payment-gateway-service-5fd76689fd-l7k7j\":[\"91282000000010118\"],\"payment-gateway-service-5fd76689fd-f58g9\":[\"91282000000009305\"],\"payment-gateway-service-5fd76689fd-xq8pn\":[\"91282000000010092\"],\"payment-gateway-service-5fd76689fd-vm97s\":[\"91282000000059055\"],\"payment-gateway-service-5fd76689fd-2dnnq\":[\"91282000000059134\"],\"payment-gateway-service-5fd76689fd-qhw2v\":[\"91282000000059003\"],\"payment-gateway-service-5fd76689fd-hhd96\":[\"91282000000010079\"],\"payment-gateway-service-5fd76689fd-crgks\":[\"91282000000009240\"],\"payment-gateway-service-5fd76689fd-cvt9v\":[\"91282000000009344\"],\"payment-gateway-service-5fd76689fd-nfz7g\":[\"91282000000010131\"],\"payment-gateway-service-5fd76689fd-dkdlt\":[\"91282000000010105\"],\"payment-gateway-service-5fd76689fd-mkl2g\":[\"91282000000059108\"],\"payment-gateway-service-5fd76689fd-k7dkr\":[\"91282000000009318\"],\"payment-gateway-service-5fd76689fd-wd8b8\":[\"91282000000009279\"],\"payment-gateway-service-5fd76689fd-slnqg\":[\"91282000000009253\"],\"payment-gateway-service-d6d548ccd-gwrkf\":[\"91282000000010157\"],\"payment-gateway-service-5fd76689fd-c5n85\":[\"91282000000059082\"],\"payment-gateway-service-5fd76689fd-2thc6\":[\"91282000000059068\"],\"payment-gateway-service-5fd76689fd-chdjs\":[\"91282000000009331\"]},\"unmanaged_instance_count\":26,\"host_count\":27,\"managed_instance_count\":1,\"rum_info\":\"\",\"application_id\":\"91282000000010067\",\"instance_count\":27},\"cputime\":0.0,\"cpu_usage\":\"\",\"apdex_data\":{\"tolerating_count\":0.0,\"satisfied_count\":28.0,\"apdex\":1.0,\"frustrated\":0.0,\"satisfied\":100.0,\"frustrated_count\":0.0,\"tolerating\":0.0}},{\"availability_health_info\":{\"last_communication_time\":\"1775129032458\",\"status_change_time\":\"-1\",\"managed_state\":true,\"under_maintenance\":false,\"availability_url\":\"/home/reportsinfo.do?execute=getDetailsPageReport\u0026period=3\u0026reporttype=LocationDownReport\u0026urlid=91282000007585242\",\"health\":\"\",\"availability\":\"AVAILABLE\",\"status_reason\":\"\",\"has_health_attribute\":false,\"health_url\":\"\",\"status\":1},\"show_instance_port_number\":true,\"app_config\":{\"is_cloud_app\":true},\"count\":\"10\",\"application_info\":{\"application_name\":\"ZylkerKart-SearchService-AIOps\",\"instance_ids\":[\"91282000007586239\",\"91282000007585254\",\"91282000007585344\",\"91282000007585331\"],\"host_license_applied_instances\":{},\"instances\":{\"91282000007586239\":{\"instance_name\":\"Instance_1\",\"ip_address\":\"\",\"service_version\":\"2.0.0\",\"server_id\":\"-1\",\"application_id\":\"91282000007585242\",\"host_id\":\"0\",\"agent_version\":1.0,\"instance_id\":\"91282000007586239\",\"application_name\":\"ZylkerKart-SearchService-AIOps\",\"cloud_type\":\"DOCKER\",\"port\":8083,\"is_cloud_ins\":true,\"host\":\"cri-containerd-29766e1460e88763a0ddaba2fd5a199c0855a3c4798e14c4fa7c914f\",\"vm_host\":\"\",\"ins_type\":\"GO\",\"agent_version_info\":\"1.0.5\",\"host_license\":false},\"91282000007585254\":{\"instance_name\":\"Instance_2\",\"ip_address\":\"\",\"service_version\":\"2.0.0\",\"server_id\":\"-1\",\"application_id\":\"91282000007585242\",\"host_id\":\"0\",\"agent_version\":1.0,\"instance_id\":\"91282000007585254\",\"application_name\":\"ZylkerKart-SearchService-AIOps\",\"cloud_type\":\"DOCKER\",\"port\":8083,\"is_cloud_ins\":true,\"host\":\"cri-containerd-0f6c72a4f53929ca1dc35e8ae9cdda0161ec79d509ece2202a8a8d4b\",\"vm_host\":\"\",\"ins_type\":\"GO\",\"agent_version_info\":\"1.0.5\",\"host_license\":false},\"91282000007585344\":{\"instance_name\":\"Instance_4\",\"ip_address\":\"\",\"service_version\":\"2.0.0\",\"server_id\":\"-1\",\"application_id\":\"91282000007585242\",\"host_id\":\"0\",\"agent_version\":1.0,\"instance_id\":\"91282000007585344\",\"application_name\":\"ZylkerKart-SearchService-AIOps\",\"cloud_type\":\"DOCKER\",\"port\":8083,\"is_cloud_ins\":true,\"host\":\"cri-containerd-8d331e107af25d14b877834189623cc9a2cba45effa5f3dd3fa2d2f7\",\"vm_host\":\"\",\"ins_type\":\"GO\",\"agent_version_info\":\"1.0.5\",\"host_license\":false},\"91282000007585331\":{\"instance_name\":\"Instance_3\",\"ip_address\":\"\",\"service_version\":\"2.0.0\",\"server_id\":\"-1\",\"application_id\":\"91282000007585242\",\"host_id\":\"0\",\"agent_version\":1.0,\"instance_id\":\"91282000007585331\",\"application_name\":\"ZylkerKart-SearchService-AIOps\",\"cloud_type\":\"DOCKER\",\"port\":8083,\"is_cloud_ins\":true,\"host\":\"cri-containerd-7a78b6874fa13557baa2f4a5bd7e09de4e504f7d4eb3554a18131e2a\",\"vm_host\":\"\",\"ins_type\":\"GO\",\"agent_version_info\":\"1.0.5\",\"host_license\":false}},\"hosts\":{\"cri-containerd-7a78b6874fa13557baa2f4a5bd7e09de4e504f7d4eb3554a18131e2a\":[\"91282000007585331\"],\"cri-containerd-29766e1460e88763a0ddaba2fd5a199c0855a3c4798e14c4fa7c914f\":[\"91282000007586239\"],\"cri-containerd-0f6c72a4f53929ca1dc35e8ae9cdda0161ec79d509ece2202a8a8d4b\":[\"91282000007585254\"],\"cri-containerd-8d331e107af25d14b877834189623cc9a2cba45effa5f3dd3fa2d2f7\":[\"91282000007585344\"]},\"unmanaged_instance_count\":2,\"host_count\":4,\"managed_instance_count\":2,\"rum_info\":\"\",\"application_id\":\"91282000007585242\",\"instance_count\":4},\"cputime\":\"\",\"cpu_usage\":\"\",\"show_tls_warning\":false,\"tags\":\"\"},{\"show_instance_port_number\":true,\"count\":\"10\",\"httpbytesout\":0.0,\"httpbytesin\":0.0,\"show_tls_warning\":false,\"tags\":\"\",\"availability_health_info\":{\"last_communication_time\":\"1775129078735\",\"status_change_time\":\"-1\",\"managed_state\":true,\"under_maintenance\":false,\"availability_url\":\"/home/reportsinfo.do?execute=getDetailsPageReport\u0026period=3\u0026reporttype=LocationDownReport\u0026urlid=91282000007585267\",\"health\":\"\",\"availability\":\"AVAILABLE\",\"status_reason\":\"\",\"has_health_attribute\":false,\"health_url\":\"\",\"status\":1},\"exception_info\":{\"fatal_count\":\"41\",\"warning_count\":\"472\"},\"response_time_data\":{\"max_response_time\":6692.0,\"cpu_time\":0.0,\"max_bytes_out\":0.0,\"total_http_bytes_out\":0.0,\"min_bytes_in\":0.0,\"error_count\":10.0,\"succ_perc\":90.0,\"max_bytes_in\":0.0,\"request_count\":1812.0,\"avg_http_bytes_in\":0.0,\"min_response_time\":1.0,\"total_response_time\":0.0,\"avg_http_bytes_out\":0.0,\"min_bytes_out\":0.0,\"succ_count\":1630.0,\"response_time\":57.02,\"total_http_bytes_in\":0.0,\"err_count\":182.0,\"throughput\":1812.0},\"app_config\":{\"rumInjectionAllowed\":true,\"is_cloud_app\":true,\"autoScale\":false},\"application_info\":{\"application_name\":\"ZylkerKart-Storefront-AIOps\",\"instance_ids\":[\"91282000007585279\",\"91282000007586277\"],\"host_license_applied_instances\":{},\"instances\":{\"91282000007585279\":{\"instance_name\":\"Instance_1\",\"ip_address\":\"10.224.0.16\",\"service_version\":\"0.0\",\"server_id\":\"-1\",\"application_id\":\"91282000007585267\",\"host_id\":\"0\",\"agent_version\":7.7,\"instance_id\":\"91282000007585279\",\"application_name\":\"ZylkerKart-Storefront-AIOps\",\"cloud_type\":\"DOCKER\",\"port\":8080,\"is_cloud_ins\":true,\"host\":\"storefront-84d5bd85f4-cbq45\",\"vm_host\":\"\",\"ins_type\":\"JAVA\",\"agent_version_info\":\"0\",\"host_license\":false},\"91282000007586277\":{\"instance_name\":\"Instance_2\",\"ip_address\":\"10.0.2.141\",\"service_version\":\"0.0\",\"server_id\":\"-1\",\"application_id\":\"91282000007585267\",\"host_id\":\"0\",\"agent_version\":7.7,\"instance_id\":\"91282000007586277\",\"application_name\":\"ZylkerKart-Storefront-AIOps\",\"cloud_type\":\"DOCKER\",\"port\":8080,\"is_cloud_ins\":true,\"host\":\"storefront-84d5bd85f4-tc87s\",\"vm_host\":\"\",\"ins_type\":\"JAVA\",\"agent_version_info\":\"0\",\"host_license\":false}},\"hosts\":{\"storefront-84d5bd85f4-tc87s\":[\"91282000007586277\"],\"storefront-84d5bd85f4-cbq45\":[\"91282000007585279\"]},\"unmanaged_instance_count\":0,\"host_count\":2,\"managed_instance_count\":2,\"rum_info\":\"\",\"application_id\":\"91282000007585267\",\"instance_count\":2},\"cputime\":0.0,\"cpu_usage\":\"\",\"apdex_data\":{\"tolerating_count\":10.0,\"satisfied_count\":1614.0,\"apdex\":0.99,\"frustrated\":0.4,\"satisfied\":99.0,\"frustrated_count\":6.0,\"tolerating\":0.6}},{\"show_instance_port_number\":true,\"count\":\"10\",\"httpbytesout\":0.0,\"httpbytesin\":0.0,\"show_tls_warning\":false,\"tags\":\"\",\"availability_health_info\":{\"last_communication_time\":\"1775129088527\",\"status_change_time\":\"-1\",\"managed_state\":true,\"under_maintenance\":false,\"availability_url\":\"/home/reportsinfo.do?execute=getDetailsPageReport\u0026period=3\u0026reporttype=LocationDownReport\u0026urlid=91282000007585306\",\"health\":\"\",\"availability\":\"AVAILABLE\",\"status_reason\":\"\",\"has_health_attribute\":false,\"health_url\":\"\",\"status\":1},\"exception_info\":{\"fatal_count\":\"0\",\"warning_count\":\"0\"},\"response_time_data\":{\"max_response_time\":1520.0,\"cpu_time\":0.0,\"max_bytes_out\":0.0,\"total_http_bytes_out\":0.0,\"min_bytes_in\":0.0,\"error_count\":0.0,\"succ_perc\":100.0,\"max_bytes_in\":0.0,\"request_count\":529.0,\"avg_http_bytes_in\":0.0,\"min_response_time\":2.0,\"total_response_time\":0.0,\"avg_http_bytes_out\":0.0,\"min_bytes_out\":0.0,\"succ_count\":529.0,\"response_time\":25.52,\"total_http_bytes_in\":0.0,\"err_count\":0.0,\"throughput\":529.0},\"app_config\":{\"is_cloud_app\":true},\"application_info\":{\"application_name\":\"ZylkerKart-AuthService-AIOps\",\"instance_ids\":[\"91282000007585357\",\"91282000007585318\"],\"host_license_applied_instances\":{},\"instances\":{\"91282000007585357\":{\"instance_name\":\"Instance_2\",\"ip_address\":\"10.0.3.143\",\"service_version\":\"0.0\",\"server_id\":\"91282000007594200\",\"application_id\":\"91282000007585306\",\"host_id\":\"0\",\"agent_version\":7.0,\"instance_id\":\"91282000007585357\",\"application_name\":\"ZylkerKart-AuthService-AIOps\",\"cloud_type\":\"DOCKER\",\"port\":80,\"is_cloud_ins\":true,\"host\":\"auth-service-5568fcbb49-8pb86\",\"vm_host\":\"auth-service-5568fcbb49-8pb86\",\"ins_type\":\"DOTNET_CORE\",\"agent_version_info\":\"0\",\"host_license\":false},\"91282000007585318\":{\"instance_name\":\"Instance_1\",\"ip_address\":\"10.224.0.18\",\"service_version\":\"0.0\",\"server_id\":\"-1\",\"application_id\":\"91282000007585306\",\"host_id\":\"0\",\"agent_version\":7.0,\"instance_id\":\"91282000007585318\",\"application_name\":\"ZylkerKart-AuthService-AIOps\",\"cloud_type\":\"DOCKER\",\"port\":80,\"is_cloud_ins\":true,\"host\":\"auth-service-5568fcbb49-qqb85\",\"vm_host\":\"auth-service-5568fcbb49-qqb85\",\"ins_type\":\"DOTNET_CORE\",\"agent_version_info\":\"0\",\"host_license\":false}},\"hosts\":{\"auth-service-5568fcbb49-qqb85\":[\"91282000007585318\"],\"auth-service-5568fcbb49-8pb86\":[\"91282000007585357\"]},\"unmanaged_instance_count\":0,\"host_count\":2,\"managed_instance_count\":2,\"rum_info\":\"\",\"application_id\":\"91282000007585306\",\"instance_count\":2},\"cputime\":0.0,\"cpu_usage\":\"\",\"apdex_data\":{\"tolerating_count\":8.0,\"satisfied_count\":521.0,\"apdex\":0.99,\"frustrated\":0.0,\"satisfied\":98.5,\"frustrated_count\":0.0,\"tolerating\":1.5}},{\"show_instance_port_number\":true,\"count\":\"10\",\"httpbytesout\":75862.0,\"httpbytesin\":0.0,\"show_tls_warning\":false,\"tags\":\"\",\"availability_health_info\":{\"last_communication_time\":\"1775129073845\",\"status_change_time\":\"-1\",\"managed_state\":true,\"under_maintenance\":false,\"availability_url\":\"/home/reportsinfo.do?execute=getDetailsPageReport\u0026period=3\u0026reporttype=LocationDownReport\u0026urlid=91282000007586175\",\"health\":\"\",\"availability\":\"AVAILABLE\",\"status_reason\":\"\",\"has_health_attribute\":false,\"health_url\":\"\",\"status\":1},\"exception_info\":{\"fatal_count\":\"8\",\"warning_count\":\"0\"},\"response_time_data\":{\"max_response_time\":48.0,\"cpu_time\":0.0,\"max_bytes_out\":0.0,\"total_http_bytes_out\":0.0,\"min_bytes_in\":0.0,\"error_count\":6.1,\"succ_perc\":93.9,\"max_bytes_in\":0.0,\"request_count\":533.0,\"avg_http_bytes_in\":0.0,\"min_response_time\":0.0,\"total_response_time\":0.0,\"avg_http_bytes_out\":0.0,\"min_bytes_out\":0.0,\"succ_count\":500.0,\"response_time\":3.96,\"total_http_bytes_in\":0.0,\"err_count\":33.0,\"throughput\":533.0},\"app_config\":{\"is_cloud_app\":true},\"application_info\":{\"application_name\":\"ZylkerKart-OrderService-AIOps\",\"instance_ids\":[\"91282000007586187\",\"91282000007588150\"],\"host_license_applied_instances\":{},\"instances\":{\"91282000007586187\":{\"instance_name\":\"Instance_1\",\"ip_address\":\"10.224.0.32\",\"service_version\":\"0.0\",\"server_id\":\"-1\",\"application_id\":\"91282000007586175\",\"host_id\":\"0\",\"agent_version\":5.1,\"instance_id\":\"91282000007586187\",\"application_name\":\"ZylkerKart-OrderService-AIOps\",\"cloud_type\":\"DOCKER\",\"port\":8082,\"is_cloud_ins\":true,\"host\":\"order-service-566d494ff4-gjcx4\",\"vm_host\":\"order-service-566d494ff4-gjcx4\",\"ins_type\":\"NODEJS\",\"agent_version_info\":\"0\",\"host_license\":false},\"91282000007588150\":{\"instance_name\":\"Instance_2\",\"ip_address\":\"10.0.3.66\",\"service_version\":\"0.0\",\"server_id\":\"-1\",\"application_id\":\"91282000007586175\",\"host_id\":\"0\",\"agent_version\":5.1,\"instance_id\":\"91282000007588150\",\"application_name\":\"ZylkerKart-OrderService-AIOps\",\"cloud_type\":\"DOCKER\",\"port\":8082,\"is_cloud_ins\":true,\"host\":\"order-service-566d494ff4-6d87m\",\"vm_host\":\"order-service-566d494ff4-6d87m\",\"ins_type\":\"NODEJS\",\"agent_version_info\":\"0\",\"host_license\":false}},\"hosts\":{\"order-service-566d494ff4-6d87m\":[\"91282000007588150\"],\"order-service-566d494ff4-gjcx4\":[\"91282000007586187\"]},\"unmanaged_instance_count\":0,\"host_count\":2,\"managed_instance_count\":2,\"rum_info\":\"\",\"application_id\":\"91282000007586175\",\"instance_count\":2},\"cputime\":0.0,\"cpu_usage\":\"\",\"apdex_data\":{\"tolerating_count\":0.0,\"satisfied_count\":500.0,\"apdex\":1.0,\"frustrated\":0.0,\"satisfied\":100.0,\"frustrated_count\":0.0,\"tolerating\":0.0}},{\"show_instance_port_number\":true,\"count\":\"10\",\"httpbytesout\":0.0,\"httpbytesin\":0.0,\"show_tls_warning\":false,\"tags\":\"\",\"availability_health_info\":{\"last_communication_time\":\"1775129080386\",\"status_change_time\":\"-1\",\"managed_state\":true,\"under_maintenance\":false,\"availability_url\":\"/home/reportsinfo.do?execute=getDetailsPageReport\u0026period=3\u0026reporttype=LocationDownReport\u0026urlid=91282000007586200\",\"health\":\"\",\"availability\":\"AVAILABLE\",\"status_reason\":\"\",\"has_health_attribute\":false,\"health_url\":\"\",\"status\":1},\"exception_info\":{\"fatal_count\":\"20\",\"warning_count\":\"40\"},\"response_time_data\":{\"max_response_time\":29608.0,\"cpu_time\":0.0,\"max_bytes_out\":0.0,\"total_http_bytes_out\":0.0,\"min_bytes_in\":0.0,\"error_count\":0.5,\"succ_perc\":99.5,\"max_bytes_in\":0.0,\"request_count\":3929.0,\"avg_http_bytes_in\":0.0,\"min_response_time\":0.0,\"total_response_time\":0.0,\"avg_http_bytes_out\":0.0,\"min_bytes_out\":0.0,\"succ_count\":3909.0,\"response_time\":281.47,\"total_http_bytes_in\":0.0,\"err_count\":20.0,\"throughput\":3929.0},\"app_config\":{\"rumInjectionAllowed\":true,\"is_cloud_app\":true,\"autoScale\":false},\"application_info\":{\"application_name\":\"ZylkerKart-ProductService-AIOps\",\"instance_ids\":[\"91282000007588137\",\"91282000007586212\"],\"host_license_applied_instances\":{},\"instances\":{\"91282000007588137\":{\"instance_name\":\"Instance_2\",\"ip_address\":\"10.0.3.244\",\"service_version\":\"0.0\",\"server_id\":\"-1\",\"application_id\":\"91282000007586200\",\"host_id\":\"0\",\"agent_version\":7.7,\"instance_id\":\"91282000007588137\",\"application_name\":\"ZylkerKart-ProductService-AIOps\",\"cloud_type\":\"DOCKER\",\"port\":8080,\"is_cloud_ins\":true,\"host\":\"product-service-9bb9b4fcd-vf2xq\",\"vm_host\":\"\",\"ins_type\":\"JAVA\",\"agent_version_info\":\"0\",\"host_license\":false},\"91282000007586212\":{\"instance_name\":\"Instance_1\",\"ip_address\":\"10.224.0.49\",\"service_version\":\"0.0\",\"server_id\":\"-1\",\"application_id\":\"91282000007586200\",\"host_id\":\"0\",\"agent_version\":7.7,\"instance_id\":\"91282000007586212\",\"application_name\":\"ZylkerKart-ProductService-AIOps\",\"cloud_type\":\"DOCKER\",\"port\":8080,\"is_cloud_ins\":true,\"host\":\"product-service-9bb9b4fcd-vkj9d\",\"vm_host\":\"\",\"ins_type\":\"JAVA\",\"agent_version_info\":\"7.7.1\",\"host_license\":false}},\"hosts\":{\"product-service-9bb9b4fcd-vf2xq\":[\"91282000007588137\"],\"product-service-9bb9b4fcd-vkj9d\":[\"91282000007586212\"]},\"unmanaged_instance_count\":0,\"host_count\":2,\"managed_instance_count\":2,\"rum_info\":\"\",\"application_id\":\"91282000007586200\",\"instance_count\":2},\"cputime\":0.0,\"cpu_usage\":\"\",\"apdex_data\":{\"tolerating_count\":7.0,\"satisfied_count\":3827.0,\"apdex\":0.98,\"frustrated\":1.9,\"satisfied\":97.9,\"frustrated_count\":75.0,\"tolerating\":0.2}},{\"show_instance_port_number\":true,\"count\":\"10\",\"httpbytesout\":0.0,\"httpbytesin\":0.0,\"show_tls_warning\":false,\"tags\":\"\",\"availability_health_info\":{\"last_communication_time\":\"1775129086297\",\"status_change_time\":\"-1\",\"managed_state\":true,\"under_maintenance\":false,\"availability_url\":\"/home/reportsinfo.do?execute=getDetailsPageReport\u0026period=3\u0026reporttype=LocationDownReport\u0026urlid=91282000007586252\",\"health\":\"\",\"availability\":\"AVAILABLE\",\"status_reason\":\"\",\"has_health_attribute\":false,\"health_url\":\"\",\"status\":1},\"exception_info\":{\"fatal_count\":\"0\",\"warning_count\":\"0\"},\"response_time_data\":{\"max_response_time\":33.0,\"cpu_time\":0.0,\"max_bytes_out\":0.0,\"total_http_bytes_out\":0.0,\"min_bytes_in\":0.0,\"error_count\":0.0,\"succ_perc\":100.0,\"max_bytes_in\":0.0,\"request_count\":431.0,\"avg_http_bytes_in\":0.0,\"min_response_time\":2.0,\"total_response_time\":0.0,\"avg_http_bytes_out\":0.0,\"min_bytes_out\":0.0,\"succ_count\":431.0,\"response_time\":6.8,\"total_http_bytes_in\":0.0,\"err_count\":0.0,\"throughput\":431.0},\"app_config\":{\"is_cloud_app\":true},\"application_info\":{\"application_name\":\"ZylkerKart-PaymentService-AIOps\",\"instance_ids\":[\"91282000007586264\",\"91282000007585370\"],\"host_license_applied_instances\":{},\"instances\":{\"91282000007586264\":{\"instance_name\":\"Instance_1\",\"ip_address\":\"10.224.0.38\",\"service_version\":\"2.1.0\",\"server_id\":\"-1\",\"application_id\":\"91282000007586252\",\"host_id\":\"0\",\"agent_version\":1.7,\"instance_id\":\"91282000007586264\",\"application_name\":\"ZylkerKart-PaymentService-AIOps\",\"cloud_type\":\"DOCKER\",\"port\":8084,\"is_cloud_ins\":true,\"host\":\"payment-service-755d9769c6-st26p\",\"vm_host\":\"payment-service-755d9769c6-st26p\",\"ins_type\":\"PYTHON\",\"agent_version_info\":\"0\",\"host_license\":false},\"91282000007585370\":{\"instance_name\":\"Instance_2\",\"ip_address\":\"10.0.2.135\",\"service_version\":\"2.1.0\",\"server_id\":\"91282000007594200\",\"application_id\":\"91282000007586252\",\"host_id\":\"0\",\"agent_version\":1.7,\"instance_id\":\"91282000007585370\",\"application_name\":\"ZylkerKart-PaymentService-AIOps\",\"cloud_type\":\"DOCKER\",\"port\":8084,\"is_cloud_ins\":true,\"host\":\"payment-service-755d9769c6-6kbnh\",\"vm_host\":\"payment-service-755d9769c6-6kbnh\",\"ins_type\":\"PYTHON\",\"agent_version_info\":\"0\",\"host_license\":false}},\"hosts\":{\"payment-service-755d9769c6-6kbnh\":[\"91282000007585370\"],\"payment-service-755d9769c6-st26p\":[\"91282000007586264\"]},\"unmanaged_instance_count\":0,\"host_count\":2,\"managed_instance_count\":2,\"rum_info\":\"\",\"application_id\":\"91282000007586252\",\"instance_count\":2},\"cputime\":0.0,\"cpu_usage\":\"\",\"apdex_data\":{\"tolerating_count\":0.0,\"satisfied_count\":431.0,\"apdex\":1.0,\"frustrated\":0.0,\"satisfied\":100.0,\"frustrated_count\":0.0,\"tolerating\":0.0}}]}",
            "ca_cert_pem": null,
            "client_cert_pem": null,
            "client_key_pem": null,
            "id": "https://www.site24x7.eu/api/apminsight/app/H",
            "insecure": null,
            "method": null,
            "request_body": null,
            "request_headers": {
              "Accept": "application/json; version=2.0",
              "Authorization": "Zoho-oauthtoken 1000.b60d891b4f2ad9f560ba06e3c72958e5.5a7f7b6de135fe3717fa5e7176bf0ea9"
            },
            "request_timeout_ms": null,
            "response_body": "{\"code\":0,\"message\":\"success\",\"data\":[{\"availability_health_info\":{\"last_communication_time\":\"1775129054957\",\"status_change_time\":\"-1\",\"managed_state\":true,\"under_maintenance\":false,\"availability_url\":\"/home/reportsinfo.do?execute=getDetailsPageReport\u0026period=3\u0026reporttype=LocationDownReport\u0026urlid=91282000000009010\",\"health\":\"\",\"availability\":\"AVAILABLE\",\"status_reason\":\"\",\"has_health_attribute\":false,\"health_url\":\"\",\"status\":1},\"show_instance_port_number\":true,\"app_config\":{\"rumInjectionAllowed\":false,\"is_cloud_app\":true,\"autoScale\":false},\"count\":\"10\",\"application_info\":{\"application_name\":\"zylkerkart-common-data-service\",\"instance_ids\":[\"91282000000010171\",\"91282000000009435\",\"91282000000009370\",\"91282000000059161\",\"91282000000010197\",\"91282000000059187\",\"91282000000009396\",\"91282000000010184\",\"91282000000009448\",\"91282000000009067\",\"91282000000009422\",\"91282000000009409\",\"91282000000059174\",\"91282000000009024\",\"91282000000009383\"],\"host_license_applied_instances\":{},\"instances\":{\"91282000000010171\":{\"instance_name\":\"Instance_6\",\"ip_address\":\"192.168.12.38\",\"service_version\":\"0.0\",\"server_id\":\"-1\",\"application_id\":\"91282000000009010\",\"host_id\":\"0\",\"agent_version\":7.5,\"instance_id\":\"91282000000010171\",\"application_name\":\"zylkerkart-common-data-service\",\"cloud_type\":\"DOCKER\",\"port\":8080,\"is_cloud_ins\":true,\"host\":\"common-data-service-977cbcbf6-gjgzn\",\"vm_host\":\"\",\"ins_type\":\"JAVA\",\"agent_version_info\":\"7.5.0\",\"host_license\":false},\"91282000000009435\":{\"instance_name\":\"Instance_13\",\"ip_address\":\"192.168.6.45\",\"service_version\":\"0.0\",\"server_id\":\"-1\",\"application_id\":\"91282000000009010\",\"host_id\":\"0\",\"agent_version\":7.5,\"instance_id\":\"91282000000009435\",\"application_name\":\"zylkerkart-common-data-service\",\"cloud_type\":\"DOCKER\",\"port\":8080,\"is_cloud_ins\":true,\"host\":\"common-data-service-977cbcbf6-nzsk5\",\"vm_host\":\"\",\"ins_type\":\"JAVA\",\"agent_version_info\":\"7.5.0\",\"host_license\":false},\"91282000000009370\":{\"instance_name\":\"Instance_3\",\"ip_address\":\"192.168.40.69\",\"service_version\":\"0.0\",\"server_id\":\"-1\",\"application_id\":\"91282000000009010\",\"host_id\":\"0\",\"agent_version\":7.5,\"instance_id\":\"91282000000009370\",\"application_name\":\"zylkerkart-common-data-service\",\"cloud_type\":\"DOCKER\",\"port\":8080,\"is_cloud_ins\":true,\"host\":\"common-data-service-869b8d7554-5hnmw\",\"vm_host\":\"\",\"ins_type\":\"JAVA\",\"agent_version_info\":\"7.5.0\",\"host_license\":false},\"91282000000059161\":{\"instance_name\":\"Instance_10\",\"ip_address\":\"192.168.19.61\",\"service_version\":\"0.0\",\"server_id\":\"-1\",\"application_id\":\"91282000000009010\",\"host_id\":\"0\",\"agent_version\":7.5,\"instance_id\":\"91282000000059161\",\"application_name\":\"zylkerkart-common-data-service\",\"cloud_type\":\"DOCKER\",\"port\":8080,\"is_cloud_ins\":true,\"host\":\"common-data-service-77db7f86d6-v6d22\",\"vm_host\":\"\",\"ins_type\":\"JAVA\",\"agent_version_info\":\"7.5.0\",\"host_license\":false},\"91282000000010197\":{\"instance_name\":\"Instance_8\",\"ip_address\":\"192.168.19.61\",\"service_version\":\"0.0\",\"server_id\":\"-1\",\"application_id\":\"91282000000009010\",\"host_id\":\"0\",\"agent_version\":7.5,\"instance_id\":\"91282000000010197\",\"application_name\":\"zylkerkart-common-data-service\",\"cloud_type\":\"DOCKER\",\"port\":8080,\"is_cloud_ins\":true,\"host\":\"common-data-service-869b8d7554-h8lh7\",\"vm_host\":\"\",\"ins_type\":\"JAVA\",\"agent_version_info\":\"7.5.0\",\"host_license\":false},\"91282000000059187\":{\"instance_name\":\"Instance_14\",\"ip_address\":\"192.168.41.142\",\"service_version\":\"0.0\",\"server_id\":\"-1\",\"application_id\":\"91282000000009010\",\"host_id\":\"0\",\"agent_version\":7.5,\"instance_id\":\"91282000000059187\",\"application_name\":\"zylkerkart-common-data-service\",\"cloud_type\":\"DOCKER\",\"port\":8080,\"is_cloud_ins\":true,\"host\":\"common-data-service-869b8d7554-nrtlj\",\"vm_host\":\"\",\"ins_type\":\"JAVA\",\"agent_version_info\":\"7.5.0\",\"host_license\":false},\"91282000000009396\":{\"instance_name\":\"Instance_5\",\"ip_address\":\"192.168.9.205\",\"service_version\":\"0.0\",\"server_id\":\"-1\",\"application_id\":\"91282000000009010\",\"host_id\":\"0\",\"agent_version\":7.5,\"instance_id\":\"91282000000009396\",\"application_name\":\"zylkerkart-common-data-service\",\"cloud_type\":\"DOCKER\",\"port\":8080,\"is_cloud_ins\":true,\"host\":\"common-data-service-869b8d7554-frmc5\",\"vm_host\":\"\",\"ins_type\":\"JAVA\",\"agent_version_info\":\"7.5.0\",\"host_license\":false},\"91282000000010184\":{\"instance_name\":\"Instance_7\",\"ip_address\":\"192.168.59.151\",\"service_version\":\"0.0\",\"server_id\":\"-1\",\"application_id\":\"91282000000009010\",\"host_id\":\"0\",\"agent_version\":7.5,\"instance_id\":\"91282000000010184\",\"application_name\":\"zylkerkart-common-data-service\",\"cloud_type\":\"DOCKER\",\"port\":8080,\"is_cloud_ins\":true,\"host\":\"common-data-service-977cbcbf6-vnb45\",\"vm_host\":\"\",\"ins_type\":\"JAVA\",\"agent_version_info\":\"0\",\"host_license\":false},\"91282000000009448\":{\"instance_name\":\"Instance_15\",\"ip_address\":\"192.168.19.61\",\"service_version\":\"0.0\",\"server_id\":\"-1\",\"application_id\":\"91282000000009010\",\"host_id\":\"0\",\"agent_version\":7.5,\"instance_id\":\"91282000000009448\",\"application_name\":\"zylkerkart-common-data-service\",\"cloud_type\":\"DOCKER\",\"port\":8080,\"is_cloud_ins\":true,\"host\":\"common-data-service-869b8d7554-j7slt\",\"vm_host\":\"\",\"ins_type\":\"JAVA\",\"agent_version_info\":\"7.5.0\",\"host_license\":false},\"91282000000009067\":{\"instance_name\":\"Instance_2\",\"ip_address\":\"192.168.44.245\",\"service_version\":\"0.0\",\"server_id\":\"-1\",\"application_id\":\"91282000000009010\",\"host_id\":\"0\",\"agent_version\":7.5,\"instance_id\":\"91282000000009067\",\"application_name\":\"zylkerkart-common-data-service\",\"cloud_type\":\"DOCKER\",\"port\":8080,\"is_cloud_ins\":true,\"host\":\"common-data-service-977cbcbf6-q46zq\",\"vm_host\":\"\",\"ins_type\":\"JAVA\",\"agent_version_info\":\"7.5.0\",\"host_license\":false},\"91282000000009422\":{\"instance_name\":\"Instance_11\",\"ip_address\":\"192.168.59.151\",\"service_version\":\"0.0\",\"server_id\":\"-1\",\"application_id\":\"91282000000009010\",\"host_id\":\"0\",\"agent_version\":7.5,\"instance_id\":\"91282000000009422\",\"application_name\":\"zylkerkart-common-data-service\",\"cloud_type\":\"DOCKER\",\"port\":8080,\"is_cloud_ins\":true,\"host\":\"common-data-service-869b8d7554-2s2q8\",\"vm_host\":\"\",\"ins_type\":\"JAVA\",\"agent_version_info\":\"7.5.0\",\"host_license\":false},\"91282000000009409\":{\"instance_name\":\"Instance_9\",\"ip_address\":\"192.168.29.214\",\"service_version\":\"0.0\",\"server_id\":\"-1\",\"application_id\":\"91282000000009010\",\"host_id\":\"0\",\"agent_version\":7.5,\"instance_id\":\"91282000000009409\",\"application_name\":\"zylkerkart-common-data-service\",\"cloud_type\":\"DOCKER\",\"port\":8080,\"is_cloud_ins\":true,\"host\":\"common-data-service-869b8d7554-gkgmh\",\"vm_host\":\"\",\"ins_type\":\"JAVA\",\"agent_version_info\":\"7.5.0\",\"host_license\":false},\"91282000000059174\":{\"instance_name\":\"Instance_12\",\"ip_address\":\"192.168.19.61\",\"service_version\":\"0.0\",\"server_id\":\"-1\",\"application_id\":\"91282000000009010\",\"host_id\":\"0\",\"agent_version\":7.5,\"instance_id\":\"91282000000059174\",\"application_name\":\"zylkerkart-common-data-service\",\"cloud_type\":\"DOCKER\",\"port\":8080,\"is_cloud_ins\":true,\"host\":\"common-data-service-977cbcbf6-2fbs4\",\"vm_host\":\"\",\"ins_type\":\"JAVA\",\"agent_version_info\":\"7.5.0\",\"host_license\":false},\"91282000000009024\":{\"instance_name\":\"Instance_1\",\"ip_address\":\"192.168.12.38\",\"service_version\":\"0.0\",\"server_id\":\"-1\",\"application_id\":\"91282000000009010\",\"host_id\":\"0\",\"agent_version\":7.5,\"instance_id\":\"91282000000009024\",\"application_name\":\"zylkerkart-common-data-service\",\"cloud_type\":\"DOCKER\",\"port\":8080,\"is_cloud_ins\":true,\"host\":\"common-data-service-977cbcbf6-nzn5d\",\"vm_host\":\"\",\"ins_type\":\"JAVA\",\"agent_version_info\":\"7.5.0\",\"host_license\":false},\"91282000000009383\":{\"instance_name\":\"Instance_4\",\"ip_address\":\"192.168.8.249\",\"service_version\":\"0.0\",\"server_id\":\"-1\",\"application_id\":\"91282000000009010\",\"host_id\":\"0\",\"agent_version\":7.5,\"instance_id\":\"91282000000009383\",\"application_name\":\"zylkerkart-common-data-service\",\"cloud_type\":\"DOCKER\",\"port\":8080,\"is_cloud_ins\":true,\"host\":\"common-data-service-869b8d7554-2446l\",\"vm_host\":\"\",\"ins_type\":\"JAVA\",\"agent_version_info\":\"7.5.0\",\"host_license\":false}},\"hosts\":{\"common-data-service-977cbcbf6-gjgzn\":[\"91282000000010171\"],\"common-data-service-977cbcbf6-vnb45\":[\"91282000000010184\"],\"common-data-service-977cbcbf6-q46zq\":[\"91282000000009067\"],\"common-data-service-869b8d7554-2s2q8\":[\"91282000000009422\"],\"common-data-service-869b8d7554-nrtlj\":[\"91282000000059187\"],\"common-data-service-977cbcbf6-nzn5d\":[\"91282000000009024\"],\"common-data-service-977cbcbf6-nzsk5\":[\"91282000000009435\"],\"common-data-service-869b8d7554-2446l\":[\"91282000000009383\"],\"common-data-service-869b8d7554-frmc5\":[\"91282000000009396\"],\"common-data-service-869b8d7554-gkgmh\":[\"91282000000009409\"],\"common-data-service-77db7f86d6-v6d22\":[\"91282000000059161\"],\"common-data-service-977cbcbf6-2fbs4\":[\"91282000000059174\"],\"common-data-service-869b8d7554-5hnmw\":[\"91282000000009370\"],\"common-data-service-869b8d7554-j7slt\":[\"91282000000009448\"],\"common-data-service-869b8d7554-h8lh7\":[\"91282000000010197\"]},\"unmanaged_instance_count\":13,\"host_count\":15,\"managed_instance_count\":2,\"rum_info\":\"\",\"application_id\":\"91282000000009010\",\"instance_count\":15},\"cputime\":\"\",\"cpu_usage\":\"\",\"show_tls_warning\":false,\"tags\":[\"profile:dev\"]},{\"availability_health_info\":{\"last_communication_time\":\"1775129061799\",\"status_change_time\":\"-1\",\"managed_state\":true,\"under_maintenance\":false,\"availability_url\":\"/home/reportsinfo.do?execute=getDetailsPageReport\u0026period=3\u0026reporttype=LocationDownReport\u0026urlid=91282000000009097\",\"health\":\"\",\"availability\":\"AVAILABLE\",\"status_reason\":\"\",\"has_health_attribute\":false,\"health_url\":\"\",\"status\":1},\"show_instance_port_number\":true,\"app_config\":{\"rumInjectionAllowed\":false,\"is_cloud_app\":true,\"autoScale\":false},\"count\":\"10\",\"application_info\":{\"application_name\":\"zylkerkart-search-suggestion-service\",\"instance_ids\":[\"91282000000009529\",\"91282000000010250\",\"91282000000010237\",\"91282000000009357\",\"91282000000009516\",\"91282000000009568\",\"91282000000009555\",\"91282000000009109\",\"91282000000010263\",\"91282000000009542\"],\"host_license_applied_instances\":{},\"instances\":{\"91282000000009529\":{\"instance_name\":\"Instance_7\",\"ip_address\":\"192.168.7.154\",\"service_version\":\"0.0\",\"server_id\":\"-1\",\"application_id\":\"91282000000009097\",\"host_id\":\"0\",\"agent_version\":7.5,\"instance_id\":\"91282000000009529\",\"application_name\":\"zylkerkart-search-suggestion-service\",\"cloud_type\":\"DOCKER\",\"port\":8080,\"is_cloud_ins\":true,\"host\":\"search-suggestion-service-58bf4b5c85-22fc5\",\"vm_host\":\"\",\"ins_type\":\"JAVA\",\"agent_version_info\":\"0\",\"host_license\":false},\"91282000000010250\":{\"instance_name\":\"Instance_4\",\"ip_address\":\"192.168.59.151\",\"service_version\":\"0.0\",\"server_id\":\"-1\",\"application_id\":\"91282000000009097\",\"host_id\":\"0\",\"agent_version\":7.5,\"instance_id\":\"91282000000010250\",\"application_name\":\"zylkerkart-search-suggestion-service\",\"cloud_type\":\"DOCKER\",\"port\":8080,\"is_cloud_ins\":true,\"host\":\"search-suggestion-service-6777ffd845-8wg2p\",\"vm_host\":\"\",\"ins_type\":\"JAVA\",\"agent_version_info\":\"7.5.0\",\"host_license\":false},\"91282000000010237\":{\"instance_name\":\"Instance_3\",\"ip_address\":\"192.168.29.214\",\"service_version\":\"0.0\",\"server_id\":\"-1\",\"application_id\":\"91282000000009097\",\"host_id\":\"0\",\"agent_version\":7.5,\"instance_id\":\"91282000000010237\",\"application_name\":\"zylkerkart-search-suggestion-service\",\"cloud_type\":\"DOCKER\",\"port\":8080,\"is_cloud_ins\":true,\"host\":\"search-suggestion-service-58bf4b5c85-ffbh9\",\"vm_host\":\"\",\"ins_type\":\"JAVA\",\"agent_version_info\":\"7.5.0\",\"host_license\":false},\"91282000000009357\":{\"instance_name\":\"Instance_2\",\"ip_address\":\"192.168.29.124\",\"service_version\":\"0.0\",\"server_id\":\"-1\",\"application_id\":\"91282000000009097\",\"host_id\":\"0\",\"agent_version\":7.5,\"instance_id\":\"91282000000009357\",\"application_name\":\"zylkerkart-search-suggestion-service\",\"cloud_type\":\"DOCKER\",\"port\":8080,\"is_cloud_ins\":true,\"host\":\"search-suggestion-service-6dd75fd56d-8756r\",\"vm_host\":\"\",\"ins_type\":\"JAVA\",\"agent_version_info\":\"7.5.0\",\"host_license\":false},\"91282000000009516\":{\"instance_name\":\"Instance_6\",\"ip_address\":\"192.168.30.42\",\"service_version\":\"0.0\",\"server_id\":\"91282000000974077\",\"application_id\":\"91282000000009097\",\"host_id\":\"0\",\"agent_version\":7.5,\"instance_id\":\"91282000000009516\",\"application_name\":\"zylkerkart-search-suggestion-service\",\"cloud_type\":\"DOCKER\",\"port\":8080,\"is_cloud_ins\":true,\"host\":\"search-suggestion-service-6f666885d5-qxtgm\",\"vm_host\":\"\",\"ins_type\":\"JAVA\",\"agent_version_info\":\"7.5.0\",\"host_license\":false},\"91282000000009568\":{\"instance_name\":\"Instance_10\",\"ip_address\":\"192.168.2.12\",\"service_version\":\"0.0\",\"server_id\":\"-1\",\"application_id\":\"91282000000009097\",\"host_id\":\"0\",\"agent_version\":7.5,\"instance_id\":\"91282000000009568\",\"application_name\":\"zylkerkart-search-suggestion-service\",\"cloud_type\":\"DOCKER\",\"port\":8080,\"is_cloud_ins\":true,\"host\":\"search-suggestion-service-58bf4b5c85-7j6tl\",\"vm_host\":\"\",\"ins_type\":\"JAVA\",\"agent_version_info\":\"0\",\"host_license\":false},\"91282000000009555\":{\"instance_name\":\"Instance_9\",\"ip_address\":\"192.168.41.50\",\"service_version\":\"0.0\",\"server_id\":\"-1\",\"application_id\":\"91282000000009097\",\"host_id\":\"0\",\"agent_version\":7.5,\"instance_id\":\"91282000000009555\",\"application_name\":\"zylkerkart-search-suggestion-service\",\"cloud_type\":\"DOCKER\",\"port\":8080,\"is_cloud_ins\":true,\"host\":\"search-suggestion-service-58bf4b5c85-5dl4d\",\"vm_host\":\"\",\"ins_type\":\"JAVA\",\"agent_version_info\":\"0\",\"host_license\":false},\"91282000000009109\":{\"instance_name\":\"Instance_1\",\"ip_address\":\"192.168.41.50\",\"service_version\":\"0.0\",\"server_id\":\"-1\",\"application_id\":\"91282000000009097\",\"host_id\":\"0\",\"agent_version\":7.5,\"instance_id\":\"91282000000009109\",\"application_name\":\"zylkerkart-search-suggestion-service\",\"cloud_type\":\"DOCKER\",\"port\":8080,\"is_cloud_ins\":true,\"host\":\"search-suggestion-service-58bf4b5c85-6sdtz\",\"vm_host\":\"\",\"ins_type\":\"JAVA\",\"agent_version_info\":\"7.5.0\",\"host_license\":false},\"91282000000010263\":{\"instance_name\":\"Instance_5\",\"ip_address\":\"192.168.41.142\",\"service_version\":\"0.0\",\"server_id\":\"-1\",\"application_id\":\"91282000000009097\",\"host_id\":\"0\",\"agent_version\":7.5,\"instance_id\":\"91282000000010263\",\"application_name\":\"zylkerkart-search-suggestion-service\",\"cloud_type\":\"DOCKER\",\"port\":8080,\"is_cloud_ins\":true,\"host\":\"search-suggestion-service-58df955d7c-hc6gf\",\"vm_host\":\"\",\"ins_type\":\"JAVA\",\"agent_version_info\":\"7.5.0\",\"host_license\":false},\"91282000000009542\":{\"instance_name\":\"Instance_8\",\"ip_address\":\"192.168.44.245\",\"service_version\":\"0.0\",\"server_id\":\"-1\",\"application_id\":\"91282000000009097\",\"host_id\":\"0\",\"agent_version\":7.5,\"instance_id\":\"91282000000009542\",\"application_name\":\"zylkerkart-search-suggestion-service\",\"cloud_type\":\"DOCKER\",\"port\":8080,\"is_cloud_ins\":true,\"host\":\"search-suggestion-service-58bf4b5c85-fcstj\",\"vm_host\":\"\",\"ins_type\":\"JAVA\",\"agent_version_info\":\"0\",\"host_license\":false}},\"hosts\":{\"search-suggestion-service-58bf4b5c85-ffbh9\":[\"91282000000010237\"],\"search-suggestion-service-6dd75fd56d-8756r\":[\"91282000000009357\"],\"search-suggestion-service-58bf4b5c85-5dl4d\":[\"91282000000009555\"],\"search-suggestion-service-6f666885d5-qxtgm\":[\"91282000000009516\"],\"search-suggestion-service-58bf4b5c85-7j6tl\":[\"91282000000009568\"],\"search-suggestion-service-58bf4b5c85-6sdtz\":[\"91282000000009109\"],\"search-suggestion-service-58bf4b5c85-22fc5\":[\"91282000000009529\"],\"search-suggestion-service-58bf4b5c85-fcstj\":[\"91282000000009542\"],\"search-suggestion-service-58df955d7c-hc6gf\":[\"91282000000010263\"],\"search-suggestion-service-6777ffd845-8wg2p\":[\"91282000000010250\"]},\"unmanaged_instance_count\":9,\"host_count\":10,\"managed_instance_count\":1,\"rum_info\":\"\",\"application_id\":\"91282000000009097\",\"instance_count\":10},\"cputime\":\"\",\"cpu_usage\":\"\",\"show_tls_warning\":false,\"tags\":[\"profile:dev\"]},{\"availability_health_info\":{\"last_communication_time\":\"1775129062123\",\"status_change_time\":\"-1\",\"managed_state\":true,\"under_maintenance\":false,\"availability_url\":\"/home/reportsinfo.do?execute=getDetailsPageReport\u0026period=3\u0026reporttype=LocationDownReport\u0026urlid=91282000000010003\",\"health\":\"\",\"availability\":\"AVAILABLE\",\"status_reason\":\"\",\"has_health_attribute\":false,\"health_url\":\"\",\"status\":1},\"show_instance_port_number\":true,\"app_config\":{\"rumInjectionAllowed\":false,\"is_cloud_app\":true,\"autoScale\":false},\"count\":\"10\",\"application_info\":{\"application_name\":\"zylkerkart-authentication-service\",\"instance_ids\":[\"91282000000009464\",\"91282000000010024\",\"91282000000059148\",\"91282000000059213\",\"91282000000009503\",\"91282000000010224\",\"91282000000010211\",\"91282000000009490\",\"91282000000009477\",\"91282000000059200\"],\"host_license_applied_instances\":{},\"instances\":{\"91282000000009464\":{\"instance_name\":\"Instance_3\",\"ip_address\":\"192.168.40.107\",\"service_version\":\"0.0\",\"server_id\":\"-1\",\"application_id\":\"91282000000010003\",\"host_id\":\"0\",\"agent_version\":7.5,\"instance_id\":\"91282000000009464\",\"application_name\":\"zylkerkart-authentication-service\",\"cloud_type\":\"DOCKER\",\"port\":8080,\"is_cloud_ins\":true,\"host\":\"authentication-service-68597c4cf-m9vqc\",\"vm_host\":\"\",\"ins_type\":\"JAVA\",\"agent_version_info\":\"7.5.0\",\"host_license\":false},\"91282000000010024\":{\"instance_name\":\"Instance_1\",\"ip_address\":\"192.168.22.115\",\"service_version\":\"0.0\",\"server_id\":\"-1\",\"application_id\":\"91282000000010003\",\"host_id\":\"0\",\"agent_version\":7.5,\"instance_id\":\"91282000000010024\",\"application_name\":\"zylkerkart-authentication-service\",\"cloud_type\":\"DOCKER\",\"port\":8080,\"is_cloud_ins\":true,\"host\":\"authentication-service-68597c4cf-8svn4\",\"vm_host\":\"\",\"ins_type\":\"JAVA\",\"agent_version_info\":\"7.5.0\",\"host_license\":false},\"91282000000059148\":{\"instance_name\":\"Instance_2\",\"ip_address\":\"192.168.27.60\",\"service_version\":\"0.0\",\"server_id\":\"91282000000974031\",\"application_id\":\"91282000000010003\",\"host_id\":\"0\",\"agent_version\":7.5,\"instance_id\":\"91282000000059148\",\"application_name\":\"zylkerkart-authentication-service\",\"cloud_type\":\"DOCKER\",\"port\":8080,\"is_cloud_ins\":true,\"host\":\"authentication-service-67b4479b8-srg9z\",\"vm_host\":\"\",\"ins_type\":\"JAVA\",\"agent_version_info\":\"7.5.0\",\"host_license\":false},\"91282000000059213\":{\"instance_name\":\"Instance_6\",\"ip_address\":\"192.168.44.245\",\"service_version\":\"0.0\",\"server_id\":\"-1\",\"application_id\":\"91282000000010003\",\"host_id\":\"0\",\"agent_version\":7.5,\"instance_id\":\"91282000000059213\",\"application_name\":\"zylkerkart-authentication-service\",\"cloud_type\":\"DOCKER\",\"port\":8080,\"is_cloud_ins\":true,\"host\":\"authentication-service-68597c4cf-hzvxh\",\"vm_host\":\"\",\"ins_type\":\"JAVA\",\"agent_version_info\":\"0\",\"host_license\":false},\"91282000000009503\":{\"instance_name\":\"Instance_10\",\"ip_address\":\"192.168.6.45\",\"service_version\":\"0.0\",\"server_id\":\"-1\",\"application_id\":\"91282000000010003\",\"host_id\":\"0\",\"agent_version\":7.5,\"instance_id\":\"91282000000009503\",\"application_name\":\"zylkerkart-authentication-service\",\"cloud_type\":\"DOCKER\",\"port\":8080,\"is_cloud_ins\":true,\"host\":\"authentication-service-68597c4cf-6hnpq\",\"vm_host\":\"\",\"ins_type\":\"JAVA\",\"agent_version_info\":\"0\",\"host_license\":false},\"91282000000010224\":{\"instance_name\":\"Instance_8\",\"ip_address\":\"192.168.24.156\",\"service_version\":\"0.0\",\"server_id\":\"-1\",\"application_id\":\"91282000000010003\",\"host_id\":\"0\",\"agent_version\":7.5,\"instance_id\":\"91282000000010224\",\"application_name\":\"zylkerkart-authentication-service\",\"cloud_type\":\"DOCKER\",\"port\":8080,\"is_cloud_ins\":true,\"host\":\"authentication-service-68597c4cf-2j662\",\"vm_host\":\"\",\"ins_type\":\"JAVA\",\"agent_version_info\":\"0\",\"host_license\":false},\"91282000000010211\":{\"instance_name\":\"Instance_7\",\"ip_address\":\"192.168.6.45\",\"service_version\":\"0.0\",\"server_id\":\"-1\",\"application_id\":\"91282000000010003\",\"host_id\":\"0\",\"agent_version\":7.5,\"instance_id\":\"91282000000010211\",\"application_name\":\"zylkerkart-authentication-service\",\"cloud_type\":\"DOCKER\",\"port\":8080,\"is_cloud_ins\":true,\"host\":\"authentication-service-68597c4cf-gcxqf\",\"vm_host\":\"\",\"ins_type\":\"JAVA\",\"agent_version_info\":\"0\",\"host_license\":false},\"91282000000009490\":{\"instance_name\":\"Instance_9\",\"ip_address\":\"192.168.22.115\",\"service_version\":\"0.0\",\"server_id\":\"-1\",\"application_id\":\"91282000000010003\",\"host_id\":\"0\",\"agent_version\":7.5,\"instance_id\":\"91282000000009490\",\"application_name\":\"zylkerkart-authentication-service\",\"cloud_type\":\"DOCKER\",\"port\":8080,\"is_cloud_ins\":true,\"host\":\"authentication-service-68597c4cf-ftgsf\",\"vm_host\":\"\",\"ins_type\":\"JAVA\",\"agent_version_info\":\"0\",\"host_license\":false},\"91282000000009477\":{\"instance_name\":\"Instance_4\",\"ip_address\":\"192.168.19.61\",\"service_version\":\"0.0\",\"server_id\":\"-1\",\"application_id\":\"91282000000010003\",\"host_id\":\"0\",\"agent_version\":7.5,\"instance_id\":\"91282000000009477\",\"application_name\":\"zylkerkart-authentication-service\",\"cloud_type\":\"DOCKER\",\"port\":8080,\"is_cloud_ins\":true,\"host\":\"authentication-service-5f6ffdf796-2xs6g\",\"vm_host\":\"\",\"ins_type\":\"JAVA\",\"agent_version_info\":\"7.5.0\",\"host_license\":false},\"91282000000059200\":{\"instance_name\":\"Instance_5\",\"ip_address\":\"192.168.22.115\",\"service_version\":\"0.0\",\"server_id\":\"-1\",\"application_id\":\"91282000000010003\",\"host_id\":\"0\",\"agent_version\":7.5,\"instance_id\":\"91282000000059200\",\"application_name\":\"zylkerkart-authentication-service\",\"cloud_type\":\"DOCKER\",\"port\":8080,\"is_cloud_ins\":true,\"host\":\"authentication-service-68597c4cf-m8r9n\",\"vm_host\":\"\",\"ins_type\":\"JAVA\",\"agent_version_info\":\"0\",\"host_license\":false}},\"hosts\":{\"authentication-service-68597c4cf-2j662\":[\"91282000000010224\"],\"authentication-service-67b4479b8-srg9z\":[\"91282000000059148\"],\"authentication-service-68597c4cf-m9vqc\":[\"91282000000009464\"],\"authentication-service-68597c4cf-m8r9n\":[\"91282000000059200\"],\"authentication-service-68597c4cf-hzvxh\":[\"91282000000059213\"],\"authentication-service-68597c4cf-6hnpq\":[\"91282000000009503\"],\"authentication-service-5f6ffdf796-2xs6g\":[\"91282000000009477\"],\"authentication-service-68597c4cf-gcxqf\":[\"91282000000010211\"],\"authentication-service-68597c4cf-8svn4\":[\"91282000000010024\"],\"authentication-service-68597c4cf-ftgsf\":[\"91282000000009490\"]},\"unmanaged_instance_count\":9,\"host_count\":10,\"managed_instance_count\":1,\"rum_info\":\"\",\"application_id\":\"91282000000010003\",\"instance_count\":10},\"cputime\":\"\",\"cpu_usage\":\"\",\"show_tls_warning\":false,\"tags\":[\"profile:dev\"]},{\"show_instance_port_number\":true,\"count\":\"10\",\"httpbytesout\":0.0,\"httpbytesin\":0.0,\"show_tls_warning\":false,\"tags\":\"\",\"availability_health_info\":{\"last_communication_time\":\"1775129038550\",\"status_change_time\":\"-1\",\"managed_state\":true,\"under_maintenance\":false,\"availability_url\":\"/home/reportsinfo.do?execute=getDetailsPageReport\u0026period=3\u0026reporttype=LocationDownReport\u0026urlid=91282000000010067\",\"health\":\"\",\"availability\":\"AVAILABLE\",\"status_reason\":\"\",\"has_health_attribute\":false,\"health_url\":\"\",\"status\":1},\"exception_info\":{\"fatal_count\":\"0\",\"warning_count\":\"0\"},\"response_time_data\":{\"max_response_time\":63.0,\"cpu_time\":0.0,\"max_bytes_out\":0.0,\"total_http_bytes_out\":0.0,\"min_bytes_in\":0.0,\"error_count\":0.0,\"succ_perc\":100.0,\"max_bytes_in\":0.0,\"request_count\":28.0,\"avg_http_bytes_in\":0.0,\"min_response_time\":2.0,\"total_response_time\":0.0,\"avg_http_bytes_out\":0.0,\"min_bytes_out\":0.0,\"succ_count\":28.0,\"response_time\":4.54,\"total_http_bytes_in\":0.0,\"err_count\":0.0,\"throughput\":28.0},\"app_config\":{\"is_cloud_app\":true},\"application_info\":{\"application_name\":\"zylkerkart-payment-gateway-service\",\"instance_ids\":[\"91282000000009305\",\"91282000000009240\",\"91282000000010079\",\"91282000000059095\",\"91282000000010131\",\"91282000000059029\",\"91282000000059082\",\"91282000000009292\",\"91282000000059016\",\"91282000000009344\",\"91282000000010118\",\"91282000000059134\",\"91282000000010105\",\"91282000000059068\",\"91282000000059003\",\"91282000000009279\",\"91282000000009331\",\"91282000000009266\",\"91282000000059121\",\"91282000000059055\",\"91282000000010157\",\"91282000000010092\",\"91282000000010144\",\"91282000000059108\",\"91282000000009253\",\"91282000000059042\",\"91282000000009318\"],\"host_license_applied_instances\":{},\"instances\":{\"91282000000009305\":{\"instance_name\":\"Instance_17\",\"ip_address\":\"192.168.27.209\",\"service_version\":\"2.0.0\",\"server_id\":\"-1\",\"application_id\":\"91282000000010067\",\"host_id\":\"0\",\"agent_version\":1.7,\"instance_id\":\"91282000000009305\",\"application_name\":\"zylkerkart-payment-gateway-service\",\"cloud_type\":\"DOCKER\",\"port\":9050,\"is_cloud_ins\":true,\"host\":\"payment-gateway-service-5fd76689fd-f58g9\",\"vm_host\":\"payment-gateway-service-5fd76689fd-f58g9\",\"ins_type\":\"PYTHON\",\"agent_version_info\":\"1.7.2\",\"host_license\":false},\"91282000000009240\":{\"instance_name\":\"Instance_5\",\"ip_address\":\"192.168.30.215\",\"service_version\":\"2.0.0\",\"server_id\":\"-1\",\"application_id\":\"91282000000010067\",\"host_id\":\"0\",\"agent_version\":1.7,\"instance_id\":\"91282000000009240\",\"application_name\":\"zylkerkart-payment-gateway-service\",\"cloud_type\":\"DOCKER\",\"port\":9050,\"is_cloud_ins\":true,\"host\":\"payment-gateway-service-5fd76689fd-crgks\",\"vm_host\":\"payment-gateway-service-5fd76689fd-crgks\",\"ins_type\":\"PYTHON\",\"agent_version_info\":\"1.7.2\",\"host_license\":false},\"91282000000010079\":{\"instance_name\":\"Instance_1\",\"ip_address\":\"192.168.8.249\",\"service_version\":\"2.0.0\",\"server_id\":\"-1\",\"application_id\":\"91282000000010067\",\"host_id\":\"0\",\"agent_version\":1.7,\"instance_id\":\"91282000000010079\",\"application_name\":\"zylkerkart-payment-gateway-service\",\"cloud_type\":\"DOCKER\",\"port\":9050,\"is_cloud_ins\":true,\"host\":\"payment-gateway-service-5fd76689fd-hhd96\",\"vm_host\":\"payment-gateway-service-5fd76689fd-hhd96\",\"ins_type\":\"PYTHON\",\"agent_version_info\":\"1.7.2\",\"host_license\":false},\"91282000000059095\":{\"instance_name\":\"Instance_21\",\"ip_address\":\"192.168.40.69\",\"service_version\":\"2.0.0\",\"server_id\":\"-1\",\"application_id\":\"91282000000010067\",\"host_id\":\"0\",\"agent_version\":1.7,\"instance_id\":\"91282000000059095\",\"application_name\":\"zylkerkart-payment-gateway-service\",\"cloud_type\":\"DOCKER\",\"port\":9050,\"is_cloud_ins\":true,\"host\":\"payment-gateway-service-5fd76689fd-vzmjf\",\"vm_host\":\"payment-gateway-service-5fd76689fd-vzmjf\",\"ins_type\":\"PYTHON\",\"agent_version_info\":\"1.7.2\",\"host_license\":false},\"91282000000010131\":{\"instance_name\":\"Instance_13\",\"ip_address\":\"192.168.9.205\",\"service_version\":\"2.0.0\",\"server_id\":\"-1\",\"application_id\":\"91282000000010067\",\"host_id\":\"0\",\"agent_version\":1.7,\"instance_id\":\"91282000000010131\",\"application_name\":\"zylkerkart-payment-gateway-service\",\"cloud_type\":\"DOCKER\",\"port\":9050,\"is_cloud_ins\":true,\"host\":\"payment-gateway-service-5fd76689fd-nfz7g\",\"vm_host\":\"payment-gateway-service-5fd76689fd-nfz7g\",\"ins_type\":\"PYTHON\",\"agent_version_info\":\"1.7.2\",\"host_license\":false},\"91282000000059029\":{\"instance_name\":\"Instance_6\",\"ip_address\":\"192.168.19.61\",\"service_version\":\"2.0.0\",\"server_id\":\"-1\",\"application_id\":\"91282000000010067\",\"host_id\":\"0\",\"agent_version\":1.7,\"instance_id\":\"91282000000059029\",\"application_name\":\"zylkerkart-payment-gateway-service\",\"cloud_type\":\"DOCKER\",\"port\":9050,\"is_cloud_ins\":true,\"host\":\"payment-gateway-service-5fd76689fd-27w84\",\"vm_host\":\"payment-gateway-service-5fd76689fd-27w84\",\"ins_type\":\"PYTHON\",\"agent_version_info\":\"1.7.2\",\"host_license\":false},\"91282000000059082\":{\"instance_name\":\"Instance_20\",\"ip_address\":\"192.168.8.249\",\"service_version\":\"2.0.0\",\"server_id\":\"-1\",\"application_id\":\"91282000000010067\",\"host_id\":\"0\",\"agent_version\":1.7,\"instance_id\":\"91282000000059082\",\"application_name\":\"zylkerkart-payment-gateway-service\",\"cloud_type\":\"DOCKER\",\"port\":9050,\"is_cloud_ins\":true,\"host\":\"payment-gateway-service-5fd76689fd-c5n85\",\"vm_host\":\"payment-gateway-service-5fd76689fd-c5n85\",\"ins_type\":\"PYTHON\",\"agent_version_info\":\"1.7.2\",\"host_license\":false},\"91282000000009292\":{\"instance_name\":\"Instance_15\",\"ip_address\":\"192.168.19.61\",\"service_version\":\"2.0.0\",\"server_id\":\"-1\",\"application_id\":\"91282000000010067\",\"host_id\":\"0\",\"agent_version\":1.7,\"instance_id\":\"91282000000009292\",\"application_name\":\"zylkerkart-payment-gateway-service\",\"cloud_type\":\"DOCKER\",\"port\":9050,\"is_cloud_ins\":true,\"host\":\"payment-gateway-service-5fd76689fd-rx2fl\",\"vm_host\":\"payment-gateway-service-5fd76689fd-rx2fl\",\"ins_type\":\"PYTHON\",\"agent_version_info\":\"1.7.2\",\"host_license\":false},\"91282000000059016\":{\"instance_name\":\"Instance_4\",\"ip_address\":\"192.168.40.69\",\"service_version\":\"2.0.0\",\"server_id\":\"-1\",\"application_id\":\"91282000000010067\",\"host_id\":\"0\",\"agent_version\":1.7,\"instance_id\":\"91282000000059016\",\"application_name\":\"zylkerkart-payment-gateway-service\",\"cloud_type\":\"DOCKER\",\"port\":9050,\"is_cloud_ins\":true,\"host\":\"payment-gateway-service-5fd76689fd-s4b4z\",\"vm_host\":\"payment-gateway-service-5fd76689fd-s4b4z\",\"ins_type\":\"PYTHON\",\"agent_version_info\":\"1.7.2\",\"host_license\":false},\"91282000000009344\":{\"instance_name\":\"Instance_26\",\"ip_address\":\"192.168.40.69\",\"service_version\":\"2.0.0\",\"server_id\":\"-1\",\"application_id\":\"91282000000010067\",\"host_id\":\"0\",\"agent_version\":1.7,\"instance_id\":\"91282000000009344\",\"application_name\":\"zylkerkart-payment-gateway-service\",\"cloud_type\":\"DOCKER\",\"port\":9050,\"is_cloud_ins\":true,\"host\":\"payment-gateway-service-5fd76689fd-cvt9v\",\"vm_host\":\"payment-gateway-service-5fd76689fd-cvt9v\",\"ins_type\":\"PYTHON\",\"agent_version_info\":\"1.7.2\",\"host_license\":false},\"91282000000010118\":{\"instance_name\":\"Instance_10\",\"ip_address\":\"192.168.30.215\",\"service_version\":\"2.0.0\",\"server_id\":\"-1\",\"application_id\":\"91282000000010067\",\"host_id\":\"0\",\"agent_version\":1.7,\"instance_id\":\"91282000000010118\",\"application_name\":\"zylkerkart-payment-gateway-service\",\"cloud_type\":\"DOCKER\",\"port\":9050,\"is_cloud_ins\":true,\"host\":\"payment-gateway-service-5fd76689fd-l7k7j\",\"vm_host\":\"payment-gateway-service-5fd76689fd-l7k7j\",\"ins_type\":\"PYTHON\",\"agent_version_info\":\"1.7.2\",\"host_license\":false},\"91282000000059134\":{\"instance_name\":\"Instance_25\",\"ip_address\":\"192.168.40.107\",\"service_version\":\"2.0.0\",\"server_id\":\"-1\",\"application_id\":\"91282000000010067\",\"host_id\":\"0\",\"agent_version\":1.7,\"instance_id\":\"91282000000059134\",\"application_name\":\"zylkerkart-payment-gateway-service\",\"cloud_type\":\"DOCKER\",\"port\":9050,\"is_cloud_ins\":true,\"host\":\"payment-gateway-service-5fd76689fd-2dnnq\",\"vm_host\":\"payment-gateway-service-5fd76689fd-2dnnq\",\"ins_type\":\"PYTHON\",\"agent_version_info\":\"1.7.2\",\"host_license\":false},\"91282000000010105\":{\"instance_name\":\"Instance_7\",\"ip_address\":\"192.168.19.61\",\"service_version\":\"2.0.0\",\"server_id\":\"-1\",\"application_id\":\"91282000000010067\",\"host_id\":\"0\",\"agent_version\":1.7,\"instance_id\":\"91282000000010105\",\"application_name\":\"zylkerkart-payment-gateway-service\",\"cloud_type\":\"DOCKER\",\"port\":9050,\"is_cloud_ins\":true,\"host\":\"payment-gateway-service-5fd76689fd-dkdlt\",\"vm_host\":\"payment-gateway-service-5fd76689fd-dkdlt\",\"ins_type\":\"PYTHON\",\"agent_version_info\":\"1.7.2\",\"host_license\":false},\"91282000000059068\":{\"instance_name\":\"Instance_16\",\"ip_address\":\"192.168.8.249\",\"service_version\":\"2.0.0\",\"server_id\":\"-1\",\"application_id\":\"91282000000010067\",\"host_id\":\"0\",\"agent_version\":1.7,\"instance_id\":\"91282000000059068\",\"application_name\":\"zylkerkart-payment-gateway-service\",\"cloud_type\":\"DOCKER\",\"port\":9050,\"is_cloud_ins\":true,\"host\":\"payment-gateway-service-5fd76689fd-2thc6\",\"vm_host\":\"payment-gateway-service-5fd76689fd-2thc6\",\"ins_type\":\"PYTHON\",\"agent_version_info\":\"1.7.2\",\"host_license\":false},\"91282000000059003\":{\"instance_name\":\"Instance_2\",\"ip_address\":\"192.168.8.249\",\"service_version\":\"2.0.0\",\"server_id\":\"-1\",\"application_id\":\"91282000000010067\",\"host_id\":\"0\",\"agent_version\":1.7,\"instance_id\":\"91282000000059003\",\"application_name\":\"zylkerkart-payment-gateway-service\",\"cloud_type\":\"DOCKER\",\"port\":9050,\"is_cloud_ins\":true,\"host\":\"payment-gateway-service-5fd76689fd-qhw2v\",\"vm_host\":\"payment-gateway-service-5fd76689fd-qhw2v\",\"ins_type\":\"PYTHON\",\"agent_version_info\":\"1.7.2\",\"host_license\":false},\"91282000000009279\":{\"instance_name\":\"Instance_12\",\"ip_address\":\"192.168.30.215\",\"service_version\":\"2.0.0\",\"server_id\":\"-1\",\"application_id\":\"91282000000010067\",\"host_id\":\"0\",\"agent_version\":1.7,\"instance_id\":\"91282000000009279\",\"application_name\":\"zylkerkart-payment-gateway-service\",\"cloud_type\":\"DOCKER\",\"port\":9050,\"is_cloud_ins\":true,\"host\":\"payment-gateway-service-5fd76689fd-wd8b8\",\"vm_host\":\"payment-gateway-service-5fd76689fd-wd8b8\",\"ins_type\":\"PYTHON\",\"agent_version_info\":\"1.7.2\",\"host_license\":false},\"91282000000009331\":{\"instance_name\":\"Instance_23\",\"ip_address\":\"192.168.9.205\",\"service_version\":\"2.0.0\",\"server_id\":\"-1\",\"application_id\":\"91282000000010067\",\"host_id\":\"0\",\"agent_version\":1.7,\"instance_id\":\"91282000000009331\",\"application_name\":\"zylkerkart-payment-gateway-service\",\"cloud_type\":\"DOCKER\",\"port\":9050,\"is_cloud_ins\":true,\"host\":\"payment-gateway-service-5fd76689fd-chdjs\",\"vm_host\":\"payment-gateway-service-5fd76689fd-chdjs\",\"ins_type\":\"PYTHON\",\"agent_version_info\":\"1.7.2\",\"host_license\":false},\"91282000000009266\":{\"instance_name\":\"Instance_9\",\"ip_address\":\"192.168.41.142\",\"service_version\":\"2.0.0\",\"server_id\":\"-1\",\"application_id\":\"91282000000010067\",\"host_id\":\"0\",\"agent_version\":1.7,\"instance_id\":\"91282000000009266\",\"application_name\":\"zylkerkart-payment-gateway-service\",\"cloud_type\":\"DOCKER\",\"port\":9050,\"is_cloud_ins\":true,\"host\":\"payment-gateway-service-5fd76689fd-65bhh\",\"vm_host\":\"payment-gateway-service-5fd76689fd-65bhh\",\"ins_type\":\"PYTHON\",\"agent_version_info\":\"1.7.2\",\"host_license\":false},\"91282000000059121\":{\"instance_name\":\"Instance_24\",\"ip_address\":\"192.168.40.107\",\"service_version\":\"2.0.0\",\"server_id\":\"-1\",\"application_id\":\"91282000000010067\",\"host_id\":\"0\",\"agent_version\":1.7,\"instance_id\":\"91282000000059121\",\"application_name\":\"zylkerkart-payment-gateway-service\",\"cloud_type\":\"DOCKER\",\"port\":9050,\"is_cloud_ins\":true,\"host\":\"payment-gateway-service-5fd76689fd-mgzjw\",\"vm_host\":\"payment-gateway-service-5fd76689fd-mgzjw\",\"ins_type\":\"PYTHON\",\"agent_version_info\":\"1.7.2\",\"host_license\":false},\"91282000000059055\":{\"instance_name\":\"Instance_14\",\"ip_address\":\"192.168.8.249\",\"service_version\":\"2.0.0\",\"server_id\":\"-1\",\"application_id\":\"91282000000010067\",\"host_id\":\"0\",\"agent_version\":1.7,\"instance_id\":\"91282000000059055\",\"application_name\":\"zylkerkart-payment-gateway-service\",\"cloud_type\":\"DOCKER\",\"port\":9050,\"is_cloud_ins\":true,\"host\":\"payment-gateway-service-5fd76689fd-vm97s\",\"vm_host\":\"payment-gateway-service-5fd76689fd-vm97s\",\"ins_type\":\"PYTHON\",\"agent_version_info\":\"1.7.2\",\"host_license\":false},\"91282000000010157\":{\"instance_name\":\"Instance_27\",\"ip_address\":\"192.168.30.215\",\"service_version\":\"2.0.0\",\"server_id\":\"-1\",\"application_id\":\"91282000000010067\",\"host_id\":\"0\",\"agent_version\":1.7,\"instance_id\":\"91282000000010157\",\"application_name\":\"zylkerkart-payment-gateway-service\",\"cloud_type\":\"DOCKER\",\"port\":9050,\"is_cloud_ins\":true,\"host\":\"payment-gateway-service-d6d548ccd-gwrkf\",\"vm_host\":\"payment-gateway-service-d6d548ccd-gwrkf\",\"ins_type\":\"PYTHON\",\"agent_version_info\":\"1.7.2\",\"host_license\":false},\"91282000000010092\":{\"instance_name\":\"Instance_3\",\"ip_address\":\"192.168.19.61\",\"service_version\":\"2.0.0\",\"server_id\":\"-1\",\"application_id\":\"91282000000010067\",\"host_id\":\"0\",\"agent_version\":1.7,\"instance_id\":\"91282000000010092\",\"application_name\":\"zylkerkart-payment-gateway-service\",\"cloud_type\":\"DOCKER\",\"port\":9050,\"is_cloud_ins\":true,\"host\":\"payment-gateway-service-5fd76689fd-xq8pn\",\"vm_host\":\"payment-gateway-service-5fd76689fd-xq8pn\",\"ins_type\":\"PYTHON\",\"agent_version_info\":\"1.7.2\",\"host_license\":false},\"91282000000010144\":{\"instance_name\":\"Instance_18\",\"ip_address\":\"192.168.31.251\",\"service_version\":\"2.0.0\",\"server_id\":\"-1\",\"application_id\":\"91282000000010067\",\"host_id\":\"0\",\"agent_version\":1.7,\"instance_id\":\"91282000000010144\",\"application_name\":\"zylkerkart-payment-gateway-service\",\"cloud_type\":\"DOCKER\",\"port\":9050,\"is_cloud_ins\":true,\"host\":\"payment-gateway-service-d6d548ccd-pz777\",\"vm_host\":\"payment-gateway-service-d6d548ccd-pz777\",\"ins_type\":\"PYTHON\",\"agent_version_info\":\"1.7.2\",\"host_license\":false},\"91282000000059108\":{\"instance_name\":\"Instance_22\",\"ip_address\":\"192.168.19.61\",\"service_version\":\"2.0.0\",\"server_id\":\"-1\",\"application_id\":\"91282000000010067\",\"host_id\":\"0\",\"agent_version\":1.7,\"instance_id\":\"91282000000059108\",\"application_name\":\"zylkerkart-payment-gateway-service\",\"cloud_type\":\"DOCKER\",\"port\":9050,\"is_cloud_ins\":true,\"host\":\"payment-gateway-service-5fd76689fd-mkl2g\",\"vm_host\":\"payment-gateway-service-5fd76689fd-mkl2g\",\"ins_type\":\"PYTHON\",\"agent_version_info\":\"1.7.2\",\"host_license\":false},\"91282000000009253\":{\"instance_name\":\"Instance_8\",\"ip_address\":\"192.168.40.107\",\"service_version\":\"2.0.0\",\"server_id\":\"-1\",\"application_id\":\"91282000000010067\",\"host_id\":\"0\",\"agent_version\":1.7,\"instance_id\":\"91282000000009253\",\"application_name\":\"zylkerkart-payment-gateway-service\",\"cloud_type\":\"DOCKER\",\"port\":9050,\"is_cloud_ins\":true,\"host\":\"payment-gateway-service-5fd76689fd-slnqg\",\"vm_host\":\"payment-gateway-service-5fd76689fd-slnqg\",\"ins_type\":\"PYTHON\",\"agent_version_info\":\"1.7.2\",\"host_license\":false},\"91282000000059042\":{\"instance_name\":\"Instance_11\",\"ip_address\":\"192.168.40.107\",\"service_version\":\"2.0.0\",\"server_id\":\"91282000000104311\",\"application_id\":\"91282000000010067\",\"host_id\":\"0\",\"agent_version\":1.7,\"instance_id\":\"91282000000059042\",\"application_name\":\"zylkerkart-payment-gateway-service\",\"cloud_type\":\"DOCKER\",\"port\":9050,\"is_cloud_ins\":true,\"host\":\"payment-gateway-service-5fd76689fd-rvxfq\",\"vm_host\":\"payment-gateway-service-5fd76689fd-rvxfq\",\"ins_type\":\"PYTHON\",\"agent_version_info\":\"1.7.2\",\"host_license\":false},\"91282000000009318\":{\"instance_name\":\"Instance_19\",\"ip_address\":\"192.168.41.142\",\"service_version\":\"2.0.0\",\"server_id\":\"-1\",\"application_id\":\"91282000000010067\",\"host_id\":\"0\",\"agent_version\":1.7,\"instance_id\":\"91282000000009318\",\"application_name\":\"zylkerkart-payment-gateway-service\",\"cloud_type\":\"DOCKER\",\"port\":9050,\"is_cloud_ins\":true,\"host\":\"payment-gateway-service-5fd76689fd-k7dkr\",\"vm_host\":\"payment-gateway-service-5fd76689fd-k7dkr\",\"ins_type\":\"PYTHON\",\"agent_version_info\":\"1.7.2\",\"host_license\":false}},\"hosts\":{\"payment-gateway-service-5fd76689fd-rx2fl\":[\"91282000000009292\"],\"payment-gateway-service-d6d548ccd-pz777\":[\"91282000000010144\"],\"payment-gateway-service-5fd76689fd-27w84\":[\"91282000000059029\"],\"payment-gateway-service-5fd76689fd-s4b4z\":[\"91282000000059016\"],\"payment-gateway-service-5fd76689fd-65bhh\":[\"91282000000009266\"],\"payment-gateway-service-5fd76689fd-rvxfq\":[\"91282000000059042\"],\"payment-gateway-service-5fd76689fd-vzmjf\":[\"91282000000059095\"],\"payment-gateway-service-5fd76689fd-mgzjw\":[\"91282000000059121\"],\"payment-gateway-service-5fd76689fd-l7k7j\":[\"91282000000010118\"],\"payment-gateway-service-5fd76689fd-f58g9\":[\"91282000000009305\"],\"payment-gateway-service-5fd76689fd-xq8pn\":[\"91282000000010092\"],\"payment-gateway-service-5fd76689fd-vm97s\":[\"91282000000059055\"],\"payment-gateway-service-5fd76689fd-2dnnq\":[\"91282000000059134\"],\"payment-gateway-service-5fd76689fd-qhw2v\":[\"91282000000059003\"],\"payment-gateway-service-5fd76689fd-hhd96\":[\"91282000000010079\"],\"payment-gateway-service-5fd76689fd-crgks\":[\"91282000000009240\"],\"payment-gateway-service-5fd76689fd-cvt9v\":[\"91282000000009344\"],\"payment-gateway-service-5fd76689fd-nfz7g\":[\"91282000000010131\"],\"payment-gateway-service-5fd76689fd-dkdlt\":[\"91282000000010105\"],\"payment-gateway-service-5fd76689fd-mkl2g\":[\"91282000000059108\"],\"payment-gateway-service-5fd76689fd-k7dkr\":[\"91282000000009318\"],\"payment-gateway-service-5fd76689fd-wd8b8\":[\"91282000000009279\"],\"payment-gateway-service-5fd76689fd-slnqg\":[\"91282000000009253\"],\"payment-gateway-service-d6d548ccd-gwrkf\":[\"91282000000010157\"],\"payment-gateway-service-5fd76689fd-c5n85\":[\"91282000000059082\"],\"payment-gateway-service-5fd76689fd-2thc6\":[\"91282000000059068\"],\"payment-gateway-service-5fd76689fd-chdjs\":[\"91282000000009331\"]},\"unmanaged_instance_count\":26,\"host_count\":27,\"managed_instance_count\":1,\"rum_info\":\"\",\"application_id\":\"91282000000010067\",\"instance_count\":27},\"cputime\":0.0,\"cpu_usage\":\"\",\"apdex_data\":{\"tolerating_count\":0.0,\"satisfied_count\":28.0,\"apdex\":1.0,\"frustrated\":0.0,\"satisfied\":100.0,\"frustrated_count\":0.0,\"tolerating\":0.0}},{\"availability_health_info\":{\"last_communication_time\":\"1775129032458\",\"status_change_time\":\"-1\",\"managed_state\":true,\"under_maintenance\":false,\"availability_url\":\"/home/reportsinfo.do?execute=getDetailsPageReport\u0026period=3\u0026reporttype=LocationDownReport\u0026urlid=91282000007585242\",\"health\":\"\",\"availability\":\"AVAILABLE\",\"status_reason\":\"\",\"has_health_attribute\":false,\"health_url\":\"\",\"status\":1},\"show_instance_port_number\":true,\"app_config\":{\"is_cloud_app\":true},\"count\":\"10\",\"application_info\":{\"application_name\":\"ZylkerKart-SearchService-AIOps\",\"instance_ids\":[\"91282000007586239\",\"91282000007585254\",\"91282000007585344\",\"91282000007585331\"],\"host_license_applied_instances\":{},\"instances\":{\"91282000007586239\":{\"instance_name\":\"Instance_1\",\"ip_address\":\"\",\"service_version\":\"2.0.0\",\"server_id\":\"-1\",\"application_id\":\"91282000007585242\",\"host_id\":\"0\",\"agent_version\":1.0,\"instance_id\":\"91282000007586239\",\"application_name\":\"ZylkerKart-SearchService-AIOps\",\"cloud_type\":\"DOCKER\",\"port\":8083,\"is_cloud_ins\":true,\"host\":\"cri-containerd-29766e1460e88763a0ddaba2fd5a199c0855a3c4798e14c4fa7c914f\",\"vm_host\":\"\",\"ins_type\":\"GO\",\"agent_version_info\":\"1.0.5\",\"host_license\":false},\"91282000007585254\":{\"instance_name\":\"Instance_2\",\"ip_address\":\"\",\"service_version\":\"2.0.0\",\"server_id\":\"-1\",\"application_id\":\"91282000007585242\",\"host_id\":\"0\",\"agent_version\":1.0,\"instance_id\":\"91282000007585254\",\"application_name\":\"ZylkerKart-SearchService-AIOps\",\"cloud_type\":\"DOCKER\",\"port\":8083,\"is_cloud_ins\":true,\"host\":\"cri-containerd-0f6c72a4f53929ca1dc35e8ae9cdda0161ec79d509ece2202a8a8d4b\",\"vm_host\":\"\",\"ins_type\":\"GO\",\"agent_version_info\":\"1.0.5\",\"host_license\":false},\"91282000007585344\":{\"instance_name\":\"Instance_4\",\"ip_address\":\"\",\"service_version\":\"2.0.0\",\"server_id\":\"-1\",\"application_id\":\"91282000007585242\",\"host_id\":\"0\",\"agent_version\":1.0,\"instance_id\":\"91282000007585344\",\"application_name\":\"ZylkerKart-SearchService-AIOps\",\"cloud_type\":\"DOCKER\",\"port\":8083,\"is_cloud_ins\":true,\"host\":\"cri-containerd-8d331e107af25d14b877834189623cc9a2cba45effa5f3dd3fa2d2f7\",\"vm_host\":\"\",\"ins_type\":\"GO\",\"agent_version_info\":\"1.0.5\",\"host_license\":false},\"91282000007585331\":{\"instance_name\":\"Instance_3\",\"ip_address\":\"\",\"service_version\":\"2.0.0\",\"server_id\":\"-1\",\"application_id\":\"91282000007585242\",\"host_id\":\"0\",\"agent_version\":1.0,\"instance_id\":\"91282000007585331\",\"application_name\":\"ZylkerKart-SearchService-AIOps\",\"cloud_type\":\"DOCKER\",\"port\":8083,\"is_cloud_ins\":true,\"host\":\"cri-containerd-7a78b6874fa13557baa2f4a5bd7e09de4e504f7d4eb3554a18131e2a\",\"vm_host\":\"\",\"ins_type\":\"GO\",\"agent_version_info\":\"1.0.5\",\"host_license\":false}},\"hosts\":{\"cri-containerd-7a78b6874fa13557baa2f4a5bd7e09de4e504f7d4eb3554a18131e2a\":[\"91282000007585331\"],\"cri-containerd-29766e1460e88763a0ddaba2fd5a199c0855a3c4798e14c4fa7c914f\":[\"91282000007586239\"],\"cri-containerd-0f6c72a4f53929ca1dc35e8ae9cdda0161ec79d509ece2202a8a8d4b\":[\"91282000007585254\"],\"cri-containerd-8d331e107af25d14b877834189623cc9a2cba45effa5f3dd3fa2d2f7\":[\"91282000007585344\"]},\"unmanaged_instance_count\":2,\"host_count\":4,\"managed_instance_count\":2,\"rum_info\":\"\",\"application_id\":\"91282000007585242\",\"instance_count\":4},\"cputime\":\"\",\"cpu_usage\":\"\",\"show_tls_warning\":false,\"tags\":\"\"},{\"show_instance_port_number\":true,\"count\":\"10\",\"httpbytesout\":0.0,\"httpbytesin\":0.0,\"show_tls_warning\":false,\"tags\":\"\",\"availability_health_info\":{\"last_communication_time\":\"1775129078735\",\"status_change_time\":\"-1\",\"managed_state\":true,\"under_maintenance\":false,\"availability_url\":\"/home/reportsinfo.do?execute=getDetailsPageReport\u0026period=3\u0026reporttype=LocationDownReport\u0026urlid=91282000007585267\",\"health\":\"\",\"availability\":\"AVAILABLE\",\"status_reason\":\"\",\"has_health_attribute\":false,\"health_url\":\"\",\"status\":1},\"exception_info\":{\"fatal_count\":\"41\",\"warning_count\":\"472\"},\"response_time_data\":{\"max_response_time\":6692.0,\"cpu_time\":0.0,\"max_bytes_out\":0.0,\"total_http_bytes_out\":0.0,\"min_bytes_in\":0.0,\"error_count\":10.0,\"succ_perc\":90.0,\"max_bytes_in\":0.0,\"request_count\":1812.0,\"avg_http_bytes_in\":0.0,\"min_response_time\":1.0,\"total_response_time\":0.0,\"avg_http_bytes_out\":0.0,\"min_bytes_out\":0.0,\"succ_count\":1630.0,\"response_time\":57.02,\"total_http_bytes_in\":0.0,\"err_count\":182.0,\"throughput\":1812.0},\"app_config\":{\"rumInjectionAllowed\":true,\"is_cloud_app\":true,\"autoScale\":false},\"application_info\":{\"application_name\":\"ZylkerKart-Storefront-AIOps\",\"instance_ids\":[\"91282000007585279\",\"91282000007586277\"],\"host_license_applied_instances\":{},\"instances\":{\"91282000007585279\":{\"instance_name\":\"Instance_1\",\"ip_address\":\"10.224.0.16\",\"service_version\":\"0.0\",\"server_id\":\"-1\",\"application_id\":\"91282000007585267\",\"host_id\":\"0\",\"agent_version\":7.7,\"instance_id\":\"91282000007585279\",\"application_name\":\"ZylkerKart-Storefront-AIOps\",\"cloud_type\":\"DOCKER\",\"port\":8080,\"is_cloud_ins\":true,\"host\":\"storefront-84d5bd85f4-cbq45\",\"vm_host\":\"\",\"ins_type\":\"JAVA\",\"agent_version_info\":\"0\",\"host_license\":false},\"91282000007586277\":{\"instance_name\":\"Instance_2\",\"ip_address\":\"10.0.2.141\",\"service_version\":\"0.0\",\"server_id\":\"-1\",\"application_id\":\"91282000007585267\",\"host_id\":\"0\",\"agent_version\":7.7,\"instance_id\":\"91282000007586277\",\"application_name\":\"ZylkerKart-Storefront-AIOps\",\"cloud_type\":\"DOCKER\",\"port\":8080,\"is_cloud_ins\":true,\"host\":\"storefront-84d5bd85f4-tc87s\",\"vm_host\":\"\",\"ins_type\":\"JAVA\",\"agent_version_info\":\"0\",\"host_license\":false}},\"hosts\":{\"storefront-84d5bd85f4-tc87s\":[\"91282000007586277\"],\"storefront-84d5bd85f4-cbq45\":[\"91282000007585279\"]},\"unmanaged_instance_count\":0,\"host_count\":2,\"managed_instance_count\":2,\"rum_info\":\"\",\"application_id\":\"91282000007585267\",\"instance_count\":2},\"cputime\":0.0,\"cpu_usage\":\"\",\"apdex_data\":{\"tolerating_count\":10.0,\"satisfied_count\":1614.0,\"apdex\":0.99,\"frustrated\":0.4,\"satisfied\":99.0,\"frustrated_count\":6.0,\"tolerating\":0.6}},{\"show_instance_port_number\":true,\"count\":\"10\",\"httpbytesout\":0.0,\"httpbytesin\":0.0,\"show_tls_warning\":false,\"tags\":\"\",\"availability_health_info\":{\"last_communication_time\":\"1775129088527\",\"status_change_time\":\"-1\",\"managed_state\":true,\"under_maintenance\":false,\"availability_url\":\"/home/reportsinfo.do?execute=getDetailsPageReport\u0026period=3\u0026reporttype=LocationDownReport\u0026urlid=91282000007585306\",\"health\":\"\",\"availability\":\"AVAILABLE\",\"status_reason\":\"\",\"has_health_attribute\":false,\"health_url\":\"\",\"status\":1},\"exception_info\":{\"fatal_count\":\"0\",\"warning_count\":\"0\"},\"response_time_data\":{\"max_response_time\":1520.0,\"cpu_time\":0.0,\"max_bytes_out\":0.0,\"total_http_bytes_out\":0.0,\"min_bytes_in\":0.0,\"error_count\":0.0,\"succ_perc\":100.0,\"max_bytes_in\":0.0,\"request_count\":529.0,\"avg_http_bytes_in\":0.0,\"min_response_time\":2.0,\"total_response_time\":0.0,\"avg_http_bytes_out\":0.0,\"min_bytes_out\":0.0,\"succ_count\":529.0,\"response_time\":25.52,\"total_http_bytes_in\":0.0,\"err_count\":0.0,\"throughput\":529.0},\"app_config\":{\"is_cloud_app\":true},\"application_info\":{\"application_name\":\"ZylkerKart-AuthService-AIOps\",\"instance_ids\":[\"91282000007585357\",\"91282000007585318\"],\"host_license_applied_instances\":{},\"instances\":{\"91282000007585357\":{\"instance_name\":\"Instance_2\",\"ip_address\":\"10.0.3.143\",\"service_version\":\"0.0\",\"server_id\":\"91282000007594200\",\"application_id\":\"91282000007585306\",\"host_id\":\"0\",\"agent_version\":7.0,\"instance_id\":\"91282000007585357\",\"application_name\":\"ZylkerKart-AuthService-AIOps\",\"cloud_type\":\"DOCKER\",\"port\":80,\"is_cloud_ins\":true,\"host\":\"auth-service-5568fcbb49-8pb86\",\"vm_host\":\"auth-service-5568fcbb49-8pb86\",\"ins_type\":\"DOTNET_CORE\",\"agent_version_info\":\"0\",\"host_license\":false},\"91282000007585318\":{\"instance_name\":\"Instance_1\",\"ip_address\":\"10.224.0.18\",\"service_version\":\"0.0\",\"server_id\":\"-1\",\"application_id\":\"91282000007585306\",\"host_id\":\"0\",\"agent_version\":7.0,\"instance_id\":\"91282000007585318\",\"application_name\":\"ZylkerKart-AuthService-AIOps\",\"cloud_type\":\"DOCKER\",\"port\":80,\"is_cloud_ins\":true,\"host\":\"auth-service-5568fcbb49-qqb85\",\"vm_host\":\"auth-service-5568fcbb49-qqb85\",\"ins_type\":\"DOTNET_CORE\",\"agent_version_info\":\"0\",\"host_license\":false}},\"hosts\":{\"auth-service-5568fcbb49-qqb85\":[\"91282000007585318\"],\"auth-service-5568fcbb49-8pb86\":[\"91282000007585357\"]},\"unmanaged_instance_count\":0,\"host_count\":2,\"managed_instance_count\":2,\"rum_info\":\"\",\"application_id\":\"91282000007585306\",\"instance_count\":2},\"cputime\":0.0,\"cpu_usage\":\"\",\"apdex_data\":{\"tolerating_count\":8.0,\"satisfied_count\":521.0,\"apdex\":0.99,\"frustrated\":0.0,\"satisfied\":98.5,\"frustrated_count\":0.0,\"tolerating\":1.5}},{\"show_instance_port_number\":true,\"count\":\"10\",\"httpbytesout\":75862.0,\"httpbytesin\":0.0,\"show_tls_warning\":false,\"tags\":\"\",\"availability_health_info\":{\"last_communication_time\":\"1775129073845\",\"status_change_time\":\"-1\",\"managed_state\":true,\"under_maintenance\":false,\"availability_url\":\"/home/reportsinfo.do?execute=getDetailsPageReport\u0026period=3\u0026reporttype=LocationDownReport\u0026urlid=91282000007586175\",\"health\":\"\",\"availability\":\"AVAILABLE\",\"status_reason\":\"\",\"has_health_attribute\":false,\"health_url\":\"\",\"status\":1},\"exception_info\":{\"fatal_count\":\"8\",\"warning_count\":\"0\"},\"response_time_data\":{\"max_response_time\":48.0,\"cpu_time\":0.0,\"max_bytes_out\":0.0,\"total_http_bytes_out\":0.0,\"min_bytes_in\":0.0,\"error_count\":6.1,\"succ_perc\":93.9,\"max_bytes_in\":0.0,\"request_count\":533.0,\"avg_http_bytes_in\":0.0,\"min_response_time\":0.0,\"total_response_time\":0.0,\"avg_http_bytes_out\":0.0,\"min_bytes_out\":0.0,\"succ_count\":500.0,\"response_time\":3.96,\"total_http_bytes_in\":0.0,\"err_count\":33.0,\"throughput\":533.0},\"app_config\":{\"is_cloud_app\":true},\"application_info\":{\"application_name\":\"ZylkerKart-OrderService-AIOps\",\"instance_ids\":[\"91282000007586187\",\"91282000007588150\"],\"host_license_applied_instances\":{},\"instances\":{\"91282000007586187\":{\"instance_name\":\"Instance_1\",\"ip_address\":\"10.224.0.32\",\"service_version\":\"0.0\",\"server_id\":\"-1\",\"application_id\":\"91282000007586175\",\"host_id\":\"0\",\"agent_version\":5.1,\"instance_id\":\"91282000007586187\",\"application_name\":\"ZylkerKart-OrderService-AIOps\",\"cloud_type\":\"DOCKER\",\"port\":8082,\"is_cloud_ins\":true,\"host\":\"order-service-566d494ff4-gjcx4\",\"vm_host\":\"order-service-566d494ff4-gjcx4\",\"ins_type\":\"NODEJS\",\"agent_version_info\":\"0\",\"host_license\":false},\"91282000007588150\":{\"instance_name\":\"Instance_2\",\"ip_address\":\"10.0.3.66\",\"service_version\":\"0.0\",\"server_id\":\"-1\",\"application_id\":\"91282000007586175\",\"host_id\":\"0\",\"agent_version\":5.1,\"instance_id\":\"91282000007588150\",\"application_name\":\"ZylkerKart-OrderService-AIOps\",\"cloud_type\":\"DOCKER\",\"port\":8082,\"is_cloud_ins\":true,\"host\":\"order-service-566d494ff4-6d87m\",\"vm_host\":\"order-service-566d494ff4-6d87m\",\"ins_type\":\"NODEJS\",\"agent_version_info\":\"0\",\"host_license\":false}},\"hosts\":{\"order-service-566d494ff4-6d87m\":[\"91282000007588150\"],\"order-service-566d494ff4-gjcx4\":[\"91282000007586187\"]},\"unmanaged_instance_count\":0,\"host_count\":2,\"managed_instance_count\":2,\"rum_info\":\"\",\"application_id\":\"91282000007586175\",\"instance_count\":2},\"cputime\":0.0,\"cpu_usage\":\"\",\"apdex_data\":{\"tolerating_count\":0.0,\"satisfied_count\":500.0,\"apdex\":1.0,\"frustrated\":0.0,\"satisfied\":100.0,\"frustrated_count\":0.0,\"tolerating\":0.0}},{\"show_instance_port_number\":true,\"count\":\"10\",\"httpbytesout\":0.0,\"httpbytesin\":0.0,\"show_tls_warning\":false,\"tags\":\"\",\"availability_health_info\":{\"last_communication_time\":\"1775129080386\",\"status_change_time\":\"-1\",\"managed_state\":true,\"under_maintenance\":false,\"availability_url\":\"/home/reportsinfo.do?execute=getDetailsPageReport\u0026period=3\u0026reporttype=LocationDownReport\u0026urlid=91282000007586200\",\"health\":\"\",\"availability\":\"AVAILABLE\",\"status_reason\":\"\",\"has_health_attribute\":false,\"health_url\":\"\",\"status\":1},\"exception_info\":{\"fatal_count\":\"20\",\"warning_count\":\"40\"},\"response_time_data\":{\"max_response_time\":29608.0,\"cpu_time\":0.0,\"max_bytes_out\":0.0,\"total_http_bytes_out\":0.0,\"min_bytes_in\":0.0,\"error_count\":0.5,\"succ_perc\":99.5,\"max_bytes_in\":0.0,\"request_count\":3929.0,\"avg_http_bytes_in\":0.0,\"min_response_time\":0.0,\"total_response_time\":0.0,\"avg_http_bytes_out\":0.0,\"min_bytes_out\":0.0,\"succ_count\":3909.0,\"response_time\":281.47,\"total_http_bytes_in\":0.0,\"err_count\":20.0,\"throughput\":3929.0},\"app_config\":{\"rumInjectionAllowed\":true,\"is_cloud_app\":true,\"autoScale\":false},\"application_info\":{\"application_name\":\"ZylkerKart-ProductService-AIOps\",\"instance_ids\":[\"91282000007588137\",\"91282000007586212\"],\"host_license_applied_instances\":{},\"instances\":{\"91282000007588137\":{\"instance_name\":\"Instance_2\",\"ip_address\":\"10.0.3.244\",\"service_version\":\"0.0\",\"server_id\":\"-1\",\"application_id\":\"91282000007586200\",\"host_id\":\"0\",\"agent_version\":7.7,\"instance_id\":\"91282000007588137\",\"application_name\":\"ZylkerKart-ProductService-AIOps\",\"cloud_type\":\"DOCKER\",\"port\":8080,\"is_cloud_ins\":true,\"host\":\"product-service-9bb9b4fcd-vf2xq\",\"vm_host\":\"\",\"ins_type\":\"JAVA\",\"agent_version_info\":\"0\",\"host_license\":false},\"91282000007586212\":{\"instance_name\":\"Instance_1\",\"ip_address\":\"10.224.0.49\",\"service_version\":\"0.0\",\"server_id\":\"-1\",\"application_id\":\"91282000007586200\",\"host_id\":\"0\",\"agent_version\":7.7,\"instance_id\":\"91282000007586212\",\"application_name\":\"ZylkerKart-ProductService-AIOps\",\"cloud_type\":\"DOCKER\",\"port\":8080,\"is_cloud_ins\":true,\"host\":\"product-service-9bb9b4fcd-vkj9d\",\"vm_host\":\"\",\"ins_type\":\"JAVA\",\"agent_version_info\":\"7.7.1\",\"host_license\":false}},\"hosts\":{\"product-service-9bb9b4fcd-vf2xq\":[\"91282000007588137\"],\"product-service-9bb9b4fcd-vkj9d\":[\"91282000007586212\"]},\"unmanaged_instance_count\":0,\"host_count\":2,\"managed_instance_count\":2,\"rum_info\":\"\",\"application_id\":\"91282000007586200\",\"instance_count\":2},\"cputime\":0.0,\"cpu_usage\":\"\",\"apdex_data\":{\"tolerating_count\":7.0,\"satisfied_count\":3827.0,\"apdex\":0.98,\"frustrated\":1.9,\"satisfied\":97.9,\"frustrated_count\":75.0,\"tolerating\":0.2}},{\"show_instance_port_number\":true,\"count\":\"10\",\"httpbytesout\":0.0,\"httpbytesin\":0.0,\"show_tls_warning\":false,\"tags\":\"\",\"availability_health_info\":{\"last_communication_time\":\"1775129086297\",\"status_change_time\":\"-1\",\"managed_state\":true,\"under_maintenance\":false,\"availability_url\":\"/home/reportsinfo.do?execute=getDetailsPageReport\u0026period=3\u0026reporttype=LocationDownReport\u0026urlid=91282000007586252\",\"health\":\"\",\"availability\":\"AVAILABLE\",\"status_reason\":\"\",\"has_health_attribute\":false,\"health_url\":\"\",\"status\":1},\"exception_info\":{\"fatal_count\":\"0\",\"warning_count\":\"0\"},\"response_time_data\":{\"max_response_time\":33.0,\"cpu_time\":0.0,\"max_bytes_out\":0.0,\"total_http_bytes_out\":0.0,\"min_bytes_in\":0.0,\"error_count\":0.0,\"succ_perc\":100.0,\"max_bytes_in\":0.0,\"request_count\":431.0,\"avg_http_bytes_in\":0.0,\"min_response_time\":2.0,\"total_response_time\":0.0,\"avg_http_bytes_out\":0.0,\"min_bytes_out\":0.0,\"succ_count\":431.0,\"response_time\":6.8,\"total_http_bytes_in\":0.0,\"err_count\":0.0,\"throughput\":431.0},\"app_config\":{\"is_cloud_app\":true},\"application_info\":{\"application_name\":\"ZylkerKart-PaymentService-AIOps\",\"instance_ids\":[\"91282000007586264\",\"91282000007585370\"],\"host_license_applied_instances\":{},\"instances\":{\"91282000007586264\":{\"instance_name\":\"Instance_1\",\"ip_address\":\"10.224.0.38\",\"service_version\":\"2.1.0\",\"server_id\":\"-1\",\"application_id\":\"91282000007586252\",\"host_id\":\"0\",\"agent_version\":1.7,\"instance_id\":\"91282000007586264\",\"application_name\":\"ZylkerKart-PaymentService-AIOps\",\"cloud_type\":\"DOCKER\",\"port\":8084,\"is_cloud_ins\":true,\"host\":\"payment-service-755d9769c6-st26p\",\"vm_host\":\"payment-service-755d9769c6-st26p\",\"ins_type\":\"PYTHON\",\"agent_version_info\":\"0\",\"host_license\":false},\"91282000007585370\":{\"instance_name\":\"Instance_2\",\"ip_address\":\"10.0.2.135\",\"service_version\":\"2.1.0\",\"server_id\":\"91282000007594200\",\"application_id\":\"91282000007586252\",\"host_id\":\"0\",\"agent_version\":1.7,\"instance_id\":\"91282000007585370\",\"application_name\":\"ZylkerKart-PaymentService-AIOps\",\"cloud_type\":\"DOCKER\",\"port\":8084,\"is_cloud_ins\":true,\"host\":\"payment-service-755d9769c6-6kbnh\",\"vm_host\":\"payment-service-755d9769c6-6kbnh\",\"ins_type\":\"PYTHON\",\"agent_version_info\":\"0\",\"host_license\":false}},\"hosts\":{\"payment-service-755d9769c6-6kbnh\":[\"91282000007585370\"],\"payment-service-755d9769c6-st26p\":[\"91282000007586264\"]},\"unmanaged_instance_count\":0,\"host_count\":2,\"managed_instance_count\":2,\"rum_info\":\"\",\"application_id\":\"91282000007586252\",\"instance_count\":2},\"cputime\":0.0,\"cpu_usage\":\"\",\"apdex_data\":{\"tolerating_count\":0.0,\"satisfied_count\":431.0,\"apdex\":1.0,\"frustrated\":0.0,\"satisfied\":100.0,\"frustrated_count\":0.0,\"tolerating\":0.0}}]}",
            "response_body_base64": "eyJjb2RlIjowLCJtZXNzYWdlIjoic3VjY2VzcyIsImRhdGEiOlt7ImF2YWlsYWJpbGl0eV9oZWFsdGhfaW5mbyI6eyJsYXN0X2NvbW11bmljYXRpb25fdGltZSI6IjE3NzUxMjkwNTQ5NTciLCJzdGF0dXNfY2hhbmdlX3RpbWUiOiItMSIsIm1hbmFnZWRfc3RhdGUiOnRydWUsInVuZGVyX21haW50ZW5hbmNlIjpmYWxzZSwiYXZhaWxhYmlsaXR5X3VybCI6Ii9ob21lL3JlcG9ydHNpbmZvLmRvP2V4ZWN1dGU9Z2V0RGV0YWlsc1BhZ2VSZXBvcnQmcGVyaW9kPTMmcmVwb3J0dHlwZT1Mb2NhdGlvbkRvd25SZXBvcnQmdXJsaWQ9OTEyODIwMDAwMDAwMDkwMTAiLCJoZWFsdGgiOiIiLCJhdmFpbGFiaWxpdHkiOiJBVkFJTEFCTEUiLCJzdGF0dXNfcmVhc29uIjoiIiwiaGFzX2hlYWx0aF9hdHRyaWJ1dGUiOmZhbHNlLCJoZWFsdGhfdXJsIjoiIiwic3RhdHVzIjoxfSwic2hvd19pbnN0YW5jZV9wb3J0X251bWJlciI6dHJ1ZSwiYXBwX2NvbmZpZyI6eyJydW1JbmplY3Rpb25BbGxvd2VkIjpmYWxzZSwiaXNfY2xvdWRfYXBwIjp0cnVlLCJhdXRvU2NhbGUiOmZhbHNlfSwiY291bnQiOiIxMCIsImFwcGxpY2F0aW9uX2luZm8iOnsiYXBwbGljYXRpb25fbmFtZSI6Inp5bGtlcmthcnQtY29tbW9uLWRhdGEtc2VydmljZSIsImluc3RhbmNlX2lkcyI6WyI5MTI4MjAwMDAwMDAxMDE3MSIsIjkxMjgyMDAwMDAwMDA5NDM1IiwiOTEyODIwMDAwMDAwMDkzNzAiLCI5MTI4MjAwMDAwMDA1OTE2MSIsIjkxMjgyMDAwMDAwMDEwMTk3IiwiOTEyODIwMDAwMDAwNTkxODciLCI5MTI4MjAwMDAwMDAwOTM5NiIsIjkxMjgyMDAwMDAwMDEwMTg0IiwiOTEyODIwMDAwMDAwMDk0NDgiLCI5MTI4MjAwMDAwMDAwOTA2NyIsIjkxMjgyMDAwMDAwMDA5NDIyIiwiOTEyODIwMDAwMDAwMDk0MDkiLCI5MTI4MjAwMDAwMDA1OTE3NCIsIjkxMjgyMDAwMDAwMDA5MDI0IiwiOTEyODIwMDAwMDAwMDkzODMiXSwiaG9zdF9saWNlbnNlX2FwcGxpZWRfaW5zdGFuY2VzIjp7fSwiaW5zdGFuY2VzIjp7IjkxMjgyMDAwMDAwMDEwMTcxIjp7Imluc3RhbmNlX25hbWUiOiJJbnN0YW5jZV82IiwiaXBfYWRkcmVzcyI6IjE5Mi4xNjguMTIuMzgiLCJzZXJ2aWNlX3ZlcnNpb24iOiIwLjAiLCJzZXJ2ZXJfaWQiOiItMSIsImFwcGxpY2F0aW9uX2lkIjoiOTEyODIwMDAwMDAwMDkwMTAiLCJob3N0X2lkIjoiMCIsImFnZW50X3ZlcnNpb24iOjcuNSwiaW5zdGFuY2VfaWQiOiI5MTI4MjAwMDAwMDAxMDE3MSIsImFwcGxpY2F0aW9uX25hbWUiOiJ6eWxrZXJrYXJ0LWNvbW1vbi1kYXRhLXNlcnZpY2UiLCJjbG91ZF90eXBlIjoiRE9DS0VSIiwicG9ydCI6ODA4MCwiaXNfY2xvdWRfaW5zIjp0cnVlLCJob3N0IjoiY29tbW9uLWRhdGEtc2VydmljZS05NzdjYmNiZjYtZ2pnem4iLCJ2bV9ob3N0IjoiIiwiaW5zX3R5cGUiOiJKQVZBIiwiYWdlbnRfdmVyc2lvbl9pbmZvIjoiNy41LjAiLCJob3N0X2xpY2Vuc2UiOmZhbHNlfSwiOTEyODIwMDAwMDAwMDk0MzUiOnsiaW5zdGFuY2VfbmFtZSI6Ikluc3RhbmNlXzEzIiwiaXBfYWRkcmVzcyI6IjE5Mi4xNjguNi40NSIsInNlcnZpY2VfdmVyc2lvbiI6IjAuMCIsInNlcnZlcl9pZCI6Ii0xIiwiYXBwbGljYXRpb25faWQiOiI5MTI4MjAwMDAwMDAwOTAxMCIsImhvc3RfaWQiOiIwIiwiYWdlbnRfdmVyc2lvbiI6Ny41LCJpbnN0YW5jZV9pZCI6IjkxMjgyMDAwMDAwMDA5NDM1IiwiYXBwbGljYXRpb25fbmFtZSI6Inp5bGtlcmthcnQtY29tbW9uLWRhdGEtc2VydmljZSIsImNsb3VkX3R5cGUiOiJET0NLRVIiLCJwb3J0Ijo4MDgwLCJpc19jbG91ZF9pbnMiOnRydWUsImhvc3QiOiJjb21tb24tZGF0YS1zZXJ2aWNlLTk3N2NiY2JmNi1uenNrNSIsInZtX2hvc3QiOiIiLCJpbnNfdHlwZSI6IkpBVkEiLCJhZ2VudF92ZXJzaW9uX2luZm8iOiI3LjUuMCIsImhvc3RfbGljZW5zZSI6ZmFsc2V9LCI5MTI4MjAwMDAwMDAwOTM3MCI6eyJpbnN0YW5jZV9uYW1lIjoiSW5zdGFuY2VfMyIsImlwX2FkZHJlc3MiOiIxOTIuMTY4LjQwLjY5Iiwic2VydmljZV92ZXJzaW9uIjoiMC4wIiwic2VydmVyX2lkIjoiLTEiLCJhcHBsaWNhdGlvbl9pZCI6IjkxMjgyMDAwMDAwMDA5MDEwIiwiaG9zdF9pZCI6IjAiLCJhZ2VudF92ZXJzaW9uIjo3LjUsImluc3RhbmNlX2lkIjoiOTEyODIwMDAwMDAwMDkzNzAiLCJhcHBsaWNhdGlvbl9uYW1lIjoienlsa2Vya2FydC1jb21tb24tZGF0YS1zZXJ2aWNlIiwiY2xvdWRfdHlwZSI6IkRPQ0tFUiIsInBvcnQiOjgwODAsImlzX2Nsb3VkX2lucyI6dHJ1ZSwiaG9zdCI6ImNvbW1vbi1kYXRhLXNlcnZpY2UtODY5YjhkNzU1NC01aG5tdyIsInZtX2hvc3QiOiIiLCJpbnNfdHlwZSI6IkpBVkEiLCJhZ2VudF92ZXJzaW9uX2luZm8iOiI3LjUuMCIsImhvc3RfbGljZW5zZSI6ZmFsc2V9LCI5MTI4MjAwMDAwMDA1OTE2MSI6eyJpbnN0YW5jZV9uYW1lIjoiSW5zdGFuY2VfMTAiLCJpcF9hZGRyZXNzIjoiMTkyLjE2OC4xOS42MSIsInNlcnZpY2VfdmVyc2lvbiI6IjAuMCIsInNlcnZlcl9pZCI6Ii0xIiwiYXBwbGljYXRpb25faWQiOiI5MTI4MjAwMDAwMDAwOTAxMCIsImhvc3RfaWQiOiIwIiwiYWdlbnRfdmVyc2lvbiI6Ny41LCJpbnN0YW5jZV9pZCI6IjkxMjgyMDAwMDAwMDU5MTYxIiwiYXBwbGljYXRpb25fbmFtZSI6Inp5bGtlcmthcnQtY29tbW9uLWRhdGEtc2VydmljZSIsImNsb3VkX3R5cGUiOiJET0NLRVIiLCJwb3J0Ijo4MDgwLCJpc19jbG91ZF9pbnMiOnRydWUsImhvc3QiOiJjb21tb24tZGF0YS1zZXJ2aWNlLTc3ZGI3Zjg2ZDYtdjZkMjIiLCJ2bV9ob3N0IjoiIiwiaW5zX3R5cGUiOiJKQVZBIiwiYWdlbnRfdmVyc2lvbl9pbmZvIjoiNy41LjAiLCJob3N0X2xpY2Vuc2UiOmZhbHNlfSwiOTEyODIwMDAwMDAwMTAxOTciOnsiaW5zdGFuY2VfbmFtZSI6Ikluc3RhbmNlXzgiLCJpcF9hZGRyZXNzIjoiMTkyLjE2OC4xOS42MSIsInNlcnZpY2VfdmVyc2lvbiI6IjAuMCIsInNlcnZlcl9pZCI6Ii0xIiwiYXBwbGljYXRpb25faWQiOiI5MTI4MjAwMDAwMDAwOTAxMCIsImhvc3RfaWQiOiIwIiwiYWdlbnRfdmVyc2lvbiI6Ny41LCJpbnN0YW5jZV9pZCI6IjkxMjgyMDAwMDAwMDEwMTk3IiwiYXBwbGljYXRpb25fbmFtZSI6Inp5bGtlcmthcnQtY29tbW9uLWRhdGEtc2VydmljZSIsImNsb3VkX3R5cGUiOiJET0NLRVIiLCJwb3J0Ijo4MDgwLCJpc19jbG91ZF9pbnMiOnRydWUsImhvc3QiOiJjb21tb24tZGF0YS1zZXJ2aWNlLTg2OWI4ZDc1NTQtaDhsaDciLCJ2bV9ob3N0IjoiIiwiaW5zX3R5cGUiOiJKQVZBIiwiYWdlbnRfdmVyc2lvbl9pbmZvIjoiNy41LjAiLCJob3N0X2xpY2Vuc2UiOmZhbHNlfSwiOTEyODIwMDAwMDAwNTkxODciOnsiaW5zdGFuY2VfbmFtZSI6Ikluc3RhbmNlXzE0IiwiaXBfYWRkcmVzcyI6IjE5Mi4xNjguNDEuMTQyIiwic2VydmljZV92ZXJzaW9uIjoiMC4wIiwic2VydmVyX2lkIjoiLTEiLCJhcHBsaWNhdGlvbl9pZCI6IjkxMjgyMDAwMDAwMDA5MDEwIiwiaG9zdF9pZCI6IjAiLCJhZ2VudF92ZXJzaW9uIjo3LjUsImluc3RhbmNlX2lkIjoiOTEyODIwMDAwMDAwNTkxODciLCJhcHBsaWNhdGlvbl9uYW1lIjoienlsa2Vya2FydC1jb21tb24tZGF0YS1zZXJ2aWNlIiwiY2xvdWRfdHlwZSI6IkRPQ0tFUiIsInBvcnQiOjgwODAsImlzX2Nsb3VkX2lucyI6dHJ1ZSwiaG9zdCI6ImNvbW1vbi1kYXRhLXNlcnZpY2UtODY5YjhkNzU1NC1ucnRsaiIsInZtX2hvc3QiOiIiLCJpbnNfdHlwZSI6IkpBVkEiLCJhZ2VudF92ZXJzaW9uX2luZm8iOiI3LjUuMCIsImhvc3RfbGljZW5zZSI6ZmFsc2V9LCI5MTI4MjAwMDAwMDAwOTM5NiI6eyJpbnN0YW5jZV9uYW1lIjoiSW5zdGFuY2VfNSIsImlwX2FkZHJlc3MiOiIxOTIuMTY4LjkuMjA1Iiwic2VydmljZV92ZXJzaW9uIjoiMC4wIiwic2VydmVyX2lkIjoiLTEiLCJhcHBsaWNhdGlvbl9pZCI6IjkxMjgyMDAwMDAwMDA5MDEwIiwiaG9zdF9pZCI6IjAiLCJhZ2VudF92ZXJzaW9uIjo3LjUsImluc3RhbmNlX2lkIjoiOTEyODIwMDAwMDAwMDkzOTYiLCJhcHBsaWNhdGlvbl9uYW1lIjoienlsa2Vya2FydC1jb21tb24tZGF0YS1zZXJ2aWNlIiwiY2xvdWRfdHlwZSI6IkRPQ0tFUiIsInBvcnQiOjgwODAsImlzX2Nsb3VkX2lucyI6dHJ1ZSwiaG9zdCI6ImNvbW1vbi1kYXRhLXNlcnZpY2UtODY5YjhkNzU1NC1mcm1jNSIsInZtX2hvc3QiOiIiLCJpbnNfdHlwZSI6IkpBVkEiLCJhZ2VudF92ZXJzaW9uX2luZm8iOiI3LjUuMCIsImhvc3RfbGljZW5zZSI6ZmFsc2V9LCI5MTI4MjAwMDAwMDAxMDE4NCI6eyJpbnN0YW5jZV9uYW1lIjoiSW5zdGFuY2VfNyIsImlwX2FkZHJlc3MiOiIxOTIuMTY4LjU5LjE1MSIsInNlcnZpY2VfdmVyc2lvbiI6IjAuMCIsInNlcnZlcl9pZCI6Ii0xIiwiYXBwbGljYXRpb25faWQiOiI5MTI4MjAwMDAwMDAwOTAxMCIsImhvc3RfaWQiOiIwIiwiYWdlbnRfdmVyc2lvbiI6Ny41LCJpbnN0YW5jZV9pZCI6IjkxMjgyMDAwMDAwMDEwMTg0IiwiYXBwbGljYXRpb25fbmFtZSI6Inp5bGtlcmthcnQtY29tbW9uLWRhdGEtc2VydmljZSIsImNsb3VkX3R5cGUiOiJET0NLRVIiLCJwb3J0Ijo4MDgwLCJpc19jbG91ZF9pbnMiOnRydWUsImhvc3QiOiJjb21tb24tZGF0YS1zZXJ2aWNlLTk3N2NiY2JmNi12bmI0NSIsInZtX2hvc3QiOiIiLCJpbnNfdHlwZSI6IkpBVkEiLCJhZ2VudF92ZXJzaW9uX2luZm8iOiIwIiwiaG9zdF9saWNlbnNlIjpmYWxzZX0sIjkxMjgyMDAwMDAwMDA5NDQ4Ijp7Imluc3RhbmNlX25hbWUiOiJJbnN0YW5jZV8xNSIsImlwX2FkZHJlc3MiOiIxOTIuMTY4LjE5LjYxIiwic2VydmljZV92ZXJzaW9uIjoiMC4wIiwic2VydmVyX2lkIjoiLTEiLCJhcHBsaWNhdGlvbl9pZCI6IjkxMjgyMDAwMDAwMDA5MDEwIiwiaG9zdF9pZCI6IjAiLCJhZ2VudF92ZXJzaW9uIjo3LjUsImluc3RhbmNlX2lkIjoiOTEyODIwMDAwMDAwMDk0NDgiLCJhcHBsaWNhdGlvbl9uYW1lIjoienlsa2Vya2FydC1jb21tb24tZGF0YS1zZXJ2aWNlIiwiY2xvdWRfdHlwZSI6IkRPQ0tFUiIsInBvcnQiOjgwODAsImlzX2Nsb3VkX2lucyI6dHJ1ZSwiaG9zdCI6ImNvbW1vbi1kYXRhLXNlcnZpY2UtODY5YjhkNzU1NC1qN3NsdCIsInZtX2hvc3QiOiIiLCJpbnNfdHlwZSI6IkpBVkEiLCJhZ2VudF92ZXJzaW9uX2luZm8iOiI3LjUuMCIsImhvc3RfbGljZW5zZSI6ZmFsc2V9LCI5MTI4MjAwMDAwMDAwOTA2NyI6eyJpbnN0YW5jZV9uYW1lIjoiSW5zdGFuY2VfMiIsImlwX2FkZHJlc3MiOiIxOTIuMTY4LjQ0LjI0NSIsInNlcnZpY2VfdmVyc2lvbiI6IjAuMCIsInNlcnZlcl9pZCI6Ii0xIiwiYXBwbGljYXRpb25faWQiOiI5MTI4MjAwMDAwMDAwOTAxMCIsImhvc3RfaWQiOiIwIiwiYWdlbnRfdmVyc2lvbiI6Ny41LCJpbnN0YW5jZV9pZCI6IjkxMjgyMDAwMDAwMDA5MDY3IiwiYXBwbGljYXRpb25fbmFtZSI6Inp5bGtlcmthcnQtY29tbW9uLWRhdGEtc2VydmljZSIsImNsb3VkX3R5cGUiOiJET0NLRVIiLCJwb3J0Ijo4MDgwLCJpc19jbG91ZF9pbnMiOnRydWUsImhvc3QiOiJjb21tb24tZGF0YS1zZXJ2aWNlLTk3N2NiY2JmNi1xNDZ6cSIsInZtX2hvc3QiOiIiLCJpbnNfdHlwZSI6IkpBVkEiLCJhZ2VudF92ZXJzaW9uX2luZm8iOiI3LjUuMCIsImhvc3RfbGljZW5zZSI6ZmFsc2V9LCI5MTI4MjAwMDAwMDAwOTQyMiI6eyJpbnN0YW5jZV9uYW1lIjoiSW5zdGFuY2VfMTEiLCJpcF9hZGRyZXNzIjoiMTkyLjE2OC41OS4xNTEiLCJzZXJ2aWNlX3ZlcnNpb24iOiIwLjAiLCJzZXJ2ZXJfaWQiOiItMSIsImFwcGxpY2F0aW9uX2lkIjoiOTEyODIwMDAwMDAwMDkwMTAiLCJob3N0X2lkIjoiMCIsImFnZW50X3ZlcnNpb24iOjcuNSwiaW5zdGFuY2VfaWQiOiI5MTI4MjAwMDAwMDAwOTQyMiIsImFwcGxpY2F0aW9uX25hbWUiOiJ6eWxrZXJrYXJ0LWNvbW1vbi1kYXRhLXNlcnZpY2UiLCJjbG91ZF90eXBlIjoiRE9DS0VSIiwicG9ydCI6ODA4MCwiaXNfY2xvdWRfaW5zIjp0cnVlLCJob3N0IjoiY29tbW9uLWRhdGEtc2VydmljZS04NjliOGQ3NTU0LTJzMnE4Iiwidm1faG9zdCI6IiIsImluc190eXBlIjoiSkFWQSIsImFnZW50X3ZlcnNpb25faW5mbyI6IjcuNS4wIiwiaG9zdF9saWNlbnNlIjpmYWxzZX0sIjkxMjgyMDAwMDAwMDA5NDA5Ijp7Imluc3RhbmNlX25hbWUiOiJJbnN0YW5jZV85IiwiaXBfYWRkcmVzcyI6IjE5Mi4xNjguMjkuMjE0Iiwic2VydmljZV92ZXJzaW9uIjoiMC4wIiwic2VydmVyX2lkIjoiLTEiLCJhcHBsaWNhdGlvbl9pZCI6IjkxMjgyMDAwMDAwMDA5MDEwIiwiaG9zdF9pZCI6IjAiLCJhZ2VudF92ZXJzaW9uIjo3LjUsImluc3RhbmNlX2lkIjoiOTEyODIwMDAwMDAwMDk0MDkiLCJhcHBsaWNhdGlvbl9uYW1lIjoienlsa2Vya2FydC1jb21tb24tZGF0YS1zZXJ2aWNlIiwiY2xvdWRfdHlwZSI6IkRPQ0tFUiIsInBvcnQiOjgwODAsImlzX2Nsb3VkX2lucyI6dHJ1ZSwiaG9zdCI6ImNvbW1vbi1kYXRhLXNlcnZpY2UtODY5YjhkNzU1NC1na2dtaCIsInZtX2hvc3QiOiIiLCJpbnNfdHlwZSI6IkpBVkEiLCJhZ2VudF92ZXJzaW9uX2luZm8iOiI3LjUuMCIsImhvc3RfbGljZW5zZSI6ZmFsc2V9LCI5MTI4MjAwMDAwMDA1OTE3NCI6eyJpbnN0YW5jZV9uYW1lIjoiSW5zdGFuY2VfMTIiLCJpcF9hZGRyZXNzIjoiMTkyLjE2OC4xOS42MSIsInNlcnZpY2VfdmVyc2lvbiI6IjAuMCIsInNlcnZlcl9pZCI6Ii0xIiwiYXBwbGljYXRpb25faWQiOiI5MTI4MjAwMDAwMDAwOTAxMCIsImhvc3RfaWQiOiIwIiwiYWdlbnRfdmVyc2lvbiI6Ny41LCJpbnN0YW5jZV9pZCI6IjkxMjgyMDAwMDAwMDU5MTc0IiwiYXBwbGljYXRpb25fbmFtZSI6Inp5bGtlcmthcnQtY29tbW9uLWRhdGEtc2VydmljZSIsImNsb3VkX3R5cGUiOiJET0NLRVIiLCJwb3J0Ijo4MDgwLCJpc19jbG91ZF9pbnMiOnRydWUsImhvc3QiOiJjb21tb24tZGF0YS1zZXJ2aWNlLTk3N2NiY2JmNi0yZmJzNCIsInZtX2hvc3QiOiIiLCJpbnNfdHlwZSI6IkpBVkEiLCJhZ2VudF92ZXJzaW9uX2luZm8iOiI3LjUuMCIsImhvc3RfbGljZW5zZSI6ZmFsc2V9LCI5MTI4MjAwMDAwMDAwOTAyNCI6eyJpbnN0YW5jZV9uYW1lIjoiSW5zdGFuY2VfMSIsImlwX2FkZHJlc3MiOiIxOTIuMTY4LjEyLjM4Iiwic2VydmljZV92ZXJzaW9uIjoiMC4wIiwic2VydmVyX2lkIjoiLTEiLCJhcHBsaWNhdGlvbl9pZCI6IjkxMjgyMDAwMDAwMDA5MDEwIiwiaG9zdF9pZCI6IjAiLCJhZ2VudF92ZXJzaW9uIjo3LjUsImluc3RhbmNlX2lkIjoiOTEyODIwMDAwMDAwMDkwMjQiLCJhcHBsaWNhdGlvbl9uYW1lIjoienlsa2Vya2FydC1jb21tb24tZGF0YS1zZXJ2aWNlIiwiY2xvdWRfdHlwZSI6IkRPQ0tFUiIsInBvcnQiOjgwODAsImlzX2Nsb3VkX2lucyI6dHJ1ZSwiaG9zdCI6ImNvbW1vbi1kYXRhLXNlcnZpY2UtOTc3Y2JjYmY2LW56bjVkIiwidm1faG9zdCI6IiIsImluc190eXBlIjoiSkFWQSIsImFnZW50X3ZlcnNpb25faW5mbyI6IjcuNS4wIiwiaG9zdF9saWNlbnNlIjpmYWxzZX0sIjkxMjgyMDAwMDAwMDA5MzgzIjp7Imluc3RhbmNlX25hbWUiOiJJbnN0YW5jZV80IiwiaXBfYWRkcmVzcyI6IjE5Mi4xNjguOC4yNDkiLCJzZXJ2aWNlX3ZlcnNpb24iOiIwLjAiLCJzZXJ2ZXJfaWQiOiItMSIsImFwcGxpY2F0aW9uX2lkIjoiOTEyODIwMDAwMDAwMDkwMTAiLCJob3N0X2lkIjoiMCIsImFnZW50X3ZlcnNpb24iOjcuNSwiaW5zdGFuY2VfaWQiOiI5MTI4MjAwMDAwMDAwOTM4MyIsImFwcGxpY2F0aW9uX25hbWUiOiJ6eWxrZXJrYXJ0LWNvbW1vbi1kYXRhLXNlcnZpY2UiLCJjbG91ZF90eXBlIjoiRE9DS0VSIiwicG9ydCI6ODA4MCwiaXNfY2xvdWRfaW5zIjp0cnVlLCJob3N0IjoiY29tbW9uLWRhdGEtc2VydmljZS04NjliOGQ3NTU0LTI0NDZsIiwidm1faG9zdCI6IiIsImluc190eXBlIjoiSkFWQSIsImFnZW50X3ZlcnNpb25faW5mbyI6IjcuNS4wIiwiaG9zdF9saWNlbnNlIjpmYWxzZX19LCJob3N0cyI6eyJjb21tb24tZGF0YS1zZXJ2aWNlLTk3N2NiY2JmNi1namd6biI6WyI5MTI4MjAwMDAwMDAxMDE3MSJdLCJjb21tb24tZGF0YS1zZXJ2aWNlLTk3N2NiY2JmNi12bmI0NSI6WyI5MTI4MjAwMDAwMDAxMDE4NCJdLCJjb21tb24tZGF0YS1zZXJ2aWNlLTk3N2NiY2JmNi1xNDZ6cSI6WyI5MTI4MjAwMDAwMDAwOTA2NyJdLCJjb21tb24tZGF0YS1zZXJ2aWNlLTg2OWI4ZDc1NTQtMnMycTgiOlsiOTEyODIwMDAwMDAwMDk0MjIiXSwiY29tbW9uLWRhdGEtc2VydmljZS04NjliOGQ3NTU0LW5ydGxqIjpbIjkxMjgyMDAwMDAwMDU5MTg3Il0sImNvbW1vbi1kYXRhLXNlcnZpY2UtOTc3Y2JjYmY2LW56bjVkIjpbIjkxMjgyMDAwMDAwMDA5MDI0Il0sImNvbW1vbi1kYXRhLXNlcnZpY2UtOTc3Y2JjYmY2LW56c2s1IjpbIjkxMjgyMDAwMDAwMDA5NDM1Il0sImNvbW1vbi1kYXRhLXNlcnZpY2UtODY5YjhkNzU1NC0yNDQ2bCI6WyI5MTI4MjAwMDAwMDAwOTM4MyJdLCJjb21tb24tZGF0YS1zZXJ2aWNlLTg2OWI4ZDc1NTQtZnJtYzUiOlsiOTEyODIwMDAwMDAwMDkzOTYiXSwiY29tbW9uLWRhdGEtc2VydmljZS04NjliOGQ3NTU0LWdrZ21oIjpbIjkxMjgyMDAwMDAwMDA5NDA5Il0sImNvbW1vbi1kYXRhLXNlcnZpY2UtNzdkYjdmODZkNi12NmQyMiI6WyI5MTI4MjAwMDAwMDA1OTE2MSJdLCJjb21tb24tZGF0YS1zZXJ2aWNlLTk3N2NiY2JmNi0yZmJzNCI6WyI5MTI4MjAwMDAwMDA1OTE3NCJdLCJjb21tb24tZGF0YS1zZXJ2aWNlLTg2OWI4ZDc1NTQtNWhubXciOlsiOTEyODIwMDAwMDAwMDkzNzAiXSwiY29tbW9uLWRhdGEtc2VydmljZS04NjliOGQ3NTU0LWo3c2x0IjpbIjkxMjgyMDAwMDAwMDA5NDQ4Il0sImNvbW1vbi1kYXRhLXNlcnZpY2UtODY5YjhkNzU1NC1oOGxoNyI6WyI5MTI4MjAwMDAwMDAxMDE5NyJdfSwidW5tYW5hZ2VkX2luc3RhbmNlX2NvdW50IjoxMywiaG9zdF9jb3VudCI6MTUsIm1hbmFnZWRfaW5zdGFuY2VfY291bnQiOjIsInJ1bV9pbmZvIjoiIiwiYXBwbGljYXRpb25faWQiOiI5MTI4MjAwMDAwMDAwOTAxMCIsImluc3RhbmNlX2NvdW50IjoxNX0sImNwdXRpbWUiOiIiLCJjcHVfdXNhZ2UiOiIiLCJzaG93X3Rsc193YXJuaW5nIjpmYWxzZSwidGFncyI6WyJwcm9maWxlOmRldiJdfSx7ImF2YWlsYWJpbGl0eV9oZWFsdGhfaW5mbyI6eyJsYXN0X2NvbW11bmljYXRpb25fdGltZSI6IjE3NzUxMjkwNjE3OTkiLCJzdGF0dXNfY2hhbmdlX3RpbWUiOiItMSIsIm1hbmFnZWRfc3RhdGUiOnRydWUsInVuZGVyX21haW50ZW5hbmNlIjpmYWxzZSwiYXZhaWxhYmlsaXR5X3VybCI6Ii9ob21lL3JlcG9ydHNpbmZvLmRvP2V4ZWN1dGU9Z2V0RGV0YWlsc1BhZ2VSZXBvcnQmcGVyaW9kPTMmcmVwb3J0dHlwZT1Mb2NhdGlvbkRvd25SZXBvcnQmdXJsaWQ9OTEyODIwMDAwMDAwMDkwOTciLCJoZWFsdGgiOiIiLCJhdmFpbGFiaWxpdHkiOiJBVkFJTEFCTEUiLCJzdGF0dXNfcmVhc29uIjoiIiwiaGFzX2hlYWx0aF9hdHRyaWJ1dGUiOmZhbHNlLCJoZWFsdGhfdXJsIjoiIiwic3RhdHVzIjoxfSwic2hvd19pbnN0YW5jZV9wb3J0X251bWJlciI6dHJ1ZSwiYXBwX2NvbmZpZyI6eyJydW1JbmplY3Rpb25BbGxvd2VkIjpmYWxzZSwiaXNfY2xvdWRfYXBwIjp0cnVlLCJhdXRvU2NhbGUiOmZhbHNlfSwiY291bnQiOiIxMCIsImFwcGxpY2F0aW9uX2luZm8iOnsiYXBwbGljYXRpb25fbmFtZSI6Inp5bGtlcmthcnQtc2VhcmNoLXN1Z2dlc3Rpb24tc2VydmljZSIsImluc3RhbmNlX2lkcyI6WyI5MTI4MjAwMDAwMDAwOTUyOSIsIjkxMjgyMDAwMDAwMDEwMjUwIiwiOTEyODIwMDAwMDAwMTAyMzciLCI5MTI4MjAwMDAwMDAwOTM1NyIsIjkxMjgyMDAwMDAwMDA5NTE2IiwiOTEyODIwMDAwMDAwMDk1NjgiLCI5MTI4MjAwMDAwMDAwOTU1NSIsIjkxMjgyMDAwMDAwMDA5MTA5IiwiOTEyODIwMDAwMDAwMTAyNjMiLCI5MTI4MjAwMDAwMDAwOTU0MiJdLCJob3N0X2xpY2Vuc2VfYXBwbGllZF9pbnN0YW5jZXMiOnt9LCJpbnN0YW5jZXMiOnsiOTEyODIwMDAwMDAwMDk1MjkiOnsiaW5zdGFuY2VfbmFtZSI6Ikluc3RhbmNlXzciLCJpcF9hZGRyZXNzIjoiMTkyLjE2OC43LjE1NCIsInNlcnZpY2VfdmVyc2lvbiI6IjAuMCIsInNlcnZlcl9pZCI6Ii0xIiwiYXBwbGljYXRpb25faWQiOiI5MTI4MjAwMDAwMDAwOTA5NyIsImhvc3RfaWQiOiIwIiwiYWdlbnRfdmVyc2lvbiI6Ny41LCJpbnN0YW5jZV9pZCI6IjkxMjgyMDAwMDAwMDA5NTI5IiwiYXBwbGljYXRpb25fbmFtZSI6Inp5bGtlcmthcnQtc2VhcmNoLXN1Z2dlc3Rpb24tc2VydmljZSIsImNsb3VkX3R5cGUiOiJET0NLRVIiLCJwb3J0Ijo4MDgwLCJpc19jbG91ZF9pbnMiOnRydWUsImhvc3QiOiJzZWFyY2gtc3VnZ2VzdGlvbi1zZXJ2aWNlLTU4YmY0YjVjODUtMjJmYzUiLCJ2bV9ob3N0IjoiIiwiaW5zX3R5cGUiOiJKQVZBIiwiYWdlbnRfdmVyc2lvbl9pbmZvIjoiMCIsImhvc3RfbGljZW5zZSI6ZmFsc2V9LCI5MTI4MjAwMDAwMDAxMDI1MCI6eyJpbnN0YW5jZV9uYW1lIjoiSW5zdGFuY2VfNCIsImlwX2FkZHJlc3MiOiIxOTIuMTY4LjU5LjE1MSIsInNlcnZpY2VfdmVyc2lvbiI6IjAuMCIsInNlcnZlcl9pZCI6Ii0xIiwiYXBwbGljYXRpb25faWQiOiI5MTI4MjAwMDAwMDAwOTA5NyIsImhvc3RfaWQiOiIwIiwiYWdlbnRfdmVyc2lvbiI6Ny41LCJpbnN0YW5jZV9pZCI6IjkxMjgyMDAwMDAwMDEwMjUwIiwiYXBwbGljYXRpb25fbmFtZSI6Inp5bGtlcmthcnQtc2VhcmNoLXN1Z2dlc3Rpb24tc2VydmljZSIsImNsb3VkX3R5cGUiOiJET0NLRVIiLCJwb3J0Ijo4MDgwLCJpc19jbG91ZF9pbnMiOnRydWUsImhvc3QiOiJzZWFyY2gtc3VnZ2VzdGlvbi1zZXJ2aWNlLTY3NzdmZmQ4NDUtOHdnMnAiLCJ2bV9ob3N0IjoiIiwiaW5zX3R5cGUiOiJKQVZBIiwiYWdlbnRfdmVyc2lvbl9pbmZvIjoiNy41LjAiLCJob3N0X2xpY2Vuc2UiOmZhbHNlfSwiOTEyODIwMDAwMDAwMTAyMzciOnsiaW5zdGFuY2VfbmFtZSI6Ikluc3RhbmNlXzMiLCJpcF9hZGRyZXNzIjoiMTkyLjE2OC4yOS4yMTQiLCJzZXJ2aWNlX3ZlcnNpb24iOiIwLjAiLCJzZXJ2ZXJfaWQiOiItMSIsImFwcGxpY2F0aW9uX2lkIjoiOTEyODIwMDAwMDAwMDkwOTciLCJob3N0X2lkIjoiMCIsImFnZW50X3ZlcnNpb24iOjcuNSwiaW5zdGFuY2VfaWQiOiI5MTI4MjAwMDAwMDAxMDIzNyIsImFwcGxpY2F0aW9uX25hbWUiOiJ6eWxrZXJrYXJ0LXNlYXJjaC1zdWdnZXN0aW9uLXNlcnZpY2UiLCJjbG91ZF90eXBlIjoiRE9DS0VSIiwicG9ydCI6ODA4MCwiaXNfY2xvdWRfaW5zIjp0cnVlLCJob3N0Ijoic2VhcmNoLXN1Z2dlc3Rpb24tc2VydmljZS01OGJmNGI1Yzg1LWZmYmg5Iiwidm1faG9zdCI6IiIsImluc190eXBlIjoiSkFWQSIsImFnZW50X3ZlcnNpb25faW5mbyI6IjcuNS4wIiwiaG9zdF9saWNlbnNlIjpmYWxzZX0sIjkxMjgyMDAwMDAwMDA5MzU3Ijp7Imluc3RhbmNlX25hbWUiOiJJbnN0YW5jZV8yIiwiaXBfYWRkcmVzcyI6IjE5Mi4xNjguMjkuMTI0Iiwic2VydmljZV92ZXJzaW9uIjoiMC4wIiwic2VydmVyX2lkIjoiLTEiLCJhcHBsaWNhdGlvbl9pZCI6IjkxMjgyMDAwMDAwMDA5MDk3IiwiaG9zdF9pZCI6IjAiLCJhZ2VudF92ZXJzaW9uIjo3LjUsImluc3RhbmNlX2lkIjoiOTEyODIwMDAwMDAwMDkzNTciLCJhcHBsaWNhdGlvbl9uYW1lIjoienlsa2Vya2FydC1zZWFyY2gtc3VnZ2VzdGlvbi1zZXJ2aWNlIiwiY2xvdWRfdHlwZSI6IkRPQ0tFUiIsInBvcnQiOjgwODAsImlzX2Nsb3VkX2lucyI6dHJ1ZSwiaG9zdCI6InNlYXJjaC1zdWdnZXN0aW9uLXNlcnZpY2UtNmRkNzVmZDU2ZC04NzU2ciIsInZtX2hvc3QiOiIiLCJpbnNfdHlwZSI6IkpBVkEiLCJhZ2VudF92ZXJzaW9uX2luZm8iOiI3LjUuMCIsImhvc3RfbGljZW5zZSI6ZmFsc2V9LCI5MTI4MjAwMDAwMDAwOTUxNiI6eyJpbnN0YW5jZV9uYW1lIjoiSW5zdGFuY2VfNiIsImlwX2FkZHJlc3MiOiIxOTIuMTY4LjMwLjQyIiwic2VydmljZV92ZXJzaW9uIjoiMC4wIiwic2VydmVyX2lkIjoiOTEyODIwMDAwMDA5NzQwNzciLCJhcHBsaWNhdGlvbl9pZCI6IjkxMjgyMDAwMDAwMDA5MDk3IiwiaG9zdF9pZCI6IjAiLCJhZ2VudF92ZXJzaW9uIjo3LjUsImluc3RhbmNlX2lkIjoiOTEyODIwMDAwMDAwMDk1MTYiLCJhcHBsaWNhdGlvbl9uYW1lIjoienlsa2Vya2FydC1zZWFyY2gtc3VnZ2VzdGlvbi1zZXJ2aWNlIiwiY2xvdWRfdHlwZSI6IkRPQ0tFUiIsInBvcnQiOjgwODAsImlzX2Nsb3VkX2lucyI6dHJ1ZSwiaG9zdCI6InNlYXJjaC1zdWdnZXN0aW9uLXNlcnZpY2UtNmY2NjY4ODVkNS1xeHRnbSIsInZtX2hvc3QiOiIiLCJpbnNfdHlwZSI6IkpBVkEiLCJhZ2VudF92ZXJzaW9uX2luZm8iOiI3LjUuMCIsImhvc3RfbGljZW5zZSI6ZmFsc2V9LCI5MTI4MjAwMDAwMDAwOTU2OCI6eyJpbnN0YW5jZV9uYW1lIjoiSW5zdGFuY2VfMTAiLCJpcF9hZGRyZXNzIjoiMTkyLjE2OC4yLjEyIiwic2VydmljZV92ZXJzaW9uIjoiMC4wIiwic2VydmVyX2lkIjoiLTEiLCJhcHBsaWNhdGlvbl9pZCI6IjkxMjgyMDAwMDAwMDA5MDk3IiwiaG9zdF9pZCI6IjAiLCJhZ2VudF92ZXJzaW9uIjo3LjUsImluc3RhbmNlX2lkIjoiOTEyODIwMDAwMDAwMDk1NjgiLCJhcHBsaWNhdGlvbl9uYW1lIjoienlsa2Vya2FydC1zZWFyY2gtc3VnZ2VzdGlvbi1zZXJ2aWNlIiwiY2xvdWRfdHlwZSI6IkRPQ0tFUiIsInBvcnQiOjgwODAsImlzX2Nsb3VkX2lucyI6dHJ1ZSwiaG9zdCI6InNlYXJjaC1zdWdnZXN0aW9uLXNlcnZpY2UtNThiZjRiNWM4NS03ajZ0bCIsInZtX2hvc3QiOiIiLCJpbnNfdHlwZSI6IkpBVkEiLCJhZ2VudF92ZXJzaW9uX2luZm8iOiIwIiwiaG9zdF9saWNlbnNlIjpmYWxzZX0sIjkxMjgyMDAwMDAwMDA5NTU1Ijp7Imluc3RhbmNlX25hbWUiOiJJbnN0YW5jZV85IiwiaXBfYWRkcmVzcyI6IjE5Mi4xNjguNDEuNTAiLCJzZXJ2aWNlX3ZlcnNpb24iOiIwLjAiLCJzZXJ2ZXJfaWQiOiItMSIsImFwcGxpY2F0aW9uX2lkIjoiOTEyODIwMDAwMDAwMDkwOTciLCJob3N0X2lkIjoiMCIsImFnZW50X3ZlcnNpb24iOjcuNSwiaW5zdGFuY2VfaWQiOiI5MTI4MjAwMDAwMDAwOTU1NSIsImFwcGxpY2F0aW9uX25hbWUiOiJ6eWxrZXJrYXJ0LXNlYXJjaC1zdWdnZXN0aW9uLXNlcnZpY2UiLCJjbG91ZF90eXBlIjoiRE9DS0VSIiwicG9ydCI6ODA4MCwiaXNfY2xvdWRfaW5zIjp0cnVlLCJob3N0Ijoic2VhcmNoLXN1Z2dlc3Rpb24tc2VydmljZS01OGJmNGI1Yzg1LTVkbDRkIiwidm1faG9zdCI6IiIsImluc190eXBlIjoiSkFWQSIsImFnZW50X3ZlcnNpb25faW5mbyI6IjAiLCJob3N0X2xpY2Vuc2UiOmZhbHNlfSwiOTEyODIwMDAwMDAwMDkxMDkiOnsiaW5zdGFuY2VfbmFtZSI6Ikluc3RhbmNlXzEiLCJpcF9hZGRyZXNzIjoiMTkyLjE2OC40MS41MCIsInNlcnZpY2VfdmVyc2lvbiI6IjAuMCIsInNlcnZlcl9pZCI6Ii0xIiwiYXBwbGljYXRpb25faWQiOiI5MTI4MjAwMDAwMDAwOTA5NyIsImhvc3RfaWQiOiIwIiwiYWdlbnRfdmVyc2lvbiI6Ny41LCJpbnN0YW5jZV9pZCI6IjkxMjgyMDAwMDAwMDA5MTA5IiwiYXBwbGljYXRpb25fbmFtZSI6Inp5bGtlcmthcnQtc2VhcmNoLXN1Z2dlc3Rpb24tc2VydmljZSIsImNsb3VkX3R5cGUiOiJET0NLRVIiLCJwb3J0Ijo4MDgwLCJpc19jbG91ZF9pbnMiOnRydWUsImhvc3QiOiJzZWFyY2gtc3VnZ2VzdGlvbi1zZXJ2aWNlLTU4YmY0YjVjODUtNnNkdHoiLCJ2bV9ob3N0IjoiIiwiaW5zX3R5cGUiOiJKQVZBIiwiYWdlbnRfdmVyc2lvbl9pbmZvIjoiNy41LjAiLCJob3N0X2xpY2Vuc2UiOmZhbHNlfSwiOTEyODIwMDAwMDAwMTAyNjMiOnsiaW5zdGFuY2VfbmFtZSI6Ikluc3RhbmNlXzUiLCJpcF9hZGRyZXNzIjoiMTkyLjE2OC40MS4xNDIiLCJzZXJ2aWNlX3ZlcnNpb24iOiIwLjAiLCJzZXJ2ZXJfaWQiOiItMSIsImFwcGxpY2F0aW9uX2lkIjoiOTEyODIwMDAwMDAwMDkwOTciLCJob3N0X2lkIjoiMCIsImFnZW50X3ZlcnNpb24iOjcuNSwiaW5zdGFuY2VfaWQiOiI5MTI4MjAwMDAwMDAxMDI2MyIsImFwcGxpY2F0aW9uX25hbWUiOiJ6eWxrZXJrYXJ0LXNlYXJjaC1zdWdnZXN0aW9uLXNlcnZpY2UiLCJjbG91ZF90eXBlIjoiRE9DS0VSIiwicG9ydCI6ODA4MCwiaXNfY2xvdWRfaW5zIjp0cnVlLCJob3N0Ijoic2VhcmNoLXN1Z2dlc3Rpb24tc2VydmljZS01OGRmOTU1ZDdjLWhjNmdmIiwidm1faG9zdCI6IiIsImluc190eXBlIjoiSkFWQSIsImFnZW50X3ZlcnNpb25faW5mbyI6IjcuNS4wIiwiaG9zdF9saWNlbnNlIjpmYWxzZX0sIjkxMjgyMDAwMDAwMDA5NTQyIjp7Imluc3RhbmNlX25hbWUiOiJJbnN0YW5jZV84IiwiaXBfYWRkcmVzcyI6IjE5Mi4xNjguNDQuMjQ1Iiwic2VydmljZV92ZXJzaW9uIjoiMC4wIiwic2VydmVyX2lkIjoiLTEiLCJhcHBsaWNhdGlvbl9pZCI6IjkxMjgyMDAwMDAwMDA5MDk3IiwiaG9zdF9pZCI6IjAiLCJhZ2VudF92ZXJzaW9uIjo3LjUsImluc3RhbmNlX2lkIjoiOTEyODIwMDAwMDAwMDk1NDIiLCJhcHBsaWNhdGlvbl9uYW1lIjoienlsa2Vya2FydC1zZWFyY2gtc3VnZ2VzdGlvbi1zZXJ2aWNlIiwiY2xvdWRfdHlwZSI6IkRPQ0tFUiIsInBvcnQiOjgwODAsImlzX2Nsb3VkX2lucyI6dHJ1ZSwiaG9zdCI6InNlYXJjaC1zdWdnZXN0aW9uLXNlcnZpY2UtNThiZjRiNWM4NS1mY3N0aiIsInZtX2hvc3QiOiIiLCJpbnNfdHlwZSI6IkpBVkEiLCJhZ2VudF92ZXJzaW9uX2luZm8iOiIwIiwiaG9zdF9saWNlbnNlIjpmYWxzZX19LCJob3N0cyI6eyJzZWFyY2gtc3VnZ2VzdGlvbi1zZXJ2aWNlLTU4YmY0YjVjODUtZmZiaDkiOlsiOTEyODIwMDAwMDAwMTAyMzciXSwic2VhcmNoLXN1Z2dlc3Rpb24tc2VydmljZS02ZGQ3NWZkNTZkLTg3NTZyIjpbIjkxMjgyMDAwMDAwMDA5MzU3Il0sInNlYXJjaC1zdWdnZXN0aW9uLXNlcnZpY2UtNThiZjRiNWM4NS01ZGw0ZCI6WyI5MTI4MjAwMDAwMDAwOTU1NSJdLCJzZWFyY2gtc3VnZ2VzdGlvbi1zZXJ2aWNlLTZmNjY2ODg1ZDUtcXh0Z20iOlsiOTEyODIwMDAwMDAwMDk1MTYiXSwic2VhcmNoLXN1Z2dlc3Rpb24tc2VydmljZS01OGJmNGI1Yzg1LTdqNnRsIjpbIjkxMjgyMDAwMDAwMDA5NTY4Il0sInNlYXJjaC1zdWdnZXN0aW9uLXNlcnZpY2UtNThiZjRiNWM4NS02c2R0eiI6WyI5MTI4MjAwMDAwMDAwOTEwOSJdLCJzZWFyY2gtc3VnZ2VzdGlvbi1zZXJ2aWNlLTU4YmY0YjVjODUtMjJmYzUiOlsiOTEyODIwMDAwMDAwMDk1MjkiXSwic2VhcmNoLXN1Z2dlc3Rpb24tc2VydmljZS01OGJmNGI1Yzg1LWZjc3RqIjpbIjkxMjgyMDAwMDAwMDA5NTQyIl0sInNlYXJjaC1zdWdnZXN0aW9uLXNlcnZpY2UtNThkZjk1NWQ3Yy1oYzZnZiI6WyI5MTI4MjAwMDAwMDAxMDI2MyJdLCJzZWFyY2gtc3VnZ2VzdGlvbi1zZXJ2aWNlLTY3NzdmZmQ4NDUtOHdnMnAiOlsiOTEyODIwMDAwMDAwMTAyNTAiXX0sInVubWFuYWdlZF9pbnN0YW5jZV9jb3VudCI6OSwiaG9zdF9jb3VudCI6MTAsIm1hbmFnZWRfaW5zdGFuY2VfY291bnQiOjEsInJ1bV9pbmZvIjoiIiwiYXBwbGljYXRpb25faWQiOiI5MTI4MjAwMDAwMDAwOTA5NyIsImluc3RhbmNlX2NvdW50IjoxMH0sImNwdXRpbWUiOiIiLCJjcHVfdXNhZ2UiOiIiLCJzaG93X3Rsc193YXJuaW5nIjpmYWxzZSwidGFncyI6WyJwcm9maWxlOmRldiJdfSx7ImF2YWlsYWJpbGl0eV9oZWFsdGhfaW5mbyI6eyJsYXN0X2NvbW11bmljYXRpb25fdGltZSI6IjE3NzUxMjkwNjIxMjMiLCJzdGF0dXNfY2hhbmdlX3RpbWUiOiItMSIsIm1hbmFnZWRfc3RhdGUiOnRydWUsInVuZGVyX21haW50ZW5hbmNlIjpmYWxzZSwiYXZhaWxhYmlsaXR5X3VybCI6Ii9ob21lL3JlcG9ydHNpbmZvLmRvP2V4ZWN1dGU9Z2V0RGV0YWlsc1BhZ2VSZXBvcnQmcGVyaW9kPTMmcmVwb3J0dHlwZT1Mb2NhdGlvbkRvd25SZXBvcnQmdXJsaWQ9OTEyODIwMDAwMDAwMTAwMDMiLCJoZWFsdGgiOiIiLCJhdmFpbGFiaWxpdHkiOiJBVkFJTEFCTEUiLCJzdGF0dXNfcmVhc29uIjoiIiwiaGFzX2hlYWx0aF9hdHRyaWJ1dGUiOmZhbHNlLCJoZWFsdGhfdXJsIjoiIiwic3RhdHVzIjoxfSwic2hvd19pbnN0YW5jZV9wb3J0X251bWJlciI6dHJ1ZSwiYXBwX2NvbmZpZyI6eyJydW1JbmplY3Rpb25BbGxvd2VkIjpmYWxzZSwiaXNfY2xvdWRfYXBwIjp0cnVlLCJhdXRvU2NhbGUiOmZhbHNlfSwiY291bnQiOiIxMCIsImFwcGxpY2F0aW9uX2luZm8iOnsiYXBwbGljYXRpb25fbmFtZSI6Inp5bGtlcmthcnQtYXV0aGVudGljYXRpb24tc2VydmljZSIsImluc3RhbmNlX2lkcyI6WyI5MTI4MjAwMDAwMDAwOTQ2NCIsIjkxMjgyMDAwMDAwMDEwMDI0IiwiOTEyODIwMDAwMDAwNTkxNDgiLCI5MTI4MjAwMDAwMDA1OTIxMyIsIjkxMjgyMDAwMDAwMDA5NTAzIiwiOTEyODIwMDAwMDAwMTAyMjQiLCI5MTI4MjAwMDAwMDAxMDIxMSIsIjkxMjgyMDAwMDAwMDA5NDkwIiwiOTEyODIwMDAwMDAwMDk0NzciLCI5MTI4MjAwMDAwMDA1OTIwMCJdLCJob3N0X2xpY2Vuc2VfYXBwbGllZF9pbnN0YW5jZXMiOnt9LCJpbnN0YW5jZXMiOnsiOTEyODIwMDAwMDAwMDk0NjQiOnsiaW5zdGFuY2VfbmFtZSI6Ikluc3RhbmNlXzMiLCJpcF9hZGRyZXNzIjoiMTkyLjE2OC40MC4xMDciLCJzZXJ2aWNlX3ZlcnNpb24iOiIwLjAiLCJzZXJ2ZXJfaWQiOiItMSIsImFwcGxpY2F0aW9uX2lkIjoiOTEyODIwMDAwMDAwMTAwMDMiLCJob3N0X2lkIjoiMCIsImFnZW50X3ZlcnNpb24iOjcuNSwiaW5zdGFuY2VfaWQiOiI5MTI4MjAwMDAwMDAwOTQ2NCIsImFwcGxpY2F0aW9uX25hbWUiOiJ6eWxrZXJrYXJ0LWF1dGhlbnRpY2F0aW9uLXNlcnZpY2UiLCJjbG91ZF90eXBlIjoiRE9DS0VSIiwicG9ydCI6ODA4MCwiaXNfY2xvdWRfaW5zIjp0cnVlLCJob3N0IjoiYXV0aGVudGljYXRpb24tc2VydmljZS02ODU5N2M0Y2YtbTl2cWMiLCJ2bV9ob3N0IjoiIiwiaW5zX3R5cGUiOiJKQVZBIiwiYWdlbnRfdmVyc2lvbl9pbmZvIjoiNy41LjAiLCJob3N0X2xpY2Vuc2UiOmZhbHNlfSwiOTEyODIwMDAwMDAwMTAwMjQiOnsiaW5zdGFuY2VfbmFtZSI6Ikluc3RhbmNlXzEiLCJpcF9hZGRyZXNzIjoiMTkyLjE2OC4yMi4xMTUiLCJzZXJ2aWNlX3ZlcnNpb24iOiIwLjAiLCJzZXJ2ZXJfaWQiOiItMSIsImFwcGxpY2F0aW9uX2lkIjoiOTEyODIwMDAwMDAwMTAwMDMiLCJob3N0X2lkIjoiMCIsImFnZW50X3ZlcnNpb24iOjcuNSwiaW5zdGFuY2VfaWQiOiI5MTI4MjAwMDAwMDAxMDAyNCIsImFwcGxpY2F0aW9uX25hbWUiOiJ6eWxrZXJrYXJ0LWF1dGhlbnRpY2F0aW9uLXNlcnZpY2UiLCJjbG91ZF90eXBlIjoiRE9DS0VSIiwicG9ydCI6ODA4MCwiaXNfY2xvdWRfaW5zIjp0cnVlLCJob3N0IjoiYXV0aGVudGljYXRpb24tc2VydmljZS02ODU5N2M0Y2YtOHN2bjQiLCJ2bV9ob3N0IjoiIiwiaW5zX3R5cGUiOiJKQVZBIiwiYWdlbnRfdmVyc2lvbl9pbmZvIjoiNy41LjAiLCJob3N0X2xpY2Vuc2UiOmZhbHNlfSwiOTEyODIwMDAwMDAwNTkxNDgiOnsiaW5zdGFuY2VfbmFtZSI6Ikluc3RhbmNlXzIiLCJpcF9hZGRyZXNzIjoiMTkyLjE2OC4yNy42MCIsInNlcnZpY2VfdmVyc2lvbiI6IjAuMCIsInNlcnZlcl9pZCI6IjkxMjgyMDAwMDAwOTc0MDMxIiwiYXBwbGljYXRpb25faWQiOiI5MTI4MjAwMDAwMDAxMDAwMyIsImhvc3RfaWQiOiIwIiwiYWdlbnRfdmVyc2lvbiI6Ny41LCJpbnN0YW5jZV9pZCI6IjkxMjgyMDAwMDAwMDU5MTQ4IiwiYXBwbGljYXRpb25fbmFtZSI6Inp5bGtlcmthcnQtYXV0aGVudGljYXRpb24tc2VydmljZSIsImNsb3VkX3R5cGUiOiJET0NLRVIiLCJwb3J0Ijo4MDgwLCJpc19jbG91ZF9pbnMiOnRydWUsImhvc3QiOiJhdXRoZW50aWNhdGlvbi1zZXJ2aWNlLTY3YjQ0NzliOC1zcmc5eiIsInZtX2hvc3QiOiIiLCJpbnNfdHlwZSI6IkpBVkEiLCJhZ2VudF92ZXJzaW9uX2luZm8iOiI3LjUuMCIsImhvc3RfbGljZW5zZSI6ZmFsc2V9LCI5MTI4MjAwMDAwMDA1OTIxMyI6eyJpbnN0YW5jZV9uYW1lIjoiSW5zdGFuY2VfNiIsImlwX2FkZHJlc3MiOiIxOTIuMTY4LjQ0LjI0NSIsInNlcnZpY2VfdmVyc2lvbiI6IjAuMCIsInNlcnZlcl9pZCI6Ii0xIiwiYXBwbGljYXRpb25faWQiOiI5MTI4MjAwMDAwMDAxMDAwMyIsImhvc3RfaWQiOiIwIiwiYWdlbnRfdmVyc2lvbiI6Ny41LCJpbnN0YW5jZV9pZCI6IjkxMjgyMDAwMDAwMDU5MjEzIiwiYXBwbGljYXRpb25fbmFtZSI6Inp5bGtlcmthcnQtYXV0aGVudGljYXRpb24tc2VydmljZSIsImNsb3VkX3R5cGUiOiJET0NLRVIiLCJwb3J0Ijo4MDgwLCJpc19jbG91ZF9pbnMiOnRydWUsImhvc3QiOiJhdXRoZW50aWNhdGlvbi1zZXJ2aWNlLTY4NTk3YzRjZi1oenZ4aCIsInZtX2hvc3QiOiIiLCJpbnNfdHlwZSI6IkpBVkEiLCJhZ2VudF92ZXJzaW9uX2luZm8iOiIwIiwiaG9zdF9saWNlbnNlIjpmYWxzZX0sIjkxMjgyMDAwMDAwMDA5NTAzIjp7Imluc3RhbmNlX25hbWUiOiJJbnN0YW5jZV8xMCIsImlwX2FkZHJlc3MiOiIxOTIuMTY4LjYuNDUiLCJzZXJ2aWNlX3ZlcnNpb24iOiIwLjAiLCJzZXJ2ZXJfaWQiOiItMSIsImFwcGxpY2F0aW9uX2lkIjoiOTEyODIwMDAwMDAwMTAwMDMiLCJob3N0X2lkIjoiMCIsImFnZW50X3ZlcnNpb24iOjcuNSwiaW5zdGFuY2VfaWQiOiI5MTI4MjAwMDAwMDAwOTUwMyIsImFwcGxpY2F0aW9uX25hbWUiOiJ6eWxrZXJrYXJ0LWF1dGhlbnRpY2F0aW9uLXNlcnZpY2UiLCJjbG91ZF90eXBlIjoiRE9DS0VSIiwicG9ydCI6ODA4MCwiaXNfY2xvdWRfaW5zIjp0cnVlLCJob3N0IjoiYXV0aGVudGljYXRpb24tc2VydmljZS02ODU5N2M0Y2YtNmhucHEiLCJ2bV9ob3N0IjoiIiwiaW5zX3R5cGUiOiJKQVZBIiwiYWdlbnRfdmVyc2lvbl9pbmZvIjoiMCIsImhvc3RfbGljZW5zZSI6ZmFsc2V9LCI5MTI4MjAwMDAwMDAxMDIyNCI6eyJpbnN0YW5jZV9uYW1lIjoiSW5zdGFuY2VfOCIsImlwX2FkZHJlc3MiOiIxOTIuMTY4LjI0LjE1NiIsInNlcnZpY2VfdmVyc2lvbiI6IjAuMCIsInNlcnZlcl9pZCI6Ii0xIiwiYXBwbGljYXRpb25faWQiOiI5MTI4MjAwMDAwMDAxMDAwMyIsImhvc3RfaWQiOiIwIiwiYWdlbnRfdmVyc2lvbiI6Ny41LCJpbnN0YW5jZV9pZCI6IjkxMjgyMDAwMDAwMDEwMjI0IiwiYXBwbGljYXRpb25fbmFtZSI6Inp5bGtlcmthcnQtYXV0aGVudGljYXRpb24tc2VydmljZSIsImNsb3VkX3R5cGUiOiJET0NLRVIiLCJwb3J0Ijo4MDgwLCJpc19jbG91ZF9pbnMiOnRydWUsImhvc3QiOiJhdXRoZW50aWNhdGlvbi1zZXJ2aWNlLTY4NTk3YzRjZi0yajY2MiIsInZtX2hvc3QiOiIiLCJpbnNfdHlwZSI6IkpBVkEiLCJhZ2VudF92ZXJzaW9uX2luZm8iOiIwIiwiaG9zdF9saWNlbnNlIjpmYWxzZX0sIjkxMjgyMDAwMDAwMDEwMjExIjp7Imluc3RhbmNlX25hbWUiOiJJbnN0YW5jZV83IiwiaXBfYWRkcmVzcyI6IjE5Mi4xNjguNi40NSIsInNlcnZpY2VfdmVyc2lvbiI6IjAuMCIsInNlcnZlcl9pZCI6Ii0xIiwiYXBwbGljYXRpb25faWQiOiI5MTI4MjAwMDAwMDAxMDAwMyIsImhvc3RfaWQiOiIwIiwiYWdlbnRfdmVyc2lvbiI6Ny41LCJpbnN0YW5jZV9pZCI6IjkxMjgyMDAwMDAwMDEwMjExIiwiYXBwbGljYXRpb25fbmFtZSI6Inp5bGtlcmthcnQtYXV0aGVudGljYXRpb24tc2VydmljZSIsImNsb3VkX3R5cGUiOiJET0NLRVIiLCJwb3J0Ijo4MDgwLCJpc19jbG91ZF9pbnMiOnRydWUsImhvc3QiOiJhdXRoZW50aWNhdGlvbi1zZXJ2aWNlLTY4NTk3YzRjZi1nY3hxZiIsInZtX2hvc3QiOiIiLCJpbnNfdHlwZSI6IkpBVkEiLCJhZ2VudF92ZXJzaW9uX2luZm8iOiIwIiwiaG9zdF9saWNlbnNlIjpmYWxzZX0sIjkxMjgyMDAwMDAwMDA5NDkwIjp7Imluc3RhbmNlX25hbWUiOiJJbnN0YW5jZV85IiwiaXBfYWRkcmVzcyI6IjE5Mi4xNjguMjIuMTE1Iiwic2VydmljZV92ZXJzaW9uIjoiMC4wIiwic2VydmVyX2lkIjoiLTEiLCJhcHBsaWNhdGlvbl9pZCI6IjkxMjgyMDAwMDAwMDEwMDAzIiwiaG9zdF9pZCI6IjAiLCJhZ2VudF92ZXJzaW9uIjo3LjUsImluc3RhbmNlX2lkIjoiOTEyODIwMDAwMDAwMDk0OTAiLCJhcHBsaWNhdGlvbl9uYW1lIjoienlsa2Vya2FydC1hdXRoZW50aWNhdGlvbi1zZXJ2aWNlIiwiY2xvdWRfdHlwZSI6IkRPQ0tFUiIsInBvcnQiOjgwODAsImlzX2Nsb3VkX2lucyI6dHJ1ZSwiaG9zdCI6ImF1dGhlbnRpY2F0aW9uLXNlcnZpY2UtNjg1OTdjNGNmLWZ0Z3NmIiwidm1faG9zdCI6IiIsImluc190eXBlIjoiSkFWQSIsImFnZW50X3ZlcnNpb25faW5mbyI6IjAiLCJob3N0X2xpY2Vuc2UiOmZhbHNlfSwiOTEyODIwMDAwMDAwMDk0NzciOnsiaW5zdGFuY2VfbmFtZSI6Ikluc3RhbmNlXzQiLCJpcF9hZGRyZXNzIjoiMTkyLjE2OC4xOS42MSIsInNlcnZpY2VfdmVyc2lvbiI6IjAuMCIsInNlcnZlcl9pZCI6Ii0xIiwiYXBwbGljYXRpb25faWQiOiI5MTI4MjAwMDAwMDAxMDAwMyIsImhvc3RfaWQiOiIwIiwiYWdlbnRfdmVyc2lvbiI6Ny41LCJpbnN0YW5jZV9pZCI6IjkxMjgyMDAwMDAwMDA5NDc3IiwiYXBwbGljYXRpb25fbmFtZSI6Inp5bGtlcmthcnQtYXV0aGVudGljYXRpb24tc2VydmljZSIsImNsb3VkX3R5cGUiOiJET0NLRVIiLCJwb3J0Ijo4MDgwLCJpc19jbG91ZF9pbnMiOnRydWUsImhvc3QiOiJhdXRoZW50aWNhdGlvbi1zZXJ2aWNlLTVmNmZmZGY3OTYtMnhzNmciLCJ2bV9ob3N0IjoiIiwiaW5zX3R5cGUiOiJKQVZBIiwiYWdlbnRfdmVyc2lvbl9pbmZvIjoiNy41LjAiLCJob3N0X2xpY2Vuc2UiOmZhbHNlfSwiOTEyODIwMDAwMDAwNTkyMDAiOnsiaW5zdGFuY2VfbmFtZSI6Ikluc3RhbmNlXzUiLCJpcF9hZGRyZXNzIjoiMTkyLjE2OC4yMi4xMTUiLCJzZXJ2aWNlX3ZlcnNpb24iOiIwLjAiLCJzZXJ2ZXJfaWQiOiItMSIsImFwcGxpY2F0aW9uX2lkIjoiOTEyODIwMDAwMDAwMTAwMDMiLCJob3N0X2lkIjoiMCIsImFnZW50X3ZlcnNpb24iOjcuNSwiaW5zdGFuY2VfaWQiOiI5MTI4MjAwMDAwMDA1OTIwMCIsImFwcGxpY2F0aW9uX25hbWUiOiJ6eWxrZXJrYXJ0LWF1dGhlbnRpY2F0aW9uLXNlcnZpY2UiLCJjbG91ZF90eXBlIjoiRE9DS0VSIiwicG9ydCI6ODA4MCwiaXNfY2xvdWRfaW5zIjp0cnVlLCJob3N0IjoiYXV0aGVudGljYXRpb24tc2VydmljZS02ODU5N2M0Y2YtbThyOW4iLCJ2bV9ob3N0IjoiIiwiaW5zX3R5cGUiOiJKQVZBIiwiYWdlbnRfdmVyc2lvbl9pbmZvIjoiMCIsImhvc3RfbGljZW5zZSI6ZmFsc2V9fSwiaG9zdHMiOnsiYXV0aGVudGljYXRpb24tc2VydmljZS02ODU5N2M0Y2YtMmo2NjIiOlsiOTEyODIwMDAwMDAwMTAyMjQiXSwiYXV0aGVudGljYXRpb24tc2VydmljZS02N2I0NDc5Yjgtc3JnOXoiOlsiOTEyODIwMDAwMDAwNTkxNDgiXSwiYXV0aGVudGljYXRpb24tc2VydmljZS02ODU5N2M0Y2YtbTl2cWMiOlsiOTEyODIwMDAwMDAwMDk0NjQiXSwiYXV0aGVudGljYXRpb24tc2VydmljZS02ODU5N2M0Y2YtbThyOW4iOlsiOTEyODIwMDAwMDAwNTkyMDAiXSwiYXV0aGVudGljYXRpb24tc2VydmljZS02ODU5N2M0Y2YtaHp2eGgiOlsiOTEyODIwMDAwMDAwNTkyMTMiXSwiYXV0aGVudGljYXRpb24tc2VydmljZS02ODU5N2M0Y2YtNmhucHEiOlsiOTEyODIwMDAwMDAwMDk1MDMiXSwiYXV0aGVudGljYXRpb24tc2VydmljZS01ZjZmZmRmNzk2LTJ4czZnIjpbIjkxMjgyMDAwMDAwMDA5NDc3Il0sImF1dGhlbnRpY2F0aW9uLXNlcnZpY2UtNjg1OTdjNGNmLWdjeHFmIjpbIjkxMjgyMDAwMDAwMDEwMjExIl0sImF1dGhlbnRpY2F0aW9uLXNlcnZpY2UtNjg1OTdjNGNmLThzdm40IjpbIjkxMjgyMDAwMDAwMDEwMDI0Il0sImF1dGhlbnRpY2F0aW9uLXNlcnZpY2UtNjg1OTdjNGNmLWZ0Z3NmIjpbIjkxMjgyMDAwMDAwMDA5NDkwIl19LCJ1bm1hbmFnZWRfaW5zdGFuY2VfY291bnQiOjksImhvc3RfY291bnQiOjEwLCJtYW5hZ2VkX2luc3RhbmNlX2NvdW50IjoxLCJydW1faW5mbyI6IiIsImFwcGxpY2F0aW9uX2lkIjoiOTEyODIwMDAwMDAwMTAwMDMiLCJpbnN0YW5jZV9jb3VudCI6MTB9LCJjcHV0aW1lIjoiIiwiY3B1X3VzYWdlIjoiIiwic2hvd190bHNfd2FybmluZyI6ZmFsc2UsInRhZ3MiOlsicHJvZmlsZTpkZXYiXX0seyJzaG93X2luc3RhbmNlX3BvcnRfbnVtYmVyIjp0cnVlLCJjb3VudCI6IjEwIiwiaHR0cGJ5dGVzb3V0IjowLjAsImh0dHBieXRlc2luIjowLjAsInNob3dfdGxzX3dhcm5pbmciOmZhbHNlLCJ0YWdzIjoiIiwiYXZhaWxhYmlsaXR5X2hlYWx0aF9pbmZvIjp7Imxhc3RfY29tbXVuaWNhdGlvbl90aW1lIjoiMTc3NTEyOTAzODU1MCIsInN0YXR1c19jaGFuZ2VfdGltZSI6Ii0xIiwibWFuYWdlZF9zdGF0ZSI6dHJ1ZSwidW5kZXJfbWFpbnRlbmFuY2UiOmZhbHNlLCJhdmFpbGFiaWxpdHlfdXJsIjoiL2hvbWUvcmVwb3J0c2luZm8uZG8/ZXhlY3V0ZT1nZXREZXRhaWxzUGFnZVJlcG9ydCZwZXJpb2Q9MyZyZXBvcnR0eXBlPUxvY2F0aW9uRG93blJlcG9ydCZ1cmxpZD05MTI4MjAwMDAwMDAxMDA2NyIsImhlYWx0aCI6IiIsImF2YWlsYWJpbGl0eSI6IkFWQUlMQUJMRSIsInN0YXR1c19yZWFzb24iOiIiLCJoYXNfaGVhbHRoX2F0dHJpYnV0ZSI6ZmFsc2UsImhlYWx0aF91cmwiOiIiLCJzdGF0dXMiOjF9LCJleGNlcHRpb25faW5mbyI6eyJmYXRhbF9jb3VudCI6IjAiLCJ3YXJuaW5nX2NvdW50IjoiMCJ9LCJyZXNwb25zZV90aW1lX2RhdGEiOnsibWF4X3Jlc3BvbnNlX3RpbWUiOjYzLjAsImNwdV90aW1lIjowLjAsIm1heF9ieXRlc19vdXQiOjAuMCwidG90YWxfaHR0cF9ieXRlc19vdXQiOjAuMCwibWluX2J5dGVzX2luIjowLjAsImVycm9yX2NvdW50IjowLjAsInN1Y2NfcGVyYyI6MTAwLjAsIm1heF9ieXRlc19pbiI6MC4wLCJyZXF1ZXN0X2NvdW50IjoyOC4wLCJhdmdfaHR0cF9ieXRlc19pbiI6MC4wLCJtaW5fcmVzcG9uc2VfdGltZSI6Mi4wLCJ0b3RhbF9yZXNwb25zZV90aW1lIjowLjAsImF2Z19odHRwX2J5dGVzX291dCI6MC4wLCJtaW5fYnl0ZXNfb3V0IjowLjAsInN1Y2NfY291bnQiOjI4LjAsInJlc3BvbnNlX3RpbWUiOjQuNTQsInRvdGFsX2h0dHBfYnl0ZXNfaW4iOjAuMCwiZXJyX2NvdW50IjowLjAsInRocm91Z2hwdXQiOjI4LjB9LCJhcHBfY29uZmlnIjp7ImlzX2Nsb3VkX2FwcCI6dHJ1ZX0sImFwcGxpY2F0aW9uX2luZm8iOnsiYXBwbGljYXRpb25fbmFtZSI6Inp5bGtlcmthcnQtcGF5bWVudC1nYXRld2F5LXNlcnZpY2UiLCJpbnN0YW5jZV9pZHMiOlsiOTEyODIwMDAwMDAwMDkzMDUiLCI5MTI4MjAwMDAwMDAwOTI0MCIsIjkxMjgyMDAwMDAwMDEwMDc5IiwiOTEyODIwMDAwMDAwNTkwOTUiLCI5MTI4MjAwMDAwMDAxMDEzMSIsIjkxMjgyMDAwMDAwMDU5MDI5IiwiOTEyODIwMDAwMDAwNTkwODIiLCI5MTI4MjAwMDAwMDAwOTI5MiIsIjkxMjgyMDAwMDAwMDU5MDE2IiwiOTEyODIwMDAwMDAwMDkzNDQiLCI5MTI4MjAwMDAwMDAxMDExOCIsIjkxMjgyMDAwMDAwMDU5MTM0IiwiOTEyODIwMDAwMDAwMTAxMDUiLCI5MTI4MjAwMDAwMDA1OTA2OCIsIjkxMjgyMDAwMDAwMDU5MDAzIiwiOTEyODIwMDAwMDAwMDkyNzkiLCI5MTI4MjAwMDAwMDAwOTMzMSIsIjkxMjgyMDAwMDAwMDA5MjY2IiwiOTEyODIwMDAwMDAwNTkxMjEiLCI5MTI4MjAwMDAwMDA1OTA1NSIsIjkxMjgyMDAwMDAwMDEwMTU3IiwiOTEyODIwMDAwMDAwMTAwOTIiLCI5MTI4MjAwMDAwMDAxMDE0NCIsIjkxMjgyMDAwMDAwMDU5MTA4IiwiOTEyODIwMDAwMDAwMDkyNTMiLCI5MTI4MjAwMDAwMDA1OTA0MiIsIjkxMjgyMDAwMDAwMDA5MzE4Il0sImhvc3RfbGljZW5zZV9hcHBsaWVkX2luc3RhbmNlcyI6e30sImluc3RhbmNlcyI6eyI5MTI4MjAwMDAwMDAwOTMwNSI6eyJpbnN0YW5jZV9uYW1lIjoiSW5zdGFuY2VfMTciLCJpcF9hZGRyZXNzIjoiMTkyLjE2OC4yNy4yMDkiLCJzZXJ2aWNlX3ZlcnNpb24iOiIyLjAuMCIsInNlcnZlcl9pZCI6Ii0xIiwiYXBwbGljYXRpb25faWQiOiI5MTI4MjAwMDAwMDAxMDA2NyIsImhvc3RfaWQiOiIwIiwiYWdlbnRfdmVyc2lvbiI6MS43LCJpbnN0YW5jZV9pZCI6IjkxMjgyMDAwMDAwMDA5MzA1IiwiYXBwbGljYXRpb25fbmFtZSI6Inp5bGtlcmthcnQtcGF5bWVudC1nYXRld2F5LXNlcnZpY2UiLCJjbG91ZF90eXBlIjoiRE9DS0VSIiwicG9ydCI6OTA1MCwiaXNfY2xvdWRfaW5zIjp0cnVlLCJob3N0IjoicGF5bWVudC1nYXRld2F5LXNlcnZpY2UtNWZkNzY2ODlmZC1mNThnOSIsInZtX2hvc3QiOiJwYXltZW50LWdhdGV3YXktc2VydmljZS01ZmQ3NjY4OWZkLWY1OGc5IiwiaW5zX3R5cGUiOiJQWVRIT04iLCJhZ2VudF92ZXJzaW9uX2luZm8iOiIxLjcuMiIsImhvc3RfbGljZW5zZSI6ZmFsc2V9LCI5MTI4MjAwMDAwMDAwOTI0MCI6eyJpbnN0YW5jZV9uYW1lIjoiSW5zdGFuY2VfNSIsImlwX2FkZHJlc3MiOiIxOTIuMTY4LjMwLjIxNSIsInNlcnZpY2VfdmVyc2lvbiI6IjIuMC4wIiwic2VydmVyX2lkIjoiLTEiLCJhcHBsaWNhdGlvbl9pZCI6IjkxMjgyMDAwMDAwMDEwMDY3IiwiaG9zdF9pZCI6IjAiLCJhZ2VudF92ZXJzaW9uIjoxLjcsImluc3RhbmNlX2lkIjoiOTEyODIwMDAwMDAwMDkyNDAiLCJhcHBsaWNhdGlvbl9uYW1lIjoienlsa2Vya2FydC1wYXltZW50LWdhdGV3YXktc2VydmljZSIsImNsb3VkX3R5cGUiOiJET0NLRVIiLCJwb3J0Ijo5MDUwLCJpc19jbG91ZF9pbnMiOnRydWUsImhvc3QiOiJwYXltZW50LWdhdGV3YXktc2VydmljZS01ZmQ3NjY4OWZkLWNyZ2tzIiwidm1faG9zdCI6InBheW1lbnQtZ2F0ZXdheS1zZXJ2aWNlLTVmZDc2Njg5ZmQtY3Jna3MiLCJpbnNfdHlwZSI6IlBZVEhPTiIsImFnZW50X3ZlcnNpb25faW5mbyI6IjEuNy4yIiwiaG9zdF9saWNlbnNlIjpmYWxzZX0sIjkxMjgyMDAwMDAwMDEwMDc5Ijp7Imluc3RhbmNlX25hbWUiOiJJbnN0YW5jZV8xIiwiaXBfYWRkcmVzcyI6IjE5Mi4xNjguOC4yNDkiLCJzZXJ2aWNlX3ZlcnNpb24iOiIyLjAuMCIsInNlcnZlcl9pZCI6Ii0xIiwiYXBwbGljYXRpb25faWQiOiI5MTI4MjAwMDAwMDAxMDA2NyIsImhvc3RfaWQiOiIwIiwiYWdlbnRfdmVyc2lvbiI6MS43LCJpbnN0YW5jZV9pZCI6IjkxMjgyMDAwMDAwMDEwMDc5IiwiYXBwbGljYXRpb25fbmFtZSI6Inp5bGtlcmthcnQtcGF5bWVudC1nYXRld2F5LXNlcnZpY2UiLCJjbG91ZF90eXBlIjoiRE9DS0VSIiwicG9ydCI6OTA1MCwiaXNfY2xvdWRfaW5zIjp0cnVlLCJob3N0IjoicGF5bWVudC1nYXRld2F5LXNlcnZpY2UtNWZkNzY2ODlmZC1oaGQ5NiIsInZtX2hvc3QiOiJwYXltZW50LWdhdGV3YXktc2VydmljZS01ZmQ3NjY4OWZkLWhoZDk2IiwiaW5zX3R5cGUiOiJQWVRIT04iLCJhZ2VudF92ZXJzaW9uX2luZm8iOiIxLjcuMiIsImhvc3RfbGljZW5zZSI6ZmFsc2V9LCI5MTI4MjAwMDAwMDA1OTA5NSI6eyJpbnN0YW5jZV9uYW1lIjoiSW5zdGFuY2VfMjEiLCJpcF9hZGRyZXNzIjoiMTkyLjE2OC40MC42OSIsInNlcnZpY2VfdmVyc2lvbiI6IjIuMC4wIiwic2VydmVyX2lkIjoiLTEiLCJhcHBsaWNhdGlvbl9pZCI6IjkxMjgyMDAwMDAwMDEwMDY3IiwiaG9zdF9pZCI6IjAiLCJhZ2VudF92ZXJzaW9uIjoxLjcsImluc3RhbmNlX2lkIjoiOTEyODIwMDAwMDAwNTkwOTUiLCJhcHBsaWNhdGlvbl9uYW1lIjoienlsa2Vya2FydC1wYXltZW50LWdhdGV3YXktc2VydmljZSIsImNsb3VkX3R5cGUiOiJET0NLRVIiLCJwb3J0Ijo5MDUwLCJpc19jbG91ZF9pbnMiOnRydWUsImhvc3QiOiJwYXltZW50LWdhdGV3YXktc2VydmljZS01ZmQ3NjY4OWZkLXZ6bWpmIiwidm1faG9zdCI6InBheW1lbnQtZ2F0ZXdheS1zZXJ2aWNlLTVmZDc2Njg5ZmQtdnptamYiLCJpbnNfdHlwZSI6IlBZVEhPTiIsImFnZW50X3ZlcnNpb25faW5mbyI6IjEuNy4yIiwiaG9zdF9saWNlbnNlIjpmYWxzZX0sIjkxMjgyMDAwMDAwMDEwMTMxIjp7Imluc3RhbmNlX25hbWUiOiJJbnN0YW5jZV8xMyIsImlwX2FkZHJlc3MiOiIxOTIuMTY4LjkuMjA1Iiwic2VydmljZV92ZXJzaW9uIjoiMi4wLjAiLCJzZXJ2ZXJfaWQiOiItMSIsImFwcGxpY2F0aW9uX2lkIjoiOTEyODIwMDAwMDAwMTAwNjciLCJob3N0X2lkIjoiMCIsImFnZW50X3ZlcnNpb24iOjEuNywiaW5zdGFuY2VfaWQiOiI5MTI4MjAwMDAwMDAxMDEzMSIsImFwcGxpY2F0aW9uX25hbWUiOiJ6eWxrZXJrYXJ0LXBheW1lbnQtZ2F0ZXdheS1zZXJ2aWNlIiwiY2xvdWRfdHlwZSI6IkRPQ0tFUiIsInBvcnQiOjkwNTAsImlzX2Nsb3VkX2lucyI6dHJ1ZSwiaG9zdCI6InBheW1lbnQtZ2F0ZXdheS1zZXJ2aWNlLTVmZDc2Njg5ZmQtbmZ6N2ciLCJ2bV9ob3N0IjoicGF5bWVudC1nYXRld2F5LXNlcnZpY2UtNWZkNzY2ODlmZC1uZno3ZyIsImluc190eXBlIjoiUFlUSE9OIiwiYWdlbnRfdmVyc2lvbl9pbmZvIjoiMS43LjIiLCJob3N0X2xpY2Vuc2UiOmZhbHNlfSwiOTEyODIwMDAwMDAwNTkwMjkiOnsiaW5zdGFuY2VfbmFtZSI6Ikluc3RhbmNlXzYiLCJpcF9hZGRyZXNzIjoiMTkyLjE2OC4xOS42MSIsInNlcnZpY2VfdmVyc2lvbiI6IjIuMC4wIiwic2VydmVyX2lkIjoiLTEiLCJhcHBsaWNhdGlvbl9pZCI6IjkxMjgyMDAwMDAwMDEwMDY3IiwiaG9zdF9pZCI6IjAiLCJhZ2VudF92ZXJzaW9uIjoxLjcsImluc3RhbmNlX2lkIjoiOTEyODIwMDAwMDAwNTkwMjkiLCJhcHBsaWNhdGlvbl9uYW1lIjoienlsa2Vya2FydC1wYXltZW50LWdhdGV3YXktc2VydmljZSIsImNsb3VkX3R5cGUiOiJET0NLRVIiLCJwb3J0Ijo5MDUwLCJpc19jbG91ZF9pbnMiOnRydWUsImhvc3QiOiJwYXltZW50LWdhdGV3YXktc2VydmljZS01ZmQ3NjY4OWZkLTI3dzg0Iiwidm1faG9zdCI6InBheW1lbnQtZ2F0ZXdheS1zZXJ2aWNlLTVmZDc2Njg5ZmQtMjd3ODQiLCJpbnNfdHlwZSI6IlBZVEhPTiIsImFnZW50X3ZlcnNpb25faW5mbyI6IjEuNy4yIiwiaG9zdF9saWNlbnNlIjpmYWxzZX0sIjkxMjgyMDAwMDAwMDU5MDgyIjp7Imluc3RhbmNlX25hbWUiOiJJbnN0YW5jZV8yMCIsImlwX2FkZHJlc3MiOiIxOTIuMTY4LjguMjQ5Iiwic2VydmljZV92ZXJzaW9uIjoiMi4wLjAiLCJzZXJ2ZXJfaWQiOiItMSIsImFwcGxpY2F0aW9uX2lkIjoiOTEyODIwMDAwMDAwMTAwNjciLCJob3N0X2lkIjoiMCIsImFnZW50X3ZlcnNpb24iOjEuNywiaW5zdGFuY2VfaWQiOiI5MTI4MjAwMDAwMDA1OTA4MiIsImFwcGxpY2F0aW9uX25hbWUiOiJ6eWxrZXJrYXJ0LXBheW1lbnQtZ2F0ZXdheS1zZXJ2aWNlIiwiY2xvdWRfdHlwZSI6IkRPQ0tFUiIsInBvcnQiOjkwNTAsImlzX2Nsb3VkX2lucyI6dHJ1ZSwiaG9zdCI6InBheW1lbnQtZ2F0ZXdheS1zZXJ2aWNlLTVmZDc2Njg5ZmQtYzVuODUiLCJ2bV9ob3N0IjoicGF5bWVudC1nYXRld2F5LXNlcnZpY2UtNWZkNzY2ODlmZC1jNW44NSIsImluc190eXBlIjoiUFlUSE9OIiwiYWdlbnRfdmVyc2lvbl9pbmZvIjoiMS43LjIiLCJob3N0X2xpY2Vuc2UiOmZhbHNlfSwiOTEyODIwMDAwMDAwMDkyOTIiOnsiaW5zdGFuY2VfbmFtZSI6Ikluc3RhbmNlXzE1IiwiaXBfYWRkcmVzcyI6IjE5Mi4xNjguMTkuNjEiLCJzZXJ2aWNlX3ZlcnNpb24iOiIyLjAuMCIsInNlcnZlcl9pZCI6Ii0xIiwiYXBwbGljYXRpb25faWQiOiI5MTI4MjAwMDAwMDAxMDA2NyIsImhvc3RfaWQiOiIwIiwiYWdlbnRfdmVyc2lvbiI6MS43LCJpbnN0YW5jZV9pZCI6IjkxMjgyMDAwMDAwMDA5MjkyIiwiYXBwbGljYXRpb25fbmFtZSI6Inp5bGtlcmthcnQtcGF5bWVudC1nYXRld2F5LXNlcnZpY2UiLCJjbG91ZF90eXBlIjoiRE9DS0VSIiwicG9ydCI6OTA1MCwiaXNfY2xvdWRfaW5zIjp0cnVlLCJob3N0IjoicGF5bWVudC1nYXRld2F5LXNlcnZpY2UtNWZkNzY2ODlmZC1yeDJmbCIsInZtX2hvc3QiOiJwYXltZW50LWdhdGV3YXktc2VydmljZS01ZmQ3NjY4OWZkLXJ4MmZsIiwiaW5zX3R5cGUiOiJQWVRIT04iLCJhZ2VudF92ZXJzaW9uX2luZm8iOiIxLjcuMiIsImhvc3RfbGljZW5zZSI6ZmFsc2V9LCI5MTI4MjAwMDAwMDA1OTAxNiI6eyJpbnN0YW5jZV9uYW1lIjoiSW5zdGFuY2VfNCIsImlwX2FkZHJlc3MiOiIxOTIuMTY4LjQwLjY5Iiwic2VydmljZV92ZXJzaW9uIjoiMi4wLjAiLCJzZXJ2ZXJfaWQiOiItMSIsImFwcGxpY2F0aW9uX2lkIjoiOTEyODIwMDAwMDAwMTAwNjciLCJob3N0X2lkIjoiMCIsImFnZW50X3ZlcnNpb24iOjEuNywiaW5zdGFuY2VfaWQiOiI5MTI4MjAwMDAwMDA1OTAxNiIsImFwcGxpY2F0aW9uX25hbWUiOiJ6eWxrZXJrYXJ0LXBheW1lbnQtZ2F0ZXdheS1zZXJ2aWNlIiwiY2xvdWRfdHlwZSI6IkRPQ0tFUiIsInBvcnQiOjkwNTAsImlzX2Nsb3VkX2lucyI6dHJ1ZSwiaG9zdCI6InBheW1lbnQtZ2F0ZXdheS1zZXJ2aWNlLTVmZDc2Njg5ZmQtczRiNHoiLCJ2bV9ob3N0IjoicGF5bWVudC1nYXRld2F5LXNlcnZpY2UtNWZkNzY2ODlmZC1zNGI0eiIsImluc190eXBlIjoiUFlUSE9OIiwiYWdlbnRfdmVyc2lvbl9pbmZvIjoiMS43LjIiLCJob3N0X2xpY2Vuc2UiOmZhbHNlfSwiOTEyODIwMDAwMDAwMDkzNDQiOnsiaW5zdGFuY2VfbmFtZSI6Ikluc3RhbmNlXzI2IiwiaXBfYWRkcmVzcyI6IjE5Mi4xNjguNDAuNjkiLCJzZXJ2aWNlX3ZlcnNpb24iOiIyLjAuMCIsInNlcnZlcl9pZCI6Ii0xIiwiYXBwbGljYXRpb25faWQiOiI5MTI4MjAwMDAwMDAxMDA2NyIsImhvc3RfaWQiOiIwIiwiYWdlbnRfdmVyc2lvbiI6MS43LCJpbnN0YW5jZV9pZCI6IjkxMjgyMDAwMDAwMDA5MzQ0IiwiYXBwbGljYXRpb25fbmFtZSI6Inp5bGtlcmthcnQtcGF5bWVudC1nYXRld2F5LXNlcnZpY2UiLCJjbG91ZF90eXBlIjoiRE9DS0VSIiwicG9ydCI6OTA1MCwiaXNfY2xvdWRfaW5zIjp0cnVlLCJob3N0IjoicGF5bWVudC1nYXRld2F5LXNlcnZpY2UtNWZkNzY2ODlmZC1jdnQ5diIsInZtX2hvc3QiOiJwYXltZW50LWdhdGV3YXktc2VydmljZS01ZmQ3NjY4OWZkLWN2dDl2IiwiaW5zX3R5cGUiOiJQWVRIT04iLCJhZ2VudF92ZXJzaW9uX2luZm8iOiIxLjcuMiIsImhvc3RfbGljZW5zZSI6ZmFsc2V9LCI5MTI4MjAwMDAwMDAxMDExOCI6eyJpbnN0YW5jZV9uYW1lIjoiSW5zdGFuY2VfMTAiLCJpcF9hZGRyZXNzIjoiMTkyLjE2OC4zMC4yMTUiLCJzZXJ2aWNlX3ZlcnNpb24iOiIyLjAuMCIsInNlcnZlcl9pZCI6Ii0xIiwiYXBwbGljYXRpb25faWQiOiI5MTI4MjAwMDAwMDAxMDA2NyIsImhvc3RfaWQiOiIwIiwiYWdlbnRfdmVyc2lvbiI6MS43LCJpbnN0YW5jZV9pZCI6IjkxMjgyMDAwMDAwMDEwMTE4IiwiYXBwbGljYXRpb25fbmFtZSI6Inp5bGtlcmthcnQtcGF5bWVudC1nYXRld2F5LXNlcnZpY2UiLCJjbG91ZF90eXBlIjoiRE9DS0VSIiwicG9ydCI6OTA1MCwiaXNfY2xvdWRfaW5zIjp0cnVlLCJob3N0IjoicGF5bWVudC1nYXRld2F5LXNlcnZpY2UtNWZkNzY2ODlmZC1sN2s3aiIsInZtX2hvc3QiOiJwYXltZW50LWdhdGV3YXktc2VydmljZS01ZmQ3NjY4OWZkLWw3azdqIiwiaW5zX3R5cGUiOiJQWVRIT04iLCJhZ2VudF92ZXJzaW9uX2luZm8iOiIxLjcuMiIsImhvc3RfbGljZW5zZSI6ZmFsc2V9LCI5MTI4MjAwMDAwMDA1OTEzNCI6eyJpbnN0YW5jZV9uYW1lIjoiSW5zdGFuY2VfMjUiLCJpcF9hZGRyZXNzIjoiMTkyLjE2OC40MC4xMDciLCJzZXJ2aWNlX3ZlcnNpb24iOiIyLjAuMCIsInNlcnZlcl9pZCI6Ii0xIiwiYXBwbGljYXRpb25faWQiOiI5MTI4MjAwMDAwMDAxMDA2NyIsImhvc3RfaWQiOiIwIiwiYWdlbnRfdmVyc2lvbiI6MS43LCJpbnN0YW5jZV9pZCI6IjkxMjgyMDAwMDAwMDU5MTM0IiwiYXBwbGljYXRpb25fbmFtZSI6Inp5bGtlcmthcnQtcGF5bWVudC1nYXRld2F5LXNlcnZpY2UiLCJjbG91ZF90eXBlIjoiRE9DS0VSIiwicG9ydCI6OTA1MCwiaXNfY2xvdWRfaW5zIjp0cnVlLCJob3N0IjoicGF5bWVudC1nYXRld2F5LXNlcnZpY2UtNWZkNzY2ODlmZC0yZG5ucSIsInZtX2hvc3QiOiJwYXltZW50LWdhdGV3YXktc2VydmljZS01ZmQ3NjY4OWZkLTJkbm5xIiwiaW5zX3R5cGUiOiJQWVRIT04iLCJhZ2VudF92ZXJzaW9uX2luZm8iOiIxLjcuMiIsImhvc3RfbGljZW5zZSI6ZmFsc2V9LCI5MTI4MjAwMDAwMDAxMDEwNSI6eyJpbnN0YW5jZV9uYW1lIjoiSW5zdGFuY2VfNyIsImlwX2FkZHJlc3MiOiIxOTIuMTY4LjE5LjYxIiwic2VydmljZV92ZXJzaW9uIjoiMi4wLjAiLCJzZXJ2ZXJfaWQiOiItMSIsImFwcGxpY2F0aW9uX2lkIjoiOTEyODIwMDAwMDAwMTAwNjciLCJob3N0X2lkIjoiMCIsImFnZW50X3ZlcnNpb24iOjEuNywiaW5zdGFuY2VfaWQiOiI5MTI4MjAwMDAwMDAxMDEwNSIsImFwcGxpY2F0aW9uX25hbWUiOiJ6eWxrZXJrYXJ0LXBheW1lbnQtZ2F0ZXdheS1zZXJ2aWNlIiwiY2xvdWRfdHlwZSI6IkRPQ0tFUiIsInBvcnQiOjkwNTAsImlzX2Nsb3VkX2lucyI6dHJ1ZSwiaG9zdCI6InBheW1lbnQtZ2F0ZXdheS1zZXJ2aWNlLTVmZDc2Njg5ZmQtZGtkbHQiLCJ2bV9ob3N0IjoicGF5bWVudC1nYXRld2F5LXNlcnZpY2UtNWZkNzY2ODlmZC1ka2RsdCIsImluc190eXBlIjoiUFlUSE9OIiwiYWdlbnRfdmVyc2lvbl9pbmZvIjoiMS43LjIiLCJob3N0X2xpY2Vuc2UiOmZhbHNlfSwiOTEyODIwMDAwMDAwNTkwNjgiOnsiaW5zdGFuY2VfbmFtZSI6Ikluc3RhbmNlXzE2IiwiaXBfYWRkcmVzcyI6IjE5Mi4xNjguOC4yNDkiLCJzZXJ2aWNlX3ZlcnNpb24iOiIyLjAuMCIsInNlcnZlcl9pZCI6Ii0xIiwiYXBwbGljYXRpb25faWQiOiI5MTI4MjAwMDAwMDAxMDA2NyIsImhvc3RfaWQiOiIwIiwiYWdlbnRfdmVyc2lvbiI6MS43LCJpbnN0YW5jZV9pZCI6IjkxMjgyMDAwMDAwMDU5MDY4IiwiYXBwbGljYXRpb25fbmFtZSI6Inp5bGtlcmthcnQtcGF5bWVudC1nYXRld2F5LXNlcnZpY2UiLCJjbG91ZF90eXBlIjoiRE9DS0VSIiwicG9ydCI6OTA1MCwiaXNfY2xvdWRfaW5zIjp0cnVlLCJob3N0IjoicGF5bWVudC1nYXRld2F5LXNlcnZpY2UtNWZkNzY2ODlmZC0ydGhjNiIsInZtX2hvc3QiOiJwYXltZW50LWdhdGV3YXktc2VydmljZS01ZmQ3NjY4OWZkLTJ0aGM2IiwiaW5zX3R5cGUiOiJQWVRIT04iLCJhZ2VudF92ZXJzaW9uX2luZm8iOiIxLjcuMiIsImhvc3RfbGljZW5zZSI6ZmFsc2V9LCI5MTI4MjAwMDAwMDA1OTAwMyI6eyJpbnN0YW5jZV9uYW1lIjoiSW5zdGFuY2VfMiIsImlwX2FkZHJlc3MiOiIxOTIuMTY4LjguMjQ5Iiwic2VydmljZV92ZXJzaW9uIjoiMi4wLjAiLCJzZXJ2ZXJfaWQiOiItMSIsImFwcGxpY2F0aW9uX2lkIjoiOTEyODIwMDAwMDAwMTAwNjciLCJob3N0X2lkIjoiMCIsImFnZW50X3ZlcnNpb24iOjEuNywiaW5zdGFuY2VfaWQiOiI5MTI4MjAwMDAwMDA1OTAwMyIsImFwcGxpY2F0aW9uX25hbWUiOiJ6eWxrZXJrYXJ0LXBheW1lbnQtZ2F0ZXdheS1zZXJ2aWNlIiwiY2xvdWRfdHlwZSI6IkRPQ0tFUiIsInBvcnQiOjkwNTAsImlzX2Nsb3VkX2lucyI6dHJ1ZSwiaG9zdCI6InBheW1lbnQtZ2F0ZXdheS1zZXJ2aWNlLTVmZDc2Njg5ZmQtcWh3MnYiLCJ2bV9ob3N0IjoicGF5bWVudC1nYXRld2F5LXNlcnZpY2UtNWZkNzY2ODlmZC1xaHcydiIsImluc190eXBlIjoiUFlUSE9OIiwiYWdlbnRfdmVyc2lvbl9pbmZvIjoiMS43LjIiLCJob3N0X2xpY2Vuc2UiOmZhbHNlfSwiOTEyODIwMDAwMDAwMDkyNzkiOnsiaW5zdGFuY2VfbmFtZSI6Ikluc3RhbmNlXzEyIiwiaXBfYWRkcmVzcyI6IjE5Mi4xNjguMzAuMjE1Iiwic2VydmljZV92ZXJzaW9uIjoiMi4wLjAiLCJzZXJ2ZXJfaWQiOiItMSIsImFwcGxpY2F0aW9uX2lkIjoiOTEyODIwMDAwMDAwMTAwNjciLCJob3N0X2lkIjoiMCIsImFnZW50X3ZlcnNpb24iOjEuNywiaW5zdGFuY2VfaWQiOiI5MTI4MjAwMDAwMDAwOTI3OSIsImFwcGxpY2F0aW9uX25hbWUiOiJ6eWxrZXJrYXJ0LXBheW1lbnQtZ2F0ZXdheS1zZXJ2aWNlIiwiY2xvdWRfdHlwZSI6IkRPQ0tFUiIsInBvcnQiOjkwNTAsImlzX2Nsb3VkX2lucyI6dHJ1ZSwiaG9zdCI6InBheW1lbnQtZ2F0ZXdheS1zZXJ2aWNlLTVmZDc2Njg5ZmQtd2Q4YjgiLCJ2bV9ob3N0IjoicGF5bWVudC1nYXRld2F5LXNlcnZpY2UtNWZkNzY2ODlmZC13ZDhiOCIsImluc190eXBlIjoiUFlUSE9OIiwiYWdlbnRfdmVyc2lvbl9pbmZvIjoiMS43LjIiLCJob3N0X2xpY2Vuc2UiOmZhbHNlfSwiOTEyODIwMDAwMDAwMDkzMzEiOnsiaW5zdGFuY2VfbmFtZSI6Ikluc3RhbmNlXzIzIiwiaXBfYWRkcmVzcyI6IjE5Mi4xNjguOS4yMDUiLCJzZXJ2aWNlX3ZlcnNpb24iOiIyLjAuMCIsInNlcnZlcl9pZCI6Ii0xIiwiYXBwbGljYXRpb25faWQiOiI5MTI4MjAwMDAwMDAxMDA2NyIsImhvc3RfaWQiOiIwIiwiYWdlbnRfdmVyc2lvbiI6MS43LCJpbnN0YW5jZV9pZCI6IjkxMjgyMDAwMDAwMDA5MzMxIiwiYXBwbGljYXRpb25fbmFtZSI6Inp5bGtlcmthcnQtcGF5bWVudC1nYXRld2F5LXNlcnZpY2UiLCJjbG91ZF90eXBlIjoiRE9DS0VSIiwicG9ydCI6OTA1MCwiaXNfY2xvdWRfaW5zIjp0cnVlLCJob3N0IjoicGF5bWVudC1nYXRld2F5LXNlcnZpY2UtNWZkNzY2ODlmZC1jaGRqcyIsInZtX2hvc3QiOiJwYXltZW50LWdhdGV3YXktc2VydmljZS01ZmQ3NjY4OWZkLWNoZGpzIiwiaW5zX3R5cGUiOiJQWVRIT04iLCJhZ2VudF92ZXJzaW9uX2luZm8iOiIxLjcuMiIsImhvc3RfbGljZW5zZSI6ZmFsc2V9LCI5MTI4MjAwMDAwMDAwOTI2NiI6eyJpbnN0YW5jZV9uYW1lIjoiSW5zdGFuY2VfOSIsImlwX2FkZHJlc3MiOiIxOTIuMTY4LjQxLjE0MiIsInNlcnZpY2VfdmVyc2lvbiI6IjIuMC4wIiwic2VydmVyX2lkIjoiLTEiLCJhcHBsaWNhdGlvbl9pZCI6IjkxMjgyMDAwMDAwMDEwMDY3IiwiaG9zdF9pZCI6IjAiLCJhZ2VudF92ZXJzaW9uIjoxLjcsImluc3RhbmNlX2lkIjoiOTEyODIwMDAwMDAwMDkyNjYiLCJhcHBsaWNhdGlvbl9uYW1lIjoienlsa2Vya2FydC1wYXltZW50LWdhdGV3YXktc2VydmljZSIsImNsb3VkX3R5cGUiOiJET0NLRVIiLCJwb3J0Ijo5MDUwLCJpc19jbG91ZF9pbnMiOnRydWUsImhvc3QiOiJwYXltZW50LWdhdGV3YXktc2VydmljZS01ZmQ3NjY4OWZkLTY1YmhoIiwidm1faG9zdCI6InBheW1lbnQtZ2F0ZXdheS1zZXJ2aWNlLTVmZDc2Njg5ZmQtNjViaGgiLCJpbnNfdHlwZSI6IlBZVEhPTiIsImFnZW50X3ZlcnNpb25faW5mbyI6IjEuNy4yIiwiaG9zdF9saWNlbnNlIjpmYWxzZX0sIjkxMjgyMDAwMDAwMDU5MTIxIjp7Imluc3RhbmNlX25hbWUiOiJJbnN0YW5jZV8yNCIsImlwX2FkZHJlc3MiOiIxOTIuMTY4LjQwLjEwNyIsInNlcnZpY2VfdmVyc2lvbiI6IjIuMC4wIiwic2VydmVyX2lkIjoiLTEiLCJhcHBsaWNhdGlvbl9pZCI6IjkxMjgyMDAwMDAwMDEwMDY3IiwiaG9zdF9pZCI6IjAiLCJhZ2VudF92ZXJzaW9uIjoxLjcsImluc3RhbmNlX2lkIjoiOTEyODIwMDAwMDAwNTkxMjEiLCJhcHBsaWNhdGlvbl9uYW1lIjoienlsa2Vya2FydC1wYXltZW50LWdhdGV3YXktc2VydmljZSIsImNsb3VkX3R5cGUiOiJET0NLRVIiLCJwb3J0Ijo5MDUwLCJpc19jbG91ZF9pbnMiOnRydWUsImhvc3QiOiJwYXltZW50LWdhdGV3YXktc2VydmljZS01ZmQ3NjY4OWZkLW1nemp3Iiwidm1faG9zdCI6InBheW1lbnQtZ2F0ZXdheS1zZXJ2aWNlLTVmZDc2Njg5ZmQtbWd6anciLCJpbnNfdHlwZSI6IlBZVEhPTiIsImFnZW50X3ZlcnNpb25faW5mbyI6IjEuNy4yIiwiaG9zdF9saWNlbnNlIjpmYWxzZX0sIjkxMjgyMDAwMDAwMDU5MDU1Ijp7Imluc3RhbmNlX25hbWUiOiJJbnN0YW5jZV8xNCIsImlwX2FkZHJlc3MiOiIxOTIuMTY4LjguMjQ5Iiwic2VydmljZV92ZXJzaW9uIjoiMi4wLjAiLCJzZXJ2ZXJfaWQiOiItMSIsImFwcGxpY2F0aW9uX2lkIjoiOTEyODIwMDAwMDAwMTAwNjciLCJob3N0X2lkIjoiMCIsImFnZW50X3ZlcnNpb24iOjEuNywiaW5zdGFuY2VfaWQiOiI5MTI4MjAwMDAwMDA1OTA1NSIsImFwcGxpY2F0aW9uX25hbWUiOiJ6eWxrZXJrYXJ0LXBheW1lbnQtZ2F0ZXdheS1zZXJ2aWNlIiwiY2xvdWRfdHlwZSI6IkRPQ0tFUiIsInBvcnQiOjkwNTAsImlzX2Nsb3VkX2lucyI6dHJ1ZSwiaG9zdCI6InBheW1lbnQtZ2F0ZXdheS1zZXJ2aWNlLTVmZDc2Njg5ZmQtdm05N3MiLCJ2bV9ob3N0IjoicGF5bWVudC1nYXRld2F5LXNlcnZpY2UtNWZkNzY2ODlmZC12bTk3cyIsImluc190eXBlIjoiUFlUSE9OIiwiYWdlbnRfdmVyc2lvbl9pbmZvIjoiMS43LjIiLCJob3N0X2xpY2Vuc2UiOmZhbHNlfSwiOTEyODIwMDAwMDAwMTAxNTciOnsiaW5zdGFuY2VfbmFtZSI6Ikluc3RhbmNlXzI3IiwiaXBfYWRkcmVzcyI6IjE5Mi4xNjguMzAuMjE1Iiwic2VydmljZV92ZXJzaW9uIjoiMi4wLjAiLCJzZXJ2ZXJfaWQiOiItMSIsImFwcGxpY2F0aW9uX2lkIjoiOTEyODIwMDAwMDAwMTAwNjciLCJob3N0X2lkIjoiMCIsImFnZW50X3ZlcnNpb24iOjEuNywiaW5zdGFuY2VfaWQiOiI5MTI4MjAwMDAwMDAxMDE1NyIsImFwcGxpY2F0aW9uX25hbWUiOiJ6eWxrZXJrYXJ0LXBheW1lbnQtZ2F0ZXdheS1zZXJ2aWNlIiwiY2xvdWRfdHlwZSI6IkRPQ0tFUiIsInBvcnQiOjkwNTAsImlzX2Nsb3VkX2lucyI6dHJ1ZSwiaG9zdCI6InBheW1lbnQtZ2F0ZXdheS1zZXJ2aWNlLWQ2ZDU0OGNjZC1nd3JrZiIsInZtX2hvc3QiOiJwYXltZW50LWdhdGV3YXktc2VydmljZS1kNmQ1NDhjY2QtZ3dya2YiLCJpbnNfdHlwZSI6IlBZVEhPTiIsImFnZW50X3ZlcnNpb25faW5mbyI6IjEuNy4yIiwiaG9zdF9saWNlbnNlIjpmYWxzZX0sIjkxMjgyMDAwMDAwMDEwMDkyIjp7Imluc3RhbmNlX25hbWUiOiJJbnN0YW5jZV8zIiwiaXBfYWRkcmVzcyI6IjE5Mi4xNjguMTkuNjEiLCJzZXJ2aWNlX3ZlcnNpb24iOiIyLjAuMCIsInNlcnZlcl9pZCI6Ii0xIiwiYXBwbGljYXRpb25faWQiOiI5MTI4MjAwMDAwMDAxMDA2NyIsImhvc3RfaWQiOiIwIiwiYWdlbnRfdmVyc2lvbiI6MS43LCJpbnN0YW5jZV9pZCI6IjkxMjgyMDAwMDAwMDEwMDkyIiwiYXBwbGljYXRpb25fbmFtZSI6Inp5bGtlcmthcnQtcGF5bWVudC1nYXRld2F5LXNlcnZpY2UiLCJjbG91ZF90eXBlIjoiRE9DS0VSIiwicG9ydCI6OTA1MCwiaXNfY2xvdWRfaW5zIjp0cnVlLCJob3N0IjoicGF5bWVudC1nYXRld2F5LXNlcnZpY2UtNWZkNzY2ODlmZC14cThwbiIsInZtX2hvc3QiOiJwYXltZW50LWdhdGV3YXktc2VydmljZS01ZmQ3NjY4OWZkLXhxOHBuIiwiaW5zX3R5cGUiOiJQWVRIT04iLCJhZ2VudF92ZXJzaW9uX2luZm8iOiIxLjcuMiIsImhvc3RfbGljZW5zZSI6ZmFsc2V9LCI5MTI4MjAwMDAwMDAxMDE0NCI6eyJpbnN0YW5jZV9uYW1lIjoiSW5zdGFuY2VfMTgiLCJpcF9hZGRyZXNzIjoiMTkyLjE2OC4zMS4yNTEiLCJzZXJ2aWNlX3ZlcnNpb24iOiIyLjAuMCIsInNlcnZlcl9pZCI6Ii0xIiwiYXBwbGljYXRpb25faWQiOiI5MTI4MjAwMDAwMDAxMDA2NyIsImhvc3RfaWQiOiIwIiwiYWdlbnRfdmVyc2lvbiI6MS43LCJpbnN0YW5jZV9pZCI6IjkxMjgyMDAwMDAwMDEwMTQ0IiwiYXBwbGljYXRpb25fbmFtZSI6Inp5bGtlcmthcnQtcGF5bWVudC1nYXRld2F5LXNlcnZpY2UiLCJjbG91ZF90eXBlIjoiRE9DS0VSIiwicG9ydCI6OTA1MCwiaXNfY2xvdWRfaW5zIjp0cnVlLCJob3N0IjoicGF5bWVudC1nYXRld2F5LXNlcnZpY2UtZDZkNTQ4Y2NkLXB6Nzc3Iiwidm1faG9zdCI6InBheW1lbnQtZ2F0ZXdheS1zZXJ2aWNlLWQ2ZDU0OGNjZC1wejc3NyIsImluc190eXBlIjoiUFlUSE9OIiwiYWdlbnRfdmVyc2lvbl9pbmZvIjoiMS43LjIiLCJob3N0X2xpY2Vuc2UiOmZhbHNlfSwiOTEyODIwMDAwMDAwNTkxMDgiOnsiaW5zdGFuY2VfbmFtZSI6Ikluc3RhbmNlXzIyIiwiaXBfYWRkcmVzcyI6IjE5Mi4xNjguMTkuNjEiLCJzZXJ2aWNlX3ZlcnNpb24iOiIyLjAuMCIsInNlcnZlcl9pZCI6Ii0xIiwiYXBwbGljYXRpb25faWQiOiI5MTI4MjAwMDAwMDAxMDA2NyIsImhvc3RfaWQiOiIwIiwiYWdlbnRfdmVyc2lvbiI6MS43LCJpbnN0YW5jZV9pZCI6IjkxMjgyMDAwMDAwMDU5MTA4IiwiYXBwbGljYXRpb25fbmFtZSI6Inp5bGtlcmthcnQtcGF5bWVudC1nYXRld2F5LXNlcnZpY2UiLCJjbG91ZF90eXBlIjoiRE9DS0VSIiwicG9ydCI6OTA1MCwiaXNfY2xvdWRfaW5zIjp0cnVlLCJob3N0IjoicGF5bWVudC1nYXRld2F5LXNlcnZpY2UtNWZkNzY2ODlmZC1ta2wyZyIsInZtX2hvc3QiOiJwYXltZW50LWdhdGV3YXktc2VydmljZS01ZmQ3NjY4OWZkLW1rbDJnIiwiaW5zX3R5cGUiOiJQWVRIT04iLCJhZ2VudF92ZXJzaW9uX2luZm8iOiIxLjcuMiIsImhvc3RfbGljZW5zZSI6ZmFsc2V9LCI5MTI4MjAwMDAwMDAwOTI1MyI6eyJpbnN0YW5jZV9uYW1lIjoiSW5zdGFuY2VfOCIsImlwX2FkZHJlc3MiOiIxOTIuMTY4LjQwLjEwNyIsInNlcnZpY2VfdmVyc2lvbiI6IjIuMC4wIiwic2VydmVyX2lkIjoiLTEiLCJhcHBsaWNhdGlvbl9pZCI6IjkxMjgyMDAwMDAwMDEwMDY3IiwiaG9zdF9pZCI6IjAiLCJhZ2VudF92ZXJzaW9uIjoxLjcsImluc3RhbmNlX2lkIjoiOTEyODIwMDAwMDAwMDkyNTMiLCJhcHBsaWNhdGlvbl9uYW1lIjoienlsa2Vya2FydC1wYXltZW50LWdhdGV3YXktc2VydmljZSIsImNsb3VkX3R5cGUiOiJET0NLRVIiLCJwb3J0Ijo5MDUwLCJpc19jbG91ZF9pbnMiOnRydWUsImhvc3QiOiJwYXltZW50LWdhdGV3YXktc2VydmljZS01ZmQ3NjY4OWZkLXNsbnFnIiwidm1faG9zdCI6InBheW1lbnQtZ2F0ZXdheS1zZXJ2aWNlLTVmZDc2Njg5ZmQtc2xucWciLCJpbnNfdHlwZSI6IlBZVEhPTiIsImFnZW50X3ZlcnNpb25faW5mbyI6IjEuNy4yIiwiaG9zdF9saWNlbnNlIjpmYWxzZX0sIjkxMjgyMDAwMDAwMDU5MDQyIjp7Imluc3RhbmNlX25hbWUiOiJJbnN0YW5jZV8xMSIsImlwX2FkZHJlc3MiOiIxOTIuMTY4LjQwLjEwNyIsInNlcnZpY2VfdmVyc2lvbiI6IjIuMC4wIiwic2VydmVyX2lkIjoiOTEyODIwMDAwMDAxMDQzMTEiLCJhcHBsaWNhdGlvbl9pZCI6IjkxMjgyMDAwMDAwMDEwMDY3IiwiaG9zdF9pZCI6IjAiLCJhZ2VudF92ZXJzaW9uIjoxLjcsImluc3RhbmNlX2lkIjoiOTEyODIwMDAwMDAwNTkwNDIiLCJhcHBsaWNhdGlvbl9uYW1lIjoienlsa2Vya2FydC1wYXltZW50LWdhdGV3YXktc2VydmljZSIsImNsb3VkX3R5cGUiOiJET0NLRVIiLCJwb3J0Ijo5MDUwLCJpc19jbG91ZF9pbnMiOnRydWUsImhvc3QiOiJwYXltZW50LWdhdGV3YXktc2VydmljZS01ZmQ3NjY4OWZkLXJ2eGZxIiwidm1faG9zdCI6InBheW1lbnQtZ2F0ZXdheS1zZXJ2aWNlLTVmZDc2Njg5ZmQtcnZ4ZnEiLCJpbnNfdHlwZSI6IlBZVEhPTiIsImFnZW50X3ZlcnNpb25faW5mbyI6IjEuNy4yIiwiaG9zdF9saWNlbnNlIjpmYWxzZX0sIjkxMjgyMDAwMDAwMDA5MzE4Ijp7Imluc3RhbmNlX25hbWUiOiJJbnN0YW5jZV8xOSIsImlwX2FkZHJlc3MiOiIxOTIuMTY4LjQxLjE0MiIsInNlcnZpY2VfdmVyc2lvbiI6IjIuMC4wIiwic2VydmVyX2lkIjoiLTEiLCJhcHBsaWNhdGlvbl9pZCI6IjkxMjgyMDAwMDAwMDEwMDY3IiwiaG9zdF9pZCI6IjAiLCJhZ2VudF92ZXJzaW9uIjoxLjcsImluc3RhbmNlX2lkIjoiOTEyODIwMDAwMDAwMDkzMTgiLCJhcHBsaWNhdGlvbl9uYW1lIjoienlsa2Vya2FydC1wYXltZW50LWdhdGV3YXktc2VydmljZSIsImNsb3VkX3R5cGUiOiJET0NLRVIiLCJwb3J0Ijo5MDUwLCJpc19jbG91ZF9pbnMiOnRydWUsImhvc3QiOiJwYXltZW50LWdhdGV3YXktc2VydmljZS01ZmQ3NjY4OWZkLWs3ZGtyIiwidm1faG9zdCI6InBheW1lbnQtZ2F0ZXdheS1zZXJ2aWNlLTVmZDc2Njg5ZmQtazdka3IiLCJpbnNfdHlwZSI6IlBZVEhPTiIsImFnZW50X3ZlcnNpb25faW5mbyI6IjEuNy4yIiwiaG9zdF9saWNlbnNlIjpmYWxzZX19LCJob3N0cyI6eyJwYXltZW50LWdhdGV3YXktc2VydmljZS01ZmQ3NjY4OWZkLXJ4MmZsIjpbIjkxMjgyMDAwMDAwMDA5MjkyIl0sInBheW1lbnQtZ2F0ZXdheS1zZXJ2aWNlLWQ2ZDU0OGNjZC1wejc3NyI6WyI5MTI4MjAwMDAwMDAxMDE0NCJdLCJwYXltZW50LWdhdGV3YXktc2VydmljZS01ZmQ3NjY4OWZkLTI3dzg0IjpbIjkxMjgyMDAwMDAwMDU5MDI5Il0sInBheW1lbnQtZ2F0ZXdheS1zZXJ2aWNlLTVmZDc2Njg5ZmQtczRiNHoiOlsiOTEyODIwMDAwMDAwNTkwMTYiXSwicGF5bWVudC1nYXRld2F5LXNlcnZpY2UtNWZkNzY2ODlmZC02NWJoaCI6WyI5MTI4MjAwMDAwMDAwOTI2NiJdLCJwYXltZW50LWdhdGV3YXktc2VydmljZS01ZmQ3NjY4OWZkLXJ2eGZxIjpbIjkxMjgyMDAwMDAwMDU5MDQyIl0sInBheW1lbnQtZ2F0ZXdheS1zZXJ2aWNlLTVmZDc2Njg5ZmQtdnptamYiOlsiOTEyODIwMDAwMDAwNTkwOTUiXSwicGF5bWVudC1nYXRld2F5LXNlcnZpY2UtNWZkNzY2ODlmZC1tZ3pqdyI6WyI5MTI4MjAwMDAwMDA1OTEyMSJdLCJwYXltZW50LWdhdGV3YXktc2VydmljZS01ZmQ3NjY4OWZkLWw3azdqIjpbIjkxMjgyMDAwMDAwMDEwMTE4Il0sInBheW1lbnQtZ2F0ZXdheS1zZXJ2aWNlLTVmZDc2Njg5ZmQtZjU4ZzkiOlsiOTEyODIwMDAwMDAwMDkzMDUiXSwicGF5bWVudC1nYXRld2F5LXNlcnZpY2UtNWZkNzY2ODlmZC14cThwbiI6WyI5MTI4MjAwMDAwMDAxMDA5MiJdLCJwYXltZW50LWdhdGV3YXktc2VydmljZS01ZmQ3NjY4OWZkLXZtOTdzIjpbIjkxMjgyMDAwMDAwMDU5MDU1Il0sInBheW1lbnQtZ2F0ZXdheS1zZXJ2aWNlLTVmZDc2Njg5ZmQtMmRubnEiOlsiOTEyODIwMDAwMDAwNTkxMzQiXSwicGF5bWVudC1nYXRld2F5LXNlcnZpY2UtNWZkNzY2ODlmZC1xaHcydiI6WyI5MTI4MjAwMDAwMDA1OTAwMyJdLCJwYXltZW50LWdhdGV3YXktc2VydmljZS01ZmQ3NjY4OWZkLWhoZDk2IjpbIjkxMjgyMDAwMDAwMDEwMDc5Il0sInBheW1lbnQtZ2F0ZXdheS1zZXJ2aWNlLTVmZDc2Njg5ZmQtY3Jna3MiOlsiOTEyODIwMDAwMDAwMDkyNDAiXSwicGF5bWVudC1nYXRld2F5LXNlcnZpY2UtNWZkNzY2ODlmZC1jdnQ5diI6WyI5MTI4MjAwMDAwMDAwOTM0NCJdLCJwYXltZW50LWdhdGV3YXktc2VydmljZS01ZmQ3NjY4OWZkLW5mejdnIjpbIjkxMjgyMDAwMDAwMDEwMTMxIl0sInBheW1lbnQtZ2F0ZXdheS1zZXJ2aWNlLTVmZDc2Njg5ZmQtZGtkbHQiOlsiOTEyODIwMDAwMDAwMTAxMDUiXSwicGF5bWVudC1nYXRld2F5LXNlcnZpY2UtNWZkNzY2ODlmZC1ta2wyZyI6WyI5MTI4MjAwMDAwMDA1OTEwOCJdLCJwYXltZW50LWdhdGV3YXktc2VydmljZS01ZmQ3NjY4OWZkLWs3ZGtyIjpbIjkxMjgyMDAwMDAwMDA5MzE4Il0sInBheW1lbnQtZ2F0ZXdheS1zZXJ2aWNlLTVmZDc2Njg5ZmQtd2Q4YjgiOlsiOTEyODIwMDAwMDAwMDkyNzkiXSwicGF5bWVudC1nYXRld2F5LXNlcnZpY2UtNWZkNzY2ODlmZC1zbG5xZyI6WyI5MTI4MjAwMDAwMDAwOTI1MyJdLCJwYXltZW50LWdhdGV3YXktc2VydmljZS1kNmQ1NDhjY2QtZ3dya2YiOlsiOTEyODIwMDAwMDAwMTAxNTciXSwicGF5bWVudC1nYXRld2F5LXNlcnZpY2UtNWZkNzY2ODlmZC1jNW44NSI6WyI5MTI4MjAwMDAwMDA1OTA4MiJdLCJwYXltZW50LWdhdGV3YXktc2VydmljZS01ZmQ3NjY4OWZkLTJ0aGM2IjpbIjkxMjgyMDAwMDAwMDU5MDY4Il0sInBheW1lbnQtZ2F0ZXdheS1zZXJ2aWNlLTVmZDc2Njg5ZmQtY2hkanMiOlsiOTEyODIwMDAwMDAwMDkzMzEiXX0sInVubWFuYWdlZF9pbnN0YW5jZV9jb3VudCI6MjYsImhvc3RfY291bnQiOjI3LCJtYW5hZ2VkX2luc3RhbmNlX2NvdW50IjoxLCJydW1faW5mbyI6IiIsImFwcGxpY2F0aW9uX2lkIjoiOTEyODIwMDAwMDAwMTAwNjciLCJpbnN0YW5jZV9jb3VudCI6Mjd9LCJjcHV0aW1lIjowLjAsImNwdV91c2FnZSI6IiIsImFwZGV4X2RhdGEiOnsidG9sZXJhdGluZ19jb3VudCI6MC4wLCJzYXRpc2ZpZWRfY291bnQiOjI4LjAsImFwZGV4IjoxLjAsImZydXN0cmF0ZWQiOjAuMCwic2F0aXNmaWVkIjoxMDAuMCwiZnJ1c3RyYXRlZF9jb3VudCI6MC4wLCJ0b2xlcmF0aW5nIjowLjB9fSx7ImF2YWlsYWJpbGl0eV9oZWFsdGhfaW5mbyI6eyJsYXN0X2NvbW11bmljYXRpb25fdGltZSI6IjE3NzUxMjkwMzI0NTgiLCJzdGF0dXNfY2hhbmdlX3RpbWUiOiItMSIsIm1hbmFnZWRfc3RhdGUiOnRydWUsInVuZGVyX21haW50ZW5hbmNlIjpmYWxzZSwiYXZhaWxhYmlsaXR5X3VybCI6Ii9ob21lL3JlcG9ydHNpbmZvLmRvP2V4ZWN1dGU9Z2V0RGV0YWlsc1BhZ2VSZXBvcnQmcGVyaW9kPTMmcmVwb3J0dHlwZT1Mb2NhdGlvbkRvd25SZXBvcnQmdXJsaWQ9OTEyODIwMDAwMDc1ODUyNDIiLCJoZWFsdGgiOiIiLCJhdmFpbGFiaWxpdHkiOiJBVkFJTEFCTEUiLCJzdGF0dXNfcmVhc29uIjoiIiwiaGFzX2hlYWx0aF9hdHRyaWJ1dGUiOmZhbHNlLCJoZWFsdGhfdXJsIjoiIiwic3RhdHVzIjoxfSwic2hvd19pbnN0YW5jZV9wb3J0X251bWJlciI6dHJ1ZSwiYXBwX2NvbmZpZyI6eyJpc19jbG91ZF9hcHAiOnRydWV9LCJjb3VudCI6IjEwIiwiYXBwbGljYXRpb25faW5mbyI6eyJhcHBsaWNhdGlvbl9uYW1lIjoiWnlsa2VyS2FydC1TZWFyY2hTZXJ2aWNlLUFJT3BzIiwiaW5zdGFuY2VfaWRzIjpbIjkxMjgyMDAwMDA3NTg2MjM5IiwiOTEyODIwMDAwMDc1ODUyNTQiLCI5MTI4MjAwMDAwNzU4NTM0NCIsIjkxMjgyMDAwMDA3NTg1MzMxIl0sImhvc3RfbGljZW5zZV9hcHBsaWVkX2luc3RhbmNlcyI6e30sImluc3RhbmNlcyI6eyI5MTI4MjAwMDAwNzU4NjIzOSI6eyJpbnN0YW5jZV9uYW1lIjoiSW5zdGFuY2VfMSIsImlwX2FkZHJlc3MiOiIiLCJzZXJ2aWNlX3ZlcnNpb24iOiIyLjAuMCIsInNlcnZlcl9pZCI6Ii0xIiwiYXBwbGljYXRpb25faWQiOiI5MTI4MjAwMDAwNzU4NTI0MiIsImhvc3RfaWQiOiIwIiwiYWdlbnRfdmVyc2lvbiI6MS4wLCJpbnN0YW5jZV9pZCI6IjkxMjgyMDAwMDA3NTg2MjM5IiwiYXBwbGljYXRpb25fbmFtZSI6Ilp5bGtlckthcnQtU2VhcmNoU2VydmljZS1BSU9wcyIsImNsb3VkX3R5cGUiOiJET0NLRVIiLCJwb3J0Ijo4MDgzLCJpc19jbG91ZF9pbnMiOnRydWUsImhvc3QiOiJjcmktY29udGFpbmVyZC0yOTc2NmUxNDYwZTg4NzYzYTBkZGFiYTJmZDVhMTk5YzA4NTVhM2M0Nzk4ZTE0YzRmYTdjOTE0ZiIsInZtX2hvc3QiOiIiLCJpbnNfdHlwZSI6IkdPIiwiYWdlbnRfdmVyc2lvbl9pbmZvIjoiMS4wLjUiLCJob3N0X2xpY2Vuc2UiOmZhbHNlfSwiOTEyODIwMDAwMDc1ODUyNTQiOnsiaW5zdGFuY2VfbmFtZSI6Ikluc3RhbmNlXzIiLCJpcF9hZGRyZXNzIjoiIiwic2VydmljZV92ZXJzaW9uIjoiMi4wLjAiLCJzZXJ2ZXJfaWQiOiItMSIsImFwcGxpY2F0aW9uX2lkIjoiOTEyODIwMDAwMDc1ODUyNDIiLCJob3N0X2lkIjoiMCIsImFnZW50X3ZlcnNpb24iOjEuMCwiaW5zdGFuY2VfaWQiOiI5MTI4MjAwMDAwNzU4NTI1NCIsImFwcGxpY2F0aW9uX25hbWUiOiJaeWxrZXJLYXJ0LVNlYXJjaFNlcnZpY2UtQUlPcHMiLCJjbG91ZF90eXBlIjoiRE9DS0VSIiwicG9ydCI6ODA4MywiaXNfY2xvdWRfaW5zIjp0cnVlLCJob3N0IjoiY3JpLWNvbnRhaW5lcmQtMGY2YzcyYTRmNTM5MjljYTFkYzM1ZThhZTljZGRhMDE2MWVjNzlkNTA5ZWNlMjIwMmE4YThkNGIiLCJ2bV9ob3N0IjoiIiwiaW5zX3R5cGUiOiJHTyIsImFnZW50X3ZlcnNpb25faW5mbyI6IjEuMC41IiwiaG9zdF9saWNlbnNlIjpmYWxzZX0sIjkxMjgyMDAwMDA3NTg1MzQ0Ijp7Imluc3RhbmNlX25hbWUiOiJJbnN0YW5jZV80IiwiaXBfYWRkcmVzcyI6IiIsInNlcnZpY2VfdmVyc2lvbiI6IjIuMC4wIiwic2VydmVyX2lkIjoiLTEiLCJhcHBsaWNhdGlvbl9pZCI6IjkxMjgyMDAwMDA3NTg1MjQyIiwiaG9zdF9pZCI6IjAiLCJhZ2VudF92ZXJzaW9uIjoxLjAsImluc3RhbmNlX2lkIjoiOTEyODIwMDAwMDc1ODUzNDQiLCJhcHBsaWNhdGlvbl9uYW1lIjoiWnlsa2VyS2FydC1TZWFyY2hTZXJ2aWNlLUFJT3BzIiwiY2xvdWRfdHlwZSI6IkRPQ0tFUiIsInBvcnQiOjgwODMsImlzX2Nsb3VkX2lucyI6dHJ1ZSwiaG9zdCI6ImNyaS1jb250YWluZXJkLThkMzMxZTEwN2FmMjVkMTRiODc3ODM0MTg5NjIzY2M5YTJjYmE0NWVmZmE1ZjNkZDNmYTJkMmY3Iiwidm1faG9zdCI6IiIsImluc190eXBlIjoiR08iLCJhZ2VudF92ZXJzaW9uX2luZm8iOiIxLjAuNSIsImhvc3RfbGljZW5zZSI6ZmFsc2V9LCI5MTI4MjAwMDAwNzU4NTMzMSI6eyJpbnN0YW5jZV9uYW1lIjoiSW5zdGFuY2VfMyIsImlwX2FkZHJlc3MiOiIiLCJzZXJ2aWNlX3ZlcnNpb24iOiIyLjAuMCIsInNlcnZlcl9pZCI6Ii0xIiwiYXBwbGljYXRpb25faWQiOiI5MTI4MjAwMDAwNzU4NTI0MiIsImhvc3RfaWQiOiIwIiwiYWdlbnRfdmVyc2lvbiI6MS4wLCJpbnN0YW5jZV9pZCI6IjkxMjgyMDAwMDA3NTg1MzMxIiwiYXBwbGljYXRpb25fbmFtZSI6Ilp5bGtlckthcnQtU2VhcmNoU2VydmljZS1BSU9wcyIsImNsb3VkX3R5cGUiOiJET0NLRVIiLCJwb3J0Ijo4MDgzLCJpc19jbG91ZF9pbnMiOnRydWUsImhvc3QiOiJjcmktY29udGFpbmVyZC03YTc4YjY4NzRmYTEzNTU3YmFhMmY0YTViZDdlMDlkZTRlNTA0ZjdkNGViMzU1NGExODEzMWUyYSIsInZtX2hvc3QiOiIiLCJpbnNfdHlwZSI6IkdPIiwiYWdlbnRfdmVyc2lvbl9pbmZvIjoiMS4wLjUiLCJob3N0X2xpY2Vuc2UiOmZhbHNlfX0sImhvc3RzIjp7ImNyaS1jb250YWluZXJkLTdhNzhiNjg3NGZhMTM1NTdiYWEyZjRhNWJkN2UwOWRlNGU1MDRmN2Q0ZWIzNTU0YTE4MTMxZTJhIjpbIjkxMjgyMDAwMDA3NTg1MzMxIl0sImNyaS1jb250YWluZXJkLTI5NzY2ZTE0NjBlODg3NjNhMGRkYWJhMmZkNWExOTljMDg1NWEzYzQ3OThlMTRjNGZhN2M5MTRmIjpbIjkxMjgyMDAwMDA3NTg2MjM5Il0sImNyaS1jb250YWluZXJkLTBmNmM3MmE0ZjUzOTI5Y2ExZGMzNWU4YWU5Y2RkYTAxNjFlYzc5ZDUwOWVjZTIyMDJhOGE4ZDRiIjpbIjkxMjgyMDAwMDA3NTg1MjU0Il0sImNyaS1jb250YWluZXJkLThkMzMxZTEwN2FmMjVkMTRiODc3ODM0MTg5NjIzY2M5YTJjYmE0NWVmZmE1ZjNkZDNmYTJkMmY3IjpbIjkxMjgyMDAwMDA3NTg1MzQ0Il19LCJ1bm1hbmFnZWRfaW5zdGFuY2VfY291bnQiOjIsImhvc3RfY291bnQiOjQsIm1hbmFnZWRfaW5zdGFuY2VfY291bnQiOjIsInJ1bV9pbmZvIjoiIiwiYXBwbGljYXRpb25faWQiOiI5MTI4MjAwMDAwNzU4NTI0MiIsImluc3RhbmNlX2NvdW50Ijo0fSwiY3B1dGltZSI6IiIsImNwdV91c2FnZSI6IiIsInNob3dfdGxzX3dhcm5pbmciOmZhbHNlLCJ0YWdzIjoiIn0seyJzaG93X2luc3RhbmNlX3BvcnRfbnVtYmVyIjp0cnVlLCJjb3VudCI6IjEwIiwiaHR0cGJ5dGVzb3V0IjowLjAsImh0dHBieXRlc2luIjowLjAsInNob3dfdGxzX3dhcm5pbmciOmZhbHNlLCJ0YWdzIjoiIiwiYXZhaWxhYmlsaXR5X2hlYWx0aF9pbmZvIjp7Imxhc3RfY29tbXVuaWNhdGlvbl90aW1lIjoiMTc3NTEyOTA3ODczNSIsInN0YXR1c19jaGFuZ2VfdGltZSI6Ii0xIiwibWFuYWdlZF9zdGF0ZSI6dHJ1ZSwidW5kZXJfbWFpbnRlbmFuY2UiOmZhbHNlLCJhdmFpbGFiaWxpdHlfdXJsIjoiL2hvbWUvcmVwb3J0c2luZm8uZG8/ZXhlY3V0ZT1nZXREZXRhaWxzUGFnZVJlcG9ydCZwZXJpb2Q9MyZyZXBvcnR0eXBlPUxvY2F0aW9uRG93blJlcG9ydCZ1cmxpZD05MTI4MjAwMDAwNzU4NTI2NyIsImhlYWx0aCI6IiIsImF2YWlsYWJpbGl0eSI6IkFWQUlMQUJMRSIsInN0YXR1c19yZWFzb24iOiIiLCJoYXNfaGVhbHRoX2F0dHJpYnV0ZSI6ZmFsc2UsImhlYWx0aF91cmwiOiIiLCJzdGF0dXMiOjF9LCJleGNlcHRpb25faW5mbyI6eyJmYXRhbF9jb3VudCI6IjQxIiwid2FybmluZ19jb3VudCI6IjQ3MiJ9LCJyZXNwb25zZV90aW1lX2RhdGEiOnsibWF4X3Jlc3BvbnNlX3RpbWUiOjY2OTIuMCwiY3B1X3RpbWUiOjAuMCwibWF4X2J5dGVzX291dCI6MC4wLCJ0b3RhbF9odHRwX2J5dGVzX291dCI6MC4wLCJtaW5fYnl0ZXNfaW4iOjAuMCwiZXJyb3JfY291bnQiOjEwLjAsInN1Y2NfcGVyYyI6OTAuMCwibWF4X2J5dGVzX2luIjowLjAsInJlcXVlc3RfY291bnQiOjE4MTIuMCwiYXZnX2h0dHBfYnl0ZXNfaW4iOjAuMCwibWluX3Jlc3BvbnNlX3RpbWUiOjEuMCwidG90YWxfcmVzcG9uc2VfdGltZSI6MC4wLCJhdmdfaHR0cF9ieXRlc19vdXQiOjAuMCwibWluX2J5dGVzX291dCI6MC4wLCJzdWNjX2NvdW50IjoxNjMwLjAsInJlc3BvbnNlX3RpbWUiOjU3LjAyLCJ0b3RhbF9odHRwX2J5dGVzX2luIjowLjAsImVycl9jb3VudCI6MTgyLjAsInRocm91Z2hwdXQiOjE4MTIuMH0sImFwcF9jb25maWciOnsicnVtSW5qZWN0aW9uQWxsb3dlZCI6dHJ1ZSwiaXNfY2xvdWRfYXBwIjp0cnVlLCJhdXRvU2NhbGUiOmZhbHNlfSwiYXBwbGljYXRpb25faW5mbyI6eyJhcHBsaWNhdGlvbl9uYW1lIjoiWnlsa2VyS2FydC1TdG9yZWZyb250LUFJT3BzIiwiaW5zdGFuY2VfaWRzIjpbIjkxMjgyMDAwMDA3NTg1Mjc5IiwiOTEyODIwMDAwMDc1ODYyNzciXSwiaG9zdF9saWNlbnNlX2FwcGxpZWRfaW5zdGFuY2VzIjp7fSwiaW5zdGFuY2VzIjp7IjkxMjgyMDAwMDA3NTg1Mjc5Ijp7Imluc3RhbmNlX25hbWUiOiJJbnN0YW5jZV8xIiwiaXBfYWRkcmVzcyI6IjEwLjIyNC4wLjE2Iiwic2VydmljZV92ZXJzaW9uIjoiMC4wIiwic2VydmVyX2lkIjoiLTEiLCJhcHBsaWNhdGlvbl9pZCI6IjkxMjgyMDAwMDA3NTg1MjY3IiwiaG9zdF9pZCI6IjAiLCJhZ2VudF92ZXJzaW9uIjo3LjcsImluc3RhbmNlX2lkIjoiOTEyODIwMDAwMDc1ODUyNzkiLCJhcHBsaWNhdGlvbl9uYW1lIjoiWnlsa2VyS2FydC1TdG9yZWZyb250LUFJT3BzIiwiY2xvdWRfdHlwZSI6IkRPQ0tFUiIsInBvcnQiOjgwODAsImlzX2Nsb3VkX2lucyI6dHJ1ZSwiaG9zdCI6InN0b3JlZnJvbnQtODRkNWJkODVmNC1jYnE0NSIsInZtX2hvc3QiOiIiLCJpbnNfdHlwZSI6IkpBVkEiLCJhZ2VudF92ZXJzaW9uX2luZm8iOiIwIiwiaG9zdF9saWNlbnNlIjpmYWxzZX0sIjkxMjgyMDAwMDA3NTg2Mjc3Ijp7Imluc3RhbmNlX25hbWUiOiJJbnN0YW5jZV8yIiwiaXBfYWRkcmVzcyI6IjEwLjAuMi4xNDEiLCJzZXJ2aWNlX3ZlcnNpb24iOiIwLjAiLCJzZXJ2ZXJfaWQiOiItMSIsImFwcGxpY2F0aW9uX2lkIjoiOTEyODIwMDAwMDc1ODUyNjciLCJob3N0X2lkIjoiMCIsImFnZW50X3ZlcnNpb24iOjcuNywiaW5zdGFuY2VfaWQiOiI5MTI4MjAwMDAwNzU4NjI3NyIsImFwcGxpY2F0aW9uX25hbWUiOiJaeWxrZXJLYXJ0LVN0b3JlZnJvbnQtQUlPcHMiLCJjbG91ZF90eXBlIjoiRE9DS0VSIiwicG9ydCI6ODA4MCwiaXNfY2xvdWRfaW5zIjp0cnVlLCJob3N0Ijoic3RvcmVmcm9udC04NGQ1YmQ4NWY0LXRjODdzIiwidm1faG9zdCI6IiIsImluc190eXBlIjoiSkFWQSIsImFnZW50X3ZlcnNpb25faW5mbyI6IjAiLCJob3N0X2xpY2Vuc2UiOmZhbHNlfX0sImhvc3RzIjp7InN0b3JlZnJvbnQtODRkNWJkODVmNC10Yzg3cyI6WyI5MTI4MjAwMDAwNzU4NjI3NyJdLCJzdG9yZWZyb250LTg0ZDViZDg1ZjQtY2JxNDUiOlsiOTEyODIwMDAwMDc1ODUyNzkiXX0sInVubWFuYWdlZF9pbnN0YW5jZV9jb3VudCI6MCwiaG9zdF9jb3VudCI6MiwibWFuYWdlZF9pbnN0YW5jZV9jb3VudCI6MiwicnVtX2luZm8iOiIiLCJhcHBsaWNhdGlvbl9pZCI6IjkxMjgyMDAwMDA3NTg1MjY3IiwiaW5zdGFuY2VfY291bnQiOjJ9LCJjcHV0aW1lIjowLjAsImNwdV91c2FnZSI6IiIsImFwZGV4X2RhdGEiOnsidG9sZXJhdGluZ19jb3VudCI6MTAuMCwic2F0aXNmaWVkX2NvdW50IjoxNjE0LjAsImFwZGV4IjowLjk5LCJmcnVzdHJhdGVkIjowLjQsInNhdGlzZmllZCI6OTkuMCwiZnJ1c3RyYXRlZF9jb3VudCI6Ni4wLCJ0b2xlcmF0aW5nIjowLjZ9fSx7InNob3dfaW5zdGFuY2VfcG9ydF9udW1iZXIiOnRydWUsImNvdW50IjoiMTAiLCJodHRwYnl0ZXNvdXQiOjAuMCwiaHR0cGJ5dGVzaW4iOjAuMCwic2hvd190bHNfd2FybmluZyI6ZmFsc2UsInRhZ3MiOiIiLCJhdmFpbGFiaWxpdHlfaGVhbHRoX2luZm8iOnsibGFzdF9jb21tdW5pY2F0aW9uX3RpbWUiOiIxNzc1MTI5MDg4NTI3Iiwic3RhdHVzX2NoYW5nZV90aW1lIjoiLTEiLCJtYW5hZ2VkX3N0YXRlIjp0cnVlLCJ1bmRlcl9tYWludGVuYW5jZSI6ZmFsc2UsImF2YWlsYWJpbGl0eV91cmwiOiIvaG9tZS9yZXBvcnRzaW5mby5kbz9leGVjdXRlPWdldERldGFpbHNQYWdlUmVwb3J0JnBlcmlvZD0zJnJlcG9ydHR5cGU9TG9jYXRpb25Eb3duUmVwb3J0JnVybGlkPTkxMjgyMDAwMDA3NTg1MzA2IiwiaGVhbHRoIjoiIiwiYXZhaWxhYmlsaXR5IjoiQVZBSUxBQkxFIiwic3RhdHVzX3JlYXNvbiI6IiIsImhhc19oZWFsdGhfYXR0cmlidXRlIjpmYWxzZSwiaGVhbHRoX3VybCI6IiIsInN0YXR1cyI6MX0sImV4Y2VwdGlvbl9pbmZvIjp7ImZhdGFsX2NvdW50IjoiMCIsIndhcm5pbmdfY291bnQiOiIwIn0sInJlc3BvbnNlX3RpbWVfZGF0YSI6eyJtYXhfcmVzcG9uc2VfdGltZSI6MTUyMC4wLCJjcHVfdGltZSI6MC4wLCJtYXhfYnl0ZXNfb3V0IjowLjAsInRvdGFsX2h0dHBfYnl0ZXNfb3V0IjowLjAsIm1pbl9ieXRlc19pbiI6MC4wLCJlcnJvcl9jb3VudCI6MC4wLCJzdWNjX3BlcmMiOjEwMC4wLCJtYXhfYnl0ZXNfaW4iOjAuMCwicmVxdWVzdF9jb3VudCI6NTI5LjAsImF2Z19odHRwX2J5dGVzX2luIjowLjAsIm1pbl9yZXNwb25zZV90aW1lIjoyLjAsInRvdGFsX3Jlc3BvbnNlX3RpbWUiOjAuMCwiYXZnX2h0dHBfYnl0ZXNfb3V0IjowLjAsIm1pbl9ieXRlc19vdXQiOjAuMCwic3VjY19jb3VudCI6NTI5LjAsInJlc3BvbnNlX3RpbWUiOjI1LjUyLCJ0b3RhbF9odHRwX2J5dGVzX2luIjowLjAsImVycl9jb3VudCI6MC4wLCJ0aHJvdWdocHV0Ijo1MjkuMH0sImFwcF9jb25maWciOnsiaXNfY2xvdWRfYXBwIjp0cnVlfSwiYXBwbGljYXRpb25faW5mbyI6eyJhcHBsaWNhdGlvbl9uYW1lIjoiWnlsa2VyS2FydC1BdXRoU2VydmljZS1BSU9wcyIsImluc3RhbmNlX2lkcyI6WyI5MTI4MjAwMDAwNzU4NTM1NyIsIjkxMjgyMDAwMDA3NTg1MzE4Il0sImhvc3RfbGljZW5zZV9hcHBsaWVkX2luc3RhbmNlcyI6e30sImluc3RhbmNlcyI6eyI5MTI4MjAwMDAwNzU4NTM1NyI6eyJpbnN0YW5jZV9uYW1lIjoiSW5zdGFuY2VfMiIsImlwX2FkZHJlc3MiOiIxMC4wLjMuMTQzIiwic2VydmljZV92ZXJzaW9uIjoiMC4wIiwic2VydmVyX2lkIjoiOTEyODIwMDAwMDc1OTQyMDAiLCJhcHBsaWNhdGlvbl9pZCI6IjkxMjgyMDAwMDA3NTg1MzA2IiwiaG9zdF9pZCI6IjAiLCJhZ2VudF92ZXJzaW9uIjo3LjAsImluc3RhbmNlX2lkIjoiOTEyODIwMDAwMDc1ODUzNTciLCJhcHBsaWNhdGlvbl9uYW1lIjoiWnlsa2VyS2FydC1BdXRoU2VydmljZS1BSU9wcyIsImNsb3VkX3R5cGUiOiJET0NLRVIiLCJwb3J0Ijo4MCwiaXNfY2xvdWRfaW5zIjp0cnVlLCJob3N0IjoiYXV0aC1zZXJ2aWNlLTU1NjhmY2JiNDktOHBiODYiLCJ2bV9ob3N0IjoiYXV0aC1zZXJ2aWNlLTU1NjhmY2JiNDktOHBiODYiLCJpbnNfdHlwZSI6IkRPVE5FVF9DT1JFIiwiYWdlbnRfdmVyc2lvbl9pbmZvIjoiMCIsImhvc3RfbGljZW5zZSI6ZmFsc2V9LCI5MTI4MjAwMDAwNzU4NTMxOCI6eyJpbnN0YW5jZV9uYW1lIjoiSW5zdGFuY2VfMSIsImlwX2FkZHJlc3MiOiIxMC4yMjQuMC4xOCIsInNlcnZpY2VfdmVyc2lvbiI6IjAuMCIsInNlcnZlcl9pZCI6Ii0xIiwiYXBwbGljYXRpb25faWQiOiI5MTI4MjAwMDAwNzU4NTMwNiIsImhvc3RfaWQiOiIwIiwiYWdlbnRfdmVyc2lvbiI6Ny4wLCJpbnN0YW5jZV9pZCI6IjkxMjgyMDAwMDA3NTg1MzE4IiwiYXBwbGljYXRpb25fbmFtZSI6Ilp5bGtlckthcnQtQXV0aFNlcnZpY2UtQUlPcHMiLCJjbG91ZF90eXBlIjoiRE9DS0VSIiwicG9ydCI6ODAsImlzX2Nsb3VkX2lucyI6dHJ1ZSwiaG9zdCI6ImF1dGgtc2VydmljZS01NTY4ZmNiYjQ5LXFxYjg1Iiwidm1faG9zdCI6ImF1dGgtc2VydmljZS01NTY4ZmNiYjQ5LXFxYjg1IiwiaW5zX3R5cGUiOiJET1RORVRfQ09SRSIsImFnZW50X3ZlcnNpb25faW5mbyI6IjAiLCJob3N0X2xpY2Vuc2UiOmZhbHNlfX0sImhvc3RzIjp7ImF1dGgtc2VydmljZS01NTY4ZmNiYjQ5LXFxYjg1IjpbIjkxMjgyMDAwMDA3NTg1MzE4Il0sImF1dGgtc2VydmljZS01NTY4ZmNiYjQ5LThwYjg2IjpbIjkxMjgyMDAwMDA3NTg1MzU3Il19LCJ1bm1hbmFnZWRfaW5zdGFuY2VfY291bnQiOjAsImhvc3RfY291bnQiOjIsIm1hbmFnZWRfaW5zdGFuY2VfY291bnQiOjIsInJ1bV9pbmZvIjoiIiwiYXBwbGljYXRpb25faWQiOiI5MTI4MjAwMDAwNzU4NTMwNiIsImluc3RhbmNlX2NvdW50IjoyfSwiY3B1dGltZSI6MC4wLCJjcHVfdXNhZ2UiOiIiLCJhcGRleF9kYXRhIjp7InRvbGVyYXRpbmdfY291bnQiOjguMCwic2F0aXNmaWVkX2NvdW50Ijo1MjEuMCwiYXBkZXgiOjAuOTksImZydXN0cmF0ZWQiOjAuMCwic2F0aXNmaWVkIjo5OC41LCJmcnVzdHJhdGVkX2NvdW50IjowLjAsInRvbGVyYXRpbmciOjEuNX19LHsic2hvd19pbnN0YW5jZV9wb3J0X251bWJlciI6dHJ1ZSwiY291bnQiOiIxMCIsImh0dHBieXRlc291dCI6NzU4NjIuMCwiaHR0cGJ5dGVzaW4iOjAuMCwic2hvd190bHNfd2FybmluZyI6ZmFsc2UsInRhZ3MiOiIiLCJhdmFpbGFiaWxpdHlfaGVhbHRoX2luZm8iOnsibGFzdF9jb21tdW5pY2F0aW9uX3RpbWUiOiIxNzc1MTI5MDczODQ1Iiwic3RhdHVzX2NoYW5nZV90aW1lIjoiLTEiLCJtYW5hZ2VkX3N0YXRlIjp0cnVlLCJ1bmRlcl9tYWludGVuYW5jZSI6ZmFsc2UsImF2YWlsYWJpbGl0eV91cmwiOiIvaG9tZS9yZXBvcnRzaW5mby5kbz9leGVjdXRlPWdldERldGFpbHNQYWdlUmVwb3J0JnBlcmlvZD0zJnJlcG9ydHR5cGU9TG9jYXRpb25Eb3duUmVwb3J0JnVybGlkPTkxMjgyMDAwMDA3NTg2MTc1IiwiaGVhbHRoIjoiIiwiYXZhaWxhYmlsaXR5IjoiQVZBSUxBQkxFIiwic3RhdHVzX3JlYXNvbiI6IiIsImhhc19oZWFsdGhfYXR0cmlidXRlIjpmYWxzZSwiaGVhbHRoX3VybCI6IiIsInN0YXR1cyI6MX0sImV4Y2VwdGlvbl9pbmZvIjp7ImZhdGFsX2NvdW50IjoiOCIsIndhcm5pbmdfY291bnQiOiIwIn0sInJlc3BvbnNlX3RpbWVfZGF0YSI6eyJtYXhfcmVzcG9uc2VfdGltZSI6NDguMCwiY3B1X3RpbWUiOjAuMCwibWF4X2J5dGVzX291dCI6MC4wLCJ0b3RhbF9odHRwX2J5dGVzX291dCI6MC4wLCJtaW5fYnl0ZXNfaW4iOjAuMCwiZXJyb3JfY291bnQiOjYuMSwic3VjY19wZXJjIjo5My45LCJtYXhfYnl0ZXNfaW4iOjAuMCwicmVxdWVzdF9jb3VudCI6NTMzLjAsImF2Z19odHRwX2J5dGVzX2luIjowLjAsIm1pbl9yZXNwb25zZV90aW1lIjowLjAsInRvdGFsX3Jlc3BvbnNlX3RpbWUiOjAuMCwiYXZnX2h0dHBfYnl0ZXNfb3V0IjowLjAsIm1pbl9ieXRlc19vdXQiOjAuMCwic3VjY19jb3VudCI6NTAwLjAsInJlc3BvbnNlX3RpbWUiOjMuOTYsInRvdGFsX2h0dHBfYnl0ZXNfaW4iOjAuMCwiZXJyX2NvdW50IjozMy4wLCJ0aHJvdWdocHV0Ijo1MzMuMH0sImFwcF9jb25maWciOnsiaXNfY2xvdWRfYXBwIjp0cnVlfSwiYXBwbGljYXRpb25faW5mbyI6eyJhcHBsaWNhdGlvbl9uYW1lIjoiWnlsa2VyS2FydC1PcmRlclNlcnZpY2UtQUlPcHMiLCJpbnN0YW5jZV9pZHMiOlsiOTEyODIwMDAwMDc1ODYxODciLCI5MTI4MjAwMDAwNzU4ODE1MCJdLCJob3N0X2xpY2Vuc2VfYXBwbGllZF9pbnN0YW5jZXMiOnt9LCJpbnN0YW5jZXMiOnsiOTEyODIwMDAwMDc1ODYxODciOnsiaW5zdGFuY2VfbmFtZSI6Ikluc3RhbmNlXzEiLCJpcF9hZGRyZXNzIjoiMTAuMjI0LjAuMzIiLCJzZXJ2aWNlX3ZlcnNpb24iOiIwLjAiLCJzZXJ2ZXJfaWQiOiItMSIsImFwcGxpY2F0aW9uX2lkIjoiOTEyODIwMDAwMDc1ODYxNzUiLCJob3N0X2lkIjoiMCIsImFnZW50X3ZlcnNpb24iOjUuMSwiaW5zdGFuY2VfaWQiOiI5MTI4MjAwMDAwNzU4NjE4NyIsImFwcGxpY2F0aW9uX25hbWUiOiJaeWxrZXJLYXJ0LU9yZGVyU2VydmljZS1BSU9wcyIsImNsb3VkX3R5cGUiOiJET0NLRVIiLCJwb3J0Ijo4MDgyLCJpc19jbG91ZF9pbnMiOnRydWUsImhvc3QiOiJvcmRlci1zZXJ2aWNlLTU2NmQ0OTRmZjQtZ2pjeDQiLCJ2bV9ob3N0Ijoib3JkZXItc2VydmljZS01NjZkNDk0ZmY0LWdqY3g0IiwiaW5zX3R5cGUiOiJOT0RFSlMiLCJhZ2VudF92ZXJzaW9uX2luZm8iOiIwIiwiaG9zdF9saWNlbnNlIjpmYWxzZX0sIjkxMjgyMDAwMDA3NTg4MTUwIjp7Imluc3RhbmNlX25hbWUiOiJJbnN0YW5jZV8yIiwiaXBfYWRkcmVzcyI6IjEwLjAuMy42NiIsInNlcnZpY2VfdmVyc2lvbiI6IjAuMCIsInNlcnZlcl9pZCI6Ii0xIiwiYXBwbGljYXRpb25faWQiOiI5MTI4MjAwMDAwNzU4NjE3NSIsImhvc3RfaWQiOiIwIiwiYWdlbnRfdmVyc2lvbiI6NS4xLCJpbnN0YW5jZV9pZCI6IjkxMjgyMDAwMDA3NTg4MTUwIiwiYXBwbGljYXRpb25fbmFtZSI6Ilp5bGtlckthcnQtT3JkZXJTZXJ2aWNlLUFJT3BzIiwiY2xvdWRfdHlwZSI6IkRPQ0tFUiIsInBvcnQiOjgwODIsImlzX2Nsb3VkX2lucyI6dHJ1ZSwiaG9zdCI6Im9yZGVyLXNlcnZpY2UtNTY2ZDQ5NGZmNC02ZDg3bSIsInZtX2hvc3QiOiJvcmRlci1zZXJ2aWNlLTU2NmQ0OTRmZjQtNmQ4N20iLCJpbnNfdHlwZSI6Ik5PREVKUyIsImFnZW50X3ZlcnNpb25faW5mbyI6IjAiLCJob3N0X2xpY2Vuc2UiOmZhbHNlfX0sImhvc3RzIjp7Im9yZGVyLXNlcnZpY2UtNTY2ZDQ5NGZmNC02ZDg3bSI6WyI5MTI4MjAwMDAwNzU4ODE1MCJdLCJvcmRlci1zZXJ2aWNlLTU2NmQ0OTRmZjQtZ2pjeDQiOlsiOTEyODIwMDAwMDc1ODYxODciXX0sInVubWFuYWdlZF9pbnN0YW5jZV9jb3VudCI6MCwiaG9zdF9jb3VudCI6MiwibWFuYWdlZF9pbnN0YW5jZV9jb3VudCI6MiwicnVtX2luZm8iOiIiLCJhcHBsaWNhdGlvbl9pZCI6IjkxMjgyMDAwMDA3NTg2MTc1IiwiaW5zdGFuY2VfY291bnQiOjJ9LCJjcHV0aW1lIjowLjAsImNwdV91c2FnZSI6IiIsImFwZGV4X2RhdGEiOnsidG9sZXJhdGluZ19jb3VudCI6MC4wLCJzYXRpc2ZpZWRfY291bnQiOjUwMC4wLCJhcGRleCI6MS4wLCJmcnVzdHJhdGVkIjowLjAsInNhdGlzZmllZCI6MTAwLjAsImZydXN0cmF0ZWRfY291bnQiOjAuMCwidG9sZXJhdGluZyI6MC4wfX0seyJzaG93X2luc3RhbmNlX3BvcnRfbnVtYmVyIjp0cnVlLCJjb3VudCI6IjEwIiwiaHR0cGJ5dGVzb3V0IjowLjAsImh0dHBieXRlc2luIjowLjAsInNob3dfdGxzX3dhcm5pbmciOmZhbHNlLCJ0YWdzIjoiIiwiYXZhaWxhYmlsaXR5X2hlYWx0aF9pbmZvIjp7Imxhc3RfY29tbXVuaWNhdGlvbl90aW1lIjoiMTc3NTEyOTA4MDM4NiIsInN0YXR1c19jaGFuZ2VfdGltZSI6Ii0xIiwibWFuYWdlZF9zdGF0ZSI6dHJ1ZSwidW5kZXJfbWFpbnRlbmFuY2UiOmZhbHNlLCJhdmFpbGFiaWxpdHlfdXJsIjoiL2hvbWUvcmVwb3J0c2luZm8uZG8/ZXhlY3V0ZT1nZXREZXRhaWxzUGFnZVJlcG9ydCZwZXJpb2Q9MyZyZXBvcnR0eXBlPUxvY2F0aW9uRG93blJlcG9ydCZ1cmxpZD05MTI4MjAwMDAwNzU4NjIwMCIsImhlYWx0aCI6IiIsImF2YWlsYWJpbGl0eSI6IkFWQUlMQUJMRSIsInN0YXR1c19yZWFzb24iOiIiLCJoYXNfaGVhbHRoX2F0dHJpYnV0ZSI6ZmFsc2UsImhlYWx0aF91cmwiOiIiLCJzdGF0dXMiOjF9LCJleGNlcHRpb25faW5mbyI6eyJmYXRhbF9jb3VudCI6IjIwIiwid2FybmluZ19jb3VudCI6IjQwIn0sInJlc3BvbnNlX3RpbWVfZGF0YSI6eyJtYXhfcmVzcG9uc2VfdGltZSI6Mjk2MDguMCwiY3B1X3RpbWUiOjAuMCwibWF4X2J5dGVzX291dCI6MC4wLCJ0b3RhbF9odHRwX2J5dGVzX291dCI6MC4wLCJtaW5fYnl0ZXNfaW4iOjAuMCwiZXJyb3JfY291bnQiOjAuNSwic3VjY19wZXJjIjo5OS41LCJtYXhfYnl0ZXNfaW4iOjAuMCwicmVxdWVzdF9jb3VudCI6MzkyOS4wLCJhdmdfaHR0cF9ieXRlc19pbiI6MC4wLCJtaW5fcmVzcG9uc2VfdGltZSI6MC4wLCJ0b3RhbF9yZXNwb25zZV90aW1lIjowLjAsImF2Z19odHRwX2J5dGVzX291dCI6MC4wLCJtaW5fYnl0ZXNfb3V0IjowLjAsInN1Y2NfY291bnQiOjM5MDkuMCwicmVzcG9uc2VfdGltZSI6MjgxLjQ3LCJ0b3RhbF9odHRwX2J5dGVzX2luIjowLjAsImVycl9jb3VudCI6MjAuMCwidGhyb3VnaHB1dCI6MzkyOS4wfSwiYXBwX2NvbmZpZyI6eyJydW1JbmplY3Rpb25BbGxvd2VkIjp0cnVlLCJpc19jbG91ZF9hcHAiOnRydWUsImF1dG9TY2FsZSI6ZmFsc2V9LCJhcHBsaWNhdGlvbl9pbmZvIjp7ImFwcGxpY2F0aW9uX25hbWUiOiJaeWxrZXJLYXJ0LVByb2R1Y3RTZXJ2aWNlLUFJT3BzIiwiaW5zdGFuY2VfaWRzIjpbIjkxMjgyMDAwMDA3NTg4MTM3IiwiOTEyODIwMDAwMDc1ODYyMTIiXSwiaG9zdF9saWNlbnNlX2FwcGxpZWRfaW5zdGFuY2VzIjp7fSwiaW5zdGFuY2VzIjp7IjkxMjgyMDAwMDA3NTg4MTM3Ijp7Imluc3RhbmNlX25hbWUiOiJJbnN0YW5jZV8yIiwiaXBfYWRkcmVzcyI6IjEwLjAuMy4yNDQiLCJzZXJ2aWNlX3ZlcnNpb24iOiIwLjAiLCJzZXJ2ZXJfaWQiOiItMSIsImFwcGxpY2F0aW9uX2lkIjoiOTEyODIwMDAwMDc1ODYyMDAiLCJob3N0X2lkIjoiMCIsImFnZW50X3ZlcnNpb24iOjcuNywiaW5zdGFuY2VfaWQiOiI5MTI4MjAwMDAwNzU4ODEzNyIsImFwcGxpY2F0aW9uX25hbWUiOiJaeWxrZXJLYXJ0LVByb2R1Y3RTZXJ2aWNlLUFJT3BzIiwiY2xvdWRfdHlwZSI6IkRPQ0tFUiIsInBvcnQiOjgwODAsImlzX2Nsb3VkX2lucyI6dHJ1ZSwiaG9zdCI6InByb2R1Y3Qtc2VydmljZS05YmI5YjRmY2QtdmYyeHEiLCJ2bV9ob3N0IjoiIiwiaW5zX3R5cGUiOiJKQVZBIiwiYWdlbnRfdmVyc2lvbl9pbmZvIjoiMCIsImhvc3RfbGljZW5zZSI6ZmFsc2V9LCI5MTI4MjAwMDAwNzU4NjIxMiI6eyJpbnN0YW5jZV9uYW1lIjoiSW5zdGFuY2VfMSIsImlwX2FkZHJlc3MiOiIxMC4yMjQuMC40OSIsInNlcnZpY2VfdmVyc2lvbiI6IjAuMCIsInNlcnZlcl9pZCI6Ii0xIiwiYXBwbGljYXRpb25faWQiOiI5MTI4MjAwMDAwNzU4NjIwMCIsImhvc3RfaWQiOiIwIiwiYWdlbnRfdmVyc2lvbiI6Ny43LCJpbnN0YW5jZV9pZCI6IjkxMjgyMDAwMDA3NTg2MjEyIiwiYXBwbGljYXRpb25fbmFtZSI6Ilp5bGtlckthcnQtUHJvZHVjdFNlcnZpY2UtQUlPcHMiLCJjbG91ZF90eXBlIjoiRE9DS0VSIiwicG9ydCI6ODA4MCwiaXNfY2xvdWRfaW5zIjp0cnVlLCJob3N0IjoicHJvZHVjdC1zZXJ2aWNlLTliYjliNGZjZC12a2o5ZCIsInZtX2hvc3QiOiIiLCJpbnNfdHlwZSI6IkpBVkEiLCJhZ2VudF92ZXJzaW9uX2luZm8iOiI3LjcuMSIsImhvc3RfbGljZW5zZSI6ZmFsc2V9fSwiaG9zdHMiOnsicHJvZHVjdC1zZXJ2aWNlLTliYjliNGZjZC12ZjJ4cSI6WyI5MTI4MjAwMDAwNzU4ODEzNyJdLCJwcm9kdWN0LXNlcnZpY2UtOWJiOWI0ZmNkLXZrajlkIjpbIjkxMjgyMDAwMDA3NTg2MjEyIl19LCJ1bm1hbmFnZWRfaW5zdGFuY2VfY291bnQiOjAsImhvc3RfY291bnQiOjIsIm1hbmFnZWRfaW5zdGFuY2VfY291bnQiOjIsInJ1bV9pbmZvIjoiIiwiYXBwbGljYXRpb25faWQiOiI5MTI4MjAwMDAwNzU4NjIwMCIsImluc3RhbmNlX2NvdW50IjoyfSwiY3B1dGltZSI6MC4wLCJjcHVfdXNhZ2UiOiIiLCJhcGRleF9kYXRhIjp7InRvbGVyYXRpbmdfY291bnQiOjcuMCwic2F0aXNmaWVkX2NvdW50IjozODI3LjAsImFwZGV4IjowLjk4LCJmcnVzdHJhdGVkIjoxLjksInNhdGlzZmllZCI6OTcuOSwiZnJ1c3RyYXRlZF9jb3VudCI6NzUuMCwidG9sZXJhdGluZyI6MC4yfX0seyJzaG93X2luc3RhbmNlX3BvcnRfbnVtYmVyIjp0cnVlLCJjb3VudCI6IjEwIiwiaHR0cGJ5dGVzb3V0IjowLjAsImh0dHBieXRlc2luIjowLjAsInNob3dfdGxzX3dhcm5pbmciOmZhbHNlLCJ0YWdzIjoiIiwiYXZhaWxhYmlsaXR5X2hlYWx0aF9pbmZvIjp7Imxhc3RfY29tbXVuaWNhdGlvbl90aW1lIjoiMTc3NTEyOTA4NjI5NyIsInN0YXR1c19jaGFuZ2VfdGltZSI6Ii0xIiwibWFuYWdlZF9zdGF0ZSI6dHJ1ZSwidW5kZXJfbWFpbnRlbmFuY2UiOmZhbHNlLCJhdmFpbGFiaWxpdHlfdXJsIjoiL2hvbWUvcmVwb3J0c2luZm8uZG8/ZXhlY3V0ZT1nZXREZXRhaWxzUGFnZVJlcG9ydCZwZXJpb2Q9MyZyZXBvcnR0eXBlPUxvY2F0aW9uRG93blJlcG9ydCZ1cmxpZD05MTI4MjAwMDAwNzU4NjI1MiIsImhlYWx0aCI6IiIsImF2YWlsYWJpbGl0eSI6IkFWQUlMQUJMRSIsInN0YXR1c19yZWFzb24iOiIiLCJoYXNfaGVhbHRoX2F0dHJpYnV0ZSI6ZmFsc2UsImhlYWx0aF91cmwiOiIiLCJzdGF0dXMiOjF9LCJleGNlcHRpb25faW5mbyI6eyJmYXRhbF9jb3VudCI6IjAiLCJ3YXJuaW5nX2NvdW50IjoiMCJ9LCJyZXNwb25zZV90aW1lX2RhdGEiOnsibWF4X3Jlc3BvbnNlX3RpbWUiOjMzLjAsImNwdV90aW1lIjowLjAsIm1heF9ieXRlc19vdXQiOjAuMCwidG90YWxfaHR0cF9ieXRlc19vdXQiOjAuMCwibWluX2J5dGVzX2luIjowLjAsImVycm9yX2NvdW50IjowLjAsInN1Y2NfcGVyYyI6MTAwLjAsIm1heF9ieXRlc19pbiI6MC4wLCJyZXF1ZXN0X2NvdW50Ijo0MzEuMCwiYXZnX2h0dHBfYnl0ZXNfaW4iOjAuMCwibWluX3Jlc3BvbnNlX3RpbWUiOjIuMCwidG90YWxfcmVzcG9uc2VfdGltZSI6MC4wLCJhdmdfaHR0cF9ieXRlc19vdXQiOjAuMCwibWluX2J5dGVzX291dCI6MC4wLCJzdWNjX2NvdW50Ijo0MzEuMCwicmVzcG9uc2VfdGltZSI6Ni44LCJ0b3RhbF9odHRwX2J5dGVzX2luIjowLjAsImVycl9jb3VudCI6MC4wLCJ0aHJvdWdocHV0Ijo0MzEuMH0sImFwcF9jb25maWciOnsiaXNfY2xvdWRfYXBwIjp0cnVlfSwiYXBwbGljYXRpb25faW5mbyI6eyJhcHBsaWNhdGlvbl9uYW1lIjoiWnlsa2VyS2FydC1QYXltZW50U2VydmljZS1BSU9wcyIsImluc3RhbmNlX2lkcyI6WyI5MTI4MjAwMDAwNzU4NjI2NCIsIjkxMjgyMDAwMDA3NTg1MzcwIl0sImhvc3RfbGljZW5zZV9hcHBsaWVkX2luc3RhbmNlcyI6e30sImluc3RhbmNlcyI6eyI5MTI4MjAwMDAwNzU4NjI2NCI6eyJpbnN0YW5jZV9uYW1lIjoiSW5zdGFuY2VfMSIsImlwX2FkZHJlc3MiOiIxMC4yMjQuMC4zOCIsInNlcnZpY2VfdmVyc2lvbiI6IjIuMS4wIiwic2VydmVyX2lkIjoiLTEiLCJhcHBsaWNhdGlvbl9pZCI6IjkxMjgyMDAwMDA3NTg2MjUyIiwiaG9zdF9pZCI6IjAiLCJhZ2VudF92ZXJzaW9uIjoxLjcsImluc3RhbmNlX2lkIjoiOTEyODIwMDAwMDc1ODYyNjQiLCJhcHBsaWNhdGlvbl9uYW1lIjoiWnlsa2VyS2FydC1QYXltZW50U2VydmljZS1BSU9wcyIsImNsb3VkX3R5cGUiOiJET0NLRVIiLCJwb3J0Ijo4MDg0LCJpc19jbG91ZF9pbnMiOnRydWUsImhvc3QiOiJwYXltZW50LXNlcnZpY2UtNzU1ZDk3NjljNi1zdDI2cCIsInZtX2hvc3QiOiJwYXltZW50LXNlcnZpY2UtNzU1ZDk3NjljNi1zdDI2cCIsImluc190eXBlIjoiUFlUSE9OIiwiYWdlbnRfdmVyc2lvbl9pbmZvIjoiMCIsImhvc3RfbGljZW5zZSI6ZmFsc2V9LCI5MTI4MjAwMDAwNzU4NTM3MCI6eyJpbnN0YW5jZV9uYW1lIjoiSW5zdGFuY2VfMiIsImlwX2FkZHJlc3MiOiIxMC4wLjIuMTM1Iiwic2VydmljZV92ZXJzaW9uIjoiMi4xLjAiLCJzZXJ2ZXJfaWQiOiI5MTI4MjAwMDAwNzU5NDIwMCIsImFwcGxpY2F0aW9uX2lkIjoiOTEyODIwMDAwMDc1ODYyNTIiLCJob3N0X2lkIjoiMCIsImFnZW50X3ZlcnNpb24iOjEuNywiaW5zdGFuY2VfaWQiOiI5MTI4MjAwMDAwNzU4NTM3MCIsImFwcGxpY2F0aW9uX25hbWUiOiJaeWxrZXJLYXJ0LVBheW1lbnRTZXJ2aWNlLUFJT3BzIiwiY2xvdWRfdHlwZSI6IkRPQ0tFUiIsInBvcnQiOjgwODQsImlzX2Nsb3VkX2lucyI6dHJ1ZSwiaG9zdCI6InBheW1lbnQtc2VydmljZS03NTVkOTc2OWM2LTZrYm5oIiwidm1faG9zdCI6InBheW1lbnQtc2VydmljZS03NTVkOTc2OWM2LTZrYm5oIiwiaW5zX3R5cGUiOiJQWVRIT04iLCJhZ2VudF92ZXJzaW9uX2luZm8iOiIwIiwiaG9zdF9saWNlbnNlIjpmYWxzZX19LCJob3N0cyI6eyJwYXltZW50LXNlcnZpY2UtNzU1ZDk3NjljNi02a2JuaCI6WyI5MTI4MjAwMDAwNzU4NTM3MCJdLCJwYXltZW50LXNlcnZpY2UtNzU1ZDk3NjljNi1zdDI2cCI6WyI5MTI4MjAwMDAwNzU4NjI2NCJdfSwidW5tYW5hZ2VkX2luc3RhbmNlX2NvdW50IjowLCJob3N0X2NvdW50IjoyLCJtYW5hZ2VkX2luc3RhbmNlX2NvdW50IjoyLCJydW1faW5mbyI6IiIsImFwcGxpY2F0aW9uX2lkIjoiOTEyODIwMDAwMDc1ODYyNTIiLCJpbnN0YW5jZV9jb3VudCI6Mn0sImNwdXRpbWUiOjAuMCwiY3B1X3VzYWdlIjoiIiwiYXBkZXhfZGF0YSI6eyJ0b2xlcmF0aW5nX2NvdW50IjowLjAsInNhdGlzZmllZF9jb3VudCI6NDMxLjAsImFwZGV4IjoxLjAsImZydXN0cmF0ZWQiOjAuMCwic2F0aXNmaWVkIjoxMDAuMCwiZnJ1c3RyYXRlZF9jb3VudCI6MC4wLCJ0b2xlcmF0aW5nIjowLjB9fV19",
            "response_headers": {
              "Allow": "OPTIONS, GET",
              "Cache-Control": "no-store, no-cache, must-revalidate, max-age=0, post-check=0, pre-check=0",
              "Content-Disposition": "attachment;",
              "Content-Security-Policy": "default-src 'none'; report-uri https://logsapi.zoho.eu/csplog?service=Site24x7;  frame-src *; base-uri 'self'; connect-src 'self' https://zohotagmanager.cdn-in.pagesense.io https://salesiq.zohopublic.in https://js.zohostatic.com https://js.zohostatic.eu https://img-wc.site24x7static.com https://www.site24x7.eu https://img.zohostatic.eu https://img.zohostatic.com https://maps.zoho.com https://su.zoho.in https://su.zoho.com https://su.zoho.eu https://su.zoho.com.cn https://su.zoho.com.au https://su.zoho.jp https://su.zoho.sa https://su.zohocloud.ca https://accounts.zoho.eu https://accounts.zoho.com.au https://accounts.zoho.in https://accounts.zoho.jp https://accounts.zoho.uk https://accounts.zoho.com https://accounts.zohocloud.ca https://accounts.zoho.sa https://accounts.zoho.in https://accounts.zoho.com.cn https://su.zoho.in https://pagesense-collect.zoho.com https://su.zoho.eu https://*.site24x7.com https://*.site24x7.eu https://col.site24x7rum.eu https://col.site24x7rum.com https://vts.zohopublic.com wss://vts.zohopublic.com https://api.atlassian.com https://salesiq.zohopublic.com https://static.zohocdn.com https://site24x7-wc.nimbuspop.com; script-src 'self' 'unsafe-inline' 'unsafe-eval' data: https://zohotagmanager.cdn-in.pagesense.io https://salesiq.zohopublic.in https://res.cdn.office.net https://zohotagmanager.cdn.pagesense.io https://cdn.pagesense.io https://accounts.zoho.eu https://accounts.zoho.ae https://accounts.zoho.ae https://accounts.zoho.com.au https://accounts.zoho.in https://accounts.zoho.jp https://accounts.zoho.uk https://accounts.zoho.com https://accounts.zohocloud.ca https://accounts.zoho.sa https://accounts.zoho.in https://accounts.zoho.com.cn https://static.site24x7rum.com https://static.site24x7rum.eu https://salesiq.zoho.com https://static.site24x7.com https://widgets.zohosalesiq.com https://js.zohostatic.com https://js.zohostatic.eu https://*.site24x7static.com https://static.zohocdn.com https://js.zohocdn.com https://static.stratuscdn.com https://js.stripe.com https://site24x7-wc.nimbuspop.com; worker-src 'self' blob:; img-src 'self' blob: data: https://www.zohowebstatic.com https://zohowebstatic.com https://img.zohostatic.com https://img.zohostatic.eu https://download.zoho.eu https://css.zohostatic.com https://css.zohostatic.eu https://*.site24x7.eu https://contacts.zoho.eu https://accounts.zoho.eu https://us3-files.zohopublic.com https://us4-files.zohopublic.com https://css.zohocdn.com https://static.zohocdn.com https://*.site24x7.com https://*.site24x7static.com https://contacts.zoho.com https://img.youtube.com https://site24x7-wc.nimbuspop.com; style-src 'self' 'unsafe-inline' https://webfonts.zoho.com https://css.zohostatic.com https://css.zohostatic.eu https://*.site24x7static.com https://static.zohocdn.com https://css.zohocdn.com https://css.stratuscdn.com https://static.stratuscdn.com https://js.zohostatic.com https://js.zohostatic.eu https://site24x7-wc.nimbuspop.com; font-src 'self' https://webfonts.zoho.com https://css.zohostatic.com https://css.zohostatic.eu https://js.zohostatic.com https://js.zohostatic.eu https://*.site24x7.com https://static.site24x7.com https://*.site24x7static.com https://static.zohocdn.com https://static.stratuscdn.com https://css.zohocdn.com https://webfonts.zohostatic.com https://webfonts.zohostatic.eu https://site24x7-wc.nimbuspop.com; media-src 'self' blob: data: https://css.zohocdn.com https://static.zohocdn.com https://static.stratuscdn.com; upgrade-insecure-requests;",
              "Content-Type": "application/json;charset=UTF-8",
              "Date": "Thu, 02 Apr 2026 11:24:55 GMT",
              "Expires": "Thu, 01 Jan 1970 00:00:00 GMT",
              "Pragma": "no-cache",
              "S247cn": "2",
              "Server": "ZGS",
              "Set-Cookie": "zalb_afd96616be=abfd10726c551facb908bd91d3518e6e; Path=/; Secure; HttpOnly, s247cname=8f213ea9-a660-4d4b-ad98-4726fe6418a5;path=/;SameSite=None;Secure;priority=high, s247cn=2; Path=/; Secure; HttpOnly, httpReferrer1=--; Max-Age=90; Expires=Thu, 02 Apr 2026 11:26:25 GMT; Path=/; Secure; HttpOnly, zaaid=20111864826; Max-Age=2592000; Expires=Sat, 02 May 2026 11:24:55 GMT; Path=/; Secure; HttpOnly, msp_zaaid=; Max-Age=0; Expires=Thu, 01 Jan 1970 00:00:10 GMT; Path=/; Secure; HttpOnly",
              "Strict-Transport-Security": "max-age=64072000; includeSubDomains; preload",
              "Vary": "accept-encoding",
              "X-Content-Type-Options": "nosniff",
              "X-Frame-Options": "SAMEORIGIN"
            },
            "retry": null,
            "status_code": 200,
            "url": "https://www.site24x7.eu/api/apminsight/app/H"
          },
          "sensitive_attributes": [],
          "identity_schema_version": 0
        }
      ]
    },
    {
      "mode": "data",
      "type": "http",
      "name": "k8s_monitors",
      "provider": "provider[\"registry.terraform.io/hashicorp/http\"]",
      "instances": [
        {
          "index_key": 0,
          "schema_version": 0,
          "attributes": {
            "body": "{\"error_code\":1205,\"message\":\"Your API usage involving \\\"app/api\\\" endpoints is no longer supported. Please use the \\\"/api\\\" endpoint for continued service.\"}",
            "ca_cert_pem": null,
            "client_cert_pem": null,
            "client_key_pem": null,
            "id": "https://www.site24x7.eu/app/api/server/dashboard/kubernetes?show_child=false",
            "insecure": null,
            "method": null,
            "request_body": null,
            "request_headers": {
              "Accept": "application/json; version=2.0",
              "Authorization": "Zoho-oauthtoken 1000.b60d891b4f2ad9f560ba06e3c72958e5.5a7f7b6de135fe3717fa5e7176bf0ea9"
            },
            "request_timeout_ms": null,
            "response_body": "{\"error_code\":1205,\"message\":\"Your API usage involving \\\"app/api\\\" endpoints is no longer supported. Please use the \\\"/api\\\" endpoint for continued service.\"}",
            "response_body_base64": "eyJlcnJvcl9jb2RlIjoxMjA1LCJtZXNzYWdlIjoiWW91ciBBUEkgdXNhZ2UgaW52b2x2aW5nIFwiYXBwL2FwaVwiIGVuZHBvaW50cyBpcyBubyBsb25nZXIgc3VwcG9ydGVkLiBQbGVhc2UgdXNlIHRoZSBcIi9hcGlcIiBlbmRwb2ludCBmb3IgY29udGludWVkIHNlcnZpY2UuIn0=",
            "response_headers": {
              "Cache-Control": "no-store, no-cache, must-revalidate, max-age=0, post-check=0, pre-check=0",
              "Content-Security-Policy": "default-src 'none'; report-uri https://logsapi.zoho.eu/csplog?service=Site24x7;  frame-src *; base-uri 'self'; connect-src 'self' https://zohotagmanager.cdn-in.pagesense.io https://salesiq.zohopublic.in https://js.zohostatic.com https://js.zohostatic.eu https://img-wc.site24x7static.com https://www.site24x7.eu https://img.zohostatic.eu https://img.zohostatic.com https://maps.zoho.com https://su.zoho.in https://su.zoho.com https://su.zoho.eu https://su.zoho.com.cn https://su.zoho.com.au https://su.zoho.jp https://su.zoho.sa https://su.zohocloud.ca https://accounts.zoho.eu https://accounts.zoho.com.au https://accounts.zoho.in https://accounts.zoho.jp https://accounts.zoho.uk https://accounts.zoho.com https://accounts.zohocloud.ca https://accounts.zoho.sa https://accounts.zoho.in https://accounts.zoho.com.cn https://su.zoho.in https://pagesense-collect.zoho.com https://su.zoho.eu https://*.site24x7.com https://*.site24x7.eu https://col.site24x7rum.eu https://col.site24x7rum.com https://vts.zohopublic.com wss://vts.zohopublic.com https://api.atlassian.com https://salesiq.zohopublic.com https://static.zohocdn.com https://site24x7-wc.nimbuspop.com; script-src 'self' 'unsafe-inline' 'unsafe-eval' data: https://zohotagmanager.cdn-in.pagesense.io https://salesiq.zohopublic.in https://res.cdn.office.net https://zohotagmanager.cdn.pagesense.io https://cdn.pagesense.io https://accounts.zoho.eu https://accounts.zoho.ae https://accounts.zoho.ae https://accounts.zoho.com.au https://accounts.zoho.in https://accounts.zoho.jp https://accounts.zoho.uk https://accounts.zoho.com https://accounts.zohocloud.ca https://accounts.zoho.sa https://accounts.zoho.in https://accounts.zoho.com.cn https://static.site24x7rum.com https://static.site24x7rum.eu https://salesiq.zoho.com https://static.site24x7.com https://widgets.zohosalesiq.com https://js.zohostatic.com https://js.zohostatic.eu https://*.site24x7static.com https://static.zohocdn.com https://js.zohocdn.com https://static.stratuscdn.com https://js.stripe.com https://site24x7-wc.nimbuspop.com; worker-src 'self' blob:; img-src 'self' blob: data: https://www.zohowebstatic.com https://zohowebstatic.com https://img.zohostatic.com https://img.zohostatic.eu https://download.zoho.eu https://css.zohostatic.com https://css.zohostatic.eu https://*.site24x7.eu https://contacts.zoho.eu https://accounts.zoho.eu https://us3-files.zohopublic.com https://us4-files.zohopublic.com https://css.zohocdn.com https://static.zohocdn.com https://*.site24x7.com https://*.site24x7static.com https://contacts.zoho.com https://img.youtube.com https://site24x7-wc.nimbuspop.com; style-src 'self' 'unsafe-inline' https://webfonts.zoho.com https://css.zohostatic.com https://css.zohostatic.eu https://*.site24x7static.com https://static.zohocdn.com https://css.zohocdn.com https://css.stratuscdn.com https://static.stratuscdn.com https://js.zohostatic.com https://js.zohostatic.eu https://site24x7-wc.nimbuspop.com; font-src 'self' https://webfonts.zoho.com https://css.zohostatic.com https://css.zohostatic.eu https://js.zohostatic.com https://js.zohostatic.eu https://*.site24x7.com https://static.site24x7.com https://*.site24x7static.com https://static.zohocdn.com https://static.stratuscdn.com https://css.zohocdn.com https://webfonts.zohostatic.com https://webfonts.zohostatic.eu https://site24x7-wc.nimbuspop.com; media-src 'self' blob: data: https://css.zohocdn.com https://static.zohocdn.com https://static.stratuscdn.com; upgrade-insecure-requests;",
              "Content-Type": "application/json;charset=UTF-8",
              "Date": "Thu, 02 Apr 2026 11:24:55 GMT",
              "Expires": "Thu, 01 Jan 1970 00:00:00 GMT",
              "Pragma": "no-cache",
              "S247cn": "2",
              "Server": "ZGS",
              "Set-Cookie": "zalb_afd96616be=838d6a2498c9c5524b2cee579fd62136; Path=/; Secure; HttpOnly, s247cname=193859a8-9f03-4518-bda5-bf56f5d21cd4;path=/;SameSite=None;Secure;priority=high, s247cn=2; Path=/; Secure; HttpOnly, httpReferrer1=--; Max-Age=90; Expires=Thu, 02 Apr 2026 11:26:25 GMT; Path=/; Secure; HttpOnly, zaaid=20111864826; Max-Age=2592000; Expires=Sat, 02 May 2026 11:24:55 GMT; Path=/; Secure; HttpOnly, msp_zaaid=; Max-Age=0; Expires=Thu, 01 Jan 1970 00:00:10 GMT; Path=/; Secure; HttpOnly",
              "Strict-Transport-Security": "max-age=64072000; includeSubDomains; preload",
              "Vary": "accept-encoding",
              "X-Content-Type-Options": "nosniff",
              "X-Frame-Options": "SAMEORIGIN"
            },
            "retry": null,
            "status_code": 403,
            "url": "https://www.site24x7.eu/app/api/server/dashboard/kubernetes?show_child=false"
          },
          "sensitive_attributes": [],
          "identity_schema_version": 0
        }
      ]
    },
    {
      "mode": "data",
      "type": "local_file",
      "name": "site24x7_env_output",
      "provider": "provider[\"registry.terraform.io/hashicorp/local\"]",
      "instances": [
        {
          "schema_version": 0,
          "attributes": {
            "content": "{\r\n    \"environment_id\":  \"4ca8628f-4933-4be8-bbe9-c25ed8d35298\",\r\n    \"agent_token\":  \"s24x7_at_5030234a3fac0b907387a18f2ead0ed72a1182726277e3ebeb95691c2dad789b\"\r\n}\r\n",
            "content_base64": "ew0KICAgICJlbnZpcm9ubWVudF9pZCI6ICAiNGNhODYyOGYtNDkzMy00YmU4LWJiZTktYzI1ZWQ4ZDM1Mjk4IiwNCiAgICAiYWdlbnRfdG9rZW4iOiAgInMyNHg3X2F0XzUwMzAyMzRhM2ZhYzBiOTA3Mzg3YTE4ZjJlYWQwZWQ3MmExMTgyNzI2Mjc3ZTNlYmViOTU2OTFjMmRhZDc4OWIiDQp9DQo=",
            "content_base64sha256": "nhCp3Wlu33Dxs7tth6agxvlE/diVNdUmD/yCzIRgyUM=",
            "content_base64sha512": "O49wRY6oY39sleTs3vR1+QhXQVK63Fq5Mv9ynZW9MBM+LSg9j2ZJ9ZjMqxTz8fKYOWOpQcJ9xM6C9nwyBfXvWQ==",
            "content_md5": "7106a697036a68116beb394fa95fc48c",
            "content_sha1": "cd259de10d83d88cc1e60decffc8eac73d810934",
            "content_sha256": "9e10a9dd696edf70f1b3bb6d87a6a0c6f944fdd89535d5260ffc82cc8460c943",
            "content_sha512": "3b8f70458ea8637f6c95e4ecdef475f908574152badc5ab932ff729d95bd30133e2d283d8f6649f598ccab14f3f1f2983963a941c27dc4ce82f67c3205f5ef59",
            "filename": "./.site24x7_env_output.json",
            "id": "cd259de10d83d88cc1e60decffc8eac73d810934"
          },
          "sensitive_attributes": [],
          "identity_schema_version": 0
        }
      ]
    },
    {
      "mode": "data",
      "type": "tls_certificate",
      "name": "eks",
      "provider": "provider[\"registry.terraform.io/hashicorp/tls\"]",
      "instances": [
        {
          "index_key": 0,
          "schema_version": 0,
          "attributes": {
            "certificates": [
              {
                "cert_pem": "-----BEGIN CERTIFICATE-----\nMIIEkjCCA3qgAwIBAgITBn+USionzfP6wq4rAfkI7rnExjANBgkqhkiG9w0BAQsF\nADCBmDELMAkGA1UEBhMCVVMxEDAOBgNVBAgTB0FyaXpvbmExEzARBgNVBAcTClNj\nb3R0c2RhbGUxJTAjBgNVBAoTHFN0YXJmaWVsZCBUZWNobm9sb2dpZXMsIEluYy4x\nOzA5BgNVBAMTMlN0YXJmaWVsZCBTZXJ2aWNlcyBSb290IENlcnRpZmljYXRlIEF1\ndGhvcml0eSAtIEcyMB4XDTE1MDUyNTEyMDAwMFoXDTM3MTIzMTAxMDAwMFowOTEL\nMAkGA1UEBhMCVVMxDzANBgNVBAoTBkFtYXpvbjEZMBcGA1UEAxMQQW1hem9uIFJv\nb3QgQ0EgMTCCASIwDQYJKoZIhvcNAQEBBQADggEPADCCAQoCggEBALJ4gHHKeNXj\nca9HgFB0fW7Y14h29Jlo91ghYPl0hAEvrAIthtOgQ3pOsqTQNroBvo3bSMgHFzZM\n9O6II8c+6zf1tRn4SWiw3te5djgdYZ6k/oI2peVKVuRF4fn9tBb6dNqcmzU5L/qw\nIFAGbHrQgLKm+a/sRxmPUDgH3KKHOVj4utWp+UhnMJbulHheb4mjUcAwhmahRWa6\nVOujw5H5SNz/0egwLX0tdHA114gk957EWW67c4cX8jJGKLhD+rcdqsq08p8kDi1L\n93FcXmn/6pUCyziKrlA4b9v7LWIbxcceVOF34GfID5yHI9Y/QCB/IIDEgEw+OyQm\njgSubJrIqg0CAwEAAaOCATEwggEtMA8GA1UdEwEB/wQFMAMBAf8wDgYDVR0PAQH/\nBAQDAgGGMB0GA1UdDgQWBBSEGMyFNOy8DJSULghZnMeyEE4KCDAfBgNVHSMEGDAW\ngBScXwDfqgHXMCs4iKK4bUqc8hGRgzB4BggrBgEFBQcBAQRsMGowLgYIKwYBBQUH\nMAGGImh0dHA6Ly9vY3NwLnJvb3RnMi5hbWF6b250cnVzdC5jb20wOAYIKwYBBQUH\nMAKGLGh0dHA6Ly9jcnQucm9vdGcyLmFtYXpvbnRydXN0LmNvbS9yb290ZzIuY2Vy\nMD0GA1UdHwQ2MDQwMqAwoC6GLGh0dHA6Ly9jcmwucm9vdGcyLmFtYXpvbnRydXN0\nLmNvbS9yb290ZzIuY3JsMBEGA1UdIAQKMAgwBgYEVR0gADANBgkqhkiG9w0BAQsF\nAAOCAQEAYjdCXLwQtT6LLOkMm2xF4gcAevnFWAu5CIw+7bMlPLVvUOTNNWqnkzSW\nMiGpSESrnO09tKpzbeR/FoCJbM8oAxiDR3mjEH4wW6w7sGDgd9QIpuEdfF7Au/ma\neyKdpwAJfqxGF4PcnCZXmTA5YpaP7dreqsXMGz7KQ2hsVxa81Q4gLv7/wmpdLqBK\nbRRYh5TmOTFffHPLkIhqhBGWJ6bt2YFGpn6jcgAKUj6DiAdjd4lpFw85hdKrCEVN\n0FE6/V1dN2RMfjCyVSRCnTawXZwXgWHxyvkQAiSr6w10kY17RSlQOYiypok1JR4U\nakcjMS9cmvqtmg5iUaQqqcT5NJ0hGA==\n-----END CERTIFICATE-----\n",
                "is_ca": true,
                "issuer": "CN=Starfield Services Root Certificate Authority - G2,O=Starfield Technologies\\, Inc.,L=Scottsdale,ST=Arizona,C=US",
                "max_path_length": -1,
                "not_after": "2037-12-31T01:00:00Z",
                "not_before": "2015-05-25T12:00:00Z",
                "public_key_algorithm": "RSA",
                "serial_number": "144918191876577076464031512351042010504348870",
                "sha1_fingerprint": "06b25927c42a721631c1efd9431e648fa62e1e39",
                "signature_algorithm": "SHA256-RSA",
                "subject": "CN=Amazon Root CA 1,O=Amazon,C=US",
                "version": 3
              },
              {
                "cert_pem": "-----BEGIN CERTIFICATE-----\nMIIEXjCCA0agAwIBAgITB3MSTyqVLj7Rili9uF0bwM5fJzANBgkqhkiG9w0BAQsF\nADA5MQswCQYDVQQGEwJVUzEPMA0GA1UEChMGQW1hem9uMRkwFwYDVQQDExBBbWF6\nb24gUm9vdCBDQSAxMB4XDTIyMDgyMzIyMjYzNVoXDTMwMDgyMzIyMjYzNVowPDEL\nMAkGA1UEBhMCVVMxDzANBgNVBAoTBkFtYXpvbjEcMBoGA1UEAxMTQW1hem9uIFJT\nQSAyMDQ4IE0wNDCCASIwDQYJKoZIhvcNAQEBBQADggEPADCCAQoCggEBAM3pVR6A\nlQOp4xe776FdePXyejgA38mYx1ou9/jrpV6Sfn+/oqBKgwhY6ePsQHHQayWBJdBn\nv4Wz363qRI4XUh9swBFJ11TnZ3LqOMvHmWq2+loA0QPtOfXdJ2fHBLrBrngtJ/GB\n0p5olAVYrSZgvQGP16Rf8ddtNyxEEhYm3HuhmNi+vSeAq1tLYJPAvRCXonTpWdSD\nxY6hvdmxlqTYi82AtBXSfpGQ58HHM0hw0C6aQakghrwWi5fGslLOqzpimNMIsT7c\nqa0GJx6JfKqJqmQQNplO2h8n9ZsFJgBowof01ppdoLAWg6caMOM0om/VILKaa30F\n9W/r8Qjah7ltGVkCAwEAAaOCAVowggFWMBIGA1UdEwEB/wQIMAYBAf8CAQAwDgYD\nVR0PAQH/BAQDAgGGMB0GA1UdJQQWMBQGCCsGAQUFBwMBBggrBgEFBQcDAjAdBgNV\nHQ4EFgQUH1KSYVaCVH+BZtgdPQqqMlyH3QgwHwYDVR0jBBgwFoAUhBjMhTTsvAyU\nlC4IWZzHshBOCggwewYIKwYBBQUHAQEEbzBtMC8GCCsGAQUFBzABhiNodHRwOi8v\nb2NzcC5yb290Y2ExLmFtYXpvbnRydXN0LmNvbTA6BggrBgEFBQcwAoYuaHR0cDov\nL2NydC5yb290Y2ExLmFtYXpvbnRydXN0LmNvbS9yb290Y2ExLmNlcjA/BgNVHR8E\nODA2MDSgMqAwhi5odHRwOi8vY3JsLnJvb3RjYTEuYW1hem9udHJ1c3QuY29tL3Jv\nb3RjYTEuY3JsMBMGA1UdIAQMMAowCAYGZ4EMAQIBMA0GCSqGSIb3DQEBCwUAA4IB\nAQA+1O5UsAaNuW3lHzJtpNGwBnZd9QEYFtxpiAnIaV4qApnGS9OCw5ZPwie7YSlD\nZF5yyFPsFhUC2Q9uJHY/CRV1b5hIiGH0+6+w5PgKiY1MWuWT8VAaJjFxvuhM7a/e\nfN2TIw1Wd6WCl6YRisunjQOrSP+unqC8A540JNyZ1JOE3jVqat3OZBGgMvihdj2w\nY23EpwesrKiQzkHzmvSH67PVW4ycbPy08HVZnBxZ5NrlGG9bwXR3fNTaz+c+Ej6c\n5AnwI3qkOFgSkg3Y75cdFz6pO/olK+e3AqygAcv0WjzmkDPuBjssuZjCHMC56oH3\nGJkV29Di2j5prHJbwZjG1inU\n-----END CERTIFICATE-----\n",
                "is_ca": true,
                "issuer": "CN=Amazon Root CA 1,O=Amazon,C=US",
                "max_path_length": 0,
                "not_after": "2030-08-23T22:26:35Z",
                "not_before": "2022-08-23T22:26:35Z",
                "public_key_algorithm": "RSA",
                "serial_number": "166129359584585245282080020727744908546170663",
                "sha1_fingerprint": "e7b8b5a6743ce1b2f17b041de59558a41472d70c",
                "signature_algorithm": "SHA256-RSA",
                "subject": "CN=Amazon RSA 2048 M04,O=Amazon,C=US",
                "version": 3
              },
              {
                "cert_pem": "-----BEGIN CERTIFICATE-----\nMIIF3DCCBMSgAwIBAgIQDCklYHULYbtIa01Y19KaqjANBgkqhkiG9w0BAQsFADA8\nMQswCQYDVQQGEwJVUzEPMA0GA1UEChMGQW1hem9uMRwwGgYDVQQDExNBbWF6b24g\nUlNBIDIwNDggTTA0MB4XDTI2MDEyNzAwMDAwMFoXDTI3MDIyNTIzNTk1OVowKDEm\nMCQGA1UEAwwdKi5la3MudXMtZWFzdC0yLmFtYXpvbmF3cy5jb20wggEiMA0GCSqG\nSIb3DQEBAQUAA4IBDwAwggEKAoIBAQDDQsu7Sylcv8zV1JybfqK5BWul1IVsANZt\noO/QOV0D8mIgjfrikO6t3Cl+/Hjx3t0Ea+vrghUHG2DcNWZniA4sw7zf/zYhDRrM\nYMExLWV8GE7JgSH+UguK0q0ZSCefukvux23ODFRL4VKRCeNVR0jXW6XyjL9Meo4j\nPbpYEd09BYS+5ku/B/bm/U2dIvVD5l11PuSlMr+4HnAIkSc1MvAakyGsrZVN9G8G\nl41xXtjxUtpxDeXmHMyrf8Bi2y5hB/TdUcEq+Fbdm3FAH2AFw/O8xbpcr1VQrwhf\nCPezUA8E8Y/VISVvgv1iiKDLYURp/Bo95KttTqsaihg2M6H+w0zJAgMBAAGjggLs\nMIIC6DAfBgNVHSMEGDAWgBQfUpJhVoJUf4Fm2B09CqoyXIfdCDAdBgNVHQ4EFgQU\nL3UaBTXgPiWD40yZQ9SlRyjwPLowKAYDVR0RBCEwH4IdKi5la3MudXMtZWFzdC0y\nLmFtYXpvbmF3cy5jb20wEwYDVR0gBAwwCjAIBgZngQwBAgEwDgYDVR0PAQH/BAQD\nAgWgMBMGA1UdJQQMMAoGCCsGAQUFBwMBMDsGA1UdHwQ0MDIwMKAuoCyGKmh0dHA6\nLy9jcmwucjJtMDQuYW1hem9udHJ1c3QuY29tL3IybTA0LmNybDB1BggrBgEFBQcB\nAQRpMGcwLQYIKwYBBQUHMAGGIWh0dHA6Ly9vY3NwLnIybTA0LmFtYXpvbnRydXN0\nLmNvbTA2BggrBgEFBQcwAoYqaHR0cDovL2NydC5yMm0wNC5hbWF6b250cnVzdC5j\nb20vcjJtMDQuY2VyMAwGA1UdEwEB/wQCMAAwggF+BgorBgEEAdZ5AgQCBIIBbgSC\nAWoBaAB1AExj3JjlnB2riPYeij3ero+rRKM3e1+blMP7oZz8wb4mAAABm/zJJUsA\nAAQDAEYwRAIgadAawcdi6JqEehs07SHCzOza5qBEshD1HCjMw1Mr7OICIA0YFmbE\n8mGq4IZiCP9fhDoos7QoKCV7WQp5TBDS/4IMAHYAHJ9oLOn68EVpUPgbloqH3dsy\nENhM5siy44JSSsTPWZ8AAAGb/MklbAAABAMARzBFAiAKU8mn1/4Lo/KGP37PTMB6\nNUOcEZTUWQaO+cXHvUdZ/wIhANiyg5nFlSsktKTZzHYcE0IOhfnIJdeEEw7lZox6\nC5WyAHcAYEyar3p/d18B1Ab8kg3ImesLHH34yVIb+voXdzuXi8kAAAGb/MkmAwAA\nBAMASDBGAiEAxA0rR/QXDyiErh6hiT2HkZx1PgGXiNsPW2waAykgZn0CIQDsK93Q\n7uQ6bRY/aNeNSrPWfl/2z1RLpcSEFONaSOsaTzANBgkqhkiG9w0BAQsFAAOCAQEA\ngI1c6PobeEbZM4dSzqqK8o1Q3U1TOpHh4Sy1DQ26O0MO1De2/FOgHutDKkBvbSGx\nbIncToJ/wjenOytkppMRuvAtBtiqyK9yET09EwqGtLYlfjj44BjGEUBv05R1gyjX\nCIyZZkE9WxtG+frg4bwXDfHvEQmVEaay37+SKhgamZC78fiCkwLY/JOOTAQF3zsk\nhXPNQdQLpw6qmJr8rpsFFi3ffCqfs4602Xtc18vFxhLT5IaJywORVNHcDEuZn++7\nNW8uKMsUzQcnVDOoz6xSnWtyD4e3Yaude5FWCt+W7u2HCJtnlXBJjkt5+Omy2axh\nxLlmETFnknihgKF/iL2xcQ==\n-----END CERTIFICATE-----\n",
                "is_ca": false,
                "issuer": "CN=Amazon RSA 2048 M04,O=Amazon,C=US",
                "max_path_length": -1,
                "not_after": "2027-02-25T23:59:59Z",
                "not_before": "2026-01-27T00:00:00Z",
                "public_key_algorithm": "RSA",
                "serial_number": "16164378211901360746218993839584221866",
                "sha1_fingerprint": "e8098c708e7e2088ee8b1c903dd954d9a49a6cdc",
                "signature_algorithm": "SHA256-RSA",
                "subject": "CN=*.eks.us-east-2.amazonaws.com",
                "version": 3
              }
            ],
            "content": null,
            "id": "033a163afb2babc26f7883e642621ac361c93d61",
            "url": "https://oidc.eks.us-east-2.amazonaws.com/id/7382D456E4B1AC934DF79D3B3276F0E4",
            "verify_chain": true
          },
          "sensitive_attributes": [],
          "identity_schema_version": 0
        }
      ]
    },
    {
      "mode": "managed",
      "type": "aws_eks_addon",
      "name": "ebs_csi",
      "provider": "provider[\"registry.terraform.io/hashicorp/aws\"]",
      "instances": [
        {
          "index_key": 0,
          "schema_version": 0,
          "attributes": {
            "addon_name": "aws-ebs-csi-driver",
            "addon_version": "v1.57.1-eksbuild.1",
            "arn": "arn:aws:eks:us-east-2:545575328670:addon/AIops-Cluster/aws-ebs-csi-driver/eecea6f2-6ad0-baa2-6204-564b32eb559b",
            "cluster_name": "AIops-Cluster",
            "configuration_values": "",
            "created_at": "2026-04-02T11:12:16Z",
            "id": "AIops-Cluster:aws-ebs-csi-driver",
            "modified_at": "2026-04-02T11:12:46Z",
            "pod_identity_association": [],
            "preserve": null,
            "resolve_conflicts": null,
            "resolve_conflicts_on_create": null,
            "resolve_conflicts_on_update": null,
            "service_account_role_arn": "arn:aws:iam::545575328670:role/AIops-Cluster-ebs-csi-role",
            "tags": {
              "project": "zylkerkart"
            },
            "tags_all": {
              "project": "zylkerkart"
            },
            "timeouts": null
          },
          "sensitive_attributes": [],
          "identity_schema_version": 0,
          "private": "eyJlMmJmYjczMC1lY2FhLTExZTYtOGY4OC0zNDM2M2JjN2M0YzAiOnsiY3JlYXRlIjoxMjAwMDAwMDAwMDAwLCJkZWxldGUiOjI0MDAwMDAwMDAwMDAsInVwZGF0ZSI6MTIwMDAwMDAwMDAwMH19",
          "dependencies": [
            "aws_eks_cluster.eks",
            "aws_eks_node_group.default",
            "aws_iam_openid_connect_provider.eks",
            "aws_iam_role.ebs_csi",
            "aws_iam_role.eks_cluster",
            "aws_iam_role.eks_nodes",
            "aws_iam_role_policy_attachment.ebs_csi",
            "aws_iam_role_policy_attachment.eks_cluster_policy",
            "aws_iam_role_policy_attachment.eks_cni_policy",
            "aws_iam_role_policy_attachment.eks_ecr_read",
            "aws_iam_role_policy_attachment.eks_vpc_resource_controller",
            "aws_iam_role_policy_attachment.eks_worker_node_policy",
            "aws_internet_gateway.eks",
            "aws_route_table.eks",
            "aws_route_table_association.eks",
            "aws_subnet.eks",
            "aws_vpc.eks",
            "azurerm_kubernetes_cluster.aks",
            "azurerm_resource_group.aks",
            "data.aws_availability_zones.available",
            "data.tls_certificate.eks",
            "kubernetes_namespace.zylkerkart",
            "kubernetes_persistent_volume_claim.mysql_pvc"
          ]
        }
      ]
    },
    {
      "mode": "managed",
      "type": "aws_eks_cluster",
      "name": "eks",
      "provider": "provider[\"registry.terraform.io/hashicorp/aws\"]",
      "instances": [
        {
          "index_key": 0,
          "schema_version": 1,
          "attributes": {
            "access_config": [
              {
                "authentication_mode": "CONFIG_MAP",
                "bootstrap_cluster_creator_admin_permissions": true
              }
            ],
            "arn": "arn:aws:eks:us-east-2:545575328670:cluster/AIops-Cluster",
            "bootstrap_self_managed_addons": true,
            "certificate_authority": [
              {
                "data": "LS0tLS1CRUdJTiBDRVJUSUZJQ0FURS0tLS0tCk1JSURCVENDQWUyZ0F3SUJBZ0lJVHVsem1GVVhIWWN3RFFZSktvWklodmNOQVFFTEJRQXdGVEVUTUJFR0ExVUUKQXhNS2EzVmlaWEp1WlhSbGN6QWVGdzB5TmpBME1ESXhNVEF3TXpoYUZ3MHpOakF6TXpBeE1UQTFNemhhTUJVeApFekFSQmdOVkJBTVRDbXQxWW1WeWJtVjBaWE13Z2dFaU1BMEdDU3FHU0liM0RRRUJBUVVBQTRJQkR3QXdnZ0VLCkFvSUJBUURNRGlTQzVxUG1RWVVvRkRYclZ6K0d6S0tkR1ZwdDhKZkV1OUJKNzloUWVqRy8vL2RwRGh3N2ZhcGkKZDRlRzNLeStOMXpob2Z4VjB6ZnhjaUNmak92bVhvWno5cjd3eU9NRUk2cWFnRVlQczFMOHZwWTZrcEF0eUFLWgpaOEdTUVZhNkhRQ1J5YzdQNTFDeHR5OTd5VlhrVjZlVkFUVGovRWROUzkraFdWSEYySVhSZFZRR2hNNnd2eGFTClZWcHoyOWpoMnVCR3dqeG1VOVRQZXVMZ1VoR1lLWE84UkZ3WFhaYk0wMUpPVDM4LzN6TXVlaTdDdWpHZStvUjIKM1RNTmQyZmd5LzlXV1hMb1VqTm9nSFNXRmIwbXNLSU9vR0ptS2VXSjFKSlVrMS9CcEZJSXBFQUR1ZW15QTN1MAozYkdNQWg3eEY5VzBTdWdzZXc4a1hFd1Q0bXZwQWdNQkFBR2pXVEJYTUE0R0ExVWREd0VCL3dRRUF3SUNwREFQCkJnTlZIUk1CQWY4RUJUQURBUUgvTUIwR0ExVWREZ1FXQkJTc2dFSnZmVHJEdDZsZStSdElRMmNsQmVseHNqQVYKQmdOVkhSRUVEakFNZ2dwcmRXSmxjbTVsZEdWek1BMEdDU3FHU0liM0RRRUJDd1VBQTRJQkFRQytLRFVZZk9QcgpyQUJNSGxwUWxTdFlTRGIwU3pYNEtRc2ZFYVM0NXl1M3NwSEUrQU5MSDlyTktrQmk1NHdXeHh1c1ozNWRWeU1OCmpZSkFiOHk0UmQweS9ZVTJQUXJGaklZM2F4TGZNTHNkblFMc3RFbVdCSjlDaWxLcjlNS0hPOUtqdGk4UGhFN28KVHhRK3hFZFVpLzNhWU9NQUw1TzlOQmZIaWRRdDNzaVJUWWc1TjVQem85aWZHdjIrempJUG9rRmZJZzJ4TnZFZwpTdGt5N000eFpJeWxYVWJSOExsRXhMQ1E2Yk5yc25HelMrazFHUmx2d1hiRnU4dVBIektOOTZYZ3JMRXRzTWNhCmJoeG5Yb3FLWWtkaGtqdXFXanh5M0dQakdvTGMzSjFXVXl5L3ZJRlowbzB0cVMydGRlT1FCMWEzQmtQRm5ra1IKSWtzanBpVDdqTlRICi0tLS0tRU5EIENFUlRJRklDQVRFLS0tLS0K"
              }
            ],
            "cluster_id": null,
            "compute_config": [],
            "created_at": "2026-04-02T11:01:33Z",
            "enabled_cluster_log_types": [],
            "encryption_config": [],
            "endpoint": "https://7382D456E4B1AC934DF79D3B3276F0E4.gr7.us-east-2.eks.amazonaws.com",
            "force_update_version": null,
            "id": "AIops-Cluster",
            "identity": [
              {
                "oidc": [
                  {
                    "issuer": "https://oidc.eks.us-east-2.amazonaws.com/id/7382D456E4B1AC934DF79D3B3276F0E4"
                  }
                ]
              }
            ],
            "kubernetes_network_config": [
              {
                "elastic_load_balancing": [
                  {
                    "enabled": false
                  }
                ],
                "ip_family": "ipv4",
                "service_ipv4_cidr": "172.20.0.0/16",
                "service_ipv6_cidr": ""
              }
            ],
            "name": "AIops-Cluster",
            "outpost_config": [],
            "platform_version": "eks.33",
            "remote_network_config": [],
            "role_arn": "arn:aws:iam::545575328670:role/AIops-Cluster-cluster-role",
            "status": "ACTIVE",
            "storage_config": [],
            "tags": {
              "environment": "production",
              "project": "zylkerkart"
            },
            "tags_all": {
              "environment": "production",
              "project": "zylkerkart"
            },
            "timeouts": null,
            "upgrade_policy": [
              {
                "support_type": "EXTENDED"
              }
            ],
            "version": "1.33",
            "vpc_config": [
              {
                "cluster_security_group_id": "sg-068ee0348ea0d1ae1",
                "endpoint_private_access": true,
                "endpoint_public_access": true,
                "public_access_cidrs": [
                  "0.0.0.0/0"
                ],
                "security_group_ids": [],
                "subnet_ids": [
                  "subnet-03b9defdd69a9107c",
                  "subnet-03ca89aa89f479873",
                  "subnet-07f82db4edfa7984c"
                ],
                "vpc_id": "vpc-0dab8c0a585fb2c3a"
              }
            ],
            "zonal_shift_config": []
          },
          "sensitive_attributes": [],
          "identity_schema_version": 0,
          "private": "eyJlMmJmYjczMC1lY2FhLTExZTYtOGY4OC0zNDM2M2JjN2M0YzAiOnsiY3JlYXRlIjoxODAwMDAwMDAwMDAwLCJkZWxldGUiOjkwMDAwMDAwMDAwMCwidXBkYXRlIjozNjAwMDAwMDAwMDAwfSwic2NoZW1hX3ZlcnNpb24iOiIxIn0=",
          "dependencies": [
            "aws_iam_role.eks_cluster",
            "aws_iam_role_policy_attachment.eks_cluster_policy",
            "aws_iam_role_policy_attachment.eks_vpc_resource_controller",
            "aws_internet_gateway.eks",
            "aws_route_table.eks",
            "aws_route_table_association.eks",
            "aws_subnet.eks",
            "aws_vpc.eks",
            "data.aws_availability_zones.available"
          ]
        }
      ]
    },
    {
      "mode": "managed",
      "type": "aws_eks_node_group",
      "name": "default",
      "provider": "provider[\"registry.terraform.io/hashicorp/aws\"]",
      "instances": [
        {
          "index_key": 0,
          "schema_version": 0,
          "attributes": {
            "ami_type": "AL2023_x86_64_STANDARD",
            "arn": "arn:aws:eks:us-east-2:545575328670:nodegroup/AIops-Cluster/AIops-Cluster-nodes/76cea6f1-9f5d-79b8-f4a1-0520662d9628",
            "capacity_type": "ON_DEMAND",
            "cluster_name": "AIops-Cluster",
            "disk_size": 100,
            "force_update_version": null,
            "id": "AIops-Cluster:AIops-Cluster-nodes",
            "instance_types": [
              "t2.medium"
            ],
            "labels": {},
            "launch_template": [],
            "node_group_name": "AIops-Cluster-nodes",
            "node_group_name_prefix": "",
            "node_repair_config": [],
            "node_role_arn": "arn:aws:iam::545575328670:role/AIops-Cluster-node-role",
            "release_version": "1.33.8-20260318",
            "remote_access": [],
            "resources": [
              {
                "autoscaling_groups": [
                  {
                    "name": "eks-AIops-Cluster-nodes-76cea6f1-9f5d-79b8-f4a1-0520662d9628"
                  }
                ],
                "remote_access_security_group_id": ""
              }
            ],
            "scaling_config": [
              {
                "desired_size": 2,
                "max_size": 3,
                "min_size": 2
              }
            ],
            "status": "ACTIVE",
            "subnet_ids": [
              "subnet-03b9defdd69a9107c",
              "subnet-03ca89aa89f479873",
              "subnet-07f82db4edfa7984c"
            ],
            "tags": {
              "environment": "production",
              "project": "zylkerkart"
            },
            "tags_all": {
              "environment": "production",
              "project": "zylkerkart"
            },
            "taint": [],
            "timeouts": null,
            "update_config": [
              {
                "max_unavailable": 1,
                "max_unavailable_percentage": 0
              }
            ],
            "version": "1.33"
          },
          "sensitive_attributes": [],
          "identity_schema_version": 0,
          "private": "eyJlMmJmYjczMC1lY2FhLTExZTYtOGY4OC0zNDM2M2JjN2M0YzAiOnsiY3JlYXRlIjozNjAwMDAwMDAwMDAwLCJkZWxldGUiOjM2MDAwMDAwMDAwMDAsInVwZGF0ZSI6MzYwMDAwMDAwMDAwMH19",
          "dependencies": [
            "aws_eks_cluster.eks",
            "aws_iam_role.eks_cluster",
            "aws_iam_role.eks_nodes",
            "aws_iam_role_policy_attachment.eks_cluster_policy",
            "aws_iam_role_policy_attachment.eks_cni_policy",
            "aws_iam_role_policy_attachment.eks_ecr_read",
            "aws_iam_role_policy_attachment.eks_vpc_resource_controller",
            "aws_iam_role_policy_attachment.eks_worker_node_policy",
            "aws_internet_gateway.eks",
            "aws_route_table.eks",
            "aws_route_table_association.eks",
            "aws_subnet.eks",
            "aws_vpc.eks",
            "data.aws_availability_zones.available"
          ]
        }
      ]
    },
    {
      "mode": "managed",
      "type": "aws_iam_openid_connect_provider",
      "name": "eks",
      "provider": "provider[\"registry.terraform.io/hashicorp/aws\"]",
      "instances": [
        {
          "index_key": 0,
          "schema_version": 0,
          "attributes": {
            "arn": "arn:aws:iam::545575328670:oidc-provider/oidc.eks.us-east-2.amazonaws.com/id/7382D456E4B1AC934DF79D3B3276F0E4",
            "client_id_list": [
              "sts.amazonaws.com"
            ],
            "id": "arn:aws:iam::545575328670:oidc-provider/oidc.eks.us-east-2.amazonaws.com/id/7382D456E4B1AC934DF79D3B3276F0E4",
            "tags": {
              "project": "zylkerkart"
            },
            "tags_all": {
              "project": "zylkerkart"
            },
            "thumbprint_list": [
              "06b25927c42a721631c1efd9431e648fa62e1e39"
            ],
            "url": "oidc.eks.us-east-2.amazonaws.com/id/7382D456E4B1AC934DF79D3B3276F0E4"
          },
          "sensitive_attributes": [],
          "identity_schema_version": 0,
          "private": "bnVsbA==",
          "dependencies": [
            "aws_eks_cluster.eks",
            "aws_iam_role.eks_cluster",
            "aws_iam_role_policy_attachment.eks_cluster_policy",
            "aws_iam_role_policy_attachment.eks_vpc_resource_controller",
            "aws_internet_gateway.eks",
            "aws_route_table.eks",
            "aws_route_table_association.eks",
            "aws_subnet.eks",
            "aws_vpc.eks",
            "data.aws_availability_zones.available",
            "data.tls_certificate.eks"
          ]
        }
      ]
    },
    {
      "mode": "managed",
      "type": "aws_iam_role",
      "name": "ebs_csi",
      "provider": "provider[\"registry.terraform.io/hashicorp/aws\"]",
      "instances": [
        {
          "index_key": 0,
          "schema_version": 0,
          "attributes": {
            "arn": "arn:aws:iam::545575328670:role/AIops-Cluster-ebs-csi-role",
            "assume_role_policy": "{\"Statement\":[{\"Action\":\"sts:AssumeRoleWithWebIdentity\",\"Condition\":{\"StringEquals\":{\"oidc.eks.us-east-2.amazonaws.com/id/7382D456E4B1AC934DF79D3B3276F0E4:aud\":\"sts.amazonaws.com\",\"oidc.eks.us-east-2.amazonaws.com/id/7382D456E4B1AC934DF79D3B3276F0E4:sub\":\"system:serviceaccount:kube-system:ebs-csi-controller-sa\"}},\"Effect\":\"Allow\",\"Principal\":{\"Federated\":\"arn:aws:iam::545575328670:oidc-provider/oidc.eks.us-east-2.amazonaws.com/id/7382D456E4B1AC934DF79D3B3276F0E4\"}}],\"Version\":\"2012-10-17\"}",
            "create_date": "2026-04-02T11:10:36Z",
            "description": "",
            "force_detach_policies": false,
            "id": "AIops-Cluster-ebs-csi-role",
            "inline_policy": [],
            "managed_policy_arns": [
              "arn:aws:iam::aws:policy/service-role/AmazonEBSCSIDriverPolicy"
            ],
            "max_session_duration": 3600,
            "name": "AIops-Cluster-ebs-csi-role",
            "name_prefix": "",
            "path": "/",
            "permissions_boundary": "",
            "tags": {
              "project": "zylkerkart"
            },
            "tags_all": {
              "project": "zylkerkart"
            },
            "unique_id": "AROAX6BWS3OPJRVYM7H7H"
          },
          "sensitive_attributes": [],
          "identity_schema_version": 0,
          "private": "bnVsbA==",
          "dependencies": [
            "aws_eks_cluster.eks",
            "aws_iam_openid_connect_provider.eks",
            "aws_iam_role.eks_cluster",
            "aws_iam_role_policy_attachment.eks_cluster_policy",
            "aws_iam_role_policy_attachment.eks_vpc_resource_controller",
            "aws_internet_gateway.eks",
            "aws_route_table.eks",
            "aws_route_table_association.eks",
            "aws_subnet.eks",
            "aws_vpc.eks",
            "data.aws_availability_zones.available",
            "data.tls_certificate.eks"
          ]
        }
      ]
    },
    {
      "mode": "managed",
      "type": "aws_iam_role",
      "name": "eks_cluster",
      "provider": "provider[\"registry.terraform.io/hashicorp/aws\"]",
      "instances": [
        {
          "index_key": 0,
          "schema_version": 0,
          "attributes": {
            "arn": "arn:aws:iam::545575328670:role/AIops-Cluster-cluster-role",
            "assume_role_policy": "{\"Statement\":[{\"Action\":\"sts:AssumeRole\",\"Effect\":\"Allow\",\"Principal\":{\"Service\":\"eks.amazonaws.com\"}}],\"Version\":\"2012-10-17\"}",
            "create_date": "2026-04-02T11:01:01Z",
            "description": "",
            "force_detach_policies": false,
            "id": "AIops-Cluster-cluster-role",
            "inline_policy": [],
            "managed_policy_arns": [
              "arn:aws:iam::aws:policy/AmazonEKSClusterPolicy",
              "arn:aws:iam::aws:policy/AmazonEKSVPCResourceController"
            ],
            "max_session_duration": 3600,
            "name": "AIops-Cluster-cluster-role",
            "name_prefix": "",
            "path": "/",
            "permissions_boundary": "",
            "tags": {
              "project": "zylkerkart"
            },
            "tags_all": {
              "project": "zylkerkart"
            },
            "unique_id": "AROAX6BWS3OPESO7HYX26"
          },
          "sensitive_attributes": [],
          "identity_schema_version": 0,
          "private": "bnVsbA=="
        }
      ]
    },
    {
      "mode": "managed",
      "type": "aws_iam_role",
      "name": "eks_nodes",
      "provider": "provider[\"registry.terraform.io/hashicorp/aws\"]",
      "instances": [
        {
          "index_key": 0,
          "schema_version": 0,
          "attributes": {
            "arn": "arn:aws:iam::545575328670:role/AIops-Cluster-node-role",
            "assume_role_policy": "{\"Statement\":[{\"Action\":\"sts:AssumeRole\",\"Effect\":\"Allow\",\"Principal\":{\"Service\":\"ec2.amazonaws.com\"}}],\"Version\":\"2012-10-17\"}",
            "create_date": "2026-04-02T11:01:01Z",
            "description": "",
            "force_detach_policies": false,
            "id": "AIops-Cluster-node-role",
            "inline_policy": [],
            "managed_policy_arns": [
              "arn:aws:iam::aws:policy/AmazonEC2ContainerRegistryReadOnly",
              "arn:aws:iam::aws:policy/AmazonEKSWorkerNodePolicy",
              "arn:aws:iam::aws:policy/AmazonEKS_CNI_Policy"
            ],
            "max_session_duration": 3600,
            "name": "AIops-Cluster-node-role",
            "name_prefix": "",
            "path": "/",
            "permissions_boundary": "",
            "tags": {},
            "tags_all": {},
            "unique_id": "AROAX6BWS3OPLEWBTQDQV"
          },
          "sensitive_attributes": [],
          "identity_schema_version": 0,
          "private": "bnVsbA=="
        }
      ]
    },
    {
      "mode": "managed",
      "type": "aws_iam_role_policy_attachment",
      "name": "ebs_csi",
      "provider": "provider[\"registry.terraform.io/hashicorp/aws\"]",
      "instances": [
        {
          "index_key": 0,
          "schema_version": 0,
          "attributes": {
            "id": "AIops-Cluster-ebs-csi-role-20260402111037158000000008",
            "policy_arn": "arn:aws:iam::aws:policy/service-role/AmazonEBSCSIDriverPolicy",
            "role": "AIops-Cluster-ebs-csi-role"
          },
          "sensitive_attributes": [],
          "identity_schema_version": 0,
          "private": "bnVsbA==",
          "dependencies": [
            "aws_eks_cluster.eks",
            "aws_iam_openid_connect_provider.eks",
            "aws_iam_role.ebs_csi",
            "aws_iam_role.eks_cluster",
            "aws_iam_role_policy_attachment.eks_cluster_policy",
            "aws_iam_role_policy_attachment.eks_vpc_resource_controller",
            "aws_internet_gateway.eks",
            "aws_route_table.eks",
            "aws_route_table_association.eks",
            "aws_subnet.eks",
            "aws_vpc.eks",
            "data.aws_availability_zones.available",
            "data.tls_certificate.eks"
          ]
        }
      ]
    },
    {
      "mode": "managed",
      "type": "aws_iam_role_policy_attachment",
      "name": "eks_cluster_policy",
      "provider": "provider[\"registry.terraform.io/hashicorp/aws\"]",
      "instances": [
        {
          "index_key": 0,
          "schema_version": 0,
          "attributes": {
            "id": "AIops-Cluster-cluster-role-20260402110102102200000001",
            "policy_arn": "arn:aws:iam::aws:policy/AmazonEKSClusterPolicy",
            "role": "AIops-Cluster-cluster-role"
          },
          "sensitive_attributes": [],
          "identity_schema_version": 0,
          "private": "bnVsbA==",
          "dependencies": [
            "aws_iam_role.eks_cluster"
          ]
        }
      ]
    },
    {
      "mode": "managed",
      "type": "aws_iam_role_policy_attachment",
      "name": "eks_cni_policy",
      "provider": "provider[\"registry.terraform.io/hashicorp/aws\"]",
      "instances": [
        {
          "index_key": 0,
          "schema_version": 0,
          "attributes": {
            "id": "AIops-Cluster-node-role-20260402110102804900000005",
            "policy_arn": "arn:aws:iam::aws:policy/AmazonEKS_CNI_Policy",
            "role": "AIops-Cluster-node-role"
          },
          "sensitive_attributes": [],
          "identity_schema_version": 0,
          "private": "bnVsbA==",
          "dependencies": [
            "aws_iam_role.eks_nodes"
          ]
        }
      ]
    },
    {
      "mode": "managed",
      "type": "aws_iam_role_policy_attachment",
      "name": "eks_ecr_read",
      "provider": "provider[\"registry.terraform.io/hashicorp/aws\"]",
      "instances": [
        {
          "index_key": 0,
          "schema_version": 0,
          "attributes": {
            "id": "AIops-Cluster-node-role-20260402110102459100000004",
            "policy_arn": "arn:aws:iam::aws:policy/AmazonEC2ContainerRegistryReadOnly",
            "role": "AIops-Cluster-node-role"
          },
          "sensitive_attributes": [],
          "identity_schema_version": 0,
          "private": "bnVsbA==",
          "dependencies": [
            "aws_iam_role.eks_nodes"
          ]
        }
      ]
    },
    {
      "mode": "managed",
      "type": "aws_iam_role_policy_attachment",
      "name": "eks_vpc_resource_controller",
      "provider": "provider[\"registry.terraform.io/hashicorp/aws\"]",
      "instances": [
        {
          "index_key": 0,
          "schema_version": 0,
          "attributes": {
            "id": "AIops-Cluster-cluster-role-20260402110102458000000003",
            "policy_arn": "arn:aws:iam::aws:policy/AmazonEKSVPCResourceController",
            "role": "AIops-Cluster-cluster-role"
          },
          "sensitive_attributes": [],
          "identity_schema_version": 0,
          "private": "bnVsbA==",
          "dependencies": [
            "aws_iam_role.eks_cluster"
          ]
        }
      ]
    },
    {
      "mode": "managed",
      "type": "aws_iam_role_policy_attachment",
      "name": "eks_worker_node_policy",
      "provider": "provider[\"registry.terraform.io/hashicorp/aws\"]",
      "instances": [
        {
          "index_key": 0,
          "schema_version": 0,
          "attributes": {
            "id": "AIops-Cluster-node-role-20260402110102102700000002",
            "policy_arn": "arn:aws:iam::aws:policy/AmazonEKSWorkerNodePolicy",
            "role": "AIops-Cluster-node-role"
          },
          "sensitive_attributes": [],
          "identity_schema_version": 0,
          "private": "bnVsbA==",
          "dependencies": [
            "aws_iam_role.eks_nodes"
          ]
        }
      ]
    },
    {
      "mode": "managed",
      "type": "aws_internet_gateway",
      "name": "eks",
      "provider": "provider[\"registry.terraform.io/hashicorp/aws\"]",
      "instances": [
        {
          "index_key": 0,
          "schema_version": 0,
          "attributes": {
            "arn": "arn:aws:ec2:us-east-2:545575328670:internet-gateway/igw-05e789ad42b5d8dc9",
            "id": "igw-05e789ad42b5d8dc9",
            "owner_id": "545575328670",
            "tags": {
              "Name": "AIops-Cluster-igw"
            },
            "tags_all": {
              "Name": "AIops-Cluster-igw"
            },
            "timeouts": null,
            "vpc_id": "vpc-0dab8c0a585fb2c3a"
          },
          "sensitive_attributes": [],
          "identity_schema_version": 0,
          "private": "eyJlMmJmYjczMC1lY2FhLTExZTYtOGY4OC0zNDM2M2JjN2M0YzAiOnsiY3JlYXRlIjoxMjAwMDAwMDAwMDAwLCJkZWxldGUiOjEyMDAwMDAwMDAwMDAsInVwZGF0ZSI6MTIwMDAwMDAwMDAwMH19",
          "dependencies": [
            "aws_vpc.eks"
          ]
        }
      ]
    },
    {
      "mode": "managed",
      "type": "aws_route_table",
      "name": "eks",
      "provider": "provider[\"registry.terraform.io/hashicorp/aws\"]",
      "instances": [
        {
          "index_key": 0,
          "schema_version": 0,
          "attributes": {
            "arn": "arn:aws:ec2:us-east-2:545575328670:route-table/rtb-0365ff6b7045a0303",
            "id": "rtb-0365ff6b7045a0303",
            "owner_id": "545575328670",
            "propagating_vgws": [],
            "route": [
              {
                "carrier_gateway_id": "",
                "cidr_block": "0.0.0.0/0",
                "core_network_arn": "",
                "destination_prefix_list_id": "",
                "egress_only_gateway_id": "",
                "gateway_id": "igw-05e789ad42b5d8dc9",
                "ipv6_cidr_block": "",
                "local_gateway_id": "",
                "nat_gateway_id": "",
                "network_interface_id": "",
                "transit_gateway_id": "",
                "vpc_endpoint_id": "",
                "vpc_peering_connection_id": ""
              }
            ],
            "tags": {
              "Name": "AIops-Cluster-rt"
            },
            "tags_all": {
              "Name": "AIops-Cluster-rt"
            },
            "timeouts": null,
            "vpc_id": "vpc-0dab8c0a585fb2c3a"
          },
          "sensitive_attributes": [],
          "identity_schema_version": 0,
          "private": "eyJlMmJmYjczMC1lY2FhLTExZTYtOGY4OC0zNDM2M2JjN2M0YzAiOnsiY3JlYXRlIjozMDAwMDAwMDAwMDAsImRlbGV0ZSI6MzAwMDAwMDAwMDAwLCJ1cGRhdGUiOjEyMDAwMDAwMDAwMH19",
          "dependencies": [
            "aws_internet_gateway.eks",
            "aws_vpc.eks"
          ]
        }
      ]
    },
    {
      "mode": "managed",
      "type": "aws_route_table_association",
      "name": "eks",
      "provider": "provider[\"registry.terraform.io/hashicorp/aws\"]",
      "instances": [
        {
          "index_key": 0,
          "schema_version": 0,
          "attributes": {
            "gateway_id": "",
            "id": "rtbassoc-0ba4f3b97bbb9df15",
            "route_table_id": "rtb-0365ff6b7045a0303",
            "subnet_id": "subnet-03ca89aa89f479873",
            "timeouts": null
          },
          "sensitive_attributes": [],
          "identity_schema_version": 0,
          "private": "eyJlMmJmYjczMC1lY2FhLTExZTYtOGY4OC0zNDM2M2JjN2M0YzAiOnsiY3JlYXRlIjozMDAwMDAwMDAwMDAsImRlbGV0ZSI6MzAwMDAwMDAwMDAwLCJ1cGRhdGUiOjEyMDAwMDAwMDAwMH19",
          "dependencies": [
            "aws_internet_gateway.eks",
            "aws_route_table.eks",
            "aws_subnet.eks",
            "aws_vpc.eks",
            "data.aws_availability_zones.available"
          ]
        },
        {
          "index_key": 1,
          "schema_version": 0,
          "attributes": {
            "gateway_id": "",
            "id": "rtbassoc-04bd548d4b1b49459",
            "route_table_id": "rtb-0365ff6b7045a0303",
            "subnet_id": "subnet-03b9defdd69a9107c",
            "timeouts": null
          },
          "sensitive_attributes": [],
          "identity_schema_version": 0,
          "private": "eyJlMmJmYjczMC1lY2FhLTExZTYtOGY4OC0zNDM2M2JjN2M0YzAiOnsiY3JlYXRlIjozMDAwMDAwMDAwMDAsImRlbGV0ZSI6MzAwMDAwMDAwMDAwLCJ1cGRhdGUiOjEyMDAwMDAwMDAwMH19",
          "dependencies": [
            "aws_internet_gateway.eks",
            "aws_route_table.eks",
            "aws_subnet.eks",
            "aws_vpc.eks",
            "data.aws_availability_zones.available"
          ]
        },
        {
          "index_key": 2,
          "schema_version": 0,
          "attributes": {
            "gateway_id": "",
            "id": "rtbassoc-043f96681b5bbb53d",
            "route_table_id": "rtb-0365ff6b7045a0303",
            "subnet_id": "subnet-07f82db4edfa7984c",
            "timeouts": null
          },
          "sensitive_attributes": [],
          "identity_schema_version": 0,
          "private": "eyJlMmJmYjczMC1lY2FhLTExZTYtOGY4OC0zNDM2M2JjN2M0YzAiOnsiY3JlYXRlIjozMDAwMDAwMDAwMDAsImRlbGV0ZSI6MzAwMDAwMDAwMDAwLCJ1cGRhdGUiOjEyMDAwMDAwMDAwMH19",
          "dependencies": [
            "aws_internet_gateway.eks",
            "aws_route_table.eks",
            "aws_subnet.eks",
            "aws_vpc.eks",
            "data.aws_availability_zones.available"
          ]
        }
      ]
    },
    {
      "mode": "managed",
      "type": "aws_subnet",
      "name": "eks",
      "provider": "provider[\"registry.terraform.io/hashicorp/aws\"]",
      "instances": [
        {
          "index_key": 0,
          "schema_version": 1,
          "attributes": {
            "arn": "arn:aws:ec2:us-east-2:545575328670:subnet/subnet-03ca89aa89f479873",
            "assign_ipv6_address_on_creation": false,
            "availability_zone": "us-east-2a",
            "availability_zone_id": "use2-az1",
            "cidr_block": "10.0.1.0/24",
            "customer_owned_ipv4_pool": "",
            "enable_dns64": false,
            "enable_lni_at_device_index": 0,
            "enable_resource_name_dns_a_record_on_launch": false,
            "enable_resource_name_dns_aaaa_record_on_launch": false,
            "id": "subnet-03ca89aa89f479873",
            "ipv6_cidr_block": "",
            "ipv6_cidr_block_association_id": "",
            "ipv6_native": false,
            "map_customer_owned_ip_on_launch": false,
            "map_public_ip_on_launch": true,
            "outpost_arn": "",
            "owner_id": "545575328670",
            "private_dns_hostname_type_on_launch": "ip-name",
            "tags": {
              "Name": "AIops-Cluster-subnet-0",
              "kubernetes.io/cluster/AIops-Cluster": "shared",
              "kubernetes.io/role/elb": "1"
            },
            "tags_all": {
              "Name": "AIops-Cluster-subnet-0",
              "kubernetes.io/cluster/AIops-Cluster": "shared",
              "kubernetes.io/role/elb": "1"
            },
            "timeouts": null,
            "vpc_id": "vpc-0dab8c0a585fb2c3a"
          },
          "sensitive_attributes": [],
          "identity_schema_version": 0,
          "private": "eyJlMmJmYjczMC1lY2FhLTExZTYtOGY4OC0zNDM2M2JjN2M0YzAiOnsiY3JlYXRlIjo2MDAwMDAwMDAwMDAsImRlbGV0ZSI6MTIwMDAwMDAwMDAwMH0sInNjaGVtYV92ZXJzaW9uIjoiMSJ9",
          "dependencies": [
            "aws_vpc.eks",
            "data.aws_availability_zones.available"
          ]
        },
        {
          "index_key": 1,
          "schema_version": 1,
          "attributes": {
            "arn": "arn:aws:ec2:us-east-2:545575328670:subnet/subnet-03b9defdd69a9107c",
            "assign_ipv6_address_on_creation": false,
            "availability_zone": "us-east-2b",
            "availability_zone_id": "use2-az2",
            "cidr_block": "10.0.2.0/24",
            "customer_owned_ipv4_pool": "",
            "enable_dns64": false,
            "enable_lni_at_device_index": 0,
            "enable_resource_name_dns_a_record_on_launch": false,
            "enable_resource_name_dns_aaaa_record_on_launch": false,
            "id": "subnet-03b9defdd69a9107c",
            "ipv6_cidr_block": "",
            "ipv6_cidr_block_association_id": "",
            "ipv6_native": false,
            "map_customer_owned_ip_on_launch": false,
            "map_public_ip_on_launch": true,
            "outpost_arn": "",
            "owner_id": "545575328670",
            "private_dns_hostname_type_on_launch": "ip-name",
            "tags": {
              "Name": "AIops-Cluster-subnet-1",
              "kubernetes.io/cluster/AIops-Cluster": "shared",
              "kubernetes.io/role/elb": "1"
            },
            "tags_all": {
              "Name": "AIops-Cluster-subnet-1",
              "kubernetes.io/cluster/AIops-Cluster": "shared",
              "kubernetes.io/role/elb": "1"
            },
            "timeouts": null,
            "vpc_id": "vpc-0dab8c0a585fb2c3a"
          },
          "sensitive_attributes": [],
          "identity_schema_version": 0,
          "private": "eyJlMmJmYjczMC1lY2FhLTExZTYtOGY4OC0zNDM2M2JjN2M0YzAiOnsiY3JlYXRlIjo2MDAwMDAwMDAwMDAsImRlbGV0ZSI6MTIwMDAwMDAwMDAwMH0sInNjaGVtYV92ZXJzaW9uIjoiMSJ9",
          "dependencies": [
            "aws_vpc.eks",
            "data.aws_availability_zones.available"
          ]
        },
        {
          "index_key": 2,
          "schema_version": 1,
          "attributes": {
            "arn": "arn:aws:ec2:us-east-2:545575328670:subnet/subnet-07f82db4edfa7984c",
            "assign_ipv6_address_on_creation": false,
            "availability_zone": "us-east-2c",
            "availability_zone_id": "use2-az3",
            "cidr_block": "10.0.3.0/24",
            "customer_owned_ipv4_pool": "",
            "enable_dns64": false,
            "enable_lni_at_device_index": 0,
            "enable_resource_name_dns_a_record_on_launch": false,
            "enable_resource_name_dns_aaaa_record_on_launch": false,
            "id": "subnet-07f82db4edfa7984c",
            "ipv6_cidr_block": "",
            "ipv6_cidr_block_association_id": "",
            "ipv6_native": false,
            "map_customer_owned_ip_on_launch": false,
            "map_public_ip_on_launch": true,
            "outpost_arn": "",
            "owner_id": "545575328670",
            "private_dns_hostname_type_on_launch": "ip-name",
            "tags": {
              "Name": "AIops-Cluster-subnet-2",
              "kubernetes.io/cluster/AIops-Cluster": "shared",
              "kubernetes.io/role/elb": "1"
            },
            "tags_all": {
              "Name": "AIops-Cluster-subnet-2",
              "kubernetes.io/cluster/AIops-Cluster": "shared",
              "kubernetes.io/role/elb": "1"
            },
            "timeouts": null,
            "vpc_id": "vpc-0dab8c0a585fb2c3a"
          },
          "sensitive_attributes": [],
          "identity_schema_version": 0,
          "private": "eyJlMmJmYjczMC1lY2FhLTExZTYtOGY4OC0zNDM2M2JjN2M0YzAiOnsiY3JlYXRlIjo2MDAwMDAwMDAwMDAsImRlbGV0ZSI6MTIwMDAwMDAwMDAwMH0sInNjaGVtYV92ZXJzaW9uIjoiMSJ9",
          "dependencies": [
            "aws_vpc.eks",
            "data.aws_availability_zones.available"
          ]
        }
      ]
    },
    {
      "mode": "managed",
      "type": "aws_vpc",
      "name": "eks",
      "provider": "provider[\"registry.terraform.io/hashicorp/aws\"]",
      "instances": [
        {
          "index_key": 0,
          "schema_version": 1,
          "attributes": {
            "arn": "arn:aws:ec2:us-east-2:545575328670:vpc/vpc-0dab8c0a585fb2c3a",
            "assign_generated_ipv6_cidr_block": false,
            "cidr_block": "10.0.0.0/16",
            "default_network_acl_id": "acl-005f66765880fa342",
            "default_route_table_id": "rtb-05ab61a9541d045cb",
            "default_security_group_id": "sg-0ebe434b87d3db2a3",
            "dhcp_options_id": "dopt-0e24a77eaa9c07652",
            "enable_dns_hostnames": true,
            "enable_dns_support": true,
            "enable_network_address_usage_metrics": false,
            "id": "vpc-0dab8c0a585fb2c3a",
            "instance_tenancy": "default",
            "ipv4_ipam_pool_id": null,
            "ipv4_netmask_length": null,
            "ipv6_association_id": "",
            "ipv6_cidr_block": "",
            "ipv6_cidr_block_network_border_group": "",
            "ipv6_ipam_pool_id": "",
            "ipv6_netmask_length": 0,
            "main_route_table_id": "rtb-05ab61a9541d045cb",
            "owner_id": "545575328670",
            "tags": {
              "Name": "AIops-Cluster-vpc",
              "project": "zylkerkart"
            },
            "tags_all": {
              "Name": "AIops-Cluster-vpc",
              "project": "zylkerkart"
            }
          },
          "sensitive_attributes": [],
          "identity_schema_version": 0,
          "private": "eyJzY2hlbWFfdmVyc2lvbiI6IjEifQ=="
        }
      ]
    },
    {
      "mode": "managed",
      "type": "helm_release",
      "name": "ingress_nginx",
      "provider": "provider[\"registry.terraform.io/hashicorp/helm\"]",
      "instances": [
        {
          "schema_version": 1,
          "attributes": {
            "atomic": false,
            "chart": "ingress-nginx",
            "cleanup_on_fail": false,
            "create_namespace": true,
            "dependency_update": false,
            "description": null,
            "devel": null,
            "disable_crd_hooks": false,
            "disable_openapi_validation": false,
            "disable_webhooks": false,
            "force_update": false,
            "id": "ingress-nginx",
            "keyring": null,
            "lint": false,
            "manifest": null,
            "max_history": 0,
            "metadata": [
              {
                "app_version": "1.9.6",
                "chart": "ingress-nginx",
                "first_deployed": 1775128338,
                "last_deployed": 1775128338,
                "name": "ingress-nginx",
                "namespace": "ingress-nginx",
                "notes": "The ingress-nginx controller has been installed.\nIt may take a few minutes for the load balancer IP to be available.\nYou can watch the status by running 'kubectl get service --namespace ingress-nginx ingress-nginx-controller --output wide --watch'\n\nAn example Ingress that makes use of the controller:\n  apiVersion: networking.k8s.io/v1\n  kind: Ingress\n  metadata:\n    name: example\n    namespace: foo\n  spec:\n    ingressClassName: nginx\n    rules:\n      - host: www.example.com\n        http:\n          paths:\n            - pathType: Prefix\n              backend:\n                service:\n                  name: exampleService\n                  port:\n                    number: 80\n              path: /\n    # This section is only required if TLS is to be enabled for the Ingress\n    tls:\n      - hosts:\n        - www.example.com\n        secretName: example-tls\n\nIf TLS is enabled for the Ingress, a Secret containing the certificate and key must also be provided:\n\n  apiVersion: v1\n  kind: Secret\n  metadata:\n    name: example-tls\n    namespace: foo\n  data:\n    tls.crt: \u003cbase64 encoded cert\u003e\n    tls.key: \u003cbase64 encoded key\u003e\n  type: kubernetes.io/tls\n",
                "revision": 1,
                "values": "{\"controller\":{\"replicaCount\":2,\"service\":{\"type\":\"LoadBalancer\"}}}",
                "version": "4.9.1"
              }
            ],
            "name": "ingress-nginx",
            "namespace": "ingress-nginx",
            "pass_credentials": false,
            "postrender": [],
            "recreate_pods": false,
            "render_subchart_notes": true,
            "replace": false,
            "repository": "https://kubernetes.github.io/ingress-nginx",
            "repository_ca_file": null,
            "repository_cert_file": null,
            "repository_key_file": null,
            "repository_password": null,
            "repository_username": null,
            "reset_values": false,
            "reuse_values": false,
            "set": [
              {
                "name": "controller.replicaCount",
                "type": "",
                "value": "2"
              },
              {
                "name": "controller.service.type",
                "type": "",
                "value": "LoadBalancer"
              }
            ],
            "set_list": [],
            "set_sensitive": [],
            "skip_crds": false,
            "status": "deployed",
            "timeout": 600,
            "upgrade_install": null,
            "values": null,
            "verify": false,
            "version": "4.9.1",
            "wait": true,
            "wait_for_jobs": false
          },
          "sensitive_attributes": [
            [
              {
                "type": "get_attr",
                "value": "repository_password"
              }
            ]
          ],
          "identity_schema_version": 0,
          "private": "eyJzY2hlbWFfdmVyc2lvbiI6IjEifQ==",
          "dependencies": [
            "aws_eks_cluster.eks",
            "aws_eks_node_group.default",
            "aws_iam_role.eks_cluster",
            "aws_iam_role.eks_nodes",
            "aws_iam_role_policy_attachment.eks_cluster_policy",
            "aws_iam_role_policy_attachment.eks_cni_policy",
            "aws_iam_role_policy_attachment.eks_ecr_read",
            "aws_iam_role_policy_attachment.eks_vpc_resource_controller",
            "aws_iam_role_policy_attachment.eks_worker_node_policy",
            "aws_internet_gateway.eks",
            "aws_route_table.eks",
            "aws_route_table_association.eks",
            "aws_subnet.eks",
            "aws_vpc.eks",
            "azurerm_kubernetes_cluster.aks",
            "azurerm_resource_group.aks",
            "data.aws_availability_zones.available",
            "kubernetes_namespace.zylkerkart"
          ]
        }
      ]
    },
    {
      "mode": "managed",
      "type": "kubernetes_cluster_role",
      "name": "apm_agent_role",
      "provider": "provider[\"registry.terraform.io/hashicorp/kubernetes\"]",
      "instances": [
        {
          "index_key": 0,
          "schema_version": 0,
          "attributes": {
            "aggregation_rule": [],
            "id": "apm-agent-role",
            "metadata": [
              {
                "annotations": {},
                "generate_name": "",
                "generation": 0,
                "labels": {},
                "name": "apm-agent-role",
                "resource_version": "872",
                "uid": "233ddc66-4d80-47d2-99a6-e9c42f2af829"
              }
            ],
            "rule": [
              {
                "api_groups": [
                  ""
                ],
                "non_resource_urls": [],
                "resource_names": [],
                "resources": [
                  "pods",
                  "nodes",
                  "namespaces"
                ],
                "verbs": [
                  "get",
                  "list",
                  "watch"
                ]
              },
              {
                "api_groups": [
                  "apps"
                ],
                "non_resource_urls": [],
                "resource_names": [],
                "resources": [
                  "deployments",
                  "replicasets",
                  "daemonsets"
                ],
                "verbs": [
                  "get",
                  "list",
                  "watch"
                ]
              }
            ]
          },
          "sensitive_attributes": [],
          "identity_schema_version": 1,
          "identity": {
            "api_version": "rbac.authorization.k8s.io/v1",
            "kind": "ClusterRole",
            "name": "apm-agent-role"
          },
          "private": "bnVsbA==",
          "dependencies": [
            "aws_eks_cluster.eks",
            "aws_iam_role.eks_cluster",
            "aws_iam_role_policy_attachment.eks_cluster_policy",
            "aws_iam_role_policy_attachment.eks_vpc_resource_controller",
            "aws_internet_gateway.eks",
            "aws_route_table.eks",
            "aws_route_table_association.eks",
            "aws_subnet.eks",
            "aws_vpc.eks",
            "azurerm_kubernetes_cluster.aks",
            "azurerm_resource_group.aks",
            "data.aws_availability_zones.available"
          ]
        }
      ]
    },
    {
      "mode": "managed",
      "type": "kubernetes_cluster_role",
      "name": "site24x7",
      "provider": "provider[\"registry.terraform.io/hashicorp/kubernetes\"]",
      "instances": [
        {
          "index_key": 0,
          "schema_version": 0,
          "attributes": {
            "aggregation_rule": [],
            "id": "site24x7",
            "metadata": [
              {
                "annotations": {},
                "generate_name": "",
                "generation": 0,
                "labels": {},
                "name": "site24x7",
                "resource_version": "868",
                "uid": "b082f089-0ef9-4cb6-85c8-b945f94563e1"
              }
            ],
            "rule": [
              {
                "api_groups": [
                  ""
                ],
                "non_resource_urls": [],
                "resource_names": [],
                "resources": [
                  "configmaps",
                  "nodes",
                  "pods",
                  "services",
                  "resourcequotas",
                  "replicationcontrollers",
                  "limitranges",
                  "persistentvolumeclaims",
                  "persistentvolumes",
                  "namespaces",
                  "endpoints",
                  "componentstatuses",
                  "events"
                ],
                "verbs": [
                  "list",
                  "watch"
                ]
              },
              {
                "api_groups": [
                  ""
                ],
                "non_resource_urls": [],
                "resource_names": [
                  "site24x7"
                ],
                "resources": [
                  "configmaps"
                ],
                "verbs": [
                  "list",
                  "watch",
                  "get",
                  "patch"
                ]
              },
              {
                "api_groups": [
                  "extensions"
                ],
                "non_resource_urls": [],
                "resource_names": [],
                "resources": [
                  "daemonsets",
                  "deployments",
                  "replicasets",
                  "ingresses"
                ],
                "verbs": [
                  "list",
                  "watch"
                ]
              },
              {
                "api_groups": [
                  "apps"
                ],
                "non_resource_urls": [],
                "resource_names": [],
                "resources": [
                  "daemonsets",
                  "deployments",
                  "replicasets",
                  "statefulsets"
                ],
                "verbs": [
                  "list",
                  "watch"
                ]
              },
              {
                "api_groups": [
                  "events.k8s.io"
                ],
                "non_resource_urls": [],
                "resource_names": [],
                "resources": [
                  "events"
                ],
                "verbs": [
                  "list",
                  "watch"
                ]
              },
              {
                "api_groups": [
                  "batch"
                ],
                "non_resource_urls": [],
                "resource_names": [],
                "resources": [
                  "cronjobs",
                  "jobs"
                ],
                "verbs": [
                  "list",
                  "watch"
                ]
              },
              {
                "api_groups": [
                  "autoscaling"
                ],
                "non_resource_urls": [],
                "resource_names": [],
                "resources": [
                  "horizontalpodautoscalers"
                ],
                "verbs": [
                  "list",
                  "watch"
                ]
              },
              {
                "api_groups": [
                  "policy"
                ],
                "non_resource_urls": [],
                "resource_names": [],
                "resources": [
                  "poddisruptionbudgets"
                ],
                "verbs": [
                  "list",
                  "watch"
                ]
              },
              {
                "api_groups": [
                  "certificates.k8s.io"
                ],
                "non_resource_urls": [],
                "resource_names": [],
                "resources": [
                  "certificatesigningrequests"
                ],
                "verbs": [
                  "list",
                  "watch"
                ]
              },
              {
                "api_groups": [
                  ""
                ],
                "non_resource_urls": [],
                "resource_names": [],
                "resources": [
                  "nodes/metrics",
                  "nodes/stats",
                  "nodes/metrics/cadvisor",
                  "nodes/proxy"
                ],
                "verbs": [
                  "get"
                ]
              },
              {
                "api_groups": [
                  "networking.k8s.io"
                ],
                "non_resource_urls": [],
                "resource_names": [],
                "resources": [
                  "ingresses"
                ],
                "verbs": [
                  "get",
                  "list",
                  "watch"
                ]
              },
              {
                "api_groups": [],
                "non_resource_urls": [
                  "/metrics",
                  "/healthz",
                  "/livez"
                ],
                "resource_names": [],
                "resources": [],
                "verbs": [
                  "get"
                ]
              }
            ]
          },
          "sensitive_attributes": [],
          "identity_schema_version": 1,
          "identity": {
            "api_version": "rbac.authorization.k8s.io/v1",
            "kind": "ClusterRole",
            "name": "site24x7"
          },
          "private": "bnVsbA==",
          "dependencies": [
            "aws_eks_cluster.eks",
            "aws_iam_role.eks_cluster",
            "aws_iam_role_policy_attachment.eks_cluster_policy",
            "aws_iam_role_policy_attachment.eks_vpc_resource_controller",
            "aws_internet_gateway.eks",
            "aws_route_table.eks",
            "aws_route_table_association.eks",
            "aws_subnet.eks",
            "aws_vpc.eks",
            "azurerm_kubernetes_cluster.aks",
            "azurerm_resource_group.aks",
            "data.aws_availability_zones.available"
          ]
        }
      ]
    },
    {
      "mode": "managed",
      "type": "kubernetes_cluster_role",
      "name": "site24x7_agent",
      "provider": "provider[\"registry.terraform.io/hashicorp/kubernetes\"]",
      "instances": [
        {
          "schema_version": 0,
          "attributes": {
            "aggregation_rule": [],
            "id": "site24x7-labs-agent",
            "metadata": [
              {
                "annotations": {},
                "generate_name": "",
                "generation": 0,
                "labels": {
                  "app.kubernetes.io/component": "agent",
                  "app.kubernetes.io/part-of": "site24x7-labs"
                },
                "name": "site24x7-labs-agent",
                "resource_version": "867",
                "uid": "49c78431-2064-49c8-87c5-754da96e61a6"
              }
            ],
            "rule": [
              {
                "api_groups": [
                  ""
                ],
                "non_resource_urls": [],
                "resource_names": [],
                "resources": [
                  "pods"
                ],
                "verbs": [
                  "get",
                  "list",
                  "watch",
                  "delete",
                  "deletecollection"
                ]
              },
              {
                "api_groups": [
                  ""
                ],
                "non_resource_urls": [],
                "resource_names": [],
                "resources": [
                  "pods/exec"
                ],
                "verbs": [
                  "create"
                ]
              },
              {
                "api_groups": [
                  ""
                ],
                "non_resource_urls": [],
                "resource_names": [],
                "resources": [
                  "pods/log"
                ],
                "verbs": [
                  "get"
                ]
              },
              {
                "api_groups": [
                  ""
                ],
                "non_resource_urls": [],
                "resource_names": [],
                "resources": [
                  "services",
                  "endpoints",
                  "nodes"
                ],
                "verbs": [
                  "get",
                  "list",
                  "watch"
                ]
              },
              {
                "api_groups": [
                  ""
                ],
                "non_resource_urls": [],
                "resource_names": [],
                "resources": [
                  "configmaps"
                ],
                "verbs": [
                  "get",
                  "list"
                ]
              },
              {
                "api_groups": [
                  "apps"
                ],
                "non_resource_urls": [],
                "resource_names": [],
                "resources": [
                  "deployments",
                  "statefulsets",
                  "daemonsets",
                  "replicasets"
                ],
                "verbs": [
                  "get",
                  "list",
                  "watch",
                  "update",
                  "patch"
                ]
              },
              {
                "api_groups": [
                  "networking.k8s.io"
                ],
                "non_resource_urls": [],
                "resource_names": [],
                "resources": [
                  "networkpolicies"
                ],
                "verbs": [
                  "get",
                  "list",
                  "create",
                  "update",
                  "delete"
                ]
              },
              {
                "api_groups": [
                  ""
                ],
                "non_resource_urls": [],
                "resource_names": [],
                "resources": [
                  "events"
                ],
                "verbs": [
                  "get",
                  "list",
                  "watch",
                  "create"
                ]
              }
            ]
          },
          "sensitive_attributes": [],
          "identity_schema_version": 1,
          "identity": {
            "api_version": "rbac.authorization.k8s.io/v1",
            "kind": "ClusterRole",
            "name": "site24x7-labs-agent"
          },
          "private": "bnVsbA==",
          "dependencies": [
            "aws_eks_cluster.eks",
            "aws_iam_role.eks_cluster",
            "aws_iam_role_policy_attachment.eks_cluster_policy",
            "aws_iam_role_policy_attachment.eks_vpc_resource_controller",
            "aws_internet_gateway.eks",
            "aws_route_table.eks",
            "aws_route_table_association.eks",
            "aws_subnet.eks",
            "aws_vpc.eks",
            "azurerm_kubernetes_cluster.aks",
            "azurerm_resource_group.aks",
            "data.aws_availability_zones.available"
          ]
        }
      ]
    },
    {
      "mode": "managed",
      "type": "kubernetes_cluster_role",
      "name": "site24x7_ksm",
      "provider": "provider[\"registry.terraform.io/hashicorp/kubernetes\"]",
      "instances": [
        {
          "index_key": 0,
          "schema_version": 0,
          "attributes": {
            "aggregation_rule": [],
            "id": "site24x7-kube-state-metrics",
            "metadata": [
              {
                "annotations": {},
                "generate_name": "",
                "generation": 0,
                "labels": {
                  "app.kubernetes.io/component": "exporter",
                  "app.kubernetes.io/name": "site24x7-kube-state-metrics",
                  "app.kubernetes.io/version": "2.9.2"
                },
                "name": "site24x7-kube-state-metrics",
                "resource_version": "871",
                "uid": "6e7d4de3-b6c1-4eab-a1e3-72f46d678d95"
              }
            ],
            "rule": [
              {
                "api_groups": [
                  ""
                ],
                "non_resource_urls": [],
                "resource_names": [],
                "resources": [
                  "configmaps",
                  "secrets",
                  "nodes",
                  "pods",
                  "services",
                  "serviceaccounts",
                  "resourcequotas",
                  "replicationcontrollers",
                  "limitranges",
                  "persistentvolumeclaims",
                  "persistentvolumes",
                  "namespaces",
                  "endpoints"
                ],
                "verbs": [
                  "list",
                  "watch"
                ]
              },
              {
                "api_groups": [
                  "apps"
                ],
                "non_resource_urls": [],
                "resource_names": [],
                "resources": [
                  "statefulsets",
                  "daemonsets",
                  "deployments",
                  "replicasets"
                ],
                "verbs": [
                  "list",
                  "watch"
                ]
              },
              {
                "api_groups": [
                  "batch"
                ],
                "non_resource_urls": [],
                "resource_names": [],
                "resources": [
                  "cronjobs",
                  "jobs"
                ],
                "verbs": [
                  "list",
                  "watch"
                ]
              },
              {
                "api_groups": [
                  "autoscaling"
                ],
                "non_resource_urls": [],
                "resource_names": [],
                "resources": [
                  "horizontalpodautoscalers"
                ],
                "verbs": [
                  "list",
                  "watch"
                ]
              },
              {
                "api_groups": [
                  "authentication.k8s.io"
                ],
                "non_resource_urls": [],
                "resource_names": [],
                "resources": [
                  "tokenreviews"
                ],
                "verbs": [
                  "create"
                ]
              },
              {
                "api_groups": [
                  "authorization.k8s.io"
                ],
                "non_resource_urls": [],
                "resource_names": [],
                "resources": [
                  "subjectaccessreviews"
                ],
                "verbs": [
                  "create"
                ]
              },
              {
                "api_groups": [
                  "policy"
                ],
                "non_resource_urls": [],
                "resource_names": [],
                "resources": [
                  "poddisruptionbudgets"
                ],
                "verbs": [
                  "list",
                  "watch"
                ]
              },
              {
                "api_groups": [
                  "certificates.k8s.io"
                ],
                "non_resource_urls": [],
                "resource_names": [],
                "resources": [
                  "certificatesigningrequests"
                ],
                "verbs": [
                  "list",
                  "watch"
                ]
              },
              {
                "api_groups": [
                  "discovery.k8s.io"
                ],
                "non_resource_urls": [],
                "resource_names": [],
                "resources": [
                  "endpointslices"
                ],
                "verbs": [
                  "list",
                  "watch"
                ]
              },
              {
                "api_groups": [
                  "storage.k8s.io"
                ],
                "non_resource_urls": [],
                "resource_names": [],
                "resources": [
                  "storageclasses",
                  "volumeattachments"
                ],
                "verbs": [
                  "list",
                  "watch"
                ]
              },
              {
                "api_groups": [
                  "admissionregistration.k8s.io"
                ],
                "non_resource_urls": [],
                "resource_names": [],
                "resources": [
                  "mutatingwebhookconfigurations",
                  "validatingwebhookconfigurations"
                ],
                "verbs": [
                  "list",
                  "watch"
                ]
              },
              {
                "api_groups": [
                  "networking.k8s.io"
                ],
                "non_resource_urls": [],
                "resource_names": [],
                "resources": [
                  "networkpolicies",
                  "ingressclasses",
                  "ingresses"
                ],
                "verbs": [
                  "list",
                  "watch"
                ]
              },
              {
                "api_groups": [
                  "coordination.k8s.io"
                ],
                "non_resource_urls": [],
                "resource_names": [],
                "resources": [
                  "leases"
                ],
                "verbs": [
                  "list",
                  "watch"
                ]
              },
              {
                "api_groups": [
                  "rbac.authorization.k8s.io"
                ],
                "non_resource_urls": [],
                "resource_names": [],
                "resources": [
                  "clusterrolebindings",
                  "clusterroles",
                  "rolebindings",
                  "roles"
                ],
                "verbs": [
                  "list",
                  "watch"
                ]
              }
            ]
          },
          "sensitive_attributes": [],
          "identity_schema_version": 1,
          "identity": {
            "api_version": "rbac.authorization.k8s.io/v1",
            "kind": "ClusterRole",
            "name": "site24x7-kube-state-metrics"
          },
          "private": "bnVsbA==",
          "dependencies": [
            "aws_eks_cluster.eks",
            "aws_iam_role.eks_cluster",
            "aws_iam_role_policy_attachment.eks_cluster_policy",
            "aws_iam_role_policy_attachment.eks_vpc_resource_controller",
            "aws_internet_gateway.eks",
            "aws_route_table.eks",
            "aws_route_table_association.eks",
            "aws_subnet.eks",
            "aws_vpc.eks",
            "azurerm_kubernetes_cluster.aks",
            "azurerm_resource_group.aks",
            "data.aws_availability_zones.available"
          ]
        }
      ]
    },
    {
      "mode": "managed",
      "type": "kubernetes_cluster_role_binding",
      "name": "apm_agent_rolebinding",
      "provider": "provider[\"registry.terraform.io/hashicorp/kubernetes\"]",
      "instances": [
        {
          "index_key": 0,
          "schema_version": 0,
          "attributes": {
            "id": "apm-agent-rolebinding",
            "metadata": [
              {
                "annotations": {},
                "generate_name": "",
                "generation": 0,
                "labels": {},
                "name": "apm-agent-rolebinding",
                "resource_version": "1355",
                "uid": "c560f3c3-dc73-4c0c-b63a-19adf16495f7"
              }
            ],
            "role_ref": [
              {
                "api_group": "rbac.authorization.k8s.io",
                "kind": "ClusterRole",
                "name": "apm-agent-role"
              }
            ],
            "subject": [
              {
                "api_group": "",
                "kind": "ServiceAccount",
                "name": "apm-agent-sa",
                "namespace": "monitoring"
              }
            ]
          },
          "sensitive_attributes": [],
          "identity_schema_version": 1,
          "identity": {
            "api_version": "rbac.authorization.k8s.io/v1",
            "kind": "ClusterRoleBinding",
            "name": "apm-agent-rolebinding"
          },
          "private": "bnVsbA==",
          "dependencies": [
            "aws_eks_cluster.eks",
            "aws_eks_node_group.default",
            "aws_iam_role.eks_cluster",
            "aws_iam_role.eks_nodes",
            "aws_iam_role_policy_attachment.eks_cluster_policy",
            "aws_iam_role_policy_attachment.eks_cni_policy",
            "aws_iam_role_policy_attachment.eks_ecr_read",
            "aws_iam_role_policy_attachment.eks_vpc_resource_controller",
            "aws_iam_role_policy_attachment.eks_worker_node_policy",
            "aws_internet_gateway.eks",
            "aws_route_table.eks",
            "aws_route_table_association.eks",
            "aws_subnet.eks",
            "aws_vpc.eks",
            "azurerm_kubernetes_cluster.aks",
            "azurerm_resource_group.aks",
            "data.aws_availability_zones.available",
            "kubernetes_cluster_role.apm_agent_role",
            "kubernetes_namespace.monitoring",
            "kubernetes_service_account.apm_agent_sa"
          ]
        }
      ]
    },
    {
      "mode": "managed",
      "type": "kubernetes_cluster_role_binding",
      "name": "site24x7",
      "provider": "provider[\"registry.terraform.io/hashicorp/kubernetes\"]",
      "instances": [
        {
          "index_key": 0,
          "schema_version": 0,
          "attributes": {
            "id": "site24x7",
            "metadata": [
              {
                "annotations": {},
                "generate_name": "",
                "generation": 0,
                "labels": {},
                "name": "site24x7",
                "resource_version": "881",
                "uid": "39f4118a-d72a-4990-acb2-05ddb78fdfb6"
              }
            ],
            "role_ref": [
              {
                "api_group": "rbac.authorization.k8s.io",
                "kind": "ClusterRole",
                "name": "site24x7"
              }
            ],
            "subject": [
              {
                "api_group": "",
                "kind": "ServiceAccount",
                "name": "site24x7",
                "namespace": "default"
              }
            ]
          },
          "sensitive_attributes": [],
          "identity_schema_version": 1,
          "identity": {
            "api_version": "rbac.authorization.k8s.io/v1",
            "kind": "ClusterRoleBinding",
            "name": "site24x7"
          },
          "private": "bnVsbA==",
          "dependencies": [
            "aws_eks_cluster.eks",
            "aws_iam_role.eks_cluster",
            "aws_iam_role_policy_attachment.eks_cluster_policy",
            "aws_iam_role_policy_attachment.eks_vpc_resource_controller",
            "aws_internet_gateway.eks",
            "aws_route_table.eks",
            "aws_route_table_association.eks",
            "aws_subnet.eks",
            "aws_vpc.eks",
            "azurerm_kubernetes_cluster.aks",
            "azurerm_resource_group.aks",
            "data.aws_availability_zones.available",
            "kubernetes_cluster_role.site24x7",
            "kubernetes_service_account.site24x7"
          ]
        }
      ]
    },
    {
      "mode": "managed",
      "type": "kubernetes_cluster_role_binding",
      "name": "site24x7_agent",
      "provider": "provider[\"registry.terraform.io/hashicorp/kubernetes\"]",
      "instances": [
        {
          "schema_version": 0,
          "attributes": {
            "id": "site24x7-labs-agent",
            "metadata": [
              {
                "annotations": {},
                "generate_name": "",
                "generation": 0,
                "labels": {
                  "app.kubernetes.io/component": "agent",
                  "app.kubernetes.io/part-of": "site24x7-labs"
                },
                "name": "site24x7-labs-agent",
                "resource_version": "2556",
                "uid": "a4642b4f-48cf-41a6-85fb-d448889ea13e"
              }
            ],
            "role_ref": [
              {
                "api_group": "rbac.authorization.k8s.io",
                "kind": "ClusterRole",
                "name": "site24x7-labs-agent"
              }
            ],
            "subject": [
              {
                "api_group": "",
                "kind": "ServiceAccount",
                "name": "site24x7-labs-agent",
                "namespace": "site24x7-labs"
              }
            ]
          },
          "sensitive_attributes": [],
          "identity_schema_version": 1,
          "identity": {
            "api_version": "rbac.authorization.k8s.io/v1",
            "kind": "ClusterRoleBinding",
            "name": "site24x7-labs-agent"
          },
          "private": "bnVsbA==",
          "dependencies": [
            "aws_eks_cluster.eks",
            "aws_eks_node_group.default",
            "aws_iam_role.eks_cluster",
            "aws_iam_role.eks_nodes",
            "aws_iam_role_policy_attachment.eks_cluster_policy",
            "aws_iam_role_policy_attachment.eks_cni_policy",
            "aws_iam_role_policy_attachment.eks_ecr_read",
            "aws_iam_role_policy_attachment.eks_vpc_resource_controller",
            "aws_iam_role_policy_attachment.eks_worker_node_policy",
            "aws_internet_gateway.eks",
            "aws_route_table.eks",
            "aws_route_table_association.eks",
            "aws_subnet.eks",
            "aws_vpc.eks",
            "azurerm_kubernetes_cluster.aks",
            "azurerm_resource_group.aks",
            "data.aws_availability_zones.available",
            "helm_release.ingress_nginx",
            "kubernetes_cluster_role.apm_agent_role",
            "kubernetes_cluster_role.site24x7",
            "kubernetes_cluster_role.site24x7_agent",
            "kubernetes_cluster_role.site24x7_ksm",
            "kubernetes_cluster_role_binding.apm_agent_rolebinding",
            "kubernetes_cluster_role_binding.site24x7",
            "kubernetes_cluster_role_binding.site24x7_ksm",
            "kubernetes_config_map.apm_apps_config",
            "kubernetes_config_map.site24x7",
            "kubernetes_config_map.zylkerkart_config",
            "kubernetes_daemonset.go_apm_exporter",
            "kubernetes_daemonset.site24x7_agent",
            "kubernetes_deployment.auth_service",
            "kubernetes_deployment.mysql",
            "kubernetes_deployment.order_service",
            "kubernetes_deployment.payment_service",
            "kubernetes_deployment.product_service",
            "kubernetes_deployment.redis",
            "kubernetes_deployment.search_service",
            "kubernetes_deployment.site24x7_ksm",
            "kubernetes_deployment.storefront",
            "kubernetes_ingress_v1.zylkerkart",
            "kubernetes_namespace.monitoring",
            "kubernetes_namespace.site24x7_labs",
            "kubernetes_namespace.zylkerkart",
            "kubernetes_persistent_volume_claim.mysql_pvc",
            "kubernetes_secret.site24x7_agent",
            "kubernetes_service.mysql",
            "kubernetes_service.redis",
            "kubernetes_service_account.apm_agent_sa",
            "kubernetes_service_account.site24x7",
            "kubernetes_service_account.site24x7_agent",
            "kubernetes_service_account.site24x7_ksm",
            "terraform_data.k8s_ready",
            "terraform_data.mysql_pvc_finalizer_cleanup",
            "terraform_data.site24x7_env_setup"
          ]
        }
      ]
    },
    {
      "mode": "managed",
      "type": "kubernetes_cluster_role_binding",
      "name": "site24x7_ksm",
      "provider": "provider[\"registry.terraform.io/hashicorp/kubernetes\"]",
      "instances": [
        {
          "index_key": 0,
          "schema_version": 0,
          "attributes": {
            "id": "site24x7-kube-state-metrics",
            "metadata": [
              {
                "annotations": {},
                "generate_name": "",
                "generation": 0,
                "labels": {
                  "app.kubernetes.io/component": "exporter",
                  "app.kubernetes.io/name": "site24x7-kube-state-metrics",
                  "app.kubernetes.io/version": "2.9.2"
                },
                "name": "site24x7-kube-state-metrics",
                "resource_version": "882",
                "uid": "f7552d96-1ce2-41c4-bdaf-6ca3e209d9d8"
              }
            ],
            "role_ref": [
              {
                "api_group": "rbac.authorization.k8s.io",
                "kind": "ClusterRole",
                "name": "site24x7-kube-state-metrics"
              }
            ],
            "subject": [
              {
                "api_group": "",
                "kind": "ServiceAccount",
                "name": "site24x7-kube-state-metrics",
                "namespace": "default"
              }
            ]
          },
          "sensitive_attributes": [],
          "identity_schema_version": 1,
          "identity": {
            "api_version": "rbac.authorization.k8s.io/v1",
            "kind": "ClusterRoleBinding",
            "name": "site24x7-kube-state-metrics"
          },
          "private": "bnVsbA==",
          "dependencies": [
            "aws_eks_cluster.eks",
            "aws_iam_role.eks_cluster",
            "aws_iam_role_policy_attachment.eks_cluster_policy",
            "aws_iam_role_policy_attachment.eks_vpc_resource_controller",
            "aws_internet_gateway.eks",
            "aws_route_table.eks",
            "aws_route_table_association.eks",
            "aws_subnet.eks",
            "aws_vpc.eks",
            "azurerm_kubernetes_cluster.aks",
            "azurerm_resource_group.aks",
            "data.aws_availability_zones.available",
            "kubernetes_cluster_role.site24x7_ksm",
            "kubernetes_service_account.site24x7_ksm"
          ]
        }
      ]
    },
    {
      "mode": "managed",
      "type": "kubernetes_config_map",
      "name": "apm_apps_config",
      "provider": "provider[\"registry.terraform.io/hashicorp/kubernetes\"]",
      "instances": [
        {
          "index_key": 0,
          "schema_version": 0,
          "attributes": {
            "binary_data": {},
            "data": {
              "go_apps": "ZylkerKart-SearchService-AIOps=search-service:8083"
            },
            "id": "monitoring/apm-apps-config",
            "immutable": false,
            "metadata": [
              {
                "annotations": {},
                "generate_name": "",
                "generation": 0,
                "labels": {},
                "name": "apm-apps-config",
                "namespace": "monitoring",
                "resource_version": "1292",
                "uid": "2991991d-aea3-4f1b-9f6b-4ac2f112f6c7"
              }
            ]
          },
          "sensitive_attributes": [],
          "identity_schema_version": 1,
          "identity": {
            "api_version": "v1",
            "kind": "ConfigMap",
            "name": "apm-apps-config",
            "namespace": "monitoring"
          },
          "private": "bnVsbA==",
          "dependencies": [
            "aws_eks_cluster.eks",
            "aws_eks_node_group.default",
            "aws_iam_role.eks_cluster",
            "aws_iam_role.eks_nodes",
            "aws_iam_role_policy_attachment.eks_cluster_policy",
            "aws_iam_role_policy_attachment.eks_cni_policy",
            "aws_iam_role_policy_attachment.eks_ecr_read",
            "aws_iam_role_policy_attachment.eks_vpc_resource_controller",
            "aws_iam_role_policy_attachment.eks_worker_node_policy",
            "aws_internet_gateway.eks",
            "aws_route_table.eks",
            "aws_route_table_association.eks",
            "aws_subnet.eks",
            "aws_vpc.eks",
            "azurerm_kubernetes_cluster.aks",
            "azurerm_resource_group.aks",
            "data.aws_availability_zones.available",
            "kubernetes_namespace.monitoring"
          ]
        }
      ]
    },
    {
      "mode": "managed",
      "type": "kubernetes_config_map",
      "name": "site24x7",
      "provider": "provider[\"registry.terraform.io/hashicorp/kubernetes\"]",
      "instances": [
        {
          "index_key": 0,
          "schema_version": 0,
          "attributes": {
            "binary_data": {},
            "data": {
              "1MIN": "{\"DaemonSets\":\"90\",\"Deployments\":\"60\",\"Endpoints\":\"-1\",\"HorizontalPodAutoscalers\":\"-1\",\"Ingresses\":\"-1\",\"Jobs\":\"-1\",\"Namespaces\":\"90\",\"Nodes\":\"90\",\"PV\":\"-1\",\"PersistentVolumeClaims\":\"-1\",\"Pods\":\"90\",\"ReplicaSets\":\"-1\",\"Services\":\"-1\",\"StatefulSets\":\"90\"}",
              "CLUSTER_AGENT_VERSION": "100",
              "NODE_AGENT_VERSION": "22000",
              "SETTINGS": "{\"clusteragent\":\"1\",\"clustermetricsaggregator\":\"300\",\"componentstatuses\":\"300\",\"daemonsets\":\"300\",\"database_integration\":\"1\",\"dcinit\":\"900\",\"deployments\":\"300\",\"endpoints\":\"3600\",\"eventcollector\":\"60\",\"guidancemetrics\":\"20600\",\"horizontalpodautoscalers\":\"300\",\"ingresses\":\"300\",\"jobs\":\"300\",\"ksm\":\"1\",\"ksmprocessor\":\"1\",\"kubelet\":\"300\",\"kubeletdatapersistence\":\"1\",\"kubernetes\":\"300\",\"metadata\":\"20600\",\"namespaces\":\"300\",\"nodes\":\"300\",\"npcdatacollector\":\"300\",\"npcdatacollector_discovery\":\"900\",\"persistentvolumeclaim\":\"300\",\"plugin_integration\":\"1\",\"pods\":\"300\",\"prometheus_integration\":\"1\",\"pv\":\"300\",\"replicasets\":\"900\",\"resourcedependency\":\"300\",\"servicerelationdataprocessor\":\"1\",\"services\":\"300\",\"sidecarnpccollector\":\"300\",\"sidecarnpccollector_discovery\":\"900\",\"statefulsets\":\"300\",\"termination\":\"900\",\"workloadsdatacollector\":\"300\",\"workloadsdatacollector_discovery\":\"900\",\"yamlfetcher\":\"60\"}"
            },
            "id": "default/site24x7",
            "immutable": false,
            "metadata": [
              {
                "annotations": {},
                "generate_name": "",
                "generation": 0,
                "labels": {
                  "app.kubernetes.io/component": "agent",
                  "app.kubernetes.io/name": "site24x7",
                  "app.kubernetes.io/owner": "site24x7"
                },
                "name": "site24x7",
                "namespace": "default",
                "resource_version": "4870",
                "uid": "e24c1d19-d093-4930-8273-82f7c37b2c7b"
              }
            ]
          },
          "sensitive_attributes": [],
          "identity_schema_version": 1,
          "identity": {
            "api_version": "v1",
            "kind": "ConfigMap",
            "name": "site24x7",
            "namespace": "default"
          },
          "private": "bnVsbA==",
          "dependencies": [
            "aws_eks_cluster.eks",
            "aws_iam_role.eks_cluster",
            "aws_iam_role_policy_attachment.eks_cluster_policy",
            "aws_iam_role_policy_attachment.eks_vpc_resource_controller",
            "aws_internet_gateway.eks",
            "aws_route_table.eks",
            "aws_route_table_association.eks",
            "aws_subnet.eks",
            "aws_vpc.eks",
            "azurerm_kubernetes_cluster.aks",
            "azurerm_resource_group.aks",
            "data.aws_availability_zones.available"
          ]
        }
      ]
    },
    {
      "mode": "managed",
      "type": "kubernetes_config_map",
      "name": "zylkerkart_config",
      "provider": "provider[\"registry.terraform.io/hashicorp/kubernetes\"]",
      "instances": [
        {
          "schema_version": 0,
          "attributes": {
            "binary_data": {},
            "data": {
              "AUTH_SERVICE_URL": "http://auth-service:8085",
              "DB_HOST": "mysql",
              "DB_PORT": "3306",
              "DB_USER": "root",
              "JWT_EXPIRY_MINUTES": "15",
              "JWT_REFRESH_EXPIRY_DAYS": "7",
              "JWT_SECRET": "ZylkerKart-Super-Secret-JWT-Key-2024-Must-Be-At-Least-32-Chars",
              "MYSQL_ROOT_PASSWORD": "ZylkerKart@2024",
              "ORDER_SERVICE_URL": "http://order-service:8082",
              "PAYMENT_SERVICE_URL": "http://payment-service:8084",
              "PRODUCT_SERVICE_URL": "http://product-service:8081",
              "REDIS_HOST": "redis",
              "REDIS_PORT": "6379",
              "S247_LICENSE_KEY": "eu_23c74cf5bd4e2ecf8c60bf1fabcb84b2",
              "SEARCH_SERVICE_URL": "http://search-service:8083",
              "STOREFRONT_URL": "http://storefront:80"
            },
            "id": "zylkerkart/zylkerkart-config",
            "immutable": false,
            "metadata": [
              {
                "annotations": {},
                "generate_name": "",
                "generation": 0,
                "labels": {},
                "name": "zylkerkart-config",
                "namespace": "zylkerkart",
                "resource_version": "1293",
                "uid": "86d90a42-b86b-44c6-8eca-409983b7ffdb"
              }
            ]
          },
          "sensitive_attributes": [
            [
              {
                "type": "get_attr",
                "value": "data"
              },
              {
                "type": "index",
                "value": {
                  "value": "JWT_SECRET",
                  "type": "string"
                }
              }
            ],
            [
              {
                "type": "get_attr",
                "value": "data"
              },
              {
                "type": "index",
                "value": {
                  "value": "MYSQL_ROOT_PASSWORD",
                  "type": "string"
                }
              }
            ],
            [
              {
                "type": "get_attr",
                "value": "data"
              },
              {
                "type": "index",
                "value": {
                  "value": "S247_LICENSE_KEY",
                  "type": "string"
                }
              }
            ]
          ],
          "identity_schema_version": 1,
          "identity": {
            "api_version": "v1",
            "kind": "ConfigMap",
            "name": "zylkerkart-config",
            "namespace": "zylkerkart"
          },
          "private": "bnVsbA==",
          "dependencies": [
            "aws_eks_cluster.eks",
            "aws_eks_node_group.default",
            "aws_iam_role.eks_cluster",
            "aws_iam_role.eks_nodes",
            "aws_iam_role_policy_attachment.eks_cluster_policy",
            "aws_iam_role_policy_attachment.eks_cni_policy",
            "aws_iam_role_policy_attachment.eks_ecr_read",
            "aws_iam_role_policy_attachment.eks_vpc_resource_controller",
            "aws_iam_role_policy_attachment.eks_worker_node_policy",
            "aws_internet_gateway.eks",
            "aws_route_table.eks",
            "aws_route_table_association.eks",
            "aws_subnet.eks",
            "aws_vpc.eks",
            "azurerm_kubernetes_cluster.aks",
            "azurerm_resource_group.aks",
            "data.aws_availability_zones.available",
            "kubernetes_namespace.zylkerkart"
          ]
        }
      ]
    },
    {
      "mode": "managed",
      "type": "kubernetes_config_map",
      "name": "zylkerkart_config_monitoring",
      "provider": "provider[\"registry.terraform.io/hashicorp/kubernetes\"]",
      "instances": [
        {
          "index_key": 0,
          "schema_version": 0,
          "attributes": {
            "binary_data": {},
            "data": {
              "S247_LICENSE_KEY": "eu_23c74cf5bd4e2ecf8c60bf1fabcb84b2"
            },
            "id": "monitoring/zylkerkart-config",
            "immutable": false,
            "metadata": [
              {
                "annotations": {},
                "generate_name": "",
                "generation": 0,
                "labels": {},
                "name": "zylkerkart-config",
                "namespace": "monitoring",
                "resource_version": "1294",
                "uid": "b9391697-02c6-4dbc-8ffc-1e8d8669ddfe"
              }
            ]
          },
          "sensitive_attributes": [
            [
              {
                "type": "get_attr",
                "value": "data"
              },
              {
                "type": "index",
                "value": {
                  "value": "S247_LICENSE_KEY",
                  "type": "string"
                }
              }
            ]
          ],
          "identity_schema_version": 1,
          "identity": {
            "api_version": "v1",
            "kind": "ConfigMap",
            "name": "zylkerkart-config",
            "namespace": "monitoring"
          },
          "private": "bnVsbA==",
          "dependencies": [
            "aws_eks_cluster.eks",
            "aws_eks_node_group.default",
            "aws_iam_role.eks_cluster",
            "aws_iam_role.eks_nodes",
            "aws_iam_role_policy_attachment.eks_cluster_policy",
            "aws_iam_role_policy_attachment.eks_cni_policy",
            "aws_iam_role_policy_attachment.eks_ecr_read",
            "aws_iam_role_policy_attachment.eks_vpc_resource_controller",
            "aws_iam_role_policy_attachment.eks_worker_node_policy",
            "aws_internet_gateway.eks",
            "aws_route_table.eks",
            "aws_route_table_association.eks",
            "aws_subnet.eks",
            "aws_vpc.eks",
            "azurerm_kubernetes_cluster.aks",
            "azurerm_resource_group.aks",
            "data.aws_availability_zones.available",
            "kubernetes_namespace.monitoring"
          ]
        }
      ]
    },
    {
      "mode": "managed",
      "type": "kubernetes_daemon_set_v1",
      "name": "site24x7_agent",
      "provider": "provider[\"registry.terraform.io/hashicorp/kubernetes\"]",
      "instances": [
        {
          "schema_version": 1,
          "attributes": {
            "id": "site24x7-labs/site24x7-labs-agent",
            "metadata": [
              {
                "annotations": {},
                "generate_name": "",
                "generation": 1,
                "labels": {
                  "app.kubernetes.io/component": "agent",
                  "app.kubernetes.io/part-of": "site24x7-labs"
                },
                "name": "site24x7-labs-agent",
                "namespace": "site24x7-labs",
                "resource_version": "2691",
                "uid": "2208dff1-0b2d-4da8-9b99-5dcef2ea9d0c"
              }
            ],
            "spec": [
              {
                "min_ready_seconds": 0,
                "revision_history_limit": 10,
                "selector": [
                  {
                    "match_expressions": [],
                    "match_labels": {
                      "app.kubernetes.io/component": "agent",
                      "app.kubernetes.io/part-of": "site24x7-labs"
                    }
                  }
                ],
                "strategy": [
                  {
                    "rolling_update": [
                      {
                        "max_surge": "0",
                        "max_unavailable": "1"
                      }
                    ],
                    "type": "RollingUpdate"
                  }
                ],
                "template": [
                  {
                    "metadata": [
                      {
                        "annotations": {},
                        "generate_name": "",
                        "generation": 0,
                        "labels": {
                          "app.kubernetes.io/component": "agent",
                          "app.kubernetes.io/part-of": "site24x7-labs"
                        },
                        "name": "",
                        "namespace": "",
                        "resource_version": "",
                        "uid": ""
                      }
                    ],
                    "spec": [
                      {
                        "active_deadline_seconds": 0,
                        "affinity": [],
                        "automount_service_account_token": true,
                        "container": [
                          {
                            "args": [],
                            "command": [],
                            "env": [
                              {
                                "name": "SERVER_ADDRESS",
                                "value": "204.168.155.117:9090",
                                "value_from": []
                              },
                              {
                                "name": "AGENT_TOKEN",
                                "value": "",
                                "value_from": [
                                  {
                                    "config_map_key_ref": [],
                                    "field_ref": [],
                                    "resource_field_ref": [],
                                    "secret_key_ref": [
                                      {
                                        "key": "AGENT_TOKEN",
                                        "name": "site24x7-labs-agent-secret",
                                        "optional": false
                                      }
                                    ]
                                  }
                                ]
                              },
                              {
                                "name": "AGENT_ENVIRONMENT",
                                "value": "4ca8628f-4933-4be8-bbe9-c25ed8d35298",
                                "value_from": []
                              },
                              {
                                "name": "AGENT_NAME",
                                "value": "",
                                "value_from": [
                                  {
                                    "config_map_key_ref": [],
                                    "field_ref": [
                                      {
                                        "api_version": "v1",
                                        "field_path": "spec.nodeName"
                                      }
                                    ],
                                    "resource_field_ref": [],
                                    "secret_key_ref": []
                                  }
                                ]
                              },
                              {
                                "name": "NODE_NAME",
                                "value": "",
                                "value_from": [
                                  {
                                    "config_map_key_ref": [],
                                    "field_ref": [
                                      {
                                        "api_version": "v1",
                                        "field_path": "spec.nodeName"
                                      }
                                    ],
                                    "resource_field_ref": [],
                                    "secret_key_ref": []
                                  }
                                ]
                              },
                              {
                                "name": "POD_NAMESPACE",
                                "value": "",
                                "value_from": [
                                  {
                                    "config_map_key_ref": [],
                                    "field_ref": [
                                      {
                                        "api_version": "v1",
                                        "field_path": "metadata.namespace"
                                      }
                                    ],
                                    "resource_field_ref": [],
                                    "secret_key_ref": []
                                  }
                                ]
                              },
                              {
                                "name": "POD_NAME",
                                "value": "",
                                "value_from": [
                                  {
                                    "config_map_key_ref": [],
                                    "field_ref": [
                                      {
                                        "api_version": "v1",
                                        "field_path": "metadata.name"
                                      }
                                    ],
                                    "resource_field_ref": [],
                                    "secret_key_ref": []
                                  }
                                ]
                              },
                              {
                                "name": "ENABLE_KUBERNETES",
                                "value": "true",
                                "value_from": []
                              },
                              {
                                "name": "ENABLE_DOCKER",
                                "value": "false",
                                "value_from": []
                              },
                              {
                                "name": "ENABLE_HOST",
                                "value": "true",
                                "value_from": []
                              },
                              {
                                "name": "CHAOS_CONFIG_DIR",
                                "value": "/var/site24x7-labs/faults",
                                "value_from": []
                              },
                              {
                                "name": "LOG_LEVEL",
                                "value": "info",
                                "value_from": []
                              },
                              {
                                "name": "LOG_FORMAT",
                                "value": "json",
                                "value_from": []
                              }
                            ],
                            "env_from": [],
                            "image": "impazhani/site24x7-labs-agent:latest",
                            "image_pull_policy": "Always",
                            "lifecycle": [],
                            "liveness_probe": [
                              {
                                "exec": [
                                  {
                                    "command": [
                                      "/bin/sh",
                                      "-c",
                                      "pgrep -f site24x7-labs-agent"
                                    ]
                                  }
                                ],
                                "failure_threshold": 3,
                                "grpc": [],
                                "http_get": [],
                                "initial_delay_seconds": 10,
                                "period_seconds": 30,
                                "success_threshold": 1,
                                "tcp_socket": [],
                                "timeout_seconds": 5
                              }
                            ],
                            "name": "agent",
                            "port": [],
                            "readiness_probe": [
                              {
                                "exec": [
                                  {
                                    "command": [
                                      "/bin/sh",
                                      "-c",
                                      "pgrep -f site24x7-labs-agent"
                                    ]
                                  }
                                ],
                                "failure_threshold": 3,
                                "grpc": [],
                                "http_get": [],
                                "initial_delay_seconds": 5,
                                "period_seconds": 10,
                                "success_threshold": 1,
                                "tcp_socket": [],
                                "timeout_seconds": 3
                              }
                            ],
                            "resources": [
                              {
                                "limits": {
                                  "cpu": "200m",
                                  "memory": "256Mi"
                                },
                                "requests": {
                                  "cpu": "50m",
                                  "memory": "64Mi"
                                }
                              }
                            ],
                            "security_context": [
                              {
                                "allow_privilege_escalation": true,
                                "capabilities": [],
                                "privileged": true,
                                "read_only_root_filesystem": false,
                                "run_as_group": "",
                                "run_as_non_root": false,
                                "run_as_user": "",
                                "se_linux_options": [],
                                "seccomp_profile": []
                              }
                            ],
                            "startup_probe": [],
                            "stdin": false,
                            "stdin_once": false,
                            "termination_message_path": "/dev/termination-log",
                            "termination_message_policy": "File",
                            "tty": false,
                            "volume_device": [],
                            "volume_mount": [
                              {
                                "mount_path": "/host/proc",
                                "mount_propagation": "None",
                                "name": "proc",
                                "read_only": true,
                                "sub_path": "",
                                "sub_path_expr": ""
                              },
                              {
                                "mount_path": "/host/sys",
                                "mount_propagation": "None",
                                "name": "sys",
                                "read_only": true,
                                "sub_path": "",
                                "sub_path_expr": ""
                              },
                              {
                                "mount_path": "/host/cgroup",
                                "mount_propagation": "None",
                                "name": "cgroup",
                                "read_only": true,
                                "sub_path": "",
                                "sub_path_expr": ""
                              },
                              {
                                "mount_path": "/var/site24x7-labs/faults",
                                "mount_propagation": "None",
                                "name": "chaos-config",
                                "read_only": false,
                                "sub_path": "",
                                "sub_path_expr": ""
                              }
                            ],
                            "working_dir": ""
                          }
                        ],
                        "dns_config": [],
                        "dns_policy": "ClusterFirst",
                        "enable_service_links": true,
                        "host_aliases": [],
                        "host_ipc": false,
                        "host_network": false,
                        "host_pid": true,
                        "hostname": "",
                        "image_pull_secrets": [],
                        "init_container": [
                          {
                            "args": [],
                            "command": [
                              "sh",
                              "-c",
                              "mkdir -p /var/site24x7-labs/faults \u0026\u0026 chmod 777 /var/site24x7-labs/faults"
                            ],
                            "env": [],
                            "env_from": [],
                            "image": "busybox:1.36",
                            "image_pull_policy": "IfNotPresent",
                            "lifecycle": [],
                            "liveness_probe": [],
                            "name": "fix-permissions",
                            "port": [],
                            "readiness_probe": [],
                            "resources": [
                              {
                                "limits": {},
                                "requests": {}
                              }
                            ],
                            "security_context": [
                              {
                                "allow_privilege_escalation": true,
                                "capabilities": [],
                                "privileged": false,
                                "read_only_root_filesystem": false,
                                "run_as_group": "",
                                "run_as_non_root": false,
                                "run_as_user": "0",
                                "se_linux_options": [],
                                "seccomp_profile": []
                              }
                            ],
                            "startup_probe": [],
                            "stdin": false,
                            "stdin_once": false,
                            "termination_message_path": "/dev/termination-log",
                            "termination_message_policy": "File",
                            "tty": false,
                            "volume_device": [],
                            "volume_mount": [
                              {
                                "mount_path": "/var/site24x7-labs/faults",
                                "mount_propagation": "None",
                                "name": "chaos-config",
                                "read_only": false,
                                "sub_path": "",
                                "sub_path_expr": ""
                              }
                            ],
                            "working_dir": ""
                          }
                        ],
                        "node_name": "",
                        "node_selector": {},
                        "os": [],
                        "priority_class_name": "",
                        "readiness_gate": [],
                        "restart_policy": "Always",
                        "runtime_class_name": "",
                        "scheduler_name": "default-scheduler",
                        "security_context": [],
                        "service_account_name": "site24x7-labs-agent",
                        "share_process_namespace": false,
                        "subdomain": "",
                        "termination_grace_period_seconds": 30,
                        "toleration": [
                          {
                            "effect": "",
                            "key": "",
                            "operator": "Exists",
                            "toleration_seconds": "",
                            "value": ""
                          }
                        ],
                        "topology_spread_constraint": [],
                        "volume": [
                          {
                            "aws_elastic_block_store": [],
                            "azure_disk": [],
                            "azure_file": [],
                            "ceph_fs": [],
                            "cinder": [],
                            "config_map": [],
                            "csi": [],
                            "downward_api": [],
                            "empty_dir": [],
                            "ephemeral": [],
                            "fc": [],
                            "flex_volume": [],
                            "flocker": [],
                            "gce_persistent_disk": [],
                            "git_repo": [],
                            "glusterfs": [],
                            "host_path": [
                              {
                                "path": "/proc",
                                "type": ""
                              }
                            ],
                            "iscsi": [],
                            "local": [],
                            "name": "proc",
                            "nfs": [],
                            "persistent_volume_claim": [],
                            "photon_persistent_disk": [],
                            "projected": [],
                            "quobyte": [],
                            "rbd": [],
                            "secret": [],
                            "vsphere_volume": []
                          },
                          {
                            "aws_elastic_block_store": [],
                            "azure_disk": [],
                            "azure_file": [],
                            "ceph_fs": [],
                            "cinder": [],
                            "config_map": [],
                            "csi": [],
                            "downward_api": [],
                            "empty_dir": [],
                            "ephemeral": [],
                            "fc": [],
                            "flex_volume": [],
                            "flocker": [],
                            "gce_persistent_disk": [],
                            "git_repo": [],
                            "glusterfs": [],
                            "host_path": [
                              {
                                "path": "/sys",
                                "type": ""
                              }
                            ],
                            "iscsi": [],
                            "local": [],
                            "name": "sys",
                            "nfs": [],
                            "persistent_volume_claim": [],
                            "photon_persistent_disk": [],
                            "projected": [],
                            "quobyte": [],
                            "rbd": [],
                            "secret": [],
                            "vsphere_volume": []
                          },
                          {
                            "aws_elastic_block_store": [],
                            "azure_disk": [],
                            "azure_file": [],
                            "ceph_fs": [],
                            "cinder": [],
                            "config_map": [],
                            "csi": [],
                            "downward_api": [],
                            "empty_dir": [],
                            "ephemeral": [],
                            "fc": [],
                            "flex_volume": [],
                            "flocker": [],
                            "gce_persistent_disk": [],
                            "git_repo": [],
                            "glusterfs": [],
                            "host_path": [
                              {
                                "path": "/sys/fs/cgroup",
                                "type": ""
                              }
                            ],
                            "iscsi": [],
                            "local": [],
                            "name": "cgroup",
                            "nfs": [],
                            "persistent_volume_claim": [],
                            "photon_persistent_disk": [],
                            "projected": [],
                            "quobyte": [],
                            "rbd": [],
                            "secret": [],
                            "vsphere_volume": []
                          },
                          {
                            "aws_elastic_block_store": [],
                            "azure_disk": [],
                            "azure_file": [],
                            "ceph_fs": [],
                            "cinder": [],
                            "config_map": [],
                            "csi": [],
                            "downward_api": [],
                            "empty_dir": [],
                            "ephemeral": [],
                            "fc": [],
                            "flex_volume": [],
                            "flocker": [],
                            "gce_persistent_disk": [],
                            "git_repo": [],
                            "glusterfs": [],
                            "host_path": [
                              {
                                "path": "/var/site24x7-labs/faults",
                                "type": "DirectoryOrCreate"
                              }
                            ],
                            "iscsi": [],
                            "local": [],
                            "name": "chaos-config",
                            "nfs": [],
                            "persistent_volume_claim": [],
                            "photon_persistent_disk": [],
                            "projected": [],
                            "quobyte": [],
                            "rbd": [],
                            "secret": [],
                            "vsphere_volume": []
                          }
                        ]
                      }
                    ]
                  }
                ]
              }
            ],
            "timeouts": null,
            "wait_for_rollout": true
          },
          "sensitive_attributes": [],
          "identity_schema_version": 1,
          "identity": {
            "api_version": "apps/v1",
            "kind": "DaemonSet",
            "name": "site24x7-labs-agent",
            "namespace": "site24x7-labs"
          },
          "private": "eyJlMmJmYjczMC1lY2FhLTExZTYtOGY4OC0zNDM2M2JjN2M0YzAiOnsiY3JlYXRlIjo2MDAwMDAwMDAwMDAsImRlbGV0ZSI6NjAwMDAwMDAwMDAwLCJ1cGRhdGUiOjYwMDAwMDAwMDAwMH0sInNjaGVtYV92ZXJzaW9uIjoiMSJ9",
          "dependencies": [
            "aws_eks_cluster.eks",
            "aws_eks_node_group.default",
            "aws_iam_role.eks_cluster",
            "aws_iam_role.eks_nodes",
            "aws_iam_role_policy_attachment.eks_cluster_policy",
            "aws_iam_role_policy_attachment.eks_cni_policy",
            "aws_iam_role_policy_attachment.eks_ecr_read",
            "aws_iam_role_policy_attachment.eks_vpc_resource_controller",
            "aws_iam_role_policy_attachment.eks_worker_node_policy",
            "aws_internet_gateway.eks",
            "aws_route_table.eks",
            "aws_route_table_association.eks",
            "aws_subnet.eks",
            "aws_vpc.eks",
            "azurerm_kubernetes_cluster.aks",
            "azurerm_resource_group.aks",
            "data.aws_availability_zones.available",
            "data.local_file.site24x7_env_output",
            "helm_release.ingress_nginx",
            "kubernetes_cluster_role.apm_agent_role",
            "kubernetes_cluster_role.site24x7",
            "kubernetes_cluster_role.site24x7_agent",
            "kubernetes_cluster_role.site24x7_ksm",
            "kubernetes_cluster_role_binding.apm_agent_rolebinding",
            "kubernetes_cluster_role_binding.site24x7",
            "kubernetes_cluster_role_binding.site24x7_agent",
            "kubernetes_cluster_role_binding.site24x7_ksm",
            "kubernetes_config_map.apm_apps_config",
            "kubernetes_config_map.site24x7",
            "kubernetes_config_map.zylkerkart_config",
            "kubernetes_daemonset.go_apm_exporter",
            "kubernetes_daemonset.site24x7_agent",
            "kubernetes_deployment.auth_service",
            "kubernetes_deployment.mysql",
            "kubernetes_deployment.order_service",
            "kubernetes_deployment.payment_service",
            "kubernetes_deployment.product_service",
            "kubernetes_deployment.redis",
            "kubernetes_deployment.search_service",
            "kubernetes_deployment.site24x7_ksm",
            "kubernetes_deployment.storefront",
            "kubernetes_ingress_v1.zylkerkart",
            "kubernetes_namespace.monitoring",
            "kubernetes_namespace.site24x7_labs",
            "kubernetes_namespace.zylkerkart",
            "kubernetes_persistent_volume_claim.mysql_pvc",
            "kubernetes_secret.site24x7_agent",
            "kubernetes_secret.site24x7_agent_token",
            "kubernetes_service.mysql",
            "kubernetes_service.redis",
            "kubernetes_service_account.apm_agent_sa",
            "kubernetes_service_account.site24x7",
            "kubernetes_service_account.site24x7_agent",
            "kubernetes_service_account.site24x7_ksm",
            "terraform_data.k8s_ready",
            "terraform_data.mysql_pvc_finalizer_cleanup",
            "terraform_data.site24x7_env_setup"
          ]
        }
      ]
    },
    {
      "mode": "managed",
      "type": "kubernetes_daemonset",
      "name": "go_apm_exporter",
      "provider": "provider[\"registry.terraform.io/hashicorp/kubernetes\"]",
      "instances": [
        {
          "index_key": 0,
          "schema_version": 1,
          "attributes": {
            "id": "monitoring/exporter-agent",
            "metadata": [
              {
                "annotations": {},
                "generate_name": "",
                "generation": 1,
                "labels": {
                  "app": "site24x7-go-apm"
                },
                "name": "exporter-agent",
                "namespace": "monitoring",
                "resource_version": "2437",
                "uid": "77bdc6d0-de8a-4da7-a993-5bff073258b8"
              }
            ],
            "spec": [
              {
                "min_ready_seconds": 0,
                "revision_history_limit": 10,
                "selector": [
                  {
                    "match_expressions": [],
                    "match_labels": {
                      "app": "site24x7-go-apm"
                    }
                  }
                ],
                "strategy": [
                  {
                    "rolling_update": [
                      {
                        "max_surge": "0",
                        "max_unavailable": "1"
                      }
                    ],
                    "type": "RollingUpdate"
                  }
                ],
                "template": [
                  {
                    "metadata": [
                      {
                        "annotations": {},
                        "generate_name": "",
                        "generation": 0,
                        "labels": {
                          "app": "site24x7-go-apm"
                        },
                        "name": "",
                        "namespace": "",
                        "resource_version": "",
                        "uid": ""
                      }
                    ],
                    "spec": [
                      {
                        "active_deadline_seconds": 0,
                        "affinity": [],
                        "automount_service_account_token": true,
                        "container": [
                          {
                            "args": [
                              "# Run the normal startup in background\n/tmp/agent-installer/startup.sh \u0026\nSTARTUP_PID=$!\n\n# Wait for the config to be fully generated (check for license key, not placeholder)\necho \"[FIX] Waiting for Go agent config with real license key...\"\nfor i in $(seq 1 180); do\n  if [ -f /opt/site24x7/apm-insight-go-agent/conf/configuration.json ]; then\n    if grep -q \"$$S247_LICENSE_KEY\" /opt/site24x7/apm-insight-go-agent/conf/configuration.json; then\n      echo \"[FIX] Config file ready with license key (waited ${i}s)\"\n      break\n    fi\n  fi\n  sleep 1\ndone\n\n# Patch localhost to 127.0.0.1\nif [ -f /opt/site24x7/apm-insight-go-agent/conf/configuration.json ]; then\n  sed -i 's/localhost/127.0.0.1/g' /opt/site24x7/apm-insight-go-agent/conf/configuration.json\n  echo \"[FIX] Patched config:\"\n  cat /opt/site24x7/apm-insight-go-agent/conf/configuration.json\n\n  # Restart ONLY the Go agent (not the DataExporter)\n  echo \"[FIX] Restarting Go agent...\"\n  pkill -x apm-insight-go-agent 2\u003e/dev/null || true\n  sleep 3\n  echo \"[FIX] Done\"\nfi\n\n# Keep container alive by waiting on startup.sh\nwait $STARTUP_PID\n"
                            ],
                            "command": [
                              "/bin/bash",
                              "-c"
                            ],
                            "env": [
                              {
                                "name": "S247_LICENSE_KEY",
                                "value": "",
                                "value_from": [
                                  {
                                    "config_map_key_ref": [
                                      {
                                        "key": "S247_LICENSE_KEY",
                                        "name": "zylkerkart-config",
                                        "optional": false
                                      }
                                    ],
                                    "field_ref": [],
                                    "resource_field_ref": [],
                                    "secret_key_ref": []
                                  }
                                ]
                              },
                              {
                                "name": "GO_APPS",
                                "value": "",
                                "value_from": [
                                  {
                                    "config_map_key_ref": [
                                      {
                                        "key": "go_apps",
                                        "name": "apm-apps-config",
                                        "optional": false
                                      }
                                    ],
                                    "field_ref": [],
                                    "resource_field_ref": [],
                                    "secret_key_ref": []
                                  }
                                ]
                              }
                            ],
                            "env_from": [],
                            "image": "site24x7/apminsight-go-agent:latest",
                            "image_pull_policy": "Always",
                            "lifecycle": [],
                            "liveness_probe": [],
                            "name": "exporter-agent",
                            "port": [],
                            "readiness_probe": [],
                            "resources": [
                              {
                                "limits": {
                                  "cpu": "300m",
                                  "memory": "256Mi"
                                },
                                "requests": {
                                  "cpu": "100m",
                                  "memory": "128Mi"
                                }
                              }
                            ],
                            "security_context": [
                              {
                                "allow_privilege_escalation": true,
                                "capabilities": [],
                                "privileged": true,
                                "read_only_root_filesystem": false,
                                "run_as_group": "",
                                "run_as_non_root": false,
                                "run_as_user": "0",
                                "se_linux_options": [],
                                "seccomp_profile": []
                              }
                            ],
                            "startup_probe": [],
                            "stdin": false,
                            "stdin_once": false,
                            "termination_message_path": "/dev/termination-log",
                            "termination_message_policy": "File",
                            "tty": false,
                            "volume_device": [],
                            "volume_mount": [
                              {
                                "mount_path": "/host/proc",
                                "mount_propagation": "None",
                                "name": "proc",
                                "read_only": true,
                                "sub_path": "",
                                "sub_path_expr": ""
                              },
                              {
                                "mount_path": "/sys/kernel/debug",
                                "mount_propagation": "None",
                                "name": "debug",
                                "read_only": false,
                                "sub_path": "",
                                "sub_path_expr": ""
                              },
                              {
                                "mount_path": "/sys/fs/bpf",
                                "mount_propagation": "None",
                                "name": "bpf",
                                "read_only": false,
                                "sub_path": "",
                                "sub_path_expr": ""
                              },
                              {
                                "mount_path": "/sys",
                                "mount_propagation": "None",
                                "name": "sys",
                                "read_only": false,
                                "sub_path": "",
                                "sub_path_expr": ""
                              },
                              {
                                "mount_path": "/var/lib/apm-binaries",
                                "mount_propagation": "None",
                                "name": "apm-binaries",
                                "read_only": false,
                                "sub_path": "",
                                "sub_path_expr": ""
                              }
                            ],
                            "working_dir": ""
                          }
                        ],
                        "dns_config": [],
                        "dns_policy": "ClusterFirst",
                        "enable_service_links": true,
                        "host_aliases": [],
                        "host_ipc": false,
                        "host_network": false,
                        "host_pid": true,
                        "hostname": "",
                        "image_pull_secrets": [],
                        "init_container": [],
                        "node_name": "",
                        "node_selector": {},
                        "os": [],
                        "priority_class_name": "",
                        "readiness_gate": [],
                        "restart_policy": "Always",
                        "runtime_class_name": "",
                        "scheduler_name": "default-scheduler",
                        "security_context": [],
                        "service_account_name": "apm-agent-sa",
                        "share_process_namespace": false,
                        "subdomain": "",
                        "termination_grace_period_seconds": 30,
                        "toleration": [],
                        "topology_spread_constraint": [],
                        "volume": [
                          {
                            "aws_elastic_block_store": [],
                            "azure_disk": [],
                            "azure_file": [],
                            "ceph_fs": [],
                            "cinder": [],
                            "config_map": [],
                            "csi": [],
                            "downward_api": [],
                            "empty_dir": [],
                            "ephemeral": [],
                            "fc": [],
                            "flex_volume": [],
                            "flocker": [],
                            "gce_persistent_disk": [],
                            "git_repo": [],
                            "glusterfs": [],
                            "host_path": [
                              {
                                "path": "/proc",
                                "type": ""
                              }
                            ],
                            "iscsi": [],
                            "local": [],
                            "name": "proc",
                            "nfs": [],
                            "persistent_volume_claim": [],
                            "photon_persistent_disk": [],
                            "projected": [],
                            "quobyte": [],
                            "rbd": [],
                            "secret": [],
                            "vsphere_volume": []
                          },
                          {
                            "aws_elastic_block_store": [],
                            "azure_disk": [],
                            "azure_file": [],
                            "ceph_fs": [],
                            "cinder": [],
                            "config_map": [],
                            "csi": [],
                            "downward_api": [],
                            "empty_dir": [],
                            "ephemeral": [],
                            "fc": [],
                            "flex_volume": [],
                            "flocker": [],
                            "gce_persistent_disk": [],
                            "git_repo": [],
                            "glusterfs": [],
                            "host_path": [
                              {
                                "path": "/sys/kernel/debug",
                                "type": ""
                              }
                            ],
                            "iscsi": [],
                            "local": [],
                            "name": "debug",
                            "nfs": [],
                            "persistent_volume_claim": [],
                            "photon_persistent_disk": [],
                            "projected": [],
                            "quobyte": [],
                            "rbd": [],
                            "secret": [],
                            "vsphere_volume": []
                          },
                          {
                            "aws_elastic_block_store": [],
                            "azure_disk": [],
                            "azure_file": [],
                            "ceph_fs": [],
                            "cinder": [],
                            "config_map": [],
                            "csi": [],
                            "downward_api": [],
                            "empty_dir": [],
                            "ephemeral": [],
                            "fc": [],
                            "flex_volume": [],
                            "flocker": [],
                            "gce_persistent_disk": [],
                            "git_repo": [],
                            "glusterfs": [],
                            "host_path": [
                              {
                                "path": "/sys/fs/bpf",
                                "type": ""
                              }
                            ],
                            "iscsi": [],
                            "local": [],
                            "name": "bpf",
                            "nfs": [],
                            "persistent_volume_claim": [],
                            "photon_persistent_disk": [],
                            "projected": [],
                            "quobyte": [],
                            "rbd": [],
                            "secret": [],
                            "vsphere_volume": []
                          },
                          {
                            "aws_elastic_block_store": [],
                            "azure_disk": [],
                            "azure_file": [],
                            "ceph_fs": [],
                            "cinder": [],
                            "config_map": [],
                            "csi": [],
                            "downward_api": [],
                            "empty_dir": [],
                            "ephemeral": [],
                            "fc": [],
                            "flex_volume": [],
                            "flocker": [],
                            "gce_persistent_disk": [],
                            "git_repo": [],
                            "glusterfs": [],
                            "host_path": [
                              {
                                "path": "/sys",
                                "type": ""
                              }
                            ],
                            "iscsi": [],
                            "local": [],
                            "name": "sys",
                            "nfs": [],
                            "persistent_volume_claim": [],
                            "photon_persistent_disk": [],
                            "projected": [],
                            "quobyte": [],
                            "rbd": [],
                            "secret": [],
                            "vsphere_volume": []
                          },
                          {
                            "aws_elastic_block_store": [],
                            "azure_disk": [],
                            "azure_file": [],
                            "ceph_fs": [],
                            "cinder": [],
                            "config_map": [],
                            "csi": [],
                            "downward_api": [],
                            "empty_dir": [],
                            "ephemeral": [],
                            "fc": [],
                            "flex_volume": [],
                            "flocker": [],
                            "gce_persistent_disk": [],
                            "git_repo": [],
                            "glusterfs": [],
                            "host_path": [
                              {
                                "path": "/var/lib/apm-binaries",
                                "type": "DirectoryOrCreate"
                              }
                            ],
                            "iscsi": [],
                            "local": [],
                            "name": "apm-binaries",
                            "nfs": [],
                            "persistent_volume_claim": [],
                            "photon_persistent_disk": [],
                            "projected": [],
                            "quobyte": [],
                            "rbd": [],
                            "secret": [],
                            "vsphere_volume": []
                          }
                        ]
                      }
                    ]
                  }
                ]
              }
            ],
            "timeouts": null,
            "wait_for_rollout": true
          },
          "sensitive_attributes": [],
          "identity_schema_version": 1,
          "identity": {
            "api_version": "apps/v1",
            "kind": "DaemonSet",
            "name": "exporter-agent",
            "namespace": "monitoring"
          },
          "private": "eyJlMmJmYjczMC1lY2FhLTExZTYtOGY4OC0zNDM2M2JjN2M0YzAiOnsiY3JlYXRlIjo2MDAwMDAwMDAwMDAsImRlbGV0ZSI6NjAwMDAwMDAwMDAwLCJ1cGRhdGUiOjYwMDAwMDAwMDAwMH0sInNjaGVtYV92ZXJzaW9uIjoiMSJ9",
          "dependencies": [
            "aws_eks_cluster.eks",
            "aws_eks_node_group.default",
            "aws_iam_role.eks_cluster",
            "aws_iam_role.eks_nodes",
            "aws_iam_role_policy_attachment.eks_cluster_policy",
            "aws_iam_role_policy_attachment.eks_cni_policy",
            "aws_iam_role_policy_attachment.eks_ecr_read",
            "aws_iam_role_policy_attachment.eks_vpc_resource_controller",
            "aws_iam_role_policy_attachment.eks_worker_node_policy",
            "aws_internet_gateway.eks",
            "aws_route_table.eks",
            "aws_route_table_association.eks",
            "aws_subnet.eks",
            "aws_vpc.eks",
            "azurerm_kubernetes_cluster.aks",
            "azurerm_resource_group.aks",
            "data.aws_availability_zones.available",
            "kubernetes_cluster_role.apm_agent_role",
            "kubernetes_cluster_role_binding.apm_agent_rolebinding",
            "kubernetes_config_map.apm_apps_config",
            "kubernetes_config_map.zylkerkart_config",
            "kubernetes_deployment.auth_service",
            "kubernetes_deployment.mysql",
            "kubernetes_deployment.order_service",
            "kubernetes_deployment.payment_service",
            "kubernetes_deployment.product_service",
            "kubernetes_deployment.redis",
            "kubernetes_deployment.search_service",
            "kubernetes_deployment.storefront",
            "kubernetes_namespace.monitoring",
            "kubernetes_namespace.zylkerkart",
            "kubernetes_persistent_volume_claim.mysql_pvc",
            "kubernetes_service.mysql",
            "kubernetes_service.redis",
            "kubernetes_service_account.apm_agent_sa",
            "terraform_data.mysql_pvc_finalizer_cleanup"
          ]
        }
      ]
    },
    {
      "mode": "managed",
      "type": "kubernetes_daemonset",
      "name": "site24x7_agent",
      "provider": "provider[\"registry.terraform.io/hashicorp/kubernetes\"]",
      "instances": [
        {
          "index_key": 0,
          "schema_version": 1,
          "attributes": {
            "id": "default/site24x7-agent",
            "metadata": [
              {
                "annotations": {},
                "generate_name": "",
                "generation": 1,
                "labels": {},
                "name": "site24x7-agent",
                "namespace": "default",
                "resource_version": "2411",
                "uid": "8025e3e2-1fa9-42c4-86d9-e4e3017ad9e3"
              }
            ],
            "spec": [
              {
                "min_ready_seconds": 0,
                "revision_history_limit": 10,
                "selector": [
                  {
                    "match_expressions": [],
                    "match_labels": {
                      "app": "site24x7-agent"
                    }
                  }
                ],
                "strategy": [
                  {
                    "rolling_update": [
                      {
                        "max_surge": "0",
                        "max_unavailable": "1"
                      }
                    ],
                    "type": "RollingUpdate"
                  }
                ],
                "template": [
                  {
                    "metadata": [
                      {
                        "annotations": {},
                        "generate_name": "",
                        "generation": 0,
                        "labels": {
                          "app": "site24x7-agent"
                        },
                        "name": "",
                        "namespace": "",
                        "resource_version": "",
                        "uid": ""
                      }
                    ],
                    "spec": [
                      {
                        "active_deadline_seconds": 0,
                        "affinity": [],
                        "automount_service_account_token": true,
                        "container": [
                          {
                            "args": [],
                            "command": [],
                            "env": [
                              {
                                "name": "KEY",
                                "value": "",
                                "value_from": [
                                  {
                                    "config_map_key_ref": [],
                                    "field_ref": [],
                                    "resource_field_ref": [],
                                    "secret_key_ref": [
                                      {
                                        "key": "KEY",
                                        "name": "site24x7-agent",
                                        "optional": false
                                      }
                                    ]
                                  }
                                ]
                              },
                              {
                                "name": "installer",
                                "value": "kubernetes",
                                "value_from": []
                              },
                              {
                                "name": "KUBE_API_SERVER",
                                "value": "AIops-Cluster-AIOps",
                                "value_from": []
                              },
                              {
                                "name": "NODE_IP",
                                "value": "",
                                "value_from": [
                                  {
                                    "config_map_key_ref": [],
                                    "field_ref": [
                                      {
                                        "api_version": "v1",
                                        "field_path": "status.hostIP"
                                      }
                                    ],
                                    "resource_field_ref": [],
                                    "secret_key_ref": []
                                  }
                                ]
                              },
                              {
                                "name": "NODE_NAME",
                                "value": "",
                                "value_from": [
                                  {
                                    "config_map_key_ref": [],
                                    "field_ref": [
                                      {
                                        "api_version": "v1",
                                        "field_path": "spec.nodeName"
                                      }
                                    ],
                                    "resource_field_ref": [],
                                    "secret_key_ref": []
                                  }
                                ]
                              },
                              {
                                "name": "NAMESPACE",
                                "value": "",
                                "value_from": [
                                  {
                                    "config_map_key_ref": [],
                                    "field_ref": [
                                      {
                                        "api_version": "v1",
                                        "field_path": "metadata.namespace"
                                      }
                                    ],
                                    "resource_field_ref": [],
                                    "secret_key_ref": []
                                  }
                                ]
                              }
                            ],
                            "env_from": [],
                            "image": "site24x7/docker-agent:release22000",
                            "image_pull_policy": "Always",
                            "lifecycle": [],
                            "liveness_probe": [],
                            "name": "site24x7-agent",
                            "port": [],
                            "readiness_probe": [],
                            "resources": [
                              {
                                "limits": {},
                                "requests": {}
                              }
                            ],
                            "security_context": [
                              {
                                "allow_privilege_escalation": true,
                                "capabilities": [],
                                "privileged": false,
                                "read_only_root_filesystem": false,
                                "run_as_group": "",
                                "run_as_non_root": false,
                                "run_as_user": "0",
                                "se_linux_options": [],
                                "seccomp_profile": []
                              }
                            ],
                            "startup_probe": [],
                            "stdin": false,
                            "stdin_once": false,
                            "termination_message_path": "/dev/termination-log",
                            "termination_message_policy": "File",
                            "tty": false,
                            "volume_device": [],
                            "volume_mount": [
                              {
                                "mount_path": "/host/proc",
                                "mount_propagation": "None",
                                "name": "procfs",
                                "read_only": true,
                                "sub_path": "",
                                "sub_path_expr": ""
                              },
                              {
                                "mount_path": "/host/sys/",
                                "mount_propagation": "None",
                                "name": "sysfs",
                                "read_only": true,
                                "sub_path": "",
                                "sub_path_expr": ""
                              },
                              {
                                "mount_path": "/host/var/",
                                "mount_propagation": "None",
                                "name": "varfs",
                                "read_only": true,
                                "sub_path": "",
                                "sub_path_expr": ""
                              },
                              {
                                "mount_path": "/host/etc/",
                                "mount_propagation": "None",
                                "name": "etcfs",
                                "read_only": true,
                                "sub_path": "",
                                "sub_path_expr": ""
                              },
                              {
                                "mount_path": "/opt/site24x7/",
                                "mount_propagation": "None",
                                "name": "site24x7-agent",
                                "read_only": false,
                                "sub_path": "",
                                "sub_path_expr": ""
                              },
                              {
                                "mount_path": "/etc/site24x7/clusterconfig",
                                "mount_propagation": "None",
                                "name": "clusterconfig",
                                "read_only": true,
                                "sub_path": "",
                                "sub_path_expr": ""
                              }
                            ],
                            "working_dir": ""
                          }
                        ],
                        "dns_config": [],
                        "dns_policy": "ClusterFirst",
                        "enable_service_links": true,
                        "host_aliases": [],
                        "host_ipc": false,
                        "host_network": false,
                        "host_pid": false,
                        "hostname": "",
                        "image_pull_secrets": [],
                        "init_container": [],
                        "node_name": "",
                        "node_selector": {
                          "kubernetes.io/os": "linux"
                        },
                        "os": [],
                        "priority_class_name": "",
                        "readiness_gate": [],
                        "restart_policy": "Always",
                        "runtime_class_name": "",
                        "scheduler_name": "default-scheduler",
                        "security_context": [],
                        "service_account_name": "site24x7",
                        "share_process_namespace": false,
                        "subdomain": "",
                        "termination_grace_period_seconds": 30,
                        "toleration": [
                          {
                            "effect": "",
                            "key": "",
                            "operator": "Exists",
                            "toleration_seconds": "",
                            "value": ""
                          }
                        ],
                        "topology_spread_constraint": [],
                        "volume": [
                          {
                            "aws_elastic_block_store": [],
                            "azure_disk": [],
                            "azure_file": [],
                            "ceph_fs": [],
                            "cinder": [],
                            "config_map": [],
                            "csi": [],
                            "downward_api": [],
                            "empty_dir": [],
                            "ephemeral": [],
                            "fc": [],
                            "flex_volume": [],
                            "flocker": [],
                            "gce_persistent_disk": [],
                            "git_repo": [],
                            "glusterfs": [],
                            "host_path": [
                              {
                                "path": "/proc",
                                "type": ""
                              }
                            ],
                            "iscsi": [],
                            "local": [],
                            "name": "procfs",
                            "nfs": [],
                            "persistent_volume_claim": [],
                            "photon_persistent_disk": [],
                            "projected": [],
                            "quobyte": [],
                            "rbd": [],
                            "secret": [],
                            "vsphere_volume": []
                          },
                          {
                            "aws_elastic_block_store": [],
                            "azure_disk": [],
                            "azure_file": [],
                            "ceph_fs": [],
                            "cinder": [],
                            "config_map": [],
                            "csi": [],
                            "downward_api": [],
                            "empty_dir": [],
                            "ephemeral": [],
                            "fc": [],
                            "flex_volume": [],
                            "flocker": [],
                            "gce_persistent_disk": [],
                            "git_repo": [],
                            "glusterfs": [],
                            "host_path": [
                              {
                                "path": "/sys/",
                                "type": ""
                              }
                            ],
                            "iscsi": [],
                            "local": [],
                            "name": "sysfs",
                            "nfs": [],
                            "persistent_volume_claim": [],
                            "photon_persistent_disk": [],
                            "projected": [],
                            "quobyte": [],
                            "rbd": [],
                            "secret": [],
                            "vsphere_volume": []
                          },
                          {
                            "aws_elastic_block_store": [],
                            "azure_disk": [],
                            "azure_file": [],
                            "ceph_fs": [],
                            "cinder": [],
                            "config_map": [],
                            "csi": [],
                            "downward_api": [],
                            "empty_dir": [],
                            "ephemeral": [],
                            "fc": [],
                            "flex_volume": [],
                            "flocker": [],
                            "gce_persistent_disk": [],
                            "git_repo": [],
                            "glusterfs": [],
                            "host_path": [
                              {
                                "path": "/var/",
                                "type": ""
                              }
                            ],
                            "iscsi": [],
                            "local": [],
                            "name": "varfs",
                            "nfs": [],
                            "persistent_volume_claim": [],
                            "photon_persistent_disk": [],
                            "projected": [],
                            "quobyte": [],
                            "rbd": [],
                            "secret": [],
                            "vsphere_volume": []
                          },
                          {
                            "aws_elastic_block_store": [],
                            "azure_disk": [],
                            "azure_file": [],
                            "ceph_fs": [],
                            "cinder": [],
                            "config_map": [],
                            "csi": [],
                            "downward_api": [],
                            "empty_dir": [],
                            "ephemeral": [],
                            "fc": [],
                            "flex_volume": [],
                            "flocker": [],
                            "gce_persistent_disk": [],
                            "git_repo": [],
                            "glusterfs": [],
                            "host_path": [
                              {
                                "path": "/etc/",
                                "type": ""
                              }
                            ],
                            "iscsi": [],
                            "local": [],
                            "name": "etcfs",
                            "nfs": [],
                            "persistent_volume_claim": [],
                            "photon_persistent_disk": [],
                            "projected": [],
                            "quobyte": [],
                            "rbd": [],
                            "secret": [],
                            "vsphere_volume": []
                          },
                          {
                            "aws_elastic_block_store": [],
                            "azure_disk": [],
                            "azure_file": [],
                            "ceph_fs": [],
                            "cinder": [],
                            "config_map": [],
                            "csi": [],
                            "downward_api": [],
                            "empty_dir": [
                              {
                                "medium": "",
                                "size_limit": ""
                              }
                            ],
                            "ephemeral": [],
                            "fc": [],
                            "flex_volume": [],
                            "flocker": [],
                            "gce_persistent_disk": [],
                            "git_repo": [],
                            "glusterfs": [],
                            "host_path": [],
                            "iscsi": [],
                            "local": [],
                            "name": "site24x7-agent",
                            "nfs": [],
                            "persistent_volume_claim": [],
                            "photon_persistent_disk": [],
                            "projected": [],
                            "quobyte": [],
                            "rbd": [],
                            "secret": [],
                            "vsphere_volume": []
                          },
                          {
                            "aws_elastic_block_store": [],
                            "azure_disk": [],
                            "azure_file": [],
                            "ceph_fs": [],
                            "cinder": [],
                            "config_map": [
                              {
                                "default_mode": "0644",
                                "items": [],
                                "name": "site24x7",
                                "optional": true
                              }
                            ],
                            "csi": [],
                            "downward_api": [],
                            "empty_dir": [],
                            "ephemeral": [],
                            "fc": [],
                            "flex_volume": [],
                            "flocker": [],
                            "gce_persistent_disk": [],
                            "git_repo": [],
                            "glusterfs": [],
                            "host_path": [],
                            "iscsi": [],
                            "local": [],
                            "name": "clusterconfig",
                            "nfs": [],
                            "persistent_volume_claim": [],
                            "photon_persistent_disk": [],
                            "projected": [],
                            "quobyte": [],
                            "rbd": [],
                            "secret": [],
                            "vsphere_volume": []
                          }
                        ]
                      }
                    ]
                  }
                ]
              }
            ],
            "timeouts": null,
            "wait_for_rollout": true
          },
          "sensitive_attributes": [],
          "identity_schema_version": 1,
          "identity": {
            "api_version": "apps/v1",
            "kind": "DaemonSet",
            "name": "site24x7-agent",
            "namespace": "default"
          },
          "private": "eyJlMmJmYjczMC1lY2FhLTExZTYtOGY4OC0zNDM2M2JjN2M0YzAiOnsiY3JlYXRlIjo2MDAwMDAwMDAwMDAsImRlbGV0ZSI6NjAwMDAwMDAwMDAwLCJ1cGRhdGUiOjYwMDAwMDAwMDAwMH0sInNjaGVtYV92ZXJzaW9uIjoiMSJ9",
          "dependencies": [
            "aws_eks_cluster.eks",
            "aws_eks_node_group.default",
            "aws_iam_role.eks_cluster",
            "aws_iam_role.eks_nodes",
            "aws_iam_role_policy_attachment.eks_cluster_policy",
            "aws_iam_role_policy_attachment.eks_cni_policy",
            "aws_iam_role_policy_attachment.eks_ecr_read",
            "aws_iam_role_policy_attachment.eks_vpc_resource_controller",
            "aws_iam_role_policy_attachment.eks_worker_node_policy",
            "aws_internet_gateway.eks",
            "aws_route_table.eks",
            "aws_route_table_association.eks",
            "aws_subnet.eks",
            "aws_vpc.eks",
            "azurerm_kubernetes_cluster.aks",
            "azurerm_resource_group.aks",
            "data.aws_availability_zones.available",
            "kubernetes_cluster_role.site24x7",
            "kubernetes_cluster_role_binding.site24x7",
            "kubernetes_config_map.site24x7",
            "kubernetes_config_map.zylkerkart_config",
            "kubernetes_deployment.auth_service",
            "kubernetes_deployment.mysql",
            "kubernetes_deployment.order_service",
            "kubernetes_deployment.payment_service",
            "kubernetes_deployment.product_service",
            "kubernetes_deployment.redis",
            "kubernetes_deployment.search_service",
            "kubernetes_deployment.storefront",
            "kubernetes_namespace.zylkerkart",
            "kubernetes_persistent_volume_claim.mysql_pvc",
            "kubernetes_secret.site24x7_agent",
            "kubernetes_service.mysql",
            "kubernetes_service.redis",
            "kubernetes_service_account.site24x7",
            "terraform_data.mysql_pvc_finalizer_cleanup"
          ]
        }
      ]
    },
    {
      "mode": "managed",
      "type": "kubernetes_deployment",
      "name": "auth_service",
      "provider": "provider[\"registry.terraform.io/hashicorp/kubernetes\"]",
      "instances": [
        {
          "schema_version": 1,
          "attributes": {
            "id": "zylkerkart/auth-service",
            "metadata": [
              {
                "annotations": {},
                "generate_name": "",
                "generation": 2,
                "labels": {
                  "app": "auth-service",
                  "tier": "backend"
                },
                "name": "auth-service",
                "namespace": "zylkerkart",
                "resource_version": "4922",
                "uid": "172c5548-9d84-46c4-ba80-365a1af5f68e"
              }
            ],
            "spec": [
              {
                "min_ready_seconds": 0,
                "paused": false,
                "progress_deadline_seconds": 600,
                "replicas": "1",
                "revision_history_limit": 10,
                "selector": [
                  {
                    "match_expressions": [],
                    "match_labels": {
                      "app": "auth-service"
                    }
                  }
                ],
                "strategy": [
                  {
                    "rolling_update": [
                      {
                        "max_surge": "25%",
                        "max_unavailable": "25%"
                      }
                    ],
                    "type": "RollingUpdate"
                  }
                ],
                "template": [
                  {
                    "metadata": [
                      {
                        "annotations": {},
                        "generate_name": "",
                        "generation": 0,
                        "labels": {
                          "app": "auth-service",
                          "tier": "backend"
                        },
                        "name": "",
                        "namespace": "",
                        "resource_version": "",
                        "uid": ""
                      }
                    ],
                    "spec": [
                      {
                        "active_deadline_seconds": 0,
                        "affinity": [],
                        "automount_service_account_token": true,
                        "container": [
                          {
                            "args": [],
                            "command": [],
                            "env": [
                              {
                                "name": "S247_LICENSE_KEY",
                                "value": "",
                                "value_from": [
                                  {
                                    "config_map_key_ref": [
                                      {
                                        "key": "S247_LICENSE_KEY",
                                        "name": "zylkerkart-config",
                                        "optional": false
                                      }
                                    ],
                                    "field_ref": [],
                                    "resource_field_ref": [],
                                    "secret_key_ref": []
                                  }
                                ]
                              },
                              {
                                "name": "CORECLR_ENABLE_PROFILING",
                                "value": "1",
                                "value_from": []
                              },
                              {
                                "name": "CORECLR_PROFILER",
                                "value": "{9D363A5F-ED5F-4AAC-B456-75AFFA6AA0C8}",
                                "value_from": []
                              },
                              {
                                "name": "DOTNETCOREAGENT_HOME",
                                "value": "/home/APMDotNetAgent",
                                "value_from": []
                              },
                              {
                                "name": "CORECLR_PROFILER_PATH_64",
                                "value": "/home/APMDotNetAgent/x64/libClrProfilerAgent.so",
                                "value_from": []
                              },
                              {
                                "name": "CORECLR_PROFILER_PATH_32",
                                "value": "/home/APMDotNetAgent/x86/libClrProfilerAgent.so",
                                "value_from": []
                              },
                              {
                                "name": "DOTNET_STARTUP_HOOKS",
                                "value": "/home/APMDotNetAgent/netstandard2.0/DotNetAgent.Loader.dll",
                                "value_from": []
                              },
                              {
                                "name": "MANAGEENGINE_COMMUNICATION_MODE",
                                "value": "direct",
                                "value_from": []
                              },
                              {
                                "name": "SITE24X7_APP_NAME",
                                "value": "ZylkerKart-AuthService-AIOps",
                                "value_from": []
                              },
                              {
                                "name": "PORT",
                                "value": "8085",
                                "value_from": []
                              },
                              {
                                "name": "DB_HOST",
                                "value": "mysql",
                                "value_from": []
                              },
                              {
                                "name": "DB_PORT",
                                "value": "3306",
                                "value_from": []
                              },
                              {
                                "name": "DB_USER",
                                "value": "",
                                "value_from": [
                                  {
                                    "config_map_key_ref": [
                                      {
                                        "key": "DB_USER",
                                        "name": "zylkerkart-config",
                                        "optional": false
                                      }
                                    ],
                                    "field_ref": [],
                                    "resource_field_ref": [],
                                    "secret_key_ref": []
                                  }
                                ]
                              },
                              {
                                "name": "DB_PASSWORD",
                                "value": "",
                                "value_from": [
                                  {
                                    "config_map_key_ref": [
                                      {
                                        "key": "MYSQL_ROOT_PASSWORD",
                                        "name": "zylkerkart-config",
                                        "optional": false
                                      }
                                    ],
                                    "field_ref": [],
                                    "resource_field_ref": [],
                                    "secret_key_ref": []
                                  }
                                ]
                              },
                              {
                                "name": "DB_NAME",
                                "value": "db_auth",
                                "value_from": []
                              },
                              {
                                "name": "ConnectionStrings__DefaultConnection",
                                "value": "Server=mysql;Port=3306;Database=db_auth;Uid=root;Pwd=ZylkerKart@2024;",
                                "value_from": []
                              },
                              {
                                "name": "JWT_SECRET",
                                "value": "",
                                "value_from": [
                                  {
                                    "config_map_key_ref": [
                                      {
                                        "key": "JWT_SECRET",
                                        "name": "zylkerkart-config",
                                        "optional": false
                                      }
                                    ],
                                    "field_ref": [],
                                    "resource_field_ref": [],
                                    "secret_key_ref": []
                                  }
                                ]
                              },
                              {
                                "name": "JWT_EXPIRY_MINUTES",
                                "value": "15",
                                "value_from": []
                              },
                              {
                                "name": "JWT_REFRESH_EXPIRY_DAYS",
                                "value": "7",
                                "value_from": []
                              },
                              {
                                "name": "CHAOS_SDK_ENABLED",
                                "value": "true",
                                "value_from": []
                              },
                              {
                                "name": "CHAOS_SDK_APP_NAME",
                                "value": "auth-service",
                                "value_from": []
                              },
                              {
                                "name": "CHAOS_SDK_CONFIG_DIR",
                                "value": "/var/site24x7-labs/faults",
                                "value_from": []
                              }
                            ],
                            "env_from": [],
                            "image": "impazhani/auth-service:latest",
                            "image_pull_policy": "Always",
                            "lifecycle": [],
                            "liveness_probe": [
                              {
                                "exec": [],
                                "failure_threshold": 3,
                                "grpc": [],
                                "http_get": [
                                  {
                                    "host": "",
                                    "http_header": [],
                                    "path": "/health",
                                    "port": "8085",
                                    "scheme": "HTTP"
                                  }
                                ],
                                "initial_delay_seconds": 30,
                                "period_seconds": 20,
                                "success_threshold": 1,
                                "tcp_socket": [],
                                "timeout_seconds": 1
                              }
                            ],
                            "name": "auth-service",
                            "port": [
                              {
                                "container_port": 8085,
                                "host_ip": "",
                                "host_port": 0,
                                "name": "",
                                "protocol": "TCP"
                              }
                            ],
                            "readiness_probe": [
                              {
                                "exec": [],
                                "failure_threshold": 3,
                                "grpc": [],
                                "http_get": [
                                  {
                                    "host": "",
                                    "http_header": [],
                                    "path": "/health",
                                    "port": "8085",
                                    "scheme": "HTTP"
                                  }
                                ],
                                "initial_delay_seconds": 20,
                                "period_seconds": 10,
                                "success_threshold": 1,
                                "tcp_socket": [],
                                "timeout_seconds": 1
                              }
                            ],
                            "resources": [
                              {
                                "limits": {
                                  "cpu": "1",
                                  "memory": "1Gi"
                                },
                                "requests": {
                                  "cpu": "200m",
                                  "memory": "512Mi"
                                }
                              }
                            ],
                            "security_context": [],
                            "startup_probe": [],
                            "stdin": false,
                            "stdin_once": false,
                            "termination_message_path": "/dev/termination-log",
                            "termination_message_policy": "File",
                            "tty": false,
                            "volume_device": [],
                            "volume_mount": [
                              {
                                "mount_path": "/home/APMDotNetAgent",
                                "mount_propagation": "None",
                                "name": "s247dotnetagent",
                                "read_only": false,
                                "sub_path": "",
                                "sub_path_expr": ""
                              },
                              {
                                "mount_path": "/var/site24x7-labs/faults",
                                "mount_propagation": "None",
                                "name": "chaos-config",
                                "read_only": false,
                                "sub_path": "",
                                "sub_path_expr": ""
                              }
                            ],
                            "working_dir": ""
                          }
                        ],
                        "dns_config": [],
                        "dns_policy": "ClusterFirst",
                        "enable_service_links": false,
                        "host_aliases": [],
                        "host_ipc": false,
                        "host_network": false,
                        "host_pid": false,
                        "hostname": "",
                        "image_pull_secrets": [],
                        "init_container": [
                          {
                            "args": [],
                            "command": [
                              "sh",
                              "-c",
                              "cp -r /opt/site24x7/APMDotNetAgent/. /home/APMDotNetAgent/ \u0026\u0026 chmod -R 777 /home/APMDotNetAgent"
                            ],
                            "env": [],
                            "env_from": [],
                            "image": "site24x7/apminsight-dotnetagent:latest",
                            "image_pull_policy": "IfNotPresent",
                            "lifecycle": [],
                            "liveness_probe": [],
                            "name": "s247-dotnet-agent",
                            "port": [],
                            "readiness_probe": [],
                            "resources": [
                              {
                                "limits": {},
                                "requests": {}
                              }
                            ],
                            "security_context": [],
                            "startup_probe": [],
                            "stdin": false,
                            "stdin_once": false,
                            "termination_message_path": "/dev/termination-log",
                            "termination_message_policy": "File",
                            "tty": false,
                            "volume_device": [],
                            "volume_mount": [
                              {
                                "mount_path": "/home/APMDotNetAgent",
                                "mount_propagation": "None",
                                "name": "s247dotnetagent",
                                "read_only": false,
                                "sub_path": "",
                                "sub_path_expr": ""
                              }
                            ],
                            "working_dir": ""
                          }
                        ],
                        "node_name": "",
                        "node_selector": {},
                        "os": [],
                        "priority_class_name": "",
                        "readiness_gate": [],
                        "restart_policy": "Always",
                        "runtime_class_name": "",
                        "scheduler_name": "default-scheduler",
                        "security_context": [],
                        "service_account_name": "",
                        "share_process_namespace": false,
                        "subdomain": "",
                        "termination_grace_period_seconds": 30,
                        "toleration": [],
                        "topology_spread_constraint": [],
                        "volume": [
                          {
                            "aws_elastic_block_store": [],
                            "azure_disk": [],
                            "azure_file": [],
                            "ceph_fs": [],
                            "cinder": [],
                            "config_map": [],
                            "csi": [],
                            "downward_api": [],
                            "empty_dir": [
                              {
                                "medium": "",
                                "size_limit": ""
                              }
                            ],
                            "ephemeral": [],
                            "fc": [],
                            "flex_volume": [],
                            "flocker": [],
                            "gce_persistent_disk": [],
                            "git_repo": [],
                            "glusterfs": [],
                            "host_path": [],
                            "iscsi": [],
                            "local": [],
                            "name": "s247dotnetagent",
                            "nfs": [],
                            "persistent_volume_claim": [],
                            "photon_persistent_disk": [],
                            "projected": [],
                            "quobyte": [],
                            "rbd": [],
                            "secret": [],
                            "vsphere_volume": []
                          },
                          {
                            "aws_elastic_block_store": [],
                            "azure_disk": [],
                            "azure_file": [],
                            "ceph_fs": [],
                            "cinder": [],
                            "config_map": [],
                            "csi": [],
                            "downward_api": [],
                            "empty_dir": [],
                            "ephemeral": [],
                            "fc": [],
                            "flex_volume": [],
                            "flocker": [],
                            "gce_persistent_disk": [],
                            "git_repo": [],
                            "glusterfs": [],
                            "host_path": [
                              {
                                "path": "/var/site24x7-labs/faults",
                                "type": "DirectoryOrCreate"
                              }
                            ],
                            "iscsi": [],
                            "local": [],
                            "name": "chaos-config",
                            "nfs": [],
                            "persistent_volume_claim": [],
                            "photon_persistent_disk": [],
                            "projected": [],
                            "quobyte": [],
                            "rbd": [],
                            "secret": [],
                            "vsphere_volume": []
                          }
                        ]
                      }
                    ]
                  }
                ]
              }
            ],
            "timeouts": {
              "create": "10m",
              "delete": null,
              "update": "10m"
            },
            "wait_for_rollout": false
          },
          "sensitive_attributes": [
            [
              {
                "type": "get_attr",
                "value": "spec"
              },
              {
                "type": "index",
                "value": {
                  "value": 0,
                  "type": "number"
                }
              },
              {
                "type": "get_attr",
                "value": "template"
              },
              {
                "type": "index",
                "value": {
                  "value": 0,
                  "type": "number"
                }
              },
              {
                "type": "get_attr",
                "value": "spec"
              },
              {
                "type": "index",
                "value": {
                  "value": 0,
                  "type": "number"
                }
              },
              {
                "type": "get_attr",
                "value": "container"
              },
              {
                "type": "index",
                "value": {
                  "value": 0,
                  "type": "number"
                }
              },
              {
                "type": "get_attr",
                "value": "env"
              },
              {
                "type": "index",
                "value": {
                  "value": 15,
                  "type": "number"
                }
              },
              {
                "type": "get_attr",
                "value": "value"
              }
            ]
          ],
          "identity_schema_version": 1,
          "identity": {
            "api_version": "apps/v1",
            "kind": "Deployment",
            "name": "auth-service",
            "namespace": "zylkerkart"
          },
          "private": "eyJlMmJmYjczMC1lY2FhLTExZTYtOGY4OC0zNDM2M2JjN2M0YzAiOnsiY3JlYXRlIjo2MDAwMDAwMDAwMDAsImRlbGV0ZSI6NjAwMDAwMDAwMDAwLCJ1cGRhdGUiOjYwMDAwMDAwMDAwMH0sInNjaGVtYV92ZXJzaW9uIjoiMSJ9",
          "dependencies": [
            "aws_eks_cluster.eks",
            "aws_eks_node_group.default",
            "aws_iam_role.eks_cluster",
            "aws_iam_role.eks_nodes",
            "aws_iam_role_policy_attachment.eks_cluster_policy",
            "aws_iam_role_policy_attachment.eks_cni_policy",
            "aws_iam_role_policy_attachment.eks_ecr_read",
            "aws_iam_role_policy_attachment.eks_vpc_resource_controller",
            "aws_iam_role_policy_attachment.eks_worker_node_policy",
            "aws_internet_gateway.eks",
            "aws_route_table.eks",
            "aws_route_table_association.eks",
            "aws_subnet.eks",
            "aws_vpc.eks",
            "azurerm_kubernetes_cluster.aks",
            "azurerm_resource_group.aks",
            "data.aws_availability_zones.available",
            "kubernetes_config_map.zylkerkart_config",
            "kubernetes_deployment.mysql",
            "kubernetes_deployment.redis",
            "kubernetes_namespace.zylkerkart",
            "kubernetes_persistent_volume_claim.mysql_pvc",
            "kubernetes_service.mysql",
            "kubernetes_service.redis",
            "terraform_data.mysql_pvc_finalizer_cleanup"
          ]
        }
      ]
    },
    {
      "mode": "managed",
      "type": "kubernetes_deployment",
      "name": "mysql",
      "provider": "provider[\"registry.terraform.io/hashicorp/kubernetes\"]",
      "instances": [
        {
          "schema_version": 1,
          "attributes": {
            "id": "zylkerkart/mysql",
            "metadata": [
              {
                "annotations": {},
                "generate_name": "",
                "generation": 1,
                "labels": {
                  "app": "mysql"
                },
                "name": "mysql",
                "namespace": "zylkerkart",
                "resource_version": "2983",
                "uid": "2dbb1892-787a-4a7d-9cbd-31fa715c9e99"
              }
            ],
            "spec": [
              {
                "min_ready_seconds": 0,
                "paused": false,
                "progress_deadline_seconds": 600,
                "replicas": "1",
                "revision_history_limit": 10,
                "selector": [
                  {
                    "match_expressions": [],
                    "match_labels": {
                      "app": "mysql"
                    }
                  }
                ],
                "strategy": [
                  {
                    "rolling_update": [],
                    "type": "Recreate"
                  }
                ],
                "template": [
                  {
                    "metadata": [
                      {
                        "annotations": {},
                        "generate_name": "",
                        "generation": 0,
                        "labels": {
                          "app": "mysql"
                        },
                        "name": "",
                        "namespace": "",
                        "resource_version": "",
                        "uid": ""
                      }
                    ],
                    "spec": [
                      {
                        "active_deadline_seconds": 0,
                        "affinity": [],
                        "automount_service_account_token": true,
                        "container": [
                          {
                            "args": [],
                            "command": [],
                            "env": [
                              {
                                "name": "MYSQL_ROOT_PASSWORD",
                                "value": "",
                                "value_from": [
                                  {
                                    "config_map_key_ref": [
                                      {
                                        "key": "MYSQL_ROOT_PASSWORD",
                                        "name": "zylkerkart-config",
                                        "optional": false
                                      }
                                    ],
                                    "field_ref": [],
                                    "resource_field_ref": [],
                                    "secret_key_ref": []
                                  }
                                ]
                              }
                            ],
                            "env_from": [],
                            "image": "impazhani/db:latest",
                            "image_pull_policy": "Always",
                            "lifecycle": [],
                            "liveness_probe": [
                              {
                                "exec": [
                                  {
                                    "command": [
                                      "mysqladmin",
                                      "ping",
                                      "-h",
                                      "localhost",
                                      "-uroot",
                                      "-pZylkerKart@2024"
                                    ]
                                  }
                                ],
                                "failure_threshold": 3,
                                "grpc": [],
                                "http_get": [],
                                "initial_delay_seconds": 60,
                                "period_seconds": 20,
                                "success_threshold": 1,
                                "tcp_socket": [],
                                "timeout_seconds": 5
                              }
                            ],
                            "name": "mysql",
                            "port": [
                              {
                                "container_port": 3306,
                                "host_ip": "",
                                "host_port": 0,
                                "name": "",
                                "protocol": "TCP"
                              }
                            ],
                            "readiness_probe": [
                              {
                                "exec": [
                                  {
                                    "command": [
                                      "mysqladmin",
                                      "ping",
                                      "-h",
                                      "localhost",
                                      "-uroot",
                                      "-pZylkerKart@2024"
                                    ]
                                  }
                                ],
                                "failure_threshold": 3,
                                "grpc": [],
                                "http_get": [],
                                "initial_delay_seconds": 30,
                                "period_seconds": 10,
                                "success_threshold": 1,
                                "tcp_socket": [],
                                "timeout_seconds": 5
                              }
                            ],
                            "resources": [
                              {
                                "limits": {
                                  "cpu": "500m",
                                  "memory": "1Gi"
                                },
                                "requests": {
                                  "cpu": "250m",
                                  "memory": "512Mi"
                                }
                              }
                            ],
                            "security_context": [],
                            "startup_probe": [],
                            "stdin": false,
                            "stdin_once": false,
                            "termination_message_path": "/dev/termination-log",
                            "termination_message_policy": "File",
                            "tty": false,
                            "volume_device": [],
                            "volume_mount": [
                              {
                                "mount_path": "/var/lib/mysql",
                                "mount_propagation": "None",
                                "name": "mysql-data",
                                "read_only": false,
                                "sub_path": "",
                                "sub_path_expr": ""
                              }
                            ],
                            "working_dir": ""
                          }
                        ],
                        "dns_config": [],
                        "dns_policy": "ClusterFirst",
                        "enable_service_links": false,
                        "host_aliases": [],
                        "host_ipc": false,
                        "host_network": false,
                        "host_pid": false,
                        "hostname": "",
                        "image_pull_secrets": [],
                        "init_container": [],
                        "node_name": "",
                        "node_selector": {},
                        "os": [],
                        "priority_class_name": "",
                        "readiness_gate": [],
                        "restart_policy": "Always",
                        "runtime_class_name": "",
                        "scheduler_name": "default-scheduler",
                        "security_context": [],
                        "service_account_name": "",
                        "share_process_namespace": false,
                        "subdomain": "",
                        "termination_grace_period_seconds": 30,
                        "toleration": [],
                        "topology_spread_constraint": [],
                        "volume": [
                          {
                            "aws_elastic_block_store": [],
                            "azure_disk": [],
                            "azure_file": [],
                            "ceph_fs": [],
                            "cinder": [],
                            "config_map": [],
                            "csi": [],
                            "downward_api": [],
                            "empty_dir": [],
                            "ephemeral": [],
                            "fc": [],
                            "flex_volume": [],
                            "flocker": [],
                            "gce_persistent_disk": [],
                            "git_repo": [],
                            "glusterfs": [],
                            "host_path": [],
                            "iscsi": [],
                            "local": [],
                            "name": "mysql-data",
                            "nfs": [],
                            "persistent_volume_claim": [
                              {
                                "claim_name": "mysql-pvc",
                                "read_only": false
                              }
                            ],
                            "photon_persistent_disk": [],
                            "projected": [],
                            "quobyte": [],
                            "rbd": [],
                            "secret": [],
                            "vsphere_volume": []
                          }
                        ]
                      }
                    ]
                  }
                ]
              }
            ],
            "timeouts": {
              "create": "10m",
              "delete": "10m",
              "update": "10m"
            },
            "wait_for_rollout": true
          },
          "sensitive_attributes": [
            [
              {
                "type": "get_attr",
                "value": "spec"
              },
              {
                "type": "index",
                "value": {
                  "value": 0,
                  "type": "number"
                }
              },
              {
                "type": "get_attr",
                "value": "template"
              },
              {
                "type": "index",
                "value": {
                  "value": 0,
                  "type": "number"
                }
              },
              {
                "type": "get_attr",
                "value": "spec"
              },
              {
                "type": "index",
                "value": {
                  "value": 0,
                  "type": "number"
                }
              },
              {
                "type": "get_attr",
                "value": "container"
              },
              {
                "type": "index",
                "value": {
                  "value": 0,
                  "type": "number"
                }
              },
              {
                "type": "get_attr",
                "value": "liveness_probe"
              },
              {
                "type": "index",
                "value": {
                  "value": 0,
                  "type": "number"
                }
              },
              {
                "type": "get_attr",
                "value": "exec"
              },
              {
                "type": "index",
                "value": {
                  "value": 0,
                  "type": "number"
                }
              },
              {
                "type": "get_attr",
                "value": "command"
              },
              {
                "type": "index",
                "value": {
                  "value": 5,
                  "type": "number"
                }
              }
            ],
            [
              {
                "type": "get_attr",
                "value": "spec"
              },
              {
                "type": "index",
                "value": {
                  "value": 0,
                  "type": "number"
                }
              },
              {
                "type": "get_attr",
                "value": "template"
              },
              {
                "type": "index",
                "value": {
                  "value": 0,
                  "type": "number"
                }
              },
              {
                "type": "get_attr",
                "value": "spec"
              },
              {
                "type": "index",
                "value": {
                  "value": 0,
                  "type": "number"
                }
              },
              {
                "type": "get_attr",
                "value": "container"
              },
              {
                "type": "index",
                "value": {
                  "value": 0,
                  "type": "number"
                }
              },
              {
                "type": "get_attr",
                "value": "readiness_probe"
              },
              {
                "type": "index",
                "value": {
                  "value": 0,
                  "type": "number"
                }
              },
              {
                "type": "get_attr",
                "value": "exec"
              },
              {
                "type": "index",
                "value": {
                  "value": 0,
                  "type": "number"
                }
              },
              {
                "type": "get_attr",
                "value": "command"
              },
              {
                "type": "index",
                "value": {
                  "value": 5,
                  "type": "number"
                }
              }
            ]
          ],
          "identity_schema_version": 1,
          "identity": {
            "api_version": "apps/v1",
            "kind": "Deployment",
            "name": "mysql",
            "namespace": "zylkerkart"
          },
          "private": "eyJlMmJmYjczMC1lY2FhLTExZTYtOGY4OC0zNDM2M2JjN2M0YzAiOnsiY3JlYXRlIjo2MDAwMDAwMDAwMDAsImRlbGV0ZSI6NjAwMDAwMDAwMDAwLCJ1cGRhdGUiOjYwMDAwMDAwMDAwMH0sInNjaGVtYV92ZXJzaW9uIjoiMSJ9",
          "dependencies": [
            "aws_eks_cluster.eks",
            "aws_eks_node_group.default",
            "aws_iam_role.eks_cluster",
            "aws_iam_role.eks_nodes",
            "aws_iam_role_policy_attachment.eks_cluster_policy",
            "aws_iam_role_policy_attachment.eks_cni_policy",
            "aws_iam_role_policy_attachment.eks_ecr_read",
            "aws_iam_role_policy_attachment.eks_vpc_resource_controller",
            "aws_iam_role_policy_attachment.eks_worker_node_policy",
            "aws_internet_gateway.eks",
            "aws_route_table.eks",
            "aws_route_table_association.eks",
            "aws_subnet.eks",
            "aws_vpc.eks",
            "azurerm_kubernetes_cluster.aks",
            "azurerm_resource_group.aks",
            "data.aws_availability_zones.available",
            "kubernetes_config_map.zylkerkart_config",
            "kubernetes_namespace.zylkerkart",
            "kubernetes_persistent_volume_claim.mysql_pvc",
            "terraform_data.mysql_pvc_finalizer_cleanup"
          ]
        }
      ]
    },
    {
      "mode": "managed",
      "type": "kubernetes_deployment",
      "name": "order_service",
      "provider": "provider[\"registry.terraform.io/hashicorp/kubernetes\"]",
      "instances": [
        {
          "schema_version": 1,
          "attributes": {
            "id": "zylkerkart/order-service",
            "metadata": [
              {
                "annotations": {},
                "generate_name": "",
                "generation": 2,
                "labels": {
                  "app": "order-service",
                  "tier": "backend"
                },
                "name": "order-service",
                "namespace": "zylkerkart",
                "resource_version": "4926",
                "uid": "26c06fe6-e8c9-4348-8add-9956c355398a"
              }
            ],
            "spec": [
              {
                "min_ready_seconds": 0,
                "paused": false,
                "progress_deadline_seconds": 600,
                "replicas": "1",
                "revision_history_limit": 10,
                "selector": [
                  {
                    "match_expressions": [],
                    "match_labels": {
                      "app": "order-service"
                    }
                  }
                ],
                "strategy": [
                  {
                    "rolling_update": [
                      {
                        "max_surge": "25%",
                        "max_unavailable": "25%"
                      }
                    ],
                    "type": "RollingUpdate"
                  }
                ],
                "template": [
                  {
                    "metadata": [
                      {
                        "annotations": {},
                        "generate_name": "",
                        "generation": 0,
                        "labels": {
                          "app": "order-service",
                          "tier": "backend"
                        },
                        "name": "",
                        "namespace": "",
                        "resource_version": "",
                        "uid": ""
                      }
                    ],
                    "spec": [
                      {
                        "active_deadline_seconds": 0,
                        "affinity": [],
                        "automount_service_account_token": true,
                        "container": [
                          {
                            "args": [],
                            "command": [],
                            "env": [
                              {
                                "name": "NODE_OPTIONS",
                                "value": "--require /apm/node_modules/apminsight --max-old-size=1024",
                                "value_from": []
                              },
                              {
                                "name": "APMINSIGHT_LICENSE_KEY",
                                "value": "",
                                "value_from": [
                                  {
                                    "config_map_key_ref": [
                                      {
                                        "key": "S247_LICENSE_KEY",
                                        "name": "zylkerkart-config",
                                        "optional": false
                                      }
                                    ],
                                    "field_ref": [],
                                    "resource_field_ref": [],
                                    "secret_key_ref": []
                                  }
                                ]
                              },
                              {
                                "name": "APMINSIGHT_APP_NAME",
                                "value": "ZylkerKart-OrderService-AIOps",
                                "value_from": []
                              },
                              {
                                "name": "APMINSIGHT_APP_PORT",
                                "value": "8082",
                                "value_from": []
                              },
                              {
                                "name": "PORT",
                                "value": "8082",
                                "value_from": []
                              },
                              {
                                "name": "DB_HOST",
                                "value": "mysql",
                                "value_from": []
                              },
                              {
                                "name": "DB_PORT",
                                "value": "3306",
                                "value_from": []
                              },
                              {
                                "name": "DB_USER",
                                "value": "",
                                "value_from": [
                                  {
                                    "config_map_key_ref": [
                                      {
                                        "key": "DB_USER",
                                        "name": "zylkerkart-config",
                                        "optional": false
                                      }
                                    ],
                                    "field_ref": [],
                                    "resource_field_ref": [],
                                    "secret_key_ref": []
                                  }
                                ]
                              },
                              {
                                "name": "DB_PASSWORD",
                                "value": "",
                                "value_from": [
                                  {
                                    "config_map_key_ref": [
                                      {
                                        "key": "MYSQL_ROOT_PASSWORD",
                                        "name": "zylkerkart-config",
                                        "optional": false
                                      }
                                    ],
                                    "field_ref": [],
                                    "resource_field_ref": [],
                                    "secret_key_ref": []
                                  }
                                ]
                              },
                              {
                                "name": "DB_NAME",
                                "value": "db_order",
                                "value_from": []
                              },
                              {
                                "name": "REDIS_HOST",
                                "value": "redis",
                                "value_from": []
                              },
                              {
                                "name": "REDIS_PORT",
                                "value": "6379",
                                "value_from": []
                              },
                              {
                                "name": "PAYMENT_SERVICE_URL",
                                "value": "",
                                "value_from": [
                                  {
                                    "config_map_key_ref": [
                                      {
                                        "key": "PAYMENT_SERVICE_URL",
                                        "name": "zylkerkart-config",
                                        "optional": false
                                      }
                                    ],
                                    "field_ref": [],
                                    "resource_field_ref": [],
                                    "secret_key_ref": []
                                  }
                                ]
                              },
                              {
                                "name": "AUTH_SERVICE_URL",
                                "value": "",
                                "value_from": [
                                  {
                                    "config_map_key_ref": [
                                      {
                                        "key": "AUTH_SERVICE_URL",
                                        "name": "zylkerkart-config",
                                        "optional": false
                                      }
                                    ],
                                    "field_ref": [],
                                    "resource_field_ref": [],
                                    "secret_key_ref": []
                                  }
                                ]
                              },
                              {
                                "name": "CHAOS_SDK_ENABLED",
                                "value": "true",
                                "value_from": []
                              },
                              {
                                "name": "CHAOS_SDK_APP_NAME",
                                "value": "order-service",
                                "value_from": []
                              },
                              {
                                "name": "CHAOS_SDK_CONFIG_DIR",
                                "value": "/var/site24x7-labs/faults",
                                "value_from": []
                              }
                            ],
                            "env_from": [],
                            "image": "impazhani/order-service:latest",
                            "image_pull_policy": "Always",
                            "lifecycle": [],
                            "liveness_probe": [
                              {
                                "exec": [],
                                "failure_threshold": 10,
                                "grpc": [],
                                "http_get": [
                                  {
                                    "host": "",
                                    "http_header": [],
                                    "path": "/health",
                                    "port": "8082",
                                    "scheme": "HTTP"
                                  }
                                ],
                                "initial_delay_seconds": 60,
                                "period_seconds": 20,
                                "success_threshold": 1,
                                "tcp_socket": [],
                                "timeout_seconds": 5
                              }
                            ],
                            "name": "order-service",
                            "port": [
                              {
                                "container_port": 8082,
                                "host_ip": "",
                                "host_port": 0,
                                "name": "",
                                "protocol": "TCP"
                              }
                            ],
                            "readiness_probe": [
                              {
                                "exec": [],
                                "failure_threshold": 30,
                                "grpc": [],
                                "http_get": [
                                  {
                                    "host": "",
                                    "http_header": [],
                                    "path": "/health",
                                    "port": "8082",
                                    "scheme": "HTTP"
                                  }
                                ],
                                "initial_delay_seconds": 60,
                                "period_seconds": 10,
                                "success_threshold": 1,
                                "tcp_socket": [],
                                "timeout_seconds": 5
                              }
                            ],
                            "resources": [
                              {
                                "limits": {
                                  "cpu": "1",
                                  "memory": "1536Mi"
                                },
                                "requests": {
                                  "cpu": "200m",
                                  "memory": "384Mi"
                                }
                              }
                            ],
                            "security_context": [],
                            "startup_probe": [],
                            "stdin": false,
                            "stdin_once": false,
                            "termination_message_path": "/dev/termination-log",
                            "termination_message_policy": "File",
                            "tty": false,
                            "volume_device": [],
                            "volume_mount": [
                              {
                                "mount_path": "/apm",
                                "mount_propagation": "None",
                                "name": "s247agent",
                                "read_only": false,
                                "sub_path": "",
                                "sub_path_expr": ""
                              },
                              {
                                "mount_path": "/var/site24x7-labs/faults",
                                "mount_propagation": "None",
                                "name": "chaos-config",
                                "read_only": false,
                                "sub_path": "",
                                "sub_path_expr": ""
                              }
                            ],
                            "working_dir": ""
                          }
                        ],
                        "dns_config": [],
                        "dns_policy": "ClusterFirst",
                        "enable_service_links": false,
                        "host_aliases": [],
                        "host_ipc": false,
                        "host_network": false,
                        "host_pid": false,
                        "hostname": "",
                        "image_pull_secrets": [],
                        "init_container": [
                          {
                            "args": [],
                            "command": [
                              "sh",
                              "-c",
                              "cp -r /opt/site24x7/. /apm \u0026\u0026 chmod -R 755 /apm"
                            ],
                            "env": [],
                            "env_from": [],
                            "image": "site24x7/apminsight-nodejsagent:latest",
                            "image_pull_policy": "IfNotPresent",
                            "lifecycle": [],
                            "liveness_probe": [],
                            "name": "s247-nodejs-agent",
                            "port": [],
                            "readiness_probe": [],
                            "resources": [
                              {
                                "limits": {},
                                "requests": {}
                              }
                            ],
                            "security_context": [],
                            "startup_probe": [],
                            "stdin": false,
                            "stdin_once": false,
                            "termination_message_path": "/dev/termination-log",
                            "termination_message_policy": "File",
                            "tty": false,
                            "volume_device": [],
                            "volume_mount": [
                              {
                                "mount_path": "/apm",
                                "mount_propagation": "None",
                                "name": "s247agent",
                                "read_only": false,
                                "sub_path": "",
                                "sub_path_expr": ""
                              }
                            ],
                            "working_dir": ""
                          }
                        ],
                        "node_name": "",
                        "node_selector": {},
                        "os": [],
                        "priority_class_name": "",
                        "readiness_gate": [],
                        "restart_policy": "Always",
                        "runtime_class_name": "",
                        "scheduler_name": "default-scheduler",
                        "security_context": [],
                        "service_account_name": "",
                        "share_process_namespace": false,
                        "subdomain": "",
                        "termination_grace_period_seconds": 30,
                        "toleration": [],
                        "topology_spread_constraint": [],
                        "volume": [
                          {
                            "aws_elastic_block_store": [],
                            "azure_disk": [],
                            "azure_file": [],
                            "ceph_fs": [],
                            "cinder": [],
                            "config_map": [],
                            "csi": [],
                            "downward_api": [],
                            "empty_dir": [
                              {
                                "medium": "",
                                "size_limit": ""
                              }
                            ],
                            "ephemeral": [],
                            "fc": [],
                            "flex_volume": [],
                            "flocker": [],
                            "gce_persistent_disk": [],
                            "git_repo": [],
                            "glusterfs": [],
                            "host_path": [],
                            "iscsi": [],
                            "local": [],
                            "name": "s247agent",
                            "nfs": [],
                            "persistent_volume_claim": [],
                            "photon_persistent_disk": [],
                            "projected": [],
                            "quobyte": [],
                            "rbd": [],
                            "secret": [],
                            "vsphere_volume": []
                          },
                          {
                            "aws_elastic_block_store": [],
                            "azure_disk": [],
                            "azure_file": [],
                            "ceph_fs": [],
                            "cinder": [],
                            "config_map": [],
                            "csi": [],
                            "downward_api": [],
                            "empty_dir": [],
                            "ephemeral": [],
                            "fc": [],
                            "flex_volume": [],
                            "flocker": [],
                            "gce_persistent_disk": [],
                            "git_repo": [],
                            "glusterfs": [],
                            "host_path": [
                              {
                                "path": "/var/site24x7-labs/faults",
                                "type": "DirectoryOrCreate"
                              }
                            ],
                            "iscsi": [],
                            "local": [],
                            "name": "chaos-config",
                            "nfs": [],
                            "persistent_volume_claim": [],
                            "photon_persistent_disk": [],
                            "projected": [],
                            "quobyte": [],
                            "rbd": [],
                            "secret": [],
                            "vsphere_volume": []
                          }
                        ]
                      }
                    ]
                  }
                ]
              }
            ],
            "timeouts": {
              "create": "10m",
              "delete": null,
              "update": "10m"
            },
            "wait_for_rollout": false
          },
          "sensitive_attributes": [],
          "identity_schema_version": 1,
          "identity": {
            "api_version": "apps/v1",
            "kind": "Deployment",
            "name": "order-service",
            "namespace": "zylkerkart"
          },
          "private": "eyJlMmJmYjczMC1lY2FhLTExZTYtOGY4OC0zNDM2M2JjN2M0YzAiOnsiY3JlYXRlIjo2MDAwMDAwMDAwMDAsImRlbGV0ZSI6NjAwMDAwMDAwMDAwLCJ1cGRhdGUiOjYwMDAwMDAwMDAwMH0sInNjaGVtYV92ZXJzaW9uIjoiMSJ9",
          "dependencies": [
            "aws_eks_cluster.eks",
            "aws_eks_node_group.default",
            "aws_iam_role.eks_cluster",
            "aws_iam_role.eks_nodes",
            "aws_iam_role_policy_attachment.eks_cluster_policy",
            "aws_iam_role_policy_attachment.eks_cni_policy",
            "aws_iam_role_policy_attachment.eks_ecr_read",
            "aws_iam_role_policy_attachment.eks_vpc_resource_controller",
            "aws_iam_role_policy_attachment.eks_worker_node_policy",
            "aws_internet_gateway.eks",
            "aws_route_table.eks",
            "aws_route_table_association.eks",
            "aws_subnet.eks",
            "aws_vpc.eks",
            "azurerm_kubernetes_cluster.aks",
            "azurerm_resource_group.aks",
            "data.aws_availability_zones.available",
            "kubernetes_config_map.zylkerkart_config",
            "kubernetes_deployment.mysql",
            "kubernetes_deployment.redis",
            "kubernetes_namespace.zylkerkart",
            "kubernetes_persistent_volume_claim.mysql_pvc",
            "kubernetes_service.mysql",
            "kubernetes_service.redis",
            "terraform_data.mysql_pvc_finalizer_cleanup"
          ]
        }
      ]
    },
    {
      "mode": "managed",
      "type": "kubernetes_deployment",
      "name": "payment_service",
      "provider": "provider[\"registry.terraform.io/hashicorp/kubernetes\"]",
      "instances": [
        {
          "schema_version": 1,
          "attributes": {
            "id": "zylkerkart/payment-service",
            "metadata": [
              {
                "annotations": {},
                "generate_name": "",
                "generation": 2,
                "labels": {
                  "app": "payment-service",
                  "tier": "backend"
                },
                "name": "payment-service",
                "namespace": "zylkerkart",
                "resource_version": "4917",
                "uid": "ab4864d4-48f7-4620-922c-6bd60cf37796"
              }
            ],
            "spec": [
              {
                "min_ready_seconds": 0,
                "paused": false,
                "progress_deadline_seconds": 600,
                "replicas": "1",
                "revision_history_limit": 10,
                "selector": [
                  {
                    "match_expressions": [],
                    "match_labels": {
                      "app": "payment-service"
                    }
                  }
                ],
                "strategy": [
                  {
                    "rolling_update": [
                      {
                        "max_surge": "25%",
                        "max_unavailable": "25%"
                      }
                    ],
                    "type": "RollingUpdate"
                  }
                ],
                "template": [
                  {
                    "metadata": [
                      {
                        "annotations": {},
                        "generate_name": "",
                        "generation": 0,
                        "labels": {
                          "app": "payment-service",
                          "tier": "backend"
                        },
                        "name": "",
                        "namespace": "",
                        "resource_version": "",
                        "uid": ""
                      }
                    ],
                    "spec": [
                      {
                        "active_deadline_seconds": 0,
                        "affinity": [],
                        "automount_service_account_token": true,
                        "container": [
                          {
                            "args": [],
                            "command": [
                              "/bin/sh",
                              "-c",
                              "/home/apm/agent_start.sh"
                            ],
                            "env": [
                              {
                                "name": "APP_RUN_COMMAND",
                                "value": "uvicorn app.main:app --host 0.0.0.0 --port 8084 --workers 2",
                                "value_from": []
                              },
                              {
                                "name": "APM_APP_NAME",
                                "value": "ZylkerKart-PaymentService-AIOps",
                                "value_from": []
                              },
                              {
                                "name": "S247_LICENSE_KEY",
                                "value": "",
                                "value_from": [
                                  {
                                    "config_map_key_ref": [
                                      {
                                        "key": "S247_LICENSE_KEY",
                                        "name": "zylkerkart-config",
                                        "optional": false
                                      }
                                    ],
                                    "field_ref": [],
                                    "resource_field_ref": [],
                                    "secret_key_ref": []
                                  }
                                ]
                              },
                              {
                                "name": "PORT",
                                "value": "8084",
                                "value_from": []
                              },
                              {
                                "name": "DB_HOST",
                                "value": "mysql",
                                "value_from": []
                              },
                              {
                                "name": "DB_PORT",
                                "value": "3306",
                                "value_from": []
                              },
                              {
                                "name": "DB_USER",
                                "value": "",
                                "value_from": [
                                  {
                                    "config_map_key_ref": [
                                      {
                                        "key": "DB_USER",
                                        "name": "zylkerkart-config",
                                        "optional": false
                                      }
                                    ],
                                    "field_ref": [],
                                    "resource_field_ref": [],
                                    "secret_key_ref": []
                                  }
                                ]
                              },
                              {
                                "name": "DB_PASSWORD",
                                "value": "",
                                "value_from": [
                                  {
                                    "config_map_key_ref": [
                                      {
                                        "key": "MYSQL_ROOT_PASSWORD",
                                        "name": "zylkerkart-config",
                                        "optional": false
                                      }
                                    ],
                                    "field_ref": [],
                                    "resource_field_ref": [],
                                    "secret_key_ref": []
                                  }
                                ]
                              },
                              {
                                "name": "DB_NAME",
                                "value": "db_payment",
                                "value_from": []
                              },
                              {
                                "name": "REDIS_HOST",
                                "value": "redis",
                                "value_from": []
                              },
                              {
                                "name": "REDIS_PORT",
                                "value": "6379",
                                "value_from": []
                              },
                              {
                                "name": "CHAOS_SDK_ENABLED",
                                "value": "true",
                                "value_from": []
                              },
                              {
                                "name": "CHAOS_SDK_APP_NAME",
                                "value": "payment-service",
                                "value_from": []
                              },
                              {
                                "name": "CHAOS_SDK_CONFIG_DIR",
                                "value": "/var/site24x7-labs/faults",
                                "value_from": []
                              }
                            ],
                            "env_from": [],
                            "image": "impazhani/payment-service:latest",
                            "image_pull_policy": "Always",
                            "lifecycle": [],
                            "liveness_probe": [
                              {
                                "exec": [],
                                "failure_threshold": 10,
                                "grpc": [],
                                "http_get": [
                                  {
                                    "host": "",
                                    "http_header": [],
                                    "path": "/health",
                                    "port": "8084",
                                    "scheme": "HTTP"
                                  }
                                ],
                                "initial_delay_seconds": 60,
                                "period_seconds": 20,
                                "success_threshold": 1,
                                "tcp_socket": [],
                                "timeout_seconds": 1
                              }
                            ],
                            "name": "payment-service",
                            "port": [
                              {
                                "container_port": 8084,
                                "host_ip": "",
                                "host_port": 0,
                                "name": "",
                                "protocol": "TCP"
                              }
                            ],
                            "readiness_probe": [
                              {
                                "exec": [],
                                "failure_threshold": 30,
                                "grpc": [],
                                "http_get": [
                                  {
                                    "host": "",
                                    "http_header": [],
                                    "path": "/health",
                                    "port": "8084",
                                    "scheme": "HTTP"
                                  }
                                ],
                                "initial_delay_seconds": 60,
                                "period_seconds": 10,
                                "success_threshold": 1,
                                "tcp_socket": [],
                                "timeout_seconds": 5
                              }
                            ],
                            "resources": [
                              {
                                "limits": {
                                  "cpu": "600m",
                                  "memory": "512Mi"
                                },
                                "requests": {
                                  "cpu": "200m",
                                  "memory": "512Mi"
                                }
                              }
                            ],
                            "security_context": [],
                            "startup_probe": [],
                            "stdin": false,
                            "stdin_once": false,
                            "termination_message_path": "/dev/termination-log",
                            "termination_message_policy": "File",
                            "tty": false,
                            "volume_device": [],
                            "volume_mount": [
                              {
                                "mount_path": "/home/apm",
                                "mount_propagation": "None",
                                "name": "s247agent",
                                "read_only": false,
                                "sub_path": "",
                                "sub_path_expr": ""
                              },
                              {
                                "mount_path": "/app/apminsightdata",
                                "mount_propagation": "None",
                                "name": "apm-data",
                                "read_only": false,
                                "sub_path": "",
                                "sub_path_expr": ""
                              },
                              {
                                "mount_path": "/var/site24x7-labs/faults",
                                "mount_propagation": "None",
                                "name": "chaos-config",
                                "read_only": false,
                                "sub_path": "",
                                "sub_path_expr": ""
                              }
                            ],
                            "working_dir": ""
                          }
                        ],
                        "dns_config": [],
                        "dns_policy": "ClusterFirst",
                        "enable_service_links": false,
                        "host_aliases": [],
                        "host_ipc": false,
                        "host_network": false,
                        "host_pid": false,
                        "hostname": "",
                        "image_pull_secrets": [],
                        "init_container": [
                          {
                            "args": [],
                            "command": [
                              "sh",
                              "-c",
                              "cp -r /opt/site24x7/. /home/apm \u0026\u0026 chmod -R 777 /home/apm"
                            ],
                            "env": [],
                            "env_from": [],
                            "image": "site24x7/apminsight-pythonagent:latest",
                            "image_pull_policy": "Always",
                            "lifecycle": [],
                            "liveness_probe": [],
                            "name": "s247-python-agent",
                            "port": [],
                            "readiness_probe": [],
                            "resources": [
                              {
                                "limits": {},
                                "requests": {}
                              }
                            ],
                            "security_context": [],
                            "startup_probe": [],
                            "stdin": false,
                            "stdin_once": false,
                            "termination_message_path": "/dev/termination-log",
                            "termination_message_policy": "File",
                            "tty": false,
                            "volume_device": [],
                            "volume_mount": [
                              {
                                "mount_path": "/home/apm",
                                "mount_propagation": "None",
                                "name": "s247agent",
                                "read_only": false,
                                "sub_path": "",
                                "sub_path_expr": ""
                              }
                            ],
                            "working_dir": ""
                          }
                        ],
                        "node_name": "",
                        "node_selector": {},
                        "os": [],
                        "priority_class_name": "",
                        "readiness_gate": [],
                        "restart_policy": "Always",
                        "runtime_class_name": "",
                        "scheduler_name": "default-scheduler",
                        "security_context": [],
                        "service_account_name": "",
                        "share_process_namespace": false,
                        "subdomain": "",
                        "termination_grace_period_seconds": 30,
                        "toleration": [],
                        "topology_spread_constraint": [],
                        "volume": [
                          {
                            "aws_elastic_block_store": [],
                            "azure_disk": [],
                            "azure_file": [],
                            "ceph_fs": [],
                            "cinder": [],
                            "config_map": [],
                            "csi": [],
                            "downward_api": [],
                            "empty_dir": [
                              {
                                "medium": "",
                                "size_limit": ""
                              }
                            ],
                            "ephemeral": [],
                            "fc": [],
                            "flex_volume": [],
                            "flocker": [],
                            "gce_persistent_disk": [],
                            "git_repo": [],
                            "glusterfs": [],
                            "host_path": [],
                            "iscsi": [],
                            "local": [],
                            "name": "s247agent",
                            "nfs": [],
                            "persistent_volume_claim": [],
                            "photon_persistent_disk": [],
                            "projected": [],
                            "quobyte": [],
                            "rbd": [],
                            "secret": [],
                            "vsphere_volume": []
                          },
                          {
                            "aws_elastic_block_store": [],
                            "azure_disk": [],
                            "azure_file": [],
                            "ceph_fs": [],
                            "cinder": [],
                            "config_map": [],
                            "csi": [],
                            "downward_api": [],
                            "empty_dir": [
                              {
                                "medium": "",
                                "size_limit": ""
                              }
                            ],
                            "ephemeral": [],
                            "fc": [],
                            "flex_volume": [],
                            "flocker": [],
                            "gce_persistent_disk": [],
                            "git_repo": [],
                            "glusterfs": [],
                            "host_path": [],
                            "iscsi": [],
                            "local": [],
                            "name": "apm-data",
                            "nfs": [],
                            "persistent_volume_claim": [],
                            "photon_persistent_disk": [],
                            "projected": [],
                            "quobyte": [],
                            "rbd": [],
                            "secret": [],
                            "vsphere_volume": []
                          },
                          {
                            "aws_elastic_block_store": [],
                            "azure_disk": [],
                            "azure_file": [],
                            "ceph_fs": [],
                            "cinder": [],
                            "config_map": [],
                            "csi": [],
                            "downward_api": [],
                            "empty_dir": [],
                            "ephemeral": [],
                            "fc": [],
                            "flex_volume": [],
                            "flocker": [],
                            "gce_persistent_disk": [],
                            "git_repo": [],
                            "glusterfs": [],
                            "host_path": [
                              {
                                "path": "/var/site24x7-labs/faults",
                                "type": "DirectoryOrCreate"
                              }
                            ],
                            "iscsi": [],
                            "local": [],
                            "name": "chaos-config",
                            "nfs": [],
                            "persistent_volume_claim": [],
                            "photon_persistent_disk": [],
                            "projected": [],
                            "quobyte": [],
                            "rbd": [],
                            "secret": [],
                            "vsphere_volume": []
                          }
                        ]
                      }
                    ]
                  }
                ]
              }
            ],
            "timeouts": {
              "create": "10m",
              "delete": null,
              "update": "10m"
            },
            "wait_for_rollout": false
          },
          "sensitive_attributes": [],
          "identity_schema_version": 1,
          "identity": {
            "api_version": "apps/v1",
            "kind": "Deployment",
            "name": "payment-service",
            "namespace": "zylkerkart"
          },
          "private": "eyJlMmJmYjczMC1lY2FhLTExZTYtOGY4OC0zNDM2M2JjN2M0YzAiOnsiY3JlYXRlIjo2MDAwMDAwMDAwMDAsImRlbGV0ZSI6NjAwMDAwMDAwMDAwLCJ1cGRhdGUiOjYwMDAwMDAwMDAwMH0sInNjaGVtYV92ZXJzaW9uIjoiMSJ9",
          "dependencies": [
            "aws_eks_cluster.eks",
            "aws_eks_node_group.default",
            "aws_iam_role.eks_cluster",
            "aws_iam_role.eks_nodes",
            "aws_iam_role_policy_attachment.eks_cluster_policy",
            "aws_iam_role_policy_attachment.eks_cni_policy",
            "aws_iam_role_policy_attachment.eks_ecr_read",
            "aws_iam_role_policy_attachment.eks_vpc_resource_controller",
            "aws_iam_role_policy_attachment.eks_worker_node_policy",
            "aws_internet_gateway.eks",
            "aws_route_table.eks",
            "aws_route_table_association.eks",
            "aws_subnet.eks",
            "aws_vpc.eks",
            "azurerm_kubernetes_cluster.aks",
            "azurerm_resource_group.aks",
            "data.aws_availability_zones.available",
            "kubernetes_config_map.zylkerkart_config",
            "kubernetes_deployment.mysql",
            "kubernetes_deployment.redis",
            "kubernetes_namespace.zylkerkart",
            "kubernetes_persistent_volume_claim.mysql_pvc",
            "kubernetes_service.mysql",
            "kubernetes_service.redis",
            "terraform_data.mysql_pvc_finalizer_cleanup"
          ]
        }
      ]
    },
    {
      "mode": "managed",
      "type": "kubernetes_deployment",
      "name": "product_service",
      "provider": "provider[\"registry.terraform.io/hashicorp/kubernetes\"]",
      "instances": [
        {
          "schema_version": 1,
          "attributes": {
            "id": "zylkerkart/product-service",
            "metadata": [
              {
                "annotations": {},
                "generate_name": "",
                "generation": 1,
                "labels": {
                  "app": "product-service",
                  "tier": "backend"
                },
                "name": "product-service",
                "namespace": "zylkerkart",
                "resource_version": "2728",
                "uid": "e8d7c511-557e-42cb-bd52-d750c1c825d6"
              }
            ],
            "spec": [
              {
                "min_ready_seconds": 0,
                "paused": false,
                "progress_deadline_seconds": 600,
                "replicas": "1",
                "revision_history_limit": 10,
                "selector": [
                  {
                    "match_expressions": [],
                    "match_labels": {
                      "app": "product-service"
                    }
                  }
                ],
                "strategy": [
                  {
                    "rolling_update": [
                      {
                        "max_surge": "25%",
                        "max_unavailable": "25%"
                      }
                    ],
                    "type": "RollingUpdate"
                  }
                ],
                "template": [
                  {
                    "metadata": [
                      {
                        "annotations": {},
                        "generate_name": "",
                        "generation": 0,
                        "labels": {
                          "app": "product-service",
                          "tier": "backend"
                        },
                        "name": "",
                        "namespace": "",
                        "resource_version": "",
                        "uid": ""
                      }
                    ],
                    "spec": [
                      {
                        "active_deadline_seconds": 0,
                        "affinity": [],
                        "automount_service_account_token": true,
                        "container": [
                          {
                            "args": [],
                            "command": [],
                            "env": [
                              {
                                "name": "JAVA_TOOL_OPTIONS",
                                "value": "-javaagent:/home/apm/apminsight-javaagent.jar -Dapminsight.application.name=ZylkerKart-ProductService-AIOps",
                                "value_from": []
                              },
                              {
                                "name": "S247_LICENSE_KEY",
                                "value": "",
                                "value_from": [
                                  {
                                    "config_map_key_ref": [
                                      {
                                        "key": "S247_LICENSE_KEY",
                                        "name": "zylkerkart-config",
                                        "optional": false
                                      }
                                    ],
                                    "field_ref": [],
                                    "resource_field_ref": [],
                                    "secret_key_ref": []
                                  }
                                ]
                              },
                              {
                                "name": "SERVER_PORT",
                                "value": "8081",
                                "value_from": []
                              },
                              {
                                "name": "SPRING_DATASOURCE_URL",
                                "value": "jdbc:mysql://mysql:3306/db_product?useSSL=false\u0026allowPublicKeyRetrieval=true\u0026serverTimezone=UTC",
                                "value_from": []
                              },
                              {
                                "name": "SPRING_DATASOURCE_USERNAME",
                                "value": "",
                                "value_from": [
                                  {
                                    "config_map_key_ref": [
                                      {
                                        "key": "DB_USER",
                                        "name": "zylkerkart-config",
                                        "optional": false
                                      }
                                    ],
                                    "field_ref": [],
                                    "resource_field_ref": [],
                                    "secret_key_ref": []
                                  }
                                ]
                              },
                              {
                                "name": "SPRING_DATASOURCE_PASSWORD",
                                "value": "",
                                "value_from": [
                                  {
                                    "config_map_key_ref": [
                                      {
                                        "key": "MYSQL_ROOT_PASSWORD",
                                        "name": "zylkerkart-config",
                                        "optional": false
                                      }
                                    ],
                                    "field_ref": [],
                                    "resource_field_ref": [],
                                    "secret_key_ref": []
                                  }
                                ]
                              },
                              {
                                "name": "REDIS_HOST",
                                "value": "redis",
                                "value_from": []
                              },
                              {
                                "name": "REDIS_PORT",
                                "value": "6379",
                                "value_from": []
                              },
                              {
                                "name": "CHAOS_SDK_ENABLED",
                                "value": "true",
                                "value_from": []
                              },
                              {
                                "name": "CHAOS_SDK_APP_NAME",
                                "value": "product-service",
                                "value_from": []
                              },
                              {
                                "name": "CHAOS_SDK_CONFIG_DIR",
                                "value": "/var/site24x7-labs/faults",
                                "value_from": []
                              }
                            ],
                            "env_from": [],
                            "image": "impazhani/product-service:latest",
                            "image_pull_policy": "Always",
                            "lifecycle": [],
                            "liveness_probe": [
                              {
                                "exec": [],
                                "failure_threshold": 3,
                                "grpc": [],
                                "http_get": [
                                  {
                                    "host": "",
                                    "http_header": [],
                                    "path": "/health",
                                    "port": "8081",
                                    "scheme": "HTTP"
                                  }
                                ],
                                "initial_delay_seconds": 90,
                                "period_seconds": 20,
                                "success_threshold": 1,
                                "tcp_socket": [],
                                "timeout_seconds": 1
                              }
                            ],
                            "name": "product-service",
                            "port": [
                              {
                                "container_port": 8081,
                                "host_ip": "",
                                "host_port": 0,
                                "name": "",
                                "protocol": "TCP"
                              }
                            ],
                            "readiness_probe": [
                              {
                                "exec": [],
                                "failure_threshold": 3,
                                "grpc": [],
                                "http_get": [
                                  {
                                    "host": "",
                                    "http_header": [],
                                    "path": "/health",
                                    "port": "8081",
                                    "scheme": "HTTP"
                                  }
                                ],
                                "initial_delay_seconds": 60,
                                "period_seconds": 10,
                                "success_threshold": 1,
                                "tcp_socket": [],
                                "timeout_seconds": 1
                              }
                            ],
                            "resources": [
                              {
                                "limits": {
                                  "cpu": "500m",
                                  "memory": "1Gi"
                                },
                                "requests": {
                                  "cpu": "200m",
                                  "memory": "512Mi"
                                }
                              }
                            ],
                            "security_context": [],
                            "startup_probe": [],
                            "stdin": false,
                            "stdin_once": false,
                            "termination_message_path": "/dev/termination-log",
                            "termination_message_policy": "File",
                            "tty": false,
                            "volume_device": [],
                            "volume_mount": [
                              {
                                "mount_path": "/home/apm",
                                "mount_propagation": "None",
                                "name": "s247agent",
                                "read_only": false,
                                "sub_path": "",
                                "sub_path_expr": ""
                              },
                              {
                                "mount_path": "/var/site24x7-labs/faults",
                                "mount_propagation": "None",
                                "name": "chaos-config",
                                "read_only": false,
                                "sub_path": "",
                                "sub_path_expr": ""
                              }
                            ],
                            "working_dir": ""
                          }
                        ],
                        "dns_config": [],
                        "dns_policy": "ClusterFirst",
                        "enable_service_links": false,
                        "host_aliases": [],
                        "host_ipc": false,
                        "host_network": false,
                        "host_pid": false,
                        "hostname": "",
                        "image_pull_secrets": [],
                        "init_container": [
                          {
                            "args": [],
                            "command": [
                              "sh",
                              "-c",
                              "cp -r /opt/site24x7/. /home/apm \u0026\u0026 chmod -R 777 /home/apm"
                            ],
                            "env": [],
                            "env_from": [],
                            "image": "site24x7/apminsight-javaagent:latest",
                            "image_pull_policy": "IfNotPresent",
                            "lifecycle": [],
                            "liveness_probe": [],
                            "name": "s247-java-agent",
                            "port": [],
                            "readiness_probe": [],
                            "resources": [
                              {
                                "limits": {},
                                "requests": {}
                              }
                            ],
                            "security_context": [],
                            "startup_probe": [],
                            "stdin": false,
                            "stdin_once": false,
                            "termination_message_path": "/dev/termination-log",
                            "termination_message_policy": "File",
                            "tty": false,
                            "volume_device": [],
                            "volume_mount": [
                              {
                                "mount_path": "/home/apm",
                                "mount_propagation": "None",
                                "name": "s247agent",
                                "read_only": false,
                                "sub_path": "",
                                "sub_path_expr": ""
                              }
                            ],
                            "working_dir": ""
                          }
                        ],
                        "node_name": "",
                        "node_selector": {},
                        "os": [],
                        "priority_class_name": "",
                        "readiness_gate": [],
                        "restart_policy": "Always",
                        "runtime_class_name": "",
                        "scheduler_name": "default-scheduler",
                        "security_context": [],
                        "service_account_name": "",
                        "share_process_namespace": false,
                        "subdomain": "",
                        "termination_grace_period_seconds": 30,
                        "toleration": [],
                        "topology_spread_constraint": [],
                        "volume": [
                          {
                            "aws_elastic_block_store": [],
                            "azure_disk": [],
                            "azure_file": [],
                            "ceph_fs": [],
                            "cinder": [],
                            "config_map": [],
                            "csi": [],
                            "downward_api": [],
                            "empty_dir": [
                              {
                                "medium": "",
                                "size_limit": ""
                              }
                            ],
                            "ephemeral": [],
                            "fc": [],
                            "flex_volume": [],
                            "flocker": [],
                            "gce_persistent_disk": [],
                            "git_repo": [],
                            "glusterfs": [],
                            "host_path": [],
                            "iscsi": [],
                            "local": [],
                            "name": "s247agent",
                            "nfs": [],
                            "persistent_volume_claim": [],
                            "photon_persistent_disk": [],
                            "projected": [],
                            "quobyte": [],
                            "rbd": [],
                            "secret": [],
                            "vsphere_volume": []
                          },
                          {
                            "aws_elastic_block_store": [],
                            "azure_disk": [],
                            "azure_file": [],
                            "ceph_fs": [],
                            "cinder": [],
                            "config_map": [],
                            "csi": [],
                            "downward_api": [],
                            "empty_dir": [],
                            "ephemeral": [],
                            "fc": [],
                            "flex_volume": [],
                            "flocker": [],
                            "gce_persistent_disk": [],
                            "git_repo": [],
                            "glusterfs": [],
                            "host_path": [
                              {
                                "path": "/var/site24x7-labs/faults",
                                "type": "DirectoryOrCreate"
                              }
                            ],
                            "iscsi": [],
                            "local": [],
                            "name": "chaos-config",
                            "nfs": [],
                            "persistent_volume_claim": [],
                            "photon_persistent_disk": [],
                            "projected": [],
                            "quobyte": [],
                            "rbd": [],
                            "secret": [],
                            "vsphere_volume": []
                          }
                        ]
                      }
                    ]
                  }
                ]
              }
            ],
            "timeouts": {
              "create": "10m",
              "delete": null,
              "update": "10m"
            },
            "wait_for_rollout": false
          },
          "sensitive_attributes": [],
          "identity_schema_version": 1,
          "identity": {
            "api_version": "apps/v1",
            "kind": "Deployment",
            "name": "product-service",
            "namespace": "zylkerkart"
          },
          "private": "eyJlMmJmYjczMC1lY2FhLTExZTYtOGY4OC0zNDM2M2JjN2M0YzAiOnsiY3JlYXRlIjo2MDAwMDAwMDAwMDAsImRlbGV0ZSI6NjAwMDAwMDAwMDAwLCJ1cGRhdGUiOjYwMDAwMDAwMDAwMH0sInNjaGVtYV92ZXJzaW9uIjoiMSJ9",
          "dependencies": [
            "aws_eks_cluster.eks",
            "aws_eks_node_group.default",
            "aws_iam_role.eks_cluster",
            "aws_iam_role.eks_nodes",
            "aws_iam_role_policy_attachment.eks_cluster_policy",
            "aws_iam_role_policy_attachment.eks_cni_policy",
            "aws_iam_role_policy_attachment.eks_ecr_read",
            "aws_iam_role_policy_attachment.eks_vpc_resource_controller",
            "aws_iam_role_policy_attachment.eks_worker_node_policy",
            "aws_internet_gateway.eks",
            "aws_route_table.eks",
            "aws_route_table_association.eks",
            "aws_subnet.eks",
            "aws_vpc.eks",
            "azurerm_kubernetes_cluster.aks",
            "azurerm_resource_group.aks",
            "data.aws_availability_zones.available",
            "kubernetes_config_map.zylkerkart_config",
            "kubernetes_deployment.mysql",
            "kubernetes_deployment.redis",
            "kubernetes_namespace.zylkerkart",
            "kubernetes_persistent_volume_claim.mysql_pvc",
            "kubernetes_service.mysql",
            "kubernetes_service.redis",
            "terraform_data.mysql_pvc_finalizer_cleanup"
          ]
        }
      ]
    },
    {
      "mode": "managed",
      "type": "kubernetes_deployment",
      "name": "redis",
      "provider": "provider[\"registry.terraform.io/hashicorp/kubernetes\"]",
      "instances": [
        {
          "schema_version": 1,
          "attributes": {
            "id": "zylkerkart/redis",
            "metadata": [
              {
                "annotations": {},
                "generate_name": "",
                "generation": 1,
                "labels": {
                  "app": "redis"
                },
                "name": "redis",
                "namespace": "zylkerkart",
                "resource_version": "1473",
                "uid": "d1cf4265-b44a-4df7-87ac-f5a4617bcb6a"
              }
            ],
            "spec": [
              {
                "min_ready_seconds": 0,
                "paused": false,
                "progress_deadline_seconds": 600,
                "replicas": "1",
                "revision_history_limit": 10,
                "selector": [
                  {
                    "match_expressions": [],
                    "match_labels": {
                      "app": "redis"
                    }
                  }
                ],
                "strategy": [
                  {
                    "rolling_update": [
                      {
                        "max_surge": "25%",
                        "max_unavailable": "25%"
                      }
                    ],
                    "type": "RollingUpdate"
                  }
                ],
                "template": [
                  {
                    "metadata": [
                      {
                        "annotations": {},
                        "generate_name": "",
                        "generation": 0,
                        "labels": {
                          "app": "redis"
                        },
                        "name": "",
                        "namespace": "",
                        "resource_version": "",
                        "uid": ""
                      }
                    ],
                    "spec": [
                      {
                        "active_deadline_seconds": 0,
                        "affinity": [],
                        "automount_service_account_token": true,
                        "container": [
                          {
                            "args": [],
                            "command": [
                              "redis-server",
                              "--maxmemory",
                              "256mb",
                              "--maxmemory-policy",
                              "allkeys-lru"
                            ],
                            "env": [],
                            "env_from": [],
                            "image": "redis:7.0-alpine",
                            "image_pull_policy": "IfNotPresent",
                            "lifecycle": [],
                            "liveness_probe": [
                              {
                                "exec": [
                                  {
                                    "command": [
                                      "redis-cli",
                                      "ping"
                                    ]
                                  }
                                ],
                                "failure_threshold": 3,
                                "grpc": [],
                                "http_get": [],
                                "initial_delay_seconds": 10,
                                "period_seconds": 20,
                                "success_threshold": 1,
                                "tcp_socket": [],
                                "timeout_seconds": 1
                              }
                            ],
                            "name": "redis",
                            "port": [
                              {
                                "container_port": 6379,
                                "host_ip": "",
                                "host_port": 0,
                                "name": "",
                                "protocol": "TCP"
                              }
                            ],
                            "readiness_probe": [
                              {
                                "exec": [
                                  {
                                    "command": [
                                      "redis-cli",
                                      "ping"
                                    ]
                                  }
                                ],
                                "failure_threshold": 3,
                                "grpc": [],
                                "http_get": [],
                                "initial_delay_seconds": 5,
                                "period_seconds": 10,
                                "success_threshold": 1,
                                "tcp_socket": [],
                                "timeout_seconds": 1
                              }
                            ],
                            "resources": [
                              {
                                "limits": {
                                  "cpu": "200m",
                                  "memory": "300Mi"
                                },
                                "requests": {
                                  "cpu": "100m",
                                  "memory": "128Mi"
                                }
                              }
                            ],
                            "security_context": [],
                            "startup_probe": [],
                            "stdin": false,
                            "stdin_once": false,
                            "termination_message_path": "/dev/termination-log",
                            "termination_message_policy": "File",
                            "tty": false,
                            "volume_device": [],
                            "volume_mount": [
                              {
                                "mount_path": "/data",
                                "mount_propagation": "None",
                                "name": "redis-data",
                                "read_only": false,
                                "sub_path": "",
                                "sub_path_expr": ""
                              }
                            ],
                            "working_dir": ""
                          }
                        ],
                        "dns_config": [],
                        "dns_policy": "ClusterFirst",
                        "enable_service_links": false,
                        "host_aliases": [],
                        "host_ipc": false,
                        "host_network": false,
                        "host_pid": false,
                        "hostname": "",
                        "image_pull_secrets": [],
                        "init_container": [],
                        "node_name": "",
                        "node_selector": {},
                        "os": [],
                        "priority_class_name": "",
                        "readiness_gate": [],
                        "restart_policy": "Always",
                        "runtime_class_name": "",
                        "scheduler_name": "default-scheduler",
                        "security_context": [],
                        "service_account_name": "",
                        "share_process_namespace": false,
                        "subdomain": "",
                        "termination_grace_period_seconds": 30,
                        "toleration": [],
                        "topology_spread_constraint": [],
                        "volume": [
                          {
                            "aws_elastic_block_store": [],
                            "azure_disk": [],
                            "azure_file": [],
                            "ceph_fs": [],
                            "cinder": [],
                            "config_map": [],
                            "csi": [],
                            "downward_api": [],
                            "empty_dir": [
                              {
                                "medium": "",
                                "size_limit": ""
                              }
                            ],
                            "ephemeral": [],
                            "fc": [],
                            "flex_volume": [],
                            "flocker": [],
                            "gce_persistent_disk": [],
                            "git_repo": [],
                            "glusterfs": [],
                            "host_path": [],
                            "iscsi": [],
                            "local": [],
                            "name": "redis-data",
                            "nfs": [],
                            "persistent_volume_claim": [],
                            "photon_persistent_disk": [],
                            "projected": [],
                            "quobyte": [],
                            "rbd": [],
                            "secret": [],
                            "vsphere_volume": []
                          }
                        ]
                      }
                    ]
                  }
                ]
              }
            ],
            "timeouts": {
              "create": "10m",
              "delete": null,
              "update": "10m"
            },
            "wait_for_rollout": true
          },
          "sensitive_attributes": [],
          "identity_schema_version": 1,
          "identity": {
            "api_version": "apps/v1",
            "kind": "Deployment",
            "name": "redis",
            "namespace": "zylkerkart"
          },
          "private": "eyJlMmJmYjczMC1lY2FhLTExZTYtOGY4OC0zNDM2M2JjN2M0YzAiOnsiY3JlYXRlIjo2MDAwMDAwMDAwMDAsImRlbGV0ZSI6NjAwMDAwMDAwMDAwLCJ1cGRhdGUiOjYwMDAwMDAwMDAwMH0sInNjaGVtYV92ZXJzaW9uIjoiMSJ9",
          "dependencies": [
            "aws_eks_cluster.eks",
            "aws_eks_node_group.default",
            "aws_iam_role.eks_cluster",
            "aws_iam_role.eks_nodes",
            "aws_iam_role_policy_attachment.eks_cluster_policy",
            "aws_iam_role_policy_attachment.eks_cni_policy",
            "aws_iam_role_policy_attachment.eks_ecr_read",
            "aws_iam_role_policy_attachment.eks_vpc_resource_controller",
            "aws_iam_role_policy_attachment.eks_worker_node_policy",
            "aws_internet_gateway.eks",
            "aws_route_table.eks",
            "aws_route_table_association.eks",
            "aws_subnet.eks",
            "aws_vpc.eks",
            "azurerm_kubernetes_cluster.aks",
            "azurerm_resource_group.aks",
            "data.aws_availability_zones.available",
            "kubernetes_namespace.zylkerkart"
          ]
        }
      ]
    },
    {
      "mode": "managed",
      "type": "kubernetes_deployment",
      "name": "search_service",
      "provider": "provider[\"registry.terraform.io/hashicorp/kubernetes\"]",
      "instances": [
        {
          "schema_version": 1,
          "attributes": {
            "id": "zylkerkart/search-service",
            "metadata": [
              {
                "annotations": {},
                "generate_name": "",
                "generation": 1,
                "labels": {
                  "app": "search-service",
                  "tier": "backend"
                },
                "name": "search-service",
                "namespace": "zylkerkart",
                "resource_version": "3209",
                "uid": "f258420a-5849-4e09-8250-109a8aea519a"
              }
            ],
            "spec": [
              {
                "min_ready_seconds": 0,
                "paused": false,
                "progress_deadline_seconds": 600,
                "replicas": "1",
                "revision_history_limit": 10,
                "selector": [
                  {
                    "match_expressions": [],
                    "match_labels": {
                      "app": "search-service"
                    }
                  }
                ],
                "strategy": [
                  {
                    "rolling_update": [
                      {
                        "max_surge": "25%",
                        "max_unavailable": "25%"
                      }
                    ],
                    "type": "RollingUpdate"
                  }
                ],
                "template": [
                  {
                    "metadata": [
                      {
                        "annotations": {},
                        "generate_name": "",
                        "generation": 0,
                        "labels": {
                          "app": "search-service",
                          "tier": "backend"
                        },
                        "name": "",
                        "namespace": "",
                        "resource_version": "",
                        "uid": ""
                      }
                    ],
                    "spec": [
                      {
                        "active_deadline_seconds": 0,
                        "affinity": [],
                        "automount_service_account_token": true,
                        "container": [
                          {
                            "args": [],
                            "command": [
                              "/apm-bin/search-service"
                            ],
                            "env": [
                              {
                                "name": "PORT",
                                "value": "8083",
                                "value_from": []
                              },
                              {
                                "name": "DB_HOST",
                                "value": "mysql",
                                "value_from": []
                              },
                              {
                                "name": "DB_PORT",
                                "value": "3306",
                                "value_from": []
                              },
                              {
                                "name": "DB_USER",
                                "value": "",
                                "value_from": [
                                  {
                                    "config_map_key_ref": [
                                      {
                                        "key": "DB_USER",
                                        "name": "zylkerkart-config",
                                        "optional": false
                                      }
                                    ],
                                    "field_ref": [],
                                    "resource_field_ref": [],
                                    "secret_key_ref": []
                                  }
                                ]
                              },
                              {
                                "name": "DB_PASSWORD",
                                "value": "",
                                "value_from": [
                                  {
                                    "config_map_key_ref": [
                                      {
                                        "key": "MYSQL_ROOT_PASSWORD",
                                        "name": "zylkerkart-config",
                                        "optional": false
                                      }
                                    ],
                                    "field_ref": [],
                                    "resource_field_ref": [],
                                    "secret_key_ref": []
                                  }
                                ]
                              },
                              {
                                "name": "DB_NAME",
                                "value": "db_search",
                                "value_from": []
                              },
                              {
                                "name": "REDIS_HOST",
                                "value": "redis",
                                "value_from": []
                              },
                              {
                                "name": "REDIS_PORT",
                                "value": "6379",
                                "value_from": []
                              },
                              {
                                "name": "CHAOS_SDK_ENABLED",
                                "value": "true",
                                "value_from": []
                              },
                              {
                                "name": "CHAOS_SDK_APP_NAME",
                                "value": "search-service",
                                "value_from": []
                              },
                              {
                                "name": "CHAOS_SDK_CONFIG_DIR",
                                "value": "/var/site24x7-labs/faults",
                                "value_from": []
                              }
                            ],
                            "env_from": [],
                            "image": "impazhani/search-service:latest",
                            "image_pull_policy": "Always",
                            "lifecycle": [],
                            "liveness_probe": [
                              {
                                "exec": [],
                                "failure_threshold": 30,
                                "grpc": [],
                                "http_get": [
                                  {
                                    "host": "",
                                    "http_header": [],
                                    "path": "/health",
                                    "port": "8083",
                                    "scheme": "HTTP"
                                  }
                                ],
                                "initial_delay_seconds": 60,
                                "period_seconds": 20,
                                "success_threshold": 1,
                                "tcp_socket": [],
                                "timeout_seconds": 5
                              }
                            ],
                            "name": "search-service",
                            "port": [
                              {
                                "container_port": 8083,
                                "host_ip": "",
                                "host_port": 0,
                                "name": "",
                                "protocol": "TCP"
                              }
                            ],
                            "readiness_probe": [
                              {
                                "exec": [],
                                "failure_threshold": 30,
                                "grpc": [],
                                "http_get": [
                                  {
                                    "host": "",
                                    "http_header": [],
                                    "path": "/health",
                                    "port": "8083",
                                    "scheme": "HTTP"
                                  }
                                ],
                                "initial_delay_seconds": 60,
                                "period_seconds": 10,
                                "success_threshold": 1,
                                "tcp_socket": [],
                                "timeout_seconds": 5
                              }
                            ],
                            "resources": [
                              {
                                "limits": {
                                  "cpu": "200m",
                                  "memory": "320Mi"
                                },
                                "requests": {
                                  "cpu": "50m",
                                  "memory": "96Mi"
                                }
                              }
                            ],
                            "security_context": [],
                            "startup_probe": [],
                            "stdin": false,
                            "stdin_once": false,
                            "termination_message_path": "/dev/termination-log",
                            "termination_message_policy": "File",
                            "tty": false,
                            "volume_device": [],
                            "volume_mount": [
                              {
                                "mount_path": "/apm-bin",
                                "mount_propagation": "None",
                                "name": "apm-binaries",
                                "read_only": false,
                                "sub_path": "",
                                "sub_path_expr": ""
                              },
                              {
                                "mount_path": "/var/site24x7-labs/faults",
                                "mount_propagation": "None",
                                "name": "chaos-config",
                                "read_only": false,
                                "sub_path": "",
                                "sub_path_expr": ""
                              }
                            ],
                            "working_dir": ""
                          }
                        ],
                        "dns_config": [],
                        "dns_policy": "ClusterFirst",
                        "enable_service_links": false,
                        "host_aliases": [],
                        "host_ipc": false,
                        "host_network": false,
                        "host_pid": false,
                        "hostname": "",
                        "image_pull_secrets": [],
                        "init_container": [
                          {
                            "args": [],
                            "command": [
                              "cp",
                              "/app/search-service",
                              "/apm-bin/search-service"
                            ],
                            "env": [],
                            "env_from": [],
                            "image": "impazhani/search-service:latest",
                            "image_pull_policy": "Always",
                            "lifecycle": [],
                            "liveness_probe": [],
                            "name": "copy-binary",
                            "port": [],
                            "readiness_probe": [],
                            "resources": [
                              {
                                "limits": {},
                                "requests": {}
                              }
                            ],
                            "security_context": [],
                            "startup_probe": [],
                            "stdin": false,
                            "stdin_once": false,
                            "termination_message_path": "/dev/termination-log",
                            "termination_message_policy": "File",
                            "tty": false,
                            "volume_device": [],
                            "volume_mount": [
                              {
                                "mount_path": "/apm-bin",
                                "mount_propagation": "None",
                                "name": "apm-binaries",
                                "read_only": false,
                                "sub_path": "",
                                "sub_path_expr": ""
                              }
                            ],
                            "working_dir": ""
                          }
                        ],
                        "node_name": "",
                        "node_selector": {},
                        "os": [],
                        "priority_class_name": "",
                        "readiness_gate": [],
                        "restart_policy": "Always",
                        "runtime_class_name": "",
                        "scheduler_name": "default-scheduler",
                        "security_context": [],
                        "service_account_name": "",
                        "share_process_namespace": false,
                        "subdomain": "",
                        "termination_grace_period_seconds": 30,
                        "toleration": [],
                        "topology_spread_constraint": [],
                        "volume": [
                          {
                            "aws_elastic_block_store": [],
                            "azure_disk": [],
                            "azure_file": [],
                            "ceph_fs": [],
                            "cinder": [],
                            "config_map": [],
                            "csi": [],
                            "downward_api": [],
                            "empty_dir": [],
                            "ephemeral": [],
                            "fc": [],
                            "flex_volume": [],
                            "flocker": [],
                            "gce_persistent_disk": [],
                            "git_repo": [],
                            "glusterfs": [],
                            "host_path": [
                              {
                                "path": "/var/site24x7-labs/faults",
                                "type": "DirectoryOrCreate"
                              }
                            ],
                            "iscsi": [],
                            "local": [],
                            "name": "chaos-config",
                            "nfs": [],
                            "persistent_volume_claim": [],
                            "photon_persistent_disk": [],
                            "projected": [],
                            "quobyte": [],
                            "rbd": [],
                            "secret": [],
                            "vsphere_volume": []
                          },
                          {
                            "aws_elastic_block_store": [],
                            "azure_disk": [],
                            "azure_file": [],
                            "ceph_fs": [],
                            "cinder": [],
                            "config_map": [],
                            "csi": [],
                            "downward_api": [],
                            "empty_dir": [],
                            "ephemeral": [],
                            "fc": [],
                            "flex_volume": [],
                            "flocker": [],
                            "gce_persistent_disk": [],
                            "git_repo": [],
                            "glusterfs": [],
                            "host_path": [
                              {
                                "path": "/var/lib/apm-binaries",
                                "type": "DirectoryOrCreate"
                              }
                            ],
                            "iscsi": [],
                            "local": [],
                            "name": "apm-binaries",
                            "nfs": [],
                            "persistent_volume_claim": [],
                            "photon_persistent_disk": [],
                            "projected": [],
                            "quobyte": [],
                            "rbd": [],
                            "secret": [],
                            "vsphere_volume": []
                          }
                        ]
                      }
                    ]
                  }
                ]
              }
            ],
            "timeouts": {
              "create": "10m",
              "delete": null,
              "update": "10m"
            },
            "wait_for_rollout": false
          },
          "sensitive_attributes": [],
          "identity_schema_version": 1,
          "identity": {
            "api_version": "apps/v1",
            "kind": "Deployment",
            "name": "search-service",
            "namespace": "zylkerkart"
          },
          "private": "eyJlMmJmYjczMC1lY2FhLTExZTYtOGY4OC0zNDM2M2JjN2M0YzAiOnsiY3JlYXRlIjo2MDAwMDAwMDAwMDAsImRlbGV0ZSI6NjAwMDAwMDAwMDAwLCJ1cGRhdGUiOjYwMDAwMDAwMDAwMH0sInNjaGVtYV92ZXJzaW9uIjoiMSJ9",
          "dependencies": [
            "aws_eks_cluster.eks",
            "aws_eks_node_group.default",
            "aws_iam_role.eks_cluster",
            "aws_iam_role.eks_nodes",
            "aws_iam_role_policy_attachment.eks_cluster_policy",
            "aws_iam_role_policy_attachment.eks_cni_policy",
            "aws_iam_role_policy_attachment.eks_ecr_read",
            "aws_iam_role_policy_attachment.eks_vpc_resource_controller",
            "aws_iam_role_policy_attachment.eks_worker_node_policy",
            "aws_internet_gateway.eks",
            "aws_route_table.eks",
            "aws_route_table_association.eks",
            "aws_subnet.eks",
            "aws_vpc.eks",
            "azurerm_kubernetes_cluster.aks",
            "azurerm_resource_group.aks",
            "data.aws_availability_zones.available",
            "kubernetes_config_map.zylkerkart_config",
            "kubernetes_deployment.mysql",
            "kubernetes_deployment.redis",
            "kubernetes_namespace.zylkerkart",
            "kubernetes_persistent_volume_claim.mysql_pvc",
            "kubernetes_service.mysql",
            "kubernetes_service.redis",
            "terraform_data.mysql_pvc_finalizer_cleanup"
          ]
        }
      ]
    },
    {
      "mode": "managed",
      "type": "kubernetes_deployment",
      "name": "site24x7_ksm",
      "provider": "provider[\"registry.terraform.io/hashicorp/kubernetes\"]",
      "instances": [
        {
          "index_key": 0,
          "schema_version": 1,
          "attributes": {
            "id": "default/site24x7-kube-state-metrics",
            "metadata": [
              {
                "annotations": {},
                "generate_name": "",
                "generation": 1,
                "labels": {
                  "app": "site24x7-kube-state-metrics",
                  "app.kubernetes.io/component": "exporter",
                  "app.kubernetes.io/name": "site24x7-kube-state-metrics",
                  "app.kubernetes.io/version": "2.9.2"
                },
                "name": "site24x7-kube-state-metrics",
                "namespace": "default",
                "resource_version": "2330",
                "uid": "a784e37b-c687-46b9-ae63-5867174bf513"
              }
            ],
            "spec": [
              {
                "min_ready_seconds": 0,
                "paused": false,
                "progress_deadline_seconds": 600,
                "replicas": "1",
                "revision_history_limit": 10,
                "selector": [
                  {
                    "match_expressions": [],
                    "match_labels": {
                      "app.kubernetes.io/name": "site24x7-kube-state-metrics"
                    }
                  }
                ],
                "strategy": [
                  {
                    "rolling_update": [
                      {
                        "max_surge": "25%",
                        "max_unavailable": "25%"
                      }
                    ],
                    "type": "RollingUpdate"
                  }
                ],
                "template": [
                  {
                    "metadata": [
                      {
                        "annotations": {},
                        "generate_name": "",
                        "generation": 0,
                        "labels": {
                          "app": "site24x7-kube-state-metrics",
                          "app.kubernetes.io/component": "exporter",
                          "app.kubernetes.io/name": "site24x7-kube-state-metrics",
                          "app.kubernetes.io/version": "2.9.2"
                        },
                        "name": "",
                        "namespace": "",
                        "resource_version": "",
                        "uid": ""
                      }
                    ],
                    "spec": [
                      {
                        "active_deadline_seconds": 0,
                        "affinity": [],
                        "automount_service_account_token": true,
                        "container": [
                          {
                            "args": [],
                            "command": [],
                            "env": [],
                            "env_from": [],
                            "image": "registry.k8s.io/kube-state-metrics/kube-state-metrics:v2.9.2",
                            "image_pull_policy": "IfNotPresent",
                            "lifecycle": [],
                            "liveness_probe": [
                              {
                                "exec": [],
                                "failure_threshold": 3,
                                "grpc": [],
                                "http_get": [
                                  {
                                    "host": "",
                                    "http_header": [],
                                    "path": "/healthz",
                                    "port": "8080",
                                    "scheme": "HTTP"
                                  }
                                ],
                                "initial_delay_seconds": 5,
                                "period_seconds": 10,
                                "success_threshold": 1,
                                "tcp_socket": [],
                                "timeout_seconds": 5
                              }
                            ],
                            "name": "site24x7-kube-state-metrics",
                            "port": [
                              {
                                "container_port": 8080,
                                "host_ip": "",
                                "host_port": 0,
                                "name": "http-metrics",
                                "protocol": "TCP"
                              },
                              {
                                "container_port": 8081,
                                "host_ip": "",
                                "host_port": 0,
                                "name": "telemetry",
                                "protocol": "TCP"
                              }
                            ],
                            "readiness_probe": [
                              {
                                "exec": [],
                                "failure_threshold": 3,
                                "grpc": [],
                                "http_get": [
                                  {
                                    "host": "",
                                    "http_header": [],
                                    "path": "/",
                                    "port": "8081",
                                    "scheme": "HTTP"
                                  }
                                ],
                                "initial_delay_seconds": 5,
                                "period_seconds": 10,
                                "success_threshold": 1,
                                "tcp_socket": [],
                                "timeout_seconds": 5
                              }
                            ],
                            "resources": [
                              {
                                "limits": {},
                                "requests": {}
                              }
                            ],
                            "security_context": [
                              {
                                "allow_privilege_escalation": false,
                                "capabilities": [
                                  {
                                    "add": [],
                                    "drop": [
                                      "ALL"
                                    ]
                                  }
                                ],
                                "privileged": false,
                                "read_only_root_filesystem": true,
                                "run_as_group": "",
                                "run_as_non_root": true,
                                "run_as_user": "65534",
                                "se_linux_options": [],
                                "seccomp_profile": [
                                  {
                                    "localhost_profile": "",
                                    "type": "RuntimeDefault"
                                  }
                                ]
                              }
                            ],
                            "startup_probe": [],
                            "stdin": false,
                            "stdin_once": false,
                            "termination_message_path": "/dev/termination-log",
                            "termination_message_policy": "File",
                            "tty": false,
                            "volume_device": [],
                            "volume_mount": [],
                            "working_dir": ""
                          }
                        ],
                        "dns_config": [],
                        "dns_policy": "ClusterFirst",
                        "enable_service_links": true,
                        "host_aliases": [],
                        "host_ipc": false,
                        "host_network": false,
                        "host_pid": false,
                        "hostname": "",
                        "image_pull_secrets": [],
                        "init_container": [],
                        "node_name": "",
                        "node_selector": {
                          "kubernetes.io/os": "linux"
                        },
                        "os": [],
                        "priority_class_name": "",
                        "readiness_gate": [],
                        "restart_policy": "Always",
                        "runtime_class_name": "",
                        "scheduler_name": "default-scheduler",
                        "security_context": [],
                        "service_account_name": "site24x7-kube-state-metrics",
                        "share_process_namespace": false,
                        "subdomain": "",
                        "termination_grace_period_seconds": 30,
                        "toleration": [
                          {
                            "effect": "",
                            "key": "",
                            "operator": "Exists",
                            "toleration_seconds": "",
                            "value": ""
                          }
                        ],
                        "topology_spread_constraint": [],
                        "volume": []
                      }
                    ]
                  }
                ]
              }
            ],
            "timeouts": null,
            "wait_for_rollout": true
          },
          "sensitive_attributes": [],
          "identity_schema_version": 1,
          "identity": {
            "api_version": "apps/v1",
            "kind": "Deployment",
            "name": "site24x7-kube-state-metrics",
            "namespace": "default"
          },
          "private": "eyJlMmJmYjczMC1lY2FhLTExZTYtOGY4OC0zNDM2M2JjN2M0YzAiOnsiY3JlYXRlIjo2MDAwMDAwMDAwMDAsImRlbGV0ZSI6NjAwMDAwMDAwMDAwLCJ1cGRhdGUiOjYwMDAwMDAwMDAwMH0sInNjaGVtYV92ZXJzaW9uIjoiMSJ9",
          "dependencies": [
            "aws_eks_cluster.eks",
            "aws_eks_node_group.default",
            "aws_iam_role.eks_cluster",
            "aws_iam_role.eks_nodes",
            "aws_iam_role_policy_attachment.eks_cluster_policy",
            "aws_iam_role_policy_attachment.eks_cni_policy",
            "aws_iam_role_policy_attachment.eks_ecr_read",
            "aws_iam_role_policy_attachment.eks_vpc_resource_controller",
            "aws_iam_role_policy_attachment.eks_worker_node_policy",
            "aws_internet_gateway.eks",
            "aws_route_table.eks",
            "aws_route_table_association.eks",
            "aws_subnet.eks",
            "aws_vpc.eks",
            "azurerm_kubernetes_cluster.aks",
            "azurerm_resource_group.aks",
            "data.aws_availability_zones.available",
            "kubernetes_cluster_role.site24x7_ksm",
            "kubernetes_cluster_role_binding.site24x7_ksm",
            "kubernetes_config_map.zylkerkart_config",
            "kubernetes_deployment.auth_service",
            "kubernetes_deployment.mysql",
            "kubernetes_deployment.order_service",
            "kubernetes_deployment.payment_service",
            "kubernetes_deployment.product_service",
            "kubernetes_deployment.redis",
            "kubernetes_deployment.search_service",
            "kubernetes_deployment.storefront",
            "kubernetes_namespace.zylkerkart",
            "kubernetes_persistent_volume_claim.mysql_pvc",
            "kubernetes_service.mysql",
            "kubernetes_service.redis",
            "kubernetes_service_account.site24x7_ksm",
            "terraform_data.mysql_pvc_finalizer_cleanup"
          ]
        }
      ]
    },
    {
      "mode": "managed",
      "type": "kubernetes_deployment",
      "name": "storefront",
      "provider": "provider[\"registry.terraform.io/hashicorp/kubernetes\"]",
      "instances": [
        {
          "schema_version": 1,
          "attributes": {
            "id": "zylkerkart/storefront",
            "metadata": [
              {
                "annotations": {},
                "generate_name": "",
                "generation": 2,
                "labels": {
                  "app": "storefront",
                  "tier": "frontend"
                },
                "name": "storefront",
                "namespace": "zylkerkart",
                "resource_version": "4925",
                "uid": "e4f014c8-e192-4389-a4bd-feaacb674907"
              }
            ],
            "spec": [
              {
                "min_ready_seconds": 0,
                "paused": false,
                "progress_deadline_seconds": 600,
                "replicas": "1",
                "revision_history_limit": 10,
                "selector": [
                  {
                    "match_expressions": [],
                    "match_labels": {
                      "app": "storefront"
                    }
                  }
                ],
                "strategy": [
                  {
                    "rolling_update": [
                      {
                        "max_surge": "25%",
                        "max_unavailable": "25%"
                      }
                    ],
                    "type": "RollingUpdate"
                  }
                ],
                "template": [
                  {
                    "metadata": [
                      {
                        "annotations": {},
                        "generate_name": "",
                        "generation": 0,
                        "labels": {
                          "app": "storefront",
                          "tier": "frontend"
                        },
                        "name": "",
                        "namespace": "",
                        "resource_version": "",
                        "uid": ""
                      }
                    ],
                    "spec": [
                      {
                        "active_deadline_seconds": 0,
                        "affinity": [],
                        "automount_service_account_token": true,
                        "container": [
                          {
                            "args": [],
                            "command": [],
                            "env": [
                              {
                                "name": "JAVA_TOOL_OPTIONS",
                                "value": "-javaagent:/home/apm/apminsight-javaagent.jar -Dapminsight.application.name=ZylkerKart-Storefront-AIOps",
                                "value_from": []
                              },
                              {
                                "name": "SERVER_PORT",
                                "value": "8080",
                                "value_from": []
                              },
                              {
                                "name": "S247_LICENSE_KEY",
                                "value": "",
                                "value_from": [
                                  {
                                    "config_map_key_ref": [
                                      {
                                        "key": "S247_LICENSE_KEY",
                                        "name": "zylkerkart-config",
                                        "optional": false
                                      }
                                    ],
                                    "field_ref": [],
                                    "resource_field_ref": [],
                                    "secret_key_ref": []
                                  }
                                ]
                              },
                              {
                                "name": "REDIS_HOST",
                                "value": "",
                                "value_from": [
                                  {
                                    "config_map_key_ref": [
                                      {
                                        "key": "REDIS_HOST",
                                        "name": "zylkerkart-config",
                                        "optional": false
                                      }
                                    ],
                                    "field_ref": [],
                                    "resource_field_ref": [],
                                    "secret_key_ref": []
                                  }
                                ]
                              },
                              {
                                "name": "REDIS_PORT",
                                "value": "",
                                "value_from": [
                                  {
                                    "config_map_key_ref": [
                                      {
                                        "key": "REDIS_PORT",
                                        "name": "zylkerkart-config",
                                        "optional": false
                                      }
                                    ],
                                    "field_ref": [],
                                    "resource_field_ref": [],
                                    "secret_key_ref": []
                                  }
                                ]
                              },
                              {
                                "name": "PRODUCT_SERVICE_URL",
                                "value": "",
                                "value_from": [
                                  {
                                    "config_map_key_ref": [
                                      {
                                        "key": "PRODUCT_SERVICE_URL",
                                        "name": "zylkerkart-config",
                                        "optional": false
                                      }
                                    ],
                                    "field_ref": [],
                                    "resource_field_ref": [],
                                    "secret_key_ref": []
                                  }
                                ]
                              },
                              {
                                "name": "ORDER_SERVICE_URL",
                                "value": "",
                                "value_from": [
                                  {
                                    "config_map_key_ref": [
                                      {
                                        "key": "ORDER_SERVICE_URL",
                                        "name": "zylkerkart-config",
                                        "optional": false
                                      }
                                    ],
                                    "field_ref": [],
                                    "resource_field_ref": [],
                                    "secret_key_ref": []
                                  }
                                ]
                              },
                              {
                                "name": "SEARCH_SERVICE_URL",
                                "value": "",
                                "value_from": [
                                  {
                                    "config_map_key_ref": [
                                      {
                                        "key": "SEARCH_SERVICE_URL",
                                        "name": "zylkerkart-config",
                                        "optional": false
                                      }
                                    ],
                                    "field_ref": [],
                                    "resource_field_ref": [],
                                    "secret_key_ref": []
                                  }
                                ]
                              },
                              {
                                "name": "PAYMENT_SERVICE_URL",
                                "value": "",
                                "value_from": [
                                  {
                                    "config_map_key_ref": [
                                      {
                                        "key": "PAYMENT_SERVICE_URL",
                                        "name": "zylkerkart-config",
                                        "optional": false
                                      }
                                    ],
                                    "field_ref": [],
                                    "resource_field_ref": [],
                                    "secret_key_ref": []
                                  }
                                ]
                              },
                              {
                                "name": "AUTH_SERVICE_URL",
                                "value": "",
                                "value_from": [
                                  {
                                    "config_map_key_ref": [
                                      {
                                        "key": "AUTH_SERVICE_URL",
                                        "name": "zylkerkart-config",
                                        "optional": false
                                      }
                                    ],
                                    "field_ref": [],
                                    "resource_field_ref": [],
                                    "secret_key_ref": []
                                  }
                                ]
                              },
                              {
                                "name": "CHAOS_SDK_ENABLED",
                                "value": "true",
                                "value_from": []
                              },
                              {
                                "name": "CHAOS_SDK_APP_NAME",
                                "value": "storefront",
                                "value_from": []
                              },
                              {
                                "name": "CHAOS_SDK_CONFIG_DIR",
                                "value": "/var/site24x7-labs/faults",
                                "value_from": []
                              }
                            ],
                            "env_from": [],
                            "image": "impazhani/storefront:latest",
                            "image_pull_policy": "Always",
                            "lifecycle": [],
                            "liveness_probe": [
                              {
                                "exec": [],
                                "failure_threshold": 3,
                                "grpc": [],
                                "http_get": [
                                  {
                                    "host": "",
                                    "http_header": [],
                                    "path": "/actuator/health",
                                    "port": "8080",
                                    "scheme": "HTTP"
                                  }
                                ],
                                "initial_delay_seconds": 0,
                                "period_seconds": 20,
                                "success_threshold": 1,
                                "tcp_socket": [],
                                "timeout_seconds": 5
                              }
                            ],
                            "name": "storefront",
                            "port": [
                              {
                                "container_port": 8080,
                                "host_ip": "",
                                "host_port": 0,
                                "name": "",
                                "protocol": "TCP"
                              }
                            ],
                            "readiness_probe": [
                              {
                                "exec": [],
                                "failure_threshold": 3,
                                "grpc": [],
                                "http_get": [
                                  {
                                    "host": "",
                                    "http_header": [],
                                    "path": "/actuator/health",
                                    "port": "8080",
                                    "scheme": "HTTP"
                                  }
                                ],
                                "initial_delay_seconds": 0,
                                "period_seconds": 10,
                                "success_threshold": 1,
                                "tcp_socket": [],
                                "timeout_seconds": 5
                              }
                            ],
                            "resources": [
                              {
                                "limits": {
                                  "cpu": "1Gi",
                                  "memory": "1000Mi"
                                },
                                "requests": {
                                  "cpu": "200m",
                                  "memory": "512Mi"
                                }
                              }
                            ],
                            "security_context": [],
                            "startup_probe": [
                              {
                                "exec": [],
                                "failure_threshold": 30,
                                "grpc": [],
                                "http_get": [
                                  {
                                    "host": "",
                                    "http_header": [],
                                    "path": "/actuator/health",
                                    "port": "8080",
                                    "scheme": "HTTP"
                                  }
                                ],
                                "initial_delay_seconds": 60,
                                "period_seconds": 10,
                                "success_threshold": 1,
                                "tcp_socket": [],
                                "timeout_seconds": 5
                              }
                            ],
                            "stdin": false,
                            "stdin_once": false,
                            "termination_message_path": "/dev/termination-log",
                            "termination_message_policy": "File",
                            "tty": false,
                            "volume_device": [],
                            "volume_mount": [
                              {
                                "mount_path": "/home/apm",
                                "mount_propagation": "None",
                                "name": "s247agent",
                                "read_only": false,
                                "sub_path": "",
                                "sub_path_expr": ""
                              },
                              {
                                "mount_path": "/var/site24x7-labs/faults",
                                "mount_propagation": "None",
                                "name": "chaos-config",
                                "read_only": false,
                                "sub_path": "",
                                "sub_path_expr": ""
                              }
                            ],
                            "working_dir": ""
                          }
                        ],
                        "dns_config": [],
                        "dns_policy": "ClusterFirst",
                        "enable_service_links": false,
                        "host_aliases": [],
                        "host_ipc": false,
                        "host_network": false,
                        "host_pid": false,
                        "hostname": "",
                        "image_pull_secrets": [],
                        "init_container": [
                          {
                            "args": [],
                            "command": [
                              "sh",
                              "-c",
                              "cp -r /opt/site24x7/. /home/apm \u0026\u0026 chmod -R 777 /home/apm"
                            ],
                            "env": [],
                            "env_from": [],
                            "image": "site24x7/apminsight-javaagent:latest",
                            "image_pull_policy": "IfNotPresent",
                            "lifecycle": [],
                            "liveness_probe": [],
                            "name": "s247-java-agent",
                            "port": [],
                            "readiness_probe": [],
                            "resources": [
                              {
                                "limits": {},
                                "requests": {}
                              }
                            ],
                            "security_context": [],
                            "startup_probe": [],
                            "stdin": false,
                            "stdin_once": false,
                            "termination_message_path": "/dev/termination-log",
                            "termination_message_policy": "File",
                            "tty": false,
                            "volume_device": [],
                            "volume_mount": [
                              {
                                "mount_path": "/home/apm",
                                "mount_propagation": "None",
                                "name": "s247agent",
                                "read_only": false,
                                "sub_path": "",
                                "sub_path_expr": ""
                              }
                            ],
                            "working_dir": ""
                          }
                        ],
                        "node_name": "",
                        "node_selector": {},
                        "os": [],
                        "priority_class_name": "",
                        "readiness_gate": [],
                        "restart_policy": "Always",
                        "runtime_class_name": "",
                        "scheduler_name": "default-scheduler",
                        "security_context": [],
                        "service_account_name": "",
                        "share_process_namespace": false,
                        "subdomain": "",
                        "termination_grace_period_seconds": 30,
                        "toleration": [],
                        "topology_spread_constraint": [],
                        "volume": [
                          {
                            "aws_elastic_block_store": [],
                            "azure_disk": [],
                            "azure_file": [],
                            "ceph_fs": [],
                            "cinder": [],
                            "config_map": [],
                            "csi": [],
                            "downward_api": [],
                            "empty_dir": [
                              {
                                "medium": "",
                                "size_limit": ""
                              }
                            ],
                            "ephemeral": [],
                            "fc": [],
                            "flex_volume": [],
                            "flocker": [],
                            "gce_persistent_disk": [],
                            "git_repo": [],
                            "glusterfs": [],
                            "host_path": [],
                            "iscsi": [],
                            "local": [],
                            "name": "s247agent",
                            "nfs": [],
                            "persistent_volume_claim": [],
                            "photon_persistent_disk": [],
                            "projected": [],
                            "quobyte": [],
                            "rbd": [],
                            "secret": [],
                            "vsphere_volume": []
                          },
                          {
                            "aws_elastic_block_store": [],
                            "azure_disk": [],
                            "azure_file": [],
                            "ceph_fs": [],
                            "cinder": [],
                            "config_map": [],
                            "csi": [],
                            "downward_api": [],
                            "empty_dir": [],
                            "ephemeral": [],
                            "fc": [],
                            "flex_volume": [],
                            "flocker": [],
                            "gce_persistent_disk": [],
                            "git_repo": [],
                            "glusterfs": [],
                            "host_path": [
                              {
                                "path": "/var/site24x7-labs/faults",
                                "type": "DirectoryOrCreate"
                              }
                            ],
                            "iscsi": [],
                            "local": [],
                            "name": "chaos-config",
                            "nfs": [],
                            "persistent_volume_claim": [],
                            "photon_persistent_disk": [],
                            "projected": [],
                            "quobyte": [],
                            "rbd": [],
                            "secret": [],
                            "vsphere_volume": []
                          }
                        ]
                      }
                    ]
                  }
                ]
              }
            ],
            "timeouts": {
              "create": "10m",
              "delete": null,
              "update": "10m"
            },
            "wait_for_rollout": false
          },
          "sensitive_attributes": [],
          "identity_schema_version": 1,
          "identity": {
            "api_version": "apps/v1",
            "kind": "Deployment",
            "name": "storefront",
            "namespace": "zylkerkart"
          },
          "private": "eyJlMmJmYjczMC1lY2FhLTExZTYtOGY4OC0zNDM2M2JjN2M0YzAiOnsiY3JlYXRlIjo2MDAwMDAwMDAwMDAsImRlbGV0ZSI6NjAwMDAwMDAwMDAwLCJ1cGRhdGUiOjYwMDAwMDAwMDAwMH0sInNjaGVtYV92ZXJzaW9uIjoiMSJ9",
          "dependencies": [
            "aws_eks_cluster.eks",
            "aws_eks_node_group.default",
            "aws_iam_role.eks_cluster",
            "aws_iam_role.eks_nodes",
            "aws_iam_role_policy_attachment.eks_cluster_policy",
            "aws_iam_role_policy_attachment.eks_cni_policy",
            "aws_iam_role_policy_attachment.eks_ecr_read",
            "aws_iam_role_policy_attachment.eks_vpc_resource_controller",
            "aws_iam_role_policy_attachment.eks_worker_node_policy",
            "aws_internet_gateway.eks",
            "aws_route_table.eks",
            "aws_route_table_association.eks",
            "aws_subnet.eks",
            "aws_vpc.eks",
            "azurerm_kubernetes_cluster.aks",
            "azurerm_resource_group.aks",
            "data.aws_availability_zones.available",
            "kubernetes_config_map.zylkerkart_config",
            "kubernetes_deployment.mysql",
            "kubernetes_deployment.redis",
            "kubernetes_namespace.zylkerkart",
            "kubernetes_persistent_volume_claim.mysql_pvc",
            "kubernetes_service.mysql",
            "kubernetes_service.redis",
            "terraform_data.mysql_pvc_finalizer_cleanup"
          ]
        }
      ]
    },
    {
      "mode": "managed",
      "type": "kubernetes_ingress_v1",
      "name": "zylkerkart",
      "provider": "provider[\"registry.terraform.io/hashicorp/kubernetes\"]",
      "instances": [
        {
          "schema_version": 0,
          "attributes": {
            "id": "zylkerkart/zylkerkart-ingress",
            "metadata": [
              {
                "annotations": {
                  "nginx.ingress.kubernetes.io/proxy-body-size": "150m",
                  "nginx.ingress.kubernetes.io/proxy-connect-timeout": "30",
                  "nginx.ingress.kubernetes.io/proxy-read-timeout": "60",
                  "nginx.ingress.kubernetes.io/proxy-send-timeout": "60"
                },
                "generate_name": "",
                "generation": 1,
                "labels": {},
                "name": "zylkerkart-ingress",
                "namespace": "zylkerkart",
                "resource_version": "2706",
                "uid": "ce8a09b0-20ca-4688-bf3d-51fdb7be6222"
              }
            ],
            "spec": [
              {
                "default_backend": [],
                "ingress_class_name": "nginx",
                "rule": [
                  {
                    "host": "",
                    "http": [
                      {
                        "path": [
                          {
                            "backend": [
                              {
                                "resource": [],
                                "service": [
                                  {
                                    "name": "storefront",
                                    "port": [
                                      {
                                        "name": "",
                                        "number": 80
                                      }
                                    ]
                                  }
                                ]
                              }
                            ],
                            "path": "/",
                            "path_type": "Prefix"
                          },
                          {
                            "backend": [
                              {
                                "resource": [],
                                "service": [
                                  {
                                    "name": "product-service",
                                    "port": [
                                      {
                                        "name": "",
                                        "number": 8081
                                      }
                                    ]
                                  }
                                ]
                              }
                            ],
                            "path": "/api/products",
                            "path_type": "Prefix"
                          },
                          {
                            "backend": [
                              {
                                "resource": [],
                                "service": [
                                  {
                                    "name": "order-service",
                                    "port": [
                                      {
                                        "name": "",
                                        "number": 8082
                                      }
                                    ]
                                  }
                                ]
                              }
                            ],
                            "path": "/api/orders",
                            "path_type": "Prefix"
                          },
                          {
                            "backend": [
                              {
                                "resource": [],
                                "service": [
                                  {
                                    "name": "order-service",
                                    "port": [
                                      {
                                        "name": "",
                                        "number": 8082
                                      }
                                    ]
                                  }
                                ]
                              }
                            ],
                            "path": "/api/cart",
                            "path_type": "Prefix"
                          },
                          {
                            "backend": [
                              {
                                "resource": [],
                                "service": [
                                  {
                                    "name": "search-service",
                                    "port": [
                                      {
                                        "name": "",
                                        "number": 8083
                                      }
                                    ]
                                  }
                                ]
                              }
                            ],
                            "path": "/api/search",
                            "path_type": "Prefix"
                          },
                          {
                            "backend": [
                              {
                                "resource": [],
                                "service": [
                                  {
                                    "name": "payment-service",
                                    "port": [
                                      {
                                        "name": "",
                                        "number": 8084
                                      }
                                    ]
                                  }
                                ]
                              }
                            ],
                            "path": "/api/payments",
                            "path_type": "Prefix"
                          },
                          {
                            "backend": [
                              {
                                "resource": [],
                                "service": [
                                  {
                                    "name": "auth-service",
                                    "port": [
                                      {
                                        "name": "",
                                        "number": 8085
                                      }
                                    ]
                                  }
                                ]
                              }
                            ],
                            "path": "/api/auth",
                            "path_type": "Prefix"
                          }
                        ]
                      }
                    ]
                  }
                ],
                "tls": []
              }
            ],
            "status": [
              {
                "load_balancer": [
                  {
                    "ingress": [
                      {
                        "hostname": "ad2777e349ae14ad1a66dea9815ce3f9-1328311778.us-east-2.elb.amazonaws.com",
                        "ip": ""
                      }
                    ]
                  }
                ]
              }
            ],
            "timeouts": null,
            "wait_for_load_balancer": null
          },
          "sensitive_attributes": [],
          "identity_schema_version": 1,
          "identity": {
            "api_version": "networking.k8s.io/v1",
            "kind": "Ingress",
            "name": "zylkerkart-ingress",
            "namespace": "zylkerkart"
          },
          "private": "eyJlMmJmYjczMC1lY2FhLTExZTYtOGY4OC0zNDM2M2JjN2M0YzAiOnsiY3JlYXRlIjoxMjAwMDAwMDAwMDAwLCJkZWxldGUiOjEyMDAwMDAwMDAwMDB9fQ==",
          "dependencies": [
            "aws_eks_cluster.eks",
            "aws_eks_node_group.default",
            "aws_iam_role.eks_cluster",
            "aws_iam_role.eks_nodes",
            "aws_iam_role_policy_attachment.eks_cluster_policy",
            "aws_iam_role_policy_attachment.eks_cni_policy",
            "aws_iam_role_policy_attachment.eks_ecr_read",
            "aws_iam_role_policy_attachment.eks_vpc_resource_controller",
            "aws_iam_role_policy_attachment.eks_worker_node_policy",
            "aws_internet_gateway.eks",
            "aws_route_table.eks",
            "aws_route_table_association.eks",
            "aws_subnet.eks",
            "aws_vpc.eks",
            "azurerm_kubernetes_cluster.aks",
            "azurerm_resource_group.aks",
            "data.aws_availability_zones.available",
            "helm_release.ingress_nginx",
            "kubernetes_namespace.zylkerkart"
          ]
        }
      ]
    },
    {
      "mode": "managed",
      "type": "kubernetes_namespace",
      "name": "monitoring",
      "provider": "provider[\"registry.terraform.io/hashicorp/kubernetes\"]",
      "instances": [
        {
          "index_key": 0,
          "schema_version": 0,
          "attributes": {
            "id": "monitoring",
            "metadata": [
              {
                "annotations": {},
                "generate_name": "",
                "generation": 0,
                "labels": {
                  "purpose": "apm-monitoring"
                },
                "name": "monitoring",
                "resource_version": "1281",
                "uid": "878400ab-bfb2-4202-a9ee-21a18980160c"
              }
            ],
            "timeouts": null,
            "wait_for_default_service_account": false
          },
          "sensitive_attributes": [],
          "identity_schema_version": 1,
          "identity": {
            "api_version": "v1",
            "kind": "Namespace",
            "name": "monitoring"
          },
          "private": "eyJlMmJmYjczMC1lY2FhLTExZTYtOGY4OC0zNDM2M2JjN2M0YzAiOnsiZGVsZXRlIjozMDAwMDAwMDAwMDB9fQ==",
          "dependencies": [
            "aws_eks_cluster.eks",
            "aws_eks_node_group.default",
            "aws_iam_role.eks_cluster",
            "aws_iam_role.eks_nodes",
            "aws_iam_role_policy_attachment.eks_cluster_policy",
            "aws_iam_role_policy_attachment.eks_cni_policy",
            "aws_iam_role_policy_attachment.eks_ecr_read",
            "aws_iam_role_policy_attachment.eks_vpc_resource_controller",
            "aws_iam_role_policy_attachment.eks_worker_node_policy",
            "aws_internet_gateway.eks",
            "aws_route_table.eks",
            "aws_route_table_association.eks",
            "aws_subnet.eks",
            "aws_vpc.eks",
            "azurerm_kubernetes_cluster.aks",
            "azurerm_resource_group.aks",
            "data.aws_availability_zones.available"
          ]
        }
      ]
    },
    {
      "mode": "managed",
      "type": "kubernetes_namespace",
      "name": "site24x7_labs",
      "provider": "provider[\"registry.terraform.io/hashicorp/kubernetes\"]",
      "instances": [
        {
          "schema_version": 0,
          "attributes": {
            "id": "site24x7-labs",
            "metadata": [
              {
                "annotations": {},
                "generate_name": "",
                "generation": 0,
                "labels": {
                  "app.kubernetes.io/part-of": "site24x7-labs"
                },
                "name": "site24x7-labs",
                "resource_version": "2538",
                "uid": "f2fa4482-b447-4add-9a98-4408d15b6416"
              }
            ],
            "timeouts": null,
            "wait_for_default_service_account": false
          },
          "sensitive_attributes": [],
          "identity_schema_version": 1,
          "identity": {
            "api_version": "v1",
            "kind": "Namespace",
            "name": "site24x7-labs"
          },
          "private": "eyJlMmJmYjczMC1lY2FhLTExZTYtOGY4OC0zNDM2M2JjN2M0YzAiOnsiZGVsZXRlIjozMDAwMDAwMDAwMDB9fQ==",
          "dependencies": [
            "aws_eks_cluster.eks",
            "aws_eks_node_group.default",
            "aws_iam_role.eks_cluster",
            "aws_iam_role.eks_nodes",
            "aws_iam_role_policy_attachment.eks_cluster_policy",
            "aws_iam_role_policy_attachment.eks_cni_policy",
            "aws_iam_role_policy_attachment.eks_ecr_read",
            "aws_iam_role_policy_attachment.eks_vpc_resource_controller",
            "aws_iam_role_policy_attachment.eks_worker_node_policy",
            "aws_internet_gateway.eks",
            "aws_route_table.eks",
            "aws_route_table_association.eks",
            "aws_subnet.eks",
            "aws_vpc.eks",
            "azurerm_kubernetes_cluster.aks",
            "azurerm_resource_group.aks",
            "data.aws_availability_zones.available",
            "helm_release.ingress_nginx",
            "kubernetes_cluster_role.apm_agent_role",
            "kubernetes_cluster_role.site24x7",
            "kubernetes_cluster_role.site24x7_ksm",
            "kubernetes_cluster_role_binding.apm_agent_rolebinding",
            "kubernetes_cluster_role_binding.site24x7",
            "kubernetes_cluster_role_binding.site24x7_ksm",
            "kubernetes_config_map.apm_apps_config",
            "kubernetes_config_map.site24x7",
            "kubernetes_config_map.zylkerkart_config",
            "kubernetes_daemonset.go_apm_exporter",
            "kubernetes_daemonset.site24x7_agent",
            "kubernetes_deployment.auth_service",
            "kubernetes_deployment.mysql",
            "kubernetes_deployment.order_service",
            "kubernetes_deployment.payment_service",
            "kubernetes_deployment.product_service",
            "kubernetes_deployment.redis",
            "kubernetes_deployment.search_service",
            "kubernetes_deployment.site24x7_ksm",
            "kubernetes_deployment.storefront",
            "kubernetes_ingress_v1.zylkerkart",
            "kubernetes_namespace.monitoring",
            "kubernetes_namespace.zylkerkart",
            "kubernetes_persistent_volume_claim.mysql_pvc",
            "kubernetes_secret.site24x7_agent",
            "kubernetes_service.mysql",
            "kubernetes_service.redis",
            "kubernetes_service_account.apm_agent_sa",
            "kubernetes_service_account.site24x7",
            "kubernetes_service_account.site24x7_ksm",
            "terraform_data.k8s_ready",
            "terraform_data.mysql_pvc_finalizer_cleanup",
            "terraform_data.site24x7_env_setup"
          ]
        }
      ]
    },
    {
      "mode": "managed",
      "type": "kubernetes_namespace",
      "name": "zylkerkart",
      "provider": "provider[\"registry.terraform.io/hashicorp/kubernetes\"]",
      "instances": [
        {
          "schema_version": 0,
          "attributes": {
            "id": "zylkerkart",
            "metadata": [
              {
                "annotations": {},
                "generate_name": "",
                "generation": 0,
                "labels": {
                  "app.kubernetes.io/part-of": "zylkerkart"
                },
                "name": "zylkerkart",
                "resource_version": "1280",
                "uid": "5d906f12-d469-4cbb-847a-a012f0386b54"
              }
            ],
            "timeouts": null,
            "wait_for_default_service_account": false
          },
          "sensitive_attributes": [],
          "identity_schema_version": 1,
          "identity": {
            "api_version": "v1",
            "kind": "Namespace",
            "name": "zylkerkart"
          },
          "private": "eyJlMmJmYjczMC1lY2FhLTExZTYtOGY4OC0zNDM2M2JjN2M0YzAiOnsiZGVsZXRlIjozMDAwMDAwMDAwMDB9fQ==",
          "dependencies": [
            "aws_eks_cluster.eks",
            "aws_eks_node_group.default",
            "aws_iam_role.eks_cluster",
            "aws_iam_role.eks_nodes",
            "aws_iam_role_policy_attachment.eks_cluster_policy",
            "aws_iam_role_policy_attachment.eks_cni_policy",
            "aws_iam_role_policy_attachment.eks_ecr_read",
            "aws_iam_role_policy_attachment.eks_vpc_resource_controller",
            "aws_iam_role_policy_attachment.eks_worker_node_policy",
            "aws_internet_gateway.eks",
            "aws_route_table.eks",
            "aws_route_table_association.eks",
            "aws_subnet.eks",
            "aws_vpc.eks",
            "azurerm_kubernetes_cluster.aks",
            "azurerm_resource_group.aks",
            "data.aws_availability_zones.available"
          ]
        }
      ]
    },
    {
      "mode": "managed",
      "type": "kubernetes_persistent_volume_claim",
      "name": "mysql_pvc",
      "provider": "provider[\"registry.terraform.io/hashicorp/kubernetes\"]",
      "instances": [
        {
          "schema_version": 0,
          "attributes": {
            "id": "zylkerkart/mysql-pvc",
            "metadata": [
              {
                "annotations": {},
                "generate_name": "",
                "generation": 0,
                "labels": {},
                "name": "mysql-pvc",
                "namespace": "zylkerkart",
                "resource_version": "1636",
                "uid": "02445c8e-450c-45ff-aa4b-93eb3fef1d4b"
              }
            ],
            "spec": [
              {
                "access_modes": [
                  "ReadWriteOnce"
                ],
                "resources": [
                  {
                    "limits": {},
                    "requests": {
                      "storage": "5Gi"
                    }
                  }
                ],
                "selector": [],
                "storage_class_name": "gp2",
                "volume_mode": "Filesystem",
                "volume_name": "pvc-02445c8e-450c-45ff-aa4b-93eb3fef1d4b"
              }
            ],
            "timeouts": null,
            "wait_until_bound": false
          },
          "sensitive_attributes": [],
          "identity_schema_version": 0,
          "private": "eyJlMmJmYjczMC1lY2FhLTExZTYtOGY4OC0zNDM2M2JjN2M0YzAiOnsiY3JlYXRlIjozMDAwMDAwMDAwMDB9fQ==",
          "dependencies": [
            "aws_eks_cluster.eks",
            "aws_eks_node_group.default",
            "aws_iam_role.eks_cluster",
            "aws_iam_role.eks_nodes",
            "aws_iam_role_policy_attachment.eks_cluster_policy",
            "aws_iam_role_policy_attachment.eks_cni_policy",
            "aws_iam_role_policy_attachment.eks_ecr_read",
            "aws_iam_role_policy_attachment.eks_vpc_resource_controller",
            "aws_iam_role_policy_attachment.eks_worker_node_policy",
            "aws_internet_gateway.eks",
            "aws_route_table.eks",
            "aws_route_table_association.eks",
            "aws_subnet.eks",
            "aws_vpc.eks",
            "azurerm_kubernetes_cluster.aks",
            "azurerm_resource_group.aks",
            "data.aws_availability_zones.available",
            "kubernetes_namespace.zylkerkart"
          ]
        }
      ]
    },
    {
      "mode": "managed",
      "type": "kubernetes_secret",
      "name": "site24x7_agent",
      "provider": "provider[\"registry.terraform.io/hashicorp/kubernetes\"]",
      "instances": [
        {
          "index_key": 0,
          "schema_version": 0,
          "attributes": {
            "binary_data": null,
            "binary_data_wo": null,
            "binary_data_wo_revision": null,
            "data": {
              "KEY": "eu_23c74cf5bd4e2ecf8c60bf1fabcb84b2"
            },
            "data_wo": null,
            "data_wo_revision": null,
            "id": "default/site24x7-agent",
            "immutable": false,
            "metadata": [
              {
                "annotations": {},
                "generate_name": "",
                "generation": 0,
                "labels": {},
                "name": "site24x7-agent",
                "namespace": "default",
                "resource_version": "875",
                "uid": "f96aa33e-d600-4d48-b638-fef69c9d14c8"
              }
            ],
            "timeouts": null,
            "type": "Opaque",
            "wait_for_service_account_token": true
          },
          "sensitive_attributes": [
            [
              {
                "type": "get_attr",
                "value": "binary_data"
              }
            ],
            [
              {
                "type": "get_attr",
                "value": "data"
              }
            ],
            [
              {
                "type": "get_attr",
                "value": "data"
              },
              {
                "type": "index",
                "value": {
                  "value": "KEY",
                  "type": "string"
                }
              }
            ]
          ],
          "identity_schema_version": 1,
          "identity": {
            "api_version": "v1",
            "kind": "Secret",
            "name": "site24x7-agent",
            "namespace": "default"
          },
          "private": "eyJlMmJmYjczMC1lY2FhLTExZTYtOGY4OC0zNDM2M2JjN2M0YzAiOnsiY3JlYXRlIjo2MDAwMDAwMDAwMH19",
          "dependencies": [
            "aws_eks_cluster.eks",
            "aws_iam_role.eks_cluster",
            "aws_iam_role_policy_attachment.eks_cluster_policy",
            "aws_iam_role_policy_attachment.eks_vpc_resource_controller",
            "aws_internet_gateway.eks",
            "aws_route_table.eks",
            "aws_route_table_association.eks",
            "aws_subnet.eks",
            "aws_vpc.eks",
            "azurerm_kubernetes_cluster.aks",
            "azurerm_resource_group.aks",
            "data.aws_availability_zones.available"
          ]
        }
      ]
    },
    {
      "mode": "managed",
      "type": "kubernetes_secret",
      "name": "site24x7_agent_token",
      "provider": "provider[\"registry.terraform.io/hashicorp/kubernetes\"]",
      "instances": [
        {
          "schema_version": 0,
          "attributes": {
            "binary_data": null,
            "binary_data_wo": null,
            "binary_data_wo_revision": null,
            "data": {
              "AGENT_TOKEN": "s24x7_at_5030234a3fac0b907387a18f2ead0ed72a1182726277e3ebeb95691c2dad789b"
            },
            "data_wo": null,
            "data_wo_revision": null,
            "id": "site24x7-labs/site24x7-labs-agent-secret",
            "immutable": false,
            "metadata": [
              {
                "annotations": {},
                "generate_name": "",
                "generation": 0,
                "labels": {},
                "name": "site24x7-labs-agent-secret",
                "namespace": "site24x7-labs",
                "resource_version": "2546",
                "uid": "939c6441-0390-4237-9a26-f25d50f15f05"
              }
            ],
            "timeouts": null,
            "type": "Opaque",
            "wait_for_service_account_token": true
          },
          "sensitive_attributes": [
            [
              {
                "type": "get_attr",
                "value": "binary_data"
              }
            ],
            [
              {
                "type": "get_attr",
                "value": "data"
              }
            ]
          ],
          "identity_schema_version": 1,
          "identity": {
            "api_version": "v1",
            "kind": "Secret",
            "name": "site24x7-labs-agent-secret",
            "namespace": "site24x7-labs"
          },
          "private": "eyJlMmJmYjczMC1lY2FhLTExZTYtOGY4OC0zNDM2M2JjN2M0YzAiOnsiY3JlYXRlIjo2MDAwMDAwMDAwMH19",
          "dependencies": [
            "aws_eks_cluster.eks",
            "aws_eks_node_group.default",
            "aws_iam_role.eks_cluster",
            "aws_iam_role.eks_nodes",
            "aws_iam_role_policy_attachment.eks_cluster_policy",
            "aws_iam_role_policy_attachment.eks_cni_policy",
            "aws_iam_role_policy_attachment.eks_ecr_read",
            "aws_iam_role_policy_attachment.eks_vpc_resource_controller",
            "aws_iam_role_policy_attachment.eks_worker_node_policy",
            "aws_internet_gateway.eks",
            "aws_route_table.eks",
            "aws_route_table_association.eks",
            "aws_subnet.eks",
            "aws_vpc.eks",
            "azurerm_kubernetes_cluster.aks",
            "azurerm_resource_group.aks",
            "data.aws_availability_zones.available",
            "data.local_file.site24x7_env_output",
            "helm_release.ingress_nginx",
            "kubernetes_cluster_role.apm_agent_role",
            "kubernetes_cluster_role.site24x7",
            "kubernetes_cluster_role.site24x7_ksm",
            "kubernetes_cluster_role_binding.apm_agent_rolebinding",
            "kubernetes_cluster_role_binding.site24x7",
            "kubernetes_cluster_role_binding.site24x7_ksm",
            "kubernetes_config_map.apm_apps_config",
            "kubernetes_config_map.site24x7",
            "kubernetes_config_map.zylkerkart_config",
            "kubernetes_daemonset.go_apm_exporter",
            "kubernetes_daemonset.site24x7_agent",
            "kubernetes_deployment.auth_service",
            "kubernetes_deployment.mysql",
            "kubernetes_deployment.order_service",
            "kubernetes_deployment.payment_service",
            "kubernetes_deployment.product_service",
            "kubernetes_deployment.redis",
            "kubernetes_deployment.search_service",
            "kubernetes_deployment.site24x7_ksm",
            "kubernetes_deployment.storefront",
            "kubernetes_ingress_v1.zylkerkart",
            "kubernetes_namespace.monitoring",
            "kubernetes_namespace.site24x7_labs",
            "kubernetes_namespace.zylkerkart",
            "kubernetes_persistent_volume_claim.mysql_pvc",
            "kubernetes_secret.site24x7_agent",
            "kubernetes_service.mysql",
            "kubernetes_service.redis",
            "kubernetes_service_account.apm_agent_sa",
            "kubernetes_service_account.site24x7",
            "kubernetes_service_account.site24x7_ksm",
            "terraform_data.k8s_ready",
            "terraform_data.mysql_pvc_finalizer_cleanup",
            "terraform_data.site24x7_env_setup"
          ]
        }
      ]
    },
    {
      "mode": "managed",
      "type": "kubernetes_service",
      "name": "auth_service",
      "provider": "provider[\"registry.terraform.io/hashicorp/kubernetes\"]",
      "instances": [
        {
          "schema_version": 1,
          "attributes": {
            "id": "zylkerkart/auth-service",
            "metadata": [
              {
                "annotations": {},
                "generate_name": "",
                "generation": 0,
                "labels": {},
                "name": "auth-service",
                "namespace": "zylkerkart",
                "resource_version": "1350",
                "uid": "e0cad8fd-5934-4433-a3f5-ee7f6c9c53c5"
              }
            ],
            "spec": [
              {
                "allocate_load_balancer_node_ports": true,
                "cluster_ip": "172.20.121.255",
                "cluster_ips": [
                  "172.20.121.255"
                ],
                "external_ips": [],
                "external_name": "",
                "external_traffic_policy": "",
                "health_check_node_port": 0,
                "internal_traffic_policy": "Cluster",
                "ip_families": [
                  "IPv4"
                ],
                "ip_family_policy": "SingleStack",
                "load_balancer_class": "",
                "load_balancer_ip": "",
                "load_balancer_source_ranges": [],
                "port": [
                  {
                    "app_protocol": "",
                    "name": "",
                    "node_port": 0,
                    "port": 8085,
                    "protocol": "TCP",
                    "target_port": "8085"
                  }
                ],
                "publish_not_ready_addresses": false,
                "selector": {
                  "app": "auth-service"
                },
                "session_affinity": "None",
                "session_affinity_config": [],
                "type": "ClusterIP"
              }
            ],
            "status": [
              {
                "load_balancer": [
                  {
                    "ingress": []
                  }
                ]
              }
            ],
            "timeouts": null,
            "wait_for_load_balancer": true
          },
          "sensitive_attributes": [],
          "identity_schema_version": 1,
          "identity": {
            "api_version": "v1",
            "kind": "Service",
            "name": "auth-service",
            "namespace": "zylkerkart"
          },
          "private": "eyJlMmJmYjczMC1lY2FhLTExZTYtOGY4OC0zNDM2M2JjN2M0YzAiOnsiY3JlYXRlIjo2MDAwMDAwMDAwMDB9LCJzY2hlbWFfdmVyc2lvbiI6IjEifQ==",
          "dependencies": [
            "aws_eks_cluster.eks",
            "aws_eks_node_group.default",
            "aws_iam_role.eks_cluster",
            "aws_iam_role.eks_nodes",
            "aws_iam_role_policy_attachment.eks_cluster_policy",
            "aws_iam_role_policy_attachment.eks_cni_policy",
            "aws_iam_role_policy_attachment.eks_ecr_read",
            "aws_iam_role_policy_attachment.eks_vpc_resource_controller",
            "aws_iam_role_policy_attachment.eks_worker_node_policy",
            "aws_internet_gateway.eks",
            "aws_route_table.eks",
            "aws_route_table_association.eks",
            "aws_subnet.eks",
            "aws_vpc.eks",
            "azurerm_kubernetes_cluster.aks",
            "azurerm_resource_group.aks",
            "data.aws_availability_zones.available",
            "kubernetes_namespace.zylkerkart"
          ]
        }
      ]
    },
    {
      "mode": "managed",
      "type": "kubernetes_service",
      "name": "mysql",
      "provider": "provider[\"registry.terraform.io/hashicorp/kubernetes\"]",
      "instances": [
        {
          "schema_version": 1,
          "attributes": {
            "id": "zylkerkart/mysql",
            "metadata": [
              {
                "annotations": {},
                "generate_name": "",
                "generation": 0,
                "labels": {},
                "name": "mysql",
                "namespace": "zylkerkart",
                "resource_version": "1334",
                "uid": "d20e5540-ac63-4193-b67c-6f81698adb02"
              }
            ],
            "spec": [
              {
                "allocate_load_balancer_node_ports": true,
                "cluster_ip": "None",
                "cluster_ips": [
                  "None"
                ],
                "external_ips": [],
                "external_name": "",
                "external_traffic_policy": "",
                "health_check_node_port": 0,
                "internal_traffic_policy": "Cluster",
                "ip_families": [
                  "IPv4"
                ],
                "ip_family_policy": "SingleStack",
                "load_balancer_class": "",
                "load_balancer_ip": "",
                "load_balancer_source_ranges": [],
                "port": [
                  {
                    "app_protocol": "",
                    "name": "",
                    "node_port": 0,
                    "port": 3306,
                    "protocol": "TCP",
                    "target_port": "3306"
                  }
                ],
                "publish_not_ready_addresses": false,
                "selector": {
                  "app": "mysql"
                },
                "session_affinity": "None",
                "session_affinity_config": [],
                "type": "ClusterIP"
              }
            ],
            "status": [
              {
                "load_balancer": [
                  {
                    "ingress": []
                  }
                ]
              }
            ],
            "timeouts": null,
            "wait_for_load_balancer": true
          },
          "sensitive_attributes": [],
          "identity_schema_version": 1,
          "identity": {
            "api_version": "v1",
            "kind": "Service",
            "name": "mysql",
            "namespace": "zylkerkart"
          },
          "private": "eyJlMmJmYjczMC1lY2FhLTExZTYtOGY4OC0zNDM2M2JjN2M0YzAiOnsiY3JlYXRlIjo2MDAwMDAwMDAwMDB9LCJzY2hlbWFfdmVyc2lvbiI6IjEifQ==",
          "dependencies": [
            "aws_eks_cluster.eks",
            "aws_eks_node_group.default",
            "aws_iam_role.eks_cluster",
            "aws_iam_role.eks_nodes",
            "aws_iam_role_policy_attachment.eks_cluster_policy",
            "aws_iam_role_policy_attachment.eks_cni_policy",
            "aws_iam_role_policy_attachment.eks_ecr_read",
            "aws_iam_role_policy_attachment.eks_vpc_resource_controller",
            "aws_iam_role_policy_attachment.eks_worker_node_policy",
            "aws_internet_gateway.eks",
            "aws_route_table.eks",
            "aws_route_table_association.eks",
            "aws_subnet.eks",
            "aws_vpc.eks",
            "azurerm_kubernetes_cluster.aks",
            "azurerm_resource_group.aks",
            "data.aws_availability_zones.available",
            "kubernetes_namespace.zylkerkart"
          ]
        }
      ]
    },
    {
      "mode": "managed",
      "type": "kubernetes_service",
      "name": "order_service",
      "provider": "provider[\"registry.terraform.io/hashicorp/kubernetes\"]",
      "instances": [
        {
          "schema_version": 1,
          "attributes": {
            "id": "zylkerkart/order-service",
            "metadata": [
              {
                "annotations": {},
                "generate_name": "",
                "generation": 0,
                "labels": {},
                "name": "order-service",
                "namespace": "zylkerkart",
                "resource_version": "1305",
                "uid": "55c505de-5bdc-4608-b130-396be9a4a1d2"
              }
            ],
            "spec": [
              {
                "allocate_load_balancer_node_ports": true,
                "cluster_ip": "172.20.183.202",
                "cluster_ips": [
                  "172.20.183.202"
                ],
                "external_ips": [],
                "external_name": "",
                "external_traffic_policy": "",
                "health_check_node_port": 0,
                "internal_traffic_policy": "Cluster",
                "ip_families": [
                  "IPv4"
                ],
                "ip_family_policy": "SingleStack",
                "load_balancer_class": "",
                "load_balancer_ip": "",
                "load_balancer_source_ranges": [],
                "port": [
                  {
                    "app_protocol": "",
                    "name": "",
                    "node_port": 0,
                    "port": 8082,
                    "protocol": "TCP",
                    "target_port": "8082"
                  }
                ],
                "publish_not_ready_addresses": false,
                "selector": {
                  "app": "order-service"
                },
                "session_affinity": "None",
                "session_affinity_config": [],
                "type": "ClusterIP"
              }
            ],
            "status": [
              {
                "load_balancer": [
                  {
                    "ingress": []
                  }
                ]
              }
            ],
            "timeouts": null,
            "wait_for_load_balancer": true
          },
          "sensitive_attributes": [],
          "identity_schema_version": 1,
          "identity": {
            "api_version": "v1",
            "kind": "Service",
            "name": "order-service",
            "namespace": "zylkerkart"
          },
          "private": "eyJlMmJmYjczMC1lY2FhLTExZTYtOGY4OC0zNDM2M2JjN2M0YzAiOnsiY3JlYXRlIjo2MDAwMDAwMDAwMDB9LCJzY2hlbWFfdmVyc2lvbiI6IjEifQ==",
          "dependencies": [
            "aws_eks_cluster.eks",
            "aws_eks_node_group.default",
            "aws_iam_role.eks_cluster",
            "aws_iam_role.eks_nodes",
            "aws_iam_role_policy_attachment.eks_cluster_policy",
            "aws_iam_role_policy_attachment.eks_cni_policy",
            "aws_iam_role_policy_attachment.eks_ecr_read",
            "aws_iam_role_policy_attachment.eks_vpc_resource_controller",
            "aws_iam_role_policy_attachment.eks_worker_node_policy",
            "aws_internet_gateway.eks",
            "aws_route_table.eks",
            "aws_route_table_association.eks",
            "aws_subnet.eks",
            "aws_vpc.eks",
            "azurerm_kubernetes_cluster.aks",
            "azurerm_resource_group.aks",
            "data.aws_availability_zones.available",
            "kubernetes_namespace.zylkerkart"
          ]
        }
      ]
    },
    {
      "mode": "managed",
      "type": "kubernetes_service",
      "name": "payment_service",
      "provider": "provider[\"registry.terraform.io/hashicorp/kubernetes\"]",
      "instances": [
        {
          "schema_version": 1,
          "attributes": {
            "id": "zylkerkart/payment-service",
            "metadata": [
              {
                "annotations": {},
                "generate_name": "",
                "generation": 0,
                "labels": {},
                "name": "payment-service",
                "namespace": "zylkerkart",
                "resource_version": "1302",
                "uid": "904036a6-3328-4c59-8dc6-be45c0a3ca14"
              }
            ],
            "spec": [
              {
                "allocate_load_balancer_node_ports": true,
                "cluster_ip": "172.20.166.202",
                "cluster_ips": [
                  "172.20.166.202"
                ],
                "external_ips": [],
                "external_name": "",
                "external_traffic_policy": "",
                "health_check_node_port": 0,
                "internal_traffic_policy": "Cluster",
                "ip_families": [
                  "IPv4"
                ],
                "ip_family_policy": "SingleStack",
                "load_balancer_class": "",
                "load_balancer_ip": "",
                "load_balancer_source_ranges": [],
                "port": [
                  {
                    "app_protocol": "",
                    "name": "",
                    "node_port": 0,
                    "port": 8084,
                    "protocol": "TCP",
                    "target_port": "8084"
                  }
                ],
                "publish_not_ready_addresses": false,
                "selector": {
                  "app": "payment-service"
                },
                "session_affinity": "None",
                "session_affinity_config": [],
                "type": "ClusterIP"
              }
            ],
            "status": [
              {
                "load_balancer": [
                  {
                    "ingress": []
                  }
                ]
              }
            ],
            "timeouts": null,
            "wait_for_load_balancer": true
          },
          "sensitive_attributes": [],
          "identity_schema_version": 1,
          "identity": {
            "api_version": "v1",
            "kind": "Service",
            "name": "payment-service",
            "namespace": "zylkerkart"
          },
          "private": "eyJlMmJmYjczMC1lY2FhLTExZTYtOGY4OC0zNDM2M2JjN2M0YzAiOnsiY3JlYXRlIjo2MDAwMDAwMDAwMDB9LCJzY2hlbWFfdmVyc2lvbiI6IjEifQ==",
          "dependencies": [
            "aws_eks_cluster.eks",
            "aws_eks_node_group.default",
            "aws_iam_role.eks_cluster",
            "aws_iam_role.eks_nodes",
            "aws_iam_role_policy_attachment.eks_cluster_policy",
            "aws_iam_role_policy_attachment.eks_cni_policy",
            "aws_iam_role_policy_attachment.eks_ecr_read",
            "aws_iam_role_policy_attachment.eks_vpc_resource_controller",
            "aws_iam_role_policy_attachment.eks_worker_node_policy",
            "aws_internet_gateway.eks",
            "aws_route_table.eks",
            "aws_route_table_association.eks",
            "aws_subnet.eks",
            "aws_vpc.eks",
            "azurerm_kubernetes_cluster.aks",
            "azurerm_resource_group.aks",
            "data.aws_availability_zones.available",
            "kubernetes_namespace.zylkerkart"
          ]
        }
      ]
    },
    {
      "mode": "managed",
      "type": "kubernetes_service",
      "name": "product_service",
      "provider": "provider[\"registry.terraform.io/hashicorp/kubernetes\"]",
      "instances": [
        {
          "schema_version": 1,
          "attributes": {
            "id": "zylkerkart/product-service",
            "metadata": [
              {
                "annotations": {},
                "generate_name": "",
                "generation": 0,
                "labels": {},
                "name": "product-service",
                "namespace": "zylkerkart",
                "resource_version": "1341",
                "uid": "9a634adb-dee2-489c-a230-583bbaf0f913"
              }
            ],
            "spec": [
              {
                "allocate_load_balancer_node_ports": true,
                "cluster_ip": "172.20.246.150",
                "cluster_ips": [
                  "172.20.246.150"
                ],
                "external_ips": [],
                "external_name": "",
                "external_traffic_policy": "",
                "health_check_node_port": 0,
                "internal_traffic_policy": "Cluster",
                "ip_families": [
                  "IPv4"
                ],
                "ip_family_policy": "SingleStack",
                "load_balancer_class": "",
                "load_balancer_ip": "",
                "load_balancer_source_ranges": [],
                "port": [
                  {
                    "app_protocol": "",
                    "name": "",
                    "node_port": 0,
                    "port": 8081,
                    "protocol": "TCP",
                    "target_port": "8081"
                  }
                ],
                "publish_not_ready_addresses": false,
                "selector": {
                  "app": "product-service"
                },
                "session_affinity": "None",
                "session_affinity_config": [],
                "type": "ClusterIP"
              }
            ],
            "status": [
              {
                "load_balancer": [
                  {
                    "ingress": []
                  }
                ]
              }
            ],
            "timeouts": null,
            "wait_for_load_balancer": true
          },
          "sensitive_attributes": [],
          "identity_schema_version": 1,
          "identity": {
            "api_version": "v1",
            "kind": "Service",
            "name": "product-service",
            "namespace": "zylkerkart"
          },
          "private": "eyJlMmJmYjczMC1lY2FhLTExZTYtOGY4OC0zNDM2M2JjN2M0YzAiOnsiY3JlYXRlIjo2MDAwMDAwMDAwMDB9LCJzY2hlbWFfdmVyc2lvbiI6IjEifQ==",
          "dependencies": [
            "aws_eks_cluster.eks",
            "aws_eks_node_group.default",
            "aws_iam_role.eks_cluster",
            "aws_iam_role.eks_nodes",
            "aws_iam_role_policy_attachment.eks_cluster_policy",
            "aws_iam_role_policy_attachment.eks_cni_policy",
            "aws_iam_role_policy_attachment.eks_ecr_read",
            "aws_iam_role_policy_attachment.eks_vpc_resource_controller",
            "aws_iam_role_policy_attachment.eks_worker_node_policy",
            "aws_internet_gateway.eks",
            "aws_route_table.eks",
            "aws_route_table_association.eks",
            "aws_subnet.eks",
            "aws_vpc.eks",
            "azurerm_kubernetes_cluster.aks",
            "azurerm_resource_group.aks",
            "data.aws_availability_zones.available",
            "kubernetes_namespace.zylkerkart"
          ]
        }
      ]
    },
    {
      "mode": "managed",
      "type": "kubernetes_service",
      "name": "redis",
      "provider": "provider[\"registry.terraform.io/hashicorp/kubernetes\"]",
      "instances": [
        {
          "schema_version": 1,
          "attributes": {
            "id": "zylkerkart/redis",
            "metadata": [
              {
                "annotations": {},
                "generate_name": "",
                "generation": 0,
                "labels": {},
                "name": "redis",
                "namespace": "zylkerkart",
                "resource_version": "1344",
                "uid": "e5c33c56-2e60-4dcc-bcc3-89d320b34a1a"
              }
            ],
            "spec": [
              {
                "allocate_load_balancer_node_ports": true,
                "cluster_ip": "172.20.123.0",
                "cluster_ips": [
                  "172.20.123.0"
                ],
                "external_ips": [],
                "external_name": "",
                "external_traffic_policy": "",
                "health_check_node_port": 0,
                "internal_traffic_policy": "Cluster",
                "ip_families": [
                  "IPv4"
                ],
                "ip_family_policy": "SingleStack",
                "load_balancer_class": "",
                "load_balancer_ip": "",
                "load_balancer_source_ranges": [],
                "port": [
                  {
                    "app_protocol": "",
                    "name": "",
                    "node_port": 0,
                    "port": 6379,
                    "protocol": "TCP",
                    "target_port": "6379"
                  }
                ],
                "publish_not_ready_addresses": false,
                "selector": {
                  "app": "redis"
                },
                "session_affinity": "None",
                "session_affinity_config": [],
                "type": "ClusterIP"
              }
            ],
            "status": [
              {
                "load_balancer": [
                  {
                    "ingress": []
                  }
                ]
              }
            ],
            "timeouts": null,
            "wait_for_load_balancer": true
          },
          "sensitive_attributes": [],
          "identity_schema_version": 1,
          "identity": {
            "api_version": "v1",
            "kind": "Service",
            "name": "redis",
            "namespace": "zylkerkart"
          },
          "private": "eyJlMmJmYjczMC1lY2FhLTExZTYtOGY4OC0zNDM2M2JjN2M0YzAiOnsiY3JlYXRlIjo2MDAwMDAwMDAwMDB9LCJzY2hlbWFfdmVyc2lvbiI6IjEifQ==",
          "dependencies": [
            "aws_eks_cluster.eks",
            "aws_eks_node_group.default",
            "aws_iam_role.eks_cluster",
            "aws_iam_role.eks_nodes",
            "aws_iam_role_policy_attachment.eks_cluster_policy",
            "aws_iam_role_policy_attachment.eks_cni_policy",
            "aws_iam_role_policy_attachment.eks_ecr_read",
            "aws_iam_role_policy_attachment.eks_vpc_resource_controller",
            "aws_iam_role_policy_attachment.eks_worker_node_policy",
            "aws_internet_gateway.eks",
            "aws_route_table.eks",
            "aws_route_table_association.eks",
            "aws_subnet.eks",
            "aws_vpc.eks",
            "azurerm_kubernetes_cluster.aks",
            "azurerm_resource_group.aks",
            "data.aws_availability_zones.available",
            "kubernetes_namespace.zylkerkart"
          ]
        }
      ]
    },
    {
      "mode": "managed",
      "type": "kubernetes_service",
      "name": "search_service",
      "provider": "provider[\"registry.terraform.io/hashicorp/kubernetes\"]",
      "instances": [
        {
          "schema_version": 1,
          "attributes": {
            "id": "zylkerkart/search-service",
            "metadata": [
              {
                "annotations": {},
                "generate_name": "",
                "generation": 0,
                "labels": {},
                "name": "search-service",
                "namespace": "zylkerkart",
                "resource_version": "1308",
                "uid": "a74c24c4-f714-4276-b4a1-46699ba157d8"
              }
            ],
            "spec": [
              {
                "allocate_load_balancer_node_ports": true,
                "cluster_ip": "172.20.107.99",
                "cluster_ips": [
                  "172.20.107.99"
                ],
                "external_ips": [],
                "external_name": "",
                "external_traffic_policy": "",
                "health_check_node_port": 0,
                "internal_traffic_policy": "Cluster",
                "ip_families": [
                  "IPv4"
                ],
                "ip_family_policy": "SingleStack",
                "load_balancer_class": "",
                "load_balancer_ip": "",
                "load_balancer_source_ranges": [],
                "port": [
                  {
                    "app_protocol": "",
                    "name": "",
                    "node_port": 0,
                    "port": 8083,
                    "protocol": "TCP",
                    "target_port": "8083"
                  }
                ],
                "publish_not_ready_addresses": false,
                "selector": {
                  "app": "search-service"
                },
                "session_affinity": "None",
                "session_affinity_config": [],
                "type": "ClusterIP"
              }
            ],
            "status": [
              {
                "load_balancer": [
                  {
                    "ingress": []
                  }
                ]
              }
            ],
            "timeouts": null,
            "wait_for_load_balancer": true
          },
          "sensitive_attributes": [],
          "identity_schema_version": 1,
          "identity": {
            "api_version": "v1",
            "kind": "Service",
            "name": "search-service",
            "namespace": "zylkerkart"
          },
          "private": "eyJlMmJmYjczMC1lY2FhLTExZTYtOGY4OC0zNDM2M2JjN2M0YzAiOnsiY3JlYXRlIjo2MDAwMDAwMDAwMDB9LCJzY2hlbWFfdmVyc2lvbiI6IjEifQ==",
          "dependencies": [
            "aws_eks_cluster.eks",
            "aws_eks_node_group.default",
            "aws_iam_role.eks_cluster",
            "aws_iam_role.eks_nodes",
            "aws_iam_role_policy_attachment.eks_cluster_policy",
            "aws_iam_role_policy_attachment.eks_cni_policy",
            "aws_iam_role_policy_attachment.eks_ecr_read",
            "aws_iam_role_policy_attachment.eks_vpc_resource_controller",
            "aws_iam_role_policy_attachment.eks_worker_node_policy",
            "aws_internet_gateway.eks",
            "aws_route_table.eks",
            "aws_route_table_association.eks",
            "aws_subnet.eks",
            "aws_vpc.eks",
            "azurerm_kubernetes_cluster.aks",
            "azurerm_resource_group.aks",
            "data.aws_availability_zones.available",
            "kubernetes_namespace.zylkerkart"
          ]
        }
      ]
    },
    {
      "mode": "managed",
      "type": "kubernetes_service",
      "name": "site24x7_ksm",
      "provider": "provider[\"registry.terraform.io/hashicorp/kubernetes\"]",
      "instances": [
        {
          "index_key": 0,
          "schema_version": 1,
          "attributes": {
            "id": "default/site24x7-kube-state-metrics",
            "metadata": [
              {
                "annotations": {},
                "generate_name": "",
                "generation": 0,
                "labels": {
                  "app.kubernetes.io/component": "exporter",
                  "app.kubernetes.io/name": "site24x7-kube-state-metrics",
                  "app.kubernetes.io/version": "2.9.2"
                },
                "name": "site24x7-kube-state-metrics",
                "namespace": "default",
                "resource_version": "869",
                "uid": "afccbce9-c4e0-4f9a-8a1b-4c947d4abfac"
              }
            ],
            "spec": [
              {
                "allocate_load_balancer_node_ports": true,
                "cluster_ip": "None",
                "cluster_ips": [
                  "None"
                ],
                "external_ips": [],
                "external_name": "",
                "external_traffic_policy": "",
                "health_check_node_port": 0,
                "internal_traffic_policy": "Cluster",
                "ip_families": [
                  "IPv4"
                ],
                "ip_family_policy": "SingleStack",
                "load_balancer_class": "",
                "load_balancer_ip": "",
                "load_balancer_source_ranges": [],
                "port": [
                  {
                    "app_protocol": "",
                    "name": "http-metrics",
                    "node_port": 0,
                    "port": 8080,
                    "protocol": "TCP",
                    "target_port": "http-metrics"
                  },
                  {
                    "app_protocol": "",
                    "name": "telemetry",
                    "node_port": 0,
                    "port": 8081,
                    "protocol": "TCP",
                    "target_port": "telemetry"
                  }
                ],
                "publish_not_ready_addresses": false,
                "selector": {
                  "app.kubernetes.io/name": "site24x7-kube-state-metrics"
                },
                "session_affinity": "None",
                "session_affinity_config": [],
                "type": "ClusterIP"
              }
            ],
            "status": [
              {
                "load_balancer": [
                  {
                    "ingress": []
                  }
                ]
              }
            ],
            "timeouts": null,
            "wait_for_load_balancer": true
          },
          "sensitive_attributes": [],
          "identity_schema_version": 1,
          "identity": {
            "api_version": "v1",
            "kind": "Service",
            "name": "site24x7-kube-state-metrics",
            "namespace": "default"
          },
          "private": "eyJlMmJmYjczMC1lY2FhLTExZTYtOGY4OC0zNDM2M2JjN2M0YzAiOnsiY3JlYXRlIjo2MDAwMDAwMDAwMDB9LCJzY2hlbWFfdmVyc2lvbiI6IjEifQ==",
          "dependencies": [
            "aws_eks_cluster.eks",
            "aws_iam_role.eks_cluster",
            "aws_iam_role_policy_attachment.eks_cluster_policy",
            "aws_iam_role_policy_attachment.eks_vpc_resource_controller",
            "aws_internet_gateway.eks",
            "aws_route_table.eks",
            "aws_route_table_association.eks",
            "aws_subnet.eks",
            "aws_vpc.eks",
            "azurerm_kubernetes_cluster.aks",
            "azurerm_resource_group.aks",
            "data.aws_availability_zones.available"
          ]
        }
      ]
    },
    {
      "mode": "managed",
      "type": "kubernetes_service",
      "name": "storefront",
      "provider": "provider[\"registry.terraform.io/hashicorp/kubernetes\"]",
      "instances": [
        {
          "schema_version": 1,
          "attributes": {
            "id": "zylkerkart/storefront",
            "metadata": [
              {
                "annotations": {},
                "generate_name": "",
                "generation": 0,
                "labels": {},
                "name": "storefront",
                "namespace": "zylkerkart",
                "resource_version": "1384",
                "uid": "94a3360c-af4f-4c19-a577-a765ee55c965"
              }
            ],
            "spec": [
              {
                "allocate_load_balancer_node_ports": true,
                "cluster_ip": "172.20.246.246",
                "cluster_ips": [
                  "172.20.246.246"
                ],
                "external_ips": [],
                "external_name": "",
                "external_traffic_policy": "Cluster",
                "health_check_node_port": 0,
                "internal_traffic_policy": "Cluster",
                "ip_families": [
                  "IPv4"
                ],
                "ip_family_policy": "SingleStack",
                "load_balancer_class": "",
                "load_balancer_ip": "",
                "load_balancer_source_ranges": [],
                "port": [
                  {
                    "app_protocol": "",
                    "name": "",
                    "node_port": 31118,
                    "port": 80,
                    "protocol": "TCP",
                    "target_port": "8080"
                  }
                ],
                "publish_not_ready_addresses": false,
                "selector": {
                  "app": "storefront"
                },
                "session_affinity": "None",
                "session_affinity_config": [],
                "type": "LoadBalancer"
              }
            ],
            "status": [
              {
                "load_balancer": [
                  {
                    "ingress": [
                      {
                        "hostname": "a94a3360caf4f4c19a577a765ee55c96-118489966.us-east-2.elb.amazonaws.com",
                        "ip": ""
                      }
                    ]
                  }
                ]
              }
            ],
            "timeouts": null,
            "wait_for_load_balancer": true
          },
          "sensitive_attributes": [],
          "identity_schema_version": 1,
          "identity": {
            "api_version": "v1",
            "kind": "Service",
            "name": "storefront",
            "namespace": "zylkerkart"
          },
          "private": "eyJlMmJmYjczMC1lY2FhLTExZTYtOGY4OC0zNDM2M2JjN2M0YzAiOnsiY3JlYXRlIjo2MDAwMDAwMDAwMDB9LCJzY2hlbWFfdmVyc2lvbiI6IjEifQ==",
          "dependencies": [
            "aws_eks_cluster.eks",
            "aws_eks_node_group.default",
            "aws_iam_role.eks_cluster",
            "aws_iam_role.eks_nodes",
            "aws_iam_role_policy_attachment.eks_cluster_policy",
            "aws_iam_role_policy_attachment.eks_cni_policy",
            "aws_iam_role_policy_attachment.eks_ecr_read",
            "aws_iam_role_policy_attachment.eks_vpc_resource_controller",
            "aws_iam_role_policy_attachment.eks_worker_node_policy",
            "aws_internet_gateway.eks",
            "aws_route_table.eks",
            "aws_route_table_association.eks",
            "aws_subnet.eks",
            "aws_vpc.eks",
            "azurerm_kubernetes_cluster.aks",
            "azurerm_resource_group.aks",
            "data.aws_availability_zones.available",
            "kubernetes_namespace.zylkerkart"
          ]
        }
      ]
    },
    {
      "mode": "managed",
      "type": "kubernetes_service_account",
      "name": "apm_agent_sa",
      "provider": "provider[\"registry.terraform.io/hashicorp/kubernetes\"]",
      "instances": [
        {
          "index_key": 0,
          "schema_version": 0,
          "attributes": {
            "automount_service_account_token": true,
            "default_secret_name": "",
            "id": "monitoring/apm-agent-sa",
            "image_pull_secret": [],
            "metadata": [
              {
                "annotations": {},
                "generate_name": "",
                "generation": 0,
                "labels": {},
                "name": "apm-agent-sa",
                "namespace": "monitoring",
                "resource_version": "1291",
                "uid": "12b0e742-9005-42ef-9862-92277202f863"
              }
            ],
            "secret": [],
            "timeouts": null
          },
          "sensitive_attributes": [],
          "identity_schema_version": 1,
          "identity": {
            "api_version": "v1",
            "kind": "ServiceAccount",
            "name": "apm-agent-sa",
            "namespace": "monitoring"
          },
          "private": "eyJlMmJmYjczMC1lY2FhLTExZTYtOGY4OC0zNDM2M2JjN2M0YzAiOnsiY3JlYXRlIjozMDAwMDAwMDAwMH19",
          "dependencies": [
            "aws_eks_cluster.eks",
            "aws_eks_node_group.default",
            "aws_iam_role.eks_cluster",
            "aws_iam_role.eks_nodes",
            "aws_iam_role_policy_attachment.eks_cluster_policy",
            "aws_iam_role_policy_attachment.eks_cni_policy",
            "aws_iam_role_policy_attachment.eks_ecr_read",
            "aws_iam_role_policy_attachment.eks_vpc_resource_controller",
            "aws_iam_role_policy_attachment.eks_worker_node_policy",
            "aws_internet_gateway.eks",
            "aws_route_table.eks",
            "aws_route_table_association.eks",
            "aws_subnet.eks",
            "aws_vpc.eks",
            "azurerm_kubernetes_cluster.aks",
            "azurerm_resource_group.aks",
            "data.aws_availability_zones.available",
            "kubernetes_namespace.monitoring"
          ]
        }
      ]
    },
    {
      "mode": "managed",
      "type": "kubernetes_service_account",
      "name": "site24x7",
      "provider": "provider[\"registry.terraform.io/hashicorp/kubernetes\"]",
      "instances": [
        {
          "index_key": 0,
          "schema_version": 0,
          "attributes": {
            "automount_service_account_token": true,
            "default_secret_name": "",
            "id": "default/site24x7",
            "image_pull_secret": [],
            "metadata": [
              {
                "annotations": {},
                "generate_name": "",
                "generation": 0,
                "labels": {},
                "name": "site24x7",
                "namespace": "default",
                "resource_version": "873",
                "uid": "1da6226a-3b17-4805-aff2-cbd332fdc7dc"
              }
            ],
            "secret": [],
            "timeouts": null
          },
          "sensitive_attributes": [],
          "identity_schema_version": 1,
          "identity": {
            "api_version": "v1",
            "kind": "ServiceAccount",
            "name": "site24x7",
            "namespace": "default"
          },
          "private": "eyJlMmJmYjczMC1lY2FhLTExZTYtOGY4OC0zNDM2M2JjN2M0YzAiOnsiY3JlYXRlIjozMDAwMDAwMDAwMH19",
          "dependencies": [
            "aws_eks_cluster.eks",
            "aws_iam_role.eks_cluster",
            "aws_iam_role_policy_attachment.eks_cluster_policy",
            "aws_iam_role_policy_attachment.eks_vpc_resource_controller",
            "aws_internet_gateway.eks",
            "aws_route_table.eks",
            "aws_route_table_association.eks",
            "aws_subnet.eks",
            "aws_vpc.eks",
            "azurerm_kubernetes_cluster.aks",
            "azurerm_resource_group.aks",
            "data.aws_availability_zones.available"
          ]
        }
      ]
    },
    {
      "mode": "managed",
      "type": "kubernetes_service_account",
      "name": "site24x7_agent",
      "provider": "provider[\"registry.terraform.io/hashicorp/kubernetes\"]",
      "instances": [
        {
          "schema_version": 0,
          "attributes": {
            "automount_service_account_token": true,
            "default_secret_name": "",
            "id": "site24x7-labs/site24x7-labs-agent",
            "image_pull_secret": [],
            "metadata": [
              {
                "annotations": {},
                "generate_name": "",
                "generation": 0,
                "labels": {
                  "app.kubernetes.io/component": "agent",
                  "app.kubernetes.io/part-of": "site24x7-labs"
                },
                "name": "site24x7-labs-agent",
                "namespace": "site24x7-labs",
                "resource_version": "2545",
                "uid": "2f66d9d5-9df7-410b-b368-073b14c6c72c"
              }
            ],
            "secret": [],
            "timeouts": null
          },
          "sensitive_attributes": [],
          "identity_schema_version": 1,
          "identity": {
            "api_version": "v1",
            "kind": "ServiceAccount",
            "name": "site24x7-labs-agent",
            "namespace": "site24x7-labs"
          },
          "private": "eyJlMmJmYjczMC1lY2FhLTExZTYtOGY4OC0zNDM2M2JjN2M0YzAiOnsiY3JlYXRlIjozMDAwMDAwMDAwMH19",
          "dependencies": [
            "aws_eks_cluster.eks",
            "aws_eks_node_group.default",
            "aws_iam_role.eks_cluster",
            "aws_iam_role.eks_nodes",
            "aws_iam_role_policy_attachment.eks_cluster_policy",
            "aws_iam_role_policy_attachment.eks_cni_policy",
            "aws_iam_role_policy_attachment.eks_ecr_read",
            "aws_iam_role_policy_attachment.eks_vpc_resource_controller",
            "aws_iam_role_policy_attachment.eks_worker_node_policy",
            "aws_internet_gateway.eks",
            "aws_route_table.eks",
            "aws_route_table_association.eks",
            "aws_subnet.eks",
            "aws_vpc.eks",
            "azurerm_kubernetes_cluster.aks",
            "azurerm_resource_group.aks",
            "data.aws_availability_zones.available",
            "helm_release.ingress_nginx",
            "kubernetes_cluster_role.apm_agent_role",
            "kubernetes_cluster_role.site24x7",
            "kubernetes_cluster_role.site24x7_ksm",
            "kubernetes_cluster_role_binding.apm_agent_rolebinding",
            "kubernetes_cluster_role_binding.site24x7",
            "kubernetes_cluster_role_binding.site24x7_ksm",
            "kubernetes_config_map.apm_apps_config",
            "kubernetes_config_map.site24x7",
            "kubernetes_config_map.zylkerkart_config",
            "kubernetes_daemonset.go_apm_exporter",
            "kubernetes_daemonset.site24x7_agent",
            "kubernetes_deployment.auth_service",
            "kubernetes_deployment.mysql",
            "kubernetes_deployment.order_service",
            "kubernetes_deployment.payment_service",
            "kubernetes_deployment.product_service",
            "kubernetes_deployment.redis",
            "kubernetes_deployment.search_service",
            "kubernetes_deployment.site24x7_ksm",
            "kubernetes_deployment.storefront",
            "kubernetes_ingress_v1.zylkerkart",
            "kubernetes_namespace.monitoring",
            "kubernetes_namespace.site24x7_labs",
            "kubernetes_namespace.zylkerkart",
            "kubernetes_persistent_volume_claim.mysql_pvc",
            "kubernetes_secret.site24x7_agent",
            "kubernetes_service.mysql",
            "kubernetes_service.redis",
            "kubernetes_service_account.apm_agent_sa",
            "kubernetes_service_account.site24x7",
            "kubernetes_service_account.site24x7_ksm",
            "terraform_data.k8s_ready",
            "terraform_data.mysql_pvc_finalizer_cleanup",
            "terraform_data.site24x7_env_setup"
          ]
        }
      ]
    },
    {
      "mode": "managed",
      "type": "kubernetes_service_account",
      "name": "site24x7_ksm",
      "provider": "provider[\"registry.terraform.io/hashicorp/kubernetes\"]",
      "instances": [
        {
          "index_key": 0,
          "schema_version": 0,
          "attributes": {
            "automount_service_account_token": false,
            "default_secret_name": "",
            "id": "default/site24x7-kube-state-metrics",
            "image_pull_secret": [],
            "metadata": [
              {
                "annotations": {},
                "generate_name": "",
                "generation": 0,
                "labels": {
                  "app.kubernetes.io/component": "exporter",
                  "app.kubernetes.io/name": "site24x7-kube-state-metrics",
                  "app.kubernetes.io/version": "2.9.2"
                },
                "name": "site24x7-kube-state-metrics",
                "namespace": "default",
                "resource_version": "874",
                "uid": "7eea0745-5705-4089-a5ea-b710a4e0896d"
              }
            ],
            "secret": [],
            "timeouts": null
          },
          "sensitive_attributes": [],
          "identity_schema_version": 1,
          "identity": {
            "api_version": "v1",
            "kind": "ServiceAccount",
            "name": "site24x7-kube-state-metrics",
            "namespace": "default"
          },
          "private": "eyJlMmJmYjczMC1lY2FhLTExZTYtOGY4OC0zNDM2M2JjN2M0YzAiOnsiY3JlYXRlIjozMDAwMDAwMDAwMH19",
          "dependencies": [
            "aws_eks_cluster.eks",
            "aws_iam_role.eks_cluster",
            "aws_iam_role_policy_attachment.eks_cluster_policy",
            "aws_iam_role_policy_attachment.eks_vpc_resource_controller",
            "aws_internet_gateway.eks",
            "aws_route_table.eks",
            "aws_route_table_association.eks",
            "aws_subnet.eks",
            "aws_vpc.eks",
            "azurerm_kubernetes_cluster.aks",
            "azurerm_resource_group.aks",
            "data.aws_availability_zones.available"
          ]
        }
      ]
    },
    {
      "mode": "managed",
      "type": "local_file",
      "name": "dashboard_widgets",
      "provider": "provider[\"registry.terraform.io/hashicorp/local\"]",
      "instances": [
        {
          "index_key": 0,
          "schema_version": 0,
          "attributes": {
            "content": "[{\"config_data\":\"{\\\"grid_details\\\":{\\\"cols\\\":80,\\\"minItemCols\\\":7,\\\"minItemRows\\\":7,\\\"rows\\\":20,\\\"version\\\":\\\"2.1\\\",\\\"x\\\":0,\\\"y\\\":0},\\\"params\\\":{\\\"resource_ids\\\":[\\\"91282000007585242\\\",\\\"91282000007585267\\\",\\\"91282000007585306\\\",\\\"91282000007586175\\\",\\\"91282000007586200\\\",\\\"91282000007586252\\\"],\\\"selection_type\\\":2,\\\"status_required\\\":[\\\"0\\\",\\\"1\\\",\\\"2\\\",\\\"3\\\",\\\"5\\\",\\\"7\\\",\\\"9\\\",\\\"10\\\"]},\\\"version\\\":\\\"0.2\\\"}\",\"name\":\"Current Status - All ZylkerKart Monitors\",\"widget_reference_id\":10000},{\"config_data\":\"{\\\"grid_details\\\":{\\\"cols\\\":40,\\\"minItemCols\\\":7,\\\"minItemRows\\\":7,\\\"rows\\\":15,\\\"version\\\":\\\"2.1\\\",\\\"x\\\":0,\\\"y\\\":20},\\\"params\\\":{\\\"period\\\":0,\\\"resource_ids\\\":[\\\"91282000007585242\\\",\\\"91282000007585267\\\",\\\"91282000007585306\\\",\\\"91282000007586175\\\",\\\"91282000007586200\\\",\\\"91282000007586252\\\"],\\\"selection_type\\\":2},\\\"version\\\":\\\"0.1\\\"}\",\"name\":\"Availability - ZylkerKart APM Applications\",\"widget_reference_id\":100001},{\"config_data\":\"{\\\"chart_data\\\":{\\\"custom_chart_info\\\":{\\\"chart_type\\\":\\\"TimeChart\\\"}},\\\"grid_details\\\":{\\\"cols\\\":40,\\\"minItemCols\\\":7,\\\"minItemRows\\\":7,\\\"rows\\\":15,\\\"version\\\":\\\"2.1\\\",\\\"x\\\":40,\\\"y\\\":20},\\\"params\\\":{\\\"period\\\":0,\\\"resource_ids\\\":[\\\"91282000007585242\\\",\\\"91282000007585267\\\",\\\"91282000007585306\\\",\\\"91282000007586175\\\",\\\"91282000007586200\\\",\\\"91282000007586252\\\"],\\\"selection_type\\\":2},\\\"version\\\":\\\"0.1\\\"}\",\"name\":\"Response Time - ZylkerKart APM Applications\",\"widget_reference_id\":100001},{\"config_data\":\"{\\\"font_size\\\":\\\"48\\\",\\\"grid_details\\\":{\\\"cols\\\":20,\\\"minItemCols\\\":7,\\\"minItemRows\\\":7,\\\"rows\\\":15,\\\"version\\\":\\\"2.1\\\",\\\"x\\\":0,\\\"y\\\":35},\\\"params\\\":{\\\"period\\\":0,\\\"resource_ids\\\":[\\\"91282000007585242\\\"],\\\"selection_type\\\":2,\\\"thresholds\\\":[{\\\"color\\\":\\\"#2ecc71\\\",\\\"condition\\\":3,\\\"value\\\":0.9},{\\\"color\\\":\\\"#f7c228\\\",\\\"condition\\\":3,\\\"value\\\":0.5},{\\\"color\\\":\\\"#e74c3c\\\",\\\"condition\\\":2,\\\"value\\\":0.5}]},\\\"version\\\":\\\"0.2\\\"}\",\"name\":\"Apdex - ZylkerKart-SearchService-AIOps\",\"widget_reference_id\":100013},{\"config_data\":\"{\\\"font_size\\\":\\\"48\\\",\\\"grid_details\\\":{\\\"cols\\\":20,\\\"minItemCols\\\":7,\\\"minItemRows\\\":7,\\\"rows\\\":15,\\\"version\\\":\\\"2.1\\\",\\\"x\\\":20,\\\"y\\\":35},\\\"params\\\":{\\\"period\\\":0,\\\"resource_ids\\\":[\\\"91282000007585267\\\"],\\\"selection_type\\\":2,\\\"thresholds\\\":[{\\\"color\\\":\\\"#2ecc71\\\",\\\"condition\\\":3,\\\"value\\\":0.9},{\\\"color\\\":\\\"#f7c228\\\",\\\"condition\\\":3,\\\"value\\\":0.5},{\\\"color\\\":\\\"#e74c3c\\\",\\\"condition\\\":2,\\\"value\\\":0.5}]},\\\"version\\\":\\\"0.2\\\"}\",\"name\":\"Apdex - ZylkerKart-Storefront-AIOps\",\"widget_reference_id\":100013},{\"config_data\":\"{\\\"font_size\\\":\\\"48\\\",\\\"grid_details\\\":{\\\"cols\\\":20,\\\"minItemCols\\\":7,\\\"minItemRows\\\":7,\\\"rows\\\":15,\\\"version\\\":\\\"2.1\\\",\\\"x\\\":40,\\\"y\\\":35},\\\"params\\\":{\\\"period\\\":0,\\\"resource_ids\\\":[\\\"91282000007585306\\\"],\\\"selection_type\\\":2,\\\"thresholds\\\":[{\\\"color\\\":\\\"#2ecc71\\\",\\\"condition\\\":3,\\\"value\\\":0.9},{\\\"color\\\":\\\"#f7c228\\\",\\\"condition\\\":3,\\\"value\\\":0.5},{\\\"color\\\":\\\"#e74c3c\\\",\\\"condition\\\":2,\\\"value\\\":0.5}]},\\\"version\\\":\\\"0.2\\\"}\",\"name\":\"Apdex - ZylkerKart-AuthService-AIOps\",\"widget_reference_id\":100013},{\"config_data\":\"{\\\"font_size\\\":\\\"48\\\",\\\"grid_details\\\":{\\\"cols\\\":20,\\\"minItemCols\\\":7,\\\"minItemRows\\\":7,\\\"rows\\\":15,\\\"version\\\":\\\"2.1\\\",\\\"x\\\":60,\\\"y\\\":35},\\\"params\\\":{\\\"period\\\":0,\\\"resource_ids\\\":[\\\"91282000007586175\\\"],\\\"selection_type\\\":2,\\\"thresholds\\\":[{\\\"color\\\":\\\"#2ecc71\\\",\\\"condition\\\":3,\\\"value\\\":0.9},{\\\"color\\\":\\\"#f7c228\\\",\\\"condition\\\":3,\\\"value\\\":0.5},{\\\"color\\\":\\\"#e74c3c\\\",\\\"condition\\\":2,\\\"value\\\":0.5}]},\\\"version\\\":\\\"0.2\\\"}\",\"name\":\"Apdex - ZylkerKart-OrderService-AIOps\",\"widget_reference_id\":100013},{\"config_data\":\"{\\\"font_size\\\":\\\"48\\\",\\\"grid_details\\\":{\\\"cols\\\":20,\\\"minItemCols\\\":7,\\\"minItemRows\\\":7,\\\"rows\\\":15,\\\"version\\\":\\\"2.1\\\",\\\"x\\\":0,\\\"y\\\":50},\\\"params\\\":{\\\"period\\\":0,\\\"resource_ids\\\":[\\\"91282000007586200\\\"],\\\"selection_type\\\":2,\\\"thresholds\\\":[{\\\"color\\\":\\\"#2ecc71\\\",\\\"condition\\\":3,\\\"value\\\":0.9},{\\\"color\\\":\\\"#f7c228\\\",\\\"condition\\\":3,\\\"value\\\":0.5},{\\\"color\\\":\\\"#e74c3c\\\",\\\"condition\\\":2,\\\"value\\\":0.5}]},\\\"version\\\":\\\"0.2\\\"}\",\"name\":\"Apdex - ZylkerKart-ProductService-AIOps\",\"widget_reference_id\":100013},{\"config_data\":\"{\\\"font_size\\\":\\\"48\\\",\\\"grid_details\\\":{\\\"cols\\\":20,\\\"minItemCols\\\":7,\\\"minItemRows\\\":7,\\\"rows\\\":15,\\\"version\\\":\\\"2.1\\\",\\\"x\\\":20,\\\"y\\\":50},\\\"params\\\":{\\\"period\\\":0,\\\"resource_ids\\\":[\\\"91282000007586252\\\"],\\\"selection_type\\\":2,\\\"thresholds\\\":[{\\\"color\\\":\\\"#2ecc71\\\",\\\"condition\\\":3,\\\"value\\\":0.9},{\\\"color\\\":\\\"#f7c228\\\",\\\"condition\\\":3,\\\"value\\\":0.5},{\\\"color\\\":\\\"#e74c3c\\\",\\\"condition\\\":2,\\\"value\\\":0.5}]},\\\"version\\\":\\\"0.2\\\"}\",\"name\":\"Apdex - ZylkerKart-PaymentService-AIOps\",\"widget_reference_id\":100013},{\"config_data\":\"{\\\"grid_details\\\":{\\\"cols\\\":20,\\\"minItemCols\\\":7,\\\"minItemRows\\\":7,\\\"rows\\\":10,\\\"version\\\":\\\"2.1\\\",\\\"x\\\":0,\\\"y\\\":65},\\\"params\\\":{\\\"resource_ids\\\":[\\\"91282000007585242\\\"],\\\"selection_type\\\":2,\\\"status_required\\\":[\\\"0\\\",\\\"1\\\",\\\"2\\\",\\\"3\\\",\\\"5\\\",\\\"7\\\",\\\"9\\\",\\\"10\\\"]},\\\"version\\\":\\\"0.2\\\"}\",\"name\":\"Status - ZylkerKart-SearchService-AIOps\",\"widget_reference_id\":10000},{\"config_data\":\"{\\\"grid_details\\\":{\\\"cols\\\":20,\\\"minItemCols\\\":7,\\\"minItemRows\\\":7,\\\"rows\\\":10,\\\"version\\\":\\\"2.1\\\",\\\"x\\\":20,\\\"y\\\":65},\\\"params\\\":{\\\"resource_ids\\\":[\\\"91282000007585267\\\"],\\\"selection_type\\\":2,\\\"status_required\\\":[\\\"0\\\",\\\"1\\\",\\\"2\\\",\\\"3\\\",\\\"5\\\",\\\"7\\\",\\\"9\\\",\\\"10\\\"]},\\\"version\\\":\\\"0.2\\\"}\",\"name\":\"Status - ZylkerKart-Storefront-AIOps\",\"widget_reference_id\":10000},{\"config_data\":\"{\\\"grid_details\\\":{\\\"cols\\\":20,\\\"minItemCols\\\":7,\\\"minItemRows\\\":7,\\\"rows\\\":10,\\\"version\\\":\\\"2.1\\\",\\\"x\\\":40,\\\"y\\\":65},\\\"params\\\":{\\\"resource_ids\\\":[\\\"91282000007585306\\\"],\\\"selection_type\\\":2,\\\"status_required\\\":[\\\"0\\\",\\\"1\\\",\\\"2\\\",\\\"3\\\",\\\"5\\\",\\\"7\\\",\\\"9\\\",\\\"10\\\"]},\\\"version\\\":\\\"0.2\\\"}\",\"name\":\"Status - ZylkerKart-AuthService-AIOps\",\"widget_reference_id\":10000},{\"config_data\":\"{\\\"grid_details\\\":{\\\"cols\\\":20,\\\"minItemCols\\\":7,\\\"minItemRows\\\":7,\\\"rows\\\":10,\\\"version\\\":\\\"2.1\\\",\\\"x\\\":60,\\\"y\\\":65},\\\"params\\\":{\\\"resource_ids\\\":[\\\"91282000007586175\\\"],\\\"selection_type\\\":2,\\\"status_required\\\":[\\\"0\\\",\\\"1\\\",\\\"2\\\",\\\"3\\\",\\\"5\\\",\\\"7\\\",\\\"9\\\",\\\"10\\\"]},\\\"version\\\":\\\"0.2\\\"}\",\"name\":\"Status - ZylkerKart-OrderService-AIOps\",\"widget_reference_id\":10000},{\"config_data\":\"{\\\"grid_details\\\":{\\\"cols\\\":20,\\\"minItemCols\\\":7,\\\"minItemRows\\\":7,\\\"rows\\\":10,\\\"version\\\":\\\"2.1\\\",\\\"x\\\":0,\\\"y\\\":75},\\\"params\\\":{\\\"resource_ids\\\":[\\\"91282000007586200\\\"],\\\"selection_type\\\":2,\\\"status_required\\\":[\\\"0\\\",\\\"1\\\",\\\"2\\\",\\\"3\\\",\\\"5\\\",\\\"7\\\",\\\"9\\\",\\\"10\\\"]},\\\"version\\\":\\\"0.2\\\"}\",\"name\":\"Status - ZylkerKart-ProductService-AIOps\",\"widget_reference_id\":10000},{\"config_data\":\"{\\\"grid_details\\\":{\\\"cols\\\":20,\\\"minItemCols\\\":7,\\\"minItemRows\\\":7,\\\"rows\\\":10,\\\"version\\\":\\\"2.1\\\",\\\"x\\\":20,\\\"y\\\":75},\\\"params\\\":{\\\"resource_ids\\\":[\\\"91282000007586252\\\"],\\\"selection_type\\\":2,\\\"status_required\\\":[\\\"0\\\",\\\"1\\\",\\\"2\\\",\\\"3\\\",\\\"5\\\",\\\"7\\\",\\\"9\\\",\\\"10\\\"]},\\\"version\\\":\\\"0.2\\\"}\",\"name\":\"Status - ZylkerKart-PaymentService-AIOps\",\"widget_reference_id\":10000}]",
            "content_base64": null,
            "content_base64sha256": "u0wefQ+xbQrNmuCcGOX0Ie5xyrSaueJ6Dd3R16FU4S8=",
            "content_base64sha512": "JHJHuNqKgay6p58h32XN20d2QFRU3KortRHgj7yRri8vrE5xUSkGNpL/9EnqW0snBZildhjvQNs3su9oi+1gYQ==",
            "content_md5": "c4774d2382303d5aa5a9f02ea4b46c91",
            "content_sha1": "92006c7c7add569c8c72773e8a7bf405ee40b1fb",
            "content_sha256": "bb4c1e7d0fb16d0acd9ae09c18e5f421ee71cab49ab9e27a0dddd1d7a154e12f",
            "content_sha512": "247247b8da8a81acbaa79f21df65cddb4776405454dcaa2bb511e08fbc91ae2f2fac4e715129063692fff449ea5b4b270598a57618ef40db37b2ef688bed6061",
            "directory_permission": "0777",
            "file_permission": "0777",
            "filename": "D:/HDFC-AIOps-PM/.dashboard_widgets.json",
            "id": "92006c7c7add569c8c72773e8a7bf405ee40b1fb",
            "sensitive_content": null,
            "source": null
          },
          "sensitive_attributes": [
            [
              {
                "type": "get_attr",
                "value": "content"
              }
            ],
            [
              {
                "type": "get_attr",
                "value": "sensitive_content"
              }
            ]
          ],
          "identity_schema_version": 0,
          "dependencies": [
            "aws_eks_cluster.eks",
            "aws_eks_node_group.default",
            "aws_iam_role.eks_cluster",
            "aws_iam_role.eks_nodes",
            "aws_iam_role_policy_attachment.eks_cluster_policy",
            "aws_iam_role_policy_attachment.eks_cni_policy",
            "aws_iam_role_policy_attachment.eks_ecr_read",
            "aws_iam_role_policy_attachment.eks_vpc_resource_controller",
            "aws_iam_role_policy_attachment.eks_worker_node_policy",
            "aws_internet_gateway.eks",
            "aws_route_table.eks",
            "aws_route_table_association.eks",
            "aws_subnet.eks",
            "aws_vpc.eks",
            "azurerm_kubernetes_cluster.aks",
            "azurerm_resource_group.aks",
            "data.aws_availability_zones.available",
            "data.external.site24x7_token",
            "data.http.apm_apps",
            "data.http.k8s_monitors",
            "helm_release.ingress_nginx",
            "kubernetes_cluster_role.apm_agent_role",
            "kubernetes_cluster_role.site24x7",
            "kubernetes_cluster_role.site24x7_ksm",
            "kubernetes_cluster_role_binding.apm_agent_rolebinding",
            "kubernetes_cluster_role_binding.site24x7",
            "kubernetes_cluster_role_binding.site24x7_ksm",
            "kubernetes_config_map.apm_apps_config",
            "kubernetes_config_map.site24x7",
            "kubernetes_config_map.zylkerkart_config",
            "kubernetes_daemonset.go_apm_exporter",
            "kubernetes_daemonset.site24x7_agent",
            "kubernetes_deployment.auth_service",
            "kubernetes_deployment.mysql",
            "kubernetes_deployment.order_service",
            "kubernetes_deployment.payment_service",
            "kubernetes_deployment.product_service",
            "kubernetes_deployment.redis",
            "kubernetes_deployment.search_service",
            "kubernetes_deployment.site24x7_ksm",
            "kubernetes_deployment.storefront",
            "kubernetes_ingress_v1.zylkerkart",
            "kubernetes_namespace.monitoring",
            "kubernetes_namespace.zylkerkart",
            "kubernetes_persistent_volume_claim.mysql_pvc",
            "kubernetes_secret.site24x7_agent",
            "kubernetes_service.mysql",
            "kubernetes_service.redis",
            "kubernetes_service_account.apm_agent_sa",
            "kubernetes_service_account.site24x7",
            "kubernetes_service_account.site24x7_ksm",
            "null_resource.wait_for_apm_agents",
            "terraform_data.apm_state_refresh",
            "terraform_data.k8s_ready",
            "terraform_data.mysql_pvc_finalizer_cleanup"
          ]
        }
      ]
    },
    {
      "mode": "managed",
      "type": "null_resource",
      "name": "wait_for_apm_agents",
      "provider": "provider[\"registry.terraform.io/hashicorp/null\"]",
      "instances": [
        {
          "index_key": 0,
          "schema_version": 0,
          "attributes": {
            "id": "1113943824991288559",
            "triggers": {
              "always_run": "2026-04-02T11:24:50Z"
            }
          },
          "sensitive_attributes": [],
          "identity_schema_version": 0,
          "dependencies": [
            "aws_eks_cluster.eks",
            "aws_eks_node_group.default",
            "aws_iam_role.eks_cluster",
            "aws_iam_role.eks_nodes",
            "aws_iam_role_policy_attachment.eks_cluster_policy",
            "aws_iam_role_policy_attachment.eks_cni_policy",
            "aws_iam_role_policy_attachment.eks_ecr_read",
            "aws_iam_role_policy_attachment.eks_vpc_resource_controller",
            "aws_iam_role_policy_attachment.eks_worker_node_policy",
            "aws_internet_gateway.eks",
            "aws_route_table.eks",
            "aws_route_table_association.eks",
            "aws_subnet.eks",
            "aws_vpc.eks",
            "azurerm_kubernetes_cluster.aks",
            "azurerm_resource_group.aks",
            "data.aws_availability_zones.available",
            "helm_release.ingress_nginx",
            "kubernetes_cluster_role.apm_agent_role",
            "kubernetes_cluster_role.site24x7",
            "kubernetes_cluster_role.site24x7_ksm",
            "kubernetes_cluster_role_binding.apm_agent_rolebinding",
            "kubernetes_cluster_role_binding.site24x7",
            "kubernetes_cluster_role_binding.site24x7_ksm",
            "kubernetes_config_map.apm_apps_config",
            "kubernetes_config_map.site24x7",
            "kubernetes_config_map.zylkerkart_config",
            "kubernetes_daemonset.go_apm_exporter",
            "kubernetes_daemonset.site24x7_agent",
            "kubernetes_deployment.auth_service",
            "kubernetes_deployment.mysql",
            "kubernetes_deployment.order_service",
            "kubernetes_deployment.payment_service",
            "kubernetes_deployment.product_service",
            "kubernetes_deployment.redis",
            "kubernetes_deployment.search_service",
            "kubernetes_deployment.site24x7_ksm",
            "kubernetes_deployment.storefront",
            "kubernetes_ingress_v1.zylkerkart",
            "kubernetes_namespace.monitoring",
            "kubernetes_namespace.zylkerkart",
            "kubernetes_persistent_volume_claim.mysql_pvc",
            "kubernetes_secret.site24x7_agent",
            "kubernetes_service.mysql",
            "kubernetes_service.redis",
            "kubernetes_service_account.apm_agent_sa",
            "kubernetes_service_account.site24x7",
            "kubernetes_service_account.site24x7_ksm",
            "terraform_data.k8s_ready",
            "terraform_data.mysql_pvc_finalizer_cleanup"
          ]
        }
      ]
    },
    {
      "mode": "managed",
      "type": "null_resource",
      "name": "wait_for_elb_cleanup",
      "provider": "provider[\"registry.terraform.io/hashicorp/null\"]",
      "instances": [
        {
          "index_key": 0,
          "schema_version": 0,
          "attributes": {
            "id": "534107189804383223",
            "triggers": {
              "aws_region": "us-east-2",
              "cluster_name": "AIops-Cluster-AIOps"
            }
          },
          "sensitive_attributes": [],
          "identity_schema_version": 0
        }
      ]
    },
    {
      "mode": "managed",
      "type": "terraform_data",
      "name": "apm_monitor_cleanup",
      "provider": "provider[\"terraform.io/builtin/terraform\"]",
      "instances": [
        {
          "index_key": 0,
          "schema_version": 0,
          "attributes": {
            "id": "ad0ddca6-af09-1b64-7b16-716fee4d7312",
            "input": {
              "value": {
                "app_prefix": "ZylkerKart-",
                "cluster_name": "AIops-Cluster",
                "script_dir": "D:/HDFC-AIOps-PM/scripts",
                "site24x7_api_base": "https://www.site24x7.eu",
                "state_file": "D:/HDFC-AIOps-PM/apm_monitors_state.json",
                "zoho_accounts_base": "https://accounts.zoho.eu"
              },
              "type": [
                "object",
                {
                  "app_prefix": "string",
                  "cluster_name": "string",
                  "script_dir": "string",
                  "site24x7_api_base": "string",
                  "state_file": "string",
                  "zoho_accounts_base": "string"
                }
              ]
            },
            "output": {
              "value": {
                "app_prefix": "ZylkerKart-",
                "cluster_name": "AIops-Cluster",
                "script_dir": "D:/HDFC-AIOps-PM/scripts",
                "site24x7_api_base": "https://www.site24x7.eu",
                "state_file": "D:/HDFC-AIOps-PM/apm_monitors_state.json",
                "zoho_accounts_base": "https://accounts.zoho.eu"
              },
              "type": [
                "object",
                {
                  "app_prefix": "string",
                  "cluster_name": "string",
                  "script_dir": "string",
                  "site24x7_api_base": "string",
                  "state_file": "string",
                  "zoho_accounts_base": "string"
                }
              ]
            },
            "triggers_replace": null
          },
          "sensitive_attributes": [],
          "identity_schema_version": 0,
          "dependencies": [
            "aws_eks_cluster.eks",
            "aws_eks_node_group.default",
            "aws_iam_role.eks_cluster",
            "aws_iam_role.eks_nodes",
            "aws_iam_role_policy_attachment.eks_cluster_policy",
            "aws_iam_role_policy_attachment.eks_cni_policy",
            "aws_iam_role_policy_attachment.eks_ecr_read",
            "aws_iam_role_policy_attachment.eks_vpc_resource_controller",
            "aws_iam_role_policy_attachment.eks_worker_node_policy",
            "aws_internet_gateway.eks",
            "aws_route_table.eks",
            "aws_route_table_association.eks",
            "aws_subnet.eks",
            "aws_vpc.eks",
            "azurerm_kubernetes_cluster.aks",
            "azurerm_resource_group.aks",
            "data.aws_availability_zones.available",
            "data.external.site24x7_token",
            "data.http.apm_apps",
            "data.http.k8s_monitors",
            "data.local_file.site24x7_env_output",
            "helm_release.ingress_nginx",
            "kubernetes_cluster_role.apm_agent_role",
            "kubernetes_cluster_role.site24x7",
            "kubernetes_cluster_role.site24x7_agent",
            "kubernetes_cluster_role.site24x7_ksm",
            "kubernetes_cluster_role_binding.apm_agent_rolebinding",
            "kubernetes_cluster_role_binding.site24x7",
            "kubernetes_cluster_role_binding.site24x7_agent",
            "kubernetes_cluster_role_binding.site24x7_ksm",
            "kubernetes_config_map.apm_apps_config",
            "kubernetes_config_map.site24x7",
            "kubernetes_config_map.zylkerkart_config",
            "kubernetes_daemon_set_v1.site24x7_agent",
            "kubernetes_daemonset.go_apm_exporter",
            "kubernetes_daemonset.site24x7_agent",
            "kubernetes_deployment.auth_service",
            "kubernetes_deployment.mysql",
            "kubernetes_deployment.order_service",
            "kubernetes_deployment.payment_service",
            "kubernetes_deployment.product_service",
            "kubernetes_deployment.redis",
            "kubernetes_deployment.search_service",
            "kubernetes_deployment.site24x7_ksm",
            "kubernetes_deployment.storefront",
            "kubernetes_ingress_v1.zylkerkart",
            "kubernetes_namespace.monitoring",
            "kubernetes_namespace.site24x7_labs",
            "kubernetes_namespace.zylkerkart",
            "kubernetes_persistent_volume_claim.mysql_pvc",
            "kubernetes_secret.site24x7_agent",
            "kubernetes_secret.site24x7_agent_token",
            "kubernetes_service.mysql",
            "kubernetes_service.redis",
            "kubernetes_service_account.apm_agent_sa",
            "kubernetes_service_account.site24x7",
            "kubernetes_service_account.site24x7_agent",
            "kubernetes_service_account.site24x7_ksm",
            "null_resource.wait_for_apm_agents",
            "terraform_data.apm_state_refresh",
            "terraform_data.k8s_ready",
            "terraform_data.mysql_pvc_finalizer_cleanup",
            "terraform_data.site24x7_env_setup"
          ]
        }
      ]
    },
    {
      "mode": "managed",
      "type": "terraform_data",
      "name": "apm_state_refresh",
      "provider": "provider[\"terraform.io/builtin/terraform\"]",
      "instances": [
        {
          "index_key": 0,
          "schema_version": 0,
          "attributes": {
            "id": "e242d822-5356-0253-fd51-f769ec3745ea",
            "input": {
              "value": {
                "app_prefix": "ZylkerKart-",
                "cluster_name": "AIops-Cluster",
                "script_dir": "D:/HDFC-AIOps-PM/scripts",
                "site24x7_api_base": "https://www.site24x7.eu",
                "state_file": "D:/HDFC-AIOps-PM/apm_monitors_state.json",
                "zoho_accounts_base": "https://accounts.zoho.eu"
              },
              "type": [
                "object",
                {
                  "app_prefix": "string",
                  "cluster_name": "string",
                  "script_dir": "string",
                  "site24x7_api_base": "string",
                  "state_file": "string",
                  "zoho_accounts_base": "string"
                }
              ]
            },
            "output": {
              "value": {
                "app_prefix": "ZylkerKart-",
                "cluster_name": "AIops-Cluster",
                "script_dir": "D:/HDFC-AIOps-PM/scripts",
                "site24x7_api_base": "https://www.site24x7.eu",
                "state_file": "D:/HDFC-AIOps-PM/apm_monitors_state.json",
                "zoho_accounts_base": "https://accounts.zoho.eu"
              },
              "type": [
                "object",
                {
                  "app_prefix": "string",
                  "cluster_name": "string",
                  "script_dir": "string",
                  "site24x7_api_base": "string",
                  "state_file": "string",
                  "zoho_accounts_base": "string"
                }
              ]
            },
            "triggers_replace": {
              "value": [
                "2026-04-02T11:24:54Z"
              ],
              "type": [
                "tuple",
                [
                  "string"
                ]
              ]
            }
          },
          "sensitive_attributes": [],
          "identity_schema_version": 0,
          "dependencies": [
            "aws_eks_cluster.eks",
            "aws_eks_node_group.default",
            "aws_iam_role.eks_cluster",
            "aws_iam_role.eks_nodes",
            "aws_iam_role_policy_attachment.eks_cluster_policy",
            "aws_iam_role_policy_attachment.eks_cni_policy",
            "aws_iam_role_policy_attachment.eks_ecr_read",
            "aws_iam_role_policy_attachment.eks_vpc_resource_controller",
            "aws_iam_role_policy_attachment.eks_worker_node_policy",
            "aws_internet_gateway.eks",
            "aws_route_table.eks",
            "aws_route_table_association.eks",
            "aws_subnet.eks",
            "aws_vpc.eks",
            "azurerm_kubernetes_cluster.aks",
            "azurerm_resource_group.aks",
            "data.aws_availability_zones.available",
            "data.external.site24x7_token",
            "data.http.apm_apps",
            "data.http.k8s_monitors",
            "helm_release.ingress_nginx",
            "kubernetes_cluster_role.apm_agent_role",
            "kubernetes_cluster_role.site24x7",
            "kubernetes_cluster_role.site24x7_ksm",
            "kubernetes_cluster_role_binding.apm_agent_rolebinding",
            "kubernetes_cluster_role_binding.site24x7",
            "kubernetes_cluster_role_binding.site24x7_ksm",
            "kubernetes_config_map.apm_apps_config",
            "kubernetes_config_map.site24x7",
            "kubernetes_config_map.zylkerkart_config",
            "kubernetes_daemonset.go_apm_exporter",
            "kubernetes_daemonset.site24x7_agent",
            "kubernetes_deployment.auth_service",
            "kubernetes_deployment.mysql",
            "kubernetes_deployment.order_service",
            "kubernetes_deployment.payment_service",
            "kubernetes_deployment.product_service",
            "kubernetes_deployment.redis",
            "kubernetes_deployment.search_service",
            "kubernetes_deployment.site24x7_ksm",
            "kubernetes_deployment.storefront",
            "kubernetes_ingress_v1.zylkerkart",
            "kubernetes_namespace.monitoring",
            "kubernetes_namespace.zylkerkart",
            "kubernetes_persistent_volume_claim.mysql_pvc",
            "kubernetes_secret.site24x7_agent",
            "kubernetes_service.mysql",
            "kubernetes_service.redis",
            "kubernetes_service_account.apm_agent_sa",
            "kubernetes_service_account.site24x7",
            "kubernetes_service_account.site24x7_ksm",
            "null_resource.wait_for_apm_agents",
            "terraform_data.k8s_ready",
            "terraform_data.mysql_pvc_finalizer_cleanup"
          ]
        }
      ]
    },
    {
      "mode": "managed",
      "type": "terraform_data",
      "name": "k8s_ready",
      "provider": "provider[\"terraform.io/builtin/terraform\"]",
      "instances": [
        {
          "schema_version": 0,
          "attributes": {
            "id": "2370590d-17d4-d313-4fcb-97bbeed2fb9f",
            "input": {
              "value": "all-k8s-deployed",
              "type": "string"
            },
            "output": {
              "value": "all-k8s-deployed",
              "type": "string"
            },
            "triggers_replace": null
          },
          "sensitive_attributes": [],
          "identity_schema_version": 0,
          "dependencies": [
            "aws_eks_cluster.eks",
            "aws_eks_node_group.default",
            "aws_iam_role.eks_cluster",
            "aws_iam_role.eks_nodes",
            "aws_iam_role_policy_attachment.eks_cluster_policy",
            "aws_iam_role_policy_attachment.eks_cni_policy",
            "aws_iam_role_policy_attachment.eks_ecr_read",
            "aws_iam_role_policy_attachment.eks_vpc_resource_controller",
            "aws_iam_role_policy_attachment.eks_worker_node_policy",
            "aws_internet_gateway.eks",
            "aws_route_table.eks",
            "aws_route_table_association.eks",
            "aws_subnet.eks",
            "aws_vpc.eks",
            "azurerm_kubernetes_cluster.aks",
            "azurerm_resource_group.aks",
            "data.aws_availability_zones.available",
            "helm_release.ingress_nginx",
            "kubernetes_cluster_role.apm_agent_role",
            "kubernetes_cluster_role.site24x7",
            "kubernetes_cluster_role.site24x7_ksm",
            "kubernetes_cluster_role_binding.apm_agent_rolebinding",
            "kubernetes_cluster_role_binding.site24x7",
            "kubernetes_cluster_role_binding.site24x7_ksm",
            "kubernetes_config_map.apm_apps_config",
            "kubernetes_config_map.site24x7",
            "kubernetes_config_map.zylkerkart_config",
            "kubernetes_daemonset.go_apm_exporter",
            "kubernetes_daemonset.site24x7_agent",
            "kubernetes_deployment.auth_service",
            "kubernetes_deployment.mysql",
            "kubernetes_deployment.order_service",
            "kubernetes_deployment.payment_service",
            "kubernetes_deployment.product_service",
            "kubernetes_deployment.redis",
            "kubernetes_deployment.search_service",
            "kubernetes_deployment.site24x7_ksm",
            "kubernetes_deployment.storefront",
            "kubernetes_ingress_v1.zylkerkart",
            "kubernetes_namespace.monitoring",
            "kubernetes_namespace.zylkerkart",
            "kubernetes_persistent_volume_claim.mysql_pvc",
            "kubernetes_secret.site24x7_agent",
            "kubernetes_service.mysql",
            "kubernetes_service.redis",
            "kubernetes_service_account.apm_agent_sa",
            "kubernetes_service_account.site24x7",
            "kubernetes_service_account.site24x7_ksm",
            "terraform_data.mysql_pvc_finalizer_cleanup"
          ]
        }
      ]
    },
    {
      "mode": "managed",
      "type": "terraform_data",
      "name": "mysql_pvc_finalizer_cleanup",
      "provider": "provider[\"terraform.io/builtin/terraform\"]",
      "instances": [
        {
          "schema_version": 0,
          "attributes": {
            "id": "45443fcf-0b12-e660-ee3b-a92d8feb5797",
            "input": {
              "value": {
                "aws_region": "us-east-2",
                "cluster_name": "AIops-Cluster-AIOps",
                "namespace": "zylkerkart",
                "pvc_name": "mysql-pvc"
              },
              "type": [
                "object",
                {
                  "aws_region": "string",
                  "cluster_name": "string",
                  "namespace": "string",
                  "pvc_name": "string"
                }
              ]
            },
            "output": {
              "value": {
                "aws_region": "us-east-2",
                "cluster_name": "AIops-Cluster-AIOps",
                "namespace": "zylkerkart",
                "pvc_name": "mysql-pvc"
              },
              "type": [
                "object",
                {
                  "aws_region": "string",
                  "cluster_name": "string",
                  "namespace": "string",
                  "pvc_name": "string"
                }
              ]
            },
            "triggers_replace": null
          },
          "sensitive_attributes": [],
          "identity_schema_version": 0,
          "dependencies": [
            "aws_eks_cluster.eks",
            "aws_eks_node_group.default",
            "aws_iam_role.eks_cluster",
            "aws_iam_role.eks_nodes",
            "aws_iam_role_policy_attachment.eks_cluster_policy",
            "aws_iam_role_policy_attachment.eks_cni_policy",
            "aws_iam_role_policy_attachment.eks_ecr_read",
            "aws_iam_role_policy_attachment.eks_vpc_resource_controller",
            "aws_iam_role_policy_attachment.eks_worker_node_policy",
            "aws_internet_gateway.eks",
            "aws_route_table.eks",
            "aws_route_table_association.eks",
            "aws_subnet.eks",
            "aws_vpc.eks",
            "azurerm_kubernetes_cluster.aks",
            "azurerm_resource_group.aks",
            "data.aws_availability_zones.available",
            "kubernetes_namespace.zylkerkart",
            "kubernetes_persistent_volume_claim.mysql_pvc"
          ]
        }
      ]
    },
    {
      "mode": "managed",
      "type": "terraform_data",
      "name": "zylkerkart_dashboard",
      "provider": "provider[\"terraform.io/builtin/terraform\"]",
      "instances": [
        {
          "index_key": 0,
          "schema_version": 0,
          "attributes": {
            "id": "e59e6541-876d-b1ee-6929-7b5cf869e93a",
            "input": {
              "value": {
                "dashboard_name": "ZylkerKart Operations-AIOps",
                "output_file": "D:/HDFC-AIOps-PM/.dashboard_output.json",
                "script_dir": "D:/HDFC-AIOps-PM/scripts",
                "site24x7_api_base": "https://www.site24x7.eu",
                "theme": 1,
                "widgets_file": "D:/HDFC-AIOps-PM/.dashboard_widgets.json",
                "zoho_accounts_base": "https://accounts.zoho.eu"
              },
              "type": [
                "object",
                {
                  "dashboard_name": "string",
                  "output_file": "string",
                  "script_dir": "string",
                  "site24x7_api_base": "string",
                  "theme": "number",
                  "widgets_file": "string",
                  "zoho_accounts_base": "string"
                }
              ]
            },
            "output": {
              "value": {
                "dashboard_name": "ZylkerKart Operations-AIOps",
                "output_file": "D:/HDFC-AIOps-PM/.dashboard_output.json",
                "script_dir": "D:/HDFC-AIOps-PM/scripts",
                "site24x7_api_base": "https://www.site24x7.eu",
                "theme": 1,
                "widgets_file": "D:/HDFC-AIOps-PM/.dashboard_widgets.json",
                "zoho_accounts_base": "https://accounts.zoho.eu"
              },
              "type": [
                "object",
                {
                  "dashboard_name": "string",
                  "output_file": "string",
                  "script_dir": "string",
                  "site24x7_api_base": "string",
                  "theme": "number",
                  "widgets_file": "string",
                  "zoho_accounts_base": "string"
                }
              ]
            },
            "triggers_replace": {
              "value": [
                "bb4c1e7d0fb16d0acd9ae09c18e5f421ee71cab49ab9e27a0dddd1d7a154e12f",
                "ZylkerKart Operations-AIOps",
                1
              ],
              "type": [
                "tuple",
                [
                  "string",
                  "string",
                  "number"
                ]
              ]
            }
          },
          "sensitive_attributes": [
            [
              {
                "type": "get_attr",
                "value": "triggers_replace"
              },
              {
                "type": "index",
                "value": {
                  "value": 0,
                  "type": "number"
                }
              }
            ]
          ],
          "identity_schema_version": 0,
          "dependencies": [
            "aws_eks_cluster.eks",
            "aws_eks_node_group.default",
            "aws_iam_role.eks_cluster",
            "aws_iam_role.eks_nodes",
            "aws_iam_role_policy_attachment.eks_cluster_policy",
            "aws_iam_role_policy_attachment.eks_cni_policy",
            "aws_iam_role_policy_attachment.eks_ecr_read",
            "aws_iam_role_policy_attachment.eks_vpc_resource_controller",
            "aws_iam_role_policy_attachment.eks_worker_node_policy",
            "aws_internet_gateway.eks",
            "aws_route_table.eks",
            "aws_route_table_association.eks",
            "aws_subnet.eks",
            "aws_vpc.eks",
            "azurerm_kubernetes_cluster.aks",
            "azurerm_resource_group.aks",
            "data.aws_availability_zones.available",
            "data.external.site24x7_token",
            "data.http.apm_apps",
            "data.http.k8s_monitors",
            "data.local_file.site24x7_env_output",
            "helm_release.ingress_nginx",
            "kubernetes_cluster_role.apm_agent_role",
            "kubernetes_cluster_role.site24x7",
            "kubernetes_cluster_role.site24x7_agent",
            "kubernetes_cluster_role.site24x7_ksm",
            "kubernetes_cluster_role_binding.apm_agent_rolebinding",
            "kubernetes_cluster_role_binding.site24x7",
            "kubernetes_cluster_role_binding.site24x7_agent",
            "kubernetes_cluster_role_binding.site24x7_ksm",
            "kubernetes_config_map.apm_apps_config",
            "kubernetes_config_map.site24x7",
            "kubernetes_config_map.zylkerkart_config",
            "kubernetes_daemon_set_v1.site24x7_agent",
            "kubernetes_daemonset.go_apm_exporter",
            "kubernetes_daemonset.site24x7_agent",
            "kubernetes_deployment.auth_service",
            "kubernetes_deployment.mysql",
            "kubernetes_deployment.order_service",
            "kubernetes_deployment.payment_service",
            "kubernetes_deployment.product_service",
            "kubernetes_deployment.redis",
            "kubernetes_deployment.search_service",
            "kubernetes_deployment.site24x7_ksm",
            "kubernetes_deployment.storefront",
            "kubernetes_ingress_v1.zylkerkart",
            "kubernetes_namespace.monitoring",
            "kubernetes_namespace.site24x7_labs",
            "kubernetes_namespace.zylkerkart",
            "kubernetes_persistent_volume_claim.mysql_pvc",
            "kubernetes_secret.site24x7_agent",
            "kubernetes_secret.site24x7_agent_token",
            "kubernetes_service.mysql",
            "kubernetes_service.redis",
            "kubernetes_service_account.apm_agent_sa",
            "kubernetes_service_account.site24x7",
            "kubernetes_service_account.site24x7_agent",
            "kubernetes_service_account.site24x7_ksm",
            "local_file.dashboard_widgets",
            "null_resource.wait_for_apm_agents",
            "terraform_data.apm_state_refresh",
            "terraform_data.k8s_ready",
            "terraform_data.mysql_pvc_finalizer_cleanup",
            "terraform_data.site24x7_env_setup",
            "terraform_data.zylkerkart_monitor_group"
          ]
        }
      ]
    },
    {
      "mode": "managed",
      "type": "terraform_data",
      "name": "zylkerkart_monitor_group",
      "provider": "provider[\"terraform.io/builtin/terraform\"]",
      "instances": [
        {
          "index_key": 0,
          "schema_version": 0,
          "attributes": {
            "id": "1af6ab45-299c-4ebe-833f-b0322012365a",
            "input": {
              "value": {
                "group_name": "ZylkerKart APM-AIOps",
                "monitor_ids": "91282000007585242,91282000007585267,91282000007585306,91282000007586175,91282000007586200,91282000007586252",
                "output_file": "D:/HDFC-AIOps-PM/.monitor_group_output.json",
                "site24x7_api_base": "https://www.site24x7.eu",
                "zoho_accounts_base": "https://accounts.zoho.eu"
              },
              "type": [
                "object",
                {
                  "group_name": "string",
                  "monitor_ids": "string",
                  "output_file": "string",
                  "site24x7_api_base": "string",
                  "zoho_accounts_base": "string"
                }
              ]
            },
            "output": {
              "value": {
                "group_name": "ZylkerKart APM-AIOps",
                "monitor_ids": "91282000007585242,91282000007585267,91282000007585306,91282000007586175,91282000007586200,91282000007586252",
                "output_file": "D:/HDFC-AIOps-PM/.monitor_group_output.json",
                "site24x7_api_base": "https://www.site24x7.eu",
                "zoho_accounts_base": "https://accounts.zoho.eu"
              },
              "type": [
                "object",
                {
                  "group_name": "string",
                  "monitor_ids": "string",
                  "output_file": "string",
                  "site24x7_api_base": "string",
                  "zoho_accounts_base": "string"
                }
              ]
            },
            "triggers_replace": {
              "value": [
                "1f1d51ca3f82abe752237d378e988872416fb1a049efc16b876f42e216dc78aa",
                "ZylkerKart APM-AIOps"
              ],
              "type": [
                "tuple",
                [
                  "string",
                  "string"
                ]
              ]
            }
          },
          "sensitive_attributes": [
            [
              {
                "type": "get_attr",
                "value": "input"
              },
              {
                "type": "get_attr",
                "value": "monitor_ids"
              }
            ],
            [
              {
                "type": "get_attr",
                "value": "triggers_replace"
              },
              {
                "type": "index",
                "value": {
                  "value": 0,
                  "type": "number"
                }
              }
            ]
          ],
          "identity_schema_version": 0,
          "dependencies": [
            "aws_eks_cluster.eks",
            "aws_eks_node_group.default",
            "aws_iam_role.eks_cluster",
            "aws_iam_role.eks_nodes",
            "aws_iam_role_policy_attachment.eks_cluster_policy",
            "aws_iam_role_policy_attachment.eks_cni_policy",
            "aws_iam_role_policy_attachment.eks_ecr_read",
            "aws_iam_role_policy_attachment.eks_vpc_resource_controller",
            "aws_iam_role_policy_attachment.eks_worker_node_policy",
            "aws_internet_gateway.eks",
            "aws_route_table.eks",
            "aws_route_table_association.eks",
            "aws_subnet.eks",
            "aws_vpc.eks",
            "azurerm_kubernetes_cluster.aks",
            "azurerm_resource_group.aks",
            "data.aws_availability_zones.available",
            "data.external.site24x7_token",
            "data.http.apm_apps",
            "data.http.k8s_monitors",
            "data.local_file.site24x7_env_output",
            "helm_release.ingress_nginx",
            "kubernetes_cluster_role.apm_agent_role",
            "kubernetes_cluster_role.site24x7",
            "kubernetes_cluster_role.site24x7_agent",
            "kubernetes_cluster_role.site24x7_ksm",
            "kubernetes_cluster_role_binding.apm_agent_rolebinding",
            "kubernetes_cluster_role_binding.site24x7",
            "kubernetes_cluster_role_binding.site24x7_agent",
            "kubernetes_cluster_role_binding.site24x7_ksm",
            "kubernetes_config_map.apm_apps_config",
            "kubernetes_config_map.site24x7",
            "kubernetes_config_map.zylkerkart_config",
            "kubernetes_daemon_set_v1.site24x7_agent",
            "kubernetes_daemonset.go_apm_exporter",
            "kubernetes_daemonset.site24x7_agent",
            "kubernetes_deployment.auth_service",
            "kubernetes_deployment.mysql",
            "kubernetes_deployment.order_service",
            "kubernetes_deployment.payment_service",
            "kubernetes_deployment.product_service",
            "kubernetes_deployment.redis",
            "kubernetes_deployment.search_service",
            "kubernetes_deployment.site24x7_ksm",
            "kubernetes_deployment.storefront",
            "kubernetes_ingress_v1.zylkerkart",
            "kubernetes_namespace.monitoring",
            "kubernetes_namespace.site24x7_labs",
            "kubernetes_namespace.zylkerkart",
            "kubernetes_persistent_volume_claim.mysql_pvc",
            "kubernetes_secret.site24x7_agent",
            "kubernetes_secret.site24x7_agent_token",
            "kubernetes_service.mysql",
            "kubernetes_service.redis",
            "kubernetes_service_account.apm_agent_sa",
            "kubernetes_service_account.site24x7",
            "kubernetes_service_account.site24x7_agent",
            "kubernetes_service_account.site24x7_ksm",
            "null_resource.wait_for_apm_agents",
            "terraform_data.apm_state_refresh",
            "terraform_data.k8s_ready",
            "terraform_data.mysql_pvc_finalizer_cleanup",
            "terraform_data.site24x7_env_setup"
          ]
        }
      ]
    }
  ],
  "check_results": [
    {
      "object_kind": "var",
      "config_addr": "var.site24x7_platform",
      "status": "pass",
      "objects": [
        {
          "object_addr": "var.site24x7_platform",
          "status": "pass"
        }
      ]
    },
    {
      "object_kind": "var",
      "config_addr": "var.site24x7_datacenter",
      "status": "pass",
      "objects": [
        {
          "object_addr": "var.site24x7_datacenter",
          "status": "pass"
        }
      ]
    },
    {
      "object_kind": "var",
      "config_addr": "var.cloud_provider",
      "status": "pass",
      "objects": [
        {
          "object_addr": "var.cloud_provider",
          "status": "pass"
        }
      ]
    }
  ]
}
