{
  "version": 4,
  "terraform_version": "1.13.1",
  "serial": 101,
  "lineage": "682aeef7-e5a5-ece9-f2af-5b9bdd83b841",
  "outputs": {
    "all_instances": {
      "value": [
        {
          "agent_version": 1,
          "apdex": 1,
          "application_id": "607312000001372354",
          "application_name": "ZylkerKart-SearchService",
          "availability": "AVAILABLE",
          "cloud_type": "DOCKER",
          "host": "cri-containerd-8dace0059a0983fe49e52a04367b5d6b03c7a64d99cbe80eda5bc856",
          "ins_type": "GO",
          "instance_id": "607312000001372370",
          "instance_name": "cri-containerd-8dace0059a0983fe49e52a04367b5d6b03c7a64d99cbe80eda5bc856:8083",
          "ip_address": "",
          "port": 8083,
          "response_time": 1.25
        },
        {
          "agent_version": 1,
          "apdex": 1,
          "application_id": "607312000001372354",
          "application_name": "ZylkerKart-SearchService",
          "availability": "AVAILABLE",
          "cloud_type": "DOCKER",
          "host": "cri-containerd-5c62d00fd8eda8c693d1a497b82851dd7db98728f4971bb7f7cbfc3c",
          "ins_type": "GO",
          "instance_id": "607312000001372461",
          "instance_name": "cri-containerd-5c62d00fd8eda8c693d1a497b82851dd7db98728f4971bb7f7cbfc3c:8083",
          "ip_address": "",
          "port": 8083,
          "response_time": 1.25
        },
        {
          "agent_version": 1,
          "apdex": 1,
          "application_id": "607312000001372354",
          "application_name": "ZylkerKart-SearchService",
          "availability": "AVAILABLE",
          "cloud_type": "DOCKER",
          "host": "cri-containerd-3e443216459942347bdf1bb2d261167feea1c037b2e95b205f203a97",
          "ins_type": "GO",
          "instance_id": "607312000002026066",
          "instance_name": "Instance_1",
          "ip_address": "",
          "port": 8083,
          "response_time": 1.25
        },
        {
          "agent_version": 7.7,
          "apdex": 1,
          "application_id": "607312000001372383",
          "application_name": "ZylkerKart-ProductService",
          "availability": "AVAILABLE",
          "cloud_type": "DOCKER",
          "host": "product-service-667845f7d8-vzsv6",
          "ins_type": "JAVA",
          "instance_id": "607312000001372395",
          "instance_name": "Instance_1",
          "ip_address": "10.0.1.137",
          "port": 8080,
          "response_time": 2.44
        },
        {
          "agent_version": 7.7,
          "apdex": 1,
          "application_id": "607312000001372422",
          "application_name": "ZylkerKart-Storefront",
          "availability": "AVAILABLE",
          "cloud_type": "DOCKER",
          "host": "storefront-699c945966-vvdjp",
          "ins_type": "JAVA",
          "instance_id": "607312000001372434",
          "instance_name": "Instance_1",
          "ip_address": "10.0.2.116",
          "port": 8080,
          "response_time": 5.36
        },
        {
          "agent_version": 5.1,
          "apdex": 1,
          "application_id": "607312000002026016",
          "application_name": "ZylkerKart-OrderService",
          "availability": "AVAILABLE",
          "cloud_type": "DOCKER",
          "host": "order-service-64fbffd7bb-qzf4r",
          "ins_type": "NODEJS",
          "instance_id": "607312000002026028",
          "instance_name": "Instance_1",
          "ip_address": "10.0.1.178",
          "port": 8082,
          "response_time": 3.67
        },
        {
          "agent_version": 7,
          "apdex": 0.99,
          "application_id": "607312000002026041",
          "application_name": "ZylkerKart-AuthService",
          "availability": "AVAILABLE",
          "cloud_type": "DOCKER",
          "host": "auth-service-b7fbb4c4c-8j9rl",
          "ins_type": "DOTNET_CORE",
          "instance_id": "607312000002026053",
          "instance_name": "Instance_1",
          "ip_address": "10.0.2.199",
          "port": 80,
          "response_time": 18.61
        },
        {
          "agent_version": 1.7,
          "apdex": 1,
          "application_id": "607312000002121003",
          "application_name": "ZylkerKart-PaymentService",
          "availability": "AVAILABLE",
          "cloud_type": "DOCKER",
          "host": "payment-service-6684df8f78-6twd2",
          "ins_type": "PYTHON",
          "instance_id": "607312000002121015",
          "instance_name": "Instance_1",
          "ip_address": "10.0.3.102",
          "port": 8084,
          "response_time": 7.61
        }
      ],
      "type": [
        "list",
        [
          "object",
          {
            "agent_version": "number",
            "apdex": "number",
            "application_id": "string",
            "application_name": "string",
            "availability": "string",
            "cloud_type": "string",
            "host": "string",
            "ins_type": "string",
            "instance_id": "string",
            "instance_name": "string",
            "ip_address": "string",
            "port": "number",
            "response_time": "number"
          }
        ]
      ],
      "sensitive": true
    },
    "apm_enabled": {
      "value": true,
      "type": "bool",
      "sensitive": true
    },
    "application_summary": {
      "value": {
        "607312000001372354": {
          "apdex": 1,
          "availability": "AVAILABLE",
          "error_count": 0,
          "instance_count": 3,
          "name": "ZylkerKart-SearchService",
          "response_time": 1.25,
          "throughput": 536
        },
        "607312000001372383": {
          "apdex": 1,
          "availability": "AVAILABLE",
          "error_count": 0,
          "instance_count": 1,
          "name": "ZylkerKart-ProductService",
          "response_time": 2.44,
          "throughput": 615
        },
        "607312000001372422": {
          "apdex": 1,
          "availability": "AVAILABLE",
          "error_count": 3.2,
          "instance_count": 1,
          "name": "ZylkerKart-Storefront",
          "response_time": 5.36,
          "throughput": 593
        },
        "607312000002026016": {
          "apdex": 1,
          "availability": "AVAILABLE",
          "error_count": 0,
          "instance_count": 1,
          "name": "ZylkerKart-OrderService",
          "response_time": 3.67,
          "throughput": 531
        },
        "607312000002026041": {
          "apdex": 0.99,
          "availability": "AVAILABLE",
          "error_count": 0,
          "instance_count": 1,
          "name": "ZylkerKart-AuthService",
          "response_time": 18.61,
          "throughput": 540
        },
        "607312000002121003": {
          "apdex": 1,
          "availability": "AVAILABLE",
          "error_count": 0,
          "instance_count": 1,
          "name": "ZylkerKart-PaymentService",
          "response_time": 7.61,
          "throughput": 540
        }
      },
      "type": [
        "map",
        [
          "object",
          {
            "apdex": "number",
            "availability": "string",
            "error_count": "number",
            "instance_count": "number",
            "name": "string",
            "response_time": "number",
            "throughput": "number"
          }
        ]
      ],
      "sensitive": true
    },
    "cloud_provider": {
      "value": "aws",
      "type": "string"
    },
    "cluster_name": {
      "value": "zylkerkart-cluster",
      "type": "string"
    },
    "eks_cluster_ca_certificate": {
      "value": "LS0tLS1CRUdJTiBDRVJUSUZJQ0FURS0tLS0tCk1JSURCVENDQWUyZ0F3SUJBZ0lJVUd6bzNCSmhkc0F3RFFZSktvWklodmNOQVFFTEJRQXdGVEVUTUJFR0ExVUUKQXhNS2EzVmlaWEp1WlhSbGN6QWVGdzB5TmpBek1UY3hNakU1TXpsYUZ3MHpOakF6TVRReE1qSTBNemxhTUJVeApFekFSQmdOVkJBTVRDbXQxWW1WeWJtVjBaWE13Z2dFaU1BMEdDU3FHU0liM0RRRUJBUVVBQTRJQkR3QXdnZ0VLCkFvSUJBUUMwUm5qcDR2b1lEdXdsaHFrdld2WVA0VUVMR0lDdHlyM0VuN2hEZjhnbGg4SnJiVWlLd2JyemsxTTYKdzBEMndteUUxZHJIV1ZQZTlPOXNQWVh2K2hHUHFzdnJZVTJMa1F2MTNRSVpjQS9zQ0UxSGFtZW9MSFBvVWhzVApyY1kwWmQrYW41OXUwVXFVYnJXNFdyVnA0VnkzUEIzRExGVW5wQnZvb0tLVkUybkZNWFJCcEVmSzBHOElPVndaClVnWUtxMzNibGpObEhWd3hTbFJXa2Jvdng4YitkZjFMWWJmbWkzWHpieEx5Q2lnNVJyeW5lRlZnUXRhTzBLSUoKdjlnbktNbk9GdEZEbktWSTdqS1FEbksyVkhybVl0SnhZd3ZNYW1MNXZlak9QQXdmdkluNi9tV3BWVkdNREltcQowUkljK2RxTTV3M25hUWdmNFQwREpXWTBVTXVaQWdNQkFBR2pXVEJYTUE0R0ExVWREd0VCL3dRRUF3SUNwREFQCkJnTlZIUk1CQWY4RUJUQURBUUgvTUIwR0ExVWREZ1FXQkJReDA2UlZ1eWhVVVdyZWRhWTgzYStVL2IwajBqQVYKQmdOVkhSRUVEakFNZ2dwcmRXSmxjbTVsZEdWek1BMEdDU3FHU0liM0RRRUJDd1VBQTRJQkFRQWIyZXNSZzJOWApKZi9OMUZteXg5SFl6UFFPaDdRTElDeGJPVXgrN3hDSHZaYlFLcHBMY0lDVFNqdVFnemExQllqMnY4YUluaEEvCnhHM2c4Y1FBbHg0KzljQWUrUElnNTI4V3RHckMvKzFHeFZjOGJESnN0WklSa1NZN2lhY0VXZUJId0x5L0lTRkYKaFJxTUFYcG5iNSt0djZEN1plWHBKc2JmZDRMOThSeG5kRFd4L0VvZEJGSVlHeEp0R3JzVFBvWDJwNHBETFM4RgpPVVZrT3lkcXBsVDV1UzlWSHJNK3poSFZlVDIrbThFZ1NCUXNUd1UzSzdWaXdncFVIcVZyK0hJbk9pcW1WVWtrCjdFcmx0TlgwN2NES1VtYnExL1NIeWNKdCtnYnhaUDBDVHV0bVRRVGw4YzFkSUVLRjR6NDVaL1BmYjBXT2tVNEIKbkFndW1BVkJERmJyCi0tLS0tRU5EIENFUlRJRklDQVRFLS0tLS0K",
      "type": "string",
      "sensitive": true
    },
    "eks_cluster_endpoint": {
      "value": "https://8CE3D8C6E4E8B58A5FD781B3EE401977.gr7.us-east-1.eks.amazonaws.com",
      "type": "string"
    },
    "eks_kubeconfig_command": {
      "value": "aws eks update-kubeconfig --region us-east-1 --name zylkerkart-cluster",
      "type": "string"
    },
    "filter_prefix": {
      "value": "ZylkerKart-",
      "type": "string",
      "sensitive": true
    },
    "managed_applications": {
      "value": {
        "607312000001372354": "ZylkerKart-SearchService",
        "607312000001372383": "ZylkerKart-ProductService",
        "607312000001372422": "ZylkerKart-Storefront",
        "607312000002026016": "ZylkerKart-OrderService",
        "607312000002026041": "ZylkerKart-AuthService",
        "607312000002121003": "ZylkerKart-PaymentService"
      },
      "type": [
        "map",
        "string"
      ],
      "sensitive": true
    },
    "monitor_group_id": {
      "value": "607312000002173001",
      "type": "string",
      "sensitive": true
    },
    "site24x7_agent_token": {
      "value": "s24x7_at_f74e1fd114daf995486c0da20f7c560964001c26e481f1b9da258e0f31dceb54",
      "type": "string",
      "sensitive": true
    },
    "site24x7_chaos_agent_status": {
      "value": {
        "cloud_provider": "aws",
        "cluster_name": "zylkerkart-cluster",
        "environment_id": "d8aee6e2-7817-4c8c-8358-0a8a4859a876",
        "namespace": "site24x7-labs",
        "platform": "kubernetes",
        "server": "204.168.155.117"
      },
      "type": [
        "object",
        {
          "cloud_provider": "string",
          "cluster_name": "string",
          "environment_id": "string",
          "namespace": "string",
          "platform": "string",
          "server": "string"
        }
      ]
    },
    "skipped_applications": {
      "value": {},
      "type": [
        "object",
        {}
      ],
      "sensitive": true
    },
    "storefront_external_ip": {
      "value": "",
      "type": "string"
    },
    "total_managed_apps": {
      "value": 6,
      "type": "number",
      "sensitive": true
    },
    "total_managed_instances": {
      "value": 8,
      "type": "number",
      "sensitive": true
    },
    "total_skipped_apps": {
      "value": 0,
      "type": "number",
      "sensitive": true
    }
  },
  "resources": [
    {
      "mode": "data",
      "type": "aws_availability_zones",
      "name": "available",
      "provider": "provider[\"registry.terraform.io/hashicorp/aws\"]",
      "instances": [
        {
          "index_key": 0,
          "schema_version": 0,
          "attributes": {
            "all_availability_zones": null,
            "exclude_names": null,
            "exclude_zone_ids": null,
            "filter": null,
            "group_names": [
              "us-east-1-zg-1"
            ],
            "id": "us-east-1",
            "names": [
              "us-east-1a",
              "us-east-1b",
              "us-east-1c",
              "us-east-1d",
              "us-east-1e",
              "us-east-1f"
            ],
            "state": "available",
            "timeouts": null,
            "zone_ids": [
              "use1-az1",
              "use1-az2",
              "use1-az4",
              "use1-az6",
              "use1-az3",
              "use1-az5"
            ]
          },
          "sensitive_attributes": [],
          "identity_schema_version": 0
        }
      ]
    },
    {
      "mode": "data",
      "type": "external",
      "name": "site24x7_token",
      "provider": "provider[\"registry.terraform.io/hashicorp/external\"]",
      "instances": [
        {
          "index_key": 0,
          "schema_version": 0,
          "attributes": {
            "id": "-",
            "program": [
              "powershell",
              "-NoProfile",
              "-Command",
              "$body = @{\n  grant_type    = 'refresh_token'\n  client_id     = $env:SITE24X7_CLIENT_ID\n  client_secret = $env:SITE24X7_CLIENT_SECRET\n  refresh_token = $env:SITE24X7_REFRESH_TOKEN\n}\n$response = Invoke-RestMethod -Uri 'https://accounts.zoho.com/oauth/v2/token' -Method POST -Body $body\n@{ access_token = $response.access_token } | ConvertTo-Json -Compress\n"
            ],
            "query": null,
            "result": {
              "access_token": "1000.53f4df0eba2ce5ef3276f62c2daa48c5.5d64d3859057e49c0db7f7a7ac6d7954"
            },
            "working_dir": null
          },
          "sensitive_attributes": [],
          "identity_schema_version": 0
        }
      ]
    },
    {
      "mode": "data",
      "type": "http",
      "name": "apm_apps",
      "provider": "provider[\"registry.terraform.io/hashicorp/http\"]",
      "instances": [
        {
          "index_key": 0,
          "schema_version": 0,
          "attributes": {
            "body": "{\"code\":0,\"message\":\"success\",\"data\":[{\"show_instance_port_number\":true,\"count\":\"6\",\"httpbytesout\":0.0,\"httpbytesin\":0.0,\"show_tls_warning\":false,\"tags\":[],\"availability_health_info\":{\"last_communication_time\":\"1773816952688\",\"status_change_time\":\"-1\",\"managed_state\":true,\"under_maintenance\":false,\"availability_url\":\"/home/reportsinfo.do?execute=getDetailsPageReport\u0026period=3\u0026reporttype=LocationDownReport\u0026urlid=607312000001372354\",\"health\":\"\",\"availability\":\"AVAILABLE\",\"status_reason\":\"\",\"has_health_attribute\":false,\"health_url\":\"\",\"status\":1},\"exception_info\":{\"fatal_count\":\"0\",\"warning_count\":\"0\"},\"response_time_data\":{\"max_response_time\":6.0,\"cpu_time\":0.0,\"max_bytes_out\":0.0,\"total_http_bytes_out\":0.0,\"min_bytes_in\":0.0,\"error_count\":0.0,\"succ_perc\":100.0,\"max_bytes_in\":0.0,\"request_count\":536.0,\"avg_http_bytes_in\":0.0,\"min_response_time\":0.0,\"total_response_time\":0.0,\"avg_http_bytes_out\":0.0,\"min_bytes_out\":0.0,\"succ_count\":536.0,\"response_time\":1.25,\"total_http_bytes_in\":0.0,\"err_count\":0.0,\"throughput\":536.0},\"app_config\":{\"is_cloud_app\":true},\"application_info\":{\"application_name\":\"ZylkerKart-SearchService\",\"instance_ids\":[\"607312000001372461\",\"607312000002026066\",\"607312000001372370\"],\"host_license_applied_instances\":{},\"instances\":{\"607312000001372461\":{\"instance_name\":\"cri-containerd-5c62d00fd8eda8c693d1a497b82851dd7db98728f4971bb7f7cbfc3c:8083\",\"ip_address\":\"\",\"service_version\":\"2.0.0\",\"server_id\":\"607312000002014020\",\"application_id\":\"607312000001372354\",\"host_id\":\"0\",\"agent_version\":1.0,\"instance_id\":\"607312000001372461\",\"application_name\":\"ZylkerKart-SearchService\",\"cloud_type\":\"DOCKER\",\"port\":8083,\"is_cloud_ins\":true,\"host\":\"cri-containerd-5c62d00fd8eda8c693d1a497b82851dd7db98728f4971bb7f7cbfc3c\",\"vm_host\":\"\",\"ins_type\":\"GO\",\"agent_version_info\":\"0\",\"host_license\":false},\"607312000002026066\":{\"instance_name\":\"Instance_1\",\"ip_address\":\"\",\"service_version\":\"2.0.0\",\"server_id\":\"-1\",\"application_id\":\"607312000001372354\",\"host_id\":\"0\",\"agent_version\":1.0,\"instance_id\":\"607312000002026066\",\"application_name\":\"ZylkerKart-SearchService\",\"cloud_type\":\"DOCKER\",\"port\":8083,\"is_cloud_ins\":true,\"host\":\"cri-containerd-3e443216459942347bdf1bb2d261167feea1c037b2e95b205f203a97\",\"vm_host\":\"\",\"ins_type\":\"GO\",\"agent_version_info\":\"1.0.5\",\"host_license\":false},\"607312000001372370\":{\"instance_name\":\"cri-containerd-8dace0059a0983fe49e52a04367b5d6b03c7a64d99cbe80eda5bc856:8083\",\"ip_address\":\"\",\"service_version\":\"2.0.0\",\"server_id\":\"607312000002014020\",\"application_id\":\"607312000001372354\",\"host_id\":\"0\",\"agent_version\":1.0,\"instance_id\":\"607312000001372370\",\"application_name\":\"ZylkerKart-SearchService\",\"cloud_type\":\"DOCKER\",\"port\":8083,\"is_cloud_ins\":true,\"host\":\"cri-containerd-8dace0059a0983fe49e52a04367b5d6b03c7a64d99cbe80eda5bc856\",\"vm_host\":\"\",\"ins_type\":\"GO\",\"agent_version_info\":\"0\",\"host_license\":false}},\"hosts\":{\"cri-containerd-8dace0059a0983fe49e52a04367b5d6b03c7a64d99cbe80eda5bc856\":[\"607312000001372370\"],\"cri-containerd-5c62d00fd8eda8c693d1a497b82851dd7db98728f4971bb7f7cbfc3c\":[\"607312000001372461\"],\"cri-containerd-3e443216459942347bdf1bb2d261167feea1c037b2e95b205f203a97\":[\"607312000002026066\"]},\"host_count\":3,\"rum_info\":\"\",\"managed_instance_count\":1,\"application_id\":\"607312000001372354\",\"instance_count\":3,\"unmanaged_instance_count\":2},\"cputime\":0.0,\"cpu_usage\":\"\",\"apdex_data\":{\"tolerating_count\":0.0,\"satisfied_count\":536.0,\"apdex\":1.0,\"frustrated\":0.0,\"satisfied\":100.0,\"frustrated_count\":0.0,\"tolerating\":0.0}},{\"show_instance_port_number\":true,\"count\":\"6\",\"httpbytesout\":0.0,\"httpbytesin\":0.0,\"show_tls_warning\":false,\"tags\":[],\"availability_health_info\":{\"last_communication_time\":\"1773816936333\",\"status_change_time\":\"-1\",\"managed_state\":true,\"under_maintenance\":false,\"availability_url\":\"/home/reportsinfo.do?execute=getDetailsPageReport\u0026period=3\u0026reporttype=LocationDownReport\u0026urlid=607312000001372383\",\"health\":\"\",\"availability\":\"AVAILABLE\",\"status_reason\":\"\",\"has_health_attribute\":false,\"health_url\":\"\",\"status\":1},\"exception_info\":{\"fatal_count\":\"0\",\"warning_count\":\"0\"},\"response_time_data\":{\"max_response_time\":45.0,\"cpu_time\":0.0,\"max_bytes_out\":0.0,\"total_http_bytes_out\":0.0,\"min_bytes_in\":0.0,\"error_count\":0.0,\"succ_perc\":100.0,\"max_bytes_in\":0.0,\"request_count\":615.0,\"avg_http_bytes_in\":0.0,\"min_response_time\":0.0,\"total_response_time\":0.0,\"avg_http_bytes_out\":0.0,\"min_bytes_out\":0.0,\"succ_count\":615.0,\"response_time\":2.44,\"total_http_bytes_in\":0.0,\"err_count\":0.0,\"throughput\":615.0},\"app_config\":{\"rumInjectionAllowed\":true,\"is_cloud_app\":true,\"autoScale\":false},\"application_info\":{\"application_name\":\"ZylkerKart-ProductService\",\"instance_ids\":[\"607312000001372395\"],\"host_license_applied_instances\":{},\"instances\":{\"607312000001372395\":{\"instance_name\":\"Instance_1\",\"ip_address\":\"10.0.1.137\",\"service_version\":\"0.0\",\"server_id\":\"607312000000267149\",\"application_id\":\"607312000001372383\",\"host_id\":\"0\",\"agent_version\":7.7,\"instance_id\":\"607312000001372395\",\"application_name\":\"ZylkerKart-ProductService\",\"cloud_type\":\"DOCKER\",\"port\":8080,\"is_cloud_ins\":true,\"host\":\"product-service-667845f7d8-vzsv6\",\"vm_host\":\"\",\"ins_type\":\"JAVA\",\"agent_version_info\":\"0\",\"host_license\":false}},\"hosts\":{\"product-service-667845f7d8-vzsv6\":[\"607312000001372395\"]},\"host_count\":1,\"rum_info\":\"\",\"managed_instance_count\":1,\"application_id\":\"607312000001372383\",\"instance_count\":1,\"unmanaged_instance_count\":0},\"cputime\":0.0,\"cpu_usage\":\"\",\"apdex_data\":{\"tolerating_count\":0.0,\"satisfied_count\":615.0,\"apdex\":1.0,\"frustrated\":0.0,\"satisfied\":100.0,\"frustrated_count\":0.0,\"tolerating\":0.0}},{\"show_instance_port_number\":true,\"count\":\"6\",\"httpbytesout\":0.0,\"httpbytesin\":0.0,\"show_tls_warning\":false,\"tags\":[],\"availability_health_info\":{\"last_communication_time\":\"1773816939129\",\"status_change_time\":\"-1\",\"managed_state\":true,\"under_maintenance\":false,\"availability_url\":\"/home/reportsinfo.do?execute=getDetailsPageReport\u0026period=3\u0026reporttype=LocationDownReport\u0026urlid=607312000001372422\",\"health\":\"\",\"availability\":\"AVAILABLE\",\"status_reason\":\"\",\"has_health_attribute\":false,\"health_url\":\"\",\"status\":1},\"exception_info\":{\"fatal_count\":\"16\",\"warning_count\":\"0\"},\"response_time_data\":{\"max_response_time\":111.0,\"cpu_time\":0.0,\"max_bytes_out\":0.0,\"total_http_bytes_out\":0.0,\"min_bytes_in\":0.0,\"error_count\":3.2,\"succ_perc\":96.8,\"max_bytes_in\":0.0,\"request_count\":593.0,\"avg_http_bytes_in\":0.0,\"min_response_time\":1.0,\"total_response_time\":0.0,\"avg_http_bytes_out\":0.0,\"min_bytes_out\":0.0,\"succ_count\":574.0,\"response_time\":5.36,\"total_http_bytes_in\":0.0,\"err_count\":19.0,\"throughput\":593.0},\"app_config\":{\"rumInjectionAllowed\":true,\"is_cloud_app\":true,\"autoScale\":false},\"application_info\":{\"application_name\":\"ZylkerKart-Storefront\",\"instance_ids\":[\"607312000001372434\"],\"host_license_applied_instances\":{},\"instances\":{\"607312000001372434\":{\"instance_name\":\"Instance_1\",\"ip_address\":\"10.0.2.116\",\"service_version\":\"0.0\",\"server_id\":\"607312000000707251\",\"application_id\":\"607312000001372422\",\"host_id\":\"0\",\"agent_version\":7.7,\"instance_id\":\"607312000001372434\",\"application_name\":\"ZylkerKart-Storefront\",\"cloud_type\":\"DOCKER\",\"port\":8080,\"is_cloud_ins\":true,\"host\":\"storefront-699c945966-vvdjp\",\"vm_host\":\"\",\"ins_type\":\"JAVA\",\"agent_version_info\":\"0\",\"host_license\":false}},\"hosts\":{\"storefront-699c945966-vvdjp\":[\"607312000001372434\"]},\"host_count\":1,\"rum_info\":\"\",\"managed_instance_count\":1,\"application_id\":\"607312000001372422\",\"instance_count\":1,\"unmanaged_instance_count\":0},\"cputime\":0.0,\"cpu_usage\":\"\",\"apdex_data\":{\"tolerating_count\":0.0,\"satisfied_count\":574.0,\"apdex\":1.0,\"frustrated\":0.0,\"satisfied\":100.0,\"frustrated_count\":0.0,\"tolerating\":0.0}},{\"show_instance_port_number\":true,\"count\":\"6\",\"httpbytesout\":73809.0,\"httpbytesin\":0.0,\"show_tls_warning\":false,\"tags\":[],\"availability_health_info\":{\"last_communication_time\":\"1773816925769\",\"status_change_time\":\"-1\",\"managed_state\":true,\"under_maintenance\":false,\"availability_url\":\"/home/reportsinfo.do?execute=getDetailsPageReport\u0026period=3\u0026reporttype=LocationDownReport\u0026urlid=607312000002026016\",\"health\":\"\",\"availability\":\"AVAILABLE\",\"status_reason\":\"\",\"has_health_attribute\":false,\"health_url\":\"\",\"status\":1},\"exception_info\":{\"fatal_count\":\"0\",\"warning_count\":\"0\"},\"response_time_data\":{\"max_response_time\":18.0,\"cpu_time\":0.0,\"max_bytes_out\":0.0,\"total_http_bytes_out\":0.0,\"min_bytes_in\":0.0,\"error_count\":0.0,\"succ_perc\":100.0,\"max_bytes_in\":0.0,\"request_count\":531.0,\"avg_http_bytes_in\":0.0,\"min_response_time\":2.0,\"total_response_time\":0.0,\"avg_http_bytes_out\":0.0,\"min_bytes_out\":0.0,\"succ_count\":531.0,\"response_time\":3.67,\"total_http_bytes_in\":0.0,\"err_count\":0.0,\"throughput\":531.0},\"app_config\":{\"is_cloud_app\":true},\"application_info\":{\"application_name\":\"ZylkerKart-OrderService\",\"instance_ids\":[\"607312000002026028\"],\"host_license_applied_instances\":{},\"instances\":{\"607312000002026028\":{\"instance_name\":\"Instance_1\",\"ip_address\":\"10.0.1.178\",\"service_version\":\"0.0\",\"server_id\":\"607312000000267103\",\"application_id\":\"607312000002026016\",\"host_id\":\"0\",\"agent_version\":5.1,\"instance_id\":\"607312000002026028\",\"application_name\":\"ZylkerKart-OrderService\",\"cloud_type\":\"DOCKER\",\"port\":8082,\"is_cloud_ins\":true,\"host\":\"order-service-64fbffd7bb-qzf4r\",\"vm_host\":\"order-service-64fbffd7bb-qzf4r\",\"ins_type\":\"NODEJS\",\"agent_version_info\":\"0\",\"host_license\":false}},\"hosts\":{\"order-service-64fbffd7bb-qzf4r\":[\"607312000002026028\"]},\"host_count\":1,\"rum_info\":\"\",\"managed_instance_count\":1,\"application_id\":\"607312000002026016\",\"instance_count\":1,\"unmanaged_instance_count\":0},\"cputime\":0.0,\"cpu_usage\":\"\",\"apdex_data\":{\"tolerating_count\":0.0,\"satisfied_count\":531.0,\"apdex\":1.0,\"frustrated\":0.0,\"satisfied\":100.0,\"frustrated_count\":0.0,\"tolerating\":0.0}},{\"show_instance_port_number\":true,\"count\":\"6\",\"httpbytesout\":0.0,\"httpbytesin\":0.0,\"show_tls_warning\":false,\"tags\":[],\"availability_health_info\":{\"last_communication_time\":\"1773816963523\",\"status_change_time\":\"-1\",\"managed_state\":true,\"under_maintenance\":false,\"availability_url\":\"/home/reportsinfo.do?execute=getDetailsPageReport\u0026period=3\u0026reporttype=LocationDownReport\u0026urlid=607312000002026041\",\"health\":\"\",\"availability\":\"AVAILABLE\",\"status_reason\":\"\",\"has_health_attribute\":false,\"health_url\":\"\",\"status\":1},\"exception_info\":{\"fatal_count\":\"0\",\"warning_count\":\"0\"},\"response_time_data\":{\"max_response_time\":633.0,\"cpu_time\":0.0,\"max_bytes_out\":0.0,\"total_http_bytes_out\":0.0,\"min_bytes_in\":0.0,\"error_count\":0.0,\"succ_perc\":100.0,\"max_bytes_in\":0.0,\"request_count\":540.0,\"avg_http_bytes_in\":0.0,\"min_response_time\":6.0,\"total_response_time\":0.0,\"avg_http_bytes_out\":0.0,\"min_bytes_out\":0.0,\"succ_count\":540.0,\"response_time\":18.61,\"total_http_bytes_in\":0.0,\"err_count\":0.0,\"throughput\":540.0},\"app_config\":{\"is_cloud_app\":true},\"application_info\":{\"application_name\":\"ZylkerKart-AuthService\",\"instance_ids\":[\"607312000002026053\"],\"host_license_applied_instances\":{},\"instances\":{\"607312000002026053\":{\"instance_name\":\"Instance_1\",\"ip_address\":\"10.0.2.199\",\"service_version\":\"0.0\",\"server_id\":\"607312000000582017\",\"application_id\":\"607312000002026041\",\"host_id\":\"0\",\"agent_version\":7.0,\"instance_id\":\"607312000002026053\",\"application_name\":\"ZylkerKart-AuthService\",\"cloud_type\":\"DOCKER\",\"port\":80,\"is_cloud_ins\":true,\"host\":\"auth-service-b7fbb4c4c-8j9rl\",\"vm_host\":\"auth-service-b7fbb4c4c-8j9rl\",\"ins_type\":\"DOTNET_CORE\",\"agent_version_info\":\"0\",\"host_license\":false}},\"hosts\":{\"auth-service-b7fbb4c4c-8j9rl\":[\"607312000002026053\"]},\"host_count\":1,\"rum_info\":\"\",\"managed_instance_count\":1,\"application_id\":\"607312000002026041\",\"instance_count\":1,\"unmanaged_instance_count\":0},\"cputime\":0.0,\"cpu_usage\":\"\",\"apdex_data\":{\"tolerating_count\":12.0,\"satisfied_count\":528.0,\"apdex\":0.99,\"frustrated\":0.0,\"satisfied\":97.8,\"frustrated_count\":0.0,\"tolerating\":2.2}},{\"show_instance_port_number\":true,\"count\":\"6\",\"httpbytesout\":0.0,\"httpbytesin\":0.0,\"show_tls_warning\":false,\"tags\":[],\"availability_health_info\":{\"last_communication_time\":\"1773816909044\",\"status_change_time\":\"-1\",\"managed_state\":true,\"under_maintenance\":false,\"availability_url\":\"/home/reportsinfo.do?execute=getDetailsPageReport\u0026period=3\u0026reporttype=LocationDownReport\u0026urlid=607312000002121003\",\"health\":\"\",\"availability\":\"AVAILABLE\",\"status_reason\":\"\",\"has_health_attribute\":false,\"health_url\":\"\",\"status\":1},\"exception_info\":{\"fatal_count\":\"0\",\"warning_count\":\"0\"},\"response_time_data\":{\"max_response_time\":31.0,\"cpu_time\":0.0,\"max_bytes_out\":0.0,\"total_http_bytes_out\":0.0,\"min_bytes_in\":0.0,\"error_count\":0.0,\"succ_perc\":100.0,\"max_bytes_in\":0.0,\"request_count\":540.0,\"avg_http_bytes_in\":0.0,\"min_response_time\":5.0,\"total_response_time\":0.0,\"avg_http_bytes_out\":0.0,\"min_bytes_out\":0.0,\"succ_count\":540.0,\"response_time\":7.61,\"total_http_bytes_in\":0.0,\"err_count\":0.0,\"throughput\":540.0},\"app_config\":{\"is_cloud_app\":true},\"application_info\":{\"application_name\":\"ZylkerKart-PaymentService\",\"instance_ids\":[\"607312000002121015\"],\"host_license_applied_instances\":{},\"instances\":{\"607312000002121015\":{\"instance_name\":\"Instance_1\",\"ip_address\":\"10.0.3.102\",\"service_version\":\"2.1.0\",\"server_id\":\"607312000000169245\",\"application_id\":\"607312000002121003\",\"host_id\":\"0\",\"agent_version\":1.7,\"instance_id\":\"607312000002121015\",\"application_name\":\"ZylkerKart-PaymentService\",\"cloud_type\":\"DOCKER\",\"port\":8084,\"is_cloud_ins\":true,\"host\":\"payment-service-6684df8f78-6twd2\",\"vm_host\":\"payment-service-6684df8f78-6twd2\",\"ins_type\":\"PYTHON\",\"agent_version_info\":\"0\",\"host_license\":false}},\"hosts\":{\"payment-service-6684df8f78-6twd2\":[\"607312000002121015\"]},\"host_count\":1,\"rum_info\":\"\",\"managed_instance_count\":1,\"application_id\":\"607312000002121003\",\"instance_count\":1,\"unmanaged_instance_count\":0},\"cputime\":0.0,\"cpu_usage\":\"\",\"apdex_data\":{\"tolerating_count\":0.0,\"satisfied_count\":540.0,\"apdex\":1.0,\"frustrated\":0.0,\"satisfied\":100.0,\"frustrated_count\":0.0,\"tolerating\":0.0}}]}",
            "ca_cert_pem": null,
            "client_cert_pem": null,
            "client_key_pem": null,
            "id": "https://www.site24x7.com/api/apminsight/app/H",
            "insecure": null,
            "method": null,
            "request_body": null,
            "request_headers": {
              "Accept": "application/json; version=2.0",
              "Authorization": "Zoho-oauthtoken 1000.53f4df0eba2ce5ef3276f62c2daa48c5.5d64d3859057e49c0db7f7a7ac6d7954"
            },
            "request_timeout_ms": null,
            "response_body": "{\"code\":0,\"message\":\"success\",\"data\":[{\"show_instance_port_number\":true,\"count\":\"6\",\"httpbytesout\":0.0,\"httpbytesin\":0.0,\"show_tls_warning\":false,\"tags\":[],\"availability_health_info\":{\"last_communication_time\":\"1773816952688\",\"status_change_time\":\"-1\",\"managed_state\":true,\"under_maintenance\":false,\"availability_url\":\"/home/reportsinfo.do?execute=getDetailsPageReport\u0026period=3\u0026reporttype=LocationDownReport\u0026urlid=607312000001372354\",\"health\":\"\",\"availability\":\"AVAILABLE\",\"status_reason\":\"\",\"has_health_attribute\":false,\"health_url\":\"\",\"status\":1},\"exception_info\":{\"fatal_count\":\"0\",\"warning_count\":\"0\"},\"response_time_data\":{\"max_response_time\":6.0,\"cpu_time\":0.0,\"max_bytes_out\":0.0,\"total_http_bytes_out\":0.0,\"min_bytes_in\":0.0,\"error_count\":0.0,\"succ_perc\":100.0,\"max_bytes_in\":0.0,\"request_count\":536.0,\"avg_http_bytes_in\":0.0,\"min_response_time\":0.0,\"total_response_time\":0.0,\"avg_http_bytes_out\":0.0,\"min_bytes_out\":0.0,\"succ_count\":536.0,\"response_time\":1.25,\"total_http_bytes_in\":0.0,\"err_count\":0.0,\"throughput\":536.0},\"app_config\":{\"is_cloud_app\":true},\"application_info\":{\"application_name\":\"ZylkerKart-SearchService\",\"instance_ids\":[\"607312000001372461\",\"607312000002026066\",\"607312000001372370\"],\"host_license_applied_instances\":{},\"instances\":{\"607312000001372461\":{\"instance_name\":\"cri-containerd-5c62d00fd8eda8c693d1a497b82851dd7db98728f4971bb7f7cbfc3c:8083\",\"ip_address\":\"\",\"service_version\":\"2.0.0\",\"server_id\":\"607312000002014020\",\"application_id\":\"607312000001372354\",\"host_id\":\"0\",\"agent_version\":1.0,\"instance_id\":\"607312000001372461\",\"application_name\":\"ZylkerKart-SearchService\",\"cloud_type\":\"DOCKER\",\"port\":8083,\"is_cloud_ins\":true,\"host\":\"cri-containerd-5c62d00fd8eda8c693d1a497b82851dd7db98728f4971bb7f7cbfc3c\",\"vm_host\":\"\",\"ins_type\":\"GO\",\"agent_version_info\":\"0\",\"host_license\":false},\"607312000002026066\":{\"instance_name\":\"Instance_1\",\"ip_address\":\"\",\"service_version\":\"2.0.0\",\"server_id\":\"-1\",\"application_id\":\"607312000001372354\",\"host_id\":\"0\",\"agent_version\":1.0,\"instance_id\":\"607312000002026066\",\"application_name\":\"ZylkerKart-SearchService\",\"cloud_type\":\"DOCKER\",\"port\":8083,\"is_cloud_ins\":true,\"host\":\"cri-containerd-3e443216459942347bdf1bb2d261167feea1c037b2e95b205f203a97\",\"vm_host\":\"\",\"ins_type\":\"GO\",\"agent_version_info\":\"1.0.5\",\"host_license\":false},\"607312000001372370\":{\"instance_name\":\"cri-containerd-8dace0059a0983fe49e52a04367b5d6b03c7a64d99cbe80eda5bc856:8083\",\"ip_address\":\"\",\"service_version\":\"2.0.0\",\"server_id\":\"607312000002014020\",\"application_id\":\"607312000001372354\",\"host_id\":\"0\",\"agent_version\":1.0,\"instance_id\":\"607312000001372370\",\"application_name\":\"ZylkerKart-SearchService\",\"cloud_type\":\"DOCKER\",\"port\":8083,\"is_cloud_ins\":true,\"host\":\"cri-containerd-8dace0059a0983fe49e52a04367b5d6b03c7a64d99cbe80eda5bc856\",\"vm_host\":\"\",\"ins_type\":\"GO\",\"agent_version_info\":\"0\",\"host_license\":false}},\"hosts\":{\"cri-containerd-8dace0059a0983fe49e52a04367b5d6b03c7a64d99cbe80eda5bc856\":[\"607312000001372370\"],\"cri-containerd-5c62d00fd8eda8c693d1a497b82851dd7db98728f4971bb7f7cbfc3c\":[\"607312000001372461\"],\"cri-containerd-3e443216459942347bdf1bb2d261167feea1c037b2e95b205f203a97\":[\"607312000002026066\"]},\"host_count\":3,\"rum_info\":\"\",\"managed_instance_count\":1,\"application_id\":\"607312000001372354\",\"instance_count\":3,\"unmanaged_instance_count\":2},\"cputime\":0.0,\"cpu_usage\":\"\",\"apdex_data\":{\"tolerating_count\":0.0,\"satisfied_count\":536.0,\"apdex\":1.0,\"frustrated\":0.0,\"satisfied\":100.0,\"frustrated_count\":0.0,\"tolerating\":0.0}},{\"show_instance_port_number\":true,\"count\":\"6\",\"httpbytesout\":0.0,\"httpbytesin\":0.0,\"show_tls_warning\":false,\"tags\":[],\"availability_health_info\":{\"last_communication_time\":\"1773816936333\",\"status_change_time\":\"-1\",\"managed_state\":true,\"under_maintenance\":false,\"availability_url\":\"/home/reportsinfo.do?execute=getDetailsPageReport\u0026period=3\u0026reporttype=LocationDownReport\u0026urlid=607312000001372383\",\"health\":\"\",\"availability\":\"AVAILABLE\",\"status_reason\":\"\",\"has_health_attribute\":false,\"health_url\":\"\",\"status\":1},\"exception_info\":{\"fatal_count\":\"0\",\"warning_count\":\"0\"},\"response_time_data\":{\"max_response_time\":45.0,\"cpu_time\":0.0,\"max_bytes_out\":0.0,\"total_http_bytes_out\":0.0,\"min_bytes_in\":0.0,\"error_count\":0.0,\"succ_perc\":100.0,\"max_bytes_in\":0.0,\"request_count\":615.0,\"avg_http_bytes_in\":0.0,\"min_response_time\":0.0,\"total_response_time\":0.0,\"avg_http_bytes_out\":0.0,\"min_bytes_out\":0.0,\"succ_count\":615.0,\"response_time\":2.44,\"total_http_bytes_in\":0.0,\"err_count\":0.0,\"throughput\":615.0},\"app_config\":{\"rumInjectionAllowed\":true,\"is_cloud_app\":true,\"autoScale\":false},\"application_info\":{\"application_name\":\"ZylkerKart-ProductService\",\"instance_ids\":[\"607312000001372395\"],\"host_license_applied_instances\":{},\"instances\":{\"607312000001372395\":{\"instance_name\":\"Instance_1\",\"ip_address\":\"10.0.1.137\",\"service_version\":\"0.0\",\"server_id\":\"607312000000267149\",\"application_id\":\"607312000001372383\",\"host_id\":\"0\",\"agent_version\":7.7,\"instance_id\":\"607312000001372395\",\"application_name\":\"ZylkerKart-ProductService\",\"cloud_type\":\"DOCKER\",\"port\":8080,\"is_cloud_ins\":true,\"host\":\"product-service-667845f7d8-vzsv6\",\"vm_host\":\"\",\"ins_type\":\"JAVA\",\"agent_version_info\":\"0\",\"host_license\":false}},\"hosts\":{\"product-service-667845f7d8-vzsv6\":[\"607312000001372395\"]},\"host_count\":1,\"rum_info\":\"\",\"managed_instance_count\":1,\"application_id\":\"607312000001372383\",\"instance_count\":1,\"unmanaged_instance_count\":0},\"cputime\":0.0,\"cpu_usage\":\"\",\"apdex_data\":{\"tolerating_count\":0.0,\"satisfied_count\":615.0,\"apdex\":1.0,\"frustrated\":0.0,\"satisfied\":100.0,\"frustrated_count\":0.0,\"tolerating\":0.0}},{\"show_instance_port_number\":true,\"count\":\"6\",\"httpbytesout\":0.0,\"httpbytesin\":0.0,\"show_tls_warning\":false,\"tags\":[],\"availability_health_info\":{\"last_communication_time\":\"1773816939129\",\"status_change_time\":\"-1\",\"managed_state\":true,\"under_maintenance\":false,\"availability_url\":\"/home/reportsinfo.do?execute=getDetailsPageReport\u0026period=3\u0026reporttype=LocationDownReport\u0026urlid=607312000001372422\",\"health\":\"\",\"availability\":\"AVAILABLE\",\"status_reason\":\"\",\"has_health_attribute\":false,\"health_url\":\"\",\"status\":1},\"exception_info\":{\"fatal_count\":\"16\",\"warning_count\":\"0\"},\"response_time_data\":{\"max_response_time\":111.0,\"cpu_time\":0.0,\"max_bytes_out\":0.0,\"total_http_bytes_out\":0.0,\"min_bytes_in\":0.0,\"error_count\":3.2,\"succ_perc\":96.8,\"max_bytes_in\":0.0,\"request_count\":593.0,\"avg_http_bytes_in\":0.0,\"min_response_time\":1.0,\"total_response_time\":0.0,\"avg_http_bytes_out\":0.0,\"min_bytes_out\":0.0,\"succ_count\":574.0,\"response_time\":5.36,\"total_http_bytes_in\":0.0,\"err_count\":19.0,\"throughput\":593.0},\"app_config\":{\"rumInjectionAllowed\":true,\"is_cloud_app\":true,\"autoScale\":false},\"application_info\":{\"application_name\":\"ZylkerKart-Storefront\",\"instance_ids\":[\"607312000001372434\"],\"host_license_applied_instances\":{},\"instances\":{\"607312000001372434\":{\"instance_name\":\"Instance_1\",\"ip_address\":\"10.0.2.116\",\"service_version\":\"0.0\",\"server_id\":\"607312000000707251\",\"application_id\":\"607312000001372422\",\"host_id\":\"0\",\"agent_version\":7.7,\"instance_id\":\"607312000001372434\",\"application_name\":\"ZylkerKart-Storefront\",\"cloud_type\":\"DOCKER\",\"port\":8080,\"is_cloud_ins\":true,\"host\":\"storefront-699c945966-vvdjp\",\"vm_host\":\"\",\"ins_type\":\"JAVA\",\"agent_version_info\":\"0\",\"host_license\":false}},\"hosts\":{\"storefront-699c945966-vvdjp\":[\"607312000001372434\"]},\"host_count\":1,\"rum_info\":\"\",\"managed_instance_count\":1,\"application_id\":\"607312000001372422\",\"instance_count\":1,\"unmanaged_instance_count\":0},\"cputime\":0.0,\"cpu_usage\":\"\",\"apdex_data\":{\"tolerating_count\":0.0,\"satisfied_count\":574.0,\"apdex\":1.0,\"frustrated\":0.0,\"satisfied\":100.0,\"frustrated_count\":0.0,\"tolerating\":0.0}},{\"show_instance_port_number\":true,\"count\":\"6\",\"httpbytesout\":73809.0,\"httpbytesin\":0.0,\"show_tls_warning\":false,\"tags\":[],\"availability_health_info\":{\"last_communication_time\":\"1773816925769\",\"status_change_time\":\"-1\",\"managed_state\":true,\"under_maintenance\":false,\"availability_url\":\"/home/reportsinfo.do?execute=getDetailsPageReport\u0026period=3\u0026reporttype=LocationDownReport\u0026urlid=607312000002026016\",\"health\":\"\",\"availability\":\"AVAILABLE\",\"status_reason\":\"\",\"has_health_attribute\":false,\"health_url\":\"\",\"status\":1},\"exception_info\":{\"fatal_count\":\"0\",\"warning_count\":\"0\"},\"response_time_data\":{\"max_response_time\":18.0,\"cpu_time\":0.0,\"max_bytes_out\":0.0,\"total_http_bytes_out\":0.0,\"min_bytes_in\":0.0,\"error_count\":0.0,\"succ_perc\":100.0,\"max_bytes_in\":0.0,\"request_count\":531.0,\"avg_http_bytes_in\":0.0,\"min_response_time\":2.0,\"total_response_time\":0.0,\"avg_http_bytes_out\":0.0,\"min_bytes_out\":0.0,\"succ_count\":531.0,\"response_time\":3.67,\"total_http_bytes_in\":0.0,\"err_count\":0.0,\"throughput\":531.0},\"app_config\":{\"is_cloud_app\":true},\"application_info\":{\"application_name\":\"ZylkerKart-OrderService\",\"instance_ids\":[\"607312000002026028\"],\"host_license_applied_instances\":{},\"instances\":{\"607312000002026028\":{\"instance_name\":\"Instance_1\",\"ip_address\":\"10.0.1.178\",\"service_version\":\"0.0\",\"server_id\":\"607312000000267103\",\"application_id\":\"607312000002026016\",\"host_id\":\"0\",\"agent_version\":5.1,\"instance_id\":\"607312000002026028\",\"application_name\":\"ZylkerKart-OrderService\",\"cloud_type\":\"DOCKER\",\"port\":8082,\"is_cloud_ins\":true,\"host\":\"order-service-64fbffd7bb-qzf4r\",\"vm_host\":\"order-service-64fbffd7bb-qzf4r\",\"ins_type\":\"NODEJS\",\"agent_version_info\":\"0\",\"host_license\":false}},\"hosts\":{\"order-service-64fbffd7bb-qzf4r\":[\"607312000002026028\"]},\"host_count\":1,\"rum_info\":\"\",\"managed_instance_count\":1,\"application_id\":\"607312000002026016\",\"instance_count\":1,\"unmanaged_instance_count\":0},\"cputime\":0.0,\"cpu_usage\":\"\",\"apdex_data\":{\"tolerating_count\":0.0,\"satisfied_count\":531.0,\"apdex\":1.0,\"frustrated\":0.0,\"satisfied\":100.0,\"frustrated_count\":0.0,\"tolerating\":0.0}},{\"show_instance_port_number\":true,\"count\":\"6\",\"httpbytesout\":0.0,\"httpbytesin\":0.0,\"show_tls_warning\":false,\"tags\":[],\"availability_health_info\":{\"last_communication_time\":\"1773816963523\",\"status_change_time\":\"-1\",\"managed_state\":true,\"under_maintenance\":false,\"availability_url\":\"/home/reportsinfo.do?execute=getDetailsPageReport\u0026period=3\u0026reporttype=LocationDownReport\u0026urlid=607312000002026041\",\"health\":\"\",\"availability\":\"AVAILABLE\",\"status_reason\":\"\",\"has_health_attribute\":false,\"health_url\":\"\",\"status\":1},\"exception_info\":{\"fatal_count\":\"0\",\"warning_count\":\"0\"},\"response_time_data\":{\"max_response_time\":633.0,\"cpu_time\":0.0,\"max_bytes_out\":0.0,\"total_http_bytes_out\":0.0,\"min_bytes_in\":0.0,\"error_count\":0.0,\"succ_perc\":100.0,\"max_bytes_in\":0.0,\"request_count\":540.0,\"avg_http_bytes_in\":0.0,\"min_response_time\":6.0,\"total_response_time\":0.0,\"avg_http_bytes_out\":0.0,\"min_bytes_out\":0.0,\"succ_count\":540.0,\"response_time\":18.61,\"total_http_bytes_in\":0.0,\"err_count\":0.0,\"throughput\":540.0},\"app_config\":{\"is_cloud_app\":true},\"application_info\":{\"application_name\":\"ZylkerKart-AuthService\",\"instance_ids\":[\"607312000002026053\"],\"host_license_applied_instances\":{},\"instances\":{\"607312000002026053\":{\"instance_name\":\"Instance_1\",\"ip_address\":\"10.0.2.199\",\"service_version\":\"0.0\",\"server_id\":\"607312000000582017\",\"application_id\":\"607312000002026041\",\"host_id\":\"0\",\"agent_version\":7.0,\"instance_id\":\"607312000002026053\",\"application_name\":\"ZylkerKart-AuthService\",\"cloud_type\":\"DOCKER\",\"port\":80,\"is_cloud_ins\":true,\"host\":\"auth-service-b7fbb4c4c-8j9rl\",\"vm_host\":\"auth-service-b7fbb4c4c-8j9rl\",\"ins_type\":\"DOTNET_CORE\",\"agent_version_info\":\"0\",\"host_license\":false}},\"hosts\":{\"auth-service-b7fbb4c4c-8j9rl\":[\"607312000002026053\"]},\"host_count\":1,\"rum_info\":\"\",\"managed_instance_count\":1,\"application_id\":\"607312000002026041\",\"instance_count\":1,\"unmanaged_instance_count\":0},\"cputime\":0.0,\"cpu_usage\":\"\",\"apdex_data\":{\"tolerating_count\":12.0,\"satisfied_count\":528.0,\"apdex\":0.99,\"frustrated\":0.0,\"satisfied\":97.8,\"frustrated_count\":0.0,\"tolerating\":2.2}},{\"show_instance_port_number\":true,\"count\":\"6\",\"httpbytesout\":0.0,\"httpbytesin\":0.0,\"show_tls_warning\":false,\"tags\":[],\"availability_health_info\":{\"last_communication_time\":\"1773816909044\",\"status_change_time\":\"-1\",\"managed_state\":true,\"under_maintenance\":false,\"availability_url\":\"/home/reportsinfo.do?execute=getDetailsPageReport\u0026period=3\u0026reporttype=LocationDownReport\u0026urlid=607312000002121003\",\"health\":\"\",\"availability\":\"AVAILABLE\",\"status_reason\":\"\",\"has_health_attribute\":false,\"health_url\":\"\",\"status\":1},\"exception_info\":{\"fatal_count\":\"0\",\"warning_count\":\"0\"},\"response_time_data\":{\"max_response_time\":31.0,\"cpu_time\":0.0,\"max_bytes_out\":0.0,\"total_http_bytes_out\":0.0,\"min_bytes_in\":0.0,\"error_count\":0.0,\"succ_perc\":100.0,\"max_bytes_in\":0.0,\"request_count\":540.0,\"avg_http_bytes_in\":0.0,\"min_response_time\":5.0,\"total_response_time\":0.0,\"avg_http_bytes_out\":0.0,\"min_bytes_out\":0.0,\"succ_count\":540.0,\"response_time\":7.61,\"total_http_bytes_in\":0.0,\"err_count\":0.0,\"throughput\":540.0},\"app_config\":{\"is_cloud_app\":true},\"application_info\":{\"application_name\":\"ZylkerKart-PaymentService\",\"instance_ids\":[\"607312000002121015\"],\"host_license_applied_instances\":{},\"instances\":{\"607312000002121015\":{\"instance_name\":\"Instance_1\",\"ip_address\":\"10.0.3.102\",\"service_version\":\"2.1.0\",\"server_id\":\"607312000000169245\",\"application_id\":\"607312000002121003\",\"host_id\":\"0\",\"agent_version\":1.7,\"instance_id\":\"607312000002121015\",\"application_name\":\"ZylkerKart-PaymentService\",\"cloud_type\":\"DOCKER\",\"port\":8084,\"is_cloud_ins\":true,\"host\":\"payment-service-6684df8f78-6twd2\",\"vm_host\":\"payment-service-6684df8f78-6twd2\",\"ins_type\":\"PYTHON\",\"agent_version_info\":\"0\",\"host_license\":false}},\"hosts\":{\"payment-service-6684df8f78-6twd2\":[\"607312000002121015\"]},\"host_count\":1,\"rum_info\":\"\",\"managed_instance_count\":1,\"application_id\":\"607312000002121003\",\"instance_count\":1,\"unmanaged_instance_count\":0},\"cputime\":0.0,\"cpu_usage\":\"\",\"apdex_data\":{\"tolerating_count\":0.0,\"satisfied_count\":540.0,\"apdex\":1.0,\"frustrated\":0.0,\"satisfied\":100.0,\"frustrated_count\":0.0,\"tolerating\":0.0}}]}",
            "response_body_base64": "eyJjb2RlIjowLCJtZXNzYWdlIjoic3VjY2VzcyIsImRhdGEiOlt7InNob3dfaW5zdGFuY2VfcG9ydF9udW1iZXIiOnRydWUsImNvdW50IjoiNiIsImh0dHBieXRlc291dCI6MC4wLCJodHRwYnl0ZXNpbiI6MC4wLCJzaG93X3Rsc193YXJuaW5nIjpmYWxzZSwidGFncyI6W10sImF2YWlsYWJpbGl0eV9oZWFsdGhfaW5mbyI6eyJsYXN0X2NvbW11bmljYXRpb25fdGltZSI6IjE3NzM4MTY5NTI2ODgiLCJzdGF0dXNfY2hhbmdlX3RpbWUiOiItMSIsIm1hbmFnZWRfc3RhdGUiOnRydWUsInVuZGVyX21haW50ZW5hbmNlIjpmYWxzZSwiYXZhaWxhYmlsaXR5X3VybCI6Ii9ob21lL3JlcG9ydHNpbmZvLmRvP2V4ZWN1dGU9Z2V0RGV0YWlsc1BhZ2VSZXBvcnQmcGVyaW9kPTMmcmVwb3J0dHlwZT1Mb2NhdGlvbkRvd25SZXBvcnQmdXJsaWQ9NjA3MzEyMDAwMDAxMzcyMzU0IiwiaGVhbHRoIjoiIiwiYXZhaWxhYmlsaXR5IjoiQVZBSUxBQkxFIiwic3RhdHVzX3JlYXNvbiI6IiIsImhhc19oZWFsdGhfYXR0cmlidXRlIjpmYWxzZSwiaGVhbHRoX3VybCI6IiIsInN0YXR1cyI6MX0sImV4Y2VwdGlvbl9pbmZvIjp7ImZhdGFsX2NvdW50IjoiMCIsIndhcm5pbmdfY291bnQiOiIwIn0sInJlc3BvbnNlX3RpbWVfZGF0YSI6eyJtYXhfcmVzcG9uc2VfdGltZSI6Ni4wLCJjcHVfdGltZSI6MC4wLCJtYXhfYnl0ZXNfb3V0IjowLjAsInRvdGFsX2h0dHBfYnl0ZXNfb3V0IjowLjAsIm1pbl9ieXRlc19pbiI6MC4wLCJlcnJvcl9jb3VudCI6MC4wLCJzdWNjX3BlcmMiOjEwMC4wLCJtYXhfYnl0ZXNfaW4iOjAuMCwicmVxdWVzdF9jb3VudCI6NTM2LjAsImF2Z19odHRwX2J5dGVzX2luIjowLjAsIm1pbl9yZXNwb25zZV90aW1lIjowLjAsInRvdGFsX3Jlc3BvbnNlX3RpbWUiOjAuMCwiYXZnX2h0dHBfYnl0ZXNfb3V0IjowLjAsIm1pbl9ieXRlc19vdXQiOjAuMCwic3VjY19jb3VudCI6NTM2LjAsInJlc3BvbnNlX3RpbWUiOjEuMjUsInRvdGFsX2h0dHBfYnl0ZXNfaW4iOjAuMCwiZXJyX2NvdW50IjowLjAsInRocm91Z2hwdXQiOjUzNi4wfSwiYXBwX2NvbmZpZyI6eyJpc19jbG91ZF9hcHAiOnRydWV9LCJhcHBsaWNhdGlvbl9pbmZvIjp7ImFwcGxpY2F0aW9uX25hbWUiOiJaeWxrZXJLYXJ0LVNlYXJjaFNlcnZpY2UiLCJpbnN0YW5jZV9pZHMiOlsiNjA3MzEyMDAwMDAxMzcyNDYxIiwiNjA3MzEyMDAwMDAyMDI2MDY2IiwiNjA3MzEyMDAwMDAxMzcyMzcwIl0sImhvc3RfbGljZW5zZV9hcHBsaWVkX2luc3RhbmNlcyI6e30sImluc3RhbmNlcyI6eyI2MDczMTIwMDAwMDEzNzI0NjEiOnsiaW5zdGFuY2VfbmFtZSI6ImNyaS1jb250YWluZXJkLTVjNjJkMDBmZDhlZGE4YzY5M2QxYTQ5N2I4Mjg1MWRkN2RiOTg3MjhmNDk3MWJiN2Y3Y2JmYzNjOjgwODMiLCJpcF9hZGRyZXNzIjoiIiwic2VydmljZV92ZXJzaW9uIjoiMi4wLjAiLCJzZXJ2ZXJfaWQiOiI2MDczMTIwMDAwMDIwMTQwMjAiLCJhcHBsaWNhdGlvbl9pZCI6IjYwNzMxMjAwMDAwMTM3MjM1NCIsImhvc3RfaWQiOiIwIiwiYWdlbnRfdmVyc2lvbiI6MS4wLCJpbnN0YW5jZV9pZCI6IjYwNzMxMjAwMDAwMTM3MjQ2MSIsImFwcGxpY2F0aW9uX25hbWUiOiJaeWxrZXJLYXJ0LVNlYXJjaFNlcnZpY2UiLCJjbG91ZF90eXBlIjoiRE9DS0VSIiwicG9ydCI6ODA4MywiaXNfY2xvdWRfaW5zIjp0cnVlLCJob3N0IjoiY3JpLWNvbnRhaW5lcmQtNWM2MmQwMGZkOGVkYThjNjkzZDFhNDk3YjgyODUxZGQ3ZGI5ODcyOGY0OTcxYmI3ZjdjYmZjM2MiLCJ2bV9ob3N0IjoiIiwiaW5zX3R5cGUiOiJHTyIsImFnZW50X3ZlcnNpb25faW5mbyI6IjAiLCJob3N0X2xpY2Vuc2UiOmZhbHNlfSwiNjA3MzEyMDAwMDAyMDI2MDY2Ijp7Imluc3RhbmNlX25hbWUiOiJJbnN0YW5jZV8xIiwiaXBfYWRkcmVzcyI6IiIsInNlcnZpY2VfdmVyc2lvbiI6IjIuMC4wIiwic2VydmVyX2lkIjoiLTEiLCJhcHBsaWNhdGlvbl9pZCI6IjYwNzMxMjAwMDAwMTM3MjM1NCIsImhvc3RfaWQiOiIwIiwiYWdlbnRfdmVyc2lvbiI6MS4wLCJpbnN0YW5jZV9pZCI6IjYwNzMxMjAwMDAwMjAyNjA2NiIsImFwcGxpY2F0aW9uX25hbWUiOiJaeWxrZXJLYXJ0LVNlYXJjaFNlcnZpY2UiLCJjbG91ZF90eXBlIjoiRE9DS0VSIiwicG9ydCI6ODA4MywiaXNfY2xvdWRfaW5zIjp0cnVlLCJob3N0IjoiY3JpLWNvbnRhaW5lcmQtM2U0NDMyMTY0NTk5NDIzNDdiZGYxYmIyZDI2MTE2N2ZlZWExYzAzN2IyZTk1YjIwNWYyMDNhOTciLCJ2bV9ob3N0IjoiIiwiaW5zX3R5cGUiOiJHTyIsImFnZW50X3ZlcnNpb25faW5mbyI6IjEuMC41IiwiaG9zdF9saWNlbnNlIjpmYWxzZX0sIjYwNzMxMjAwMDAwMTM3MjM3MCI6eyJpbnN0YW5jZV9uYW1lIjoiY3JpLWNvbnRhaW5lcmQtOGRhY2UwMDU5YTA5ODNmZTQ5ZTUyYTA0MzY3YjVkNmIwM2M3YTY0ZDk5Y2JlODBlZGE1YmM4NTY6ODA4MyIsImlwX2FkZHJlc3MiOiIiLCJzZXJ2aWNlX3ZlcnNpb24iOiIyLjAuMCIsInNlcnZlcl9pZCI6IjYwNzMxMjAwMDAwMjAxNDAyMCIsImFwcGxpY2F0aW9uX2lkIjoiNjA3MzEyMDAwMDAxMzcyMzU0IiwiaG9zdF9pZCI6IjAiLCJhZ2VudF92ZXJzaW9uIjoxLjAsImluc3RhbmNlX2lkIjoiNjA3MzEyMDAwMDAxMzcyMzcwIiwiYXBwbGljYXRpb25fbmFtZSI6Ilp5bGtlckthcnQtU2VhcmNoU2VydmljZSIsImNsb3VkX3R5cGUiOiJET0NLRVIiLCJwb3J0Ijo4MDgzLCJpc19jbG91ZF9pbnMiOnRydWUsImhvc3QiOiJjcmktY29udGFpbmVyZC04ZGFjZTAwNTlhMDk4M2ZlNDllNTJhMDQzNjdiNWQ2YjAzYzdhNjRkOTljYmU4MGVkYTViYzg1NiIsInZtX2hvc3QiOiIiLCJpbnNfdHlwZSI6IkdPIiwiYWdlbnRfdmVyc2lvbl9pbmZvIjoiMCIsImhvc3RfbGljZW5zZSI6ZmFsc2V9fSwiaG9zdHMiOnsiY3JpLWNvbnRhaW5lcmQtOGRhY2UwMDU5YTA5ODNmZTQ5ZTUyYTA0MzY3YjVkNmIwM2M3YTY0ZDk5Y2JlODBlZGE1YmM4NTYiOlsiNjA3MzEyMDAwMDAxMzcyMzcwIl0sImNyaS1jb250YWluZXJkLTVjNjJkMDBmZDhlZGE4YzY5M2QxYTQ5N2I4Mjg1MWRkN2RiOTg3MjhmNDk3MWJiN2Y3Y2JmYzNjIjpbIjYwNzMxMjAwMDAwMTM3MjQ2MSJdLCJjcmktY29udGFpbmVyZC0zZTQ0MzIxNjQ1OTk0MjM0N2JkZjFiYjJkMjYxMTY3ZmVlYTFjMDM3YjJlOTViMjA1ZjIwM2E5NyI6WyI2MDczMTIwMDAwMDIwMjYwNjYiXX0sImhvc3RfY291bnQiOjMsInJ1bV9pbmZvIjoiIiwibWFuYWdlZF9pbnN0YW5jZV9jb3VudCI6MSwiYXBwbGljYXRpb25faWQiOiI2MDczMTIwMDAwMDEzNzIzNTQiLCJpbnN0YW5jZV9jb3VudCI6MywidW5tYW5hZ2VkX2luc3RhbmNlX2NvdW50IjoyfSwiY3B1dGltZSI6MC4wLCJjcHVfdXNhZ2UiOiIiLCJhcGRleF9kYXRhIjp7InRvbGVyYXRpbmdfY291bnQiOjAuMCwic2F0aXNmaWVkX2NvdW50Ijo1MzYuMCwiYXBkZXgiOjEuMCwiZnJ1c3RyYXRlZCI6MC4wLCJzYXRpc2ZpZWQiOjEwMC4wLCJmcnVzdHJhdGVkX2NvdW50IjowLjAsInRvbGVyYXRpbmciOjAuMH19LHsic2hvd19pbnN0YW5jZV9wb3J0X251bWJlciI6dHJ1ZSwiY291bnQiOiI2IiwiaHR0cGJ5dGVzb3V0IjowLjAsImh0dHBieXRlc2luIjowLjAsInNob3dfdGxzX3dhcm5pbmciOmZhbHNlLCJ0YWdzIjpbXSwiYXZhaWxhYmlsaXR5X2hlYWx0aF9pbmZvIjp7Imxhc3RfY29tbXVuaWNhdGlvbl90aW1lIjoiMTc3MzgxNjkzNjMzMyIsInN0YXR1c19jaGFuZ2VfdGltZSI6Ii0xIiwibWFuYWdlZF9zdGF0ZSI6dHJ1ZSwidW5kZXJfbWFpbnRlbmFuY2UiOmZhbHNlLCJhdmFpbGFiaWxpdHlfdXJsIjoiL2hvbWUvcmVwb3J0c2luZm8uZG8/ZXhlY3V0ZT1nZXREZXRhaWxzUGFnZVJlcG9ydCZwZXJpb2Q9MyZyZXBvcnR0eXBlPUxvY2F0aW9uRG93blJlcG9ydCZ1cmxpZD02MDczMTIwMDAwMDEzNzIzODMiLCJoZWFsdGgiOiIiLCJhdmFpbGFiaWxpdHkiOiJBVkFJTEFCTEUiLCJzdGF0dXNfcmVhc29uIjoiIiwiaGFzX2hlYWx0aF9hdHRyaWJ1dGUiOmZhbHNlLCJoZWFsdGhfdXJsIjoiIiwic3RhdHVzIjoxfSwiZXhjZXB0aW9uX2luZm8iOnsiZmF0YWxfY291bnQiOiIwIiwid2FybmluZ19jb3VudCI6IjAifSwicmVzcG9uc2VfdGltZV9kYXRhIjp7Im1heF9yZXNwb25zZV90aW1lIjo0NS4wLCJjcHVfdGltZSI6MC4wLCJtYXhfYnl0ZXNfb3V0IjowLjAsInRvdGFsX2h0dHBfYnl0ZXNfb3V0IjowLjAsIm1pbl9ieXRlc19pbiI6MC4wLCJlcnJvcl9jb3VudCI6MC4wLCJzdWNjX3BlcmMiOjEwMC4wLCJtYXhfYnl0ZXNfaW4iOjAuMCwicmVxdWVzdF9jb3VudCI6NjE1LjAsImF2Z19odHRwX2J5dGVzX2luIjowLjAsIm1pbl9yZXNwb25zZV90aW1lIjowLjAsInRvdGFsX3Jlc3BvbnNlX3RpbWUiOjAuMCwiYXZnX2h0dHBfYnl0ZXNfb3V0IjowLjAsIm1pbl9ieXRlc19vdXQiOjAuMCwic3VjY19jb3VudCI6NjE1LjAsInJlc3BvbnNlX3RpbWUiOjIuNDQsInRvdGFsX2h0dHBfYnl0ZXNfaW4iOjAuMCwiZXJyX2NvdW50IjowLjAsInRocm91Z2hwdXQiOjYxNS4wfSwiYXBwX2NvbmZpZyI6eyJydW1JbmplY3Rpb25BbGxvd2VkIjp0cnVlLCJpc19jbG91ZF9hcHAiOnRydWUsImF1dG9TY2FsZSI6ZmFsc2V9LCJhcHBsaWNhdGlvbl9pbmZvIjp7ImFwcGxpY2F0aW9uX25hbWUiOiJaeWxrZXJLYXJ0LVByb2R1Y3RTZXJ2aWNlIiwiaW5zdGFuY2VfaWRzIjpbIjYwNzMxMjAwMDAwMTM3MjM5NSJdLCJob3N0X2xpY2Vuc2VfYXBwbGllZF9pbnN0YW5jZXMiOnt9LCJpbnN0YW5jZXMiOnsiNjA3MzEyMDAwMDAxMzcyMzk1Ijp7Imluc3RhbmNlX25hbWUiOiJJbnN0YW5jZV8xIiwiaXBfYWRkcmVzcyI6IjEwLjAuMS4xMzciLCJzZXJ2aWNlX3ZlcnNpb24iOiIwLjAiLCJzZXJ2ZXJfaWQiOiI2MDczMTIwMDAwMDAyNjcxNDkiLCJhcHBsaWNhdGlvbl9pZCI6IjYwNzMxMjAwMDAwMTM3MjM4MyIsImhvc3RfaWQiOiIwIiwiYWdlbnRfdmVyc2lvbiI6Ny43LCJpbnN0YW5jZV9pZCI6IjYwNzMxMjAwMDAwMTM3MjM5NSIsImFwcGxpY2F0aW9uX25hbWUiOiJaeWxrZXJLYXJ0LVByb2R1Y3RTZXJ2aWNlIiwiY2xvdWRfdHlwZSI6IkRPQ0tFUiIsInBvcnQiOjgwODAsImlzX2Nsb3VkX2lucyI6dHJ1ZSwiaG9zdCI6InByb2R1Y3Qtc2VydmljZS02Njc4NDVmN2Q4LXZ6c3Y2Iiwidm1faG9zdCI6IiIsImluc190eXBlIjoiSkFWQSIsImFnZW50X3ZlcnNpb25faW5mbyI6IjAiLCJob3N0X2xpY2Vuc2UiOmZhbHNlfX0sImhvc3RzIjp7InByb2R1Y3Qtc2VydmljZS02Njc4NDVmN2Q4LXZ6c3Y2IjpbIjYwNzMxMjAwMDAwMTM3MjM5NSJdfSwiaG9zdF9jb3VudCI6MSwicnVtX2luZm8iOiIiLCJtYW5hZ2VkX2luc3RhbmNlX2NvdW50IjoxLCJhcHBsaWNhdGlvbl9pZCI6IjYwNzMxMjAwMDAwMTM3MjM4MyIsImluc3RhbmNlX2NvdW50IjoxLCJ1bm1hbmFnZWRfaW5zdGFuY2VfY291bnQiOjB9LCJjcHV0aW1lIjowLjAsImNwdV91c2FnZSI6IiIsImFwZGV4X2RhdGEiOnsidG9sZXJhdGluZ19jb3VudCI6MC4wLCJzYXRpc2ZpZWRfY291bnQiOjYxNS4wLCJhcGRleCI6MS4wLCJmcnVzdHJhdGVkIjowLjAsInNhdGlzZmllZCI6MTAwLjAsImZydXN0cmF0ZWRfY291bnQiOjAuMCwidG9sZXJhdGluZyI6MC4wfX0seyJzaG93X2luc3RhbmNlX3BvcnRfbnVtYmVyIjp0cnVlLCJjb3VudCI6IjYiLCJodHRwYnl0ZXNvdXQiOjAuMCwiaHR0cGJ5dGVzaW4iOjAuMCwic2hvd190bHNfd2FybmluZyI6ZmFsc2UsInRhZ3MiOltdLCJhdmFpbGFiaWxpdHlfaGVhbHRoX2luZm8iOnsibGFzdF9jb21tdW5pY2F0aW9uX3RpbWUiOiIxNzczODE2OTM5MTI5Iiwic3RhdHVzX2NoYW5nZV90aW1lIjoiLTEiLCJtYW5hZ2VkX3N0YXRlIjp0cnVlLCJ1bmRlcl9tYWludGVuYW5jZSI6ZmFsc2UsImF2YWlsYWJpbGl0eV91cmwiOiIvaG9tZS9yZXBvcnRzaW5mby5kbz9leGVjdXRlPWdldERldGFpbHNQYWdlUmVwb3J0JnBlcmlvZD0zJnJlcG9ydHR5cGU9TG9jYXRpb25Eb3duUmVwb3J0JnVybGlkPTYwNzMxMjAwMDAwMTM3MjQyMiIsImhlYWx0aCI6IiIsImF2YWlsYWJpbGl0eSI6IkFWQUlMQUJMRSIsInN0YXR1c19yZWFzb24iOiIiLCJoYXNfaGVhbHRoX2F0dHJpYnV0ZSI6ZmFsc2UsImhlYWx0aF91cmwiOiIiLCJzdGF0dXMiOjF9LCJleGNlcHRpb25faW5mbyI6eyJmYXRhbF9jb3VudCI6IjE2Iiwid2FybmluZ19jb3VudCI6IjAifSwicmVzcG9uc2VfdGltZV9kYXRhIjp7Im1heF9yZXNwb25zZV90aW1lIjoxMTEuMCwiY3B1X3RpbWUiOjAuMCwibWF4X2J5dGVzX291dCI6MC4wLCJ0b3RhbF9odHRwX2J5dGVzX291dCI6MC4wLCJtaW5fYnl0ZXNfaW4iOjAuMCwiZXJyb3JfY291bnQiOjMuMiwic3VjY19wZXJjIjo5Ni44LCJtYXhfYnl0ZXNfaW4iOjAuMCwicmVxdWVzdF9jb3VudCI6NTkzLjAsImF2Z19odHRwX2J5dGVzX2luIjowLjAsIm1pbl9yZXNwb25zZV90aW1lIjoxLjAsInRvdGFsX3Jlc3BvbnNlX3RpbWUiOjAuMCwiYXZnX2h0dHBfYnl0ZXNfb3V0IjowLjAsIm1pbl9ieXRlc19vdXQiOjAuMCwic3VjY19jb3VudCI6NTc0LjAsInJlc3BvbnNlX3RpbWUiOjUuMzYsInRvdGFsX2h0dHBfYnl0ZXNfaW4iOjAuMCwiZXJyX2NvdW50IjoxOS4wLCJ0aHJvdWdocHV0Ijo1OTMuMH0sImFwcF9jb25maWciOnsicnVtSW5qZWN0aW9uQWxsb3dlZCI6dHJ1ZSwiaXNfY2xvdWRfYXBwIjp0cnVlLCJhdXRvU2NhbGUiOmZhbHNlfSwiYXBwbGljYXRpb25faW5mbyI6eyJhcHBsaWNhdGlvbl9uYW1lIjoiWnlsa2VyS2FydC1TdG9yZWZyb250IiwiaW5zdGFuY2VfaWRzIjpbIjYwNzMxMjAwMDAwMTM3MjQzNCJdLCJob3N0X2xpY2Vuc2VfYXBwbGllZF9pbnN0YW5jZXMiOnt9LCJpbnN0YW5jZXMiOnsiNjA3MzEyMDAwMDAxMzcyNDM0Ijp7Imluc3RhbmNlX25hbWUiOiJJbnN0YW5jZV8xIiwiaXBfYWRkcmVzcyI6IjEwLjAuMi4xMTYiLCJzZXJ2aWNlX3ZlcnNpb24iOiIwLjAiLCJzZXJ2ZXJfaWQiOiI2MDczMTIwMDAwMDA3MDcyNTEiLCJhcHBsaWNhdGlvbl9pZCI6IjYwNzMxMjAwMDAwMTM3MjQyMiIsImhvc3RfaWQiOiIwIiwiYWdlbnRfdmVyc2lvbiI6Ny43LCJpbnN0YW5jZV9pZCI6IjYwNzMxMjAwMDAwMTM3MjQzNCIsImFwcGxpY2F0aW9uX25hbWUiOiJaeWxrZXJLYXJ0LVN0b3JlZnJvbnQiLCJjbG91ZF90eXBlIjoiRE9DS0VSIiwicG9ydCI6ODA4MCwiaXNfY2xvdWRfaW5zIjp0cnVlLCJob3N0Ijoic3RvcmVmcm9udC02OTljOTQ1OTY2LXZ2ZGpwIiwidm1faG9zdCI6IiIsImluc190eXBlIjoiSkFWQSIsImFnZW50X3ZlcnNpb25faW5mbyI6IjAiLCJob3N0X2xpY2Vuc2UiOmZhbHNlfX0sImhvc3RzIjp7InN0b3JlZnJvbnQtNjk5Yzk0NTk2Ni12dmRqcCI6WyI2MDczMTIwMDAwMDEzNzI0MzQiXX0sImhvc3RfY291bnQiOjEsInJ1bV9pbmZvIjoiIiwibWFuYWdlZF9pbnN0YW5jZV9jb3VudCI6MSwiYXBwbGljYXRpb25faWQiOiI2MDczMTIwMDAwMDEzNzI0MjIiLCJpbnN0YW5jZV9jb3VudCI6MSwidW5tYW5hZ2VkX2luc3RhbmNlX2NvdW50IjowfSwiY3B1dGltZSI6MC4wLCJjcHVfdXNhZ2UiOiIiLCJhcGRleF9kYXRhIjp7InRvbGVyYXRpbmdfY291bnQiOjAuMCwic2F0aXNmaWVkX2NvdW50Ijo1NzQuMCwiYXBkZXgiOjEuMCwiZnJ1c3RyYXRlZCI6MC4wLCJzYXRpc2ZpZWQiOjEwMC4wLCJmcnVzdHJhdGVkX2NvdW50IjowLjAsInRvbGVyYXRpbmciOjAuMH19LHsic2hvd19pbnN0YW5jZV9wb3J0X251bWJlciI6dHJ1ZSwiY291bnQiOiI2IiwiaHR0cGJ5dGVzb3V0Ijo3MzgwOS4wLCJodHRwYnl0ZXNpbiI6MC4wLCJzaG93X3Rsc193YXJuaW5nIjpmYWxzZSwidGFncyI6W10sImF2YWlsYWJpbGl0eV9oZWFsdGhfaW5mbyI6eyJsYXN0X2NvbW11bmljYXRpb25fdGltZSI6IjE3NzM4MTY5MjU3NjkiLCJzdGF0dXNfY2hhbmdlX3RpbWUiOiItMSIsIm1hbmFnZWRfc3RhdGUiOnRydWUsInVuZGVyX21haW50ZW5hbmNlIjpmYWxzZSwiYXZhaWxhYmlsaXR5X3VybCI6Ii9ob21lL3JlcG9ydHNpbmZvLmRvP2V4ZWN1dGU9Z2V0RGV0YWlsc1BhZ2VSZXBvcnQmcGVyaW9kPTMmcmVwb3J0dHlwZT1Mb2NhdGlvbkRvd25SZXBvcnQmdXJsaWQ9NjA3MzEyMDAwMDAyMDI2MDE2IiwiaGVhbHRoIjoiIiwiYXZhaWxhYmlsaXR5IjoiQVZBSUxBQkxFIiwic3RhdHVzX3JlYXNvbiI6IiIsImhhc19oZWFsdGhfYXR0cmlidXRlIjpmYWxzZSwiaGVhbHRoX3VybCI6IiIsInN0YXR1cyI6MX0sImV4Y2VwdGlvbl9pbmZvIjp7ImZhdGFsX2NvdW50IjoiMCIsIndhcm5pbmdfY291bnQiOiIwIn0sInJlc3BvbnNlX3RpbWVfZGF0YSI6eyJtYXhfcmVzcG9uc2VfdGltZSI6MTguMCwiY3B1X3RpbWUiOjAuMCwibWF4X2J5dGVzX291dCI6MC4wLCJ0b3RhbF9odHRwX2J5dGVzX291dCI6MC4wLCJtaW5fYnl0ZXNfaW4iOjAuMCwiZXJyb3JfY291bnQiOjAuMCwic3VjY19wZXJjIjoxMDAuMCwibWF4X2J5dGVzX2luIjowLjAsInJlcXVlc3RfY291bnQiOjUzMS4wLCJhdmdfaHR0cF9ieXRlc19pbiI6MC4wLCJtaW5fcmVzcG9uc2VfdGltZSI6Mi4wLCJ0b3RhbF9yZXNwb25zZV90aW1lIjowLjAsImF2Z19odHRwX2J5dGVzX291dCI6MC4wLCJtaW5fYnl0ZXNfb3V0IjowLjAsInN1Y2NfY291bnQiOjUzMS4wLCJyZXNwb25zZV90aW1lIjozLjY3LCJ0b3RhbF9odHRwX2J5dGVzX2luIjowLjAsImVycl9jb3VudCI6MC4wLCJ0aHJvdWdocHV0Ijo1MzEuMH0sImFwcF9jb25maWciOnsiaXNfY2xvdWRfYXBwIjp0cnVlfSwiYXBwbGljYXRpb25faW5mbyI6eyJhcHBsaWNhdGlvbl9uYW1lIjoiWnlsa2VyS2FydC1PcmRlclNlcnZpY2UiLCJpbnN0YW5jZV9pZHMiOlsiNjA3MzEyMDAwMDAyMDI2MDI4Il0sImhvc3RfbGljZW5zZV9hcHBsaWVkX2luc3RhbmNlcyI6e30sImluc3RhbmNlcyI6eyI2MDczMTIwMDAwMDIwMjYwMjgiOnsiaW5zdGFuY2VfbmFtZSI6Ikluc3RhbmNlXzEiLCJpcF9hZGRyZXNzIjoiMTAuMC4xLjE3OCIsInNlcnZpY2VfdmVyc2lvbiI6IjAuMCIsInNlcnZlcl9pZCI6IjYwNzMxMjAwMDAwMDI2NzEwMyIsImFwcGxpY2F0aW9uX2lkIjoiNjA3MzEyMDAwMDAyMDI2MDE2IiwiaG9zdF9pZCI6IjAiLCJhZ2VudF92ZXJzaW9uIjo1LjEsImluc3RhbmNlX2lkIjoiNjA3MzEyMDAwMDAyMDI2MDI4IiwiYXBwbGljYXRpb25fbmFtZSI6Ilp5bGtlckthcnQtT3JkZXJTZXJ2aWNlIiwiY2xvdWRfdHlwZSI6IkRPQ0tFUiIsInBvcnQiOjgwODIsImlzX2Nsb3VkX2lucyI6dHJ1ZSwiaG9zdCI6Im9yZGVyLXNlcnZpY2UtNjRmYmZmZDdiYi1xemY0ciIsInZtX2hvc3QiOiJvcmRlci1zZXJ2aWNlLTY0ZmJmZmQ3YmItcXpmNHIiLCJpbnNfdHlwZSI6Ik5PREVKUyIsImFnZW50X3ZlcnNpb25faW5mbyI6IjAiLCJob3N0X2xpY2Vuc2UiOmZhbHNlfX0sImhvc3RzIjp7Im9yZGVyLXNlcnZpY2UtNjRmYmZmZDdiYi1xemY0ciI6WyI2MDczMTIwMDAwMDIwMjYwMjgiXX0sImhvc3RfY291bnQiOjEsInJ1bV9pbmZvIjoiIiwibWFuYWdlZF9pbnN0YW5jZV9jb3VudCI6MSwiYXBwbGljYXRpb25faWQiOiI2MDczMTIwMDAwMDIwMjYwMTYiLCJpbnN0YW5jZV9jb3VudCI6MSwidW5tYW5hZ2VkX2luc3RhbmNlX2NvdW50IjowfSwiY3B1dGltZSI6MC4wLCJjcHVfdXNhZ2UiOiIiLCJhcGRleF9kYXRhIjp7InRvbGVyYXRpbmdfY291bnQiOjAuMCwic2F0aXNmaWVkX2NvdW50Ijo1MzEuMCwiYXBkZXgiOjEuMCwiZnJ1c3RyYXRlZCI6MC4wLCJzYXRpc2ZpZWQiOjEwMC4wLCJmcnVzdHJhdGVkX2NvdW50IjowLjAsInRvbGVyYXRpbmciOjAuMH19LHsic2hvd19pbnN0YW5jZV9wb3J0X251bWJlciI6dHJ1ZSwiY291bnQiOiI2IiwiaHR0cGJ5dGVzb3V0IjowLjAsImh0dHBieXRlc2luIjowLjAsInNob3dfdGxzX3dhcm5pbmciOmZhbHNlLCJ0YWdzIjpbXSwiYXZhaWxhYmlsaXR5X2hlYWx0aF9pbmZvIjp7Imxhc3RfY29tbXVuaWNhdGlvbl90aW1lIjoiMTc3MzgxNjk2MzUyMyIsInN0YXR1c19jaGFuZ2VfdGltZSI6Ii0xIiwibWFuYWdlZF9zdGF0ZSI6dHJ1ZSwidW5kZXJfbWFpbnRlbmFuY2UiOmZhbHNlLCJhdmFpbGFiaWxpdHlfdXJsIjoiL2hvbWUvcmVwb3J0c2luZm8uZG8/ZXhlY3V0ZT1nZXREZXRhaWxzUGFnZVJlcG9ydCZwZXJpb2Q9MyZyZXBvcnR0eXBlPUxvY2F0aW9uRG93blJlcG9ydCZ1cmxpZD02MDczMTIwMDAwMDIwMjYwNDEiLCJoZWFsdGgiOiIiLCJhdmFpbGFiaWxpdHkiOiJBVkFJTEFCTEUiLCJzdGF0dXNfcmVhc29uIjoiIiwiaGFzX2hlYWx0aF9hdHRyaWJ1dGUiOmZhbHNlLCJoZWFsdGhfdXJsIjoiIiwic3RhdHVzIjoxfSwiZXhjZXB0aW9uX2luZm8iOnsiZmF0YWxfY291bnQiOiIwIiwid2FybmluZ19jb3VudCI6IjAifSwicmVzcG9uc2VfdGltZV9kYXRhIjp7Im1heF9yZXNwb25zZV90aW1lIjo2MzMuMCwiY3B1X3RpbWUiOjAuMCwibWF4X2J5dGVzX291dCI6MC4wLCJ0b3RhbF9odHRwX2J5dGVzX291dCI6MC4wLCJtaW5fYnl0ZXNfaW4iOjAuMCwiZXJyb3JfY291bnQiOjAuMCwic3VjY19wZXJjIjoxMDAuMCwibWF4X2J5dGVzX2luIjowLjAsInJlcXVlc3RfY291bnQiOjU0MC4wLCJhdmdfaHR0cF9ieXRlc19pbiI6MC4wLCJtaW5fcmVzcG9uc2VfdGltZSI6Ni4wLCJ0b3RhbF9yZXNwb25zZV90aW1lIjowLjAsImF2Z19odHRwX2J5dGVzX291dCI6MC4wLCJtaW5fYnl0ZXNfb3V0IjowLjAsInN1Y2NfY291bnQiOjU0MC4wLCJyZXNwb25zZV90aW1lIjoxOC42MSwidG90YWxfaHR0cF9ieXRlc19pbiI6MC4wLCJlcnJfY291bnQiOjAuMCwidGhyb3VnaHB1dCI6NTQwLjB9LCJhcHBfY29uZmlnIjp7ImlzX2Nsb3VkX2FwcCI6dHJ1ZX0sImFwcGxpY2F0aW9uX2luZm8iOnsiYXBwbGljYXRpb25fbmFtZSI6Ilp5bGtlckthcnQtQXV0aFNlcnZpY2UiLCJpbnN0YW5jZV9pZHMiOlsiNjA3MzEyMDAwMDAyMDI2MDUzIl0sImhvc3RfbGljZW5zZV9hcHBsaWVkX2luc3RhbmNlcyI6e30sImluc3RhbmNlcyI6eyI2MDczMTIwMDAwMDIwMjYwNTMiOnsiaW5zdGFuY2VfbmFtZSI6Ikluc3RhbmNlXzEiLCJpcF9hZGRyZXNzIjoiMTAuMC4yLjE5OSIsInNlcnZpY2VfdmVyc2lvbiI6IjAuMCIsInNlcnZlcl9pZCI6IjYwNzMxMjAwMDAwMDU4MjAxNyIsImFwcGxpY2F0aW9uX2lkIjoiNjA3MzEyMDAwMDAyMDI2MDQxIiwiaG9zdF9pZCI6IjAiLCJhZ2VudF92ZXJzaW9uIjo3LjAsImluc3RhbmNlX2lkIjoiNjA3MzEyMDAwMDAyMDI2MDUzIiwiYXBwbGljYXRpb25fbmFtZSI6Ilp5bGtlckthcnQtQXV0aFNlcnZpY2UiLCJjbG91ZF90eXBlIjoiRE9DS0VSIiwicG9ydCI6ODAsImlzX2Nsb3VkX2lucyI6dHJ1ZSwiaG9zdCI6ImF1dGgtc2VydmljZS1iN2ZiYjRjNGMtOGo5cmwiLCJ2bV9ob3N0IjoiYXV0aC1zZXJ2aWNlLWI3ZmJiNGM0Yy04ajlybCIsImluc190eXBlIjoiRE9UTkVUX0NPUkUiLCJhZ2VudF92ZXJzaW9uX2luZm8iOiIwIiwiaG9zdF9saWNlbnNlIjpmYWxzZX19LCJob3N0cyI6eyJhdXRoLXNlcnZpY2UtYjdmYmI0YzRjLThqOXJsIjpbIjYwNzMxMjAwMDAwMjAyNjA1MyJdfSwiaG9zdF9jb3VudCI6MSwicnVtX2luZm8iOiIiLCJtYW5hZ2VkX2luc3RhbmNlX2NvdW50IjoxLCJhcHBsaWNhdGlvbl9pZCI6IjYwNzMxMjAwMDAwMjAyNjA0MSIsImluc3RhbmNlX2NvdW50IjoxLCJ1bm1hbmFnZWRfaW5zdGFuY2VfY291bnQiOjB9LCJjcHV0aW1lIjowLjAsImNwdV91c2FnZSI6IiIsImFwZGV4X2RhdGEiOnsidG9sZXJhdGluZ19jb3VudCI6MTIuMCwic2F0aXNmaWVkX2NvdW50Ijo1MjguMCwiYXBkZXgiOjAuOTksImZydXN0cmF0ZWQiOjAuMCwic2F0aXNmaWVkIjo5Ny44LCJmcnVzdHJhdGVkX2NvdW50IjowLjAsInRvbGVyYXRpbmciOjIuMn19LHsic2hvd19pbnN0YW5jZV9wb3J0X251bWJlciI6dHJ1ZSwiY291bnQiOiI2IiwiaHR0cGJ5dGVzb3V0IjowLjAsImh0dHBieXRlc2luIjowLjAsInNob3dfdGxzX3dhcm5pbmciOmZhbHNlLCJ0YWdzIjpbXSwiYXZhaWxhYmlsaXR5X2hlYWx0aF9pbmZvIjp7Imxhc3RfY29tbXVuaWNhdGlvbl90aW1lIjoiMTc3MzgxNjkwOTA0NCIsInN0YXR1c19jaGFuZ2VfdGltZSI6Ii0xIiwibWFuYWdlZF9zdGF0ZSI6dHJ1ZSwidW5kZXJfbWFpbnRlbmFuY2UiOmZhbHNlLCJhdmFpbGFiaWxpdHlfdXJsIjoiL2hvbWUvcmVwb3J0c2luZm8uZG8/ZXhlY3V0ZT1nZXREZXRhaWxzUGFnZVJlcG9ydCZwZXJpb2Q9MyZyZXBvcnR0eXBlPUxvY2F0aW9uRG93blJlcG9ydCZ1cmxpZD02MDczMTIwMDAwMDIxMjEwMDMiLCJoZWFsdGgiOiIiLCJhdmFpbGFiaWxpdHkiOiJBVkFJTEFCTEUiLCJzdGF0dXNfcmVhc29uIjoiIiwiaGFzX2hlYWx0aF9hdHRyaWJ1dGUiOmZhbHNlLCJoZWFsdGhfdXJsIjoiIiwic3RhdHVzIjoxfSwiZXhjZXB0aW9uX2luZm8iOnsiZmF0YWxfY291bnQiOiIwIiwid2FybmluZ19jb3VudCI6IjAifSwicmVzcG9uc2VfdGltZV9kYXRhIjp7Im1heF9yZXNwb25zZV90aW1lIjozMS4wLCJjcHVfdGltZSI6MC4wLCJtYXhfYnl0ZXNfb3V0IjowLjAsInRvdGFsX2h0dHBfYnl0ZXNfb3V0IjowLjAsIm1pbl9ieXRlc19pbiI6MC4wLCJlcnJvcl9jb3VudCI6MC4wLCJzdWNjX3BlcmMiOjEwMC4wLCJtYXhfYnl0ZXNfaW4iOjAuMCwicmVxdWVzdF9jb3VudCI6NTQwLjAsImF2Z19odHRwX2J5dGVzX2luIjowLjAsIm1pbl9yZXNwb25zZV90aW1lIjo1LjAsInRvdGFsX3Jlc3BvbnNlX3RpbWUiOjAuMCwiYXZnX2h0dHBfYnl0ZXNfb3V0IjowLjAsIm1pbl9ieXRlc19vdXQiOjAuMCwic3VjY19jb3VudCI6NTQwLjAsInJlc3BvbnNlX3RpbWUiOjcuNjEsInRvdGFsX2h0dHBfYnl0ZXNfaW4iOjAuMCwiZXJyX2NvdW50IjowLjAsInRocm91Z2hwdXQiOjU0MC4wfSwiYXBwX2NvbmZpZyI6eyJpc19jbG91ZF9hcHAiOnRydWV9LCJhcHBsaWNhdGlvbl9pbmZvIjp7ImFwcGxpY2F0aW9uX25hbWUiOiJaeWxrZXJLYXJ0LVBheW1lbnRTZXJ2aWNlIiwiaW5zdGFuY2VfaWRzIjpbIjYwNzMxMjAwMDAwMjEyMTAxNSJdLCJob3N0X2xpY2Vuc2VfYXBwbGllZF9pbnN0YW5jZXMiOnt9LCJpbnN0YW5jZXMiOnsiNjA3MzEyMDAwMDAyMTIxMDE1Ijp7Imluc3RhbmNlX25hbWUiOiJJbnN0YW5jZV8xIiwiaXBfYWRkcmVzcyI6IjEwLjAuMy4xMDIiLCJzZXJ2aWNlX3ZlcnNpb24iOiIyLjEuMCIsInNlcnZlcl9pZCI6IjYwNzMxMjAwMDAwMDE2OTI0NSIsImFwcGxpY2F0aW9uX2lkIjoiNjA3MzEyMDAwMDAyMTIxMDAzIiwiaG9zdF9pZCI6IjAiLCJhZ2VudF92ZXJzaW9uIjoxLjcsImluc3RhbmNlX2lkIjoiNjA3MzEyMDAwMDAyMTIxMDE1IiwiYXBwbGljYXRpb25fbmFtZSI6Ilp5bGtlckthcnQtUGF5bWVudFNlcnZpY2UiLCJjbG91ZF90eXBlIjoiRE9DS0VSIiwicG9ydCI6ODA4NCwiaXNfY2xvdWRfaW5zIjp0cnVlLCJob3N0IjoicGF5bWVudC1zZXJ2aWNlLTY2ODRkZjhmNzgtNnR3ZDIiLCJ2bV9ob3N0IjoicGF5bWVudC1zZXJ2aWNlLTY2ODRkZjhmNzgtNnR3ZDIiLCJpbnNfdHlwZSI6IlBZVEhPTiIsImFnZW50X3ZlcnNpb25faW5mbyI6IjAiLCJob3N0X2xpY2Vuc2UiOmZhbHNlfX0sImhvc3RzIjp7InBheW1lbnQtc2VydmljZS02Njg0ZGY4Zjc4LTZ0d2QyIjpbIjYwNzMxMjAwMDAwMjEyMTAxNSJdfSwiaG9zdF9jb3VudCI6MSwicnVtX2luZm8iOiIiLCJtYW5hZ2VkX2luc3RhbmNlX2NvdW50IjoxLCJhcHBsaWNhdGlvbl9pZCI6IjYwNzMxMjAwMDAwMjEyMTAwMyIsImluc3RhbmNlX2NvdW50IjoxLCJ1bm1hbmFnZWRfaW5zdGFuY2VfY291bnQiOjB9LCJjcHV0aW1lIjowLjAsImNwdV91c2FnZSI6IiIsImFwZGV4X2RhdGEiOnsidG9sZXJhdGluZ19jb3VudCI6MC4wLCJzYXRpc2ZpZWRfY291bnQiOjU0MC4wLCJhcGRleCI6MS4wLCJmcnVzdHJhdGVkIjowLjAsInNhdGlzZmllZCI6MTAwLjAsImZydXN0cmF0ZWRfY291bnQiOjAuMCwidG9sZXJhdGluZyI6MC4wfX1dfQ==",
            "response_headers": {
              "Allow": "OPTIONS, GET",
              "Cache-Control": "no-store, no-cache, must-revalidate, max-age=0, post-check=0, pre-check=0",
              "Content-Disposition": "attachment;",
              "Content-Security-Policy": "default-src 'none'; report-uri https://logsapi.zoho.com/csplog?service=Site24x7;  frame-src *; base-uri 'self'; connect-src 'self' https://pagesense-collect.zoho.in https://cdn-in.pagesense.io https://zohotagmanager.cdn-in.pagesense.io https://salesiq.zohopublic.in https://js.zohostatic.com https://img-wc.site24x7static.com https://www.site24x7.com https://img.zohostatic.com https://maps.zoho.com https://accounts.zoho.eu https://accounts.zoho.com.au https://accounts.zoho.in https://accounts.zoho.jp https://accounts.zoho.uk https://accounts.zoho.com https://accounts.zohocloud.ca https://accounts.zoho.sa https://accounts.zoho.com.cn  https://pagesense-collect.zoho.com https://su.zoho.in https://su.zoho.com https://su.zoho.eu https://su.zoho.com.cn https://su.zoho.com.au https://su.zoho.jp https://su.zoho.sa https://su.zohocloud.ca https://*.site24x7.com https://col.site24x7rum.eu https://vts.zohopublic.com wss://vts.zohopublic.com https://api.atlassian.com https://salesiq.zohopublic.com https://static.zohocdn.com https://site24x7-wc.nimbuspop.com; script-src 'self' 'unsafe-inline' 'unsafe-eval' data: https://pagesense-collect.zoho.in https://cdn-in.pagesense.io https://zohotagmanager.cdn-in.pagesense.io https://salesiq.zohopublic.in https://res.cdn.office.net https://zohotagmanager.cdn.pagesense.io https://cdn.pagesense.io https://accounts.zoho.eu https://accounts.zoho.ae https://accounts.zoho.com.au https://accounts.zoho.in https://accounts.zoho.jp https://accounts.zoho.uk https://accounts.zoho.com https://accounts.zohocloud.ca https://accounts.zoho.sa https://accounts.zoho.in https://accounts.zoho.com.cn https://static.site24x7rum.eu https://salesiq.zoho.com https://static.site24x7.com https://widgets.zohosalesiq.com https://js.zohostatic.com https://*.site24x7static.com https://static.zohocdn.com https://js.zohocdn.com https://static.stratuscdn.com https://js.stripe.com https://site24x7-wc.nimbuspop.com; worker-src 'self' blob:; img-src 'self' blob: data: https://pagesense-collect.zoho.in https://cdn-in.pagesense.io https://accounts.zoho.eu https://accounts.zoho.ae https://accounts.zoho.com.au https://accounts.zoho.jp https://accounts.zoho.uk https://accounts.zoho.com https://accounts.zohocloud.ca https://accounts.zoho.sa https://accounts.zoho.in https://accounts.zoho.com.cn https://www.zohowebstatic.com https://zohowebstatic.com https://img.zohostatic.com https://download-accl.zoho.com https://us3-files.zohopublic.com https://us4-files.zohopublic.com https://css.zohocdn.com https://static.zohocdn.com https://*.site24x7.com https://*.site24x7static.com https://contacts.zoho.com https://img.youtube.com https://css.zohostatic.com https://site24x7-wc.nimbuspop.com; style-src 'self' 'unsafe-inline' https://webfonts.zoho.com https://css.zohostatic.com https://*.site24x7static.com https://static.zohocdn.com https://css.zohocdn.com https://css.stratuscdn.com https://static.stratuscdn.com https://js.zohostatic.com https://site24x7-wc.nimbuspop.com; font-src 'self' https://webfonts.zoho.com https://js.zohostatic.com https://css.zohostatic.com https://*.site24x7.com https://static.site24x7.com https://*.site24x7static.com https://static.zohocdn.com https://static.stratuscdn.com https://css.zohocdn.com https://webfonts.zohostatic.com https://site24x7-wc.nimbuspop.com; media-src 'self' blob: data: https://css.zohocdn.com https://static.zohocdn.com https://static.stratuscdn.com; upgrade-insecure-requests;",
              "Content-Type": "application/json;charset=UTF-8",
              "Date": "Wed, 18 Mar 2026 06:56:04 GMT",
              "Expires": "Thu, 01 Jan 1970 00:00:00 GMT",
              "Pragma": "no-cache",
              "S247cn": "10",
              "Server": "ZGS",
              "Set-Cookie": "zalb_aeefa57a7c=413f2edbf61b191a7900b297ea0b5c60; Path=/; Secure; HttpOnly, s247cname=284c90fd-c50c-488d-bf7e-33dae78e40ac;path=/;SameSite=None;Secure;priority=high, s247cn=10; Path=/; Secure; HttpOnly, httpReferrer1=--; Max-Age=90; Expires=Wed, 18 Mar 2026 06:57:34 GMT; Path=/; Secure; HttpOnly, zaaid=915809849; Max-Age=2592000; Expires=Fri, 17 Apr 2026 06:56:04 GMT; Path=/; Secure; HttpOnly, msp_zaaid=; Max-Age=0; Expires=Thu, 01 Jan 1970 00:00:10 GMT; Path=/; Secure; HttpOnly",
              "Strict-Transport-Security": "max-age=64072000; includeSubDomains; preload",
              "Vary": "accept-encoding",
              "X-Content-Type-Options": "nosniff",
              "X-Frame-Options": "SAMEORIGIN"
            },
            "retry": null,
            "status_code": 200,
            "url": "https://www.site24x7.com/api/apminsight/app/H"
          },
          "sensitive_attributes": [],
          "identity_schema_version": 0
        }
      ]
    },
    {
      "mode": "data",
      "type": "local_file",
      "name": "site24x7_env_output",
      "provider": "provider[\"registry.terraform.io/hashicorp/local\"]",
      "instances": [
        {
          "schema_version": 0,
          "attributes": {
            "content": "{\r\n    \"environment_id\":  \"d8aee6e2-7817-4c8c-8358-0a8a4859a876\",\r\n    \"agent_token\":  \"s24x7_at_f74e1fd114daf995486c0da20f7c560964001c26e481f1b9da258e0f31dceb54\"\r\n}\r\n",
            "content_base64": "ew0KICAgICJlbnZpcm9ubWVudF9pZCI6ICAiZDhhZWU2ZTItNzgxNy00YzhjLTgzNTgtMGE4YTQ4NTlhODc2IiwNCiAgICAiYWdlbnRfdG9rZW4iOiAgInMyNHg3X2F0X2Y3NGUxZmQxMTRkYWY5OTU0ODZjMGRhMjBmN2M1NjA5NjQwMDFjMjZlNDgxZjFiOWRhMjU4ZTBmMzFkY2ViNTQiDQp9DQo=",
            "content_base64sha256": "Th1w7S4xQWcdVhRSFiKENgOglGIC8EnE9AAAi514gTM=",
            "content_base64sha512": "BQEQWEL/EIBuqIgn0KVjsm2OekyZA2AsxuI2S9CMLj0V4/+deAZIchL2kSytnw/Rjj1wPVj+TVh4mtagG2SvMw==",
            "content_md5": "fccb2601fe4cc6d5631dbe7a40d95300",
            "content_sha1": "d31f7ff35fd6311da2c5847600c4022895fe3773",
            "content_sha256": "4e1d70ed2e3141671d5614521622843603a0946202f049c4f400008b9d788133",
            "content_sha512": "0501105842ff10806ea88827d0a563b26d8e7a4c9903602cc6e2364bd08c2e3d15e3ff9d7806487212f6912cad9f0fd18e3d703d58fe4d58789ad6a01b64af33",
            "filename": "./.site24x7_env_output.json",
            "id": "d31f7ff35fd6311da2c5847600c4022895fe3773"
          },
          "sensitive_attributes": [],
          "identity_schema_version": 0
        }
      ]
    },
    {
      "mode": "data",
      "type": "tls_certificate",
      "name": "eks",
      "provider": "provider[\"registry.terraform.io/hashicorp/tls\"]",
      "instances": [
        {
          "index_key": 0,
          "schema_version": 0,
          "attributes": {
            "certificates": [
              {
                "cert_pem": "-----BEGIN CERTIFICATE-----\nMIIEkjCCA3qgAwIBAgITBn+USionzfP6wq4rAfkI7rnExjANBgkqhkiG9w0BAQsF\nADCBmDELMAkGA1UEBhMCVVMxEDAOBgNVBAgTB0FyaXpvbmExEzARBgNVBAcTClNj\nb3R0c2RhbGUxJTAjBgNVBAoTHFN0YXJmaWVsZCBUZWNobm9sb2dpZXMsIEluYy4x\nOzA5BgNVBAMTMlN0YXJmaWVsZCBTZXJ2aWNlcyBSb290IENlcnRpZmljYXRlIEF1\ndGhvcml0eSAtIEcyMB4XDTE1MDUyNTEyMDAwMFoXDTM3MTIzMTAxMDAwMFowOTEL\nMAkGA1UEBhMCVVMxDzANBgNVBAoTBkFtYXpvbjEZMBcGA1UEAxMQQW1hem9uIFJv\nb3QgQ0EgMTCCASIwDQYJKoZIhvcNAQEBBQADggEPADCCAQoCggEBALJ4gHHKeNXj\nca9HgFB0fW7Y14h29Jlo91ghYPl0hAEvrAIthtOgQ3pOsqTQNroBvo3bSMgHFzZM\n9O6II8c+6zf1tRn4SWiw3te5djgdYZ6k/oI2peVKVuRF4fn9tBb6dNqcmzU5L/qw\nIFAGbHrQgLKm+a/sRxmPUDgH3KKHOVj4utWp+UhnMJbulHheb4mjUcAwhmahRWa6\nVOujw5H5SNz/0egwLX0tdHA114gk957EWW67c4cX8jJGKLhD+rcdqsq08p8kDi1L\n93FcXmn/6pUCyziKrlA4b9v7LWIbxcceVOF34GfID5yHI9Y/QCB/IIDEgEw+OyQm\njgSubJrIqg0CAwEAAaOCATEwggEtMA8GA1UdEwEB/wQFMAMBAf8wDgYDVR0PAQH/\nBAQDAgGGMB0GA1UdDgQWBBSEGMyFNOy8DJSULghZnMeyEE4KCDAfBgNVHSMEGDAW\ngBScXwDfqgHXMCs4iKK4bUqc8hGRgzB4BggrBgEFBQcBAQRsMGowLgYIKwYBBQUH\nMAGGImh0dHA6Ly9vY3NwLnJvb3RnMi5hbWF6b250cnVzdC5jb20wOAYIKwYBBQUH\nMAKGLGh0dHA6Ly9jcnQucm9vdGcyLmFtYXpvbnRydXN0LmNvbS9yb290ZzIuY2Vy\nMD0GA1UdHwQ2MDQwMqAwoC6GLGh0dHA6Ly9jcmwucm9vdGcyLmFtYXpvbnRydXN0\nLmNvbS9yb290ZzIuY3JsMBEGA1UdIAQKMAgwBgYEVR0gADANBgkqhkiG9w0BAQsF\nAAOCAQEAYjdCXLwQtT6LLOkMm2xF4gcAevnFWAu5CIw+7bMlPLVvUOTNNWqnkzSW\nMiGpSESrnO09tKpzbeR/FoCJbM8oAxiDR3mjEH4wW6w7sGDgd9QIpuEdfF7Au/ma\neyKdpwAJfqxGF4PcnCZXmTA5YpaP7dreqsXMGz7KQ2hsVxa81Q4gLv7/wmpdLqBK\nbRRYh5TmOTFffHPLkIhqhBGWJ6bt2YFGpn6jcgAKUj6DiAdjd4lpFw85hdKrCEVN\n0FE6/V1dN2RMfjCyVSRCnTawXZwXgWHxyvkQAiSr6w10kY17RSlQOYiypok1JR4U\nakcjMS9cmvqtmg5iUaQqqcT5NJ0hGA==\n-----END CERTIFICATE-----\n",
                "is_ca": true,
                "issuer": "CN=Starfield Services Root Certificate Authority - G2,O=Starfield Technologies\\, Inc.,L=Scottsdale,ST=Arizona,C=US",
                "max_path_length": -1,
                "not_after": "2037-12-31T01:00:00Z",
                "not_before": "2015-05-25T12:00:00Z",
                "public_key_algorithm": "RSA",
                "serial_number": "144918191876577076464031512351042010504348870",
                "sha1_fingerprint": "06b25927c42a721631c1efd9431e648fa62e1e39",
                "signature_algorithm": "SHA256-RSA",
                "subject": "CN=Amazon Root CA 1,O=Amazon,C=US",
                "version": 3
              },
              {
                "cert_pem": "-----BEGIN CERTIFICATE-----\nMIIEXjCCA0agAwIBAgITB3MSOAudZoijOx7Zv5zNpo4ODzANBgkqhkiG9w0BAQsF\nADA5MQswCQYDVQQGEwJVUzEPMA0GA1UEChMGQW1hem9uMRkwFwYDVQQDExBBbWF6\nb24gUm9vdCBDQSAxMB4XDTIyMDgyMzIyMjEyOFoXDTMwMDgyMzIyMjEyOFowPDEL\nMAkGA1UEBhMCVVMxDzANBgNVBAoTBkFtYXpvbjEcMBoGA1UEAxMTQW1hem9uIFJT\nQSAyMDQ4IE0wMTCCASIwDQYJKoZIhvcNAQEBBQADggEPADCCAQoCggEBAOtxLKnL\nH4gokjIwr4pXD3i3NyWVVYesZ1yX0yLI2qIUZ2t88Gfa4gMqs1YSXca1R/lnCKeT\nepWSGA+0+fkQNpp/L4C2T7oTTsddUx7g3ZYzByDTlrwS5HRQQqEFE3O1T5tEJP4t\nf+28IoXsNiEzl3UGzicYgtzj2cWCB41eJgEmJmcf2T8TzzK6a614ZPyq/w4CPAff\nnAV4coz96nW3AyiE2uhuB4zQUIXvgVSycW7sbWLvj5TDXunEpNCRwC4kkZjK7rol\njtT2cbb7W2s4Bkg3R42G3PLqBvt2N32e/0JOTViCk8/iccJ4sXqrS1uUN4iB5Nmv\nJK74csVl+0u0UecCAwEAAaOCAVowggFWMBIGA1UdEwEB/wQIMAYBAf8CAQAwDgYD\nVR0PAQH/BAQDAgGGMB0GA1UdJQQWMBQGCCsGAQUFBwMBBggrBgEFBQcDAjAdBgNV\nHQ4EFgQUgbgOY4qJEhjl+js7UJWf5uWQE4UwHwYDVR0jBBgwFoAUhBjMhTTsvAyU\nlC4IWZzHshBOCggwewYIKwYBBQUHAQEEbzBtMC8GCCsGAQUFBzABhiNodHRwOi8v\nb2NzcC5yb290Y2ExLmFtYXpvbnRydXN0LmNvbTA6BggrBgEFBQcwAoYuaHR0cDov\nL2NydC5yb290Y2ExLmFtYXpvbnRydXN0LmNvbS9yb290Y2ExLmNlcjA/BgNVHR8E\nODA2MDSgMqAwhi5odHRwOi8vY3JsLnJvb3RjYTEuYW1hem9udHJ1c3QuY29tL3Jv\nb3RjYTEuY3JsMBMGA1UdIAQMMAowCAYGZ4EMAQIBMA0GCSqGSIb3DQEBCwUAA4IB\nAQCtAN4CBSMuBjJitGuxlBbkEUDeK/pZwTXv4KqPK0G50fOHOQAd8j21p0cMBgbG\nkfMHVwLU7b0XwZCav0h1ogdPMN1KakK1DT0VwA/+hFvGPJnMV1Kx2G4S1ZaSk0uU\n5QfoiYIIano01J5k4T2HapKQmmOhS/iPtuo00wW+IMLeBuKMn3OLn005hcrOGTad\nhcmeyfhQP7Z+iKHvyoQGi1C0ClymHETx/chhQGDyYSWqB/THwnN15AwLQo0E5V9E\nSJlbe4mBlqeInUsNYugExNf+tOiybcrswBy8OFsd34XOW3rjSUtsuafd9AWySa3h\nxRRrwszrzX/WWGm6wyB+f7C4\n-----END CERTIFICATE-----\n",
                "is_ca": true,
                "issuer": "CN=Amazon Root CA 1,O=Amazon,C=US",
                "max_path_length": 0,
                "not_after": "2030-08-23T22:21:28Z",
                "not_before": "2022-08-23T22:21:28Z",
                "public_key_algorithm": "RSA",
                "serial_number": "166129328851546858514271303855646110030630415",
                "sha1_fingerprint": "2ad974a775f73cbdbbd8f5ac3a49255fa8fb1f8c",
                "signature_algorithm": "SHA256-RSA",
                "subject": "CN=Amazon RSA 2048 M01,O=Amazon,C=US",
                "version": 3
              },
              {
                "cert_pem": "-----BEGIN CERTIFICATE-----\nMIIF3DCCBMSgAwIBAgIQDWSUrLO5Y9qkm2y4CpQ/CTANBgkqhkiG9w0BAQsFADA8\nMQswCQYDVQQGEwJVUzEPMA0GA1UEChMGQW1hem9uMRwwGgYDVQQDExNBbWF6b24g\nUlNBIDIwNDggTTAxMB4XDTI2MDEyNzAwMDAwMFoXDTI3MDIyNTIzNTk1OVowKDEm\nMCQGA1UEAwwdKi5la3MudXMtZWFzdC0xLmFtYXpvbmF3cy5jb20wggEiMA0GCSqG\nSIb3DQEBAQUAA4IBDwAwggEKAoIBAQDjfWC3ScmP3Yt3ENQgpvZzbXg3ZqdR+F5k\n/SIXqF2RRdrDIu3B0CivVPkNbZxS4dUjum7WHRV3+cjhne679pLBzKp/aCqycyVr\nqiGvPsCOywSNgCQ7KGZ7fR9L0o4eQ5vsotNTjF1HDkoVGdjDt8qjFedVngnnLZ2f\n9E/tACJHoCXLbg1BLI/0xXQKZqLiLGUgcLhnZjYn6AW8QgXgGyJMwHo6n13wf8uY\n3RAaOWMsTglOfMrPMKclQBwh4OaWzHD3SLXnjAvdtuErZGWSz01pRY89FfxZWtSf\nxGG+ERvHMAoM2lIbV74Bs0B+qVVAxP658rpMbPevtRrlj+fYkFzvAgMBAAGjggLs\nMIIC6DAfBgNVHSMEGDAWgBSBuA5jiokSGOX6OztQlZ/m5ZAThTAdBgNVHQ4EFgQU\npzXKZp4CIP0/n8bNGf3YAZVaFtIwKAYDVR0RBCEwH4IdKi5la3MudXMtZWFzdC0x\nLmFtYXpvbmF3cy5jb20wEwYDVR0gBAwwCjAIBgZngQwBAgEwDgYDVR0PAQH/BAQD\nAgWgMBMGA1UdJQQMMAoGCCsGAQUFBwMBMDsGA1UdHwQ0MDIwMKAuoCyGKmh0dHA6\nLy9jcmwucjJtMDEuYW1hem9udHJ1c3QuY29tL3IybTAxLmNybDB1BggrBgEFBQcB\nAQRpMGcwLQYIKwYBBQUHMAGGIWh0dHA6Ly9vY3NwLnIybTAxLmFtYXpvbnRydXN0\nLmNvbTA2BggrBgEFBQcwAoYqaHR0cDovL2NydC5yMm0wMS5hbWF6b250cnVzdC5j\nb20vcjJtMDEuY2VyMAwGA1UdEwEB/wQCMAAwggF+BgorBgEEAdZ5AgQCBIIBbgSC\nAWoBaAB1AExj3JjlnB2riPYeij3ero+rRKM3e1+blMP7oZz8wb4mAAABm/3p2vcA\nAAQDAEYwRAIgOCwhiOx8FXqVNu1L+Mv2q8pJCKzIqLFwCE6VAugMkb0CIBu7W9o8\nRWfC1A9XjVWFxJ0uIquBPcEycQMNc8pRKAJFAHcAHJ9oLOn68EVpUPgbloqH3dsy\nENhM5siy44JSSsTPWZ8AAAGb/ena3wAABAMASDBGAiEAjAu69L5N17FqPfmXSt1v\ngM+df4yz50M/fb2LDfmx+xECIQC3B3aoHVNsjqYMmqwQgR4ViKIREwNzCYKBm+W0\nGnlwnwB2AGBMmq96f3dfAdQG/JINyJnrCxx9+MlSG/r6F3c7l4vJAAABm/3p28gA\nAAQDAEcwRQIgMiBVCk6C4EylG885QJIv8X2wpplMtdWJxyt3JVQ56NUCIQC6uZDM\nw0VrwTXkW4eLg73D5Z89Z8tadQwizoXyjBAaYjANBgkqhkiG9w0BAQsFAAOCAQEA\nHMEZInJfTjgc0JTF+C7ZR/8rk1c511SMI9RcmNjnrkoP3pBPQTSEU92bGaCYvOYO\nRMB1bAOk/Ql9kDBSRDcKiOz8wPWZBgyJZRMSVyO5WbLM//8jsP83vmvFNbSo7Tuk\n5R6KAtzOMOymwITZeM6k4saoyB847rmlPDIkD/RRM0Col+Ik8+V3HSdHsnrA/3Ep\n1ICdUJvE0M9oEnbO2DWrCz6yOuz0AcfcmMGTBLqlsFdoJpcXj7c1QcCJaK1B7qaQ\nuQXdywqElVO6BrBxHQROLxjLHXMNblOzvrXYWGkhiQ+0cYYCMBtbhpphhebxnUBV\nuCxvp9/yY1GmsG6lwzLYEw==\n-----END CERTIFICATE-----\n",
                "is_ca": false,
                "issuer": "CN=Amazon RSA 2048 M01,O=Amazon,C=US",
                "max_path_length": -1,
                "not_after": "2027-02-25T23:59:59Z",
                "not_before": "2026-01-27T00:00:00Z",
                "public_key_algorithm": "RSA",
                "serial_number": "17802209110544621593474031143248740105",
                "sha1_fingerprint": "37647fee5fc063960139521aa2400c75db27825b",
                "signature_algorithm": "SHA256-RSA",
                "subject": "CN=*.eks.us-east-1.amazonaws.com",
                "version": 3
              }
            ],
            "content": null,
            "id": "b1b539daa206035ae3c3e28288b0681fa1b462f3",
            "url": "https://oidc.eks.us-east-1.amazonaws.com/id/8CE3D8C6E4E8B58A5FD781B3EE401977",
            "verify_chain": true
          },
          "sensitive_attributes": [],
          "identity_schema_version": 0
        }
      ]
    },
    {
      "mode": "managed",
      "type": "aws_eks_addon",
      "name": "ebs_csi",
      "provider": "provider[\"registry.terraform.io/hashicorp/aws\"]",
      "instances": [
        {
          "index_key": 0,
          "schema_version": 0,
          "attributes": {
            "addon_name": "aws-ebs-csi-driver",
            "addon_version": "v1.56.0-eksbuild.1",
            "arn": "arn:aws:eks:us-east-1:725771513144:addon/zylkerkart-cluster/aws-ebs-csi-driver/26ce7de3-6e0f-0f11-35a3-3b19b8bf2cea",
            "cluster_name": "zylkerkart-cluster",
            "configuration_values": "",
            "created_at": "2026-03-17T12:30:39Z",
            "id": "zylkerkart-cluster:aws-ebs-csi-driver",
            "modified_at": "2026-03-17T12:31:20Z",
            "pod_identity_association": [],
            "preserve": null,
            "resolve_conflicts": null,
            "resolve_conflicts_on_create": null,
            "resolve_conflicts_on_update": null,
            "service_account_role_arn": "arn:aws:iam::725771513144:role/zylkerkart-cluster-ebs-csi-role",
            "tags": {
              "project": "zylkerkart"
            },
            "tags_all": {
              "project": "zylkerkart"
            },
            "timeouts": null
          },
          "sensitive_attributes": [],
          "identity_schema_version": 0,
          "private": "eyJlMmJmYjczMC1lY2FhLTExZTYtOGY4OC0zNDM2M2JjN2M0YzAiOnsiY3JlYXRlIjoxMjAwMDAwMDAwMDAwLCJkZWxldGUiOjI0MDAwMDAwMDAwMDAsInVwZGF0ZSI6MTIwMDAwMDAwMDAwMH19",
          "dependencies": [
            "aws_eks_cluster.eks",
            "aws_eks_node_group.default",
            "aws_iam_openid_connect_provider.eks",
            "aws_iam_role.ebs_csi",
            "aws_iam_role.eks_cluster",
            "aws_iam_role.eks_nodes",
            "aws_iam_role_policy_attachment.ebs_csi",
            "aws_iam_role_policy_attachment.eks_cluster_policy",
            "aws_iam_role_policy_attachment.eks_cni_policy",
            "aws_iam_role_policy_attachment.eks_ecr_read",
            "aws_iam_role_policy_attachment.eks_vpc_resource_controller",
            "aws_iam_role_policy_attachment.eks_worker_node_policy",
            "aws_internet_gateway.eks",
            "aws_route_table.eks",
            "aws_route_table_association.eks",
            "aws_subnet.eks",
            "aws_vpc.eks",
            "data.aws_availability_zones.available",
            "data.tls_certificate.eks"
          ]
        }
      ]
    },
    {
      "mode": "managed",
      "type": "aws_eks_cluster",
      "name": "eks",
      "provider": "provider[\"registry.terraform.io/hashicorp/aws\"]",
      "instances": [
        {
          "index_key": 0,
          "schema_version": 1,
          "attributes": {
            "access_config": [
              {
                "authentication_mode": "CONFIG_MAP",
                "bootstrap_cluster_creator_admin_permissions": true
              }
            ],
            "arn": "arn:aws:eks:us-east-1:725771513144:cluster/zylkerkart-cluster",
            "bootstrap_self_managed_addons": true,
            "certificate_authority": [
              {
                "data": "LS0tLS1CRUdJTiBDRVJUSUZJQ0FURS0tLS0tCk1JSURCVENDQWUyZ0F3SUJBZ0lJVUd6bzNCSmhkc0F3RFFZSktvWklodmNOQVFFTEJRQXdGVEVUTUJFR0ExVUUKQXhNS2EzVmlaWEp1WlhSbGN6QWVGdzB5TmpBek1UY3hNakU1TXpsYUZ3MHpOakF6TVRReE1qSTBNemxhTUJVeApFekFSQmdOVkJBTVRDbXQxWW1WeWJtVjBaWE13Z2dFaU1BMEdDU3FHU0liM0RRRUJBUVVBQTRJQkR3QXdnZ0VLCkFvSUJBUUMwUm5qcDR2b1lEdXdsaHFrdld2WVA0VUVMR0lDdHlyM0VuN2hEZjhnbGg4SnJiVWlLd2JyemsxTTYKdzBEMndteUUxZHJIV1ZQZTlPOXNQWVh2K2hHUHFzdnJZVTJMa1F2MTNRSVpjQS9zQ0UxSGFtZW9MSFBvVWhzVApyY1kwWmQrYW41OXUwVXFVYnJXNFdyVnA0VnkzUEIzRExGVW5wQnZvb0tLVkUybkZNWFJCcEVmSzBHOElPVndaClVnWUtxMzNibGpObEhWd3hTbFJXa2Jvdng4YitkZjFMWWJmbWkzWHpieEx5Q2lnNVJyeW5lRlZnUXRhTzBLSUoKdjlnbktNbk9GdEZEbktWSTdqS1FEbksyVkhybVl0SnhZd3ZNYW1MNXZlak9QQXdmdkluNi9tV3BWVkdNREltcQowUkljK2RxTTV3M25hUWdmNFQwREpXWTBVTXVaQWdNQkFBR2pXVEJYTUE0R0ExVWREd0VCL3dRRUF3SUNwREFQCkJnTlZIUk1CQWY4RUJUQURBUUgvTUIwR0ExVWREZ1FXQkJReDA2UlZ1eWhVVVdyZWRhWTgzYStVL2IwajBqQVYKQmdOVkhSRUVEakFNZ2dwcmRXSmxjbTVsZEdWek1BMEdDU3FHU0liM0RRRUJDd1VBQTRJQkFRQWIyZXNSZzJOWApKZi9OMUZteXg5SFl6UFFPaDdRTElDeGJPVXgrN3hDSHZaYlFLcHBMY0lDVFNqdVFnemExQllqMnY4YUluaEEvCnhHM2c4Y1FBbHg0KzljQWUrUElnNTI4V3RHckMvKzFHeFZjOGJESnN0WklSa1NZN2lhY0VXZUJId0x5L0lTRkYKaFJxTUFYcG5iNSt0djZEN1plWHBKc2JmZDRMOThSeG5kRFd4L0VvZEJGSVlHeEp0R3JzVFBvWDJwNHBETFM4RgpPVVZrT3lkcXBsVDV1UzlWSHJNK3poSFZlVDIrbThFZ1NCUXNUd1UzSzdWaXdncFVIcVZyK0hJbk9pcW1WVWtrCjdFcmx0TlgwN2NES1VtYnExL1NIeWNKdCtnYnhaUDBDVHV0bVRRVGw4YzFkSUVLRjR6NDVaL1BmYjBXT2tVNEIKbkFndW1BVkJERmJyCi0tLS0tRU5EIENFUlRJRklDQVRFLS0tLS0K"
              }
            ],
            "cluster_id": null,
            "compute_config": [],
            "created_at": "2026-03-17T12:19:53Z",
            "enabled_cluster_log_types": [],
            "encryption_config": [],
            "endpoint": "https://8CE3D8C6E4E8B58A5FD781B3EE401977.gr7.us-east-1.eks.amazonaws.com",
            "force_update_version": null,
            "id": "zylkerkart-cluster",
            "identity": [
              {
                "oidc": [
                  {
                    "issuer": "https://oidc.eks.us-east-1.amazonaws.com/id/8CE3D8C6E4E8B58A5FD781B3EE401977"
                  }
                ]
              }
            ],
            "kubernetes_network_config": [
              {
                "elastic_load_balancing": [
                  {
                    "enabled": false
                  }
                ],
                "ip_family": "ipv4",
                "service_ipv4_cidr": "172.20.0.0/16",
                "service_ipv6_cidr": ""
              }
            ],
            "name": "zylkerkart-cluster",
            "outpost_config": [],
            "platform_version": "eks.32",
            "remote_network_config": [],
            "role_arn": "arn:aws:iam::725771513144:role/zylkerkart-cluster-cluster-role",
            "status": "ACTIVE",
            "storage_config": [],
            "tags": {
              "environment": "production",
              "project": "zylkerkart"
            },
            "tags_all": {
              "environment": "production",
              "project": "zylkerkart"
            },
            "timeouts": null,
            "upgrade_policy": [
              {
                "support_type": "EXTENDED"
              }
            ],
            "version": "1.33",
            "vpc_config": [
              {
                "cluster_security_group_id": "sg-055ec1853b188185c",
                "endpoint_private_access": true,
                "endpoint_public_access": true,
                "public_access_cidrs": [
                  "0.0.0.0/0"
                ],
                "security_group_ids": [],
                "subnet_ids": [
                  "subnet-020d6cbaa9dbdcecc",
                  "subnet-041e656596f6c874d",
                  "subnet-0bc19499d7772e5cb"
                ],
                "vpc_id": "vpc-0eb1e93e56b8a596d"
              }
            ],
            "zonal_shift_config": []
          },
          "sensitive_attributes": [],
          "identity_schema_version": 0,
          "private": "eyJlMmJmYjczMC1lY2FhLTExZTYtOGY4OC0zNDM2M2JjN2M0YzAiOnsiY3JlYXRlIjoxODAwMDAwMDAwMDAwLCJkZWxldGUiOjkwMDAwMDAwMDAwMCwidXBkYXRlIjozNjAwMDAwMDAwMDAwfSwic2NoZW1hX3ZlcnNpb24iOiIxIn0=",
          "dependencies": [
            "aws_iam_role.eks_cluster",
            "aws_iam_role_policy_attachment.eks_cluster_policy",
            "aws_iam_role_policy_attachment.eks_vpc_resource_controller",
            "aws_internet_gateway.eks",
            "aws_route_table.eks",
            "aws_route_table_association.eks",
            "aws_subnet.eks",
            "aws_vpc.eks",
            "data.aws_availability_zones.available"
          ]
        }
      ]
    },
    {
      "mode": "managed",
      "type": "aws_eks_node_group",
      "name": "default",
      "provider": "provider[\"registry.terraform.io/hashicorp/aws\"]",
      "instances": [
        {
          "index_key": 0,
          "schema_version": 0,
          "attributes": {
            "ami_type": "AL2023_x86_64_STANDARD",
            "arn": "arn:aws:eks:us-east-1:725771513144:nodegroup/zylkerkart-cluster/zylkerkart-cluster-nodes/c0ce7de2-95c5-991e-9d34-59430748f434",
            "capacity_type": "ON_DEMAND",
            "cluster_name": "zylkerkart-cluster",
            "disk_size": 100,
            "force_update_version": null,
            "id": "zylkerkart-cluster:zylkerkart-cluster-nodes",
            "instance_types": [
              "t3.xlarge"
            ],
            "labels": {},
            "launch_template": [],
            "node_group_name": "zylkerkart-cluster-nodes",
            "node_group_name_prefix": "",
            "node_repair_config": [],
            "node_role_arn": "arn:aws:iam::725771513144:role/zylkerkart-cluster-node-role",
            "release_version": "1.33.8-20260304",
            "remote_access": [],
            "resources": [
              {
                "autoscaling_groups": [
                  {
                    "name": "eks-zylkerkart-cluster-nodes-c0ce7de2-95c5-991e-9d34-59430748f434"
                  }
                ],
                "remote_access_security_group_id": ""
              }
            ],
            "scaling_config": [
              {
                "desired_size": 3,
                "max_size": 5,
                "min_size": 2
              }
            ],
            "status": "ACTIVE",
            "subnet_ids": [
              "subnet-020d6cbaa9dbdcecc",
              "subnet-041e656596f6c874d",
              "subnet-0bc19499d7772e5cb"
            ],
            "tags": {
              "environment": "production",
              "project": "zylkerkart"
            },
            "tags_all": {
              "environment": "production",
              "project": "zylkerkart"
            },
            "taint": [],
            "timeouts": null,
            "update_config": [
              {
                "max_unavailable": 1,
                "max_unavailable_percentage": 0
              }
            ],
            "version": "1.33"
          },
          "sensitive_attributes": [],
          "identity_schema_version": 0,
          "private": "eyJlMmJmYjczMC1lY2FhLTExZTYtOGY4OC0zNDM2M2JjN2M0YzAiOnsiY3JlYXRlIjozNjAwMDAwMDAwMDAwLCJkZWxldGUiOjM2MDAwMDAwMDAwMDAsInVwZGF0ZSI6MzYwMDAwMDAwMDAwMH19",
          "dependencies": [
            "aws_eks_cluster.eks",
            "aws_iam_role.eks_cluster",
            "aws_iam_role.eks_nodes",
            "aws_iam_role_policy_attachment.eks_cluster_policy",
            "aws_iam_role_policy_attachment.eks_cni_policy",
            "aws_iam_role_policy_attachment.eks_ecr_read",
            "aws_iam_role_policy_attachment.eks_vpc_resource_controller",
            "aws_iam_role_policy_attachment.eks_worker_node_policy",
            "aws_internet_gateway.eks",
            "aws_route_table.eks",
            "aws_route_table_association.eks",
            "aws_subnet.eks",
            "aws_vpc.eks",
            "data.aws_availability_zones.available"
          ]
        }
      ]
    },
    {
      "mode": "managed",
      "type": "aws_iam_openid_connect_provider",
      "name": "eks",
      "provider": "provider[\"registry.terraform.io/hashicorp/aws\"]",
      "instances": [
        {
          "index_key": 0,
          "schema_version": 0,
          "attributes": {
            "arn": "arn:aws:iam::725771513144:oidc-provider/oidc.eks.us-east-1.amazonaws.com/id/8CE3D8C6E4E8B58A5FD781B3EE401977",
            "client_id_list": [
              "sts.amazonaws.com"
            ],
            "id": "arn:aws:iam::725771513144:oidc-provider/oidc.eks.us-east-1.amazonaws.com/id/8CE3D8C6E4E8B58A5FD781B3EE401977",
            "tags": {
              "project": "zylkerkart"
            },
            "tags_all": {
              "project": "zylkerkart"
            },
            "thumbprint_list": [
              "06b25927c42a721631c1efd9431e648fa62e1e39"
            ],
            "url": "oidc.eks.us-east-1.amazonaws.com/id/8CE3D8C6E4E8B58A5FD781B3EE401977"
          },
          "sensitive_attributes": [],
          "identity_schema_version": 0,
          "private": "bnVsbA==",
          "dependencies": [
            "aws_eks_cluster.eks",
            "aws_iam_role.eks_cluster",
            "aws_iam_role_policy_attachment.eks_cluster_policy",
            "aws_iam_role_policy_attachment.eks_vpc_resource_controller",
            "aws_internet_gateway.eks",
            "aws_route_table.eks",
            "aws_route_table_association.eks",
            "aws_subnet.eks",
            "aws_vpc.eks",
            "data.aws_availability_zones.available",
            "data.tls_certificate.eks"
          ]
        }
      ]
    },
    {
      "mode": "managed",
      "type": "aws_iam_role",
      "name": "ebs_csi",
      "provider": "provider[\"registry.terraform.io/hashicorp/aws\"]",
      "instances": [
        {
          "index_key": 0,
          "schema_version": 0,
          "attributes": {
            "arn": "arn:aws:iam::725771513144:role/zylkerkart-cluster-ebs-csi-role",
            "assume_role_policy": "{\"Statement\":[{\"Action\":\"sts:AssumeRoleWithWebIdentity\",\"Condition\":{\"StringEquals\":{\"oidc.eks.us-east-1.amazonaws.com/id/8CE3D8C6E4E8B58A5FD781B3EE401977:aud\":\"sts.amazonaws.com\",\"oidc.eks.us-east-1.amazonaws.com/id/8CE3D8C6E4E8B58A5FD781B3EE401977:sub\":\"system:serviceaccount:kube-system:ebs-csi-controller-sa\"}},\"Effect\":\"Allow\",\"Principal\":{\"Federated\":\"arn:aws:iam::725771513144:oidc-provider/oidc.eks.us-east-1.amazonaws.com/id/8CE3D8C6E4E8B58A5FD781B3EE401977\"}}],\"Version\":\"2012-10-17\"}",
            "create_date": "2026-03-17T12:28:53Z",
            "description": "",
            "force_detach_policies": false,
            "id": "zylkerkart-cluster-ebs-csi-role",
            "inline_policy": [],
            "managed_policy_arns": [
              "arn:aws:iam::aws:policy/service-role/AmazonEBSCSIDriverPolicy"
            ],
            "max_session_duration": 3600,
            "name": "zylkerkart-cluster-ebs-csi-role",
            "name_prefix": "",
            "path": "/",
            "permissions_boundary": "",
            "tags": {
              "project": "zylkerkart"
            },
            "tags_all": {
              "project": "zylkerkart"
            },
            "unique_id": "AROA2R622NU4EIJPL6DED"
          },
          "sensitive_attributes": [],
          "identity_schema_version": 0,
          "private": "bnVsbA==",
          "dependencies": [
            "aws_eks_cluster.eks",
            "aws_iam_openid_connect_provider.eks",
            "aws_iam_role.eks_cluster",
            "aws_iam_role_policy_attachment.eks_cluster_policy",
            "aws_iam_role_policy_attachment.eks_vpc_resource_controller",
            "aws_internet_gateway.eks",
            "aws_route_table.eks",
            "aws_route_table_association.eks",
            "aws_subnet.eks",
            "aws_vpc.eks",
            "data.aws_availability_zones.available",
            "data.tls_certificate.eks"
          ]
        }
      ]
    },
    {
      "mode": "managed",
      "type": "aws_iam_role",
      "name": "eks_cluster",
      "provider": "provider[\"registry.terraform.io/hashicorp/aws\"]",
      "instances": [
        {
          "index_key": 0,
          "schema_version": 0,
          "attributes": {
            "arn": "arn:aws:iam::725771513144:role/zylkerkart-cluster-cluster-role",
            "assume_role_policy": "{\"Statement\":[{\"Action\":\"sts:AssumeRole\",\"Effect\":\"Allow\",\"Principal\":{\"Service\":\"eks.amazonaws.com\"}}],\"Version\":\"2012-10-17\"}",
            "create_date": "2026-03-17T12:19:19Z",
            "description": "",
            "force_detach_policies": false,
            "id": "zylkerkart-cluster-cluster-role",
            "inline_policy": [],
            "managed_policy_arns": [
              "arn:aws:iam::aws:policy/AmazonEKSClusterPolicy",
              "arn:aws:iam::aws:policy/AmazonEKSVPCResourceController"
            ],
            "max_session_duration": 3600,
            "name": "zylkerkart-cluster-cluster-role",
            "name_prefix": "",
            "path": "/",
            "permissions_boundary": "",
            "tags": {
              "project": "zylkerkart"
            },
            "tags_all": {
              "project": "zylkerkart"
            },
            "unique_id": "AROA2R622NU4K5LNTCAZ4"
          },
          "sensitive_attributes": [],
          "identity_schema_version": 0,
          "private": "bnVsbA=="
        }
      ]
    },
    {
      "mode": "managed",
      "type": "aws_iam_role",
      "name": "eks_nodes",
      "provider": "provider[\"registry.terraform.io/hashicorp/aws\"]",
      "instances": [
        {
          "index_key": 0,
          "schema_version": 0,
          "attributes": {
            "arn": "arn:aws:iam::725771513144:role/zylkerkart-cluster-node-role",
            "assume_role_policy": "{\"Statement\":[{\"Action\":\"sts:AssumeRole\",\"Effect\":\"Allow\",\"Principal\":{\"Service\":\"ec2.amazonaws.com\"}}],\"Version\":\"2012-10-17\"}",
            "create_date": "2026-03-17T12:19:19Z",
            "description": "",
            "force_detach_policies": false,
            "id": "zylkerkart-cluster-node-role",
            "inline_policy": [],
            "managed_policy_arns": [
              "arn:aws:iam::aws:policy/AmazonEC2ContainerRegistryReadOnly",
              "arn:aws:iam::aws:policy/AmazonEKSWorkerNodePolicy",
              "arn:aws:iam::aws:policy/AmazonEKS_CNI_Policy"
            ],
            "max_session_duration": 3600,
            "name": "zylkerkart-cluster-node-role",
            "name_prefix": "",
            "path": "/",
            "permissions_boundary": "",
            "tags": {},
            "tags_all": {},
            "unique_id": "AROA2R622NU4FH7AZJAFK"
          },
          "sensitive_attributes": [],
          "identity_schema_version": 0,
          "private": "bnVsbA=="
        }
      ]
    },
    {
      "mode": "managed",
      "type": "aws_iam_role_policy_attachment",
      "name": "ebs_csi",
      "provider": "provider[\"registry.terraform.io/hashicorp/aws\"]",
      "instances": [
        {
          "index_key": 0,
          "schema_version": 0,
          "attributes": {
            "id": "zylkerkart-cluster-ebs-csi-role-20260317122855352000000008",
            "policy_arn": "arn:aws:iam::aws:policy/service-role/AmazonEBSCSIDriverPolicy",
            "role": "zylkerkart-cluster-ebs-csi-role"
          },
          "sensitive_attributes": [],
          "identity_schema_version": 0,
          "private": "bnVsbA==",
          "dependencies": [
            "aws_eks_cluster.eks",
            "aws_iam_openid_connect_provider.eks",
            "aws_iam_role.ebs_csi",
            "aws_iam_role.eks_cluster",
            "aws_iam_role_policy_attachment.eks_cluster_policy",
            "aws_iam_role_policy_attachment.eks_vpc_resource_controller",
            "aws_internet_gateway.eks",
            "aws_route_table.eks",
            "aws_route_table_association.eks",
            "aws_subnet.eks",
            "aws_vpc.eks",
            "data.aws_availability_zones.available",
            "data.tls_certificate.eks"
          ]
        }
      ]
    },
    {
      "mode": "managed",
      "type": "aws_iam_role_policy_attachment",
      "name": "eks_cluster_policy",
      "provider": "provider[\"registry.terraform.io/hashicorp/aws\"]",
      "instances": [
        {
          "index_key": 0,
          "schema_version": 0,
          "attributes": {
            "id": "zylkerkart-cluster-cluster-role-20260317121921962100000004",
            "policy_arn": "arn:aws:iam::aws:policy/AmazonEKSClusterPolicy",
            "role": "zylkerkart-cluster-cluster-role"
          },
          "sensitive_attributes": [],
          "identity_schema_version": 0,
          "private": "bnVsbA==",
          "dependencies": [
            "aws_iam_role.eks_cluster"
          ]
        }
      ]
    },
    {
      "mode": "managed",
      "type": "aws_iam_role_policy_attachment",
      "name": "eks_cni_policy",
      "provider": "provider[\"registry.terraform.io/hashicorp/aws\"]",
      "instances": [
        {
          "index_key": 0,
          "schema_version": 0,
          "attributes": {
            "id": "zylkerkart-cluster-node-role-20260317121921538600000001",
            "policy_arn": "arn:aws:iam::aws:policy/AmazonEKS_CNI_Policy",
            "role": "zylkerkart-cluster-node-role"
          },
          "sensitive_attributes": [],
          "identity_schema_version": 0,
          "private": "bnVsbA==",
          "dependencies": [
            "aws_iam_role.eks_nodes"
          ]
        }
      ]
    },
    {
      "mode": "managed",
      "type": "aws_iam_role_policy_attachment",
      "name": "eks_ecr_read",
      "provider": "provider[\"registry.terraform.io/hashicorp/aws\"]",
      "instances": [
        {
          "index_key": 0,
          "schema_version": 0,
          "attributes": {
            "id": "zylkerkart-cluster-node-role-20260317121921839700000003",
            "policy_arn": "arn:aws:iam::aws:policy/AmazonEC2ContainerRegistryReadOnly",
            "role": "zylkerkart-cluster-node-role"
          },
          "sensitive_attributes": [],
          "identity_schema_version": 0,
          "private": "bnVsbA==",
          "dependencies": [
            "aws_iam_role.eks_nodes"
          ]
        }
      ]
    },
    {
      "mode": "managed",
      "type": "aws_iam_role_policy_attachment",
      "name": "eks_vpc_resource_controller",
      "provider": "provider[\"registry.terraform.io/hashicorp/aws\"]",
      "instances": [
        {
          "index_key": 0,
          "schema_version": 0,
          "attributes": {
            "id": "zylkerkart-cluster-cluster-role-20260317121922147300000005",
            "policy_arn": "arn:aws:iam::aws:policy/AmazonEKSVPCResourceController",
            "role": "zylkerkart-cluster-cluster-role"
          },
          "sensitive_attributes": [],
          "identity_schema_version": 0,
          "private": "bnVsbA==",
          "dependencies": [
            "aws_iam_role.eks_cluster"
          ]
        }
      ]
    },
    {
      "mode": "managed",
      "type": "aws_iam_role_policy_attachment",
      "name": "eks_worker_node_policy",
      "provider": "provider[\"registry.terraform.io/hashicorp/aws\"]",
      "instances": [
        {
          "index_key": 0,
          "schema_version": 0,
          "attributes": {
            "id": "zylkerkart-cluster-node-role-20260317121921638800000002",
            "policy_arn": "arn:aws:iam::aws:policy/AmazonEKSWorkerNodePolicy",
            "role": "zylkerkart-cluster-node-role"
          },
          "sensitive_attributes": [],
          "identity_schema_version": 0,
          "private": "bnVsbA==",
          "dependencies": [
            "aws_iam_role.eks_nodes"
          ]
        }
      ]
    },
    {
      "mode": "managed",
      "type": "aws_internet_gateway",
      "name": "eks",
      "provider": "provider[\"registry.terraform.io/hashicorp/aws\"]",
      "instances": [
        {
          "index_key": 0,
          "schema_version": 0,
          "attributes": {
            "arn": "arn:aws:ec2:us-east-1:725771513144:internet-gateway/igw-0ae8cdcd2aecb29ac",
            "id": "igw-0ae8cdcd2aecb29ac",
            "owner_id": "725771513144",
            "tags": {
              "Name": "zylkerkart-cluster-igw"
            },
            "tags_all": {
              "Name": "zylkerkart-cluster-igw"
            },
            "timeouts": null,
            "vpc_id": "vpc-0eb1e93e56b8a596d"
          },
          "sensitive_attributes": [],
          "identity_schema_version": 0,
          "private": "eyJlMmJmYjczMC1lY2FhLTExZTYtOGY4OC0zNDM2M2JjN2M0YzAiOnsiY3JlYXRlIjoxMjAwMDAwMDAwMDAwLCJkZWxldGUiOjEyMDAwMDAwMDAwMDAsInVwZGF0ZSI6MTIwMDAwMDAwMDAwMH19",
          "dependencies": [
            "aws_vpc.eks"
          ]
        }
      ]
    },
    {
      "mode": "managed",
      "type": "aws_route_table",
      "name": "eks",
      "provider": "provider[\"registry.terraform.io/hashicorp/aws\"]",
      "instances": [
        {
          "index_key": 0,
          "schema_version": 0,
          "attributes": {
            "arn": "arn:aws:ec2:us-east-1:725771513144:route-table/rtb-0a5c59077adb73c36",
            "id": "rtb-0a5c59077adb73c36",
            "owner_id": "725771513144",
            "propagating_vgws": [],
            "route": [
              {
                "carrier_gateway_id": "",
                "cidr_block": "0.0.0.0/0",
                "core_network_arn": "",
                "destination_prefix_list_id": "",
                "egress_only_gateway_id": "",
                "gateway_id": "igw-0ae8cdcd2aecb29ac",
                "ipv6_cidr_block": "",
                "local_gateway_id": "",
                "nat_gateway_id": "",
                "network_interface_id": "",
                "transit_gateway_id": "",
                "vpc_endpoint_id": "",
                "vpc_peering_connection_id": ""
              }
            ],
            "tags": {
              "Name": "zylkerkart-cluster-rt"
            },
            "tags_all": {
              "Name": "zylkerkart-cluster-rt"
            },
            "timeouts": null,
            "vpc_id": "vpc-0eb1e93e56b8a596d"
          },
          "sensitive_attributes": [],
          "identity_schema_version": 0,
          "private": "eyJlMmJmYjczMC1lY2FhLTExZTYtOGY4OC0zNDM2M2JjN2M0YzAiOnsiY3JlYXRlIjozMDAwMDAwMDAwMDAsImRlbGV0ZSI6MzAwMDAwMDAwMDAwLCJ1cGRhdGUiOjEyMDAwMDAwMDAwMH19",
          "dependencies": [
            "aws_internet_gateway.eks",
            "aws_vpc.eks"
          ]
        }
      ]
    },
    {
      "mode": "managed",
      "type": "aws_route_table_association",
      "name": "eks",
      "provider": "provider[\"registry.terraform.io/hashicorp/aws\"]",
      "instances": [
        {
          "index_key": 0,
          "schema_version": 0,
          "attributes": {
            "gateway_id": "",
            "id": "rtbassoc-02398f4c2ce1b5759",
            "route_table_id": "rtb-0a5c59077adb73c36",
            "subnet_id": "subnet-020d6cbaa9dbdcecc",
            "timeouts": null
          },
          "sensitive_attributes": [],
          "identity_schema_version": 0,
          "private": "eyJlMmJmYjczMC1lY2FhLTExZTYtOGY4OC0zNDM2M2JjN2M0YzAiOnsiY3JlYXRlIjozMDAwMDAwMDAwMDAsImRlbGV0ZSI6MzAwMDAwMDAwMDAwLCJ1cGRhdGUiOjEyMDAwMDAwMDAwMH19",
          "dependencies": [
            "aws_internet_gateway.eks",
            "aws_route_table.eks",
            "aws_subnet.eks",
            "aws_vpc.eks",
            "data.aws_availability_zones.available"
          ]
        },
        {
          "index_key": 1,
          "schema_version": 0,
          "attributes": {
            "gateway_id": "",
            "id": "rtbassoc-011eec25d0fcf0366",
            "route_table_id": "rtb-0a5c59077adb73c36",
            "subnet_id": "subnet-0bc19499d7772e5cb",
            "timeouts": null
          },
          "sensitive_attributes": [],
          "identity_schema_version": 0,
          "private": "eyJlMmJmYjczMC1lY2FhLTExZTYtOGY4OC0zNDM2M2JjN2M0YzAiOnsiY3JlYXRlIjozMDAwMDAwMDAwMDAsImRlbGV0ZSI6MzAwMDAwMDAwMDAwLCJ1cGRhdGUiOjEyMDAwMDAwMDAwMH19",
          "dependencies": [
            "aws_internet_gateway.eks",
            "aws_route_table.eks",
            "aws_subnet.eks",
            "aws_vpc.eks",
            "data.aws_availability_zones.available"
          ]
        },
        {
          "index_key": 2,
          "schema_version": 0,
          "attributes": {
            "gateway_id": "",
            "id": "rtbassoc-0f1ad0da712990cd9",
            "route_table_id": "rtb-0a5c59077adb73c36",
            "subnet_id": "subnet-041e656596f6c874d",
            "timeouts": null
          },
          "sensitive_attributes": [],
          "identity_schema_version": 0,
          "private": "eyJlMmJmYjczMC1lY2FhLTExZTYtOGY4OC0zNDM2M2JjN2M0YzAiOnsiY3JlYXRlIjozMDAwMDAwMDAwMDAsImRlbGV0ZSI6MzAwMDAwMDAwMDAwLCJ1cGRhdGUiOjEyMDAwMDAwMDAwMH19",
          "dependencies": [
            "aws_internet_gateway.eks",
            "aws_route_table.eks",
            "aws_subnet.eks",
            "aws_vpc.eks",
            "data.aws_availability_zones.available"
          ]
        }
      ]
    },
    {
      "mode": "managed",
      "type": "aws_subnet",
      "name": "eks",
      "provider": "provider[\"registry.terraform.io/hashicorp/aws\"]",
      "instances": [
        {
          "index_key": 0,
          "schema_version": 1,
          "attributes": {
            "arn": "arn:aws:ec2:us-east-1:725771513144:subnet/subnet-020d6cbaa9dbdcecc",
            "assign_ipv6_address_on_creation": false,
            "availability_zone": "us-east-1a",
            "availability_zone_id": "use1-az1",
            "cidr_block": "10.0.1.0/24",
            "customer_owned_ipv4_pool": "",
            "enable_dns64": false,
            "enable_lni_at_device_index": 0,
            "enable_resource_name_dns_a_record_on_launch": false,
            "enable_resource_name_dns_aaaa_record_on_launch": false,
            "id": "subnet-020d6cbaa9dbdcecc",
            "ipv6_cidr_block": "",
            "ipv6_cidr_block_association_id": "",
            "ipv6_native": false,
            "map_customer_owned_ip_on_launch": false,
            "map_public_ip_on_launch": true,
            "outpost_arn": "",
            "owner_id": "725771513144",
            "private_dns_hostname_type_on_launch": "ip-name",
            "tags": {
              "Name": "zylkerkart-cluster-subnet-0",
              "kubernetes.io/cluster/zylkerkart-cluster": "shared",
              "kubernetes.io/role/elb": "1"
            },
            "tags_all": {
              "Name": "zylkerkart-cluster-subnet-0",
              "kubernetes.io/cluster/zylkerkart-cluster": "shared",
              "kubernetes.io/role/elb": "1"
            },
            "timeouts": null,
            "vpc_id": "vpc-0eb1e93e56b8a596d"
          },
          "sensitive_attributes": [],
          "identity_schema_version": 0,
          "private": "eyJlMmJmYjczMC1lY2FhLTExZTYtOGY4OC0zNDM2M2JjN2M0YzAiOnsiY3JlYXRlIjo2MDAwMDAwMDAwMDAsImRlbGV0ZSI6MTIwMDAwMDAwMDAwMH0sInNjaGVtYV92ZXJzaW9uIjoiMSJ9",
          "dependencies": [
            "aws_vpc.eks",
            "data.aws_availability_zones.available"
          ]
        },
        {
          "index_key": 1,
          "schema_version": 1,
          "attributes": {
            "arn": "arn:aws:ec2:us-east-1:725771513144:subnet/subnet-0bc19499d7772e5cb",
            "assign_ipv6_address_on_creation": false,
            "availability_zone": "us-east-1b",
            "availability_zone_id": "use1-az2",
            "cidr_block": "10.0.2.0/24",
            "customer_owned_ipv4_pool": "",
            "enable_dns64": false,
            "enable_lni_at_device_index": 0,
            "enable_resource_name_dns_a_record_on_launch": false,
            "enable_resource_name_dns_aaaa_record_on_launch": false,
            "id": "subnet-0bc19499d7772e5cb",
            "ipv6_cidr_block": "",
            "ipv6_cidr_block_association_id": "",
            "ipv6_native": false,
            "map_customer_owned_ip_on_launch": false,
            "map_public_ip_on_launch": true,
            "outpost_arn": "",
            "owner_id": "725771513144",
            "private_dns_hostname_type_on_launch": "ip-name",
            "tags": {
              "Name": "zylkerkart-cluster-subnet-1",
              "kubernetes.io/cluster/zylkerkart-cluster": "shared",
              "kubernetes.io/role/elb": "1"
            },
            "tags_all": {
              "Name": "zylkerkart-cluster-subnet-1",
              "kubernetes.io/cluster/zylkerkart-cluster": "shared",
              "kubernetes.io/role/elb": "1"
            },
            "timeouts": null,
            "vpc_id": "vpc-0eb1e93e56b8a596d"
          },
          "sensitive_attributes": [],
          "identity_schema_version": 0,
          "private": "eyJlMmJmYjczMC1lY2FhLTExZTYtOGY4OC0zNDM2M2JjN2M0YzAiOnsiY3JlYXRlIjo2MDAwMDAwMDAwMDAsImRlbGV0ZSI6MTIwMDAwMDAwMDAwMH0sInNjaGVtYV92ZXJzaW9uIjoiMSJ9",
          "dependencies": [
            "aws_vpc.eks",
            "data.aws_availability_zones.available"
          ]
        },
        {
          "index_key": 2,
          "schema_version": 1,
          "attributes": {
            "arn": "arn:aws:ec2:us-east-1:725771513144:subnet/subnet-041e656596f6c874d",
            "assign_ipv6_address_on_creation": false,
            "availability_zone": "us-east-1c",
            "availability_zone_id": "use1-az4",
            "cidr_block": "10.0.3.0/24",
            "customer_owned_ipv4_pool": "",
            "enable_dns64": false,
            "enable_lni_at_device_index": 0,
            "enable_resource_name_dns_a_record_on_launch": false,
            "enable_resource_name_dns_aaaa_record_on_launch": false,
            "id": "subnet-041e656596f6c874d",
            "ipv6_cidr_block": "",
            "ipv6_cidr_block_association_id": "",
            "ipv6_native": false,
            "map_customer_owned_ip_on_launch": false,
            "map_public_ip_on_launch": true,
            "outpost_arn": "",
            "owner_id": "725771513144",
            "private_dns_hostname_type_on_launch": "ip-name",
            "tags": {
              "Name": "zylkerkart-cluster-subnet-2",
              "kubernetes.io/cluster/zylkerkart-cluster": "shared",
              "kubernetes.io/role/elb": "1"
            },
            "tags_all": {
              "Name": "zylkerkart-cluster-subnet-2",
              "kubernetes.io/cluster/zylkerkart-cluster": "shared",
              "kubernetes.io/role/elb": "1"
            },
            "timeouts": null,
            "vpc_id": "vpc-0eb1e93e56b8a596d"
          },
          "sensitive_attributes": [],
          "identity_schema_version": 0,
          "private": "eyJlMmJmYjczMC1lY2FhLTExZTYtOGY4OC0zNDM2M2JjN2M0YzAiOnsiY3JlYXRlIjo2MDAwMDAwMDAwMDAsImRlbGV0ZSI6MTIwMDAwMDAwMDAwMH0sInNjaGVtYV92ZXJzaW9uIjoiMSJ9",
          "dependencies": [
            "aws_vpc.eks",
            "data.aws_availability_zones.available"
          ]
        }
      ]
    },
    {
      "mode": "managed",
      "type": "aws_vpc",
      "name": "eks",
      "provider": "provider[\"registry.terraform.io/hashicorp/aws\"]",
      "instances": [
        {
          "index_key": 0,
          "schema_version": 1,
          "attributes": {
            "arn": "arn:aws:ec2:us-east-1:725771513144:vpc/vpc-0eb1e93e56b8a596d",
            "assign_generated_ipv6_cidr_block": false,
            "cidr_block": "10.0.0.0/16",
            "default_network_acl_id": "acl-00b07399a88b3c687",
            "default_route_table_id": "rtb-0940ac5feb3ecf817",
            "default_security_group_id": "sg-05cf0dc79ee0ed679",
            "dhcp_options_id": "dopt-bb6203c0",
            "enable_dns_hostnames": true,
            "enable_dns_support": true,
            "enable_network_address_usage_metrics": false,
            "id": "vpc-0eb1e93e56b8a596d",
            "instance_tenancy": "default",
            "ipv4_ipam_pool_id": null,
            "ipv4_netmask_length": null,
            "ipv6_association_id": "",
            "ipv6_cidr_block": "",
            "ipv6_cidr_block_network_border_group": "",
            "ipv6_ipam_pool_id": "",
            "ipv6_netmask_length": 0,
            "main_route_table_id": "rtb-0940ac5feb3ecf817",
            "owner_id": "725771513144",
            "tags": {
              "Name": "zylkerkart-cluster-vpc",
              "project": "zylkerkart"
            },
            "tags_all": {
              "Name": "zylkerkart-cluster-vpc",
              "project": "zylkerkart"
            }
          },
          "sensitive_attributes": [],
          "identity_schema_version": 0,
          "private": "eyJzY2hlbWFfdmVyc2lvbiI6IjEifQ=="
        }
      ]
    },
    {
      "mode": "managed",
      "type": "helm_release",
      "name": "ingress_nginx",
      "provider": "provider[\"registry.terraform.io/hashicorp/helm\"]",
      "instances": [
        {
          "schema_version": 1,
          "attributes": {
            "atomic": false,
            "chart": "ingress-nginx",
            "cleanup_on_fail": false,
            "create_namespace": true,
            "dependency_update": false,
            "description": null,
            "devel": null,
            "disable_crd_hooks": false,
            "disable_openapi_validation": false,
            "disable_webhooks": false,
            "force_update": false,
            "id": "ingress-nginx",
            "keyring": null,
            "lint": false,
            "manifest": null,
            "max_history": 0,
            "metadata": [
              {
                "app_version": "1.9.6",
                "chart": "ingress-nginx",
                "first_deployed": 1773750648,
                "last_deployed": 1773750648,
                "name": "ingress-nginx",
                "namespace": "ingress-nginx",
                "notes": "The ingress-nginx controller has been installed.\nIt may take a few minutes for the load balancer IP to be available.\nYou can watch the status by running 'kubectl get service --namespace ingress-nginx ingress-nginx-controller --output wide --watch'\n\nAn example Ingress that makes use of the controller:\n  apiVersion: networking.k8s.io/v1\n  kind: Ingress\n  metadata:\n    name: example\n    namespace: foo\n  spec:\n    ingressClassName: nginx\n    rules:\n      - host: www.example.com\n        http:\n          paths:\n            - pathType: Prefix\n              backend:\n                service:\n                  name: exampleService\n                  port:\n                    number: 80\n              path: /\n    # This section is only required if TLS is to be enabled for the Ingress\n    tls:\n      - hosts:\n        - www.example.com\n        secretName: example-tls\n\nIf TLS is enabled for the Ingress, a Secret containing the certificate and key must also be provided:\n\n  apiVersion: v1\n  kind: Secret\n  metadata:\n    name: example-tls\n    namespace: foo\n  data:\n    tls.crt: \u003cbase64 encoded cert\u003e\n    tls.key: \u003cbase64 encoded key\u003e\n  type: kubernetes.io/tls\n",
                "revision": 1,
                "values": "{\"controller\":{\"replicaCount\":2,\"service\":{\"type\":\"LoadBalancer\"}}}",
                "version": "4.9.1"
              }
            ],
            "name": "ingress-nginx",
            "namespace": "ingress-nginx",
            "pass_credentials": false,
            "postrender": [],
            "recreate_pods": false,
            "render_subchart_notes": true,
            "replace": false,
            "repository": "https://kubernetes.github.io/ingress-nginx",
            "repository_ca_file": null,
            "repository_cert_file": null,
            "repository_key_file": null,
            "repository_password": null,
            "repository_username": null,
            "reset_values": false,
            "reuse_values": false,
            "set": [
              {
                "name": "controller.replicaCount",
                "type": "",
                "value": "2"
              },
              {
                "name": "controller.service.type",
                "type": "",
                "value": "LoadBalancer"
              }
            ],
            "set_list": [],
            "set_sensitive": [],
            "skip_crds": false,
            "status": "deployed",
            "timeout": 600,
            "upgrade_install": null,
            "values": null,
            "verify": false,
            "version": "4.9.1",
            "wait": true,
            "wait_for_jobs": false
          },
          "sensitive_attributes": [
            [
              {
                "type": "get_attr",
                "value": "repository_password"
              }
            ]
          ],
          "identity_schema_version": 0,
          "private": "eyJzY2hlbWFfdmVyc2lvbiI6IjEifQ==",
          "dependencies": [
            "aws_eks_cluster.eks",
            "aws_eks_node_group.default",
            "aws_iam_role.eks_cluster",
            "aws_iam_role.eks_nodes",
            "aws_iam_role_policy_attachment.eks_cluster_policy",
            "aws_iam_role_policy_attachment.eks_cni_policy",
            "aws_iam_role_policy_attachment.eks_ecr_read",
            "aws_iam_role_policy_attachment.eks_vpc_resource_controller",
            "aws_iam_role_policy_attachment.eks_worker_node_policy",
            "aws_internet_gateway.eks",
            "aws_route_table.eks",
            "aws_route_table_association.eks",
            "aws_subnet.eks",
            "aws_vpc.eks",
            "azurerm_kubernetes_cluster.aks",
            "azurerm_resource_group.aks",
            "data.aws_availability_zones.available",
            "kubernetes_namespace.zylkerkart"
          ]
        }
      ]
    },
    {
      "mode": "managed",
      "type": "kubernetes_cluster_role",
      "name": "apm_agent_role",
      "provider": "provider[\"registry.terraform.io/hashicorp/kubernetes\"]",
      "instances": [
        {
          "index_key": 0,
          "schema_version": 0,
          "attributes": {
            "aggregation_rule": [],
            "id": "apm-agent-role",
            "metadata": [
              {
                "annotations": {},
                "generate_name": "",
                "generation": 0,
                "labels": {},
                "name": "apm-agent-role",
                "resource_version": "897",
                "uid": "7ea3fbc6-44d3-4afb-9ff7-694b1fb995ef"
              }
            ],
            "rule": [
              {
                "api_groups": [
                  ""
                ],
                "non_resource_urls": [],
                "resource_names": [],
                "resources": [
                  "pods",
                  "nodes",
                  "namespaces"
                ],
                "verbs": [
                  "get",
                  "list",
                  "watch"
                ]
              },
              {
                "api_groups": [
                  "apps"
                ],
                "non_resource_urls": [],
                "resource_names": [],
                "resources": [
                  "deployments",
                  "replicasets",
                  "daemonsets"
                ],
                "verbs": [
                  "get",
                  "list",
                  "watch"
                ]
              }
            ]
          },
          "sensitive_attributes": [],
          "identity_schema_version": 1,
          "identity": {
            "api_version": "rbac.authorization.k8s.io/v1",
            "kind": "ClusterRole",
            "name": "apm-agent-role"
          },
          "private": "bnVsbA==",
          "dependencies": [
            "aws_eks_cluster.eks",
            "aws_iam_role.eks_cluster",
            "aws_iam_role_policy_attachment.eks_cluster_policy",
            "aws_iam_role_policy_attachment.eks_vpc_resource_controller",
            "aws_internet_gateway.eks",
            "aws_route_table.eks",
            "aws_route_table_association.eks",
            "aws_subnet.eks",
            "aws_vpc.eks",
            "azurerm_kubernetes_cluster.aks",
            "azurerm_resource_group.aks",
            "data.aws_availability_zones.available"
          ]
        }
      ]
    },
    {
      "mode": "managed",
      "type": "kubernetes_cluster_role",
      "name": "site24x7",
      "provider": "provider[\"registry.terraform.io/hashicorp/kubernetes\"]",
      "instances": [
        {
          "index_key": 0,
          "schema_version": 0,
          "attributes": {
            "aggregation_rule": [],
            "id": "site24x7",
            "metadata": [
              {
                "annotations": {},
                "generate_name": "",
                "generation": 0,
                "labels": {},
                "name": "site24x7",
                "resource_version": "895",
                "uid": "2d5576b3-9598-4d9b-b5fe-4a253eca1716"
              }
            ],
            "rule": [
              {
                "api_groups": [
                  ""
                ],
                "non_resource_urls": [],
                "resource_names": [],
                "resources": [
                  "configmaps",
                  "nodes",
                  "pods",
                  "services",
                  "resourcequotas",
                  "replicationcontrollers",
                  "limitranges",
                  "persistentvolumeclaims",
                  "persistentvolumes",
                  "namespaces",
                  "endpoints",
                  "componentstatuses",
                  "events"
                ],
                "verbs": [
                  "list",
                  "watch"
                ]
              },
              {
                "api_groups": [
                  ""
                ],
                "non_resource_urls": [],
                "resource_names": [
                  "site24x7"
                ],
                "resources": [
                  "configmaps"
                ],
                "verbs": [
                  "list",
                  "watch",
                  "get",
                  "patch"
                ]
              },
              {
                "api_groups": [
                  "extensions"
                ],
                "non_resource_urls": [],
                "resource_names": [],
                "resources": [
                  "daemonsets",
                  "deployments",
                  "replicasets",
                  "ingresses"
                ],
                "verbs": [
                  "list",
                  "watch"
                ]
              },
              {
                "api_groups": [
                  "apps"
                ],
                "non_resource_urls": [],
                "resource_names": [],
                "resources": [
                  "daemonsets",
                  "deployments",
                  "replicasets",
                  "statefulsets"
                ],
                "verbs": [
                  "list",
                  "watch"
                ]
              },
              {
                "api_groups": [
                  "events.k8s.io"
                ],
                "non_resource_urls": [],
                "resource_names": [],
                "resources": [
                  "events"
                ],
                "verbs": [
                  "list",
                  "watch"
                ]
              },
              {
                "api_groups": [
                  "batch"
                ],
                "non_resource_urls": [],
                "resource_names": [],
                "resources": [
                  "cronjobs",
                  "jobs"
                ],
                "verbs": [
                  "list",
                  "watch"
                ]
              },
              {
                "api_groups": [
                  "autoscaling"
                ],
                "non_resource_urls": [],
                "resource_names": [],
                "resources": [
                  "horizontalpodautoscalers"
                ],
                "verbs": [
                  "list",
                  "watch"
                ]
              },
              {
                "api_groups": [
                  "policy"
                ],
                "non_resource_urls": [],
                "resource_names": [],
                "resources": [
                  "poddisruptionbudgets"
                ],
                "verbs": [
                  "list",
                  "watch"
                ]
              },
              {
                "api_groups": [
                  "certificates.k8s.io"
                ],
                "non_resource_urls": [],
                "resource_names": [],
                "resources": [
                  "certificatesigningrequests"
                ],
                "verbs": [
                  "list",
                  "watch"
                ]
              },
              {
                "api_groups": [
                  ""
                ],
                "non_resource_urls": [],
                "resource_names": [],
                "resources": [
                  "nodes/metrics",
                  "nodes/stats",
                  "nodes/metrics/cadvisor",
                  "nodes/proxy"
                ],
                "verbs": [
                  "get"
                ]
              },
              {
                "api_groups": [
                  "networking.k8s.io"
                ],
                "non_resource_urls": [],
                "resource_names": [],
                "resources": [
                  "ingresses"
                ],
                "verbs": [
                  "get",
                  "list",
                  "watch"
                ]
              },
              {
                "api_groups": [],
                "non_resource_urls": [
                  "/metrics",
                  "/healthz",
                  "/livez"
                ],
                "resource_names": [],
                "resources": [],
                "verbs": [
                  "get"
                ]
              }
            ]
          },
          "sensitive_attributes": [],
          "identity_schema_version": 1,
          "identity": {
            "api_version": "rbac.authorization.k8s.io/v1",
            "kind": "ClusterRole",
            "name": "site24x7"
          },
          "private": "bnVsbA==",
          "dependencies": [
            "aws_eks_cluster.eks",
            "aws_iam_role.eks_cluster",
            "aws_iam_role_policy_attachment.eks_cluster_policy",
            "aws_iam_role_policy_attachment.eks_vpc_resource_controller",
            "aws_internet_gateway.eks",
            "aws_route_table.eks",
            "aws_route_table_association.eks",
            "aws_subnet.eks",
            "aws_vpc.eks",
            "azurerm_kubernetes_cluster.aks",
            "azurerm_resource_group.aks",
            "data.aws_availability_zones.available"
          ]
        }
      ]
    },
    {
      "mode": "managed",
      "type": "kubernetes_cluster_role",
      "name": "site24x7_agent",
      "provider": "provider[\"registry.terraform.io/hashicorp/kubernetes\"]",
      "instances": [
        {
          "schema_version": 0,
          "attributes": {
            "aggregation_rule": [],
            "id": "site24x7-labs-agent",
            "metadata": [
              {
                "annotations": {},
                "generate_name": "",
                "generation": 0,
                "labels": {
                  "app.kubernetes.io/component": "agent",
                  "app.kubernetes.io/part-of": "site24x7-labs"
                },
                "name": "site24x7-labs-agent",
                "resource_version": "896",
                "uid": "00182936-f952-4665-93de-bb30a9827dba"
              }
            ],
            "rule": [
              {
                "api_groups": [
                  ""
                ],
                "non_resource_urls": [],
                "resource_names": [],
                "resources": [
                  "pods"
                ],
                "verbs": [
                  "get",
                  "list",
                  "watch",
                  "delete",
                  "deletecollection"
                ]
              },
              {
                "api_groups": [
                  ""
                ],
                "non_resource_urls": [],
                "resource_names": [],
                "resources": [
                  "pods/exec"
                ],
                "verbs": [
                  "create"
                ]
              },
              {
                "api_groups": [
                  ""
                ],
                "non_resource_urls": [],
                "resource_names": [],
                "resources": [
                  "pods/log"
                ],
                "verbs": [
                  "get"
                ]
              },
              {
                "api_groups": [
                  ""
                ],
                "non_resource_urls": [],
                "resource_names": [],
                "resources": [
                  "services",
                  "endpoints",
                  "nodes"
                ],
                "verbs": [
                  "get",
                  "list",
                  "watch"
                ]
              },
              {
                "api_groups": [
                  ""
                ],
                "non_resource_urls": [],
                "resource_names": [],
                "resources": [
                  "configmaps"
                ],
                "verbs": [
                  "get",
                  "list"
                ]
              },
              {
                "api_groups": [
                  "apps"
                ],
                "non_resource_urls": [],
                "resource_names": [],
                "resources": [
                  "deployments",
                  "statefulsets",
                  "daemonsets",
                  "replicasets"
                ],
                "verbs": [
                  "get",
                  "list",
                  "watch",
                  "update",
                  "patch"
                ]
              },
              {
                "api_groups": [
                  "networking.k8s.io"
                ],
                "non_resource_urls": [],
                "resource_names": [],
                "resources": [
                  "networkpolicies"
                ],
                "verbs": [
                  "get",
                  "list",
                  "create",
                  "update",
                  "delete"
                ]
              },
              {
                "api_groups": [
                  ""
                ],
                "non_resource_urls": [],
                "resource_names": [],
                "resources": [
                  "events"
                ],
                "verbs": [
                  "get",
                  "list",
                  "watch",
                  "create"
                ]
              }
            ]
          },
          "sensitive_attributes": [],
          "identity_schema_version": 1,
          "identity": {
            "api_version": "rbac.authorization.k8s.io/v1",
            "kind": "ClusterRole",
            "name": "site24x7-labs-agent"
          },
          "private": "bnVsbA==",
          "dependencies": [
            "aws_eks_cluster.eks",
            "aws_iam_role.eks_cluster",
            "aws_iam_role_policy_attachment.eks_cluster_policy",
            "aws_iam_role_policy_attachment.eks_vpc_resource_controller",
            "aws_internet_gateway.eks",
            "aws_route_table.eks",
            "aws_route_table_association.eks",
            "aws_subnet.eks",
            "aws_vpc.eks",
            "azurerm_kubernetes_cluster.aks",
            "azurerm_resource_group.aks",
            "data.aws_availability_zones.available"
          ]
        }
      ]
    },
    {
      "mode": "managed",
      "type": "kubernetes_cluster_role",
      "name": "site24x7_ksm",
      "provider": "provider[\"registry.terraform.io/hashicorp/kubernetes\"]",
      "instances": [
        {
          "index_key": 0,
          "schema_version": 0,
          "attributes": {
            "aggregation_rule": [],
            "id": "site24x7-kube-state-metrics",
            "metadata": [
              {
                "annotations": {},
                "generate_name": "",
                "generation": 0,
                "labels": {
                  "app.kubernetes.io/component": "exporter",
                  "app.kubernetes.io/name": "site24x7-kube-state-metrics",
                  "app.kubernetes.io/version": "2.9.2"
                },
                "name": "site24x7-kube-state-metrics",
                "resource_version": "902",
                "uid": "6f2a425d-0ef0-4670-88ff-7ccb08d06c4a"
              }
            ],
            "rule": [
              {
                "api_groups": [
                  ""
                ],
                "non_resource_urls": [],
                "resource_names": [],
                "resources": [
                  "configmaps",
                  "secrets",
                  "nodes",
                  "pods",
                  "services",
                  "serviceaccounts",
                  "resourcequotas",
                  "replicationcontrollers",
                  "limitranges",
                  "persistentvolumeclaims",
                  "persistentvolumes",
                  "namespaces",
                  "endpoints"
                ],
                "verbs": [
                  "list",
                  "watch"
                ]
              },
              {
                "api_groups": [
                  "apps"
                ],
                "non_resource_urls": [],
                "resource_names": [],
                "resources": [
                  "statefulsets",
                  "daemonsets",
                  "deployments",
                  "replicasets"
                ],
                "verbs": [
                  "list",
                  "watch"
                ]
              },
              {
                "api_groups": [
                  "batch"
                ],
                "non_resource_urls": [],
                "resource_names": [],
                "resources": [
                  "cronjobs",
                  "jobs"
                ],
                "verbs": [
                  "list",
                  "watch"
                ]
              },
              {
                "api_groups": [
                  "autoscaling"
                ],
                "non_resource_urls": [],
                "resource_names": [],
                "resources": [
                  "horizontalpodautoscalers"
                ],
                "verbs": [
                  "list",
                  "watch"
                ]
              },
              {
                "api_groups": [
                  "authentication.k8s.io"
                ],
                "non_resource_urls": [],
                "resource_names": [],
                "resources": [
                  "tokenreviews"
                ],
                "verbs": [
                  "create"
                ]
              },
              {
                "api_groups": [
                  "authorization.k8s.io"
                ],
                "non_resource_urls": [],
                "resource_names": [],
                "resources": [
                  "subjectaccessreviews"
                ],
                "verbs": [
                  "create"
                ]
              },
              {
                "api_groups": [
                  "policy"
                ],
                "non_resource_urls": [],
                "resource_names": [],
                "resources": [
                  "poddisruptionbudgets"
                ],
                "verbs": [
                  "list",
                  "watch"
                ]
              },
              {
                "api_groups": [
                  "certificates.k8s.io"
                ],
                "non_resource_urls": [],
                "resource_names": [],
                "resources": [
                  "certificatesigningrequests"
                ],
                "verbs": [
                  "list",
                  "watch"
                ]
              },
              {
                "api_groups": [
                  "discovery.k8s.io"
                ],
                "non_resource_urls": [],
                "resource_names": [],
                "resources": [
                  "endpointslices"
                ],
                "verbs": [
                  "list",
                  "watch"
                ]
              },
              {
                "api_groups": [
                  "storage.k8s.io"
                ],
                "non_resource_urls": [],
                "resource_names": [],
                "resources": [
                  "storageclasses",
                  "volumeattachments"
                ],
                "verbs": [
                  "list",
                  "watch"
                ]
              },
              {
                "api_groups": [
                  "admissionregistration.k8s.io"
                ],
                "non_resource_urls": [],
                "resource_names": [],
                "resources": [
                  "mutatingwebhookconfigurations",
                  "validatingwebhookconfigurations"
                ],
                "verbs": [
                  "list",
                  "watch"
                ]
              },
              {
                "api_groups": [
                  "networking.k8s.io"
                ],
                "non_resource_urls": [],
                "resource_names": [],
                "resources": [
                  "networkpolicies",
                  "ingressclasses",
                  "ingresses"
                ],
                "verbs": [
                  "list",
                  "watch"
                ]
              },
              {
                "api_groups": [
                  "coordination.k8s.io"
                ],
                "non_resource_urls": [],
                "resource_names": [],
                "resources": [
                  "leases"
                ],
                "verbs": [
                  "list",
                  "watch"
                ]
              },
              {
                "api_groups": [
                  "rbac.authorization.k8s.io"
                ],
                "non_resource_urls": [],
                "resource_names": [],
                "resources": [
                  "clusterrolebindings",
                  "clusterroles",
                  "rolebindings",
                  "roles"
                ],
                "verbs": [
                  "list",
                  "watch"
                ]
              }
            ]
          },
          "sensitive_attributes": [],
          "identity_schema_version": 1,
          "identity": {
            "api_version": "rbac.authorization.k8s.io/v1",
            "kind": "ClusterRole",
            "name": "site24x7-kube-state-metrics"
          },
          "private": "bnVsbA==",
          "dependencies": [
            "aws_eks_cluster.eks",
            "aws_iam_role.eks_cluster",
            "aws_iam_role_policy_attachment.eks_cluster_policy",
            "aws_iam_role_policy_attachment.eks_vpc_resource_controller",
            "aws_internet_gateway.eks",
            "aws_route_table.eks",
            "aws_route_table_association.eks",
            "aws_subnet.eks",
            "aws_vpc.eks",
            "azurerm_kubernetes_cluster.aks",
            "azurerm_resource_group.aks",
            "data.aws_availability_zones.available"
          ]
        }
      ]
    },
    {
      "mode": "managed",
      "type": "kubernetes_cluster_role_binding",
      "name": "apm_agent_rolebinding",
      "provider": "provider[\"registry.terraform.io/hashicorp/kubernetes\"]",
      "instances": [
        {
          "index_key": 0,
          "schema_version": 0,
          "attributes": {
            "id": "apm-agent-rolebinding",
            "metadata": [
              {
                "annotations": {},
                "generate_name": "",
                "generation": 0,
                "labels": {},
                "name": "apm-agent-rolebinding",
                "resource_version": "1630",
                "uid": "f5e47059-aaaa-4a90-9c03-71b5e541cb6e"
              }
            ],
            "role_ref": [
              {
                "api_group": "rbac.authorization.k8s.io",
                "kind": "ClusterRole",
                "name": "apm-agent-role"
              }
            ],
            "subject": [
              {
                "api_group": "",
                "kind": "ServiceAccount",
                "name": "apm-agent-sa",
                "namespace": "monitoring"
              }
            ]
          },
          "sensitive_attributes": [],
          "identity_schema_version": 1,
          "identity": {
            "api_version": "rbac.authorization.k8s.io/v1",
            "kind": "ClusterRoleBinding",
            "name": "apm-agent-rolebinding"
          },
          "private": "bnVsbA==",
          "dependencies": [
            "aws_eks_cluster.eks",
            "aws_eks_node_group.default",
            "aws_iam_role.eks_cluster",
            "aws_iam_role.eks_nodes",
            "aws_iam_role_policy_attachment.eks_cluster_policy",
            "aws_iam_role_policy_attachment.eks_cni_policy",
            "aws_iam_role_policy_attachment.eks_ecr_read",
            "aws_iam_role_policy_attachment.eks_vpc_resource_controller",
            "aws_iam_role_policy_attachment.eks_worker_node_policy",
            "aws_internet_gateway.eks",
            "aws_route_table.eks",
            "aws_route_table_association.eks",
            "aws_subnet.eks",
            "aws_vpc.eks",
            "azurerm_kubernetes_cluster.aks",
            "azurerm_resource_group.aks",
            "data.aws_availability_zones.available",
            "kubernetes_cluster_role.apm_agent_role",
            "kubernetes_namespace.monitoring",
            "kubernetes_service_account.apm_agent_sa"
          ]
        }
      ]
    },
    {
      "mode": "managed",
      "type": "kubernetes_cluster_role_binding",
      "name": "site24x7",
      "provider": "provider[\"registry.terraform.io/hashicorp/kubernetes\"]",
      "instances": [
        {
          "index_key": 0,
          "schema_version": 0,
          "attributes": {
            "id": "site24x7",
            "metadata": [
              {
                "annotations": {},
                "generate_name": "",
                "generation": 0,
                "labels": {},
                "name": "site24x7",
                "resource_version": "911",
                "uid": "bc99bab6-7fd4-4935-b395-73f9c54dd904"
              }
            ],
            "role_ref": [
              {
                "api_group": "rbac.authorization.k8s.io",
                "kind": "ClusterRole",
                "name": "site24x7"
              }
            ],
            "subject": [
              {
                "api_group": "",
                "kind": "ServiceAccount",
                "name": "site24x7",
                "namespace": "default"
              }
            ]
          },
          "sensitive_attributes": [],
          "identity_schema_version": 1,
          "identity": {
            "api_version": "rbac.authorization.k8s.io/v1",
            "kind": "ClusterRoleBinding",
            "name": "site24x7"
          },
          "private": "bnVsbA==",
          "dependencies": [
            "aws_eks_cluster.eks",
            "aws_iam_role.eks_cluster",
            "aws_iam_role_policy_attachment.eks_cluster_policy",
            "aws_iam_role_policy_attachment.eks_vpc_resource_controller",
            "aws_internet_gateway.eks",
            "aws_route_table.eks",
            "aws_route_table_association.eks",
            "aws_subnet.eks",
            "aws_vpc.eks",
            "azurerm_kubernetes_cluster.aks",
            "azurerm_resource_group.aks",
            "data.aws_availability_zones.available",
            "kubernetes_cluster_role.site24x7",
            "kubernetes_service_account.site24x7"
          ]
        }
      ]
    },
    {
      "mode": "managed",
      "type": "kubernetes_cluster_role_binding",
      "name": "site24x7_agent",
      "provider": "provider[\"registry.terraform.io/hashicorp/kubernetes\"]",
      "instances": [
        {
          "schema_version": 0,
          "attributes": {
            "id": "site24x7-labs-agent",
            "metadata": [
              {
                "annotations": {},
                "generate_name": "",
                "generation": 0,
                "labels": {
                  "app.kubernetes.io/component": "agent",
                  "app.kubernetes.io/part-of": "site24x7-labs"
                },
                "name": "site24x7-labs-agent",
                "resource_version": "2435",
                "uid": "269e90ce-71ae-4a9d-8ac4-4c193f9de054"
              }
            ],
            "role_ref": [
              {
                "api_group": "rbac.authorization.k8s.io",
                "kind": "ClusterRole",
                "name": "site24x7-labs-agent"
              }
            ],
            "subject": [
              {
                "api_group": "",
                "kind": "ServiceAccount",
                "name": "site24x7-labs-agent",
                "namespace": "site24x7-labs"
              }
            ]
          },
          "sensitive_attributes": [],
          "identity_schema_version": 1,
          "identity": {
            "api_version": "rbac.authorization.k8s.io/v1",
            "kind": "ClusterRoleBinding",
            "name": "site24x7-labs-agent"
          },
          "private": "bnVsbA==",
          "dependencies": [
            "aws_eks_cluster.eks",
            "aws_eks_node_group.default",
            "aws_iam_role.eks_cluster",
            "aws_iam_role.eks_nodes",
            "aws_iam_role_policy_attachment.eks_cluster_policy",
            "aws_iam_role_policy_attachment.eks_cni_policy",
            "aws_iam_role_policy_attachment.eks_ecr_read",
            "aws_iam_role_policy_attachment.eks_vpc_resource_controller",
            "aws_iam_role_policy_attachment.eks_worker_node_policy",
            "aws_internet_gateway.eks",
            "aws_route_table.eks",
            "aws_route_table_association.eks",
            "aws_subnet.eks",
            "aws_vpc.eks",
            "azurerm_kubernetes_cluster.aks",
            "azurerm_resource_group.aks",
            "data.aws_availability_zones.available",
            "helm_release.ingress_nginx",
            "kubernetes_cluster_role.apm_agent_role",
            "kubernetes_cluster_role.site24x7",
            "kubernetes_cluster_role.site24x7_agent",
            "kubernetes_cluster_role.site24x7_ksm",
            "kubernetes_cluster_role_binding.apm_agent_rolebinding",
            "kubernetes_cluster_role_binding.site24x7",
            "kubernetes_cluster_role_binding.site24x7_ksm",
            "kubernetes_config_map.apm_apps_config",
            "kubernetes_config_map.site24x7",
            "kubernetes_config_map.zylkerkart_config",
            "kubernetes_daemonset.go_apm_exporter",
            "kubernetes_daemonset.site24x7_agent",
            "kubernetes_deployment.auth_service",
            "kubernetes_deployment.mysql",
            "kubernetes_deployment.order_service",
            "kubernetes_deployment.payment_service",
            "kubernetes_deployment.product_service",
            "kubernetes_deployment.redis",
            "kubernetes_deployment.search_service",
            "kubernetes_deployment.site24x7_ksm",
            "kubernetes_deployment.storefront",
            "kubernetes_ingress_v1.zylkerkart",
            "kubernetes_namespace.monitoring",
            "kubernetes_namespace.site24x7_labs",
            "kubernetes_namespace.zylkerkart",
            "kubernetes_persistent_volume_claim.mysql_pvc",
            "kubernetes_secret.site24x7_agent",
            "kubernetes_service.mysql",
            "kubernetes_service.redis",
            "kubernetes_service_account.apm_agent_sa",
            "kubernetes_service_account.site24x7",
            "kubernetes_service_account.site24x7_agent",
            "kubernetes_service_account.site24x7_ksm",
            "terraform_data.k8s_ready",
            "terraform_data.site24x7_env_setup"
          ]
        }
      ]
    },
    {
      "mode": "managed",
      "type": "kubernetes_cluster_role_binding",
      "name": "site24x7_ksm",
      "provider": "provider[\"registry.terraform.io/hashicorp/kubernetes\"]",
      "instances": [
        {
          "index_key": 0,
          "schema_version": 0,
          "attributes": {
            "id": "site24x7-kube-state-metrics",
            "metadata": [
              {
                "annotations": {},
                "generate_name": "",
                "generation": 0,
                "labels": {
                  "app.kubernetes.io/component": "exporter",
                  "app.kubernetes.io/name": "site24x7-kube-state-metrics",
                  "app.kubernetes.io/version": "2.9.2"
                },
                "name": "site24x7-kube-state-metrics",
                "resource_version": "910",
                "uid": "a7a1372e-b996-4cc0-a1db-11b73312a8c0"
              }
            ],
            "role_ref": [
              {
                "api_group": "rbac.authorization.k8s.io",
                "kind": "ClusterRole",
                "name": "site24x7-kube-state-metrics"
              }
            ],
            "subject": [
              {
                "api_group": "",
                "kind": "ServiceAccount",
                "name": "site24x7-kube-state-metrics",
                "namespace": "default"
              }
            ]
          },
          "sensitive_attributes": [],
          "identity_schema_version": 1,
          "identity": {
            "api_version": "rbac.authorization.k8s.io/v1",
            "kind": "ClusterRoleBinding",
            "name": "site24x7-kube-state-metrics"
          },
          "private": "bnVsbA==",
          "dependencies": [
            "aws_eks_cluster.eks",
            "aws_iam_role.eks_cluster",
            "aws_iam_role_policy_attachment.eks_cluster_policy",
            "aws_iam_role_policy_attachment.eks_vpc_resource_controller",
            "aws_internet_gateway.eks",
            "aws_route_table.eks",
            "aws_route_table_association.eks",
            "aws_subnet.eks",
            "aws_vpc.eks",
            "azurerm_kubernetes_cluster.aks",
            "azurerm_resource_group.aks",
            "data.aws_availability_zones.available",
            "kubernetes_cluster_role.site24x7_ksm",
            "kubernetes_service_account.site24x7_ksm"
          ]
        }
      ]
    },
    {
      "mode": "managed",
      "type": "kubernetes_config_map",
      "name": "apm_apps_config",
      "provider": "provider[\"registry.terraform.io/hashicorp/kubernetes\"]",
      "instances": [
        {
          "index_key": 0,
          "schema_version": 0,
          "attributes": {
            "binary_data": {},
            "data": {
              "go_apps": "ZylkerKart-SearchService=search-service:8083"
            },
            "id": "monitoring/apm-apps-config",
            "immutable": false,
            "metadata": [
              {
                "annotations": {},
                "generate_name": "",
                "generation": 0,
                "labels": {},
                "name": "apm-apps-config",
                "namespace": "monitoring",
                "resource_version": "1605",
                "uid": "080b6c11-a454-4534-97f5-dc6c54b151be"
              }
            ]
          },
          "sensitive_attributes": [],
          "identity_schema_version": 1,
          "identity": {
            "api_version": "v1",
            "kind": "ConfigMap",
            "name": "apm-apps-config",
            "namespace": "monitoring"
          },
          "private": "bnVsbA==",
          "dependencies": [
            "aws_eks_cluster.eks",
            "aws_eks_node_group.default",
            "aws_iam_role.eks_cluster",
            "aws_iam_role.eks_nodes",
            "aws_iam_role_policy_attachment.eks_cluster_policy",
            "aws_iam_role_policy_attachment.eks_cni_policy",
            "aws_iam_role_policy_attachment.eks_ecr_read",
            "aws_iam_role_policy_attachment.eks_vpc_resource_controller",
            "aws_iam_role_policy_attachment.eks_worker_node_policy",
            "aws_internet_gateway.eks",
            "aws_route_table.eks",
            "aws_route_table_association.eks",
            "aws_subnet.eks",
            "aws_vpc.eks",
            "azurerm_kubernetes_cluster.aks",
            "azurerm_resource_group.aks",
            "data.aws_availability_zones.available",
            "kubernetes_namespace.monitoring"
          ]
        }
      ]
    },
    {
      "mode": "managed",
      "type": "kubernetes_config_map",
      "name": "site24x7",
      "provider": "provider[\"registry.terraform.io/hashicorp/kubernetes\"]",
      "instances": [
        {
          "index_key": 0,
          "schema_version": 0,
          "attributes": {
            "binary_data": {},
            "data": {
              "1MIN": "{\"DaemonSets\":\"90\",\"Deployments\":\"60\",\"Endpoints\":\"-1\",\"HorizontalPodAutoscalers\":\"-1\",\"Ingresses\":\"-1\",\"Jobs\":\"-1\",\"Namespaces\":\"90\",\"Nodes\":\"90\",\"PV\":\"-1\",\"PersistentVolumeClaims\":\"-1\",\"Pods\":\"90\",\"ReplicaSets\":\"-1\",\"Services\":\"-1\",\"StatefulSets\":\"90\"}",
              "CLUSTER_AGENT_VERSION": "100",
              "NODE_AGENT_VERSION": "22000",
              "SETTINGS": "{\"clusteragent\":\"1\",\"clustermetricsaggregator\":\"300\",\"componentstatuses\":\"300\",\"daemonsets\":\"300\",\"database_integration\":\"1\",\"dcinit\":\"900\",\"deployments\":\"300\",\"endpoints\":\"3600\",\"eventcollector\":\"60\",\"guidancemetrics\":\"20600\",\"horizontalpodautoscalers\":\"300\",\"ingresses\":\"300\",\"jobs\":\"300\",\"ksm\":\"1\",\"ksmprocessor\":\"1\",\"kubelet\":\"300\",\"kubeletdatapersistence\":\"1\",\"kubernetes\":\"300\",\"metadata\":\"20600\",\"namespaces\":\"300\",\"nodes\":\"300\",\"npcdatacollector\":\"300\",\"npcdatacollector_discovery\":\"900\",\"persistentvolumeclaim\":\"300\",\"plugin_integration\":\"1\",\"pods\":\"300\",\"prometheus_integration\":\"1\",\"pv\":\"300\",\"replicasets\":\"900\",\"resourcedependency\":\"300\",\"servicerelationdataprocessor\":\"1\",\"services\":\"300\",\"sidecarnpccollector\":\"300\",\"sidecarnpccollector_discovery\":\"900\",\"statefulsets\":\"300\",\"termination\":\"900\",\"workloadsdatacollector\":\"300\",\"workloadsdatacollector_discovery\":\"900\",\"yamlfetcher\":\"60\"}"
            },
            "id": "default/site24x7",
            "immutable": false,
            "metadata": [
              {
                "annotations": {},
                "generate_name": "",
                "generation": 0,
                "labels": {
                  "app.kubernetes.io/component": "agent",
                  "app.kubernetes.io/name": "site24x7",
                  "app.kubernetes.io/owner": "site24x7"
                },
                "name": "site24x7",
                "namespace": "default",
                "resource_version": "249060",
                "uid": "d9352a78-6294-4951-99f6-9ff3e1b17c8d"
              }
            ]
          },
          "sensitive_attributes": [],
          "identity_schema_version": 1,
          "identity": {
            "api_version": "v1",
            "kind": "ConfigMap",
            "name": "site24x7",
            "namespace": "default"
          },
          "private": "bnVsbA==",
          "dependencies": [
            "aws_eks_cluster.eks",
            "aws_iam_role.eks_cluster",
            "aws_iam_role_policy_attachment.eks_cluster_policy",
            "aws_iam_role_policy_attachment.eks_vpc_resource_controller",
            "aws_internet_gateway.eks",
            "aws_route_table.eks",
            "aws_route_table_association.eks",
            "aws_subnet.eks",
            "aws_vpc.eks",
            "azurerm_kubernetes_cluster.aks",
            "azurerm_resource_group.aks",
            "data.aws_availability_zones.available"
          ]
        }
      ]
    },
    {
      "mode": "managed",
      "type": "kubernetes_config_map",
      "name": "zylkerkart_config",
      "provider": "provider[\"registry.terraform.io/hashicorp/kubernetes\"]",
      "instances": [
        {
          "schema_version": 0,
          "attributes": {
            "binary_data": {},
            "data": {
              "AUTH_SERVICE_URL": "http://auth-service:8085",
              "DB_HOST": "mysql",
              "DB_PORT": "3306",
              "DB_USER": "root",
              "JWT_EXPIRY_MINUTES": "15",
              "JWT_REFRESH_EXPIRY_DAYS": "7",
              "JWT_SECRET": "ZylkerKart-Super-Secret-JWT-Key-2024-Must-Be-At-Least-32-Chars",
              "MYSQL_ROOT_PASSWORD": "ZylkerKart@2024",
              "ORDER_SERVICE_URL": "http://order-service:8082",
              "PAYMENT_SERVICE_URL": "http://payment-service:8084",
              "PRODUCT_SERVICE_URL": "http://product-service:8081",
              "REDIS_HOST": "redis",
              "REDIS_PORT": "6379",
              "S247_LICENSE_KEY": "us_81e5d47d355eb1705575884aa2c59da7",
              "SEARCH_SERVICE_URL": "http://search-service:8083",
              "STOREFRONT_URL": "http://storefront:80"
            },
            "id": "zylkerkart/zylkerkart-config",
            "immutable": false,
            "metadata": [
              {
                "annotations": {},
                "generate_name": "",
                "generation": 0,
                "labels": {},
                "name": "zylkerkart-config",
                "namespace": "zylkerkart",
                "resource_version": "1545",
                "uid": "55cb3c72-ff19-4553-aced-4722fe2b57ea"
              }
            ]
          },
          "sensitive_attributes": [
            [
              {
                "type": "get_attr",
                "value": "data"
              },
              {
                "type": "index",
                "value": {
                  "value": "JWT_SECRET",
                  "type": "string"
                }
              }
            ],
            [
              {
                "type": "get_attr",
                "value": "data"
              },
              {
                "type": "index",
                "value": {
                  "value": "MYSQL_ROOT_PASSWORD",
                  "type": "string"
                }
              }
            ],
            [
              {
                "type": "get_attr",
                "value": "data"
              },
              {
                "type": "index",
                "value": {
                  "value": "S247_LICENSE_KEY",
                  "type": "string"
                }
              }
            ]
          ],
          "identity_schema_version": 1,
          "identity": {
            "api_version": "v1",
            "kind": "ConfigMap",
            "name": "zylkerkart-config",
            "namespace": "zylkerkart"
          },
          "private": "bnVsbA==",
          "dependencies": [
            "aws_eks_cluster.eks",
            "aws_eks_node_group.default",
            "aws_iam_role.eks_cluster",
            "aws_iam_role.eks_nodes",
            "aws_iam_role_policy_attachment.eks_cluster_policy",
            "aws_iam_role_policy_attachment.eks_cni_policy",
            "aws_iam_role_policy_attachment.eks_ecr_read",
            "aws_iam_role_policy_attachment.eks_vpc_resource_controller",
            "aws_iam_role_policy_attachment.eks_worker_node_policy",
            "aws_internet_gateway.eks",
            "aws_route_table.eks",
            "aws_route_table_association.eks",
            "aws_subnet.eks",
            "aws_vpc.eks",
            "azurerm_kubernetes_cluster.aks",
            "azurerm_resource_group.aks",
            "data.aws_availability_zones.available",
            "kubernetes_namespace.zylkerkart"
          ]
        }
      ]
    },
    {
      "mode": "managed",
      "type": "kubernetes_config_map",
      "name": "zylkerkart_config_monitoring",
      "provider": "provider[\"registry.terraform.io/hashicorp/kubernetes\"]",
      "instances": [
        {
          "index_key": 0,
          "schema_version": 0,
          "attributes": {
            "binary_data": {},
            "data": {
              "S247_LICENSE_KEY": "us_81e5d47d355eb1705575884aa2c59da7"
            },
            "id": "monitoring/zylkerkart-config",
            "immutable": false,
            "metadata": [
              {
                "annotations": {},
                "generate_name": "",
                "generation": 0,
                "labels": {},
                "name": "zylkerkart-config",
                "namespace": "monitoring",
                "resource_version": "1604",
                "uid": "70d93b68-a5c8-4e7b-8b30-2a219047f1cf"
              }
            ]
          },
          "sensitive_attributes": [
            [
              {
                "type": "get_attr",
                "value": "data"
              },
              {
                "type": "index",
                "value": {
                  "value": "S247_LICENSE_KEY",
                  "type": "string"
                }
              }
            ]
          ],
          "identity_schema_version": 1,
          "identity": {
            "api_version": "v1",
            "kind": "ConfigMap",
            "name": "zylkerkart-config",
            "namespace": "monitoring"
          },
          "private": "bnVsbA==",
          "dependencies": [
            "aws_eks_cluster.eks",
            "aws_eks_node_group.default",
            "aws_iam_role.eks_cluster",
            "aws_iam_role.eks_nodes",
            "aws_iam_role_policy_attachment.eks_cluster_policy",
            "aws_iam_role_policy_attachment.eks_cni_policy",
            "aws_iam_role_policy_attachment.eks_ecr_read",
            "aws_iam_role_policy_attachment.eks_vpc_resource_controller",
            "aws_iam_role_policy_attachment.eks_worker_node_policy",
            "aws_internet_gateway.eks",
            "aws_route_table.eks",
            "aws_route_table_association.eks",
            "aws_subnet.eks",
            "aws_vpc.eks",
            "azurerm_kubernetes_cluster.aks",
            "azurerm_resource_group.aks",
            "data.aws_availability_zones.available",
            "kubernetes_namespace.monitoring"
          ]
        }
      ]
    },
    {
      "mode": "managed",
      "type": "kubernetes_daemon_set_v1",
      "name": "site24x7_agent",
      "provider": "provider[\"registry.terraform.io/hashicorp/kubernetes\"]",
      "instances": [
        {
          "schema_version": 1,
          "attributes": {
            "id": "site24x7-labs/site24x7-labs-agent",
            "metadata": [
              {
                "annotations": {},
                "generate_name": "",
                "generation": 3,
                "labels": {
                  "app.kubernetes.io/component": "agent",
                  "app.kubernetes.io/part-of": "site24x7-labs"
                },
                "name": "site24x7-labs-agent",
                "namespace": "site24x7-labs",
                "resource_version": "252663",
                "uid": "a3af9698-3095-4205-b565-9566c5a1dfb5"
              }
            ],
            "spec": [
              {
                "min_ready_seconds": 0,
                "revision_history_limit": 10,
                "selector": [
                  {
                    "match_expressions": [],
                    "match_labels": {
                      "app.kubernetes.io/component": "agent",
                      "app.kubernetes.io/part-of": "site24x7-labs"
                    }
                  }
                ],
                "strategy": [
                  {
                    "rolling_update": [
                      {
                        "max_surge": "0",
                        "max_unavailable": "1"
                      }
                    ],
                    "type": "RollingUpdate"
                  }
                ],
                "template": [
                  {
                    "metadata": [
                      {
                        "annotations": {},
                        "generate_name": "",
                        "generation": 0,
                        "labels": {
                          "app.kubernetes.io/component": "agent",
                          "app.kubernetes.io/part-of": "site24x7-labs"
                        },
                        "name": "",
                        "namespace": "",
                        "resource_version": "",
                        "uid": ""
                      }
                    ],
                    "spec": [
                      {
                        "active_deadline_seconds": 0,
                        "affinity": [],
                        "automount_service_account_token": true,
                        "container": [
                          {
                            "args": [],
                            "command": [],
                            "env": [
                              {
                                "name": "SERVER_ADDRESS",
                                "value": "204.168.155.117:9090",
                                "value_from": []
                              },
                              {
                                "name": "AGENT_TOKEN",
                                "value": "",
                                "value_from": [
                                  {
                                    "config_map_key_ref": [],
                                    "field_ref": [],
                                    "resource_field_ref": [],
                                    "secret_key_ref": [
                                      {
                                        "key": "AGENT_TOKEN",
                                        "name": "site24x7-labs-agent-secret",
                                        "optional": false
                                      }
                                    ]
                                  }
                                ]
                              },
                              {
                                "name": "AGENT_ENVIRONMENT",
                                "value": "d8aee6e2-7817-4c8c-8358-0a8a4859a876",
                                "value_from": []
                              },
                              {
                                "name": "AGENT_NAME",
                                "value": "",
                                "value_from": [
                                  {
                                    "config_map_key_ref": [],
                                    "field_ref": [
                                      {
                                        "api_version": "v1",
                                        "field_path": "spec.nodeName"
                                      }
                                    ],
                                    "resource_field_ref": [],
                                    "secret_key_ref": []
                                  }
                                ]
                              },
                              {
                                "name": "NODE_NAME",
                                "value": "",
                                "value_from": [
                                  {
                                    "config_map_key_ref": [],
                                    "field_ref": [
                                      {
                                        "api_version": "v1",
                                        "field_path": "spec.nodeName"
                                      }
                                    ],
                                    "resource_field_ref": [],
                                    "secret_key_ref": []
                                  }
                                ]
                              },
                              {
                                "name": "POD_NAMESPACE",
                                "value": "",
                                "value_from": [
                                  {
                                    "config_map_key_ref": [],
                                    "field_ref": [
                                      {
                                        "api_version": "v1",
                                        "field_path": "metadata.namespace"
                                      }
                                    ],
                                    "resource_field_ref": [],
                                    "secret_key_ref": []
                                  }
                                ]
                              },
                              {
                                "name": "POD_NAME",
                                "value": "",
                                "value_from": [
                                  {
                                    "config_map_key_ref": [],
                                    "field_ref": [
                                      {
                                        "api_version": "v1",
                                        "field_path": "metadata.name"
                                      }
                                    ],
                                    "resource_field_ref": [],
                                    "secret_key_ref": []
                                  }
                                ]
                              },
                              {
                                "name": "ENABLE_KUBERNETES",
                                "value": "true",
                                "value_from": []
                              },
                              {
                                "name": "ENABLE_DOCKER",
                                "value": "false",
                                "value_from": []
                              },
                              {
                                "name": "ENABLE_HOST",
                                "value": "true",
                                "value_from": []
                              },
                              {
                                "name": "CHAOS_CONFIG_DIR",
                                "value": "/var/site24x7-labs/faults",
                                "value_from": []
                              },
                              {
                                "name": "LOG_LEVEL",
                                "value": "info",
                                "value_from": []
                              },
                              {
                                "name": "LOG_FORMAT",
                                "value": "json",
                                "value_from": []
                              }
                            ],
                            "env_from": [],
                            "image": "impazhani/site24x7-labs-agent:v2-chaospage",
                            "image_pull_policy": "Always",
                            "lifecycle": [],
                            "liveness_probe": [
                              {
                                "exec": [
                                  {
                                    "command": [
                                      "/bin/sh",
                                      "-c",
                                      "pgrep -f site24x7-labs-agent"
                                    ]
                                  }
                                ],
                                "failure_threshold": 3,
                                "grpc": [],
                                "http_get": [],
                                "initial_delay_seconds": 10,
                                "period_seconds": 30,
                                "success_threshold": 1,
                                "tcp_socket": [],
                                "timeout_seconds": 5
                              }
                            ],
                            "name": "agent",
                            "port": [],
                            "readiness_probe": [
                              {
                                "exec": [
                                  {
                                    "command": [
                                      "/bin/sh",
                                      "-c",
                                      "pgrep -f site24x7-labs-agent"
                                    ]
                                  }
                                ],
                                "failure_threshold": 3,
                                "grpc": [],
                                "http_get": [],
                                "initial_delay_seconds": 5,
                                "period_seconds": 10,
                                "success_threshold": 1,
                                "tcp_socket": [],
                                "timeout_seconds": 3
                              }
                            ],
                            "resources": [
                              {
                                "limits": {
                                  "cpu": "200m",
                                  "memory": "256Mi"
                                },
                                "requests": {
                                  "cpu": "50m",
                                  "memory": "64Mi"
                                }
                              }
                            ],
                            "security_context": [
                              {
                                "allow_privilege_escalation": true,
                                "capabilities": [],
                                "privileged": true,
                                "read_only_root_filesystem": false,
                                "run_as_group": "",
                                "run_as_non_root": false,
                                "run_as_user": "",
                                "se_linux_options": [],
                                "seccomp_profile": []
                              }
                            ],
                            "startup_probe": [],
                            "stdin": false,
                            "stdin_once": false,
                            "termination_message_path": "/dev/termination-log",
                            "termination_message_policy": "File",
                            "tty": false,
                            "volume_device": [],
                            "volume_mount": [
                              {
                                "mount_path": "/host/proc",
                                "mount_propagation": "None",
                                "name": "proc",
                                "read_only": true,
                                "sub_path": "",
                                "sub_path_expr": ""
                              },
                              {
                                "mount_path": "/host/sys",
                                "mount_propagation": "None",
                                "name": "sys",
                                "read_only": true,
                                "sub_path": "",
                                "sub_path_expr": ""
                              },
                              {
                                "mount_path": "/host/cgroup",
                                "mount_propagation": "None",
                                "name": "cgroup",
                                "read_only": true,
                                "sub_path": "",
                                "sub_path_expr": ""
                              },
                              {
                                "mount_path": "/var/site24x7-labs/faults",
                                "mount_propagation": "None",
                                "name": "chaos-config",
                                "read_only": false,
                                "sub_path": "",
                                "sub_path_expr": ""
                              }
                            ],
                            "working_dir": ""
                          }
                        ],
                        "dns_config": [],
                        "dns_policy": "ClusterFirst",
                        "enable_service_links": true,
                        "host_aliases": [],
                        "host_ipc": false,
                        "host_network": false,
                        "host_pid": true,
                        "hostname": "",
                        "image_pull_secrets": [],
                        "init_container": [
                          {
                            "args": [],
                            "command": [
                              "sh",
                              "-c",
                              "mkdir -p /var/site24x7-labs/faults \u0026\u0026 chmod 777 /var/site24x7-labs/faults"
                            ],
                            "env": [],
                            "env_from": [],
                            "image": "busybox:1.36",
                            "image_pull_policy": "IfNotPresent",
                            "lifecycle": [],
                            "liveness_probe": [],
                            "name": "fix-permissions",
                            "port": [],
                            "readiness_probe": [],
                            "resources": [
                              {
                                "limits": {},
                                "requests": {}
                              }
                            ],
                            "security_context": [
                              {
                                "allow_privilege_escalation": true,
                                "capabilities": [],
                                "privileged": false,
                                "read_only_root_filesystem": false,
                                "run_as_group": "",
                                "run_as_non_root": false,
                                "run_as_user": "0",
                                "se_linux_options": [],
                                "seccomp_profile": []
                              }
                            ],
                            "startup_probe": [],
                            "stdin": false,
                            "stdin_once": false,
                            "termination_message_path": "/dev/termination-log",
                            "termination_message_policy": "File",
                            "tty": false,
                            "volume_device": [],
                            "volume_mount": [
                              {
                                "mount_path": "/var/site24x7-labs/faults",
                                "mount_propagation": "None",
                                "name": "chaos-config",
                                "read_only": false,
                                "sub_path": "",
                                "sub_path_expr": ""
                              }
                            ],
                            "working_dir": ""
                          }
                        ],
                        "node_name": "",
                        "node_selector": {},
                        "os": [],
                        "priority_class_name": "",
                        "readiness_gate": [],
                        "restart_policy": "Always",
                        "runtime_class_name": "",
                        "scheduler_name": "default-scheduler",
                        "security_context": [],
                        "service_account_name": "site24x7-labs-agent",
                        "share_process_namespace": false,
                        "subdomain": "",
                        "termination_grace_period_seconds": 30,
                        "toleration": [
                          {
                            "effect": "",
                            "key": "",
                            "operator": "Exists",
                            "toleration_seconds": "",
                            "value": ""
                          }
                        ],
                        "topology_spread_constraint": [],
                        "volume": [
                          {
                            "aws_elastic_block_store": [],
                            "azure_disk": [],
                            "azure_file": [],
                            "ceph_fs": [],
                            "cinder": [],
                            "config_map": [],
                            "csi": [],
                            "downward_api": [],
                            "empty_dir": [],
                            "ephemeral": [],
                            "fc": [],
                            "flex_volume": [],
                            "flocker": [],
                            "gce_persistent_disk": [],
                            "git_repo": [],
                            "glusterfs": [],
                            "host_path": [
                              {
                                "path": "/proc",
                                "type": ""
                              }
                            ],
                            "iscsi": [],
                            "local": [],
                            "name": "proc",
                            "nfs": [],
                            "persistent_volume_claim": [],
                            "photon_persistent_disk": [],
                            "projected": [],
                            "quobyte": [],
                            "rbd": [],
                            "secret": [],
                            "vsphere_volume": []
                          },
                          {
                            "aws_elastic_block_store": [],
                            "azure_disk": [],
                            "azure_file": [],
                            "ceph_fs": [],
                            "cinder": [],
                            "config_map": [],
                            "csi": [],
                            "downward_api": [],
                            "empty_dir": [],
                            "ephemeral": [],
                            "fc": [],
                            "flex_volume": [],
                            "flocker": [],
                            "gce_persistent_disk": [],
                            "git_repo": [],
                            "glusterfs": [],
                            "host_path": [
                              {
                                "path": "/sys",
                                "type": ""
                              }
                            ],
                            "iscsi": [],
                            "local": [],
                            "name": "sys",
                            "nfs": [],
                            "persistent_volume_claim": [],
                            "photon_persistent_disk": [],
                            "projected": [],
                            "quobyte": [],
                            "rbd": [],
                            "secret": [],
                            "vsphere_volume": []
                          },
                          {
                            "aws_elastic_block_store": [],
                            "azure_disk": [],
                            "azure_file": [],
                            "ceph_fs": [],
                            "cinder": [],
                            "config_map": [],
                            "csi": [],
                            "downward_api": [],
                            "empty_dir": [],
                            "ephemeral": [],
                            "fc": [],
                            "flex_volume": [],
                            "flocker": [],
                            "gce_persistent_disk": [],
                            "git_repo": [],
                            "glusterfs": [],
                            "host_path": [
                              {
                                "path": "/sys/fs/cgroup",
                                "type": ""
                              }
                            ],
                            "iscsi": [],
                            "local": [],
                            "name": "cgroup",
                            "nfs": [],
                            "persistent_volume_claim": [],
                            "photon_persistent_disk": [],
                            "projected": [],
                            "quobyte": [],
                            "rbd": [],
                            "secret": [],
                            "vsphere_volume": []
                          },
                          {
                            "aws_elastic_block_store": [],
                            "azure_disk": [],
                            "azure_file": [],
                            "ceph_fs": [],
                            "cinder": [],
                            "config_map": [],
                            "csi": [],
                            "downward_api": [],
                            "empty_dir": [],
                            "ephemeral": [],
                            "fc": [],
                            "flex_volume": [],
                            "flocker": [],
                            "gce_persistent_disk": [],
                            "git_repo": [],
                            "glusterfs": [],
                            "host_path": [
                              {
                                "path": "/var/site24x7-labs/faults",
                                "type": "DirectoryOrCreate"
                              }
                            ],
                            "iscsi": [],
                            "local": [],
                            "name": "chaos-config",
                            "nfs": [],
                            "persistent_volume_claim": [],
                            "photon_persistent_disk": [],
                            "projected": [],
                            "quobyte": [],
                            "rbd": [],
                            "secret": [],
                            "vsphere_volume": []
                          }
                        ]
                      }
                    ]
                  }
                ]
              }
            ],
            "timeouts": null,
            "wait_for_rollout": true
          },
          "sensitive_attributes": [],
          "identity_schema_version": 1,
          "identity": {
            "api_version": "apps/v1",
            "kind": "DaemonSet",
            "name": "site24x7-labs-agent",
            "namespace": "site24x7-labs"
          },
          "private": "eyJlMmJmYjczMC1lY2FhLTExZTYtOGY4OC0zNDM2M2JjN2M0YzAiOnsiY3JlYXRlIjo2MDAwMDAwMDAwMDAsImRlbGV0ZSI6NjAwMDAwMDAwMDAwLCJ1cGRhdGUiOjYwMDAwMDAwMDAwMH0sInNjaGVtYV92ZXJzaW9uIjoiMSJ9",
          "dependencies": [
            "aws_eks_cluster.eks",
            "aws_eks_node_group.default",
            "aws_iam_role.eks_cluster",
            "aws_iam_role.eks_nodes",
            "aws_iam_role_policy_attachment.eks_cluster_policy",
            "aws_iam_role_policy_attachment.eks_cni_policy",
            "aws_iam_role_policy_attachment.eks_ecr_read",
            "aws_iam_role_policy_attachment.eks_vpc_resource_controller",
            "aws_iam_role_policy_attachment.eks_worker_node_policy",
            "aws_internet_gateway.eks",
            "aws_route_table.eks",
            "aws_route_table_association.eks",
            "aws_subnet.eks",
            "aws_vpc.eks",
            "azurerm_kubernetes_cluster.aks",
            "azurerm_resource_group.aks",
            "data.aws_availability_zones.available",
            "data.local_file.site24x7_env_output",
            "helm_release.ingress_nginx",
            "kubernetes_cluster_role.apm_agent_role",
            "kubernetes_cluster_role.site24x7",
            "kubernetes_cluster_role.site24x7_agent",
            "kubernetes_cluster_role.site24x7_ksm",
            "kubernetes_cluster_role_binding.apm_agent_rolebinding",
            "kubernetes_cluster_role_binding.site24x7",
            "kubernetes_cluster_role_binding.site24x7_agent",
            "kubernetes_cluster_role_binding.site24x7_ksm",
            "kubernetes_config_map.apm_apps_config",
            "kubernetes_config_map.site24x7",
            "kubernetes_config_map.zylkerkart_config",
            "kubernetes_daemonset.go_apm_exporter",
            "kubernetes_daemonset.site24x7_agent",
            "kubernetes_deployment.auth_service",
            "kubernetes_deployment.mysql",
            "kubernetes_deployment.order_service",
            "kubernetes_deployment.payment_service",
            "kubernetes_deployment.product_service",
            "kubernetes_deployment.redis",
            "kubernetes_deployment.search_service",
            "kubernetes_deployment.site24x7_ksm",
            "kubernetes_deployment.storefront",
            "kubernetes_ingress_v1.zylkerkart",
            "kubernetes_namespace.monitoring",
            "kubernetes_namespace.site24x7_labs",
            "kubernetes_namespace.zylkerkart",
            "kubernetes_persistent_volume_claim.mysql_pvc",
            "kubernetes_secret.site24x7_agent",
            "kubernetes_secret.site24x7_agent_token",
            "kubernetes_service.mysql",
            "kubernetes_service.redis",
            "kubernetes_service_account.apm_agent_sa",
            "kubernetes_service_account.site24x7",
            "kubernetes_service_account.site24x7_agent",
            "kubernetes_service_account.site24x7_ksm",
            "terraform_data.k8s_ready",
            "terraform_data.site24x7_env_setup"
          ]
        }
      ]
    },
    {
      "mode": "managed",
      "type": "kubernetes_daemonset",
      "name": "go_apm_exporter",
      "provider": "provider[\"registry.terraform.io/hashicorp/kubernetes\"]",
      "instances": [
        {
          "index_key": 0,
          "schema_version": 1,
          "attributes": {
            "id": "monitoring/exporter-agent",
            "metadata": [
              {
                "annotations": {},
                "generate_name": "",
                "generation": 1,
                "labels": {
                  "app": "site24x7-go-apm"
                },
                "name": "exporter-agent",
                "namespace": "monitoring",
                "resource_version": "1699",
                "uid": "aeae090e-d9f0-4a6c-a374-7cf7383ae8f6"
              }
            ],
            "spec": [
              {
                "min_ready_seconds": 0,
                "revision_history_limit": 10,
                "selector": [
                  {
                    "match_expressions": [],
                    "match_labels": {
                      "app": "site24x7-go-apm"
                    }
                  }
                ],
                "strategy": [
                  {
                    "rolling_update": [
                      {
                        "max_surge": "0",
                        "max_unavailable": "1"
                      }
                    ],
                    "type": "RollingUpdate"
                  }
                ],
                "template": [
                  {
                    "metadata": [
                      {
                        "annotations": {},
                        "generate_name": "",
                        "generation": 0,
                        "labels": {
                          "app": "site24x7-go-apm"
                        },
                        "name": "",
                        "namespace": "",
                        "resource_version": "",
                        "uid": ""
                      }
                    ],
                    "spec": [
                      {
                        "active_deadline_seconds": 0,
                        "affinity": [],
                        "automount_service_account_token": true,
                        "container": [
                          {
                            "args": [
                              "# Run the normal startup in background\n/tmp/agent-installer/startup.sh \u0026\nSTARTUP_PID=$!\n\n# Wait for the config to be fully generated (check for license key, not placeholder)\necho \"[FIX] Waiting for Go agent config with real license key...\"\nfor i in $(seq 1 180); do\n  if [ -f /opt/site24x7/apm-insight-go-agent/conf/configuration.json ]; then\n    if grep -q \"$$S247_LICENSE_KEY\" /opt/site24x7/apm-insight-go-agent/conf/configuration.json; then\n      echo \"[FIX] Config file ready with license key (waited ${i}s)\"\n      break\n    fi\n  fi\n  sleep 1\ndone\n\n# Patch localhost to 127.0.0.1\nif [ -f /opt/site24x7/apm-insight-go-agent/conf/configuration.json ]; then\n  sed -i 's/localhost/127.0.0.1/g' /opt/site24x7/apm-insight-go-agent/conf/configuration.json\n  echo \"[FIX] Patched config:\"\n  cat /opt/site24x7/apm-insight-go-agent/conf/configuration.json\n\n  # Restart ONLY the Go agent (not the DataExporter)\n  echo \"[FIX] Restarting Go agent...\"\n  pkill -x apm-insight-go-agent 2\u003e/dev/null || true\n  sleep 3\n  echo \"[FIX] Done\"\nfi\n\n# Keep container alive by waiting on startup.sh\nwait $STARTUP_PID\n"
                            ],
                            "command": [
                              "/bin/bash",
                              "-c"
                            ],
                            "env": [
                              {
                                "name": "S247_LICENSE_KEY",
                                "value": "",
                                "value_from": [
                                  {
                                    "config_map_key_ref": [
                                      {
                                        "key": "S247_LICENSE_KEY",
                                        "name": "zylkerkart-config",
                                        "optional": false
                                      }
                                    ],
                                    "field_ref": [],
                                    "resource_field_ref": [],
                                    "secret_key_ref": []
                                  }
                                ]
                              },
                              {
                                "name": "GO_APPS",
                                "value": "",
                                "value_from": [
                                  {
                                    "config_map_key_ref": [
                                      {
                                        "key": "go_apps",
                                        "name": "apm-apps-config",
                                        "optional": false
                                      }
                                    ],
                                    "field_ref": [],
                                    "resource_field_ref": [],
                                    "secret_key_ref": []
                                  }
                                ]
                              }
                            ],
                            "env_from": [],
                            "image": "site24x7/apminsight-go-agent:latest",
                            "image_pull_policy": "Always",
                            "lifecycle": [],
                            "liveness_probe": [],
                            "name": "exporter-agent",
                            "port": [],
                            "readiness_probe": [],
                            "resources": [
                              {
                                "limits": {
                                  "cpu": "300m",
                                  "memory": "256Mi"
                                },
                                "requests": {
                                  "cpu": "100m",
                                  "memory": "128Mi"
                                }
                              }
                            ],
                            "security_context": [
                              {
                                "allow_privilege_escalation": true,
                                "capabilities": [],
                                "privileged": true,
                                "read_only_root_filesystem": false,
                                "run_as_group": "",
                                "run_as_non_root": false,
                                "run_as_user": "0",
                                "se_linux_options": [],
                                "seccomp_profile": []
                              }
                            ],
                            "startup_probe": [],
                            "stdin": false,
                            "stdin_once": false,
                            "termination_message_path": "/dev/termination-log",
                            "termination_message_policy": "File",
                            "tty": false,
                            "volume_device": [],
                            "volume_mount": [
                              {
                                "mount_path": "/host/proc",
                                "mount_propagation": "None",
                                "name": "proc",
                                "read_only": true,
                                "sub_path": "",
                                "sub_path_expr": ""
                              },
                              {
                                "mount_path": "/sys/kernel/debug",
                                "mount_propagation": "None",
                                "name": "debug",
                                "read_only": false,
                                "sub_path": "",
                                "sub_path_expr": ""
                              },
                              {
                                "mount_path": "/sys/fs/bpf",
                                "mount_propagation": "None",
                                "name": "bpf",
                                "read_only": false,
                                "sub_path": "",
                                "sub_path_expr": ""
                              },
                              {
                                "mount_path": "/sys",
                                "mount_propagation": "None",
                                "name": "sys",
                                "read_only": false,
                                "sub_path": "",
                                "sub_path_expr": ""
                              },
                              {
                                "mount_path": "/var/lib/apm-binaries",
                                "mount_propagation": "None",
                                "name": "apm-binaries",
                                "read_only": false,
                                "sub_path": "",
                                "sub_path_expr": ""
                              }
                            ],
                            "working_dir": ""
                          }
                        ],
                        "dns_config": [],
                        "dns_policy": "ClusterFirst",
                        "enable_service_links": true,
                        "host_aliases": [],
                        "host_ipc": false,
                        "host_network": false,
                        "host_pid": true,
                        "hostname": "",
                        "image_pull_secrets": [],
                        "init_container": [],
                        "node_name": "",
                        "node_selector": {},
                        "os": [],
                        "priority_class_name": "",
                        "readiness_gate": [],
                        "restart_policy": "Always",
                        "runtime_class_name": "",
                        "scheduler_name": "default-scheduler",
                        "security_context": [],
                        "service_account_name": "apm-agent-sa",
                        "share_process_namespace": false,
                        "subdomain": "",
                        "termination_grace_period_seconds": 30,
                        "toleration": [],
                        "topology_spread_constraint": [],
                        "volume": [
                          {
                            "aws_elastic_block_store": [],
                            "azure_disk": [],
                            "azure_file": [],
                            "ceph_fs": [],
                            "cinder": [],
                            "config_map": [],
                            "csi": [],
                            "downward_api": [],
                            "empty_dir": [],
                            "ephemeral": [],
                            "fc": [],
                            "flex_volume": [],
                            "flocker": [],
                            "gce_persistent_disk": [],
                            "git_repo": [],
                            "glusterfs": [],
                            "host_path": [
                              {
                                "path": "/proc",
                                "type": ""
                              }
                            ],
                            "iscsi": [],
                            "local": [],
                            "name": "proc",
                            "nfs": [],
                            "persistent_volume_claim": [],
                            "photon_persistent_disk": [],
                            "projected": [],
                            "quobyte": [],
                            "rbd": [],
                            "secret": [],
                            "vsphere_volume": []
                          },
                          {
                            "aws_elastic_block_store": [],
                            "azure_disk": [],
                            "azure_file": [],
                            "ceph_fs": [],
                            "cinder": [],
                            "config_map": [],
                            "csi": [],
                            "downward_api": [],
                            "empty_dir": [],
                            "ephemeral": [],
                            "fc": [],
                            "flex_volume": [],
                            "flocker": [],
                            "gce_persistent_disk": [],
                            "git_repo": [],
                            "glusterfs": [],
                            "host_path": [
                              {
                                "path": "/sys/kernel/debug",
                                "type": ""
                              }
                            ],
                            "iscsi": [],
                            "local": [],
                            "name": "debug",
                            "nfs": [],
                            "persistent_volume_claim": [],
                            "photon_persistent_disk": [],
                            "projected": [],
                            "quobyte": [],
                            "rbd": [],
                            "secret": [],
                            "vsphere_volume": []
                          },
                          {
                            "aws_elastic_block_store": [],
                            "azure_disk": [],
                            "azure_file": [],
                            "ceph_fs": [],
                            "cinder": [],
                            "config_map": [],
                            "csi": [],
                            "downward_api": [],
                            "empty_dir": [],
                            "ephemeral": [],
                            "fc": [],
                            "flex_volume": [],
                            "flocker": [],
                            "gce_persistent_disk": [],
                            "git_repo": [],
                            "glusterfs": [],
                            "host_path": [
                              {
                                "path": "/sys/fs/bpf",
                                "type": ""
                              }
                            ],
                            "iscsi": [],
                            "local": [],
                            "name": "bpf",
                            "nfs": [],
                            "persistent_volume_claim": [],
                            "photon_persistent_disk": [],
                            "projected": [],
                            "quobyte": [],
                            "rbd": [],
                            "secret": [],
                            "vsphere_volume": []
                          },
                          {
                            "aws_elastic_block_store": [],
                            "azure_disk": [],
                            "azure_file": [],
                            "ceph_fs": [],
                            "cinder": [],
                            "config_map": [],
                            "csi": [],
                            "downward_api": [],
                            "empty_dir": [],
                            "ephemeral": [],
                            "fc": [],
                            "flex_volume": [],
                            "flocker": [],
                            "gce_persistent_disk": [],
                            "git_repo": [],
                            "glusterfs": [],
                            "host_path": [
                              {
                                "path": "/sys",
                                "type": ""
                              }
                            ],
                            "iscsi": [],
                            "local": [],
                            "name": "sys",
                            "nfs": [],
                            "persistent_volume_claim": [],
                            "photon_persistent_disk": [],
                            "projected": [],
                            "quobyte": [],
                            "rbd": [],
                            "secret": [],
                            "vsphere_volume": []
                          },
                          {
                            "aws_elastic_block_store": [],
                            "azure_disk": [],
                            "azure_file": [],
                            "ceph_fs": [],
                            "cinder": [],
                            "config_map": [],
                            "csi": [],
                            "downward_api": [],
                            "empty_dir": [],
                            "ephemeral": [],
                            "fc": [],
                            "flex_volume": [],
                            "flocker": [],
                            "gce_persistent_disk": [],
                            "git_repo": [],
                            "glusterfs": [],
                            "host_path": [
                              {
                                "path": "/var/lib/apm-binaries",
                                "type": "DirectoryOrCreate"
                              }
                            ],
                            "iscsi": [],
                            "local": [],
                            "name": "apm-binaries",
                            "nfs": [],
                            "persistent_volume_claim": [],
                            "photon_persistent_disk": [],
                            "projected": [],
                            "quobyte": [],
                            "rbd": [],
                            "secret": [],
                            "vsphere_volume": []
                          }
                        ]
                      }
                    ]
                  }
                ]
              }
            ],
            "timeouts": null,
            "wait_for_rollout": true
          },
          "sensitive_attributes": [],
          "identity_schema_version": 1,
          "identity": {
            "api_version": "apps/v1",
            "kind": "DaemonSet",
            "name": "exporter-agent",
            "namespace": "monitoring"
          },
          "private": "eyJlMmJmYjczMC1lY2FhLTExZTYtOGY4OC0zNDM2M2JjN2M0YzAiOnsiY3JlYXRlIjo2MDAwMDAwMDAwMDAsImRlbGV0ZSI6NjAwMDAwMDAwMDAwLCJ1cGRhdGUiOjYwMDAwMDAwMDAwMH0sInNjaGVtYV92ZXJzaW9uIjoiMSJ9",
          "dependencies": [
            "aws_eks_cluster.eks",
            "aws_eks_node_group.default",
            "aws_iam_role.eks_cluster",
            "aws_iam_role.eks_nodes",
            "aws_iam_role_policy_attachment.eks_cluster_policy",
            "aws_iam_role_policy_attachment.eks_cni_policy",
            "aws_iam_role_policy_attachment.eks_ecr_read",
            "aws_iam_role_policy_attachment.eks_vpc_resource_controller",
            "aws_iam_role_policy_attachment.eks_worker_node_policy",
            "aws_internet_gateway.eks",
            "aws_route_table.eks",
            "aws_route_table_association.eks",
            "aws_subnet.eks",
            "aws_vpc.eks",
            "azurerm_kubernetes_cluster.aks",
            "azurerm_resource_group.aks",
            "data.aws_availability_zones.available",
            "kubernetes_cluster_role.apm_agent_role",
            "kubernetes_cluster_role_binding.apm_agent_rolebinding",
            "kubernetes_config_map.apm_apps_config",
            "kubernetes_config_map.zylkerkart_config",
            "kubernetes_namespace.monitoring",
            "kubernetes_namespace.zylkerkart",
            "kubernetes_service_account.apm_agent_sa"
          ]
        }
      ]
    },
    {
      "mode": "managed",
      "type": "kubernetes_daemonset",
      "name": "site24x7_agent",
      "provider": "provider[\"registry.terraform.io/hashicorp/kubernetes\"]",
      "instances": [
        {
          "index_key": 0,
          "schema_version": 1,
          "attributes": {
            "id": "default/site24x7-agent",
            "metadata": [
              {
                "annotations": {},
                "generate_name": "",
                "generation": 1,
                "labels": {},
                "name": "site24x7-agent",
                "namespace": "default",
                "resource_version": "1477",
                "uid": "94d4b707-1d85-410d-8755-b42def8a33d1"
              }
            ],
            "spec": [
              {
                "min_ready_seconds": 0,
                "revision_history_limit": 10,
                "selector": [
                  {
                    "match_expressions": [],
                    "match_labels": {
                      "app": "site24x7-agent"
                    }
                  }
                ],
                "strategy": [
                  {
                    "rolling_update": [
                      {
                        "max_surge": "0",
                        "max_unavailable": "1"
                      }
                    ],
                    "type": "RollingUpdate"
                  }
                ],
                "template": [
                  {
                    "metadata": [
                      {
                        "annotations": {},
                        "generate_name": "",
                        "generation": 0,
                        "labels": {
                          "app": "site24x7-agent"
                        },
                        "name": "",
                        "namespace": "",
                        "resource_version": "",
                        "uid": ""
                      }
                    ],
                    "spec": [
                      {
                        "active_deadline_seconds": 0,
                        "affinity": [],
                        "automount_service_account_token": true,
                        "container": [
                          {
                            "args": [],
                            "command": [],
                            "env": [
                              {
                                "name": "KEY",
                                "value": "",
                                "value_from": [
                                  {
                                    "config_map_key_ref": [],
                                    "field_ref": [],
                                    "resource_field_ref": [],
                                    "secret_key_ref": [
                                      {
                                        "key": "KEY",
                                        "name": "site24x7-agent",
                                        "optional": false
                                      }
                                    ]
                                  }
                                ]
                              },
                              {
                                "name": "installer",
                                "value": "kubernetes",
                                "value_from": []
                              },
                              {
                                "name": "KUBE_API_SERVER",
                                "value": "zylkerkart-cluster",
                                "value_from": []
                              },
                              {
                                "name": "NODE_IP",
                                "value": "",
                                "value_from": [
                                  {
                                    "config_map_key_ref": [],
                                    "field_ref": [
                                      {
                                        "api_version": "v1",
                                        "field_path": "status.hostIP"
                                      }
                                    ],
                                    "resource_field_ref": [],
                                    "secret_key_ref": []
                                  }
                                ]
                              },
                              {
                                "name": "NODE_NAME",
                                "value": "",
                                "value_from": [
                                  {
                                    "config_map_key_ref": [],
                                    "field_ref": [
                                      {
                                        "api_version": "v1",
                                        "field_path": "spec.nodeName"
                                      }
                                    ],
                                    "resource_field_ref": [],
                                    "secret_key_ref": []
                                  }
                                ]
                              },
                              {
                                "name": "NAMESPACE",
                                "value": "",
                                "value_from": [
                                  {
                                    "config_map_key_ref": [],
                                    "field_ref": [
                                      {
                                        "api_version": "v1",
                                        "field_path": "metadata.namespace"
                                      }
                                    ],
                                    "resource_field_ref": [],
                                    "secret_key_ref": []
                                  }
                                ]
                              }
                            ],
                            "env_from": [],
                            "image": "site24x7/docker-agent:release22000",
                            "image_pull_policy": "Always",
                            "lifecycle": [],
                            "liveness_probe": [],
                            "name": "site24x7-agent",
                            "port": [],
                            "readiness_probe": [],
                            "resources": [
                              {
                                "limits": {},
                                "requests": {}
                              }
                            ],
                            "security_context": [
                              {
                                "allow_privilege_escalation": true,
                                "capabilities": [],
                                "privileged": false,
                                "read_only_root_filesystem": false,
                                "run_as_group": "",
                                "run_as_non_root": false,
                                "run_as_user": "0",
                                "se_linux_options": [],
                                "seccomp_profile": []
                              }
                            ],
                            "startup_probe": [],
                            "stdin": false,
                            "stdin_once": false,
                            "termination_message_path": "/dev/termination-log",
                            "termination_message_policy": "File",
                            "tty": false,
                            "volume_device": [],
                            "volume_mount": [
                              {
                                "mount_path": "/host/proc",
                                "mount_propagation": "None",
                                "name": "procfs",
                                "read_only": true,
                                "sub_path": "",
                                "sub_path_expr": ""
                              },
                              {
                                "mount_path": "/host/sys/",
                                "mount_propagation": "None",
                                "name": "sysfs",
                                "read_only": true,
                                "sub_path": "",
                                "sub_path_expr": ""
                              },
                              {
                                "mount_path": "/host/var/",
                                "mount_propagation": "None",
                                "name": "varfs",
                                "read_only": true,
                                "sub_path": "",
                                "sub_path_expr": ""
                              },
                              {
                                "mount_path": "/host/etc/",
                                "mount_propagation": "None",
                                "name": "etcfs",
                                "read_only": true,
                                "sub_path": "",
                                "sub_path_expr": ""
                              },
                              {
                                "mount_path": "/opt/site24x7/",
                                "mount_propagation": "None",
                                "name": "site24x7-agent",
                                "read_only": false,
                                "sub_path": "",
                                "sub_path_expr": ""
                              },
                              {
                                "mount_path": "/etc/site24x7/clusterconfig",
                                "mount_propagation": "None",
                                "name": "clusterconfig",
                                "read_only": true,
                                "sub_path": "",
                                "sub_path_expr": ""
                              }
                            ],
                            "working_dir": ""
                          }
                        ],
                        "dns_config": [],
                        "dns_policy": "ClusterFirst",
                        "enable_service_links": true,
                        "host_aliases": [],
                        "host_ipc": false,
                        "host_network": false,
                        "host_pid": false,
                        "hostname": "",
                        "image_pull_secrets": [],
                        "init_container": [],
                        "node_name": "",
                        "node_selector": {
                          "kubernetes.io/os": "linux"
                        },
                        "os": [],
                        "priority_class_name": "",
                        "readiness_gate": [],
                        "restart_policy": "Always",
                        "runtime_class_name": "",
                        "scheduler_name": "default-scheduler",
                        "security_context": [],
                        "service_account_name": "site24x7",
                        "share_process_namespace": false,
                        "subdomain": "",
                        "termination_grace_period_seconds": 30,
                        "toleration": [
                          {
                            "effect": "",
                            "key": "",
                            "operator": "Exists",
                            "toleration_seconds": "",
                            "value": ""
                          }
                        ],
                        "topology_spread_constraint": [],
                        "volume": [
                          {
                            "aws_elastic_block_store": [],
                            "azure_disk": [],
                            "azure_file": [],
                            "ceph_fs": [],
                            "cinder": [],
                            "config_map": [],
                            "csi": [],
                            "downward_api": [],
                            "empty_dir": [],
                            "ephemeral": [],
                            "fc": [],
                            "flex_volume": [],
                            "flocker": [],
                            "gce_persistent_disk": [],
                            "git_repo": [],
                            "glusterfs": [],
                            "host_path": [
                              {
                                "path": "/proc",
                                "type": ""
                              }
                            ],
                            "iscsi": [],
                            "local": [],
                            "name": "procfs",
                            "nfs": [],
                            "persistent_volume_claim": [],
                            "photon_persistent_disk": [],
                            "projected": [],
                            "quobyte": [],
                            "rbd": [],
                            "secret": [],
                            "vsphere_volume": []
                          },
                          {
                            "aws_elastic_block_store": [],
                            "azure_disk": [],
                            "azure_file": [],
                            "ceph_fs": [],
                            "cinder": [],
                            "config_map": [],
                            "csi": [],
                            "downward_api": [],
                            "empty_dir": [],
                            "ephemeral": [],
                            "fc": [],
                            "flex_volume": [],
                            "flocker": [],
                            "gce_persistent_disk": [],
                            "git_repo": [],
                            "glusterfs": [],
                            "host_path": [
                              {
                                "path": "/sys/",
                                "type": ""
                              }
                            ],
                            "iscsi": [],
                            "local": [],
                            "name": "sysfs",
                            "nfs": [],
                            "persistent_volume_claim": [],
                            "photon_persistent_disk": [],
                            "projected": [],
                            "quobyte": [],
                            "rbd": [],
                            "secret": [],
                            "vsphere_volume": []
                          },
                          {
                            "aws_elastic_block_store": [],
                            "azure_disk": [],
                            "azure_file": [],
                            "ceph_fs": [],
                            "cinder": [],
                            "config_map": [],
                            "csi": [],
                            "downward_api": [],
                            "empty_dir": [],
                            "ephemeral": [],
                            "fc": [],
                            "flex_volume": [],
                            "flocker": [],
                            "gce_persistent_disk": [],
                            "git_repo": [],
                            "glusterfs": [],
                            "host_path": [
                              {
                                "path": "/var/",
                                "type": ""
                              }
                            ],
                            "iscsi": [],
                            "local": [],
                            "name": "varfs",
                            "nfs": [],
                            "persistent_volume_claim": [],
                            "photon_persistent_disk": [],
                            "projected": [],
                            "quobyte": [],
                            "rbd": [],
                            "secret": [],
                            "vsphere_volume": []
                          },
                          {
                            "aws_elastic_block_store": [],
                            "azure_disk": [],
                            "azure_file": [],
                            "ceph_fs": [],
                            "cinder": [],
                            "config_map": [],
                            "csi": [],
                            "downward_api": [],
                            "empty_dir": [],
                            "ephemeral": [],
                            "fc": [],
                            "flex_volume": [],
                            "flocker": [],
                            "gce_persistent_disk": [],
                            "git_repo": [],
                            "glusterfs": [],
                            "host_path": [
                              {
                                "path": "/etc/",
                                "type": ""
                              }
                            ],
                            "iscsi": [],
                            "local": [],
                            "name": "etcfs",
                            "nfs": [],
                            "persistent_volume_claim": [],
                            "photon_persistent_disk": [],
                            "projected": [],
                            "quobyte": [],
                            "rbd": [],
                            "secret": [],
                            "vsphere_volume": []
                          },
                          {
                            "aws_elastic_block_store": [],
                            "azure_disk": [],
                            "azure_file": [],
                            "ceph_fs": [],
                            "cinder": [],
                            "config_map": [],
                            "csi": [],
                            "downward_api": [],
                            "empty_dir": [
                              {
                                "medium": "",
                                "size_limit": ""
                              }
                            ],
                            "ephemeral": [],
                            "fc": [],
                            "flex_volume": [],
                            "flocker": [],
                            "gce_persistent_disk": [],
                            "git_repo": [],
                            "glusterfs": [],
                            "host_path": [],
                            "iscsi": [],
                            "local": [],
                            "name": "site24x7-agent",
                            "nfs": [],
                            "persistent_volume_claim": [],
                            "photon_persistent_disk": [],
                            "projected": [],
                            "quobyte": [],
                            "rbd": [],
                            "secret": [],
                            "vsphere_volume": []
                          },
                          {
                            "aws_elastic_block_store": [],
                            "azure_disk": [],
                            "azure_file": [],
                            "ceph_fs": [],
                            "cinder": [],
                            "config_map": [
                              {
                                "default_mode": "0644",
                                "items": [],
                                "name": "site24x7",
                                "optional": true
                              }
                            ],
                            "csi": [],
                            "downward_api": [],
                            "empty_dir": [],
                            "ephemeral": [],
                            "fc": [],
                            "flex_volume": [],
                            "flocker": [],
                            "gce_persistent_disk": [],
                            "git_repo": [],
                            "glusterfs": [],
                            "host_path": [],
                            "iscsi": [],
                            "local": [],
                            "name": "clusterconfig",
                            "nfs": [],
                            "persistent_volume_claim": [],
                            "photon_persistent_disk": [],
                            "projected": [],
                            "quobyte": [],
                            "rbd": [],
                            "secret": [],
                            "vsphere_volume": []
                          }
                        ]
                      }
                    ]
                  }
                ]
              }
            ],
            "timeouts": null,
            "wait_for_rollout": true
          },
          "sensitive_attributes": [],
          "identity_schema_version": 1,
          "identity": {
            "api_version": "apps/v1",
            "kind": "DaemonSet",
            "name": "site24x7-agent",
            "namespace": "default"
          },
          "private": "eyJlMmJmYjczMC1lY2FhLTExZTYtOGY4OC0zNDM2M2JjN2M0YzAiOnsiY3JlYXRlIjo2MDAwMDAwMDAwMDAsImRlbGV0ZSI6NjAwMDAwMDAwMDAwLCJ1cGRhdGUiOjYwMDAwMDAwMDAwMH0sInNjaGVtYV92ZXJzaW9uIjoiMSJ9",
          "dependencies": [
            "aws_eks_cluster.eks",
            "aws_iam_role.eks_cluster",
            "aws_iam_role_policy_attachment.eks_cluster_policy",
            "aws_iam_role_policy_attachment.eks_vpc_resource_controller",
            "aws_internet_gateway.eks",
            "aws_route_table.eks",
            "aws_route_table_association.eks",
            "aws_subnet.eks",
            "aws_vpc.eks",
            "azurerm_kubernetes_cluster.aks",
            "azurerm_resource_group.aks",
            "data.aws_availability_zones.available",
            "kubernetes_cluster_role.site24x7",
            "kubernetes_cluster_role_binding.site24x7",
            "kubernetes_config_map.site24x7",
            "kubernetes_secret.site24x7_agent",
            "kubernetes_service_account.site24x7"
          ]
        }
      ]
    },
    {
      "mode": "managed",
      "type": "kubernetes_deployment",
      "name": "auth_service",
      "provider": "provider[\"registry.terraform.io/hashicorp/kubernetes\"]",
      "instances": [
        {
          "schema_version": 1,
          "attributes": {
            "id": "zylkerkart/auth-service",
            "metadata": [
              {
                "annotations": {},
                "generate_name": "",
                "generation": 1,
                "labels": {
                  "app": "auth-service",
                  "tier": "backend"
                },
                "name": "auth-service",
                "namespace": "zylkerkart",
                "resource_version": "2604",
                "uid": "c55fe04e-59b5-468e-a2e0-abb902e4e4b6"
              }
            ],
            "spec": [
              {
                "min_ready_seconds": 0,
                "paused": false,
                "progress_deadline_seconds": 600,
                "replicas": "1",
                "revision_history_limit": 10,
                "selector": [
                  {
                    "match_expressions": [],
                    "match_labels": {
                      "app": "auth-service"
                    }
                  }
                ],
                "strategy": [
                  {
                    "rolling_update": [
                      {
                        "max_surge": "25%",
                        "max_unavailable": "25%"
                      }
                    ],
                    "type": "RollingUpdate"
                  }
                ],
                "template": [
                  {
                    "metadata": [
                      {
                        "annotations": {},
                        "generate_name": "",
                        "generation": 0,
                        "labels": {
                          "app": "auth-service",
                          "tier": "backend"
                        },
                        "name": "",
                        "namespace": "",
                        "resource_version": "",
                        "uid": ""
                      }
                    ],
                    "spec": [
                      {
                        "active_deadline_seconds": 0,
                        "affinity": [],
                        "automount_service_account_token": true,
                        "container": [
                          {
                            "args": [],
                            "command": [],
                            "env": [
                              {
                                "name": "S247_LICENSE_KEY",
                                "value": "",
                                "value_from": [
                                  {
                                    "config_map_key_ref": [
                                      {
                                        "key": "S247_LICENSE_KEY",
                                        "name": "zylkerkart-config",
                                        "optional": false
                                      }
                                    ],
                                    "field_ref": [],
                                    "resource_field_ref": [],
                                    "secret_key_ref": []
                                  }
                                ]
                              },
                              {
                                "name": "CORECLR_ENABLE_PROFILING",
                                "value": "1",
                                "value_from": []
                              },
                              {
                                "name": "CORECLR_PROFILER",
                                "value": "{9D363A5F-ED5F-4AAC-B456-75AFFA6AA0C8}",
                                "value_from": []
                              },
                              {
                                "name": "DOTNETCOREAGENT_HOME",
                                "value": "/home/APMDotNetAgent",
                                "value_from": []
                              },
                              {
                                "name": "CORECLR_PROFILER_PATH_64",
                                "value": "/home/APMDotNetAgent/x64/libClrProfilerAgent.so",
                                "value_from": []
                              },
                              {
                                "name": "CORECLR_PROFILER_PATH_32",
                                "value": "/home/APMDotNetAgent/x86/libClrProfilerAgent.so",
                                "value_from": []
                              },
                              {
                                "name": "DOTNET_STARTUP_HOOKS",
                                "value": "/home/APMDotNetAgent/netstandard2.0/DotNetAgent.Loader.dll",
                                "value_from": []
                              },
                              {
                                "name": "MANAGEENGINE_COMMUNICATION_MODE",
                                "value": "direct",
                                "value_from": []
                              },
                              {
                                "name": "SITE24X7_APP_NAME",
                                "value": "ZylkerKart-AuthService",
                                "value_from": []
                              },
                              {
                                "name": "PORT",
                                "value": "8085",
                                "value_from": []
                              },
                              {
                                "name": "DB_HOST",
                                "value": "mysql",
                                "value_from": []
                              },
                              {
                                "name": "DB_PORT",
                                "value": "3306",
                                "value_from": []
                              },
                              {
                                "name": "DB_USER",
                                "value": "",
                                "value_from": [
                                  {
                                    "config_map_key_ref": [
                                      {
                                        "key": "DB_USER",
                                        "name": "zylkerkart-config",
                                        "optional": false
                                      }
                                    ],
                                    "field_ref": [],
                                    "resource_field_ref": [],
                                    "secret_key_ref": []
                                  }
                                ]
                              },
                              {
                                "name": "DB_PASSWORD",
                                "value": "",
                                "value_from": [
                                  {
                                    "config_map_key_ref": [
                                      {
                                        "key": "MYSQL_ROOT_PASSWORD",
                                        "name": "zylkerkart-config",
                                        "optional": false
                                      }
                                    ],
                                    "field_ref": [],
                                    "resource_field_ref": [],
                                    "secret_key_ref": []
                                  }
                                ]
                              },
                              {
                                "name": "DB_NAME",
                                "value": "db_auth",
                                "value_from": []
                              },
                              {
                                "name": "ConnectionStrings__DefaultConnection",
                                "value": "Server=mysql;Port=3306;Database=db_auth;Uid=root;Pwd=ZylkerKart@2024;",
                                "value_from": []
                              },
                              {
                                "name": "JWT_SECRET",
                                "value": "",
                                "value_from": [
                                  {
                                    "config_map_key_ref": [
                                      {
                                        "key": "JWT_SECRET",
                                        "name": "zylkerkart-config",
                                        "optional": false
                                      }
                                    ],
                                    "field_ref": [],
                                    "resource_field_ref": [],
                                    "secret_key_ref": []
                                  }
                                ]
                              },
                              {
                                "name": "JWT_EXPIRY_MINUTES",
                                "value": "15",
                                "value_from": []
                              },
                              {
                                "name": "JWT_REFRESH_EXPIRY_DAYS",
                                "value": "7",
                                "value_from": []
                              },
                              {
                                "name": "CHAOS_SDK_ENABLED",
                                "value": "true",
                                "value_from": []
                              },
                              {
                                "name": "CHAOS_SDK_APP_NAME",
                                "value": "auth-service",
                                "value_from": []
                              },
                              {
                                "name": "CHAOS_SDK_CONFIG_DIR",
                                "value": "/var/site24x7-labs/faults",
                                "value_from": []
                              }
                            ],
                            "env_from": [],
                            "image": "impazhani/auth-service:chaos",
                            "image_pull_policy": "Always",
                            "lifecycle": [],
                            "liveness_probe": [
                              {
                                "exec": [],
                                "failure_threshold": 3,
                                "grpc": [],
                                "http_get": [
                                  {
                                    "host": "",
                                    "http_header": [],
                                    "path": "/health",
                                    "port": "8085",
                                    "scheme": "HTTP"
                                  }
                                ],
                                "initial_delay_seconds": 30,
                                "period_seconds": 20,
                                "success_threshold": 1,
                                "tcp_socket": [],
                                "timeout_seconds": 1
                              }
                            ],
                            "name": "auth-service",
                            "port": [
                              {
                                "container_port": 8085,
                                "host_ip": "",
                                "host_port": 0,
                                "name": "",
                                "protocol": "TCP"
                              }
                            ],
                            "readiness_probe": [
                              {
                                "exec": [],
                                "failure_threshold": 3,
                                "grpc": [],
                                "http_get": [
                                  {
                                    "host": "",
                                    "http_header": [],
                                    "path": "/health",
                                    "port": "8085",
                                    "scheme": "HTTP"
                                  }
                                ],
                                "initial_delay_seconds": 20,
                                "period_seconds": 10,
                                "success_threshold": 1,
                                "tcp_socket": [],
                                "timeout_seconds": 1
                              }
                            ],
                            "resources": [
                              {
                                "limits": {
                                  "cpu": "300m",
                                  "memory": "512Mi"
                                },
                                "requests": {
                                  "cpu": "100m",
                                  "memory": "192Mi"
                                }
                              }
                            ],
                            "security_context": [],
                            "startup_probe": [],
                            "stdin": false,
                            "stdin_once": false,
                            "termination_message_path": "/dev/termination-log",
                            "termination_message_policy": "File",
                            "tty": false,
                            "volume_device": [],
                            "volume_mount": [
                              {
                                "mount_path": "/home/APMDotNetAgent",
                                "mount_propagation": "None",
                                "name": "s247dotnetagent",
                                "read_only": false,
                                "sub_path": "",
                                "sub_path_expr": ""
                              },
                              {
                                "mount_path": "/var/site24x7-labs/faults",
                                "mount_propagation": "None",
                                "name": "chaos-config",
                                "read_only": false,
                                "sub_path": "",
                                "sub_path_expr": ""
                              }
                            ],
                            "working_dir": ""
                          }
                        ],
                        "dns_config": [],
                        "dns_policy": "ClusterFirst",
                        "enable_service_links": false,
                        "host_aliases": [],
                        "host_ipc": false,
                        "host_network": false,
                        "host_pid": false,
                        "hostname": "",
                        "image_pull_secrets": [],
                        "init_container": [
                          {
                            "args": [],
                            "command": [
                              "sh",
                              "-c",
                              "cp -r /opt/site24x7/APMDotNetAgent/. /home/APMDotNetAgent/ \u0026\u0026 chmod -R 777 /home/APMDotNetAgent"
                            ],
                            "env": [],
                            "env_from": [],
                            "image": "site24x7/apminsight-dotnetagent:latest",
                            "image_pull_policy": "IfNotPresent",
                            "lifecycle": [],
                            "liveness_probe": [],
                            "name": "s247-dotnet-agent",
                            "port": [],
                            "readiness_probe": [],
                            "resources": [
                              {
                                "limits": {},
                                "requests": {}
                              }
                            ],
                            "security_context": [],
                            "startup_probe": [],
                            "stdin": false,
                            "stdin_once": false,
                            "termination_message_path": "/dev/termination-log",
                            "termination_message_policy": "File",
                            "tty": false,
                            "volume_device": [],
                            "volume_mount": [
                              {
                                "mount_path": "/home/APMDotNetAgent",
                                "mount_propagation": "None",
                                "name": "s247dotnetagent",
                                "read_only": false,
                                "sub_path": "",
                                "sub_path_expr": ""
                              }
                            ],
                            "working_dir": ""
                          }
                        ],
                        "node_name": "",
                        "node_selector": {},
                        "os": [],
                        "priority_class_name": "",
                        "readiness_gate": [],
                        "restart_policy": "Always",
                        "runtime_class_name": "",
                        "scheduler_name": "default-scheduler",
                        "security_context": [],
                        "service_account_name": "",
                        "share_process_namespace": false,
                        "subdomain": "",
                        "termination_grace_period_seconds": 30,
                        "toleration": [],
                        "topology_spread_constraint": [],
                        "volume": [
                          {
                            "aws_elastic_block_store": [],
                            "azure_disk": [],
                            "azure_file": [],
                            "ceph_fs": [],
                            "cinder": [],
                            "config_map": [],
                            "csi": [],
                            "downward_api": [],
                            "empty_dir": [
                              {
                                "medium": "",
                                "size_limit": ""
                              }
                            ],
                            "ephemeral": [],
                            "fc": [],
                            "flex_volume": [],
                            "flocker": [],
                            "gce_persistent_disk": [],
                            "git_repo": [],
                            "glusterfs": [],
                            "host_path": [],
                            "iscsi": [],
                            "local": [],
                            "name": "s247dotnetagent",
                            "nfs": [],
                            "persistent_volume_claim": [],
                            "photon_persistent_disk": [],
                            "projected": [],
                            "quobyte": [],
                            "rbd": [],
                            "secret": [],
                            "vsphere_volume": []
                          },
                          {
                            "aws_elastic_block_store": [],
                            "azure_disk": [],
                            "azure_file": [],
                            "ceph_fs": [],
                            "cinder": [],
                            "config_map": [],
                            "csi": [],
                            "downward_api": [],
                            "empty_dir": [],
                            "ephemeral": [],
                            "fc": [],
                            "flex_volume": [],
                            "flocker": [],
                            "gce_persistent_disk": [],
                            "git_repo": [],
                            "glusterfs": [],
                            "host_path": [
                              {
                                "path": "/var/site24x7-labs/faults",
                                "type": "DirectoryOrCreate"
                              }
                            ],
                            "iscsi": [],
                            "local": [],
                            "name": "chaos-config",
                            "nfs": [],
                            "persistent_volume_claim": [],
                            "photon_persistent_disk": [],
                            "projected": [],
                            "quobyte": [],
                            "rbd": [],
                            "secret": [],
                            "vsphere_volume": []
                          }
                        ]
                      }
                    ]
                  }
                ]
              }
            ],
            "timeouts": {
              "create": "10m",
              "delete": null,
              "update": "10m"
            },
            "wait_for_rollout": false
          },
          "sensitive_attributes": [
            [
              {
                "type": "get_attr",
                "value": "spec"
              },
              {
                "type": "index",
                "value": {
                  "value": 0,
                  "type": "number"
                }
              },
              {
                "type": "get_attr",
                "value": "template"
              },
              {
                "type": "index",
                "value": {
                  "value": 0,
                  "type": "number"
                }
              },
              {
                "type": "get_attr",
                "value": "spec"
              },
              {
                "type": "index",
                "value": {
                  "value": 0,
                  "type": "number"
                }
              },
              {
                "type": "get_attr",
                "value": "container"
              },
              {
                "type": "index",
                "value": {
                  "value": 0,
                  "type": "number"
                }
              },
              {
                "type": "get_attr",
                "value": "env"
              },
              {
                "type": "index",
                "value": {
                  "value": 15,
                  "type": "number"
                }
              },
              {
                "type": "get_attr",
                "value": "value"
              }
            ]
          ],
          "identity_schema_version": 1,
          "identity": {
            "api_version": "apps/v1",
            "kind": "Deployment",
            "name": "auth-service",
            "namespace": "zylkerkart"
          },
          "private": "eyJlMmJmYjczMC1lY2FhLTExZTYtOGY4OC0zNDM2M2JjN2M0YzAiOnsiY3JlYXRlIjo2MDAwMDAwMDAwMDAsImRlbGV0ZSI6NjAwMDAwMDAwMDAwLCJ1cGRhdGUiOjYwMDAwMDAwMDAwMH0sInNjaGVtYV92ZXJzaW9uIjoiMSJ9",
          "dependencies": [
            "aws_eks_cluster.eks",
            "aws_eks_node_group.default",
            "aws_iam_role.eks_cluster",
            "aws_iam_role.eks_nodes",
            "aws_iam_role_policy_attachment.eks_cluster_policy",
            "aws_iam_role_policy_attachment.eks_cni_policy",
            "aws_iam_role_policy_attachment.eks_ecr_read",
            "aws_iam_role_policy_attachment.eks_vpc_resource_controller",
            "aws_iam_role_policy_attachment.eks_worker_node_policy",
            "aws_internet_gateway.eks",
            "aws_route_table.eks",
            "aws_route_table_association.eks",
            "aws_subnet.eks",
            "aws_vpc.eks",
            "azurerm_kubernetes_cluster.aks",
            "azurerm_resource_group.aks",
            "data.aws_availability_zones.available",
            "kubernetes_config_map.zylkerkart_config",
            "kubernetes_deployment.mysql",
            "kubernetes_deployment.redis",
            "kubernetes_namespace.zylkerkart",
            "kubernetes_persistent_volume_claim.mysql_pvc",
            "kubernetes_service.mysql",
            "kubernetes_service.redis"
          ]
        }
      ]
    },
    {
      "mode": "managed",
      "type": "kubernetes_deployment",
      "name": "mysql",
      "provider": "provider[\"registry.terraform.io/hashicorp/kubernetes\"]",
      "instances": [
        {
          "schema_version": 1,
          "attributes": {
            "id": "zylkerkart/mysql",
            "metadata": [
              {
                "annotations": {},
                "generate_name": "",
                "generation": 1,
                "labels": {
                  "app": "mysql"
                },
                "name": "mysql",
                "namespace": "zylkerkart",
                "resource_version": "3061",
                "uid": "7f5bac99-760d-4afd-a44d-b7940e2d7cb2"
              }
            ],
            "spec": [
              {
                "min_ready_seconds": 0,
                "paused": false,
                "progress_deadline_seconds": 600,
                "replicas": "1",
                "revision_history_limit": 10,
                "selector": [
                  {
                    "match_expressions": [],
                    "match_labels": {
                      "app": "mysql"
                    }
                  }
                ],
                "strategy": [
                  {
                    "rolling_update": [],
                    "type": "Recreate"
                  }
                ],
                "template": [
                  {
                    "metadata": [
                      {
                        "annotations": {},
                        "generate_name": "",
                        "generation": 0,
                        "labels": {
                          "app": "mysql"
                        },
                        "name": "",
                        "namespace": "",
                        "resource_version": "",
                        "uid": ""
                      }
                    ],
                    "spec": [
                      {
                        "active_deadline_seconds": 0,
                        "affinity": [],
                        "automount_service_account_token": true,
                        "container": [
                          {
                            "args": [],
                            "command": [],
                            "env": [
                              {
                                "name": "MYSQL_ROOT_PASSWORD",
                                "value": "",
                                "value_from": [
                                  {
                                    "config_map_key_ref": [
                                      {
                                        "key": "MYSQL_ROOT_PASSWORD",
                                        "name": "zylkerkart-config",
                                        "optional": false
                                      }
                                    ],
                                    "field_ref": [],
                                    "resource_field_ref": [],
                                    "secret_key_ref": []
                                  }
                                ]
                              }
                            ],
                            "env_from": [],
                            "image": "impazhani/db:latest",
                            "image_pull_policy": "Always",
                            "lifecycle": [],
                            "liveness_probe": [
                              {
                                "exec": [
                                  {
                                    "command": [
                                      "mysqladmin",
                                      "ping",
                                      "-h",
                                      "localhost",
                                      "-uroot",
                                      "-pZylkerKart@2024"
                                    ]
                                  }
                                ],
                                "failure_threshold": 3,
                                "grpc": [],
                                "http_get": [],
                                "initial_delay_seconds": 60,
                                "period_seconds": 20,
                                "success_threshold": 1,
                                "tcp_socket": [],
                                "timeout_seconds": 5
                              }
                            ],
                            "name": "mysql",
                            "port": [
                              {
                                "container_port": 3306,
                                "host_ip": "",
                                "host_port": 0,
                                "name": "",
                                "protocol": "TCP"
                              }
                            ],
                            "readiness_probe": [
                              {
                                "exec": [
                                  {
                                    "command": [
                                      "mysqladmin",
                                      "ping",
                                      "-h",
                                      "localhost",
                                      "-uroot",
                                      "-pZylkerKart@2024"
                                    ]
                                  }
                                ],
                                "failure_threshold": 3,
                                "grpc": [],
                                "http_get": [],
                                "initial_delay_seconds": 30,
                                "period_seconds": 10,
                                "success_threshold": 1,
                                "tcp_socket": [],
                                "timeout_seconds": 5
                              }
                            ],
                            "resources": [
                              {
                                "limits": {
                                  "cpu": "500m",
                                  "memory": "1Gi"
                                },
                                "requests": {
                                  "cpu": "250m",
                                  "memory": "512Mi"
                                }
                              }
                            ],
                            "security_context": [],
                            "startup_probe": [],
                            "stdin": false,
                            "stdin_once": false,
                            "termination_message_path": "/dev/termination-log",
                            "termination_message_policy": "File",
                            "tty": false,
                            "volume_device": [],
                            "volume_mount": [
                              {
                                "mount_path": "/var/lib/mysql",
                                "mount_propagation": "None",
                                "name": "mysql-data",
                                "read_only": false,
                                "sub_path": "",
                                "sub_path_expr": ""
                              }
                            ],
                            "working_dir": ""
                          }
                        ],
                        "dns_config": [],
                        "dns_policy": "ClusterFirst",
                        "enable_service_links": false,
                        "host_aliases": [],
                        "host_ipc": false,
                        "host_network": false,
                        "host_pid": false,
                        "hostname": "",
                        "image_pull_secrets": [],
                        "init_container": [],
                        "node_name": "",
                        "node_selector": {},
                        "os": [],
                        "priority_class_name": "",
                        "readiness_gate": [],
                        "restart_policy": "Always",
                        "runtime_class_name": "",
                        "scheduler_name": "default-scheduler",
                        "security_context": [],
                        "service_account_name": "",
                        "share_process_namespace": false,
                        "subdomain": "",
                        "termination_grace_period_seconds": 30,
                        "toleration": [],
                        "topology_spread_constraint": [],
                        "volume": [
                          {
                            "aws_elastic_block_store": [],
                            "azure_disk": [],
                            "azure_file": [],
                            "ceph_fs": [],
                            "cinder": [],
                            "config_map": [],
                            "csi": [],
                            "downward_api": [],
                            "empty_dir": [],
                            "ephemeral": [],
                            "fc": [],
                            "flex_volume": [],
                            "flocker": [],
                            "gce_persistent_disk": [],
                            "git_repo": [],
                            "glusterfs": [],
                            "host_path": [],
                            "iscsi": [],
                            "local": [],
                            "name": "mysql-data",
                            "nfs": [],
                            "persistent_volume_claim": [
                              {
                                "claim_name": "mysql-pvc",
                                "read_only": false
                              }
                            ],
                            "photon_persistent_disk": [],
                            "projected": [],
                            "quobyte": [],
                            "rbd": [],
                            "secret": [],
                            "vsphere_volume": []
                          }
                        ]
                      }
                    ]
                  }
                ]
              }
            ],
            "timeouts": {
              "create": "10m",
              "delete": null,
              "update": "10m"
            },
            "wait_for_rollout": true
          },
          "sensitive_attributes": [
            [
              {
                "type": "get_attr",
                "value": "spec"
              },
              {
                "type": "index",
                "value": {
                  "value": 0,
                  "type": "number"
                }
              },
              {
                "type": "get_attr",
                "value": "template"
              },
              {
                "type": "index",
                "value": {
                  "value": 0,
                  "type": "number"
                }
              },
              {
                "type": "get_attr",
                "value": "spec"
              },
              {
                "type": "index",
                "value": {
                  "value": 0,
                  "type": "number"
                }
              },
              {
                "type": "get_attr",
                "value": "container"
              },
              {
                "type": "index",
                "value": {
                  "value": 0,
                  "type": "number"
                }
              },
              {
                "type": "get_attr",
                "value": "liveness_probe"
              },
              {
                "type": "index",
                "value": {
                  "value": 0,
                  "type": "number"
                }
              },
              {
                "type": "get_attr",
                "value": "exec"
              },
              {
                "type": "index",
                "value": {
                  "value": 0,
                  "type": "number"
                }
              },
              {
                "type": "get_attr",
                "value": "command"
              },
              {
                "type": "index",
                "value": {
                  "value": 5,
                  "type": "number"
                }
              }
            ],
            [
              {
                "type": "get_attr",
                "value": "spec"
              },
              {
                "type": "index",
                "value": {
                  "value": 0,
                  "type": "number"
                }
              },
              {
                "type": "get_attr",
                "value": "template"
              },
              {
                "type": "index",
                "value": {
                  "value": 0,
                  "type": "number"
                }
              },
              {
                "type": "get_attr",
                "value": "spec"
              },
              {
                "type": "index",
                "value": {
                  "value": 0,
                  "type": "number"
                }
              },
              {
                "type": "get_attr",
                "value": "container"
              },
              {
                "type": "index",
                "value": {
                  "value": 0,
                  "type": "number"
                }
              },
              {
                "type": "get_attr",
                "value": "readiness_probe"
              },
              {
                "type": "index",
                "value": {
                  "value": 0,
                  "type": "number"
                }
              },
              {
                "type": "get_attr",
                "value": "exec"
              },
              {
                "type": "index",
                "value": {
                  "value": 0,
                  "type": "number"
                }
              },
              {
                "type": "get_attr",
                "value": "command"
              },
              {
                "type": "index",
                "value": {
                  "value": 5,
                  "type": "number"
                }
              }
            ]
          ],
          "identity_schema_version": 1,
          "identity": {
            "api_version": "apps/v1",
            "kind": "Deployment",
            "name": "mysql",
            "namespace": "zylkerkart"
          },
          "private": "eyJlMmJmYjczMC1lY2FhLTExZTYtOGY4OC0zNDM2M2JjN2M0YzAiOnsiY3JlYXRlIjo2MDAwMDAwMDAwMDAsImRlbGV0ZSI6NjAwMDAwMDAwMDAwLCJ1cGRhdGUiOjYwMDAwMDAwMDAwMH0sInNjaGVtYV92ZXJzaW9uIjoiMSJ9",
          "dependencies": [
            "aws_eks_cluster.eks",
            "aws_eks_node_group.default",
            "aws_iam_role.eks_cluster",
            "aws_iam_role.eks_nodes",
            "aws_iam_role_policy_attachment.eks_cluster_policy",
            "aws_iam_role_policy_attachment.eks_cni_policy",
            "aws_iam_role_policy_attachment.eks_ecr_read",
            "aws_iam_role_policy_attachment.eks_vpc_resource_controller",
            "aws_iam_role_policy_attachment.eks_worker_node_policy",
            "aws_internet_gateway.eks",
            "aws_route_table.eks",
            "aws_route_table_association.eks",
            "aws_subnet.eks",
            "aws_vpc.eks",
            "azurerm_kubernetes_cluster.aks",
            "azurerm_resource_group.aks",
            "data.aws_availability_zones.available",
            "kubernetes_config_map.zylkerkart_config",
            "kubernetes_namespace.zylkerkart",
            "kubernetes_persistent_volume_claim.mysql_pvc"
          ]
        }
      ]
    },
    {
      "mode": "managed",
      "type": "kubernetes_deployment",
      "name": "order_service",
      "provider": "provider[\"registry.terraform.io/hashicorp/kubernetes\"]",
      "instances": [
        {
          "schema_version": 1,
          "attributes": {
            "id": "zylkerkart/order-service",
            "metadata": [
              {
                "annotations": {},
                "generate_name": "",
                "generation": 1,
                "labels": {
                  "app": "order-service",
                  "tier": "backend"
                },
                "name": "order-service",
                "namespace": "zylkerkart",
                "resource_version": "3070",
                "uid": "b34c8ccf-b8cd-416c-986d-6b11cabdcd63"
              }
            ],
            "spec": [
              {
                "min_ready_seconds": 0,
                "paused": false,
                "progress_deadline_seconds": 600,
                "replicas": "1",
                "revision_history_limit": 10,
                "selector": [
                  {
                    "match_expressions": [],
                    "match_labels": {
                      "app": "order-service"
                    }
                  }
                ],
                "strategy": [
                  {
                    "rolling_update": [
                      {
                        "max_surge": "25%",
                        "max_unavailable": "25%"
                      }
                    ],
                    "type": "RollingUpdate"
                  }
                ],
                "template": [
                  {
                    "metadata": [
                      {
                        "annotations": {},
                        "generate_name": "",
                        "generation": 0,
                        "labels": {
                          "app": "order-service",
                          "tier": "backend"
                        },
                        "name": "",
                        "namespace": "",
                        "resource_version": "",
                        "uid": ""
                      }
                    ],
                    "spec": [
                      {
                        "active_deadline_seconds": 0,
                        "affinity": [],
                        "automount_service_account_token": true,
                        "container": [
                          {
                            "args": [],
                            "command": [],
                            "env": [
                              {
                                "name": "NODE_OPTIONS",
                                "value": "--require /apm/node_modules/apminsight",
                                "value_from": []
                              },
                              {
                                "name": "APMINSIGHT_LICENSE_KEY",
                                "value": "",
                                "value_from": [
                                  {
                                    "config_map_key_ref": [
                                      {
                                        "key": "S247_LICENSE_KEY",
                                        "name": "zylkerkart-config",
                                        "optional": false
                                      }
                                    ],
                                    "field_ref": [],
                                    "resource_field_ref": [],
                                    "secret_key_ref": []
                                  }
                                ]
                              },
                              {
                                "name": "APMINSIGHT_APP_NAME",
                                "value": "ZylkerKart-OrderService",
                                "value_from": []
                              },
                              {
                                "name": "APMINSIGHT_APP_PORT",
                                "value": "8082",
                                "value_from": []
                              },
                              {
                                "name": "PORT",
                                "value": "8082",
                                "value_from": []
                              },
                              {
                                "name": "DB_HOST",
                                "value": "mysql",
                                "value_from": []
                              },
                              {
                                "name": "DB_PORT",
                                "value": "3306",
                                "value_from": []
                              },
                              {
                                "name": "DB_USER",
                                "value": "",
                                "value_from": [
                                  {
                                    "config_map_key_ref": [
                                      {
                                        "key": "DB_USER",
                                        "name": "zylkerkart-config",
                                        "optional": false
                                      }
                                    ],
                                    "field_ref": [],
                                    "resource_field_ref": [],
                                    "secret_key_ref": []
                                  }
                                ]
                              },
                              {
                                "name": "DB_PASSWORD",
                                "value": "",
                                "value_from": [
                                  {
                                    "config_map_key_ref": [
                                      {
                                        "key": "MYSQL_ROOT_PASSWORD",
                                        "name": "zylkerkart-config",
                                        "optional": false
                                      }
                                    ],
                                    "field_ref": [],
                                    "resource_field_ref": [],
                                    "secret_key_ref": []
                                  }
                                ]
                              },
                              {
                                "name": "DB_NAME",
                                "value": "db_order",
                                "value_from": []
                              },
                              {
                                "name": "REDIS_HOST",
                                "value": "redis",
                                "value_from": []
                              },
                              {
                                "name": "REDIS_PORT",
                                "value": "6379",
                                "value_from": []
                              },
                              {
                                "name": "PAYMENT_SERVICE_URL",
                                "value": "",
                                "value_from": [
                                  {
                                    "config_map_key_ref": [
                                      {
                                        "key": "PAYMENT_SERVICE_URL",
                                        "name": "zylkerkart-config",
                                        "optional": false
                                      }
                                    ],
                                    "field_ref": [],
                                    "resource_field_ref": [],
                                    "secret_key_ref": []
                                  }
                                ]
                              },
                              {
                                "name": "AUTH_SERVICE_URL",
                                "value": "",
                                "value_from": [
                                  {
                                    "config_map_key_ref": [
                                      {
                                        "key": "AUTH_SERVICE_URL",
                                        "name": "zylkerkart-config",
                                        "optional": false
                                      }
                                    ],
                                    "field_ref": [],
                                    "resource_field_ref": [],
                                    "secret_key_ref": []
                                  }
                                ]
                              },
                              {
                                "name": "CHAOS_SDK_ENABLED",
                                "value": "true",
                                "value_from": []
                              },
                              {
                                "name": "CHAOS_SDK_APP_NAME",
                                "value": "order-service",
                                "value_from": []
                              },
                              {
                                "name": "CHAOS_SDK_CONFIG_DIR",
                                "value": "/var/site24x7-labs/faults",
                                "value_from": []
                              }
                            ],
                            "env_from": [],
                            "image": "impazhani/order-service:chaos",
                            "image_pull_policy": "Always",
                            "lifecycle": [],
                            "liveness_probe": [
                              {
                                "exec": [],
                                "failure_threshold": 10,
                                "grpc": [],
                                "http_get": [
                                  {
                                    "host": "",
                                    "http_header": [],
                                    "path": "/health",
                                    "port": "8082",
                                    "scheme": "HTTP"
                                  }
                                ],
                                "initial_delay_seconds": 60,
                                "period_seconds": 20,
                                "success_threshold": 1,
                                "tcp_socket": [],
                                "timeout_seconds": 5
                              }
                            ],
                            "name": "order-service",
                            "port": [
                              {
                                "container_port": 8082,
                                "host_ip": "",
                                "host_port": 0,
                                "name": "",
                                "protocol": "TCP"
                              }
                            ],
                            "readiness_probe": [
                              {
                                "exec": [],
                                "failure_threshold": 30,
                                "grpc": [],
                                "http_get": [
                                  {
                                    "host": "",
                                    "http_header": [],
                                    "path": "/health",
                                    "port": "8082",
                                    "scheme": "HTTP"
                                  }
                                ],
                                "initial_delay_seconds": 60,
                                "period_seconds": 10,
                                "success_threshold": 1,
                                "tcp_socket": [],
                                "timeout_seconds": 5
                              }
                            ],
                            "resources": [
                              {
                                "limits": {
                                  "cpu": "300m",
                                  "memory": "512Mi"
                                },
                                "requests": {
                                  "cpu": "100m",
                                  "memory": "192Mi"
                                }
                              }
                            ],
                            "security_context": [],
                            "startup_probe": [],
                            "stdin": false,
                            "stdin_once": false,
                            "termination_message_path": "/dev/termination-log",
                            "termination_message_policy": "File",
                            "tty": false,
                            "volume_device": [],
                            "volume_mount": [
                              {
                                "mount_path": "/apm",
                                "mount_propagation": "None",
                                "name": "s247agent",
                                "read_only": false,
                                "sub_path": "",
                                "sub_path_expr": ""
                              },
                              {
                                "mount_path": "/var/site24x7-labs/faults",
                                "mount_propagation": "None",
                                "name": "chaos-config",
                                "read_only": false,
                                "sub_path": "",
                                "sub_path_expr": ""
                              }
                            ],
                            "working_dir": ""
                          }
                        ],
                        "dns_config": [],
                        "dns_policy": "ClusterFirst",
                        "enable_service_links": false,
                        "host_aliases": [],
                        "host_ipc": false,
                        "host_network": false,
                        "host_pid": false,
                        "hostname": "",
                        "image_pull_secrets": [],
                        "init_container": [
                          {
                            "args": [],
                            "command": [
                              "sh",
                              "-c",
                              "cp -r /opt/site24x7/. /apm \u0026\u0026 chmod -R 755 /apm"
                            ],
                            "env": [],
                            "env_from": [],
                            "image": "site24x7/apminsight-nodejsagent:latest",
                            "image_pull_policy": "IfNotPresent",
                            "lifecycle": [],
                            "liveness_probe": [],
                            "name": "s247-nodejs-agent",
                            "port": [],
                            "readiness_probe": [],
                            "resources": [
                              {
                                "limits": {},
                                "requests": {}
                              }
                            ],
                            "security_context": [],
                            "startup_probe": [],
                            "stdin": false,
                            "stdin_once": false,
                            "termination_message_path": "/dev/termination-log",
                            "termination_message_policy": "File",
                            "tty": false,
                            "volume_device": [],
                            "volume_mount": [
                              {
                                "mount_path": "/apm",
                                "mount_propagation": "None",
                                "name": "s247agent",
                                "read_only": false,
                                "sub_path": "",
                                "sub_path_expr": ""
                              }
                            ],
                            "working_dir": ""
                          }
                        ],
                        "node_name": "",
                        "node_selector": {},
                        "os": [],
                        "priority_class_name": "",
                        "readiness_gate": [],
                        "restart_policy": "Always",
                        "runtime_class_name": "",
                        "scheduler_name": "default-scheduler",
                        "security_context": [],
                        "service_account_name": "",
                        "share_process_namespace": false,
                        "subdomain": "",
                        "termination_grace_period_seconds": 30,
                        "toleration": [],
                        "topology_spread_constraint": [],
                        "volume": [
                          {
                            "aws_elastic_block_store": [],
                            "azure_disk": [],
                            "azure_file": [],
                            "ceph_fs": [],
                            "cinder": [],
                            "config_map": [],
                            "csi": [],
                            "downward_api": [],
                            "empty_dir": [
                              {
                                "medium": "",
                                "size_limit": ""
                              }
                            ],
                            "ephemeral": [],
                            "fc": [],
                            "flex_volume": [],
                            "flocker": [],
                            "gce_persistent_disk": [],
                            "git_repo": [],
                            "glusterfs": [],
                            "host_path": [],
                            "iscsi": [],
                            "local": [],
                            "name": "s247agent",
                            "nfs": [],
                            "persistent_volume_claim": [],
                            "photon_persistent_disk": [],
                            "projected": [],
                            "quobyte": [],
                            "rbd": [],
                            "secret": [],
                            "vsphere_volume": []
                          },
                          {
                            "aws_elastic_block_store": [],
                            "azure_disk": [],
                            "azure_file": [],
                            "ceph_fs": [],
                            "cinder": [],
                            "config_map": [],
                            "csi": [],
                            "downward_api": [],
                            "empty_dir": [],
                            "ephemeral": [],
                            "fc": [],
                            "flex_volume": [],
                            "flocker": [],
                            "gce_persistent_disk": [],
                            "git_repo": [],
                            "glusterfs": [],
                            "host_path": [
                              {
                                "path": "/var/site24x7-labs/faults",
                                "type": "DirectoryOrCreate"
                              }
                            ],
                            "iscsi": [],
                            "local": [],
                            "name": "chaos-config",
                            "nfs": [],
                            "persistent_volume_claim": [],
                            "photon_persistent_disk": [],
                            "projected": [],
                            "quobyte": [],
                            "rbd": [],
                            "secret": [],
                            "vsphere_volume": []
                          }
                        ]
                      }
                    ]
                  }
                ]
              }
            ],
            "timeouts": {
              "create": "10m",
              "delete": null,
              "update": "10m"
            },
            "wait_for_rollout": false
          },
          "sensitive_attributes": [],
          "identity_schema_version": 1,
          "identity": {
            "api_version": "apps/v1",
            "kind": "Deployment",
            "name": "order-service",
            "namespace": "zylkerkart"
          },
          "private": "eyJlMmJmYjczMC1lY2FhLTExZTYtOGY4OC0zNDM2M2JjN2M0YzAiOnsiY3JlYXRlIjo2MDAwMDAwMDAwMDAsImRlbGV0ZSI6NjAwMDAwMDAwMDAwLCJ1cGRhdGUiOjYwMDAwMDAwMDAwMH0sInNjaGVtYV92ZXJzaW9uIjoiMSJ9",
          "dependencies": [
            "aws_eks_cluster.eks",
            "aws_eks_node_group.default",
            "aws_iam_role.eks_cluster",
            "aws_iam_role.eks_nodes",
            "aws_iam_role_policy_attachment.eks_cluster_policy",
            "aws_iam_role_policy_attachment.eks_cni_policy",
            "aws_iam_role_policy_attachment.eks_ecr_read",
            "aws_iam_role_policy_attachment.eks_vpc_resource_controller",
            "aws_iam_role_policy_attachment.eks_worker_node_policy",
            "aws_internet_gateway.eks",
            "aws_route_table.eks",
            "aws_route_table_association.eks",
            "aws_subnet.eks",
            "aws_vpc.eks",
            "azurerm_kubernetes_cluster.aks",
            "azurerm_resource_group.aks",
            "data.aws_availability_zones.available",
            "kubernetes_config_map.zylkerkart_config",
            "kubernetes_deployment.mysql",
            "kubernetes_deployment.redis",
            "kubernetes_namespace.zylkerkart",
            "kubernetes_persistent_volume_claim.mysql_pvc",
            "kubernetes_service.mysql",
            "kubernetes_service.redis"
          ]
        }
      ]
    },
    {
      "mode": "managed",
      "type": "kubernetes_deployment",
      "name": "payment_service",
      "provider": "provider[\"registry.terraform.io/hashicorp/kubernetes\"]",
      "instances": [
        {
          "schema_version": 1,
          "attributes": {
            "id": "zylkerkart/payment-service",
            "metadata": [
              {
                "annotations": {},
                "generate_name": "",
                "generation": 1,
                "labels": {
                  "app": "payment-service",
                  "tier": "backend"
                },
                "name": "payment-service",
                "namespace": "zylkerkart",
                "resource_version": "3846",
                "uid": "0a83f48e-3e06-4d67-9a32-fcc1f947b49d"
              }
            ],
            "spec": [
              {
                "min_ready_seconds": 0,
                "paused": false,
                "progress_deadline_seconds": 600,
                "replicas": "1",
                "revision_history_limit": 10,
                "selector": [
                  {
                    "match_expressions": [],
                    "match_labels": {
                      "app": "payment-service"
                    }
                  }
                ],
                "strategy": [
                  {
                    "rolling_update": [
                      {
                        "max_surge": "25%",
                        "max_unavailable": "25%"
                      }
                    ],
                    "type": "RollingUpdate"
                  }
                ],
                "template": [
                  {
                    "metadata": [
                      {
                        "annotations": {},
                        "generate_name": "",
                        "generation": 0,
                        "labels": {
                          "app": "payment-service",
                          "tier": "backend"
                        },
                        "name": "",
                        "namespace": "",
                        "resource_version": "",
                        "uid": ""
                      }
                    ],
                    "spec": [
                      {
                        "active_deadline_seconds": 0,
                        "affinity": [],
                        "automount_service_account_token": true,
                        "container": [
                          {
                            "args": [],
                            "command": [
                              "/bin/sh",
                              "-c",
                              "/home/apm/agent_start.sh"
                            ],
                            "env": [
                              {
                                "name": "APP_RUN_COMMAND",
                                "value": "uvicorn app.main:app --host 0.0.0.0 --port 8084 --workers 2",
                                "value_from": []
                              },
                              {
                                "name": "APM_APP_NAME",
                                "value": "ZylkerKart-PaymentService",
                                "value_from": []
                              },
                              {
                                "name": "S247_LICENSE_KEY",
                                "value": "",
                                "value_from": [
                                  {
                                    "config_map_key_ref": [
                                      {
                                        "key": "S247_LICENSE_KEY",
                                        "name": "zylkerkart-config",
                                        "optional": false
                                      }
                                    ],
                                    "field_ref": [],
                                    "resource_field_ref": [],
                                    "secret_key_ref": []
                                  }
                                ]
                              },
                              {
                                "name": "PORT",
                                "value": "8084",
                                "value_from": []
                              },
                              {
                                "name": "DB_HOST",
                                "value": "mysql",
                                "value_from": []
                              },
                              {
                                "name": "DB_PORT",
                                "value": "3306",
                                "value_from": []
                              },
                              {
                                "name": "DB_USER",
                                "value": "",
                                "value_from": [
                                  {
                                    "config_map_key_ref": [
                                      {
                                        "key": "DB_USER",
                                        "name": "zylkerkart-config",
                                        "optional": false
                                      }
                                    ],
                                    "field_ref": [],
                                    "resource_field_ref": [],
                                    "secret_key_ref": []
                                  }
                                ]
                              },
                              {
                                "name": "DB_PASSWORD",
                                "value": "",
                                "value_from": [
                                  {
                                    "config_map_key_ref": [
                                      {
                                        "key": "MYSQL_ROOT_PASSWORD",
                                        "name": "zylkerkart-config",
                                        "optional": false
                                      }
                                    ],
                                    "field_ref": [],
                                    "resource_field_ref": [],
                                    "secret_key_ref": []
                                  }
                                ]
                              },
                              {
                                "name": "DB_NAME",
                                "value": "db_payment",
                                "value_from": []
                              },
                              {
                                "name": "REDIS_HOST",
                                "value": "redis",
                                "value_from": []
                              },
                              {
                                "name": "REDIS_PORT",
                                "value": "6379",
                                "value_from": []
                              },
                              {
                                "name": "CHAOS_SDK_ENABLED",
                                "value": "true",
                                "value_from": []
                              },
                              {
                                "name": "CHAOS_SDK_APP_NAME",
                                "value": "payment-service",
                                "value_from": []
                              },
                              {
                                "name": "CHAOS_SDK_CONFIG_DIR",
                                "value": "/var/site24x7-labs/faults",
                                "value_from": []
                              }
                            ],
                            "env_from": [],
                            "image": "impazhani/payment-service:chaos",
                            "image_pull_policy": "Always",
                            "lifecycle": [],
                            "liveness_probe": [
                              {
                                "exec": [],
                                "failure_threshold": 10,
                                "grpc": [],
                                "http_get": [
                                  {
                                    "host": "",
                                    "http_header": [],
                                    "path": "/health",
                                    "port": "8084",
                                    "scheme": "HTTP"
                                  }
                                ],
                                "initial_delay_seconds": 60,
                                "period_seconds": 20,
                                "success_threshold": 1,
                                "tcp_socket": [],
                                "timeout_seconds": 1
                              }
                            ],
                            "name": "payment-service",
                            "port": [
                              {
                                "container_port": 8084,
                                "host_ip": "",
                                "host_port": 0,
                                "name": "",
                                "protocol": "TCP"
                              }
                            ],
                            "readiness_probe": [
                              {
                                "exec": [],
                                "failure_threshold": 30,
                                "grpc": [],
                                "http_get": [
                                  {
                                    "host": "",
                                    "http_header": [],
                                    "path": "/health",
                                    "port": "8084",
                                    "scheme": "HTTP"
                                  }
                                ],
                                "initial_delay_seconds": 60,
                                "period_seconds": 10,
                                "success_threshold": 1,
                                "tcp_socket": [],
                                "timeout_seconds": 5
                              }
                            ],
                            "resources": [
                              {
                                "limits": {
                                  "cpu": "300m",
                                  "memory": "512Mi"
                                },
                                "requests": {
                                  "cpu": "100m",
                                  "memory": "192Mi"
                                }
                              }
                            ],
                            "security_context": [],
                            "startup_probe": [],
                            "stdin": false,
                            "stdin_once": false,
                            "termination_message_path": "/dev/termination-log",
                            "termination_message_policy": "File",
                            "tty": false,
                            "volume_device": [],
                            "volume_mount": [
                              {
                                "mount_path": "/home/apm",
                                "mount_propagation": "None",
                                "name": "s247agent",
                                "read_only": false,
                                "sub_path": "",
                                "sub_path_expr": ""
                              },
                              {
                                "mount_path": "/app/apminsightdata",
                                "mount_propagation": "None",
                                "name": "apm-data",
                                "read_only": false,
                                "sub_path": "",
                                "sub_path_expr": ""
                              },
                              {
                                "mount_path": "/var/site24x7-labs/faults",
                                "mount_propagation": "None",
                                "name": "chaos-config",
                                "read_only": false,
                                "sub_path": "",
                                "sub_path_expr": ""
                              }
                            ],
                            "working_dir": ""
                          }
                        ],
                        "dns_config": [],
                        "dns_policy": "ClusterFirst",
                        "enable_service_links": false,
                        "host_aliases": [],
                        "host_ipc": false,
                        "host_network": false,
                        "host_pid": false,
                        "hostname": "",
                        "image_pull_secrets": [],
                        "init_container": [
                          {
                            "args": [],
                            "command": [
                              "sh",
                              "-c",
                              "cp -r /opt/site24x7/. /home/apm \u0026\u0026 chmod -R 777 /home/apm"
                            ],
                            "env": [],
                            "env_from": [],
                            "image": "site24x7/apminsight-pythonagent:latest",
                            "image_pull_policy": "Always",
                            "lifecycle": [],
                            "liveness_probe": [],
                            "name": "s247-python-agent",
                            "port": [],
                            "readiness_probe": [],
                            "resources": [
                              {
                                "limits": {},
                                "requests": {}
                              }
                            ],
                            "security_context": [],
                            "startup_probe": [],
                            "stdin": false,
                            "stdin_once": false,
                            "termination_message_path": "/dev/termination-log",
                            "termination_message_policy": "File",
                            "tty": false,
                            "volume_device": [],
                            "volume_mount": [
                              {
                                "mount_path": "/home/apm",
                                "mount_propagation": "None",
                                "name": "s247agent",
                                "read_only": false,
                                "sub_path": "",
                                "sub_path_expr": ""
                              }
                            ],
                            "working_dir": ""
                          }
                        ],
                        "node_name": "",
                        "node_selector": {},
                        "os": [],
                        "priority_class_name": "",
                        "readiness_gate": [],
                        "restart_policy": "Always",
                        "runtime_class_name": "",
                        "scheduler_name": "default-scheduler",
                        "security_context": [],
                        "service_account_name": "",
                        "share_process_namespace": false,
                        "subdomain": "",
                        "termination_grace_period_seconds": 30,
                        "toleration": [],
                        "topology_spread_constraint": [],
                        "volume": [
                          {
                            "aws_elastic_block_store": [],
                            "azure_disk": [],
                            "azure_file": [],
                            "ceph_fs": [],
                            "cinder": [],
                            "config_map": [],
                            "csi": [],
                            "downward_api": [],
                            "empty_dir": [
                              {
                                "medium": "",
                                "size_limit": ""
                              }
                            ],
                            "ephemeral": [],
                            "fc": [],
                            "flex_volume": [],
                            "flocker": [],
                            "gce_persistent_disk": [],
                            "git_repo": [],
                            "glusterfs": [],
                            "host_path": [],
                            "iscsi": [],
                            "local": [],
                            "name": "s247agent",
                            "nfs": [],
                            "persistent_volume_claim": [],
                            "photon_persistent_disk": [],
                            "projected": [],
                            "quobyte": [],
                            "rbd": [],
                            "secret": [],
                            "vsphere_volume": []
                          },
                          {
                            "aws_elastic_block_store": [],
                            "azure_disk": [],
                            "azure_file": [],
                            "ceph_fs": [],
                            "cinder": [],
                            "config_map": [],
                            "csi": [],
                            "downward_api": [],
                            "empty_dir": [
                              {
                                "medium": "",
                                "size_limit": ""
                              }
                            ],
                            "ephemeral": [],
                            "fc": [],
                            "flex_volume": [],
                            "flocker": [],
                            "gce_persistent_disk": [],
                            "git_repo": [],
                            "glusterfs": [],
                            "host_path": [],
                            "iscsi": [],
                            "local": [],
                            "name": "apm-data",
                            "nfs": [],
                            "persistent_volume_claim": [],
                            "photon_persistent_disk": [],
                            "projected": [],
                            "quobyte": [],
                            "rbd": [],
                            "secret": [],
                            "vsphere_volume": []
                          },
                          {
                            "aws_elastic_block_store": [],
                            "azure_disk": [],
                            "azure_file": [],
                            "ceph_fs": [],
                            "cinder": [],
                            "config_map": [],
                            "csi": [],
                            "downward_api": [],
                            "empty_dir": [],
                            "ephemeral": [],
                            "fc": [],
                            "flex_volume": [],
                            "flocker": [],
                            "gce_persistent_disk": [],
                            "git_repo": [],
                            "glusterfs": [],
                            "host_path": [
                              {
                                "path": "/var/site24x7-labs/faults",
                                "type": "DirectoryOrCreate"
                              }
                            ],
                            "iscsi": [],
                            "local": [],
                            "name": "chaos-config",
                            "nfs": [],
                            "persistent_volume_claim": [],
                            "photon_persistent_disk": [],
                            "projected": [],
                            "quobyte": [],
                            "rbd": [],
                            "secret": [],
                            "vsphere_volume": []
                          }
                        ]
                      }
                    ]
                  }
                ]
              }
            ],
            "timeouts": {
              "create": "10m",
              "delete": null,
              "update": "10m"
            },
            "wait_for_rollout": false
          },
          "sensitive_attributes": [],
          "identity_schema_version": 1,
          "identity": {
            "api_version": "apps/v1",
            "kind": "Deployment",
            "name": "payment-service",
            "namespace": "zylkerkart"
          },
          "private": "eyJlMmJmYjczMC1lY2FhLTExZTYtOGY4OC0zNDM2M2JjN2M0YzAiOnsiY3JlYXRlIjo2MDAwMDAwMDAwMDAsImRlbGV0ZSI6NjAwMDAwMDAwMDAwLCJ1cGRhdGUiOjYwMDAwMDAwMDAwMH0sInNjaGVtYV92ZXJzaW9uIjoiMSJ9",
          "dependencies": [
            "aws_eks_cluster.eks",
            "aws_eks_node_group.default",
            "aws_iam_role.eks_cluster",
            "aws_iam_role.eks_nodes",
            "aws_iam_role_policy_attachment.eks_cluster_policy",
            "aws_iam_role_policy_attachment.eks_cni_policy",
            "aws_iam_role_policy_attachment.eks_ecr_read",
            "aws_iam_role_policy_attachment.eks_vpc_resource_controller",
            "aws_iam_role_policy_attachment.eks_worker_node_policy",
            "aws_internet_gateway.eks",
            "aws_route_table.eks",
            "aws_route_table_association.eks",
            "aws_subnet.eks",
            "aws_vpc.eks",
            "azurerm_kubernetes_cluster.aks",
            "azurerm_resource_group.aks",
            "data.aws_availability_zones.available",
            "kubernetes_config_map.zylkerkart_config",
            "kubernetes_deployment.mysql",
            "kubernetes_deployment.redis",
            "kubernetes_namespace.zylkerkart",
            "kubernetes_persistent_volume_claim.mysql_pvc",
            "kubernetes_service.mysql",
            "kubernetes_service.redis"
          ]
        }
      ]
    },
    {
      "mode": "managed",
      "type": "kubernetes_deployment",
      "name": "product_service",
      "provider": "provider[\"registry.terraform.io/hashicorp/kubernetes\"]",
      "instances": [
        {
          "schema_version": 1,
          "attributes": {
            "id": "zylkerkart/product-service",
            "metadata": [
              {
                "annotations": {},
                "generate_name": "",
                "generation": 1,
                "labels": {
                  "app": "product-service",
                  "tier": "backend"
                },
                "name": "product-service",
                "namespace": "zylkerkart",
                "resource_version": "2815",
                "uid": "28a70156-c7d2-4db3-b706-7de511a4bcb4"
              }
            ],
            "spec": [
              {
                "min_ready_seconds": 0,
                "paused": false,
                "progress_deadline_seconds": 600,
                "replicas": "1",
                "revision_history_limit": 10,
                "selector": [
                  {
                    "match_expressions": [],
                    "match_labels": {
                      "app": "product-service"
                    }
                  }
                ],
                "strategy": [
                  {
                    "rolling_update": [
                      {
                        "max_surge": "25%",
                        "max_unavailable": "25%"
                      }
                    ],
                    "type": "RollingUpdate"
                  }
                ],
                "template": [
                  {
                    "metadata": [
                      {
                        "annotations": {},
                        "generate_name": "",
                        "generation": 0,
                        "labels": {
                          "app": "product-service",
                          "tier": "backend"
                        },
                        "name": "",
                        "namespace": "",
                        "resource_version": "",
                        "uid": ""
                      }
                    ],
                    "spec": [
                      {
                        "active_deadline_seconds": 0,
                        "affinity": [],
                        "automount_service_account_token": true,
                        "container": [
                          {
                            "args": [],
                            "command": [],
                            "env": [
                              {
                                "name": "JAVA_TOOL_OPTIONS",
                                "value": "-javaagent:/home/apm/apminsight-javaagent.jar -Dapminsight.application.name=ZylkerKart-ProductService",
                                "value_from": []
                              },
                              {
                                "name": "S247_LICENSE_KEY",
                                "value": "",
                                "value_from": [
                                  {
                                    "config_map_key_ref": [
                                      {
                                        "key": "S247_LICENSE_KEY",
                                        "name": "zylkerkart-config",
                                        "optional": false
                                      }
                                    ],
                                    "field_ref": [],
                                    "resource_field_ref": [],
                                    "secret_key_ref": []
                                  }
                                ]
                              },
                              {
                                "name": "SERVER_PORT",
                                "value": "8081",
                                "value_from": []
                              },
                              {
                                "name": "SPRING_DATASOURCE_URL",
                                "value": "jdbc:mysql://mysql:3306/db_product?useSSL=false\u0026allowPublicKeyRetrieval=true\u0026serverTimezone=UTC",
                                "value_from": []
                              },
                              {
                                "name": "SPRING_DATASOURCE_USERNAME",
                                "value": "",
                                "value_from": [
                                  {
                                    "config_map_key_ref": [
                                      {
                                        "key": "DB_USER",
                                        "name": "zylkerkart-config",
                                        "optional": false
                                      }
                                    ],
                                    "field_ref": [],
                                    "resource_field_ref": [],
                                    "secret_key_ref": []
                                  }
                                ]
                              },
                              {
                                "name": "SPRING_DATASOURCE_PASSWORD",
                                "value": "",
                                "value_from": [
                                  {
                                    "config_map_key_ref": [
                                      {
                                        "key": "MYSQL_ROOT_PASSWORD",
                                        "name": "zylkerkart-config",
                                        "optional": false
                                      }
                                    ],
                                    "field_ref": [],
                                    "resource_field_ref": [],
                                    "secret_key_ref": []
                                  }
                                ]
                              },
                              {
                                "name": "REDIS_HOST",
                                "value": "redis",
                                "value_from": []
                              },
                              {
                                "name": "REDIS_PORT",
                                "value": "6379",
                                "value_from": []
                              },
                              {
                                "name": "CHAOS_SDK_ENABLED",
                                "value": "true",
                                "value_from": []
                              },
                              {
                                "name": "CHAOS_SDK_APP_NAME",
                                "value": "product-service",
                                "value_from": []
                              },
                              {
                                "name": "CHAOS_SDK_CONFIG_DIR",
                                "value": "/var/site24x7-labs/faults",
                                "value_from": []
                              }
                            ],
                            "env_from": [],
                            "image": "impazhani/product-service:chaos",
                            "image_pull_policy": "Always",
                            "lifecycle": [],
                            "liveness_probe": [
                              {
                                "exec": [],
                                "failure_threshold": 3,
                                "grpc": [],
                                "http_get": [
                                  {
                                    "host": "",
                                    "http_header": [],
                                    "path": "/health",
                                    "port": "8081",
                                    "scheme": "HTTP"
                                  }
                                ],
                                "initial_delay_seconds": 90,
                                "period_seconds": 20,
                                "success_threshold": 1,
                                "tcp_socket": [],
                                "timeout_seconds": 1
                              }
                            ],
                            "name": "product-service",
                            "port": [
                              {
                                "container_port": 8081,
                                "host_ip": "",
                                "host_port": 0,
                                "name": "",
                                "protocol": "TCP"
                              }
                            ],
                            "readiness_probe": [
                              {
                                "exec": [],
                                "failure_threshold": 3,
                                "grpc": [],
                                "http_get": [
                                  {
                                    "host": "",
                                    "http_header": [],
                                    "path": "/health",
                                    "port": "8081",
                                    "scheme": "HTTP"
                                  }
                                ],
                                "initial_delay_seconds": 60,
                                "period_seconds": 10,
                                "success_threshold": 1,
                                "tcp_socket": [],
                                "timeout_seconds": 1
                              }
                            ],
                            "resources": [
                              {
                                "limits": {
                                  "cpu": "500m",
                                  "memory": "1Gi"
                                },
                                "requests": {
                                  "cpu": "200m",
                                  "memory": "512Mi"
                                }
                              }
                            ],
                            "security_context": [],
                            "startup_probe": [],
                            "stdin": false,
                            "stdin_once": false,
                            "termination_message_path": "/dev/termination-log",
                            "termination_message_policy": "File",
                            "tty": false,
                            "volume_device": [],
                            "volume_mount": [
                              {
                                "mount_path": "/home/apm",
                                "mount_propagation": "None",
                                "name": "s247agent",
                                "read_only": false,
                                "sub_path": "",
                                "sub_path_expr": ""
                              },
                              {
                                "mount_path": "/var/site24x7-labs/faults",
                                "mount_propagation": "None",
                                "name": "chaos-config",
                                "read_only": false,
                                "sub_path": "",
                                "sub_path_expr": ""
                              }
                            ],
                            "working_dir": ""
                          }
                        ],
                        "dns_config": [],
                        "dns_policy": "ClusterFirst",
                        "enable_service_links": false,
                        "host_aliases": [],
                        "host_ipc": false,
                        "host_network": false,
                        "host_pid": false,
                        "hostname": "",
                        "image_pull_secrets": [],
                        "init_container": [
                          {
                            "args": [],
                            "command": [
                              "sh",
                              "-c",
                              "cp -r /opt/site24x7/. /home/apm \u0026\u0026 chmod -R 777 /home/apm"
                            ],
                            "env": [],
                            "env_from": [],
                            "image": "site24x7/apminsight-javaagent:latest",
                            "image_pull_policy": "IfNotPresent",
                            "lifecycle": [],
                            "liveness_probe": [],
                            "name": "s247-java-agent",
                            "port": [],
                            "readiness_probe": [],
                            "resources": [
                              {
                                "limits": {},
                                "requests": {}
                              }
                            ],
                            "security_context": [],
                            "startup_probe": [],
                            "stdin": false,
                            "stdin_once": false,
                            "termination_message_path": "/dev/termination-log",
                            "termination_message_policy": "File",
                            "tty": false,
                            "volume_device": [],
                            "volume_mount": [
                              {
                                "mount_path": "/home/apm",
                                "mount_propagation": "None",
                                "name": "s247agent",
                                "read_only": false,
                                "sub_path": "",
                                "sub_path_expr": ""
                              }
                            ],
                            "working_dir": ""
                          }
                        ],
                        "node_name": "",
                        "node_selector": {},
                        "os": [],
                        "priority_class_name": "",
                        "readiness_gate": [],
                        "restart_policy": "Always",
                        "runtime_class_name": "",
                        "scheduler_name": "default-scheduler",
                        "security_context": [],
                        "service_account_name": "",
                        "share_process_namespace": false,
                        "subdomain": "",
                        "termination_grace_period_seconds": 30,
                        "toleration": [],
                        "topology_spread_constraint": [],
                        "volume": [
                          {
                            "aws_elastic_block_store": [],
                            "azure_disk": [],
                            "azure_file": [],
                            "ceph_fs": [],
                            "cinder": [],
                            "config_map": [],
                            "csi": [],
                            "downward_api": [],
                            "empty_dir": [
                              {
                                "medium": "",
                                "size_limit": ""
                              }
                            ],
                            "ephemeral": [],
                            "fc": [],
                            "flex_volume": [],
                            "flocker": [],
                            "gce_persistent_disk": [],
                            "git_repo": [],
                            "glusterfs": [],
                            "host_path": [],
                            "iscsi": [],
                            "local": [],
                            "name": "s247agent",
                            "nfs": [],
                            "persistent_volume_claim": [],
                            "photon_persistent_disk": [],
                            "projected": [],
                            "quobyte": [],
                            "rbd": [],
                            "secret": [],
                            "vsphere_volume": []
                          },
                          {
                            "aws_elastic_block_store": [],
                            "azure_disk": [],
                            "azure_file": [],
                            "ceph_fs": [],
                            "cinder": [],
                            "config_map": [],
                            "csi": [],
                            "downward_api": [],
                            "empty_dir": [],
                            "ephemeral": [],
                            "fc": [],
                            "flex_volume": [],
                            "flocker": [],
                            "gce_persistent_disk": [],
                            "git_repo": [],
                            "glusterfs": [],
                            "host_path": [
                              {
                                "path": "/var/site24x7-labs/faults",
                                "type": "DirectoryOrCreate"
                              }
                            ],
                            "iscsi": [],
                            "local": [],
                            "name": "chaos-config",
                            "nfs": [],
                            "persistent_volume_claim": [],
                            "photon_persistent_disk": [],
                            "projected": [],
                            "quobyte": [],
                            "rbd": [],
                            "secret": [],
                            "vsphere_volume": []
                          }
                        ]
                      }
                    ]
                  }
                ]
              }
            ],
            "timeouts": {
              "create": "10m",
              "delete": null,
              "update": "10m"
            },
            "wait_for_rollout": false
          },
          "sensitive_attributes": [],
          "identity_schema_version": 1,
          "identity": {
            "api_version": "apps/v1",
            "kind": "Deployment",
            "name": "product-service",
            "namespace": "zylkerkart"
          },
          "private": "eyJlMmJmYjczMC1lY2FhLTExZTYtOGY4OC0zNDM2M2JjN2M0YzAiOnsiY3JlYXRlIjo2MDAwMDAwMDAwMDAsImRlbGV0ZSI6NjAwMDAwMDAwMDAwLCJ1cGRhdGUiOjYwMDAwMDAwMDAwMH0sInNjaGVtYV92ZXJzaW9uIjoiMSJ9",
          "dependencies": [
            "aws_eks_cluster.eks",
            "aws_eks_node_group.default",
            "aws_iam_role.eks_cluster",
            "aws_iam_role.eks_nodes",
            "aws_iam_role_policy_attachment.eks_cluster_policy",
            "aws_iam_role_policy_attachment.eks_cni_policy",
            "aws_iam_role_policy_attachment.eks_ecr_read",
            "aws_iam_role_policy_attachment.eks_vpc_resource_controller",
            "aws_iam_role_policy_attachment.eks_worker_node_policy",
            "aws_internet_gateway.eks",
            "aws_route_table.eks",
            "aws_route_table_association.eks",
            "aws_subnet.eks",
            "aws_vpc.eks",
            "azurerm_kubernetes_cluster.aks",
            "azurerm_resource_group.aks",
            "data.aws_availability_zones.available",
            "kubernetes_config_map.zylkerkart_config",
            "kubernetes_deployment.mysql",
            "kubernetes_deployment.redis",
            "kubernetes_namespace.zylkerkart",
            "kubernetes_persistent_volume_claim.mysql_pvc",
            "kubernetes_service.mysql",
            "kubernetes_service.redis"
          ]
        }
      ]
    },
    {
      "mode": "managed",
      "type": "kubernetes_deployment",
      "name": "redis",
      "provider": "provider[\"registry.terraform.io/hashicorp/kubernetes\"]",
      "instances": [
        {
          "schema_version": 1,
          "attributes": {
            "id": "zylkerkart/redis",
            "metadata": [
              {
                "annotations": {},
                "generate_name": "",
                "generation": 1,
                "labels": {
                  "app": "redis"
                },
                "name": "redis",
                "namespace": "zylkerkart",
                "resource_version": "1808",
                "uid": "dee1f345-456f-4f88-9f51-7a39891f0184"
              }
            ],
            "spec": [
              {
                "min_ready_seconds": 0,
                "paused": false,
                "progress_deadline_seconds": 600,
                "replicas": "1",
                "revision_history_limit": 10,
                "selector": [
                  {
                    "match_expressions": [],
                    "match_labels": {
                      "app": "redis"
                    }
                  }
                ],
                "strategy": [
                  {
                    "rolling_update": [
                      {
                        "max_surge": "25%",
                        "max_unavailable": "25%"
                      }
                    ],
                    "type": "RollingUpdate"
                  }
                ],
                "template": [
                  {
                    "metadata": [
                      {
                        "annotations": {},
                        "generate_name": "",
                        "generation": 0,
                        "labels": {
                          "app": "redis"
                        },
                        "name": "",
                        "namespace": "",
                        "resource_version": "",
                        "uid": ""
                      }
                    ],
                    "spec": [
                      {
                        "active_deadline_seconds": 0,
                        "affinity": [],
                        "automount_service_account_token": true,
                        "container": [
                          {
                            "args": [],
                            "command": [
                              "redis-server",
                              "--maxmemory",
                              "256mb",
                              "--maxmemory-policy",
                              "allkeys-lru"
                            ],
                            "env": [],
                            "env_from": [],
                            "image": "redis:7.0-alpine",
                            "image_pull_policy": "IfNotPresent",
                            "lifecycle": [],
                            "liveness_probe": [
                              {
                                "exec": [
                                  {
                                    "command": [
                                      "redis-cli",
                                      "ping"
                                    ]
                                  }
                                ],
                                "failure_threshold": 3,
                                "grpc": [],
                                "http_get": [],
                                "initial_delay_seconds": 10,
                                "period_seconds": 20,
                                "success_threshold": 1,
                                "tcp_socket": [],
                                "timeout_seconds": 1
                              }
                            ],
                            "name": "redis",
                            "port": [
                              {
                                "container_port": 6379,
                                "host_ip": "",
                                "host_port": 0,
                                "name": "",
                                "protocol": "TCP"
                              }
                            ],
                            "readiness_probe": [
                              {
                                "exec": [
                                  {
                                    "command": [
                                      "redis-cli",
                                      "ping"
                                    ]
                                  }
                                ],
                                "failure_threshold": 3,
                                "grpc": [],
                                "http_get": [],
                                "initial_delay_seconds": 5,
                                "period_seconds": 10,
                                "success_threshold": 1,
                                "tcp_socket": [],
                                "timeout_seconds": 1
                              }
                            ],
                            "resources": [
                              {
                                "limits": {
                                  "cpu": "200m",
                                  "memory": "300Mi"
                                },
                                "requests": {
                                  "cpu": "100m",
                                  "memory": "128Mi"
                                }
                              }
                            ],
                            "security_context": [],
                            "startup_probe": [],
                            "stdin": false,
                            "stdin_once": false,
                            "termination_message_path": "/dev/termination-log",
                            "termination_message_policy": "File",
                            "tty": false,
                            "volume_device": [],
                            "volume_mount": [
                              {
                                "mount_path": "/data",
                                "mount_propagation": "None",
                                "name": "redis-data",
                                "read_only": false,
                                "sub_path": "",
                                "sub_path_expr": ""
                              }
                            ],
                            "working_dir": ""
                          }
                        ],
                        "dns_config": [],
                        "dns_policy": "ClusterFirst",
                        "enable_service_links": false,
                        "host_aliases": [],
                        "host_ipc": false,
                        "host_network": false,
                        "host_pid": false,
                        "hostname": "",
                        "image_pull_secrets": [],
                        "init_container": [],
                        "node_name": "",
                        "node_selector": {},
                        "os": [],
                        "priority_class_name": "",
                        "readiness_gate": [],
                        "restart_policy": "Always",
                        "runtime_class_name": "",
                        "scheduler_name": "default-scheduler",
                        "security_context": [],
                        "service_account_name": "",
                        "share_process_namespace": false,
                        "subdomain": "",
                        "termination_grace_period_seconds": 30,
                        "toleration": [],
                        "topology_spread_constraint": [],
                        "volume": [
                          {
                            "aws_elastic_block_store": [],
                            "azure_disk": [],
                            "azure_file": [],
                            "ceph_fs": [],
                            "cinder": [],
                            "config_map": [],
                            "csi": [],
                            "downward_api": [],
                            "empty_dir": [
                              {
                                "medium": "",
                                "size_limit": ""
                              }
                            ],
                            "ephemeral": [],
                            "fc": [],
                            "flex_volume": [],
                            "flocker": [],
                            "gce_persistent_disk": [],
                            "git_repo": [],
                            "glusterfs": [],
                            "host_path": [],
                            "iscsi": [],
                            "local": [],
                            "name": "redis-data",
                            "nfs": [],
                            "persistent_volume_claim": [],
                            "photon_persistent_disk": [],
                            "projected": [],
                            "quobyte": [],
                            "rbd": [],
                            "secret": [],
                            "vsphere_volume": []
                          }
                        ]
                      }
                    ]
                  }
                ]
              }
            ],
            "timeouts": {
              "create": "10m",
              "delete": null,
              "update": "10m"
            },
            "wait_for_rollout": true
          },
          "sensitive_attributes": [],
          "identity_schema_version": 1,
          "identity": {
            "api_version": "apps/v1",
            "kind": "Deployment",
            "name": "redis",
            "namespace": "zylkerkart"
          },
          "private": "eyJlMmJmYjczMC1lY2FhLTExZTYtOGY4OC0zNDM2M2JjN2M0YzAiOnsiY3JlYXRlIjo2MDAwMDAwMDAwMDAsImRlbGV0ZSI6NjAwMDAwMDAwMDAwLCJ1cGRhdGUiOjYwMDAwMDAwMDAwMH0sInNjaGVtYV92ZXJzaW9uIjoiMSJ9",
          "dependencies": [
            "aws_eks_cluster.eks",
            "aws_eks_node_group.default",
            "aws_iam_role.eks_cluster",
            "aws_iam_role.eks_nodes",
            "aws_iam_role_policy_attachment.eks_cluster_policy",
            "aws_iam_role_policy_attachment.eks_cni_policy",
            "aws_iam_role_policy_attachment.eks_ecr_read",
            "aws_iam_role_policy_attachment.eks_vpc_resource_controller",
            "aws_iam_role_policy_attachment.eks_worker_node_policy",
            "aws_internet_gateway.eks",
            "aws_route_table.eks",
            "aws_route_table_association.eks",
            "aws_subnet.eks",
            "aws_vpc.eks",
            "azurerm_kubernetes_cluster.aks",
            "azurerm_resource_group.aks",
            "data.aws_availability_zones.available",
            "kubernetes_namespace.zylkerkart"
          ]
        }
      ]
    },
    {
      "mode": "managed",
      "type": "kubernetes_deployment",
      "name": "search_service",
      "provider": "provider[\"registry.terraform.io/hashicorp/kubernetes\"]",
      "instances": [
        {
          "schema_version": 1,
          "attributes": {
            "id": "zylkerkart/search-service",
            "metadata": [
              {
                "annotations": {},
                "generate_name": "",
                "generation": 1,
                "labels": {
                  "app": "search-service",
                  "tier": "backend"
                },
                "name": "search-service",
                "namespace": "zylkerkart",
                "resource_version": "3262",
                "uid": "4569a820-5b07-409d-9761-adcf709fcadf"
              }
            ],
            "spec": [
              {
                "min_ready_seconds": 0,
                "paused": false,
                "progress_deadline_seconds": 600,
                "replicas": "1",
                "revision_history_limit": 10,
                "selector": [
                  {
                    "match_expressions": [],
                    "match_labels": {
                      "app": "search-service"
                    }
                  }
                ],
                "strategy": [
                  {
                    "rolling_update": [
                      {
                        "max_surge": "25%",
                        "max_unavailable": "25%"
                      }
                    ],
                    "type": "RollingUpdate"
                  }
                ],
                "template": [
                  {
                    "metadata": [
                      {
                        "annotations": {},
                        "generate_name": "",
                        "generation": 0,
                        "labels": {
                          "app": "search-service",
                          "tier": "backend"
                        },
                        "name": "",
                        "namespace": "",
                        "resource_version": "",
                        "uid": ""
                      }
                    ],
                    "spec": [
                      {
                        "active_deadline_seconds": 0,
                        "affinity": [],
                        "automount_service_account_token": true,
                        "container": [
                          {
                            "args": [],
                            "command": [
                              "/apm-bin/search-service"
                            ],
                            "env": [
                              {
                                "name": "PORT",
                                "value": "8083",
                                "value_from": []
                              },
                              {
                                "name": "DB_HOST",
                                "value": "mysql",
                                "value_from": []
                              },
                              {
                                "name": "DB_PORT",
                                "value": "3306",
                                "value_from": []
                              },
                              {
                                "name": "DB_USER",
                                "value": "",
                                "value_from": [
                                  {
                                    "config_map_key_ref": [
                                      {
                                        "key": "DB_USER",
                                        "name": "zylkerkart-config",
                                        "optional": false
                                      }
                                    ],
                                    "field_ref": [],
                                    "resource_field_ref": [],
                                    "secret_key_ref": []
                                  }
                                ]
                              },
                              {
                                "name": "DB_PASSWORD",
                                "value": "",
                                "value_from": [
                                  {
                                    "config_map_key_ref": [
                                      {
                                        "key": "MYSQL_ROOT_PASSWORD",
                                        "name": "zylkerkart-config",
                                        "optional": false
                                      }
                                    ],
                                    "field_ref": [],
                                    "resource_field_ref": [],
                                    "secret_key_ref": []
                                  }
                                ]
                              },
                              {
                                "name": "DB_NAME",
                                "value": "db_search",
                                "value_from": []
                              },
                              {
                                "name": "REDIS_HOST",
                                "value": "redis",
                                "value_from": []
                              },
                              {
                                "name": "REDIS_PORT",
                                "value": "6379",
                                "value_from": []
                              },
                              {
                                "name": "CHAOS_SDK_ENABLED",
                                "value": "true",
                                "value_from": []
                              },
                              {
                                "name": "CHAOS_SDK_APP_NAME",
                                "value": "search-service",
                                "value_from": []
                              },
                              {
                                "name": "CHAOS_SDK_CONFIG_DIR",
                                "value": "/var/site24x7-labs/faults",
                                "value_from": []
                              }
                            ],
                            "env_from": [],
                            "image": "impazhani/search-service:chaos",
                            "image_pull_policy": "Always",
                            "lifecycle": [],
                            "liveness_probe": [
                              {
                                "exec": [],
                                "failure_threshold": 30,
                                "grpc": [],
                                "http_get": [
                                  {
                                    "host": "",
                                    "http_header": [],
                                    "path": "/health",
                                    "port": "8083",
                                    "scheme": "HTTP"
                                  }
                                ],
                                "initial_delay_seconds": 60,
                                "period_seconds": 20,
                                "success_threshold": 1,
                                "tcp_socket": [],
                                "timeout_seconds": 5
                              }
                            ],
                            "name": "search-service",
                            "port": [
                              {
                                "container_port": 8083,
                                "host_ip": "",
                                "host_port": 0,
                                "name": "",
                                "protocol": "TCP"
                              }
                            ],
                            "readiness_probe": [
                              {
                                "exec": [],
                                "failure_threshold": 30,
                                "grpc": [],
                                "http_get": [
                                  {
                                    "host": "",
                                    "http_header": [],
                                    "path": "/health",
                                    "port": "8083",
                                    "scheme": "HTTP"
                                  }
                                ],
                                "initial_delay_seconds": 60,
                                "period_seconds": 10,
                                "success_threshold": 1,
                                "tcp_socket": [],
                                "timeout_seconds": 5
                              }
                            ],
                            "resources": [
                              {
                                "limits": {
                                  "cpu": "200m",
                                  "memory": "320Mi"
                                },
                                "requests": {
                                  "cpu": "50m",
                                  "memory": "96Mi"
                                }
                              }
                            ],
                            "security_context": [],
                            "startup_probe": [],
                            "stdin": false,
                            "stdin_once": false,
                            "termination_message_path": "/dev/termination-log",
                            "termination_message_policy": "File",
                            "tty": false,
                            "volume_device": [],
                            "volume_mount": [
                              {
                                "mount_path": "/apm-bin",
                                "mount_propagation": "None",
                                "name": "apm-binaries",
                                "read_only": false,
                                "sub_path": "",
                                "sub_path_expr": ""
                              },
                              {
                                "mount_path": "/var/site24x7-labs/faults",
                                "mount_propagation": "None",
                                "name": "chaos-config",
                                "read_only": false,
                                "sub_path": "",
                                "sub_path_expr": ""
                              }
                            ],
                            "working_dir": ""
                          }
                        ],
                        "dns_config": [],
                        "dns_policy": "ClusterFirst",
                        "enable_service_links": false,
                        "host_aliases": [],
                        "host_ipc": false,
                        "host_network": false,
                        "host_pid": false,
                        "hostname": "",
                        "image_pull_secrets": [],
                        "init_container": [
                          {
                            "args": [],
                            "command": [
                              "cp",
                              "/app/search-service",
                              "/apm-bin/search-service"
                            ],
                            "env": [],
                            "env_from": [],
                            "image": "impazhani/search-service:chaos",
                            "image_pull_policy": "Always",
                            "lifecycle": [],
                            "liveness_probe": [],
                            "name": "copy-binary",
                            "port": [],
                            "readiness_probe": [],
                            "resources": [
                              {
                                "limits": {},
                                "requests": {}
                              }
                            ],
                            "security_context": [],
                            "startup_probe": [],
                            "stdin": false,
                            "stdin_once": false,
                            "termination_message_path": "/dev/termination-log",
                            "termination_message_policy": "File",
                            "tty": false,
                            "volume_device": [],
                            "volume_mount": [
                              {
                                "mount_path": "/apm-bin",
                                "mount_propagation": "None",
                                "name": "apm-binaries",
                                "read_only": false,
                                "sub_path": "",
                                "sub_path_expr": ""
                              }
                            ],
                            "working_dir": ""
                          }
                        ],
                        "node_name": "",
                        "node_selector": {},
                        "os": [],
                        "priority_class_name": "",
                        "readiness_gate": [],
                        "restart_policy": "Always",
                        "runtime_class_name": "",
                        "scheduler_name": "default-scheduler",
                        "security_context": [],
                        "service_account_name": "",
                        "share_process_namespace": false,
                        "subdomain": "",
                        "termination_grace_period_seconds": 30,
                        "toleration": [],
                        "topology_spread_constraint": [],
                        "volume": [
                          {
                            "aws_elastic_block_store": [],
                            "azure_disk": [],
                            "azure_file": [],
                            "ceph_fs": [],
                            "cinder": [],
                            "config_map": [],
                            "csi": [],
                            "downward_api": [],
                            "empty_dir": [],
                            "ephemeral": [],
                            "fc": [],
                            "flex_volume": [],
                            "flocker": [],
                            "gce_persistent_disk": [],
                            "git_repo": [],
                            "glusterfs": [],
                            "host_path": [
                              {
                                "path": "/var/site24x7-labs/faults",
                                "type": "DirectoryOrCreate"
                              }
                            ],
                            "iscsi": [],
                            "local": [],
                            "name": "chaos-config",
                            "nfs": [],
                            "persistent_volume_claim": [],
                            "photon_persistent_disk": [],
                            "projected": [],
                            "quobyte": [],
                            "rbd": [],
                            "secret": [],
                            "vsphere_volume": []
                          },
                          {
                            "aws_elastic_block_store": [],
                            "azure_disk": [],
                            "azure_file": [],
                            "ceph_fs": [],
                            "cinder": [],
                            "config_map": [],
                            "csi": [],
                            "downward_api": [],
                            "empty_dir": [],
                            "ephemeral": [],
                            "fc": [],
                            "flex_volume": [],
                            "flocker": [],
                            "gce_persistent_disk": [],
                            "git_repo": [],
                            "glusterfs": [],
                            "host_path": [
                              {
                                "path": "/var/lib/apm-binaries",
                                "type": "DirectoryOrCreate"
                              }
                            ],
                            "iscsi": [],
                            "local": [],
                            "name": "apm-binaries",
                            "nfs": [],
                            "persistent_volume_claim": [],
                            "photon_persistent_disk": [],
                            "projected": [],
                            "quobyte": [],
                            "rbd": [],
                            "secret": [],
                            "vsphere_volume": []
                          }
                        ]
                      }
                    ]
                  }
                ]
              }
            ],
            "timeouts": {
              "create": "10m",
              "delete": null,
              "update": "10m"
            },
            "wait_for_rollout": false
          },
          "sensitive_attributes": [],
          "identity_schema_version": 1,
          "identity": {
            "api_version": "apps/v1",
            "kind": "Deployment",
            "name": "search-service",
            "namespace": "zylkerkart"
          },
          "private": "eyJlMmJmYjczMC1lY2FhLTExZTYtOGY4OC0zNDM2M2JjN2M0YzAiOnsiY3JlYXRlIjo2MDAwMDAwMDAwMDAsImRlbGV0ZSI6NjAwMDAwMDAwMDAwLCJ1cGRhdGUiOjYwMDAwMDAwMDAwMH0sInNjaGVtYV92ZXJzaW9uIjoiMSJ9",
          "dependencies": [
            "aws_eks_cluster.eks",
            "aws_eks_node_group.default",
            "aws_iam_role.eks_cluster",
            "aws_iam_role.eks_nodes",
            "aws_iam_role_policy_attachment.eks_cluster_policy",
            "aws_iam_role_policy_attachment.eks_cni_policy",
            "aws_iam_role_policy_attachment.eks_ecr_read",
            "aws_iam_role_policy_attachment.eks_vpc_resource_controller",
            "aws_iam_role_policy_attachment.eks_worker_node_policy",
            "aws_internet_gateway.eks",
            "aws_route_table.eks",
            "aws_route_table_association.eks",
            "aws_subnet.eks",
            "aws_vpc.eks",
            "azurerm_kubernetes_cluster.aks",
            "azurerm_resource_group.aks",
            "data.aws_availability_zones.available",
            "kubernetes_config_map.zylkerkart_config",
            "kubernetes_deployment.mysql",
            "kubernetes_deployment.redis",
            "kubernetes_namespace.zylkerkart",
            "kubernetes_persistent_volume_claim.mysql_pvc",
            "kubernetes_service.mysql",
            "kubernetes_service.redis"
          ]
        }
      ]
    },
    {
      "mode": "managed",
      "type": "kubernetes_deployment",
      "name": "site24x7_ksm",
      "provider": "provider[\"registry.terraform.io/hashicorp/kubernetes\"]",
      "instances": [
        {
          "index_key": 0,
          "schema_version": 1,
          "attributes": {
            "id": "default/site24x7-kube-state-metrics",
            "metadata": [
              {
                "annotations": {},
                "generate_name": "",
                "generation": 1,
                "labels": {
                  "app": "site24x7-kube-state-metrics",
                  "app.kubernetes.io/component": "exporter",
                  "app.kubernetes.io/name": "site24x7-kube-state-metrics",
                  "app.kubernetes.io/version": "2.9.2"
                },
                "name": "site24x7-kube-state-metrics",
                "namespace": "default",
                "resource_version": "1462",
                "uid": "8344412e-a667-403a-9425-f5deaedd8c22"
              }
            ],
            "spec": [
              {
                "min_ready_seconds": 0,
                "paused": false,
                "progress_deadline_seconds": 600,
                "replicas": "1",
                "revision_history_limit": 10,
                "selector": [
                  {
                    "match_expressions": [],
                    "match_labels": {
                      "app.kubernetes.io/name": "site24x7-kube-state-metrics"
                    }
                  }
                ],
                "strategy": [
                  {
                    "rolling_update": [
                      {
                        "max_surge": "25%",
                        "max_unavailable": "25%"
                      }
                    ],
                    "type": "RollingUpdate"
                  }
                ],
                "template": [
                  {
                    "metadata": [
                      {
                        "annotations": {},
                        "generate_name": "",
                        "generation": 0,
                        "labels": {
                          "app": "site24x7-kube-state-metrics",
                          "app.kubernetes.io/component": "exporter",
                          "app.kubernetes.io/name": "site24x7-kube-state-metrics",
                          "app.kubernetes.io/version": "2.9.2"
                        },
                        "name": "",
                        "namespace": "",
                        "resource_version": "",
                        "uid": ""
                      }
                    ],
                    "spec": [
                      {
                        "active_deadline_seconds": 0,
                        "affinity": [],
                        "automount_service_account_token": true,
                        "container": [
                          {
                            "args": [],
                            "command": [],
                            "env": [],
                            "env_from": [],
                            "image": "registry.k8s.io/kube-state-metrics/kube-state-metrics:v2.9.2",
                            "image_pull_policy": "IfNotPresent",
                            "lifecycle": [],
                            "liveness_probe": [
                              {
                                "exec": [],
                                "failure_threshold": 3,
                                "grpc": [],
                                "http_get": [
                                  {
                                    "host": "",
                                    "http_header": [],
                                    "path": "/healthz",
                                    "port": "8080",
                                    "scheme": "HTTP"
                                  }
                                ],
                                "initial_delay_seconds": 5,
                                "period_seconds": 10,
                                "success_threshold": 1,
                                "tcp_socket": [],
                                "timeout_seconds": 5
                              }
                            ],
                            "name": "site24x7-kube-state-metrics",
                            "port": [
                              {
                                "container_port": 8080,
                                "host_ip": "",
                                "host_port": 0,
                                "name": "http-metrics",
                                "protocol": "TCP"
                              },
                              {
                                "container_port": 8081,
                                "host_ip": "",
                                "host_port": 0,
                                "name": "telemetry",
                                "protocol": "TCP"
                              }
                            ],
                            "readiness_probe": [
                              {
                                "exec": [],
                                "failure_threshold": 3,
                                "grpc": [],
                                "http_get": [
                                  {
                                    "host": "",
                                    "http_header": [],
                                    "path": "/",
                                    "port": "8081",
                                    "scheme": "HTTP"
                                  }
                                ],
                                "initial_delay_seconds": 5,
                                "period_seconds": 10,
                                "success_threshold": 1,
                                "tcp_socket": [],
                                "timeout_seconds": 5
                              }
                            ],
                            "resources": [
                              {
                                "limits": {},
                                "requests": {}
                              }
                            ],
                            "security_context": [
                              {
                                "allow_privilege_escalation": false,
                                "capabilities": [
                                  {
                                    "add": [],
                                    "drop": [
                                      "ALL"
                                    ]
                                  }
                                ],
                                "privileged": false,
                                "read_only_root_filesystem": true,
                                "run_as_group": "",
                                "run_as_non_root": true,
                                "run_as_user": "65534",
                                "se_linux_options": [],
                                "seccomp_profile": [
                                  {
                                    "localhost_profile": "",
                                    "type": "RuntimeDefault"
                                  }
                                ]
                              }
                            ],
                            "startup_probe": [],
                            "stdin": false,
                            "stdin_once": false,
                            "termination_message_path": "/dev/termination-log",
                            "termination_message_policy": "File",
                            "tty": false,
                            "volume_device": [],
                            "volume_mount": [],
                            "working_dir": ""
                          }
                        ],
                        "dns_config": [],
                        "dns_policy": "ClusterFirst",
                        "enable_service_links": true,
                        "host_aliases": [],
                        "host_ipc": false,
                        "host_network": false,
                        "host_pid": false,
                        "hostname": "",
                        "image_pull_secrets": [],
                        "init_container": [],
                        "node_name": "",
                        "node_selector": {
                          "kubernetes.io/os": "linux"
                        },
                        "os": [],
                        "priority_class_name": "",
                        "readiness_gate": [],
                        "restart_policy": "Always",
                        "runtime_class_name": "",
                        "scheduler_name": "default-scheduler",
                        "security_context": [],
                        "service_account_name": "site24x7-kube-state-metrics",
                        "share_process_namespace": false,
                        "subdomain": "",
                        "termination_grace_period_seconds": 30,
                        "toleration": [
                          {
                            "effect": "",
                            "key": "",
                            "operator": "Exists",
                            "toleration_seconds": "",
                            "value": ""
                          }
                        ],
                        "topology_spread_constraint": [],
                        "volume": []
                      }
                    ]
                  }
                ]
              }
            ],
            "timeouts": null,
            "wait_for_rollout": true
          },
          "sensitive_attributes": [],
          "identity_schema_version": 1,
          "identity": {
            "api_version": "apps/v1",
            "kind": "Deployment",
            "name": "site24x7-kube-state-metrics",
            "namespace": "default"
          },
          "private": "eyJlMmJmYjczMC1lY2FhLTExZTYtOGY4OC0zNDM2M2JjN2M0YzAiOnsiY3JlYXRlIjo2MDAwMDAwMDAwMDAsImRlbGV0ZSI6NjAwMDAwMDAwMDAwLCJ1cGRhdGUiOjYwMDAwMDAwMDAwMH0sInNjaGVtYV92ZXJzaW9uIjoiMSJ9",
          "dependencies": [
            "aws_eks_cluster.eks",
            "aws_iam_role.eks_cluster",
            "aws_iam_role_policy_attachment.eks_cluster_policy",
            "aws_iam_role_policy_attachment.eks_vpc_resource_controller",
            "aws_internet_gateway.eks",
            "aws_route_table.eks",
            "aws_route_table_association.eks",
            "aws_subnet.eks",
            "aws_vpc.eks",
            "azurerm_kubernetes_cluster.aks",
            "azurerm_resource_group.aks",
            "data.aws_availability_zones.available",
            "kubernetes_cluster_role.site24x7_ksm",
            "kubernetes_cluster_role_binding.site24x7_ksm",
            "kubernetes_service_account.site24x7_ksm"
          ]
        }
      ]
    },
    {
      "mode": "managed",
      "type": "kubernetes_deployment",
      "name": "storefront",
      "provider": "provider[\"registry.terraform.io/hashicorp/kubernetes\"]",
      "instances": [
        {
          "schema_version": 1,
          "attributes": {
            "id": "zylkerkart/storefront",
            "metadata": [
              {
                "annotations": {},
                "generate_name": "",
                "generation": 1,
                "labels": {
                  "app": "storefront",
                  "tier": "frontend"
                },
                "name": "storefront",
                "namespace": "zylkerkart",
                "resource_version": "2763",
                "uid": "58702c00-acbe-4d3b-a876-d9c294116ba1"
              }
            ],
            "spec": [
              {
                "min_ready_seconds": 0,
                "paused": false,
                "progress_deadline_seconds": 600,
                "replicas": "1",
                "revision_history_limit": 10,
                "selector": [
                  {
                    "match_expressions": [],
                    "match_labels": {
                      "app": "storefront"
                    }
                  }
                ],
                "strategy": [
                  {
                    "rolling_update": [
                      {
                        "max_surge": "25%",
                        "max_unavailable": "25%"
                      }
                    ],
                    "type": "RollingUpdate"
                  }
                ],
                "template": [
                  {
                    "metadata": [
                      {
                        "annotations": {},
                        "generate_name": "",
                        "generation": 0,
                        "labels": {
                          "app": "storefront",
                          "tier": "frontend"
                        },
                        "name": "",
                        "namespace": "",
                        "resource_version": "",
                        "uid": ""
                      }
                    ],
                    "spec": [
                      {
                        "active_deadline_seconds": 0,
                        "affinity": [],
                        "automount_service_account_token": true,
                        "container": [
                          {
                            "args": [],
                            "command": [],
                            "env": [
                              {
                                "name": "JAVA_TOOL_OPTIONS",
                                "value": "-javaagent:/home/apm/apminsight-javaagent.jar -Dapminsight.application.name=ZylkerKart-Storefront",
                                "value_from": []
                              },
                              {
                                "name": "SERVER_PORT",
                                "value": "8080",
                                "value_from": []
                              },
                              {
                                "name": "S247_LICENSE_KEY",
                                "value": "",
                                "value_from": [
                                  {
                                    "config_map_key_ref": [
                                      {
                                        "key": "S247_LICENSE_KEY",
                                        "name": "zylkerkart-config",
                                        "optional": false
                                      }
                                    ],
                                    "field_ref": [],
                                    "resource_field_ref": [],
                                    "secret_key_ref": []
                                  }
                                ]
                              },
                              {
                                "name": "REDIS_HOST",
                                "value": "",
                                "value_from": [
                                  {
                                    "config_map_key_ref": [
                                      {
                                        "key": "REDIS_HOST",
                                        "name": "zylkerkart-config",
                                        "optional": false
                                      }
                                    ],
                                    "field_ref": [],
                                    "resource_field_ref": [],
                                    "secret_key_ref": []
                                  }
                                ]
                              },
                              {
                                "name": "REDIS_PORT",
                                "value": "",
                                "value_from": [
                                  {
                                    "config_map_key_ref": [
                                      {
                                        "key": "REDIS_PORT",
                                        "name": "zylkerkart-config",
                                        "optional": false
                                      }
                                    ],
                                    "field_ref": [],
                                    "resource_field_ref": [],
                                    "secret_key_ref": []
                                  }
                                ]
                              },
                              {
                                "name": "PRODUCT_SERVICE_URL",
                                "value": "",
                                "value_from": [
                                  {
                                    "config_map_key_ref": [
                                      {
                                        "key": "PRODUCT_SERVICE_URL",
                                        "name": "zylkerkart-config",
                                        "optional": false
                                      }
                                    ],
                                    "field_ref": [],
                                    "resource_field_ref": [],
                                    "secret_key_ref": []
                                  }
                                ]
                              },
                              {
                                "name": "ORDER_SERVICE_URL",
                                "value": "",
                                "value_from": [
                                  {
                                    "config_map_key_ref": [
                                      {
                                        "key": "ORDER_SERVICE_URL",
                                        "name": "zylkerkart-config",
                                        "optional": false
                                      }
                                    ],
                                    "field_ref": [],
                                    "resource_field_ref": [],
                                    "secret_key_ref": []
                                  }
                                ]
                              },
                              {
                                "name": "SEARCH_SERVICE_URL",
                                "value": "",
                                "value_from": [
                                  {
                                    "config_map_key_ref": [
                                      {
                                        "key": "SEARCH_SERVICE_URL",
                                        "name": "zylkerkart-config",
                                        "optional": false
                                      }
                                    ],
                                    "field_ref": [],
                                    "resource_field_ref": [],
                                    "secret_key_ref": []
                                  }
                                ]
                              },
                              {
                                "name": "PAYMENT_SERVICE_URL",
                                "value": "",
                                "value_from": [
                                  {
                                    "config_map_key_ref": [
                                      {
                                        "key": "PAYMENT_SERVICE_URL",
                                        "name": "zylkerkart-config",
                                        "optional": false
                                      }
                                    ],
                                    "field_ref": [],
                                    "resource_field_ref": [],
                                    "secret_key_ref": []
                                  }
                                ]
                              },
                              {
                                "name": "AUTH_SERVICE_URL",
                                "value": "",
                                "value_from": [
                                  {
                                    "config_map_key_ref": [
                                      {
                                        "key": "AUTH_SERVICE_URL",
                                        "name": "zylkerkart-config",
                                        "optional": false
                                      }
                                    ],
                                    "field_ref": [],
                                    "resource_field_ref": [],
                                    "secret_key_ref": []
                                  }
                                ]
                              },
                              {
                                "name": "CHAOS_SDK_ENABLED",
                                "value": "true",
                                "value_from": []
                              },
                              {
                                "name": "CHAOS_SDK_APP_NAME",
                                "value": "storefront",
                                "value_from": []
                              },
                              {
                                "name": "CHAOS_SDK_CONFIG_DIR",
                                "value": "/var/site24x7-labs/faults",
                                "value_from": []
                              }
                            ],
                            "env_from": [],
                            "image": "impazhani/storefront:chaos",
                            "image_pull_policy": "Always",
                            "lifecycle": [],
                            "liveness_probe": [
                              {
                                "exec": [],
                                "failure_threshold": 3,
                                "grpc": [],
                                "http_get": [
                                  {
                                    "host": "",
                                    "http_header": [],
                                    "path": "/actuator/health",
                                    "port": "8080",
                                    "scheme": "HTTP"
                                  }
                                ],
                                "initial_delay_seconds": 0,
                                "period_seconds": 20,
                                "success_threshold": 1,
                                "tcp_socket": [],
                                "timeout_seconds": 5
                              }
                            ],
                            "name": "storefront",
                            "port": [
                              {
                                "container_port": 8080,
                                "host_ip": "",
                                "host_port": 0,
                                "name": "",
                                "protocol": "TCP"
                              }
                            ],
                            "readiness_probe": [
                              {
                                "exec": [],
                                "failure_threshold": 3,
                                "grpc": [],
                                "http_get": [
                                  {
                                    "host": "",
                                    "http_header": [],
                                    "path": "/actuator/health",
                                    "port": "8080",
                                    "scheme": "HTTP"
                                  }
                                ],
                                "initial_delay_seconds": 0,
                                "period_seconds": 10,
                                "success_threshold": 1,
                                "tcp_socket": [],
                                "timeout_seconds": 5
                              }
                            ],
                            "resources": [
                              {
                                "limits": {
                                  "cpu": "400m",
                                  "memory": "512Mi"
                                },
                                "requests": {
                                  "cpu": "100m",
                                  "memory": "256Mi"
                                }
                              }
                            ],
                            "security_context": [],
                            "startup_probe": [
                              {
                                "exec": [],
                                "failure_threshold": 30,
                                "grpc": [],
                                "http_get": [
                                  {
                                    "host": "",
                                    "http_header": [],
                                    "path": "/actuator/health",
                                    "port": "8080",
                                    "scheme": "HTTP"
                                  }
                                ],
                                "initial_delay_seconds": 60,
                                "period_seconds": 10,
                                "success_threshold": 1,
                                "tcp_socket": [],
                                "timeout_seconds": 5
                              }
                            ],
                            "stdin": false,
                            "stdin_once": false,
                            "termination_message_path": "/dev/termination-log",
                            "termination_message_policy": "File",
                            "tty": false,
                            "volume_device": [],
                            "volume_mount": [
                              {
                                "mount_path": "/home/apm",
                                "mount_propagation": "None",
                                "name": "s247agent",
                                "read_only": false,
                                "sub_path": "",
                                "sub_path_expr": ""
                              },
                              {
                                "mount_path": "/var/site24x7-labs/faults",
                                "mount_propagation": "None",
                                "name": "chaos-config",
                                "read_only": false,
                                "sub_path": "",
                                "sub_path_expr": ""
                              }
                            ],
                            "working_dir": ""
                          }
                        ],
                        "dns_config": [],
                        "dns_policy": "ClusterFirst",
                        "enable_service_links": false,
                        "host_aliases": [],
                        "host_ipc": false,
                        "host_network": false,
                        "host_pid": false,
                        "hostname": "",
                        "image_pull_secrets": [],
                        "init_container": [
                          {
                            "args": [],
                            "command": [
                              "sh",
                              "-c",
                              "cp -r /opt/site24x7/. /home/apm \u0026\u0026 chmod -R 777 /home/apm"
                            ],
                            "env": [],
                            "env_from": [],
                            "image": "site24x7/apminsight-javaagent:latest",
                            "image_pull_policy": "IfNotPresent",
                            "lifecycle": [],
                            "liveness_probe": [],
                            "name": "s247-java-agent",
                            "port": [],
                            "readiness_probe": [],
                            "resources": [
                              {
                                "limits": {},
                                "requests": {}
                              }
                            ],
                            "security_context": [],
                            "startup_probe": [],
                            "stdin": false,
                            "stdin_once": false,
                            "termination_message_path": "/dev/termination-log",
                            "termination_message_policy": "File",
                            "tty": false,
                            "volume_device": [],
                            "volume_mount": [
                              {
                                "mount_path": "/home/apm",
                                "mount_propagation": "None",
                                "name": "s247agent",
                                "read_only": false,
                                "sub_path": "",
                                "sub_path_expr": ""
                              }
                            ],
                            "working_dir": ""
                          }
                        ],
                        "node_name": "",
                        "node_selector": {},
                        "os": [],
                        "priority_class_name": "",
                        "readiness_gate": [],
                        "restart_policy": "Always",
                        "runtime_class_name": "",
                        "scheduler_name": "default-scheduler",
                        "security_context": [],
                        "service_account_name": "",
                        "share_process_namespace": false,
                        "subdomain": "",
                        "termination_grace_period_seconds": 30,
                        "toleration": [],
                        "topology_spread_constraint": [],
                        "volume": [
                          {
                            "aws_elastic_block_store": [],
                            "azure_disk": [],
                            "azure_file": [],
                            "ceph_fs": [],
                            "cinder": [],
                            "config_map": [],
                            "csi": [],
                            "downward_api": [],
                            "empty_dir": [
                              {
                                "medium": "",
                                "size_limit": ""
                              }
                            ],
                            "ephemeral": [],
                            "fc": [],
                            "flex_volume": [],
                            "flocker": [],
                            "gce_persistent_disk": [],
                            "git_repo": [],
                            "glusterfs": [],
                            "host_path": [],
                            "iscsi": [],
                            "local": [],
                            "name": "s247agent",
                            "nfs": [],
                            "persistent_volume_claim": [],
                            "photon_persistent_disk": [],
                            "projected": [],
                            "quobyte": [],
                            "rbd": [],
                            "secret": [],
                            "vsphere_volume": []
                          },
                          {
                            "aws_elastic_block_store": [],
                            "azure_disk": [],
                            "azure_file": [],
                            "ceph_fs": [],
                            "cinder": [],
                            "config_map": [],
                            "csi": [],
                            "downward_api": [],
                            "empty_dir": [],
                            "ephemeral": [],
                            "fc": [],
                            "flex_volume": [],
                            "flocker": [],
                            "gce_persistent_disk": [],
                            "git_repo": [],
                            "glusterfs": [],
                            "host_path": [
                              {
                                "path": "/var/site24x7-labs/faults",
                                "type": "DirectoryOrCreate"
                              }
                            ],
                            "iscsi": [],
                            "local": [],
                            "name": "chaos-config",
                            "nfs": [],
                            "persistent_volume_claim": [],
                            "photon_persistent_disk": [],
                            "projected": [],
                            "quobyte": [],
                            "rbd": [],
                            "secret": [],
                            "vsphere_volume": []
                          }
                        ]
                      }
                    ]
                  }
                ]
              }
            ],
            "timeouts": {
              "create": "10m",
              "delete": null,
              "update": "10m"
            },
            "wait_for_rollout": false
          },
          "sensitive_attributes": [],
          "identity_schema_version": 1,
          "identity": {
            "api_version": "apps/v1",
            "kind": "Deployment",
            "name": "storefront",
            "namespace": "zylkerkart"
          },
          "private": "eyJlMmJmYjczMC1lY2FhLTExZTYtOGY4OC0zNDM2M2JjN2M0YzAiOnsiY3JlYXRlIjo2MDAwMDAwMDAwMDAsImRlbGV0ZSI6NjAwMDAwMDAwMDAwLCJ1cGRhdGUiOjYwMDAwMDAwMDAwMH0sInNjaGVtYV92ZXJzaW9uIjoiMSJ9",
          "dependencies": [
            "aws_eks_cluster.eks",
            "aws_eks_node_group.default",
            "aws_iam_role.eks_cluster",
            "aws_iam_role.eks_nodes",
            "aws_iam_role_policy_attachment.eks_cluster_policy",
            "aws_iam_role_policy_attachment.eks_cni_policy",
            "aws_iam_role_policy_attachment.eks_ecr_read",
            "aws_iam_role_policy_attachment.eks_vpc_resource_controller",
            "aws_iam_role_policy_attachment.eks_worker_node_policy",
            "aws_internet_gateway.eks",
            "aws_route_table.eks",
            "aws_route_table_association.eks",
            "aws_subnet.eks",
            "aws_vpc.eks",
            "azurerm_kubernetes_cluster.aks",
            "azurerm_resource_group.aks",
            "data.aws_availability_zones.available",
            "kubernetes_config_map.zylkerkart_config",
            "kubernetes_deployment.mysql",
            "kubernetes_deployment.redis",
            "kubernetes_namespace.zylkerkart",
            "kubernetes_persistent_volume_claim.mysql_pvc",
            "kubernetes_service.mysql",
            "kubernetes_service.redis"
          ]
        }
      ]
    },
    {
      "mode": "managed",
      "type": "kubernetes_ingress_v1",
      "name": "zylkerkart",
      "provider": "provider[\"registry.terraform.io/hashicorp/kubernetes\"]",
      "instances": [
        {
          "schema_version": 0,
          "attributes": {
            "id": "zylkerkart/zylkerkart-ingress",
            "metadata": [
              {
                "annotations": {
                  "nginx.ingress.kubernetes.io/proxy-body-size": "150m",
                  "nginx.ingress.kubernetes.io/proxy-connect-timeout": "30",
                  "nginx.ingress.kubernetes.io/proxy-read-timeout": "60",
                  "nginx.ingress.kubernetes.io/proxy-send-timeout": "60"
                },
                "generate_name": "",
                "generation": 1,
                "labels": {},
                "name": "zylkerkart-ingress",
                "namespace": "zylkerkart",
                "resource_version": "5590",
                "uid": "9d5ac512-4199-464e-adb8-8d2541d1e96c"
              }
            ],
            "spec": [
              {
                "default_backend": [],
                "ingress_class_name": "nginx",
                "rule": [
                  {
                    "host": "",
                    "http": [
                      {
                        "path": [
                          {
                            "backend": [
                              {
                                "resource": [],
                                "service": [
                                  {
                                    "name": "storefront",
                                    "port": [
                                      {
                                        "name": "",
                                        "number": 80
                                      }
                                    ]
                                  }
                                ]
                              }
                            ],
                            "path": "/",
                            "path_type": "Prefix"
                          },
                          {
                            "backend": [
                              {
                                "resource": [],
                                "service": [
                                  {
                                    "name": "product-service",
                                    "port": [
                                      {
                                        "name": "",
                                        "number": 8081
                                      }
                                    ]
                                  }
                                ]
                              }
                            ],
                            "path": "/api/products",
                            "path_type": "Prefix"
                          },
                          {
                            "backend": [
                              {
                                "resource": [],
                                "service": [
                                  {
                                    "name": "order-service",
                                    "port": [
                                      {
                                        "name": "",
                                        "number": 8082
                                      }
                                    ]
                                  }
                                ]
                              }
                            ],
                            "path": "/api/orders",
                            "path_type": "Prefix"
                          },
                          {
                            "backend": [
                              {
                                "resource": [],
                                "service": [
                                  {
                                    "name": "order-service",
                                    "port": [
                                      {
                                        "name": "",
                                        "number": 8082
                                      }
                                    ]
                                  }
                                ]
                              }
                            ],
                            "path": "/api/cart",
                            "path_type": "Prefix"
                          },
                          {
                            "backend": [
                              {
                                "resource": [],
                                "service": [
                                  {
                                    "name": "search-service",
                                    "port": [
                                      {
                                        "name": "",
                                        "number": 8083
                                      }
                                    ]
                                  }
                                ]
                              }
                            ],
                            "path": "/api/search",
                            "path_type": "Prefix"
                          },
                          {
                            "backend": [
                              {
                                "resource": [],
                                "service": [
                                  {
                                    "name": "payment-service",
                                    "port": [
                                      {
                                        "name": "",
                                        "number": 8084
                                      }
                                    ]
                                  }
                                ]
                              }
                            ],
                            "path": "/api/payments",
                            "path_type": "Prefix"
                          },
                          {
                            "backend": [
                              {
                                "resource": [],
                                "service": [
                                  {
                                    "name": "auth-service",
                                    "port": [
                                      {
                                        "name": "",
                                        "number": 8085
                                      }
                                    ]
                                  }
                                ]
                              }
                            ],
                            "path": "/api/auth",
                            "path_type": "Prefix"
                          }
                        ]
                      }
                    ]
                  }
                ],
                "tls": []
              }
            ],
            "status": [
              {
                "load_balancer": [
                  {
                    "ingress": [
                      {
                        "hostname": "ad874c856461949bc90148b001485b86-997109197.us-east-1.elb.amazonaws.com",
                        "ip": ""
                      }
                    ]
                  }
                ]
              }
            ],
            "timeouts": null,
            "wait_for_load_balancer": null
          },
          "sensitive_attributes": [],
          "identity_schema_version": 1,
          "identity": {
            "api_version": "networking.k8s.io/v1",
            "kind": "Ingress",
            "name": "zylkerkart-ingress",
            "namespace": "zylkerkart"
          },
          "private": "eyJlMmJmYjczMC1lY2FhLTExZTYtOGY4OC0zNDM2M2JjN2M0YzAiOnsiY3JlYXRlIjoxMjAwMDAwMDAwMDAwLCJkZWxldGUiOjEyMDAwMDAwMDAwMDB9fQ==",
          "dependencies": [
            "aws_eks_cluster.eks",
            "aws_eks_node_group.default",
            "aws_iam_role.eks_cluster",
            "aws_iam_role.eks_nodes",
            "aws_iam_role_policy_attachment.eks_cluster_policy",
            "aws_iam_role_policy_attachment.eks_cni_policy",
            "aws_iam_role_policy_attachment.eks_ecr_read",
            "aws_iam_role_policy_attachment.eks_vpc_resource_controller",
            "aws_iam_role_policy_attachment.eks_worker_node_policy",
            "aws_internet_gateway.eks",
            "aws_route_table.eks",
            "aws_route_table_association.eks",
            "aws_subnet.eks",
            "aws_vpc.eks",
            "azurerm_kubernetes_cluster.aks",
            "azurerm_resource_group.aks",
            "data.aws_availability_zones.available",
            "helm_release.ingress_nginx",
            "kubernetes_namespace.zylkerkart"
          ]
        }
      ]
    },
    {
      "mode": "managed",
      "type": "kubernetes_namespace",
      "name": "monitoring",
      "provider": "provider[\"registry.terraform.io/hashicorp/kubernetes\"]",
      "instances": [
        {
          "index_key": 0,
          "schema_version": 0,
          "attributes": {
            "id": "monitoring",
            "metadata": [
              {
                "annotations": {},
                "generate_name": "",
                "generation": 0,
                "labels": {
                  "purpose": "apm-monitoring"
                },
                "name": "monitoring",
                "resource_version": "1538",
                "uid": "9bc8b002-4b02-43c3-8e0e-a738b449a961"
              }
            ],
            "timeouts": null,
            "wait_for_default_service_account": false
          },
          "sensitive_attributes": [],
          "identity_schema_version": 1,
          "identity": {
            "api_version": "v1",
            "kind": "Namespace",
            "name": "monitoring"
          },
          "private": "eyJlMmJmYjczMC1lY2FhLTExZTYtOGY4OC0zNDM2M2JjN2M0YzAiOnsiZGVsZXRlIjozMDAwMDAwMDAwMDB9fQ==",
          "dependencies": [
            "aws_eks_cluster.eks",
            "aws_eks_node_group.default",
            "aws_iam_role.eks_cluster",
            "aws_iam_role.eks_nodes",
            "aws_iam_role_policy_attachment.eks_cluster_policy",
            "aws_iam_role_policy_attachment.eks_cni_policy",
            "aws_iam_role_policy_attachment.eks_ecr_read",
            "aws_iam_role_policy_attachment.eks_vpc_resource_controller",
            "aws_iam_role_policy_attachment.eks_worker_node_policy",
            "aws_internet_gateway.eks",
            "aws_route_table.eks",
            "aws_route_table_association.eks",
            "aws_subnet.eks",
            "aws_vpc.eks",
            "azurerm_kubernetes_cluster.aks",
            "azurerm_resource_group.aks",
            "data.aws_availability_zones.available"
          ]
        }
      ]
    },
    {
      "mode": "managed",
      "type": "kubernetes_namespace",
      "name": "site24x7_labs",
      "provider": "provider[\"registry.terraform.io/hashicorp/kubernetes\"]",
      "instances": [
        {
          "schema_version": 0,
          "attributes": {
            "id": "site24x7-labs",
            "metadata": [
              {
                "annotations": {},
                "generate_name": "",
                "generation": 0,
                "labels": {
                  "app.kubernetes.io/part-of": "site24x7-labs"
                },
                "name": "site24x7-labs",
                "resource_version": "2421",
                "uid": "29aaf8df-3d08-4b44-a368-41418a96eb0e"
              }
            ],
            "timeouts": null,
            "wait_for_default_service_account": false
          },
          "sensitive_attributes": [],
          "identity_schema_version": 1,
          "identity": {
            "api_version": "v1",
            "kind": "Namespace",
            "name": "site24x7-labs"
          },
          "private": "eyJlMmJmYjczMC1lY2FhLTExZTYtOGY4OC0zNDM2M2JjN2M0YzAiOnsiZGVsZXRlIjozMDAwMDAwMDAwMDB9fQ==",
          "dependencies": [
            "aws_eks_cluster.eks",
            "aws_eks_node_group.default",
            "aws_iam_role.eks_cluster",
            "aws_iam_role.eks_nodes",
            "aws_iam_role_policy_attachment.eks_cluster_policy",
            "aws_iam_role_policy_attachment.eks_cni_policy",
            "aws_iam_role_policy_attachment.eks_ecr_read",
            "aws_iam_role_policy_attachment.eks_vpc_resource_controller",
            "aws_iam_role_policy_attachment.eks_worker_node_policy",
            "aws_internet_gateway.eks",
            "aws_route_table.eks",
            "aws_route_table_association.eks",
            "aws_subnet.eks",
            "aws_vpc.eks",
            "azurerm_kubernetes_cluster.aks",
            "azurerm_resource_group.aks",
            "data.aws_availability_zones.available",
            "helm_release.ingress_nginx",
            "kubernetes_cluster_role.apm_agent_role",
            "kubernetes_cluster_role.site24x7",
            "kubernetes_cluster_role.site24x7_ksm",
            "kubernetes_cluster_role_binding.apm_agent_rolebinding",
            "kubernetes_cluster_role_binding.site24x7",
            "kubernetes_cluster_role_binding.site24x7_ksm",
            "kubernetes_config_map.apm_apps_config",
            "kubernetes_config_map.site24x7",
            "kubernetes_config_map.zylkerkart_config",
            "kubernetes_daemonset.go_apm_exporter",
            "kubernetes_daemonset.site24x7_agent",
            "kubernetes_deployment.auth_service",
            "kubernetes_deployment.mysql",
            "kubernetes_deployment.order_service",
            "kubernetes_deployment.payment_service",
            "kubernetes_deployment.product_service",
            "kubernetes_deployment.redis",
            "kubernetes_deployment.search_service",
            "kubernetes_deployment.site24x7_ksm",
            "kubernetes_deployment.storefront",
            "kubernetes_ingress_v1.zylkerkart",
            "kubernetes_namespace.monitoring",
            "kubernetes_namespace.zylkerkart",
            "kubernetes_persistent_volume_claim.mysql_pvc",
            "kubernetes_secret.site24x7_agent",
            "kubernetes_service.mysql",
            "kubernetes_service.redis",
            "kubernetes_service_account.apm_agent_sa",
            "kubernetes_service_account.site24x7",
            "kubernetes_service_account.site24x7_ksm",
            "terraform_data.k8s_ready",
            "terraform_data.site24x7_env_setup"
          ]
        }
      ]
    },
    {
      "mode": "managed",
      "type": "kubernetes_namespace",
      "name": "zylkerkart",
      "provider": "provider[\"registry.terraform.io/hashicorp/kubernetes\"]",
      "instances": [
        {
          "schema_version": 0,
          "attributes": {
            "id": "zylkerkart",
            "metadata": [
              {
                "annotations": {},
                "generate_name": "",
                "generation": 0,
                "labels": {
                  "app.kubernetes.io/part-of": "zylkerkart"
                },
                "name": "zylkerkart",
                "resource_version": "1539",
                "uid": "3b48ba22-6bff-477b-b424-a3ad217eb66b"
              }
            ],
            "timeouts": null,
            "wait_for_default_service_account": false
          },
          "sensitive_attributes": [],
          "identity_schema_version": 1,
          "identity": {
            "api_version": "v1",
            "kind": "Namespace",
            "name": "zylkerkart"
          },
          "private": "eyJlMmJmYjczMC1lY2FhLTExZTYtOGY4OC0zNDM2M2JjN2M0YzAiOnsiZGVsZXRlIjozMDAwMDAwMDAwMDB9fQ==",
          "dependencies": [
            "aws_eks_cluster.eks",
            "aws_eks_node_group.default",
            "aws_iam_role.eks_cluster",
            "aws_iam_role.eks_nodes",
            "aws_iam_role_policy_attachment.eks_cluster_policy",
            "aws_iam_role_policy_attachment.eks_cni_policy",
            "aws_iam_role_policy_attachment.eks_ecr_read",
            "aws_iam_role_policy_attachment.eks_vpc_resource_controller",
            "aws_iam_role_policy_attachment.eks_worker_node_policy",
            "aws_internet_gateway.eks",
            "aws_route_table.eks",
            "aws_route_table_association.eks",
            "aws_subnet.eks",
            "aws_vpc.eks",
            "azurerm_kubernetes_cluster.aks",
            "azurerm_resource_group.aks",
            "data.aws_availability_zones.available"
          ]
        }
      ]
    },
    {
      "mode": "managed",
      "type": "kubernetes_persistent_volume_claim",
      "name": "mysql_pvc",
      "provider": "provider[\"registry.terraform.io/hashicorp/kubernetes\"]",
      "instances": [
        {
          "schema_version": 0,
          "attributes": {
            "id": "zylkerkart/mysql-pvc",
            "metadata": [
              {
                "annotations": {},
                "generate_name": "",
                "generation": 0,
                "labels": {},
                "name": "mysql-pvc",
                "namespace": "zylkerkart",
                "resource_version": "1952",
                "uid": "3f469828-e0b7-402a-b085-43a7f56468d4"
              }
            ],
            "spec": [
              {
                "access_modes": [
                  "ReadWriteOnce"
                ],
                "resources": [
                  {
                    "limits": {},
                    "requests": {
                      "storage": "5Gi"
                    }
                  }
                ],
                "selector": [],
                "storage_class_name": "gp2",
                "volume_mode": "Filesystem",
                "volume_name": "pvc-3f469828-e0b7-402a-b085-43a7f56468d4"
              }
            ],
            "timeouts": null,
            "wait_until_bound": false
          },
          "sensitive_attributes": [],
          "identity_schema_version": 0,
          "private": "eyJlMmJmYjczMC1lY2FhLTExZTYtOGY4OC0zNDM2M2JjN2M0YzAiOnsiY3JlYXRlIjozMDAwMDAwMDAwMDB9fQ==",
          "dependencies": [
            "aws_eks_cluster.eks",
            "aws_eks_node_group.default",
            "aws_iam_role.eks_cluster",
            "aws_iam_role.eks_nodes",
            "aws_iam_role_policy_attachment.eks_cluster_policy",
            "aws_iam_role_policy_attachment.eks_cni_policy",
            "aws_iam_role_policy_attachment.eks_ecr_read",
            "aws_iam_role_policy_attachment.eks_vpc_resource_controller",
            "aws_iam_role_policy_attachment.eks_worker_node_policy",
            "aws_internet_gateway.eks",
            "aws_route_table.eks",
            "aws_route_table_association.eks",
            "aws_subnet.eks",
            "aws_vpc.eks",
            "azurerm_kubernetes_cluster.aks",
            "azurerm_resource_group.aks",
            "data.aws_availability_zones.available",
            "kubernetes_namespace.zylkerkart"
          ]
        }
      ]
    },
    {
      "mode": "managed",
      "type": "kubernetes_secret",
      "name": "site24x7_agent",
      "provider": "provider[\"registry.terraform.io/hashicorp/kubernetes\"]",
      "instances": [
        {
          "index_key": 0,
          "schema_version": 0,
          "attributes": {
            "binary_data": null,
            "binary_data_wo": null,
            "binary_data_wo_revision": null,
            "data": {
              "KEY": "us_81e5d47d355eb1705575884aa2c59da7"
            },
            "data_wo": null,
            "data_wo_revision": null,
            "id": "default/site24x7-agent",
            "immutable": false,
            "metadata": [
              {
                "annotations": {},
                "generate_name": "",
                "generation": 0,
                "labels": {},
                "name": "site24x7-agent",
                "namespace": "default",
                "resource_version": "899",
                "uid": "4e9c1d77-9695-4052-8d3c-99f7a84dd8fd"
              }
            ],
            "timeouts": null,
            "type": "Opaque",
            "wait_for_service_account_token": true
          },
          "sensitive_attributes": [
            [
              {
                "type": "get_attr",
                "value": "binary_data"
              }
            ],
            [
              {
                "type": "get_attr",
                "value": "data"
              }
            ],
            [
              {
                "type": "get_attr",
                "value": "data"
              },
              {
                "type": "index",
                "value": {
                  "value": "KEY",
                  "type": "string"
                }
              }
            ]
          ],
          "identity_schema_version": 1,
          "identity": {
            "api_version": "v1",
            "kind": "Secret",
            "name": "site24x7-agent",
            "namespace": "default"
          },
          "private": "eyJlMmJmYjczMC1lY2FhLTExZTYtOGY4OC0zNDM2M2JjN2M0YzAiOnsiY3JlYXRlIjo2MDAwMDAwMDAwMH19",
          "dependencies": [
            "aws_eks_cluster.eks",
            "aws_iam_role.eks_cluster",
            "aws_iam_role_policy_attachment.eks_cluster_policy",
            "aws_iam_role_policy_attachment.eks_vpc_resource_controller",
            "aws_internet_gateway.eks",
            "aws_route_table.eks",
            "aws_route_table_association.eks",
            "aws_subnet.eks",
            "aws_vpc.eks",
            "azurerm_kubernetes_cluster.aks",
            "azurerm_resource_group.aks",
            "data.aws_availability_zones.available"
          ]
        }
      ]
    },
    {
      "mode": "managed",
      "type": "kubernetes_secret",
      "name": "site24x7_agent_token",
      "provider": "provider[\"registry.terraform.io/hashicorp/kubernetes\"]",
      "instances": [
        {
          "schema_version": 0,
          "attributes": {
            "binary_data": null,
            "binary_data_wo": null,
            "binary_data_wo_revision": null,
            "data": {
              "AGENT_TOKEN": "s24x7_at_f74e1fd114daf995486c0da20f7c560964001c26e481f1b9da258e0f31dceb54"
            },
            "data_wo": null,
            "data_wo_revision": null,
            "id": "site24x7-labs/site24x7-labs-agent-secret",
            "immutable": false,
            "metadata": [
              {
                "annotations": {},
                "generate_name": "",
                "generation": 0,
                "labels": {},
                "name": "site24x7-labs-agent-secret",
                "namespace": "site24x7-labs",
                "resource_version": "252647",
                "uid": "843a1ce6-a8c3-4319-a3be-f0764d974d2f"
              }
            ],
            "timeouts": null,
            "type": "Opaque",
            "wait_for_service_account_token": true
          },
          "sensitive_attributes": [
            [
              {
                "type": "get_attr",
                "value": "binary_data"
              }
            ],
            [
              {
                "type": "get_attr",
                "value": "data"
              }
            ]
          ],
          "identity_schema_version": 1,
          "identity": {
            "api_version": "v1",
            "kind": "Secret",
            "name": "site24x7-labs-agent-secret",
            "namespace": "site24x7-labs"
          },
          "private": "eyJlMmJmYjczMC1lY2FhLTExZTYtOGY4OC0zNDM2M2JjN2M0YzAiOnsiY3JlYXRlIjo2MDAwMDAwMDAwMH19",
          "dependencies": [
            "aws_eks_cluster.eks",
            "aws_eks_node_group.default",
            "aws_iam_role.eks_cluster",
            "aws_iam_role.eks_nodes",
            "aws_iam_role_policy_attachment.eks_cluster_policy",
            "aws_iam_role_policy_attachment.eks_cni_policy",
            "aws_iam_role_policy_attachment.eks_ecr_read",
            "aws_iam_role_policy_attachment.eks_vpc_resource_controller",
            "aws_iam_role_policy_attachment.eks_worker_node_policy",
            "aws_internet_gateway.eks",
            "aws_route_table.eks",
            "aws_route_table_association.eks",
            "aws_subnet.eks",
            "aws_vpc.eks",
            "azurerm_kubernetes_cluster.aks",
            "azurerm_resource_group.aks",
            "data.aws_availability_zones.available",
            "data.local_file.site24x7_env_output",
            "helm_release.ingress_nginx",
            "kubernetes_cluster_role.apm_agent_role",
            "kubernetes_cluster_role.site24x7",
            "kubernetes_cluster_role.site24x7_ksm",
            "kubernetes_cluster_role_binding.apm_agent_rolebinding",
            "kubernetes_cluster_role_binding.site24x7",
            "kubernetes_cluster_role_binding.site24x7_ksm",
            "kubernetes_config_map.apm_apps_config",
            "kubernetes_config_map.site24x7",
            "kubernetes_config_map.zylkerkart_config",
            "kubernetes_daemonset.go_apm_exporter",
            "kubernetes_daemonset.site24x7_agent",
            "kubernetes_deployment.auth_service",
            "kubernetes_deployment.mysql",
            "kubernetes_deployment.order_service",
            "kubernetes_deployment.payment_service",
            "kubernetes_deployment.product_service",
            "kubernetes_deployment.redis",
            "kubernetes_deployment.search_service",
            "kubernetes_deployment.site24x7_ksm",
            "kubernetes_deployment.storefront",
            "kubernetes_ingress_v1.zylkerkart",
            "kubernetes_namespace.monitoring",
            "kubernetes_namespace.site24x7_labs",
            "kubernetes_namespace.zylkerkart",
            "kubernetes_persistent_volume_claim.mysql_pvc",
            "kubernetes_secret.site24x7_agent",
            "kubernetes_service.mysql",
            "kubernetes_service.redis",
            "kubernetes_service_account.apm_agent_sa",
            "kubernetes_service_account.site24x7",
            "kubernetes_service_account.site24x7_ksm",
            "terraform_data.k8s_ready",
            "terraform_data.site24x7_env_setup"
          ]
        }
      ]
    },
    {
      "mode": "managed",
      "type": "kubernetes_service",
      "name": "auth_service",
      "provider": "provider[\"registry.terraform.io/hashicorp/kubernetes\"]",
      "instances": [
        {
          "schema_version": 1,
          "attributes": {
            "id": "zylkerkart/auth-service",
            "metadata": [
              {
                "annotations": {},
                "generate_name": "",
                "generation": 0,
                "labels": {},
                "name": "auth-service",
                "namespace": "zylkerkart",
                "resource_version": "1550",
                "uid": "eef5a72b-259d-41f7-b7c8-825345b0938a"
              }
            ],
            "spec": [
              {
                "allocate_load_balancer_node_ports": true,
                "cluster_ip": "172.20.107.106",
                "cluster_ips": [
                  "172.20.107.106"
                ],
                "external_ips": [],
                "external_name": "",
                "external_traffic_policy": "",
                "health_check_node_port": 0,
                "internal_traffic_policy": "Cluster",
                "ip_families": [
                  "IPv4"
                ],
                "ip_family_policy": "SingleStack",
                "load_balancer_class": "",
                "load_balancer_ip": "",
                "load_balancer_source_ranges": [],
                "port": [
                  {
                    "app_protocol": "",
                    "name": "",
                    "node_port": 0,
                    "port": 8085,
                    "protocol": "TCP",
                    "target_port": "8085"
                  }
                ],
                "publish_not_ready_addresses": false,
                "selector": {
                  "app": "auth-service"
                },
                "session_affinity": "None",
                "session_affinity_config": [],
                "type": "ClusterIP"
              }
            ],
            "status": [
              {
                "load_balancer": [
                  {
                    "ingress": []
                  }
                ]
              }
            ],
            "timeouts": null,
            "wait_for_load_balancer": true
          },
          "sensitive_attributes": [],
          "identity_schema_version": 1,
          "identity": {
            "api_version": "v1",
            "kind": "Service",
            "name": "auth-service",
            "namespace": "zylkerkart"
          },
          "private": "eyJlMmJmYjczMC1lY2FhLTExZTYtOGY4OC0zNDM2M2JjN2M0YzAiOnsiY3JlYXRlIjo2MDAwMDAwMDAwMDB9LCJzY2hlbWFfdmVyc2lvbiI6IjEifQ==",
          "dependencies": [
            "aws_eks_cluster.eks",
            "aws_eks_node_group.default",
            "aws_iam_role.eks_cluster",
            "aws_iam_role.eks_nodes",
            "aws_iam_role_policy_attachment.eks_cluster_policy",
            "aws_iam_role_policy_attachment.eks_cni_policy",
            "aws_iam_role_policy_attachment.eks_ecr_read",
            "aws_iam_role_policy_attachment.eks_vpc_resource_controller",
            "aws_iam_role_policy_attachment.eks_worker_node_policy",
            "aws_internet_gateway.eks",
            "aws_route_table.eks",
            "aws_route_table_association.eks",
            "aws_subnet.eks",
            "aws_vpc.eks",
            "azurerm_kubernetes_cluster.aks",
            "azurerm_resource_group.aks",
            "data.aws_availability_zones.available",
            "kubernetes_namespace.zylkerkart"
          ]
        }
      ]
    },
    {
      "mode": "managed",
      "type": "kubernetes_service",
      "name": "mysql",
      "provider": "provider[\"registry.terraform.io/hashicorp/kubernetes\"]",
      "instances": [
        {
          "schema_version": 1,
          "attributes": {
            "id": "zylkerkart/mysql",
            "metadata": [
              {
                "annotations": {},
                "generate_name": "",
                "generation": 0,
                "labels": {},
                "name": "mysql",
                "namespace": "zylkerkart",
                "resource_version": "1595",
                "uid": "b213f94c-802b-4e6d-aaf9-e30f041ba64a"
              }
            ],
            "spec": [
              {
                "allocate_load_balancer_node_ports": true,
                "cluster_ip": "None",
                "cluster_ips": [
                  "None"
                ],
                "external_ips": [],
                "external_name": "",
                "external_traffic_policy": "",
                "health_check_node_port": 0,
                "internal_traffic_policy": "Cluster",
                "ip_families": [
                  "IPv4"
                ],
                "ip_family_policy": "SingleStack",
                "load_balancer_class": "",
                "load_balancer_ip": "",
                "load_balancer_source_ranges": [],
                "port": [
                  {
                    "app_protocol": "",
                    "name": "",
                    "node_port": 0,
                    "port": 3306,
                    "protocol": "TCP",
                    "target_port": "3306"
                  }
                ],
                "publish_not_ready_addresses": false,
                "selector": {
                  "app": "mysql"
                },
                "session_affinity": "None",
                "session_affinity_config": [],
                "type": "ClusterIP"
              }
            ],
            "status": [
              {
                "load_balancer": [
                  {
                    "ingress": []
                  }
                ]
              }
            ],
            "timeouts": null,
            "wait_for_load_balancer": true
          },
          "sensitive_attributes": [],
          "identity_schema_version": 1,
          "identity": {
            "api_version": "v1",
            "kind": "Service",
            "name": "mysql",
            "namespace": "zylkerkart"
          },
          "private": "eyJlMmJmYjczMC1lY2FhLTExZTYtOGY4OC0zNDM2M2JjN2M0YzAiOnsiY3JlYXRlIjo2MDAwMDAwMDAwMDB9LCJzY2hlbWFfdmVyc2lvbiI6IjEifQ==",
          "dependencies": [
            "aws_eks_cluster.eks",
            "aws_eks_node_group.default",
            "aws_iam_role.eks_cluster",
            "aws_iam_role.eks_nodes",
            "aws_iam_role_policy_attachment.eks_cluster_policy",
            "aws_iam_role_policy_attachment.eks_cni_policy",
            "aws_iam_role_policy_attachment.eks_ecr_read",
            "aws_iam_role_policy_attachment.eks_vpc_resource_controller",
            "aws_iam_role_policy_attachment.eks_worker_node_policy",
            "aws_internet_gateway.eks",
            "aws_route_table.eks",
            "aws_route_table_association.eks",
            "aws_subnet.eks",
            "aws_vpc.eks",
            "azurerm_kubernetes_cluster.aks",
            "azurerm_resource_group.aks",
            "data.aws_availability_zones.available",
            "kubernetes_namespace.zylkerkart"
          ]
        }
      ]
    },
    {
      "mode": "managed",
      "type": "kubernetes_service",
      "name": "order_service",
      "provider": "provider[\"registry.terraform.io/hashicorp/kubernetes\"]",
      "instances": [
        {
          "schema_version": 1,
          "attributes": {
            "id": "zylkerkart/order-service",
            "metadata": [
              {
                "annotations": {},
                "generate_name": "",
                "generation": 0,
                "labels": {},
                "name": "order-service",
                "namespace": "zylkerkart",
                "resource_version": "1565",
                "uid": "f92cc5df-946e-47ab-b518-3cd7bc5f7e97"
              }
            ],
            "spec": [
              {
                "allocate_load_balancer_node_ports": true,
                "cluster_ip": "172.20.48.70",
                "cluster_ips": [
                  "172.20.48.70"
                ],
                "external_ips": [],
                "external_name": "",
                "external_traffic_policy": "",
                "health_check_node_port": 0,
                "internal_traffic_policy": "Cluster",
                "ip_families": [
                  "IPv4"
                ],
                "ip_family_policy": "SingleStack",
                "load_balancer_class": "",
                "load_balancer_ip": "",
                "load_balancer_source_ranges": [],
                "port": [
                  {
                    "app_protocol": "",
                    "name": "",
                    "node_port": 0,
                    "port": 8082,
                    "protocol": "TCP",
                    "target_port": "8082"
                  }
                ],
                "publish_not_ready_addresses": false,
                "selector": {
                  "app": "order-service"
                },
                "session_affinity": "None",
                "session_affinity_config": [],
                "type": "ClusterIP"
              }
            ],
            "status": [
              {
                "load_balancer": [
                  {
                    "ingress": []
                  }
                ]
              }
            ],
            "timeouts": null,
            "wait_for_load_balancer": true
          },
          "sensitive_attributes": [],
          "identity_schema_version": 1,
          "identity": {
            "api_version": "v1",
            "kind": "Service",
            "name": "order-service",
            "namespace": "zylkerkart"
          },
          "private": "eyJlMmJmYjczMC1lY2FhLTExZTYtOGY4OC0zNDM2M2JjN2M0YzAiOnsiY3JlYXRlIjo2MDAwMDAwMDAwMDB9LCJzY2hlbWFfdmVyc2lvbiI6IjEifQ==",
          "dependencies": [
            "aws_eks_cluster.eks",
            "aws_eks_node_group.default",
            "aws_iam_role.eks_cluster",
            "aws_iam_role.eks_nodes",
            "aws_iam_role_policy_attachment.eks_cluster_policy",
            "aws_iam_role_policy_attachment.eks_cni_policy",
            "aws_iam_role_policy_attachment.eks_ecr_read",
            "aws_iam_role_policy_attachment.eks_vpc_resource_controller",
            "aws_iam_role_policy_attachment.eks_worker_node_policy",
            "aws_internet_gateway.eks",
            "aws_route_table.eks",
            "aws_route_table_association.eks",
            "aws_subnet.eks",
            "aws_vpc.eks",
            "azurerm_kubernetes_cluster.aks",
            "azurerm_resource_group.aks",
            "data.aws_availability_zones.available",
            "kubernetes_namespace.zylkerkart"
          ]
        }
      ]
    },
    {
      "mode": "managed",
      "type": "kubernetes_service",
      "name": "payment_service",
      "provider": "provider[\"registry.terraform.io/hashicorp/kubernetes\"]",
      "instances": [
        {
          "schema_version": 1,
          "attributes": {
            "id": "zylkerkart/payment-service",
            "metadata": [
              {
                "annotations": {},
                "generate_name": "",
                "generation": 0,
                "labels": {},
                "name": "payment-service",
                "namespace": "zylkerkart",
                "resource_version": "1564",
                "uid": "3e1a0bc6-a0e7-4049-ba41-6c011c0367bd"
              }
            ],
            "spec": [
              {
                "allocate_load_balancer_node_ports": true,
                "cluster_ip": "172.20.81.254",
                "cluster_ips": [
                  "172.20.81.254"
                ],
                "external_ips": [],
                "external_name": "",
                "external_traffic_policy": "",
                "health_check_node_port": 0,
                "internal_traffic_policy": "Cluster",
                "ip_families": [
                  "IPv4"
                ],
                "ip_family_policy": "SingleStack",
                "load_balancer_class": "",
                "load_balancer_ip": "",
                "load_balancer_source_ranges": [],
                "port": [
                  {
                    "app_protocol": "",
                    "name": "",
                    "node_port": 0,
                    "port": 8084,
                    "protocol": "TCP",
                    "target_port": "8084"
                  }
                ],
                "publish_not_ready_addresses": false,
                "selector": {
                  "app": "payment-service"
                },
                "session_affinity": "None",
                "session_affinity_config": [],
                "type": "ClusterIP"
              }
            ],
            "status": [
              {
                "load_balancer": [
                  {
                    "ingress": []
                  }
                ]
              }
            ],
            "timeouts": null,
            "wait_for_load_balancer": true
          },
          "sensitive_attributes": [],
          "identity_schema_version": 1,
          "identity": {
            "api_version": "v1",
            "kind": "Service",
            "name": "payment-service",
            "namespace": "zylkerkart"
          },
          "private": "eyJlMmJmYjczMC1lY2FhLTExZTYtOGY4OC0zNDM2M2JjN2M0YzAiOnsiY3JlYXRlIjo2MDAwMDAwMDAwMDB9LCJzY2hlbWFfdmVyc2lvbiI6IjEifQ==",
          "dependencies": [
            "aws_eks_cluster.eks",
            "aws_eks_node_group.default",
            "aws_iam_role.eks_cluster",
            "aws_iam_role.eks_nodes",
            "aws_iam_role_policy_attachment.eks_cluster_policy",
            "aws_iam_role_policy_attachment.eks_cni_policy",
            "aws_iam_role_policy_attachment.eks_ecr_read",
            "aws_iam_role_policy_attachment.eks_vpc_resource_controller",
            "aws_iam_role_policy_attachment.eks_worker_node_policy",
            "aws_internet_gateway.eks",
            "aws_route_table.eks",
            "aws_route_table_association.eks",
            "aws_subnet.eks",
            "aws_vpc.eks",
            "azurerm_kubernetes_cluster.aks",
            "azurerm_resource_group.aks",
            "data.aws_availability_zones.available",
            "kubernetes_namespace.zylkerkart"
          ]
        }
      ]
    },
    {
      "mode": "managed",
      "type": "kubernetes_service",
      "name": "product_service",
      "provider": "provider[\"registry.terraform.io/hashicorp/kubernetes\"]",
      "instances": [
        {
          "schema_version": 1,
          "attributes": {
            "id": "zylkerkart/product-service",
            "metadata": [
              {
                "annotations": {},
                "generate_name": "",
                "generation": 0,
                "labels": {},
                "name": "product-service",
                "namespace": "zylkerkart",
                "resource_version": "1556",
                "uid": "8035678f-c88c-4ecf-8250-a8125ab2564c"
              }
            ],
            "spec": [
              {
                "allocate_load_balancer_node_ports": true,
                "cluster_ip": "172.20.4.29",
                "cluster_ips": [
                  "172.20.4.29"
                ],
                "external_ips": [],
                "external_name": "",
                "external_traffic_policy": "",
                "health_check_node_port": 0,
                "internal_traffic_policy": "Cluster",
                "ip_families": [
                  "IPv4"
                ],
                "ip_family_policy": "SingleStack",
                "load_balancer_class": "",
                "load_balancer_ip": "",
                "load_balancer_source_ranges": [],
                "port": [
                  {
                    "app_protocol": "",
                    "name": "",
                    "node_port": 0,
                    "port": 8081,
                    "protocol": "TCP",
                    "target_port": "8081"
                  }
                ],
                "publish_not_ready_addresses": false,
                "selector": {
                  "app": "product-service"
                },
                "session_affinity": "None",
                "session_affinity_config": [],
                "type": "ClusterIP"
              }
            ],
            "status": [
              {
                "load_balancer": [
                  {
                    "ingress": []
                  }
                ]
              }
            ],
            "timeouts": null,
            "wait_for_load_balancer": true
          },
          "sensitive_attributes": [],
          "identity_schema_version": 1,
          "identity": {
            "api_version": "v1",
            "kind": "Service",
            "name": "product-service",
            "namespace": "zylkerkart"
          },
          "private": "eyJlMmJmYjczMC1lY2FhLTExZTYtOGY4OC0zNDM2M2JjN2M0YzAiOnsiY3JlYXRlIjo2MDAwMDAwMDAwMDB9LCJzY2hlbWFfdmVyc2lvbiI6IjEifQ==",
          "dependencies": [
            "aws_eks_cluster.eks",
            "aws_eks_node_group.default",
            "aws_iam_role.eks_cluster",
            "aws_iam_role.eks_nodes",
            "aws_iam_role_policy_attachment.eks_cluster_policy",
            "aws_iam_role_policy_attachment.eks_cni_policy",
            "aws_iam_role_policy_attachment.eks_ecr_read",
            "aws_iam_role_policy_attachment.eks_vpc_resource_controller",
            "aws_iam_role_policy_attachment.eks_worker_node_policy",
            "aws_internet_gateway.eks",
            "aws_route_table.eks",
            "aws_route_table_association.eks",
            "aws_subnet.eks",
            "aws_vpc.eks",
            "azurerm_kubernetes_cluster.aks",
            "azurerm_resource_group.aks",
            "data.aws_availability_zones.available",
            "kubernetes_namespace.zylkerkart"
          ]
        }
      ]
    },
    {
      "mode": "managed",
      "type": "kubernetes_service",
      "name": "redis",
      "provider": "provider[\"registry.terraform.io/hashicorp/kubernetes\"]",
      "instances": [
        {
          "schema_version": 1,
          "attributes": {
            "id": "zylkerkart/redis",
            "metadata": [
              {
                "annotations": {},
                "generate_name": "",
                "generation": 0,
                "labels": {},
                "name": "redis",
                "namespace": "zylkerkart",
                "resource_version": "1593",
                "uid": "4b644852-237e-4c0b-8824-23ca60972b4e"
              }
            ],
            "spec": [
              {
                "allocate_load_balancer_node_ports": true,
                "cluster_ip": "172.20.236.193",
                "cluster_ips": [
                  "172.20.236.193"
                ],
                "external_ips": [],
                "external_name": "",
                "external_traffic_policy": "",
                "health_check_node_port": 0,
                "internal_traffic_policy": "Cluster",
                "ip_families": [
                  "IPv4"
                ],
                "ip_family_policy": "SingleStack",
                "load_balancer_class": "",
                "load_balancer_ip": "",
                "load_balancer_source_ranges": [],
                "port": [
                  {
                    "app_protocol": "",
                    "name": "",
                    "node_port": 0,
                    "port": 6379,
                    "protocol": "TCP",
                    "target_port": "6379"
                  }
                ],
                "publish_not_ready_addresses": false,
                "selector": {
                  "app": "redis"
                },
                "session_affinity": "None",
                "session_affinity_config": [],
                "type": "ClusterIP"
              }
            ],
            "status": [
              {
                "load_balancer": [
                  {
                    "ingress": []
                  }
                ]
              }
            ],
            "timeouts": null,
            "wait_for_load_balancer": true
          },
          "sensitive_attributes": [],
          "identity_schema_version": 1,
          "identity": {
            "api_version": "v1",
            "kind": "Service",
            "name": "redis",
            "namespace": "zylkerkart"
          },
          "private": "eyJlMmJmYjczMC1lY2FhLTExZTYtOGY4OC0zNDM2M2JjN2M0YzAiOnsiY3JlYXRlIjo2MDAwMDAwMDAwMDB9LCJzY2hlbWFfdmVyc2lvbiI6IjEifQ==",
          "dependencies": [
            "aws_eks_cluster.eks",
            "aws_eks_node_group.default",
            "aws_iam_role.eks_cluster",
            "aws_iam_role.eks_nodes",
            "aws_iam_role_policy_attachment.eks_cluster_policy",
            "aws_iam_role_policy_attachment.eks_cni_policy",
            "aws_iam_role_policy_attachment.eks_ecr_read",
            "aws_iam_role_policy_attachment.eks_vpc_resource_controller",
            "aws_iam_role_policy_attachment.eks_worker_node_policy",
            "aws_internet_gateway.eks",
            "aws_route_table.eks",
            "aws_route_table_association.eks",
            "aws_subnet.eks",
            "aws_vpc.eks",
            "azurerm_kubernetes_cluster.aks",
            "azurerm_resource_group.aks",
            "data.aws_availability_zones.available",
            "kubernetes_namespace.zylkerkart"
          ]
        }
      ]
    },
    {
      "mode": "managed",
      "type": "kubernetes_service",
      "name": "search_service",
      "provider": "provider[\"registry.terraform.io/hashicorp/kubernetes\"]",
      "instances": [
        {
          "schema_version": 1,
          "attributes": {
            "id": "zylkerkart/search-service",
            "metadata": [
              {
                "annotations": {},
                "generate_name": "",
                "generation": 0,
                "labels": {},
                "name": "search-service",
                "namespace": "zylkerkart",
                "resource_version": "1562",
                "uid": "3ed513e0-241c-4768-a8c9-934556192e24"
              }
            ],
            "spec": [
              {
                "allocate_load_balancer_node_ports": true,
                "cluster_ip": "172.20.163.108",
                "cluster_ips": [
                  "172.20.163.108"
                ],
                "external_ips": [],
                "external_name": "",
                "external_traffic_policy": "",
                "health_check_node_port": 0,
                "internal_traffic_policy": "Cluster",
                "ip_families": [
                  "IPv4"
                ],
                "ip_family_policy": "SingleStack",
                "load_balancer_class": "",
                "load_balancer_ip": "",
                "load_balancer_source_ranges": [],
                "port": [
                  {
                    "app_protocol": "",
                    "name": "",
                    "node_port": 0,
                    "port": 8083,
                    "protocol": "TCP",
                    "target_port": "8083"
                  }
                ],
                "publish_not_ready_addresses": false,
                "selector": {
                  "app": "search-service"
                },
                "session_affinity": "None",
                "session_affinity_config": [],
                "type": "ClusterIP"
              }
            ],
            "status": [
              {
                "load_balancer": [
                  {
                    "ingress": []
                  }
                ]
              }
            ],
            "timeouts": null,
            "wait_for_load_balancer": true
          },
          "sensitive_attributes": [],
          "identity_schema_version": 1,
          "identity": {
            "api_version": "v1",
            "kind": "Service",
            "name": "search-service",
            "namespace": "zylkerkart"
          },
          "private": "eyJlMmJmYjczMC1lY2FhLTExZTYtOGY4OC0zNDM2M2JjN2M0YzAiOnsiY3JlYXRlIjo2MDAwMDAwMDAwMDB9LCJzY2hlbWFfdmVyc2lvbiI6IjEifQ==",
          "dependencies": [
            "aws_eks_cluster.eks",
            "aws_eks_node_group.default",
            "aws_iam_role.eks_cluster",
            "aws_iam_role.eks_nodes",
            "aws_iam_role_policy_attachment.eks_cluster_policy",
            "aws_iam_role_policy_attachment.eks_cni_policy",
            "aws_iam_role_policy_attachment.eks_ecr_read",
            "aws_iam_role_policy_attachment.eks_vpc_resource_controller",
            "aws_iam_role_policy_attachment.eks_worker_node_policy",
            "aws_internet_gateway.eks",
            "aws_route_table.eks",
            "aws_route_table_association.eks",
            "aws_subnet.eks",
            "aws_vpc.eks",
            "azurerm_kubernetes_cluster.aks",
            "azurerm_resource_group.aks",
            "data.aws_availability_zones.available",
            "kubernetes_namespace.zylkerkart"
          ]
        }
      ]
    },
    {
      "mode": "managed",
      "type": "kubernetes_service",
      "name": "site24x7_ksm",
      "provider": "provider[\"registry.terraform.io/hashicorp/kubernetes\"]",
      "instances": [
        {
          "index_key": 0,
          "schema_version": 1,
          "attributes": {
            "id": "default/site24x7-kube-state-metrics",
            "metadata": [
              {
                "annotations": {},
                "generate_name": "",
                "generation": 0,
                "labels": {
                  "app.kubernetes.io/component": "exporter",
                  "app.kubernetes.io/name": "site24x7-kube-state-metrics",
                  "app.kubernetes.io/version": "2.9.2"
                },
                "name": "site24x7-kube-state-metrics",
                "namespace": "default",
                "resource_version": "903",
                "uid": "5316f9f0-1d84-4a77-a734-1a8b0748d5f5"
              }
            ],
            "spec": [
              {
                "allocate_load_balancer_node_ports": true,
                "cluster_ip": "None",
                "cluster_ips": [
                  "None"
                ],
                "external_ips": [],
                "external_name": "",
                "external_traffic_policy": "",
                "health_check_node_port": 0,
                "internal_traffic_policy": "Cluster",
                "ip_families": [
                  "IPv4"
                ],
                "ip_family_policy": "SingleStack",
                "load_balancer_class": "",
                "load_balancer_ip": "",
                "load_balancer_source_ranges": [],
                "port": [
                  {
                    "app_protocol": "",
                    "name": "http-metrics",
                    "node_port": 0,
                    "port": 8080,
                    "protocol": "TCP",
                    "target_port": "http-metrics"
                  },
                  {
                    "app_protocol": "",
                    "name": "telemetry",
                    "node_port": 0,
                    "port": 8081,
                    "protocol": "TCP",
                    "target_port": "telemetry"
                  }
                ],
                "publish_not_ready_addresses": false,
                "selector": {
                  "app.kubernetes.io/name": "site24x7-kube-state-metrics"
                },
                "session_affinity": "None",
                "session_affinity_config": [],
                "type": "ClusterIP"
              }
            ],
            "status": [
              {
                "load_balancer": [
                  {
                    "ingress": []
                  }
                ]
              }
            ],
            "timeouts": null,
            "wait_for_load_balancer": true
          },
          "sensitive_attributes": [],
          "identity_schema_version": 1,
          "identity": {
            "api_version": "v1",
            "kind": "Service",
            "name": "site24x7-kube-state-metrics",
            "namespace": "default"
          },
          "private": "eyJlMmJmYjczMC1lY2FhLTExZTYtOGY4OC0zNDM2M2JjN2M0YzAiOnsiY3JlYXRlIjo2MDAwMDAwMDAwMDB9LCJzY2hlbWFfdmVyc2lvbiI6IjEifQ==",
          "dependencies": [
            "aws_eks_cluster.eks",
            "aws_iam_role.eks_cluster",
            "aws_iam_role_policy_attachment.eks_cluster_policy",
            "aws_iam_role_policy_attachment.eks_vpc_resource_controller",
            "aws_internet_gateway.eks",
            "aws_route_table.eks",
            "aws_route_table_association.eks",
            "aws_subnet.eks",
            "aws_vpc.eks",
            "azurerm_kubernetes_cluster.aks",
            "azurerm_resource_group.aks",
            "data.aws_availability_zones.available"
          ]
        }
      ]
    },
    {
      "mode": "managed",
      "type": "kubernetes_service",
      "name": "storefront",
      "provider": "provider[\"registry.terraform.io/hashicorp/kubernetes\"]",
      "instances": [
        {
          "schema_version": 1,
          "attributes": {
            "id": "zylkerkart/storefront",
            "metadata": [
              {
                "annotations": {},
                "generate_name": "",
                "generation": 0,
                "labels": {},
                "name": "storefront",
                "namespace": "zylkerkart",
                "resource_version": "1668",
                "uid": "3b982abd-2199-4b4f-8e7d-c46beb160e4f"
              }
            ],
            "spec": [
              {
                "allocate_load_balancer_node_ports": true,
                "cluster_ip": "172.20.76.238",
                "cluster_ips": [
                  "172.20.76.238"
                ],
                "external_ips": [],
                "external_name": "",
                "external_traffic_policy": "Cluster",
                "health_check_node_port": 0,
                "internal_traffic_policy": "Cluster",
                "ip_families": [
                  "IPv4"
                ],
                "ip_family_policy": "SingleStack",
                "load_balancer_class": "",
                "load_balancer_ip": "",
                "load_balancer_source_ranges": [],
                "port": [
                  {
                    "app_protocol": "",
                    "name": "",
                    "node_port": 31981,
                    "port": 80,
                    "protocol": "TCP",
                    "target_port": "8080"
                  }
                ],
                "publish_not_ready_addresses": false,
                "selector": {
                  "app": "storefront"
                },
                "session_affinity": "None",
                "session_affinity_config": [],
                "type": "LoadBalancer"
              }
            ],
            "status": [
              {
                "load_balancer": [
                  {
                    "ingress": [
                      {
                        "hostname": "a3b982abd21994b4f8e7dc46beb160e4-1336667974.us-east-1.elb.amazonaws.com",
                        "ip": ""
                      }
                    ]
                  }
                ]
              }
            ],
            "timeouts": null,
            "wait_for_load_balancer": true
          },
          "sensitive_attributes": [],
          "identity_schema_version": 1,
          "identity": {
            "api_version": "v1",
            "kind": "Service",
            "name": "storefront",
            "namespace": "zylkerkart"
          },
          "private": "eyJlMmJmYjczMC1lY2FhLTExZTYtOGY4OC0zNDM2M2JjN2M0YzAiOnsiY3JlYXRlIjo2MDAwMDAwMDAwMDB9LCJzY2hlbWFfdmVyc2lvbiI6IjEifQ==",
          "dependencies": [
            "aws_eks_cluster.eks",
            "aws_eks_node_group.default",
            "aws_iam_role.eks_cluster",
            "aws_iam_role.eks_nodes",
            "aws_iam_role_policy_attachment.eks_cluster_policy",
            "aws_iam_role_policy_attachment.eks_cni_policy",
            "aws_iam_role_policy_attachment.eks_ecr_read",
            "aws_iam_role_policy_attachment.eks_vpc_resource_controller",
            "aws_iam_role_policy_attachment.eks_worker_node_policy",
            "aws_internet_gateway.eks",
            "aws_route_table.eks",
            "aws_route_table_association.eks",
            "aws_subnet.eks",
            "aws_vpc.eks",
            "azurerm_kubernetes_cluster.aks",
            "azurerm_resource_group.aks",
            "data.aws_availability_zones.available",
            "kubernetes_namespace.zylkerkart"
          ]
        }
      ]
    },
    {
      "mode": "managed",
      "type": "kubernetes_service_account",
      "name": "apm_agent_sa",
      "provider": "provider[\"registry.terraform.io/hashicorp/kubernetes\"]",
      "instances": [
        {
          "index_key": 0,
          "schema_version": 0,
          "attributes": {
            "automount_service_account_token": true,
            "default_secret_name": "",
            "id": "monitoring/apm-agent-sa",
            "image_pull_secret": [],
            "metadata": [
              {
                "annotations": {},
                "generate_name": "",
                "generation": 0,
                "labels": {},
                "name": "apm-agent-sa",
                "namespace": "monitoring",
                "resource_version": "1606",
                "uid": "f8529702-bf2d-420d-a2d4-6cdf3c048e99"
              }
            ],
            "secret": [],
            "timeouts": null
          },
          "sensitive_attributes": [],
          "identity_schema_version": 1,
          "identity": {
            "api_version": "v1",
            "kind": "ServiceAccount",
            "name": "apm-agent-sa",
            "namespace": "monitoring"
          },
          "private": "eyJlMmJmYjczMC1lY2FhLTExZTYtOGY4OC0zNDM2M2JjN2M0YzAiOnsiY3JlYXRlIjozMDAwMDAwMDAwMH19",
          "dependencies": [
            "aws_eks_cluster.eks",
            "aws_eks_node_group.default",
            "aws_iam_role.eks_cluster",
            "aws_iam_role.eks_nodes",
            "aws_iam_role_policy_attachment.eks_cluster_policy",
            "aws_iam_role_policy_attachment.eks_cni_policy",
            "aws_iam_role_policy_attachment.eks_ecr_read",
            "aws_iam_role_policy_attachment.eks_vpc_resource_controller",
            "aws_iam_role_policy_attachment.eks_worker_node_policy",
            "aws_internet_gateway.eks",
            "aws_route_table.eks",
            "aws_route_table_association.eks",
            "aws_subnet.eks",
            "aws_vpc.eks",
            "azurerm_kubernetes_cluster.aks",
            "azurerm_resource_group.aks",
            "data.aws_availability_zones.available",
            "kubernetes_namespace.monitoring"
          ]
        }
      ]
    },
    {
      "mode": "managed",
      "type": "kubernetes_service_account",
      "name": "site24x7",
      "provider": "provider[\"registry.terraform.io/hashicorp/kubernetes\"]",
      "instances": [
        {
          "index_key": 0,
          "schema_version": 0,
          "attributes": {
            "automount_service_account_token": true,
            "default_secret_name": "",
            "id": "default/site24x7",
            "image_pull_secret": [],
            "metadata": [
              {
                "annotations": {},
                "generate_name": "",
                "generation": 0,
                "labels": {},
                "name": "site24x7",
                "namespace": "default",
                "resource_version": "901",
                "uid": "924bf7d0-467a-4478-88bc-c2090d487ae3"
              }
            ],
            "secret": [],
            "timeouts": null
          },
          "sensitive_attributes": [],
          "identity_schema_version": 1,
          "identity": {
            "api_version": "v1",
            "kind": "ServiceAccount",
            "name": "site24x7",
            "namespace": "default"
          },
          "private": "eyJlMmJmYjczMC1lY2FhLTExZTYtOGY4OC0zNDM2M2JjN2M0YzAiOnsiY3JlYXRlIjozMDAwMDAwMDAwMH19",
          "dependencies": [
            "aws_eks_cluster.eks",
            "aws_iam_role.eks_cluster",
            "aws_iam_role_policy_attachment.eks_cluster_policy",
            "aws_iam_role_policy_attachment.eks_vpc_resource_controller",
            "aws_internet_gateway.eks",
            "aws_route_table.eks",
            "aws_route_table_association.eks",
            "aws_subnet.eks",
            "aws_vpc.eks",
            "azurerm_kubernetes_cluster.aks",
            "azurerm_resource_group.aks",
            "data.aws_availability_zones.available"
          ]
        }
      ]
    },
    {
      "mode": "managed",
      "type": "kubernetes_service_account",
      "name": "site24x7_agent",
      "provider": "provider[\"registry.terraform.io/hashicorp/kubernetes\"]",
      "instances": [
        {
          "schema_version": 0,
          "attributes": {
            "automount_service_account_token": true,
            "default_secret_name": "",
            "id": "site24x7-labs/site24x7-labs-agent",
            "image_pull_secret": [],
            "metadata": [
              {
                "annotations": {},
                "generate_name": "",
                "generation": 0,
                "labels": {
                  "app.kubernetes.io/component": "agent",
                  "app.kubernetes.io/part-of": "site24x7-labs"
                },
                "name": "site24x7-labs-agent",
                "namespace": "site24x7-labs",
                "resource_version": "2425",
                "uid": "f52363f8-4a96-46bb-9f67-b56b5a6f6c7f"
              }
            ],
            "secret": [],
            "timeouts": null
          },
          "sensitive_attributes": [],
          "identity_schema_version": 1,
          "identity": {
            "api_version": "v1",
            "kind": "ServiceAccount",
            "name": "site24x7-labs-agent",
            "namespace": "site24x7-labs"
          },
          "private": "eyJlMmJmYjczMC1lY2FhLTExZTYtOGY4OC0zNDM2M2JjN2M0YzAiOnsiY3JlYXRlIjozMDAwMDAwMDAwMH19",
          "dependencies": [
            "aws_eks_cluster.eks",
            "aws_eks_node_group.default",
            "aws_iam_role.eks_cluster",
            "aws_iam_role.eks_nodes",
            "aws_iam_role_policy_attachment.eks_cluster_policy",
            "aws_iam_role_policy_attachment.eks_cni_policy",
            "aws_iam_role_policy_attachment.eks_ecr_read",
            "aws_iam_role_policy_attachment.eks_vpc_resource_controller",
            "aws_iam_role_policy_attachment.eks_worker_node_policy",
            "aws_internet_gateway.eks",
            "aws_route_table.eks",
            "aws_route_table_association.eks",
            "aws_subnet.eks",
            "aws_vpc.eks",
            "azurerm_kubernetes_cluster.aks",
            "azurerm_resource_group.aks",
            "data.aws_availability_zones.available",
            "helm_release.ingress_nginx",
            "kubernetes_cluster_role.apm_agent_role",
            "kubernetes_cluster_role.site24x7",
            "kubernetes_cluster_role.site24x7_ksm",
            "kubernetes_cluster_role_binding.apm_agent_rolebinding",
            "kubernetes_cluster_role_binding.site24x7",
            "kubernetes_cluster_role_binding.site24x7_ksm",
            "kubernetes_config_map.apm_apps_config",
            "kubernetes_config_map.site24x7",
            "kubernetes_config_map.zylkerkart_config",
            "kubernetes_daemonset.go_apm_exporter",
            "kubernetes_daemonset.site24x7_agent",
            "kubernetes_deployment.auth_service",
            "kubernetes_deployment.mysql",
            "kubernetes_deployment.order_service",
            "kubernetes_deployment.payment_service",
            "kubernetes_deployment.product_service",
            "kubernetes_deployment.redis",
            "kubernetes_deployment.search_service",
            "kubernetes_deployment.site24x7_ksm",
            "kubernetes_deployment.storefront",
            "kubernetes_ingress_v1.zylkerkart",
            "kubernetes_namespace.monitoring",
            "kubernetes_namespace.site24x7_labs",
            "kubernetes_namespace.zylkerkart",
            "kubernetes_persistent_volume_claim.mysql_pvc",
            "kubernetes_secret.site24x7_agent",
            "kubernetes_service.mysql",
            "kubernetes_service.redis",
            "kubernetes_service_account.apm_agent_sa",
            "kubernetes_service_account.site24x7",
            "kubernetes_service_account.site24x7_ksm",
            "terraform_data.k8s_ready",
            "terraform_data.site24x7_env_setup"
          ]
        }
      ]
    },
    {
      "mode": "managed",
      "type": "kubernetes_service_account",
      "name": "site24x7_ksm",
      "provider": "provider[\"registry.terraform.io/hashicorp/kubernetes\"]",
      "instances": [
        {
          "index_key": 0,
          "schema_version": 0,
          "attributes": {
            "automount_service_account_token": false,
            "default_secret_name": "",
            "id": "default/site24x7-kube-state-metrics",
            "image_pull_secret": [],
            "metadata": [
              {
                "annotations": {},
                "generate_name": "",
                "generation": 0,
                "labels": {
                  "app.kubernetes.io/component": "exporter",
                  "app.kubernetes.io/name": "site24x7-kube-state-metrics",
                  "app.kubernetes.io/version": "2.9.2"
                },
                "name": "site24x7-kube-state-metrics",
                "namespace": "default",
                "resource_version": "900",
                "uid": "c9d75817-0b07-49ce-8d8e-b7148aa12816"
              }
            ],
            "secret": [],
            "timeouts": null
          },
          "sensitive_attributes": [],
          "identity_schema_version": 1,
          "identity": {
            "api_version": "v1",
            "kind": "ServiceAccount",
            "name": "site24x7-kube-state-metrics",
            "namespace": "default"
          },
          "private": "eyJlMmJmYjczMC1lY2FhLTExZTYtOGY4OC0zNDM2M2JjN2M0YzAiOnsiY3JlYXRlIjozMDAwMDAwMDAwMH19",
          "dependencies": [
            "aws_eks_cluster.eks",
            "aws_iam_role.eks_cluster",
            "aws_iam_role_policy_attachment.eks_cluster_policy",
            "aws_iam_role_policy_attachment.eks_vpc_resource_controller",
            "aws_internet_gateway.eks",
            "aws_route_table.eks",
            "aws_route_table_association.eks",
            "aws_subnet.eks",
            "aws_vpc.eks",
            "azurerm_kubernetes_cluster.aks",
            "azurerm_resource_group.aks",
            "data.aws_availability_zones.available"
          ]
        }
      ]
    },
    {
      "mode": "managed",
      "type": "null_resource",
      "name": "wait_for_apm_agents",
      "provider": "provider[\"registry.terraform.io/hashicorp/null\"]",
      "instances": [
        {
          "index_key": 0,
          "schema_version": 0,
          "attributes": {
            "id": "8394942460391795280",
            "triggers": {
              "always_run": "2026-03-18T06:56:00Z"
            }
          },
          "sensitive_attributes": [],
          "identity_schema_version": 0,
          "dependencies": [
            "aws_eks_cluster.eks",
            "aws_eks_node_group.default",
            "aws_iam_role.eks_cluster",
            "aws_iam_role.eks_nodes",
            "aws_iam_role_policy_attachment.eks_cluster_policy",
            "aws_iam_role_policy_attachment.eks_cni_policy",
            "aws_iam_role_policy_attachment.eks_ecr_read",
            "aws_iam_role_policy_attachment.eks_vpc_resource_controller",
            "aws_iam_role_policy_attachment.eks_worker_node_policy",
            "aws_internet_gateway.eks",
            "aws_route_table.eks",
            "aws_route_table_association.eks",
            "aws_subnet.eks",
            "aws_vpc.eks",
            "azurerm_kubernetes_cluster.aks",
            "azurerm_resource_group.aks",
            "data.aws_availability_zones.available",
            "helm_release.ingress_nginx",
            "kubernetes_cluster_role.apm_agent_role",
            "kubernetes_cluster_role.site24x7",
            "kubernetes_cluster_role.site24x7_ksm",
            "kubernetes_cluster_role_binding.apm_agent_rolebinding",
            "kubernetes_cluster_role_binding.site24x7",
            "kubernetes_cluster_role_binding.site24x7_ksm",
            "kubernetes_config_map.apm_apps_config",
            "kubernetes_config_map.site24x7",
            "kubernetes_config_map.zylkerkart_config",
            "kubernetes_daemonset.go_apm_exporter",
            "kubernetes_daemonset.site24x7_agent",
            "kubernetes_deployment.auth_service",
            "kubernetes_deployment.mysql",
            "kubernetes_deployment.order_service",
            "kubernetes_deployment.payment_service",
            "kubernetes_deployment.product_service",
            "kubernetes_deployment.redis",
            "kubernetes_deployment.search_service",
            "kubernetes_deployment.site24x7_ksm",
            "kubernetes_deployment.storefront",
            "kubernetes_ingress_v1.zylkerkart",
            "kubernetes_namespace.monitoring",
            "kubernetes_namespace.zylkerkart",
            "kubernetes_persistent_volume_claim.mysql_pvc",
            "kubernetes_secret.site24x7_agent",
            "kubernetes_service.mysql",
            "kubernetes_service.redis",
            "kubernetes_service_account.apm_agent_sa",
            "kubernetes_service_account.site24x7",
            "kubernetes_service_account.site24x7_ksm",
            "terraform_data.k8s_ready"
          ]
        }
      ]
    },
    {
      "mode": "managed",
      "type": "null_resource",
      "name": "wait_for_elb_cleanup",
      "provider": "provider[\"registry.terraform.io/hashicorp/null\"]",
      "instances": [
        {
          "index_key": 0,
          "schema_version": 0,
          "attributes": {
            "id": "5536368562035387159",
            "triggers": {
              "aws_region": "us-east-1",
              "cluster_name": "zylkerkart-cluster"
            }
          },
          "sensitive_attributes": [],
          "identity_schema_version": 0
        }
      ]
    },
    {
      "mode": "managed",
      "type": "site24x7_monitor_group",
      "name": "zylkerkart_apm",
      "provider": "provider[\"registry.terraform.io/site24x7/site24x7\"]",
      "instances": [
        {
          "index_key": 0,
          "schema_version": 0,
          "attributes": {
            "alert_frequency": null,
            "alert_periodically": null,
            "dependency_resource_ids": [
              "607312000001372354",
              "607312000001372383",
              "607312000001372422",
              "607312000002026016",
              "607312000002026041",
              "607312000002121003"
            ],
            "description": "Monitor group for all ZylkerKart APM applications deployed via Terraform",
            "display_name": "ZylkerKart-APM-MonitorGroup",
            "enable_incident_management": false,
            "healing_period": null,
            "health_threshold_count": 0,
            "healthcheck_profile_id": null,
            "id": "607312000002173001",
            "notification_profile_id": null,
            "suppress_alert": false,
            "tag_ids": [],
            "third_party_service_ids": null,
            "user_group_ids": null
          },
          "sensitive_attributes": [
            [
              {
                "type": "get_attr",
                "value": "dependency_resource_ids"
              }
            ]
          ],
          "identity_schema_version": 0,
          "private": "bnVsbA==",
          "dependencies": [
            "aws_eks_cluster.eks",
            "aws_eks_node_group.default",
            "aws_iam_role.eks_cluster",
            "aws_iam_role.eks_nodes",
            "aws_iam_role_policy_attachment.eks_cluster_policy",
            "aws_iam_role_policy_attachment.eks_cni_policy",
            "aws_iam_role_policy_attachment.eks_ecr_read",
            "aws_iam_role_policy_attachment.eks_vpc_resource_controller",
            "aws_iam_role_policy_attachment.eks_worker_node_policy",
            "aws_internet_gateway.eks",
            "aws_route_table.eks",
            "aws_route_table_association.eks",
            "aws_subnet.eks",
            "aws_vpc.eks",
            "azurerm_kubernetes_cluster.aks",
            "azurerm_resource_group.aks",
            "data.aws_availability_zones.available",
            "data.external.site24x7_token",
            "data.http.apm_apps",
            "helm_release.ingress_nginx",
            "kubernetes_cluster_role.apm_agent_role",
            "kubernetes_cluster_role.site24x7",
            "kubernetes_cluster_role.site24x7_ksm",
            "kubernetes_cluster_role_binding.apm_agent_rolebinding",
            "kubernetes_cluster_role_binding.site24x7",
            "kubernetes_cluster_role_binding.site24x7_ksm",
            "kubernetes_config_map.apm_apps_config",
            "kubernetes_config_map.site24x7",
            "kubernetes_config_map.zylkerkart_config",
            "kubernetes_daemonset.go_apm_exporter",
            "kubernetes_daemonset.site24x7_agent",
            "kubernetes_deployment.auth_service",
            "kubernetes_deployment.mysql",
            "kubernetes_deployment.order_service",
            "kubernetes_deployment.payment_service",
            "kubernetes_deployment.product_service",
            "kubernetes_deployment.redis",
            "kubernetes_deployment.search_service",
            "kubernetes_deployment.site24x7_ksm",
            "kubernetes_deployment.storefront",
            "kubernetes_ingress_v1.zylkerkart",
            "kubernetes_namespace.monitoring",
            "kubernetes_namespace.zylkerkart",
            "kubernetes_persistent_volume_claim.mysql_pvc",
            "kubernetes_secret.site24x7_agent",
            "kubernetes_service.mysql",
            "kubernetes_service.redis",
            "kubernetes_service_account.apm_agent_sa",
            "kubernetes_service_account.site24x7",
            "kubernetes_service_account.site24x7_ksm",
            "null_resource.wait_for_apm_agents",
            "terraform_data.apm_state_refresh",
            "terraform_data.k8s_ready"
          ]
        }
      ]
    },
    {
      "mode": "managed",
      "type": "terraform_data",
      "name": "apm_monitor_cleanup",
      "provider": "provider[\"terraform.io/builtin/terraform\"]",
      "instances": [
        {
          "index_key": 0,
          "schema_version": 0,
          "attributes": {
            "id": "c2c10646-ad6c-4ca2-062c-ce757eef6624",
            "input": {
              "value": {
                "app_prefix": "ZylkerKart-",
                "script_dir": "D:/Terraform_ZylkarKart - AWS/scripts",
                "state_file": "D:/Terraform_ZylkarKart - AWS/apm_monitors_state.json"
              },
              "type": [
                "object",
                {
                  "app_prefix": "string",
                  "script_dir": "string",
                  "state_file": "string"
                }
              ]
            },
            "output": {
              "value": {
                "app_prefix": "ZylkerKart-",
                "script_dir": "D:/Terraform_ZylkarKart - AWS/scripts",
                "state_file": "D:/Terraform_ZylkarKart - AWS/apm_monitors_state.json"
              },
              "type": [
                "object",
                {
                  "app_prefix": "string",
                  "script_dir": "string",
                  "state_file": "string"
                }
              ]
            },
            "triggers_replace": null
          },
          "sensitive_attributes": [],
          "identity_schema_version": 0,
          "dependencies": [
            "aws_eks_cluster.eks",
            "aws_eks_node_group.default",
            "aws_iam_role.eks_cluster",
            "aws_iam_role.eks_nodes",
            "aws_iam_role_policy_attachment.eks_cluster_policy",
            "aws_iam_role_policy_attachment.eks_cni_policy",
            "aws_iam_role_policy_attachment.eks_ecr_read",
            "aws_iam_role_policy_attachment.eks_vpc_resource_controller",
            "aws_iam_role_policy_attachment.eks_worker_node_policy",
            "aws_internet_gateway.eks",
            "aws_route_table.eks",
            "aws_route_table_association.eks",
            "aws_subnet.eks",
            "aws_vpc.eks",
            "azurerm_kubernetes_cluster.aks",
            "azurerm_resource_group.aks",
            "data.aws_availability_zones.available",
            "data.external.site24x7_token",
            "data.http.apm_apps",
            "helm_release.ingress_nginx",
            "kubernetes_cluster_role.apm_agent_role",
            "kubernetes_cluster_role.site24x7",
            "kubernetes_cluster_role.site24x7_ksm",
            "kubernetes_cluster_role_binding.apm_agent_rolebinding",
            "kubernetes_cluster_role_binding.site24x7",
            "kubernetes_cluster_role_binding.site24x7_ksm",
            "kubernetes_config_map.apm_apps_config",
            "kubernetes_config_map.site24x7",
            "kubernetes_config_map.zylkerkart_config",
            "kubernetes_daemonset.go_apm_exporter",
            "kubernetes_daemonset.site24x7_agent",
            "kubernetes_deployment.auth_service",
            "kubernetes_deployment.mysql",
            "kubernetes_deployment.order_service",
            "kubernetes_deployment.payment_service",
            "kubernetes_deployment.product_service",
            "kubernetes_deployment.redis",
            "kubernetes_deployment.search_service",
            "kubernetes_deployment.site24x7_ksm",
            "kubernetes_deployment.storefront",
            "kubernetes_ingress_v1.zylkerkart",
            "kubernetes_namespace.monitoring",
            "kubernetes_namespace.zylkerkart",
            "kubernetes_persistent_volume_claim.mysql_pvc",
            "kubernetes_secret.site24x7_agent",
            "kubernetes_service.mysql",
            "kubernetes_service.redis",
            "kubernetes_service_account.apm_agent_sa",
            "kubernetes_service_account.site24x7",
            "kubernetes_service_account.site24x7_ksm",
            "null_resource.wait_for_apm_agents",
            "terraform_data.apm_state_refresh",
            "terraform_data.k8s_ready"
          ]
        }
      ]
    },
    {
      "mode": "managed",
      "type": "terraform_data",
      "name": "apm_state_refresh",
      "provider": "provider[\"terraform.io/builtin/terraform\"]",
      "instances": [
        {
          "index_key": 0,
          "schema_version": 0,
          "attributes": {
            "id": "e774aafd-0716-4921-bac8-8bc3e8ce6379",
            "input": {
              "value": {
                "app_prefix": "ZylkerKart-",
                "script_dir": "D:/Terraform_ZylkarKart - AWS/scripts",
                "state_file": "D:/Terraform_ZylkarKart - AWS/apm_monitors_state.json"
              },
              "type": [
                "object",
                {
                  "app_prefix": "string",
                  "script_dir": "string",
                  "state_file": "string"
                }
              ]
            },
            "output": {
              "value": {
                "app_prefix": "ZylkerKart-",
                "script_dir": "D:/Terraform_ZylkarKart - AWS/scripts",
                "state_file": "D:/Terraform_ZylkarKart - AWS/apm_monitors_state.json"
              },
              "type": [
                "object",
                {
                  "app_prefix": "string",
                  "script_dir": "string",
                  "state_file": "string"
                }
              ]
            },
            "triggers_replace": {
              "value": [
                "2026-03-18T06:56:05Z"
              ],
              "type": [
                "tuple",
                [
                  "string"
                ]
              ]
            }
          },
          "sensitive_attributes": [],
          "identity_schema_version": 0,
          "dependencies": [
            "aws_eks_cluster.eks",
            "aws_eks_node_group.default",
            "aws_iam_role.eks_cluster",
            "aws_iam_role.eks_nodes",
            "aws_iam_role_policy_attachment.eks_cluster_policy",
            "aws_iam_role_policy_attachment.eks_cni_policy",
            "aws_iam_role_policy_attachment.eks_ecr_read",
            "aws_iam_role_policy_attachment.eks_vpc_resource_controller",
            "aws_iam_role_policy_attachment.eks_worker_node_policy",
            "aws_internet_gateway.eks",
            "aws_route_table.eks",
            "aws_route_table_association.eks",
            "aws_subnet.eks",
            "aws_vpc.eks",
            "azurerm_kubernetes_cluster.aks",
            "azurerm_resource_group.aks",
            "data.aws_availability_zones.available",
            "data.external.site24x7_token",
            "data.http.apm_apps",
            "helm_release.ingress_nginx",
            "kubernetes_cluster_role.apm_agent_role",
            "kubernetes_cluster_role.site24x7",
            "kubernetes_cluster_role.site24x7_ksm",
            "kubernetes_cluster_role_binding.apm_agent_rolebinding",
            "kubernetes_cluster_role_binding.site24x7",
            "kubernetes_cluster_role_binding.site24x7_ksm",
            "kubernetes_config_map.apm_apps_config",
            "kubernetes_config_map.site24x7",
            "kubernetes_config_map.zylkerkart_config",
            "kubernetes_daemonset.go_apm_exporter",
            "kubernetes_daemonset.site24x7_agent",
            "kubernetes_deployment.auth_service",
            "kubernetes_deployment.mysql",
            "kubernetes_deployment.order_service",
            "kubernetes_deployment.payment_service",
            "kubernetes_deployment.product_service",
            "kubernetes_deployment.redis",
            "kubernetes_deployment.search_service",
            "kubernetes_deployment.site24x7_ksm",
            "kubernetes_deployment.storefront",
            "kubernetes_ingress_v1.zylkerkart",
            "kubernetes_namespace.monitoring",
            "kubernetes_namespace.zylkerkart",
            "kubernetes_persistent_volume_claim.mysql_pvc",
            "kubernetes_secret.site24x7_agent",
            "kubernetes_service.mysql",
            "kubernetes_service.redis",
            "kubernetes_service_account.apm_agent_sa",
            "kubernetes_service_account.site24x7",
            "kubernetes_service_account.site24x7_ksm",
            "null_resource.wait_for_apm_agents",
            "terraform_data.k8s_ready"
          ]
        }
      ]
    },
    {
      "mode": "managed",
      "type": "terraform_data",
      "name": "k8s_ready",
      "provider": "provider[\"terraform.io/builtin/terraform\"]",
      "instances": [
        {
          "schema_version": 0,
          "attributes": {
            "id": "9bc67305-9d9d-ca2c-b580-d20925457ece",
            "input": {
              "value": "all-k8s-deployed",
              "type": "string"
            },
            "output": {
              "value": "all-k8s-deployed",
              "type": "string"
            },
            "triggers_replace": null
          },
          "sensitive_attributes": [],
          "identity_schema_version": 0,
          "dependencies": [
            "aws_eks_cluster.eks",
            "aws_eks_node_group.default",
            "aws_iam_role.eks_cluster",
            "aws_iam_role.eks_nodes",
            "aws_iam_role_policy_attachment.eks_cluster_policy",
            "aws_iam_role_policy_attachment.eks_cni_policy",
            "aws_iam_role_policy_attachment.eks_ecr_read",
            "aws_iam_role_policy_attachment.eks_vpc_resource_controller",
            "aws_iam_role_policy_attachment.eks_worker_node_policy",
            "aws_internet_gateway.eks",
            "aws_route_table.eks",
            "aws_route_table_association.eks",
            "aws_subnet.eks",
            "aws_vpc.eks",
            "azurerm_kubernetes_cluster.aks",
            "azurerm_resource_group.aks",
            "data.aws_availability_zones.available",
            "helm_release.ingress_nginx",
            "kubernetes_cluster_role.apm_agent_role",
            "kubernetes_cluster_role.site24x7",
            "kubernetes_cluster_role.site24x7_ksm",
            "kubernetes_cluster_role_binding.apm_agent_rolebinding",
            "kubernetes_cluster_role_binding.site24x7",
            "kubernetes_cluster_role_binding.site24x7_ksm",
            "kubernetes_config_map.apm_apps_config",
            "kubernetes_config_map.site24x7",
            "kubernetes_config_map.zylkerkart_config",
            "kubernetes_daemonset.go_apm_exporter",
            "kubernetes_daemonset.site24x7_agent",
            "kubernetes_deployment.auth_service",
            "kubernetes_deployment.mysql",
            "kubernetes_deployment.order_service",
            "kubernetes_deployment.payment_service",
            "kubernetes_deployment.product_service",
            "kubernetes_deployment.redis",
            "kubernetes_deployment.search_service",
            "kubernetes_deployment.site24x7_ksm",
            "kubernetes_deployment.storefront",
            "kubernetes_ingress_v1.zylkerkart",
            "kubernetes_namespace.monitoring",
            "kubernetes_namespace.zylkerkart",
            "kubernetes_persistent_volume_claim.mysql_pvc",
            "kubernetes_secret.site24x7_agent",
            "kubernetes_service.mysql",
            "kubernetes_service.redis",
            "kubernetes_service_account.apm_agent_sa",
            "kubernetes_service_account.site24x7",
            "kubernetes_service_account.site24x7_ksm"
          ]
        }
      ]
    },
    {
      "mode": "managed",
      "type": "terraform_data",
      "name": "site24x7_env_setup",
      "provider": "provider[\"terraform.io/builtin/terraform\"]",
      "instances": [
        {
          "schema_version": 0,
          "attributes": {
            "id": "7892e5ed-ed77-b785-5605-d39f14dd690a",
            "input": {
              "value": {
                "admin_email": "admin@site24x7labs.local",
                "admin_password": "admin123",
                "environment_name": "zylkerkart",
                "namespace": "site24x7-labs",
                "output_file": "./.site24x7_env_output.json",
                "server": "204.168.155.117"
              },
              "type": [
                "object",
                {
                  "admin_email": "string",
                  "admin_password": "string",
                  "environment_name": "string",
                  "namespace": "string",
                  "output_file": "string",
                  "server": "string"
                }
              ]
            },
            "output": {
              "value": {
                "admin_email": "admin@site24x7labs.local",
                "admin_password": "admin123",
                "environment_name": "zylkerkart",
                "namespace": "site24x7-labs",
                "output_file": "./.site24x7_env_output.json",
                "server": "204.168.155.117"
              },
              "type": [
                "object",
                {
                  "admin_email": "string",
                  "admin_password": "string",
                  "environment_name": "string",
                  "namespace": "string",
                  "output_file": "string",
                  "server": "string"
                }
              ]
            },
            "triggers_replace": {
              "value": [
                "2026-03-18T06:56:00Z"
              ],
              "type": [
                "tuple",
                [
                  "string"
                ]
              ]
            }
          },
          "sensitive_attributes": [
            [
              {
                "type": "get_attr",
                "value": "input"
              },
              {
                "type": "get_attr",
                "value": "admin_password"
              }
            ]
          ],
          "identity_schema_version": 0,
          "dependencies": [
            "aws_eks_cluster.eks",
            "aws_eks_node_group.default",
            "aws_iam_role.eks_cluster",
            "aws_iam_role.eks_nodes",
            "aws_iam_role_policy_attachment.eks_cluster_policy",
            "aws_iam_role_policy_attachment.eks_cni_policy",
            "aws_iam_role_policy_attachment.eks_ecr_read",
            "aws_iam_role_policy_attachment.eks_vpc_resource_controller",
            "aws_iam_role_policy_attachment.eks_worker_node_policy",
            "aws_internet_gateway.eks",
            "aws_route_table.eks",
            "aws_route_table_association.eks",
            "aws_subnet.eks",
            "aws_vpc.eks",
            "azurerm_kubernetes_cluster.aks",
            "azurerm_resource_group.aks",
            "data.aws_availability_zones.available",
            "helm_release.ingress_nginx",
            "kubernetes_cluster_role.apm_agent_role",
            "kubernetes_cluster_role.site24x7",
            "kubernetes_cluster_role.site24x7_ksm",
            "kubernetes_cluster_role_binding.apm_agent_rolebinding",
            "kubernetes_cluster_role_binding.site24x7",
            "kubernetes_cluster_role_binding.site24x7_ksm",
            "kubernetes_config_map.apm_apps_config",
            "kubernetes_config_map.site24x7",
            "kubernetes_config_map.zylkerkart_config",
            "kubernetes_daemonset.go_apm_exporter",
            "kubernetes_daemonset.site24x7_agent",
            "kubernetes_deployment.auth_service",
            "kubernetes_deployment.mysql",
            "kubernetes_deployment.order_service",
            "kubernetes_deployment.payment_service",
            "kubernetes_deployment.product_service",
            "kubernetes_deployment.redis",
            "kubernetes_deployment.search_service",
            "kubernetes_deployment.site24x7_ksm",
            "kubernetes_deployment.storefront",
            "kubernetes_ingress_v1.zylkerkart",
            "kubernetes_namespace.monitoring",
            "kubernetes_namespace.zylkerkart",
            "kubernetes_persistent_volume_claim.mysql_pvc",
            "kubernetes_secret.site24x7_agent",
            "kubernetes_service.mysql",
            "kubernetes_service.redis",
            "kubernetes_service_account.apm_agent_sa",
            "kubernetes_service_account.site24x7",
            "kubernetes_service_account.site24x7_ksm",
            "terraform_data.k8s_ready"
          ]
        }
      ]
    }
  ],
  "check_results": [
    {
      "object_kind": "var",
      "config_addr": "var.site24x7_platform",
      "status": "pass",
      "objects": [
        {
          "object_addr": "var.site24x7_platform",
          "status": "pass"
        }
      ]
    },
    {
      "object_kind": "var",
      "config_addr": "var.cloud_provider",
      "status": "pass",
      "objects": [
        {
          "object_addr": "var.cloud_provider",
          "status": "pass"
        }
      ]
    }
  ]
}
